{
  "version": 4,
  "terraform_version": "1.15.5",
  "serial": 323,
  "lineage": "e7263110-2e63-8241-87a5-8ba03be8d964",
  "outputs": {
    "counting_private_ip": {
      "value": "172.16.2.111",
      "type": "string"
    },
    "dashboard_public_ip": {
      "value": "3.0.50.35",
      "type": "string"
    },
    "dashboard_url": {
      "value": "http://3.0.50.35:8000",
      "type": "string"
    }
  },
  "resources": [
    {
      "mode": "data",
      "type": "aws_ami",
      "name": "ubuntu",
      "provider": "provider[\"registry.terraform.io/hashicorp/aws\"]",
      "instances": [
        {
          "schema_version": 0,
          "attributes": {
            "allow_unsafe_filter": null,
            "architecture": "x86_64",
            "arn": "arn:aws:ec2:ap-southeast-1::image/ami-03acbba64aef9bf5c",
            "block_device_mappings": [
              {
                "device_name": "/dev/sda1",
                "ebs": {
                  "delete_on_termination": "true",
                  "encrypted": "false",
                  "iops": "0",
                  "snapshot_id": "snap-035d3d988f229c09d",
                  "throughput": "0",
                  "volume_initialization_rate": "0",
                  "volume_size": "8",
                  "volume_type": "gp3"
                },
                "no_device": "",
                "virtual_name": ""
              },
              {
                "device_name": "/dev/sdb",
                "ebs": {},
                "no_device": "",
                "virtual_name": "ephemeral0"
              },
              {
                "device_name": "/dev/sdc",
                "ebs": {},
                "no_device": "",
                "virtual_name": "ephemeral1"
              }
            ],
            "boot_mode": "uefi-preferred",
            "creation_date": "2026-06-10T10:55:05.000Z",
            "deprecation_time": "2028-06-10T10:55:05.000Z",
            "description": "Canonical, Ubuntu, 24.04, amd64 noble image",
            "ena_support": true,
            "executable_users": null,
            "filter": [
              {
                "name": "name",
                "values": [
                  "ubuntu/images/hvm-ssd-gp3/ubuntu-noble-24.04-amd64-server-*"
                ]
              },
              {
                "name": "virtualization-type",
                "values": [
                  "hvm"
                ]
              }
            ],
            "hypervisor": "xen",
            "id": "ami-03acbba64aef9bf5c",
            "image_id": "ami-03acbba64aef9bf5c",
            "image_location": "amazon/ubuntu/images/hvm-ssd-gp3/ubuntu-noble-24.04-amd64-server-20260610",
            "image_owner_alias": "amazon",
            "image_type": "machine",
            "imds_support": "v2.0",
            "include_deprecated": false,
            "kernel_id": "",
            "last_launched_time": "",
            "most_recent": true,
            "name": "ubuntu/images/hvm-ssd-gp3/ubuntu-noble-24.04-amd64-server-20260610",
            "name_regex": null,
            "owner_id": "099720109477",
            "owners": [
              "099720109477"
            ],
            "platform": "",
            "platform_details": "Linux/UNIX",
            "product_codes": [],
            "public": true,
            "ramdisk_id": "",
            "region": "ap-southeast-1",
            "root_device_name": "/dev/sda1",
            "root_device_type": "ebs",
            "root_snapshot_id": "snap-035d3d988f229c09d",
            "sriov_net_support": "simple",
            "state": "available",
            "state_reason": {
              "code": "UNSET",
              "message": "UNSET"
            },
            "tags": {},
            "timeouts": null,
            "tpm_support": "",
            "uefi_data": null,
            "usage_operation": "RunInstances",
            "virtualization_type": "hvm"
          },
          "sensitive_attributes": [],
          "identity_schema_version": 0
        }
      ]
    },
    {
      "mode": "managed",
      "type": "aws_eip",
      "name": "counting_nat",
      "provider": "provider[\"registry.terraform.io/hashicorp/aws\"]",
      "instances": [
        {
          "schema_version": 0,
          "attributes": {
            "address": null,
            "allocation_id": "eipalloc-0573aa17dae2ee7bf",
            "arn": "arn:aws:ec2:ap-southeast-1:810421502375:elastic-ip/eipalloc-0573aa17dae2ee7bf",
            "associate_with_private_ip": null,
            "association_id": "",
            "carrier_ip": "",
            "customer_owned_ip": "",
            "customer_owned_ipv4_pool": "",
            "domain": "vpc",
            "id": "eipalloc-0573aa17dae2ee7bf",
            "instance": "",
            "ipam_pool_id": "",
            "network_border_group": "ap-southeast-1",
            "network_interface": "",
            "private_dns": "",
            "private_ip": "",
            "ptr_record": "",
            "public_dns": "ec2-52-221-40-151.ap-southeast-1.compute.amazonaws.com",
            "public_ip": "52.221.40.151",
            "public_ipv4_pool": "amazon",
            "region": "ap-southeast-1",
            "tags": null,
            "tags_all": {},
            "timeouts": null
          },
          "sensitive_attributes": [],
          "identity_schema_version": 0,
          "identity": {
            "account_id": "810421502375",
            "id": "eipalloc-0573aa17dae2ee7bf",
            "region": "ap-southeast-1"
          },
          "private": "eyJlMmJmYjczMC1lY2FhLTExZTYtOGY4OC0zNDM2M2JjN2M0YzAiOnsiZGVsZXRlIjoxODAwMDAwMDAwMDAsInJlYWQiOjkwMDAwMDAwMDAwMCwidXBkYXRlIjozMDAwMDAwMDAwMDB9fQ=="
        }
      ]
    },
    {
      "mode": "managed",
      "type": "aws_instance",
      "name": "counting-VM",
      "provider": "provider[\"registry.terraform.io/hashicorp/aws\"]",
      "instances": [
        {
          "schema_version": 2,
          "attributes": {
            "ami": "ami-03acbba64aef9bf5c",
            "arn": "arn:aws:ec2:ap-southeast-1:810421502375:instance/i-02ca2d2fd8c0c245f",
            "associate_public_ip_address": false,
            "availability_zone": "ap-southeast-1c",
            "capacity_reservation_specification": [
              {
                "capacity_reservation_preference": "open",
                "capacity_reservation_target": []
              }
            ],
            "cpu_options": [
              {
                "amd_sev_snp": "",
                "core_count": 1,
                "nested_virtualization": "",
                "threads_per_core": 2
              }
            ],
            "credit_specification": [
              {
                "cpu_credits": "unlimited"
              }
            ],
            "disable_api_stop": false,
            "disable_api_termination": false,
            "ebs_block_device": [],
            "ebs_optimized": false,
            "enable_primary_ipv6": null,
            "enclave_options": [
              {
                "enabled": false
              }
            ],
            "ephemeral_block_device": [],
            "force_destroy": false,
            "get_password_data": false,
            "hibernation": false,
            "host_id": "",
            "host_resource_group_arn": null,
            "iam_instance_profile": "",
            "id": "i-02ca2d2fd8c0c245f",
            "instance_initiated_shutdown_behavior": "stop",
            "instance_lifecycle": "",
            "instance_market_options": [],
            "instance_state": "running",
            "instance_type": "t3.micro",
            "ipv6_address_count": 0,
            "ipv6_addresses": [],
            "key_name": "dashboard-counting-app-ssh-key",
            "launch_template": [],
            "maintenance_options": [
              {
                "auto_recovery": "default"
              }
            ],
            "metadata_options": [
              {
                "http_endpoint": "enabled",
                "http_protocol_ipv6": "disabled",
                "http_put_response_hop_limit": 2,
                "http_tokens": "required",
                "instance_metadata_tags": "disabled"
              }
            ],
            "monitoring": false,
            "network_interface": [],
            "outpost_arn": "",
            "password_data": "",
            "placement_group": "",
            "placement_group_id": "",
            "placement_partition_number": 0,
            "primary_network_interface": [
              {
                "delete_on_termination": true,
                "network_interface_id": "eni-0462976208e04e273"
              }
            ],
            "primary_network_interface_id": "eni-0462976208e04e273",
            "private_dns": "ip-172-16-2-111.ap-southeast-1.compute.internal",
            "private_dns_name_options": [
              {
                "enable_resource_name_dns_a_record": false,
                "enable_resource_name_dns_aaaa_record": false,
                "hostname_type": "ip-name"
              }
            ],
            "private_ip": "172.16.2.111",
            "public_dns": "",
            "public_ip": "",
            "region": "ap-southeast-1",
            "root_block_device": [
              {
                "delete_on_termination": true,
                "device_name": "/dev/sda1",
                "encrypted": false,
                "iops": 3000,
                "kms_key_id": "",
                "tags": {},
                "tags_all": {},
                "throughput": 125,
                "volume_id": "vol-058e8a888b39d1331",
                "volume_size": 8,
                "volume_type": "gp3"
              }
            ],
            "secondary_network_interface": [],
            "secondary_private_ips": [],
            "security_groups": [],
            "source_dest_check": true,
            "spot_instance_request_id": "",
            "subnet_id": "subnet-068537d38a6364711",
            "tags": {
              "Name": "counting-VM"
            },
            "tags_all": {
              "Name": "counting-VM"
            },
            "tenancy": "default",
            "timeouts": null,
            "user_data": "#!/bin/bash\nexec \u003e /var/log/counting-service.log 2\u003e\u00261\nset -xe\n\necho \"Starting counting service setup\"\n\n# Force IPv4 for apt\necho 'Acquire::ForceIPv4 \"true\";' | sudo tee /etc/apt/apt.conf.d/99force-ipv4\n\n# Install only what's needed\nsudo apt-get -o Acquire::ForceIPv4=true update -y || true\nsudo apt-get -o Acquire::ForceIPv4=true install unzip curl -y || true\n\n# Download and install counting service\nsudo curl -4 -L https://github.com/hashicorp/demo-consul-101/releases/download/v0.0.5/counting-service_linux_amd64.zip -o /tmp/counting-service.zip\nsudo unzip /tmp/counting-service.zip -d /tmp/\nsudo mv /tmp/counting-service_linux_amd64 /usr/bin/counting-service\nsudo chmod 755 /usr/bin/counting-service\nsudo chown ubuntu:ubuntu /usr/bin/counting-service\n\n# Verify binary\nif [ ! -f /usr/bin/counting-service ]; then\n    echo \"ERROR: Binary not found!\"\n    exit 1\nfi\n\n# Create systemd service\nsudo tee /usr/lib/systemd/system/counting-api.service \u003c\u003c 'EOF'\n[Unit]\nDescription=counting API service\nAfter=syslog.target network.target\n\n[Service]\nEnvironment=PORT=\"9000\"\nExecStart=/usr/bin/counting-service\nUser=ubuntu\nGroup=ubuntu\nExecStop=/bin/sleep 5\nRestart=always\nRestartSec=5\n\n[Install]\nWantedBy=multi-user.target\nEOF\n\nsudo systemctl daemon-reload\nsudo systemctl enable counting-api.service\nsudo systemctl start counting-api.service\nsleep 3\nsudo systemctl status counting-api.service\n\necho \"Counting service setup complete!\"",
            "user_data_base64": null,
            "user_data_replace_on_change": false,
            "volume_tags": null,
            "vpc_security_group_ids": [
              "sg-0213aaef200a2e568"
            ]
          },
          "sensitive_attributes": [],
          "identity_schema_version": 0,
          "identity": {
            "account_id": "810421502375",
            "id": "i-02ca2d2fd8c0c245f",
            "region": "ap-southeast-1"
          },
          "private": "eyJlMmJmYjczMC1lY2FhLTExZTYtOGY4OC0zNDM2M2JjN2M0YzAiOnsiY3JlYXRlIjo2MDAwMDAwMDAwMDAsImRlbGV0ZSI6MTIwMDAwMDAwMDAwMCwicmVhZCI6OTAwMDAwMDAwMDAwLCJ1cGRhdGUiOjYwMDAwMDAwMDAwMH0sInNjaGVtYV92ZXJzaW9uIjoiMiJ9",
          "dependencies": [
            "aws_key_pair.dashboard_counting_app",
            "aws_security_group.counting-sg",
            "aws_subnet.counting_private",
            "aws_vpc.counting",
            "data.aws_ami.ubuntu",
            "tls_private_key.dashboard_counting_app"
          ]
        }
      ]
    },
    {
      "mode": "managed",
      "type": "aws_instance",
      "name": "dashboard-VM",
      "provider": "provider[\"registry.terraform.io/hashicorp/aws\"]",
      "instances": [
        {
          "schema_version": 2,
          "attributes": {
            "ami": "ami-03acbba64aef9bf5c",
            "arn": "arn:aws:ec2:ap-southeast-1:810421502375:instance/i-0056032824d7ee258",
            "associate_public_ip_address": true,
            "availability_zone": "ap-southeast-1b",
            "capacity_reservation_specification": [
              {
                "capacity_reservation_preference": "open",
                "capacity_reservation_target": []
              }
            ],
            "cpu_options": [
              {
                "amd_sev_snp": "",
                "core_count": 1,
                "nested_virtualization": "",
                "threads_per_core": 2
              }
            ],
            "credit_specification": [
              {
                "cpu_credits": "unlimited"
              }
            ],
            "disable_api_stop": false,
            "disable_api_termination": false,
            "ebs_block_device": [],
            "ebs_optimized": false,
            "enable_primary_ipv6": null,
            "enclave_options": [
              {
                "enabled": false
              }
            ],
            "ephemeral_block_device": [],
            "force_destroy": false,
            "get_password_data": false,
            "hibernation": false,
            "host_id": "",
            "host_resource_group_arn": null,
            "iam_instance_profile": "",
            "id": "i-0056032824d7ee258",
            "instance_initiated_shutdown_behavior": "stop",
            "instance_lifecycle": "",
            "instance_market_options": [],
            "instance_state": "running",
            "instance_type": "t3.micro",
            "ipv6_address_count": 0,
            "ipv6_addresses": [],
            "key_name": "dashboard-counting-app-ssh-key",
            "launch_template": [],
            "maintenance_options": [
              {
                "auto_recovery": "default"
              }
            ],
            "metadata_options": [
              {
                "http_endpoint": "enabled",
                "http_protocol_ipv6": "disabled",
                "http_put_response_hop_limit": 2,
                "http_tokens": "required",
                "instance_metadata_tags": "disabled"
              }
            ],
            "monitoring": false,
            "network_interface": [],
            "outpost_arn": "",
            "password_data": "",
            "placement_group": "",
            "placement_group_id": "",
            "placement_partition_number": 0,
            "primary_network_interface": [
              {
                "delete_on_termination": true,
                "network_interface_id": "eni-06aa712dfebc4a172"
              }
            ],
            "primary_network_interface_id": "eni-06aa712dfebc4a172",
            "private_dns": "ip-10-0-1-166.ap-southeast-1.compute.internal",
            "private_dns_name_options": [
              {
                "enable_resource_name_dns_a_record": false,
                "enable_resource_name_dns_aaaa_record": false,
                "hostname_type": "ip-name"
              }
            ],
            "private_ip": "10.0.1.166",
            "public_dns": "ec2-3-0-50-35.ap-southeast-1.compute.amazonaws.com",
            "public_ip": "3.0.50.35",
            "region": "ap-southeast-1",
            "root_block_device": [
              {
                "delete_on_termination": true,
                "device_name": "/dev/sda1",
                "encrypted": false,
                "iops": 3000,
                "kms_key_id": "",
                "tags": {},
                "tags_all": {},
                "throughput": 125,
                "volume_id": "vol-0e29d85e0fd8dd139",
                "volume_size": 8,
                "volume_type": "gp3"
              }
            ],
            "secondary_network_interface": [],
            "secondary_private_ips": [],
            "security_groups": [],
            "source_dest_check": true,
            "spot_instance_request_id": "",
            "subnet_id": "subnet-079c3ecd1721eb2a2",
            "tags": {
              "Name": "dashboard-VM"
            },
            "tags_all": {
              "Name": "dashboard-VM"
            },
            "tenancy": "default",
            "timeouts": null,
            "user_data": "#!/bin/bash\nexec \u003e /var/log/dashboard-service.log 2\u003e\u00261\nset -x\n\necho \"Starting dashboard service setup\"\n\nsudo apt update -y\nsudo apt-get install net-tools zip curl jq tree unzip wget siege apt-transport-https ca-certificates software-properties-common gnupg lsb-release -y\nsudo curl -L https://github.com/hashicorp/demo-consul-101/releases/download/v0.0.5/dashboard-service_linux_amd64.zip -o dashboard-service.zip\nsudo unzip dashboard-service.zip \nsudo rm -rf dashboard-service.zip\nsudo mv dashboard-service_linux_amd64 dashboard-service\nsudo mv dashboard-service /usr/bin/dashboard-service\nsudo chmod 755 /usr/bin/dashboard-service\nsudo sudo chown ubuntu:ubuntu /usr/bin/dashboard-service\n\n\nsudo tee \u003e /usr/lib/systemd/system/dashboard-api.service \u003c\u003c 'EOF'\n\n[Unit]\nDescription=Dashboard API service\nAfter=syslog.target network.target\n \n[Service]\nEnvironment=PORT=\"8000\"\nEnvironment=\"COUNTING_SERVICE_URL=http://172.16.2.111:9000\"\nExecStart=/usr/bin/dashboard-service\nUser=ubuntu\nGroup=ubuntu\nExecStop=/bin/sleep 5\nRestart=always\n\n[Install]\nWantedBy=multi-user.target\nEOF\n\nsudo systemctl daemon-reload\nsleep 1\nsudo systemctl enable dashboard-api.service\nsudo systemctl start dashboard-api.service\nsleep 1\nsudo systemctl status dashboard-api.service\nsudo lsof -i -P | grep dashboard",
            "user_data_base64": null,
            "user_data_replace_on_change": false,
            "volume_tags": null,
            "vpc_security_group_ids": [
              "sg-0755979bddeabdbe8"
            ]
          },
          "sensitive_attributes": [],
          "identity_schema_version": 0,
          "identity": {
            "account_id": "810421502375",
            "id": "i-0056032824d7ee258",
            "region": "ap-southeast-1"
          },
          "private": "eyJlMmJmYjczMC1lY2FhLTExZTYtOGY4OC0zNDM2M2JjN2M0YzAiOnsiY3JlYXRlIjo2MDAwMDAwMDAwMDAsImRlbGV0ZSI6MTIwMDAwMDAwMDAwMCwicmVhZCI6OTAwMDAwMDAwMDAwLCJ1cGRhdGUiOjYwMDAwMDAwMDAwMH0sInNjaGVtYV92ZXJzaW9uIjoiMiJ9",
          "dependencies": [
            "aws_instance.counting-VM",
            "aws_key_pair.dashboard_counting_app",
            "aws_security_group.counting-sg",
            "aws_security_group.dashboard-sg",
            "aws_subnet.counting_private",
            "aws_subnet.dashboard_public",
            "aws_vpc.counting",
            "aws_vpc.dashboard",
            "data.aws_ami.ubuntu",
            "tls_private_key.dashboard_counting_app"
          ]
        }
      ]
    },
    {
      "mode": "managed",
      "type": "aws_internet_gateway",
      "name": "counting",
      "provider": "provider[\"registry.terraform.io/hashicorp/aws\"]",
      "instances": [
        {
          "schema_version": 0,
          "attributes": {
            "arn": "arn:aws:ec2:ap-southeast-1:810421502375:internet-gateway/igw-08357f8e65067694d",
            "id": "igw-08357f8e65067694d",
            "owner_id": "810421502375",
            "region": "ap-southeast-1",
            "tags": {
              "Name": "counting-igw"
            },
            "tags_all": {
              "Name": "counting-igw"
            },
            "timeouts": null,
            "vpc_id": "vpc-02ba5dcd409392477"
          },
          "sensitive_attributes": [],
          "identity_schema_version": 0,
          "identity": {
            "account_id": "810421502375",
            "id": "igw-08357f8e65067694d",
            "region": "ap-southeast-1"
          },
          "private": "eyJlMmJmYjczMC1lY2FhLTExZTYtOGY4OC0zNDM2M2JjN2M0YzAiOnsiY3JlYXRlIjoxMjAwMDAwMDAwMDAwLCJkZWxldGUiOjEyMDAwMDAwMDAwMDAsInVwZGF0ZSI6MTIwMDAwMDAwMDAwMH19",
          "dependencies": [
            "aws_vpc.counting"
          ]
        }
      ]
    },
    {
      "mode": "managed",
      "type": "aws_internet_gateway",
      "name": "dashboard_igw",
      "provider": "provider[\"registry.terraform.io/hashicorp/aws\"]",
      "instances": [
        {
          "schema_version": 0,
          "attributes": {
            "arn": "arn:aws:ec2:ap-southeast-1:810421502375:internet-gateway/igw-0a7e3f635aaf5dad3",
            "id": "igw-0a7e3f635aaf5dad3",
            "owner_id": "810421502375",
            "region": "ap-southeast-1",
            "tags": {
              "Name": "dashboard-igw"
            },
            "tags_all": {
              "Name": "dashboard-igw"
            },
            "timeouts": null,
            "vpc_id": "vpc-083c476686ac7c673"
          },
          "sensitive_attributes": [],
          "identity_schema_version": 0,
          "identity": {
            "account_id": "810421502375",
            "id": "igw-0a7e3f635aaf5dad3",
            "region": "ap-southeast-1"
          },
          "private": "eyJlMmJmYjczMC1lY2FhLTExZTYtOGY4OC0zNDM2M2JjN2M0YzAiOnsiY3JlYXRlIjoxMjAwMDAwMDAwMDAwLCJkZWxldGUiOjEyMDAwMDAwMDAwMDAsInVwZGF0ZSI6MTIwMDAwMDAwMDAwMH19",
          "dependencies": [
            "aws_vpc.dashboard"
          ]
        }
      ]
    },
    {
      "mode": "managed",
      "type": "aws_key_pair",
      "name": "dashboard_counting_app",
      "provider": "provider[\"registry.terraform.io/hashicorp/aws\"]",
      "instances": [
        {
          "schema_version": 1,
          "attributes": {
            "arn": "arn:aws:ec2:ap-southeast-1:810421502375:key-pair/dashboard-counting-app-ssh-key",
            "fingerprint": "90:1b:b8:37:15:c2:e8:b6:9a:28:31:d4:ac:8b:2b:3b",
            "id": "dashboard-counting-app-ssh-key",
            "key_name": "dashboard-counting-app-ssh-key",
            "key_name_prefix": "",
            "key_pair_id": "key-01d9f483ceb5327ca",
            "key_type": "rsa",
            "public_key": "ssh-rsa AAAAB3NzaC1yc2EAAAADAQABAAABAQDDZrQLcHrMn4S9Iugib6MotdU1HdiP9C4mKrjAGNhlKr3Rf9mZqIilchH0GtntdjuNzXjk8ePFBCrx6Qb10Ge/3vzyKZPYYbKkpT9CMqdtA4cjiLZw9EUemgM+7z6YHW3Yt3ggOZ4em7E8m1HGS7oUL5m8HRIyok+oXUnFpUa0YLlYfQKi29hmOVxltqPkD+4blLvC67rx2wln9iX5r0ye986AJKpRwkfz86a6RPIum09N1UCaVOvHDviuhDqTyES6BYKzctuxY/6uQwsoTojQvgs4Fo7jcv0cWP+4SknEUE0MeVgoNq3yBg2FH6G59rhDuSVcigDdFL5ws3lNT/gr",
            "region": "ap-southeast-1",
            "tags": null,
            "tags_all": {}
          },
          "sensitive_attributes": [],
          "identity_schema_version": 0,
          "private": "eyJzY2hlbWFfdmVyc2lvbiI6IjEifQ==",
          "dependencies": [
            "tls_private_key.dashboard_counting_app"
          ]
        }
      ]
    },
    {
      "mode": "managed",
      "type": "aws_nat_gateway",
      "name": "counting",
      "provider": "provider[\"registry.terraform.io/hashicorp/aws\"]",
      "instances": [
        {
          "schema_version": 0,
          "attributes": {
            "allocation_id": "eipalloc-0573aa17dae2ee7bf",
            "association_id": "eipassoc-0237b6c87ab4eec42",
            "auto_provision_zones": null,
            "auto_scaling_ips": null,
            "availability_mode": "zonal",
            "availability_zone_address": [],
            "connectivity_type": "public",
            "id": "nat-085924d353f48b056",
            "network_interface_id": "eni-0af89839dcee39043",
            "private_ip": "172.16.1.68",
            "public_ip": "52.221.40.151",
            "region": "ap-southeast-1",
            "regional_nat_gateway_address": [],
            "regional_nat_gateway_auto_mode": null,
            "route_table_id": null,
            "secondary_allocation_ids": [],
            "secondary_private_ip_address_count": 0,
            "secondary_private_ip_addresses": [],
            "subnet_id": "subnet-0d65fac6319f4145d",
            "tags": null,
            "tags_all": {},
            "timeouts": null,
            "vpc_id": "vpc-02ba5dcd409392477"
          },
          "sensitive_attributes": [],
          "identity_schema_version": 0,
          "identity": {
            "account_id": "810421502375",
            "id": "nat-085924d353f48b056",
            "region": "ap-southeast-1"
          },
          "private": "eyJlMmJmYjczMC1lY2FhLTExZTYtOGY4OC0zNDM2M2JjN2M0YzAiOnsiY3JlYXRlIjo2MDAwMDAwMDAwMDAsImRlbGV0ZSI6MTgwMDAwMDAwMDAwMCwidXBkYXRlIjo2MDAwMDAwMDAwMDB9fQ==",
          "dependencies": [
            "aws_eip.counting_nat",
            "aws_internet_gateway.counting",
            "aws_subnet.counting_public",
            "aws_vpc.counting"
          ]
        }
      ]
    },
    {
      "mode": "managed",
      "type": "aws_route_table",
      "name": "counting_private",
      "provider": "provider[\"registry.terraform.io/hashicorp/aws\"]",
      "instances": [
        {
          "schema_version": 0,
          "attributes": {
            "arn": "arn:aws:ec2:ap-southeast-1:810421502375:route-table/rtb-042a874ec0bce9e6c",
            "id": "rtb-042a874ec0bce9e6c",
            "owner_id": "810421502375",
            "propagating_vgws": [],
            "region": "ap-southeast-1",
            "route": [
              {
                "carrier_gateway_id": "",
                "cidr_block": "0.0.0.0/0",
                "core_network_arn": "",
                "destination_prefix_list_id": "",
                "egress_only_gateway_id": "",
                "gateway_id": "",
                "ipv6_cidr_block": "",
                "local_gateway_id": "",
                "nat_gateway_id": "nat-085924d353f48b056",
                "network_interface_id": "",
                "odb_network_arn": "",
                "transit_gateway_id": "",
                "vpc_endpoint_id": "",
                "vpc_peering_connection_id": ""
              },
              {
                "carrier_gateway_id": "",
                "cidr_block": "10.0.0.0/16",
                "core_network_arn": "",
                "destination_prefix_list_id": "",
                "egress_only_gateway_id": "",
                "gateway_id": "",
                "ipv6_cidr_block": "",
                "local_gateway_id": "",
                "nat_gateway_id": "",
                "network_interface_id": "",
                "odb_network_arn": "",
                "transit_gateway_id": "",
                "vpc_endpoint_id": "",
                "vpc_peering_connection_id": "pcx-031149f09fad70c92"
              }
            ],
            "tags": {
              "Name": "counting-private-rt"
            },
            "tags_all": {
              "Name": "counting-private-rt"
            },
            "timeouts": null,
            "vpc_id": "vpc-02ba5dcd409392477"
          },
          "sensitive_attributes": [],
          "identity_schema_version": 0,
          "identity": {
            "account_id": "810421502375",
            "id": "rtb-042a874ec0bce9e6c",
            "region": "ap-southeast-1"
          },
          "private": "eyJlMmJmYjczMC1lY2FhLTExZTYtOGY4OC0zNDM2M2JjN2M0YzAiOnsiY3JlYXRlIjozMDAwMDAwMDAwMDAsImRlbGV0ZSI6MzAwMDAwMDAwMDAwLCJ1cGRhdGUiOjEyMDAwMDAwMDAwMH19",
          "dependencies": [
            "aws_eip.counting_nat",
            "aws_internet_gateway.counting",
            "aws_nat_gateway.counting",
            "aws_subnet.counting_public",
            "aws_vpc.counting",
            "aws_vpc.dashboard",
            "aws_vpc_peering_connection.dashboard_counting"
          ]
        }
      ]
    },
    {
      "mode": "managed",
      "type": "aws_route_table",
      "name": "counting_public",
      "provider": "provider[\"registry.terraform.io/hashicorp/aws\"]",
      "instances": [
        {
          "schema_version": 0,
          "attributes": {
            "arn": "arn:aws:ec2:ap-southeast-1:810421502375:route-table/rtb-024ccfe33c7d9bfa1",
            "id": "rtb-024ccfe33c7d9bfa1",
            "owner_id": "810421502375",
            "propagating_vgws": [],
            "region": "ap-southeast-1",
            "route": [
              {
                "carrier_gateway_id": "",
                "cidr_block": "0.0.0.0/0",
                "core_network_arn": "",
                "destination_prefix_list_id": "",
                "egress_only_gateway_id": "",
                "gateway_id": "igw-08357f8e65067694d",
                "ipv6_cidr_block": "",
                "local_gateway_id": "",
                "nat_gateway_id": "",
                "network_interface_id": "",
                "odb_network_arn": "",
                "transit_gateway_id": "",
                "vpc_endpoint_id": "",
                "vpc_peering_connection_id": ""
              }
            ],
            "tags": {
              "Name": "counting-public-rt"
            },
            "tags_all": {
              "Name": "counting-public-rt"
            },
            "timeouts": null,
            "vpc_id": "vpc-02ba5dcd409392477"
          },
          "sensitive_attributes": [],
          "identity_schema_version": 0,
          "identity": {
            "account_id": "810421502375",
            "id": "rtb-024ccfe33c7d9bfa1",
            "region": "ap-southeast-1"
          },
          "private": "eyJlMmJmYjczMC1lY2FhLTExZTYtOGY4OC0zNDM2M2JjN2M0YzAiOnsiY3JlYXRlIjozMDAwMDAwMDAwMDAsImRlbGV0ZSI6MzAwMDAwMDAwMDAwLCJ1cGRhdGUiOjEyMDAwMDAwMDAwMH19",
          "dependencies": [
            "aws_internet_gateway.counting",
            "aws_vpc.counting"
          ]
        }
      ]
    },
    {
      "mode": "managed",
      "type": "aws_route_table",
      "name": "dashboard_public",
      "provider": "provider[\"registry.terraform.io/hashicorp/aws\"]",
      "instances": [
        {
          "schema_version": 0,
          "attributes": {
            "arn": "arn:aws:ec2:ap-southeast-1:810421502375:route-table/rtb-0a81425bed5aa7b0e",
            "id": "rtb-0a81425bed5aa7b0e",
            "owner_id": "810421502375",
            "propagating_vgws": [],
            "region": "ap-southeast-1",
            "route": [
              {
                "carrier_gateway_id": "",
                "cidr_block": "0.0.0.0/0",
                "core_network_arn": "",
                "destination_prefix_list_id": "",
                "egress_only_gateway_id": "",
                "gateway_id": "igw-0a7e3f635aaf5dad3",
                "ipv6_cidr_block": "",
                "local_gateway_id": "",
                "nat_gateway_id": "",
                "network_interface_id": "",
                "odb_network_arn": "",
                "transit_gateway_id": "",
                "vpc_endpoint_id": "",
                "vpc_peering_connection_id": ""
              },
              {
                "carrier_gateway_id": "",
                "cidr_block": "172.16.0.0/16",
                "core_network_arn": "",
                "destination_prefix_list_id": "",
                "egress_only_gateway_id": "",
                "gateway_id": "",
                "ipv6_cidr_block": "",
                "local_gateway_id": "",
                "nat_gateway_id": "",
                "network_interface_id": "",
                "odb_network_arn": "",
                "transit_gateway_id": "",
                "vpc_endpoint_id": "",
                "vpc_peering_connection_id": "pcx-031149f09fad70c92"
              }
            ],
            "tags": {
              "Name": "dashboard-public-rt"
            },
            "tags_all": {
              "Name": "dashboard-public-rt"
            },
            "timeouts": null,
            "vpc_id": "vpc-083c476686ac7c673"
          },
          "sensitive_attributes": [],
          "identity_schema_version": 0,
          "identity": {
            "account_id": "810421502375",
            "id": "rtb-0a81425bed5aa7b0e",
            "region": "ap-southeast-1"
          },
          "private": "eyJlMmJmYjczMC1lY2FhLTExZTYtOGY4OC0zNDM2M2JjN2M0YzAiOnsiY3JlYXRlIjozMDAwMDAwMDAwMDAsImRlbGV0ZSI6MzAwMDAwMDAwMDAwLCJ1cGRhdGUiOjEyMDAwMDAwMDAwMH19",
          "dependencies": [
            "aws_internet_gateway.dashboard_igw",
            "aws_vpc.counting",
            "aws_vpc.dashboard",
            "aws_vpc_peering_connection.dashboard_counting"
          ]
        }
      ]
    },
    {
      "mode": "managed",
      "type": "aws_route_table_association",
      "name": "counting_private",
      "provider": "provider[\"registry.terraform.io/hashicorp/aws\"]",
      "instances": [
        {
          "schema_version": 0,
          "attributes": {
            "gateway_id": "",
            "id": "rtbassoc-0ceef86abc38c96b8",
            "region": "ap-southeast-1",
            "route_table_id": "rtb-042a874ec0bce9e6c",
            "subnet_id": "subnet-068537d38a6364711",
            "timeouts": null
          },
          "sensitive_attributes": [],
          "identity_schema_version": 0,
          "identity": {
            "account_id": "810421502375",
            "id": "rtbassoc-0ceef86abc38c96b8",
            "region": "ap-southeast-1"
          },
          "private": "eyJlMmJmYjczMC1lY2FhLTExZTYtOGY4OC0zNDM2M2JjN2M0YzAiOnsiY3JlYXRlIjozMDAwMDAwMDAwMDAsImRlbGV0ZSI6MzAwMDAwMDAwMDAwLCJ1cGRhdGUiOjEyMDAwMDAwMDAwMH19",
          "dependencies": [
            "aws_eip.counting_nat",
            "aws_internet_gateway.counting",
            "aws_nat_gateway.counting",
            "aws_route_table.counting_private",
            "aws_subnet.counting_private",
            "aws_subnet.counting_public",
            "aws_vpc.counting",
            "aws_vpc.dashboard",
            "aws_vpc_peering_connection.dashboard_counting"
          ]
        }
      ]
    },
    {
      "mode": "managed",
      "type": "aws_route_table_association",
      "name": "counting_public",
      "provider": "provider[\"registry.terraform.io/hashicorp/aws\"]",
      "instances": [
        {
          "schema_version": 0,
          "attributes": {
            "gateway_id": "",
            "id": "rtbassoc-092e743a639d5ab36",
            "region": "ap-southeast-1",
            "route_table_id": "rtb-024ccfe33c7d9bfa1",
            "subnet_id": "subnet-0d65fac6319f4145d",
            "timeouts": null
          },
          "sensitive_attributes": [],
          "identity_schema_version": 0,
          "identity": {
            "account_id": "810421502375",
            "id": "rtbassoc-092e743a639d5ab36",
            "region": "ap-southeast-1"
          },
          "private": "eyJlMmJmYjczMC1lY2FhLTExZTYtOGY4OC0zNDM2M2JjN2M0YzAiOnsiY3JlYXRlIjozMDAwMDAwMDAwMDAsImRlbGV0ZSI6MzAwMDAwMDAwMDAwLCJ1cGRhdGUiOjEyMDAwMDAwMDAwMH19",
          "dependencies": [
            "aws_internet_gateway.counting",
            "aws_route_table.counting_public",
            "aws_subnet.counting_public",
            "aws_vpc.counting"
          ]
        }
      ]
    },
    {
      "mode": "managed",
      "type": "aws_route_table_association",
      "name": "dashboard_public",
      "provider": "provider[\"registry.terraform.io/hashicorp/aws\"]",
      "instances": [
        {
          "schema_version": 0,
          "attributes": {
            "gateway_id": "",
            "id": "rtbassoc-0d9dd5954cbaa68ee",
            "region": "ap-southeast-1",
            "route_table_id": "rtb-0a81425bed5aa7b0e",
            "subnet_id": "subnet-079c3ecd1721eb2a2",
            "timeouts": null
          },
          "sensitive_attributes": [],
          "identity_schema_version": 0,
          "identity": {
            "account_id": "810421502375",
            "id": "rtbassoc-0d9dd5954cbaa68ee",
            "region": "ap-southeast-1"
          },
          "private": "eyJlMmJmYjczMC1lY2FhLTExZTYtOGY4OC0zNDM2M2JjN2M0YzAiOnsiY3JlYXRlIjozMDAwMDAwMDAwMDAsImRlbGV0ZSI6MzAwMDAwMDAwMDAwLCJ1cGRhdGUiOjEyMDAwMDAwMDAwMH19",
          "dependencies": [
            "aws_internet_gateway.dashboard_igw",
            "aws_route_table.dashboard_public",
            "aws_subnet.dashboard_public",
            "aws_vpc.counting",
            "aws_vpc.dashboard",
            "aws_vpc_peering_connection.dashboard_counting"
          ]
        }
      ]
    },
    {
      "mode": "managed",
      "type": "aws_security_group",
      "name": "counting-sg",
      "provider": "provider[\"registry.terraform.io/hashicorp/aws\"]",
      "instances": [
        {
          "schema_version": 1,
          "attributes": {
            "arn": "arn:aws:ec2:ap-southeast-1:810421502375:security-group/sg-0213aaef200a2e568",
            "description": "Managed by Terraform",
            "egress": [
              {
                "cidr_blocks": [
                  "0.0.0.0/0"
                ],
                "description": "",
                "from_port": 0,
                "ipv6_cidr_blocks": [],
                "prefix_list_ids": [],
                "protocol": "-1",
                "security_groups": [],
                "self": false,
                "to_port": 0
              }
            ],
            "id": "sg-0213aaef200a2e568",
            "ingress": [
              {
                "cidr_blocks": [
                  "10.0.0.0/16"
                ],
                "description": "",
                "from_port": 0,
                "ipv6_cidr_blocks": [],
                "prefix_list_ids": [],
                "protocol": "icmp",
                "security_groups": [],
                "self": false,
                "to_port": 0
              },
              {
                "cidr_blocks": [
                  "10.0.0.0/16"
                ],
                "description": "",
                "from_port": 22,
                "ipv6_cidr_blocks": [],
                "prefix_list_ids": [],
                "protocol": "tcp",
                "security_groups": [],
                "self": false,
                "to_port": 22
              },
              {
                "cidr_blocks": [
                  "10.0.0.0/16"
                ],
                "description": "",
                "from_port": 9000,
                "ipv6_cidr_blocks": [],
                "prefix_list_ids": [],
                "protocol": "tcp",
                "security_groups": [],
                "self": false,
                "to_port": 9000
              }
            ],
            "name": "counting-sg",
            "name_prefix": "",
            "owner_id": "810421502375",
            "region": "ap-southeast-1",
            "revoke_rules_on_delete": false,
            "tags": {
              "Name": "counting-sg"
            },
            "tags_all": {
              "Name": "counting-sg"
            },
            "timeouts": null,
            "vpc_id": "vpc-02ba5dcd409392477"
          },
          "sensitive_attributes": [],
          "identity_schema_version": 0,
          "identity": {
            "account_id": "810421502375",
            "id": "sg-0213aaef200a2e568",
            "region": "ap-southeast-1"
          },
          "private": "eyJlMmJmYjczMC1lY2FhLTExZTYtOGY4OC0zNDM2M2JjN2M0YzAiOnsiY3JlYXRlIjo2MDAwMDAwMDAwMDAsImRlbGV0ZSI6OTAwMDAwMDAwMDAwfSwic2NoZW1hX3ZlcnNpb24iOiIxIn0=",
          "dependencies": [
            "aws_vpc.counting"
          ]
        }
      ]
    },
    {
      "mode": "managed",
      "type": "aws_security_group",
      "name": "dashboard-sg",
      "provider": "provider[\"registry.terraform.io/hashicorp/aws\"]",
      "instances": [
        {
          "schema_version": 1,
          "attributes": {
            "arn": "arn:aws:ec2:ap-southeast-1:810421502375:security-group/sg-0755979bddeabdbe8",
            "description": "Managed by Terraform",
            "egress": [
              {
                "cidr_blocks": [
                  "0.0.0.0/0"
                ],
                "description": "",
                "from_port": 0,
                "ipv6_cidr_blocks": [],
                "prefix_list_ids": [],
                "protocol": "-1",
                "security_groups": [],
                "self": false,
                "to_port": 0
              }
            ],
            "id": "sg-0755979bddeabdbe8",
            "ingress": [
              {
                "cidr_blocks": [
                  "0.0.0.0/0"
                ],
                "description": "",
                "from_port": 22,
                "ipv6_cidr_blocks": [],
                "prefix_list_ids": [],
                "protocol": "tcp",
                "security_groups": [],
                "self": false,
                "to_port": 22
              },
              {
                "cidr_blocks": [
                  "0.0.0.0/0"
                ],
                "description": "",
                "from_port": 8000,
                "ipv6_cidr_blocks": [],
                "prefix_list_ids": [],
                "protocol": "tcp",
                "security_groups": [],
                "self": false,
                "to_port": 8000
              }
            ],
            "name": "dashboard-sg",
            "name_prefix": "",
            "owner_id": "810421502375",
            "region": "ap-southeast-1",
            "revoke_rules_on_delete": false,
            "tags": {
              "Name": "dashboard-sg"
            },
            "tags_all": {
              "Name": "dashboard-sg"
            },
            "timeouts": null,
            "vpc_id": "vpc-083c476686ac7c673"
          },
          "sensitive_attributes": [],
          "identity_schema_version": 0,
          "identity": {
            "account_id": "810421502375",
            "id": "sg-0755979bddeabdbe8",
            "region": "ap-southeast-1"
          },
          "private": "eyJlMmJmYjczMC1lY2FhLTExZTYtOGY4OC0zNDM2M2JjN2M0YzAiOnsiY3JlYXRlIjo2MDAwMDAwMDAwMDAsImRlbGV0ZSI6OTAwMDAwMDAwMDAwfSwic2NoZW1hX3ZlcnNpb24iOiIxIn0=",
          "dependencies": [
            "aws_vpc.dashboard"
          ]
        }
      ]
    },
    {
      "mode": "managed",
      "type": "aws_subnet",
      "name": "counting_private",
      "provider": "provider[\"registry.terraform.io/hashicorp/aws\"]",
      "instances": [
        {
          "schema_version": 1,
          "attributes": {
            "arn": "arn:aws:ec2:ap-southeast-1:810421502375:subnet/subnet-068537d38a6364711",
            "assign_ipv6_address_on_creation": false,
            "availability_zone": "ap-southeast-1c",
            "availability_zone_id": "apse1-az3",
            "cidr_block": "172.16.2.0/24",
            "customer_owned_ipv4_pool": "",
            "enable_dns64": false,
            "enable_lni_at_device_index": 0,
            "enable_resource_name_dns_a_record_on_launch": false,
            "enable_resource_name_dns_aaaa_record_on_launch": false,
            "id": "subnet-068537d38a6364711",
            "ipv4_ipam_pool_id": null,
            "ipv4_netmask_length": null,
            "ipv6_cidr_block": "",
            "ipv6_cidr_block_association_id": "",
            "ipv6_ipam_pool_id": null,
            "ipv6_native": false,
            "ipv6_netmask_length": null,
            "map_customer_owned_ip_on_launch": false,
            "map_public_ip_on_launch": false,
            "outpost_arn": "",
            "owner_id": "810421502375",
            "private_dns_hostname_type_on_launch": "ip-name",
            "region": "ap-southeast-1",
            "tags": {
              "Name": "counting-private-subnet"
            },
            "tags_all": {
              "Name": "counting-private-subnet"
            },
            "timeouts": null,
            "vpc_id": "vpc-02ba5dcd409392477"
          },
          "sensitive_attributes": [],
          "identity_schema_version": 0,
          "identity": {
            "account_id": "810421502375",
            "id": "subnet-068537d38a6364711",
            "region": "ap-southeast-1"
          },
          "private": "eyJlMmJmYjczMC1lY2FhLTExZTYtOGY4OC0zNDM2M2JjN2M0YzAiOnsiY3JlYXRlIjo2MDAwMDAwMDAwMDAsImRlbGV0ZSI6MTIwMDAwMDAwMDAwMH0sInNjaGVtYV92ZXJzaW9uIjoiMSJ9",
          "dependencies": [
            "aws_vpc.counting"
          ]
        }
      ]
    },
    {
      "mode": "managed",
      "type": "aws_subnet",
      "name": "counting_public",
      "provider": "provider[\"registry.terraform.io/hashicorp/aws\"]",
      "instances": [
        {
          "schema_version": 1,
          "attributes": {
            "arn": "arn:aws:ec2:ap-southeast-1:810421502375:subnet/subnet-0d65fac6319f4145d",
            "assign_ipv6_address_on_creation": false,
            "availability_zone": "ap-southeast-1c",
            "availability_zone_id": "apse1-az3",
            "cidr_block": "172.16.1.0/24",
            "customer_owned_ipv4_pool": "",
            "enable_dns64": false,
            "enable_lni_at_device_index": 0,
            "enable_resource_name_dns_a_record_on_launch": false,
            "enable_resource_name_dns_aaaa_record_on_launch": false,
            "id": "subnet-0d65fac6319f4145d",
            "ipv4_ipam_pool_id": null,
            "ipv4_netmask_length": null,
            "ipv6_cidr_block": "",
            "ipv6_cidr_block_association_id": "",
            "ipv6_ipam_pool_id": null,
            "ipv6_native": false,
            "ipv6_netmask_length": null,
            "map_customer_owned_ip_on_launch": false,
            "map_public_ip_on_launch": true,
            "outpost_arn": "",
            "owner_id": "810421502375",
            "private_dns_hostname_type_on_launch": "ip-name",
            "region": "ap-southeast-1",
            "tags": {
              "Name": "counting-public-subnet"
            },
            "tags_all": {
              "Name": "counting-public-subnet"
            },
            "timeouts": null,
            "vpc_id": "vpc-02ba5dcd409392477"
          },
          "sensitive_attributes": [],
          "identity_schema_version": 0,
          "identity": {
            "account_id": "810421502375",
            "id": "subnet-0d65fac6319f4145d",
            "region": "ap-southeast-1"
          },
          "private": "eyJlMmJmYjczMC1lY2FhLTExZTYtOGY4OC0zNDM2M2JjN2M0YzAiOnsiY3JlYXRlIjo2MDAwMDAwMDAwMDAsImRlbGV0ZSI6MTIwMDAwMDAwMDAwMH0sInNjaGVtYV92ZXJzaW9uIjoiMSJ9",
          "dependencies": [
            "aws_vpc.counting"
          ]
        }
      ]
    },
    {
      "mode": "managed",
      "type": "aws_subnet",
      "name": "dashboard_private",
      "provider": "provider[\"registry.terraform.io/hashicorp/aws\"]",
      "instances": [
        {
          "schema_version": 1,
          "attributes": {
            "arn": "arn:aws:ec2:ap-southeast-1:810421502375:subnet/subnet-0862f96b24174d35c",
            "assign_ipv6_address_on_creation": false,
            "availability_zone": "ap-southeast-1b",
            "availability_zone_id": "apse1-az1",
            "cidr_block": "10.0.2.0/24",
            "customer_owned_ipv4_pool": "",
            "enable_dns64": false,
            "enable_lni_at_device_index": 0,
            "enable_resource_name_dns_a_record_on_launch": false,
            "enable_resource_name_dns_aaaa_record_on_launch": false,
            "id": "subnet-0862f96b24174d35c",
            "ipv4_ipam_pool_id": null,
            "ipv4_netmask_length": null,
            "ipv6_cidr_block": "",
            "ipv6_cidr_block_association_id": "",
            "ipv6_ipam_pool_id": null,
            "ipv6_native": false,
            "ipv6_netmask_length": null,
            "map_customer_owned_ip_on_launch": false,
            "map_public_ip_on_launch": false,
            "outpost_arn": "",
            "owner_id": "810421502375",
            "private_dns_hostname_type_on_launch": "ip-name",
            "region": "ap-southeast-1",
            "tags": {
              "Name": "dashboard-private-subnet"
            },
            "tags_all": {
              "Name": "dashboard-private-subnet"
            },
            "timeouts": null,
            "vpc_id": "vpc-083c476686ac7c673"
          },
          "sensitive_attributes": [],
          "identity_schema_version": 0,
          "identity": {
            "account_id": "810421502375",
            "id": "subnet-0862f96b24174d35c",
            "region": "ap-southeast-1"
          },
          "private": "eyJlMmJmYjczMC1lY2FhLTExZTYtOGY4OC0zNDM2M2JjN2M0YzAiOnsiY3JlYXRlIjo2MDAwMDAwMDAwMDAsImRlbGV0ZSI6MTIwMDAwMDAwMDAwMH0sInNjaGVtYV92ZXJzaW9uIjoiMSJ9",
          "dependencies": [
            "aws_vpc.dashboard"
          ]
        }
      ]
    },
    {
      "mode": "managed",
      "type": "aws_subnet",
      "name": "dashboard_public",
      "provider": "provider[\"registry.terraform.io/hashicorp/aws\"]",
      "instances": [
        {
          "schema_version": 1,
          "attributes": {
            "arn": "arn:aws:ec2:ap-southeast-1:810421502375:subnet/subnet-079c3ecd1721eb2a2",
            "assign_ipv6_address_on_creation": false,
            "availability_zone": "ap-southeast-1b",
            "availability_zone_id": "apse1-az1",
            "cidr_block": "10.0.1.0/24",
            "customer_owned_ipv4_pool": "",
            "enable_dns64": false,
            "enable_lni_at_device_index": 0,
            "enable_resource_name_dns_a_record_on_launch": false,
            "enable_resource_name_dns_aaaa_record_on_launch": false,
            "id": "subnet-079c3ecd1721eb2a2",
            "ipv4_ipam_pool_id": null,
            "ipv4_netmask_length": null,
            "ipv6_cidr_block": "",
            "ipv6_cidr_block_association_id": "",
            "ipv6_ipam_pool_id": null,
            "ipv6_native": false,
            "ipv6_netmask_length": null,
            "map_customer_owned_ip_on_launch": false,
            "map_public_ip_on_launch": true,
            "outpost_arn": "",
            "owner_id": "810421502375",
            "private_dns_hostname_type_on_launch": "ip-name",
            "region": "ap-southeast-1",
            "tags": {
              "Name": "dashboard-public-subnet"
            },
            "tags_all": {
              "Name": "dashboard-public-subnet"
            },
            "timeouts": null,
            "vpc_id": "vpc-083c476686ac7c673"
          },
          "sensitive_attributes": [],
          "identity_schema_version": 0,
          "identity": {
            "account_id": "810421502375",
            "id": "subnet-079c3ecd1721eb2a2",
            "region": "ap-southeast-1"
          },
          "private": "eyJlMmJmYjczMC1lY2FhLTExZTYtOGY4OC0zNDM2M2JjN2M0YzAiOnsiY3JlYXRlIjo2MDAwMDAwMDAwMDAsImRlbGV0ZSI6MTIwMDAwMDAwMDAwMH0sInNjaGVtYV92ZXJzaW9uIjoiMSJ9",
          "dependencies": [
            "aws_vpc.dashboard"
          ]
        }
      ]
    },
    {
      "mode": "managed",
      "type": "aws_vpc",
      "name": "counting",
      "provider": "provider[\"registry.terraform.io/hashicorp/aws\"]",
      "instances": [
        {
          "schema_version": 1,
          "attributes": {
            "arn": "arn:aws:ec2:ap-southeast-1:810421502375:vpc/vpc-02ba5dcd409392477",
            "assign_generated_ipv6_cidr_block": false,
            "cidr_block": "172.16.0.0/16",
            "default_network_acl_id": "acl-0d0d51b3508c0df72",
            "default_route_table_id": "rtb-0c6d0d6b969b10921",
            "default_security_group_id": "sg-08b4d76fe76e01bc8",
            "dhcp_options_id": "dopt-0b90a22852149bbb6",
            "enable_dns_hostnames": true,
            "enable_dns_support": true,
            "enable_network_address_usage_metrics": false,
            "id": "vpc-02ba5dcd409392477",
            "instance_tenancy": "default",
            "ipv4_ipam_pool_id": null,
            "ipv4_netmask_length": null,
            "ipv6_association_id": "",
            "ipv6_cidr_block": "",
            "ipv6_cidr_block_network_border_group": "",
            "ipv6_ipam_pool_id": "",
            "ipv6_netmask_length": 0,
            "main_route_table_id": "rtb-0c6d0d6b969b10921",
            "owner_id": "810421502375",
            "region": "ap-southeast-1",
            "tags": {
              "Name": "counting-vpc"
            },
            "tags_all": {
              "Name": "counting-vpc"
            }
          },
          "sensitive_attributes": [],
          "identity_schema_version": 0,
          "identity": {
            "account_id": "810421502375",
            "id": "vpc-02ba5dcd409392477",
            "region": "ap-southeast-1"
          },
          "private": "eyJzY2hlbWFfdmVyc2lvbiI6IjEifQ=="
        }
      ]
    },
    {
      "mode": "managed",
      "type": "aws_vpc",
      "name": "dashboard",
      "provider": "provider[\"registry.terraform.io/hashicorp/aws\"]",
      "instances": [
        {
          "schema_version": 1,
          "attributes": {
            "arn": "arn:aws:ec2:ap-southeast-1:810421502375:vpc/vpc-083c476686ac7c673",
            "assign_generated_ipv6_cidr_block": false,
            "cidr_block": "10.0.0.0/16",
            "default_network_acl_id": "acl-04cbc7eae887ac2b6",
            "default_route_table_id": "rtb-0a21b51b387d2315c",
            "default_security_group_id": "sg-0fc821cbb87657755",
            "dhcp_options_id": "dopt-0b90a22852149bbb6",
            "enable_dns_hostnames": true,
            "enable_dns_support": true,
            "enable_network_address_usage_metrics": false,
            "id": "vpc-083c476686ac7c673",
            "instance_tenancy": "default",
            "ipv4_ipam_pool_id": null,
            "ipv4_netmask_length": null,
            "ipv6_association_id": "",
            "ipv6_cidr_block": "",
            "ipv6_cidr_block_network_border_group": "",
            "ipv6_ipam_pool_id": "",
            "ipv6_netmask_length": 0,
            "main_route_table_id": "rtb-0a21b51b387d2315c",
            "owner_id": "810421502375",
            "region": "ap-southeast-1",
            "tags": {
              "Name": "dashboard-vpc"
            },
            "tags_all": {
              "Name": "dashboard-vpc"
            }
          },
          "sensitive_attributes": [],
          "identity_schema_version": 0,
          "identity": {
            "account_id": "810421502375",
            "id": "vpc-083c476686ac7c673",
            "region": "ap-southeast-1"
          },
          "private": "eyJzY2hlbWFfdmVyc2lvbiI6IjEifQ=="
        }
      ]
    },
    {
      "mode": "managed",
      "type": "aws_vpc_peering_connection",
      "name": "dashboard_counting",
      "provider": "provider[\"registry.terraform.io/hashicorp/aws\"]",
      "instances": [
        {
          "schema_version": 0,
          "attributes": {
            "accept_status": "active",
            "accepter": [
              {
                "allow_remote_vpc_dns_resolution": true
              }
            ],
            "auto_accept": true,
            "id": "pcx-031149f09fad70c92",
            "peer_owner_id": "810421502375",
            "peer_region": "ap-southeast-1",
            "peer_vpc_id": "vpc-02ba5dcd409392477",
            "region": "ap-southeast-1",
            "requester": [
              {
                "allow_remote_vpc_dns_resolution": true
              }
            ],
            "tags": {
              "Name": "dashboard-counting-peer"
            },
            "tags_all": {
              "Name": "dashboard-counting-peer"
            },
            "timeouts": null,
            "vpc_id": "vpc-083c476686ac7c673"
          },
          "sensitive_attributes": [],
          "identity_schema_version": 0,
          "private": "eyJlMmJmYjczMC1lY2FhLTExZTYtOGY4OC0zNDM2M2JjN2M0YzAiOnsiY3JlYXRlIjo2MDAwMDAwMDAwMCwiZGVsZXRlIjo2MDAwMDAwMDAwMCwidXBkYXRlIjo2MDAwMDAwMDAwMH19",
          "dependencies": [
            "aws_vpc.counting",
            "aws_vpc.dashboard"
          ]
        }
      ]
    },
    {
      "mode": "managed",
      "type": "local_file",
      "name": "private_key",
      "provider": "provider[\"registry.terraform.io/hashicorp/local\"]",
      "instances": [
        {
          "schema_version": 0,
          "attributes": {
            "content": "-----BEGIN RSA PRIVATE KEY-----\nMIIEpAIBAAKCAQEAw2a0C3B6zJ+EvSLoIm+jKLXVNR3Yj/QuJiq4wBjYZSq90X/Z\nmaiIpXIR9BrZ7XY7jc145PHjxQQq8ekG9dBnv9788imT2GGypKU/QjKnbQOHI4i2\ncPRFHpoDPu8+mB1t2Ld4IDmeHpuxPJtRxku6FC+ZvB0SMqJPqF1JxaVGtGC5WH0C\notvYZjlcZbaj5A/uG5S7wuu68dsJZ/Yl+a9MnvfOgCSqUcJH8/OmukTyLptPTdVA\nmlTrxw74roQ6k8hEugWCs3LbsWP+rkMLKE6I0L4LOBaO43L9HFj/uEpJxFBNDHlY\nKDat8gYNhR+hufa4Q7klXIoA3RS+cLN5TU/4KwIDAQABAoIBABG12VPAGiE5xBow\nc8HLRIqIEI8D6YECrLwg2yXuGo7w1MuMPvjCYcA9Got5c48mTDeKDA8ULYTJ3+qV\nKGBXR1AIsfxw8EmIcVyi7ZzeYnZq/3ClD4QlX65qXyjxHkdDQ5WE64pgLoivq9zG\nZx8F9hOmTNTT/bZBJ98mtW0IkeP/R5dAZo4lQBR1dziYZdUrRoEiZStPKXspjTg5\nIwZdq0DUdnApvlE0KaCIR0SlnGVMSoNaH0iwhiW43fytWRwsNM4a3O9ANx/VkDyw\n3dqGhiOpl73M7RPPb0zKgRlm3HK4hzJ/Pr6jIBRzFbL/Z8PmrkBkRGIOBnhxUMIg\ngzS12uECgYEAzDaSuguJWi0T6ADz4BA++rZ7+3n7XgWMD1Ex38Owyxa1czQixEsT\nHk92p8DOScQDvw7mD9pDkIMes81dm7w0LVVRNJgGS4IQgD6SbscwlkCNlHBHgnhx\nicCw8qThGNKDtZrCbQRUjkPKetUI26K/+rCxRA/JUrmrtMEbjQrmrB8CgYEA9PQP\nRQiXWnb3yPLTuhsjXhZGgfp8p6PyNt3GuFrbGJxw7wI3Z7WNxO+9pqutbuKL2VrV\nkCIqk14vNENxMEYyTcTpnXzylKo2AxRynOw4S2wr1cs6UuTdHVNNzzEQVI+quGmt\n5pOvJsRVrwrkJO91Zd4Vo0/AfDYJp3KDLbcS8nUCgYEAtWkJgUJ8WuJOm7w06Wgl\nOn1fuG+NcOHGoVjE0H48EL30pQm8lNoIetWml7F80CTUGyb2E0EW4krIvHuEW7Oe\nOmNfRzSB6xP46qQrW0OSEvf3jdUMgYfTfMbzqin0WSOxo2N+sm+1Wcg5GFMlkk+K\n8f2DC+5mLxoHwgQGII59iosCgYEApm3ssgrUSzLpyC60jI5DyXl5DncSmxRZTc4B\nZuDUXDRuxvXKjzxbxqLdSJD8lYp3WobM89FC/D3R9MCd9x66rvxLfiWW7Et5xz3t\nYZFd7mDgp7IdPpUhZvtispOzdMDoTcP/09oj90MOtI/B0xafvUbXjM5zCfHtPUgg\nuL7asMECgYAze5TACAfpbQDVpv0djckOhpr10v4ROXbX/IrFPfuzlC1VUra+PaPJ\nV+pj0n6gYejC/x9R9XyDz/iEXMTqDBWjwWMuhlBfxk6Gsd8iEcvCBc2BOVF9dfIH\npSAZPSufwo3lM/9LsCa9ndVZ0qmWHmif6lKX7plpZGWok+2724AHHA==\n-----END RSA PRIVATE KEY-----\n",
            "content_base64": null,
            "content_base64sha256": "YiY2WLHE7HEbrF2hGt/a3gWZsc35IMU1uX69lHikT9A=",
            "content_base64sha512": "W2iQ7xTC4wb5qR09RS3QCYgNpp/dwWU71uDAdaUtbVhxXwis3dIROblk3N4KN8CHVDct3ERHLLn5nmfk/GtW7w==",
            "content_md5": "980fdd56690190afc61aa0ec800cc020",
            "content_sha1": "2d37a79b124d26e9607e8744bbbf5cef783f7732",
            "content_sha256": "62263658b1c4ec711bac5da11adfdade0599b1cdf920c535b97ebd9478a44fd0",
            "content_sha512": "5b6890ef14c2e306f9a91d3d452dd009880da69fddc1653bd6e0c075a52d6d58715f08acddd21139b964dcde0a37c08754372ddc44472cb9f99e67e4fc6b56ef",
            "directory_permission": "0777",
            "file_permission": "0400",
            "filename": "dashboard-counting-app.pem",
            "id": "2d37a79b124d26e9607e8744bbbf5cef783f7732",
            "sensitive_content": null,
            "source": null
          },
          "sensitive_attributes": [
            [
              {
                "type": "get_attr",
                "value": "content"
              }
            ],
            [
              {
                "type": "get_attr",
                "value": "sensitive_content"
              }
            ]
          ],
          "identity_schema_version": 0,
          "dependencies": [
            "tls_private_key.dashboard_counting_app"
          ]
        }
      ]
    },
    {
      "mode": "managed",
      "type": "tls_private_key",
      "name": "dashboard_counting_app",
      "provider": "provider[\"registry.terraform.io/hashicorp/tls\"]",
      "instances": [
        {
          "schema_version": 1,
          "attributes": {
            "algorithm": "RSA",
            "ecdsa_curve": "P224",
            "id": "e8bd68d41f80cbe062e78f2634b54aa2077a2747",
            "private_key_openssh": "-----BEGIN OPENSSH PRIVATE KEY-----\nb3BlbnNzaC1rZXktdjEAAAAABG5vbmUAAAAEbm9uZQAAAAAAAAABAAABFwAAAAdz\nc2gtcnNhAAAAAwEAAQAAAQEAw2a0C3B6zJ+EvSLoIm+jKLXVNR3Yj/QuJiq4wBjY\nZSq90X/ZmaiIpXIR9BrZ7XY7jc145PHjxQQq8ekG9dBnv9788imT2GGypKU/QjKn\nbQOHI4i2cPRFHpoDPu8+mB1t2Ld4IDmeHpuxPJtRxku6FC+ZvB0SMqJPqF1JxaVG\ntGC5WH0CotvYZjlcZbaj5A/uG5S7wuu68dsJZ/Yl+a9MnvfOgCSqUcJH8/OmukTy\nLptPTdVAmlTrxw74roQ6k8hEugWCs3LbsWP+rkMLKE6I0L4LOBaO43L9HFj/uEpJ\nxFBNDHlYKDat8gYNhR+hufa4Q7klXIoA3RS+cLN5TU/4KwAAA7iOhAxnjoQMZwAA\nAAdzc2gtcnNhAAABAQDDZrQLcHrMn4S9Iugib6MotdU1HdiP9C4mKrjAGNhlKr3R\nf9mZqIilchH0GtntdjuNzXjk8ePFBCrx6Qb10Ge/3vzyKZPYYbKkpT9CMqdtA4cj\niLZw9EUemgM+7z6YHW3Yt3ggOZ4em7E8m1HGS7oUL5m8HRIyok+oXUnFpUa0YLlY\nfQKi29hmOVxltqPkD+4blLvC67rx2wln9iX5r0ye986AJKpRwkfz86a6RPIum09N\n1UCaVOvHDviuhDqTyES6BYKzctuxY/6uQwsoTojQvgs4Fo7jcv0cWP+4SknEUE0M\neVgoNq3yBg2FH6G59rhDuSVcigDdFL5ws3lNT/grAAAAAwEAAQAAAQARtdlTwBoh\nOcQaMHPBy0SKiBCPA+mBAqy8INsl7hqO8NTLjD74wmHAPRqLeXOPJkw3igwPFC2E\nyd/qlShgV0dQCLH8cPBJiHFcou2c3mJ2av9wpQ+EJV+ual8o8R5HQ0OVhOuKYC6I\nr6vcxmcfBfYTpkzU0/22QSffJrVtCJHj/0eXQGaOJUAUdXc4mGXVK0aBImUrTyl7\nKY04OSMGXatA1HZwKb5RNCmgiEdEpZxlTEqDWh9IsIYluN38rVkcLDTOGtzvQDcf\n1ZA8sN3ahoYjqZe9zO0Tz29MyoEZZtxyuIcyfz6+oyAUcxWy/2fD5q5AZERiDgZ4\ncVDCIIM0tdrhAAAAgDN7lMAIB+ltANWm/R2NyQ6GmvXS/hE5dtf8isU9+7OULVVS\ntr49o8lX6mPSfqBh6ML/H1H1fIPP+IRcxOoMFaPBYy6GUF/GToax3yIRy8IFzYE5\nUX118gelIBk9K5/CjeUz/0uwJr2d1VnSqZYeaJ/qUpfumWlkZaiT7bvbgAccAAAA\ngQDMNpK6C4laLRPoAPPgED76tnv7efteBYwPUTHfw7DLFrVzNCLESxMeT3anwM5J\nxAO/DuYP2kOQgx6zzV2bvDQtVVE0mAZLghCAPpJuxzCWQI2UcEeCeHGJwLDypOEY\n0oO1msJtBFSOQ8p61Qjbor/6sLFED8lSuau0wRuNCuasHwAAAIEA9PQPRQiXWnb3\nyPLTuhsjXhZGgfp8p6PyNt3GuFrbGJxw7wI3Z7WNxO+9pqutbuKL2VrVkCIqk14v\nNENxMEYyTcTpnXzylKo2AxRynOw4S2wr1cs6UuTdHVNNzzEQVI+quGmt5pOvJsRV\nrwrkJO91Zd4Vo0/AfDYJp3KDLbcS8nUAAAAAAQID\n-----END OPENSSH PRIVATE KEY-----\n",
            "private_key_pem": "-----BEGIN RSA PRIVATE KEY-----\nMIIEpAIBAAKCAQEAw2a0C3B6zJ+EvSLoIm+jKLXVNR3Yj/QuJiq4wBjYZSq90X/Z\nmaiIpXIR9BrZ7XY7jc145PHjxQQq8ekG9dBnv9788imT2GGypKU/QjKnbQOHI4i2\ncPRFHpoDPu8+mB1t2Ld4IDmeHpuxPJtRxku6FC+ZvB0SMqJPqF1JxaVGtGC5WH0C\notvYZjlcZbaj5A/uG5S7wuu68dsJZ/Yl+a9MnvfOgCSqUcJH8/OmukTyLptPTdVA\nmlTrxw74roQ6k8hEugWCs3LbsWP+rkMLKE6I0L4LOBaO43L9HFj/uEpJxFBNDHlY\nKDat8gYNhR+hufa4Q7klXIoA3RS+cLN5TU/4KwIDAQABAoIBABG12VPAGiE5xBow\nc8HLRIqIEI8D6YECrLwg2yXuGo7w1MuMPvjCYcA9Got5c48mTDeKDA8ULYTJ3+qV\nKGBXR1AIsfxw8EmIcVyi7ZzeYnZq/3ClD4QlX65qXyjxHkdDQ5WE64pgLoivq9zG\nZx8F9hOmTNTT/bZBJ98mtW0IkeP/R5dAZo4lQBR1dziYZdUrRoEiZStPKXspjTg5\nIwZdq0DUdnApvlE0KaCIR0SlnGVMSoNaH0iwhiW43fytWRwsNM4a3O9ANx/VkDyw\n3dqGhiOpl73M7RPPb0zKgRlm3HK4hzJ/Pr6jIBRzFbL/Z8PmrkBkRGIOBnhxUMIg\ngzS12uECgYEAzDaSuguJWi0T6ADz4BA++rZ7+3n7XgWMD1Ex38Owyxa1czQixEsT\nHk92p8DOScQDvw7mD9pDkIMes81dm7w0LVVRNJgGS4IQgD6SbscwlkCNlHBHgnhx\nicCw8qThGNKDtZrCbQRUjkPKetUI26K/+rCxRA/JUrmrtMEbjQrmrB8CgYEA9PQP\nRQiXWnb3yPLTuhsjXhZGgfp8p6PyNt3GuFrbGJxw7wI3Z7WNxO+9pqutbuKL2VrV\nkCIqk14vNENxMEYyTcTpnXzylKo2AxRynOw4S2wr1cs6UuTdHVNNzzEQVI+quGmt\n5pOvJsRVrwrkJO91Zd4Vo0/AfDYJp3KDLbcS8nUCgYEAtWkJgUJ8WuJOm7w06Wgl\nOn1fuG+NcOHGoVjE0H48EL30pQm8lNoIetWml7F80CTUGyb2E0EW4krIvHuEW7Oe\nOmNfRzSB6xP46qQrW0OSEvf3jdUMgYfTfMbzqin0WSOxo2N+sm+1Wcg5GFMlkk+K\n8f2DC+5mLxoHwgQGII59iosCgYEApm3ssgrUSzLpyC60jI5DyXl5DncSmxRZTc4B\nZuDUXDRuxvXKjzxbxqLdSJD8lYp3WobM89FC/D3R9MCd9x66rvxLfiWW7Et5xz3t\nYZFd7mDgp7IdPpUhZvtispOzdMDoTcP/09oj90MOtI/B0xafvUbXjM5zCfHtPUgg\nuL7asMECgYAze5TACAfpbQDVpv0djckOhpr10v4ROXbX/IrFPfuzlC1VUra+PaPJ\nV+pj0n6gYejC/x9R9XyDz/iEXMTqDBWjwWMuhlBfxk6Gsd8iEcvCBc2BOVF9dfIH\npSAZPSufwo3lM/9LsCa9ndVZ0qmWHmif6lKX7plpZGWok+2724AHHA==\n-----END RSA PRIVATE KEY-----\n",
            "private_key_pem_pkcs8": "-----BEGIN PRIVATE KEY-----\nMIIEvgIBADANBgkqhkiG9w0BAQEFAASCBKgwggSkAgEAAoIBAQDDZrQLcHrMn4S9\nIugib6MotdU1HdiP9C4mKrjAGNhlKr3Rf9mZqIilchH0GtntdjuNzXjk8ePFBCrx\n6Qb10Ge/3vzyKZPYYbKkpT9CMqdtA4cjiLZw9EUemgM+7z6YHW3Yt3ggOZ4em7E8\nm1HGS7oUL5m8HRIyok+oXUnFpUa0YLlYfQKi29hmOVxltqPkD+4blLvC67rx2wln\n9iX5r0ye986AJKpRwkfz86a6RPIum09N1UCaVOvHDviuhDqTyES6BYKzctuxY/6u\nQwsoTojQvgs4Fo7jcv0cWP+4SknEUE0MeVgoNq3yBg2FH6G59rhDuSVcigDdFL5w\ns3lNT/grAgMBAAECggEAEbXZU8AaITnEGjBzwctEiogQjwPpgQKsvCDbJe4ajvDU\ny4w++MJhwD0ai3lzjyZMN4oMDxQthMnf6pUoYFdHUAix/HDwSYhxXKLtnN5idmr/\ncKUPhCVfrmpfKPEeR0NDlYTrimAuiK+r3MZnHwX2E6ZM1NP9tkEn3ya1bQiR4/9H\nl0BmjiVAFHV3OJhl1StGgSJlK08peymNODkjBl2rQNR2cCm+UTQpoIhHRKWcZUxK\ng1ofSLCGJbjd/K1ZHCw0zhrc70A3H9WQPLDd2oaGI6mXvcztE89vTMqBGWbccriH\nMn8+vqMgFHMVsv9nw+auQGREYg4GeHFQwiCDNLXa4QKBgQDMNpK6C4laLRPoAPPg\nED76tnv7efteBYwPUTHfw7DLFrVzNCLESxMeT3anwM5JxAO/DuYP2kOQgx6zzV2b\nvDQtVVE0mAZLghCAPpJuxzCWQI2UcEeCeHGJwLDypOEY0oO1msJtBFSOQ8p61Qjb\nor/6sLFED8lSuau0wRuNCuasHwKBgQD09A9FCJdadvfI8tO6GyNeFkaB+nyno/I2\n3ca4WtsYnHDvAjdntY3E772mq61u4ovZWtWQIiqTXi80Q3EwRjJNxOmdfPKUqjYD\nFHKc7DhLbCvVyzpS5N0dU03PMRBUj6q4aa3mk68mxFWvCuQk73Vl3hWjT8B8Ngmn\ncoMttxLydQKBgQC1aQmBQnxa4k6bvDTpaCU6fV+4b41w4cahWMTQfjwQvfSlCbyU\n2gh61aaXsXzQJNQbJvYTQRbiSsi8e4Rbs546Y19HNIHrE/jqpCtbQ5IS9/eN1QyB\nh9N8xvOqKfRZI7GjY36yb7VZyDkYUyWST4rx/YML7mYvGgfCBAYgjn2KiwKBgQCm\nbeyyCtRLMunILrSMjkPJeXkOdxKbFFlNzgFm4NRcNG7G9cqPPFvGot1IkPyVinda\nhszz0UL8PdH0wJ33Hrqu/Et+JZbsS3nHPe1hkV3uYOCnsh0+lSFm+2Kyk7N0wOhN\nw//T2iP3Qw60j8HTFp+9RteMznMJ8e09SCC4vtqwwQKBgDN7lMAIB+ltANWm/R2N\nyQ6GmvXS/hE5dtf8isU9+7OULVVStr49o8lX6mPSfqBh6ML/H1H1fIPP+IRcxOoM\nFaPBYy6GUF/GToax3yIRy8IFzYE5UX118gelIBk9K5/CjeUz/0uwJr2d1VnSqZYe\naJ/qUpfumWlkZaiT7bvbgAcc\n-----END PRIVATE KEY-----\n",
            "public_key_fingerprint_md5": "5c:4b:8d:5a:9f:00:43:c1:16:e7:79:3d:13:41:8a:7a",
            "public_key_fingerprint_sha256": "SHA256:NNbwFdOzpFoM9XAAkhs6ftfUpX1z6AIqHZwCh3Xdz5A",
            "public_key_openssh": "ssh-rsa AAAAB3NzaC1yc2EAAAADAQABAAABAQDDZrQLcHrMn4S9Iugib6MotdU1HdiP9C4mKrjAGNhlKr3Rf9mZqIilchH0GtntdjuNzXjk8ePFBCrx6Qb10Ge/3vzyKZPYYbKkpT9CMqdtA4cjiLZw9EUemgM+7z6YHW3Yt3ggOZ4em7E8m1HGS7oUL5m8HRIyok+oXUnFpUa0YLlYfQKi29hmOVxltqPkD+4blLvC67rx2wln9iX5r0ye986AJKpRwkfz86a6RPIum09N1UCaVOvHDviuhDqTyES6BYKzctuxY/6uQwsoTojQvgs4Fo7jcv0cWP+4SknEUE0MeVgoNq3yBg2FH6G59rhDuSVcigDdFL5ws3lNT/gr\n",
            "public_key_pem": "-----BEGIN PUBLIC KEY-----\nMIIBIjANBgkqhkiG9w0BAQEFAAOCAQ8AMIIBCgKCAQEAw2a0C3B6zJ+EvSLoIm+j\nKLXVNR3Yj/QuJiq4wBjYZSq90X/ZmaiIpXIR9BrZ7XY7jc145PHjxQQq8ekG9dBn\nv9788imT2GGypKU/QjKnbQOHI4i2cPRFHpoDPu8+mB1t2Ld4IDmeHpuxPJtRxku6\nFC+ZvB0SMqJPqF1JxaVGtGC5WH0CotvYZjlcZbaj5A/uG5S7wuu68dsJZ/Yl+a9M\nnvfOgCSqUcJH8/OmukTyLptPTdVAmlTrxw74roQ6k8hEugWCs3LbsWP+rkMLKE6I\n0L4LOBaO43L9HFj/uEpJxFBNDHlYKDat8gYNhR+hufa4Q7klXIoA3RS+cLN5TU/4\nKwIDAQAB\n-----END PUBLIC KEY-----\n",
            "rsa_bits": 2048
          },
          "sensitive_attributes": [
            [
              {
                "type": "get_attr",
                "value": "private_key_openssh"
              }
            ],
            [
              {
                "type": "get_attr",
                "value": "private_key_pem"
              }
            ],
            [
              {
                "type": "get_attr",
                "value": "private_key_pem_pkcs8"
              }
            ]
          ],
          "identity_schema_version": 0
        }
      ]
    }
  ],
  "check_results": null
}
