{
  "version": 4,
  "terraform_version": "1.15.5",
  "serial": 1111,
  "lineage": "d14f59ae-b3f7-138f-1775-3ac2c3ca9a23",
  "outputs": {
    "account_alb_dns": {
      "value": "internal-account-alb-317075303.ap-southeast-1.elb.amazonaws.com",
      "type": "string"
    },
    "account_certificate_arn": {
      "value": "arn:aws:acm:ap-southeast-1:810421502375:certificate/9787727c-9f1f-447d-b69d-a4150c0a93f8",
      "type": "string"
    },
    "account_https_url": {
      "value": "https://internal-account-alb-317075303.ap-southeast-1.elb.amazonaws.com",
      "type": "string"
    },
    "account_private_ips": {
      "value": [
        "172.16.2.111",
        "172.16.3.52"
      ],
      "type": [
        "tuple",
        [
          "string",
          "string"
        ]
      ]
    },
    "bastion_public_ip": {
      "value": "54.255.140.118",
      "type": "string"
    },
    "certificates_validation_status": {
      "value": {
        "account": "Validated via DNS",
        "customer_profile": "Validated via DNS",
        "statement": "Validated via DNS"
      },
      "type": [
        "object",
        {
          "account": "string",
          "customer_profile": "string",
          "statement": "string"
        }
      ]
    },
    "customer_profile_alb_dns": {
      "value": "customer-profile-alb-535646117.ap-southeast-1.elb.amazonaws.com",
      "type": "string"
    },
    "customer_profile_certificate_arn": {
      "value": "arn:aws:acm:ap-southeast-1:810421502375:certificate/7067166b-3a7f-4f61-81a1-899156cb391b",
      "type": "string"
    },
    "customer_profile_domain_https_url": {
      "value": "https://hellocloudteam4app.click",
      "type": "string"
    },
    "customer_profile_https_url": {
      "value": "https://customer-profile-alb-535646117.ap-southeast-1.elb.amazonaws.com",
      "type": "string"
    },
    "customer_profile_private_ips": {
      "value": [
        "10.0.2.207",
        "10.0.3.72"
      ],
      "type": [
        "tuple",
        [
          "string",
          "string"
        ]
      ]
    },
    "customer_profile_subdomain_https_url": {
      "value": "https://fake-service.hellocloudteam4app.click",
      "type": "string"
    },
    "customer_profile_url": {
      "value": "http://customer-profile-alb-535646117.ap-southeast-1.elb.amazonaws.com",
      "type": "string"
    },
    "generated_key_path": {
      "value": "fake-service-app.pem",
      "type": "string"
    },
    "ssl_policy_used": {
      "value": "ELBSecurityPolicy-TLS13-1-2-2021-06",
      "type": "string"
    },
    "statement_alb_dns": {
      "value": "internal-statement-alb-240545353.ap-southeast-1.elb.amazonaws.com",
      "type": "string"
    },
    "statement_certificate_arn": {
      "value": "arn:aws:acm:ap-southeast-1:810421502375:certificate/374a4ddd-bba2-434d-ab72-50762a1188c8",
      "type": "string"
    },
    "statement_https_url": {
      "value": "https://internal-statement-alb-240545353.ap-southeast-1.elb.amazonaws.com",
      "type": "string"
    },
    "statement_private_ips": {
      "value": [
        "192.168.2.201",
        "192.168.3.19"
      ],
      "type": [
        "tuple",
        [
          "string",
          "string"
        ]
      ]
    },
    "used_key_name": {
      "value": "fake-service-app-ssh-key",
      "type": "string"
    }
  },
  "resources": [
    {
      "mode": "data",
      "type": "aws_ami",
      "name": "ubuntu",
      "provider": "provider[\"registry.terraform.io/hashicorp/aws\"]",
      "instances": [
        {
          "schema_version": 0,
          "attributes": {
            "allow_unsafe_filter": null,
            "architecture": "x86_64",
            "arn": "arn:aws:ec2:ap-southeast-1::image/ami-03acbba64aef9bf5c",
            "block_device_mappings": [
              {
                "device_name": "/dev/sda1",
                "ebs": {
                  "delete_on_termination": "true",
                  "encrypted": "false",
                  "iops": "0",
                  "snapshot_id": "snap-035d3d988f229c09d",
                  "throughput": "0",
                  "volume_initialization_rate": "0",
                  "volume_size": "8",
                  "volume_type": "gp3"
                },
                "no_device": "",
                "virtual_name": ""
              },
              {
                "device_name": "/dev/sdb",
                "ebs": {},
                "no_device": "",
                "virtual_name": "ephemeral0"
              },
              {
                "device_name": "/dev/sdc",
                "ebs": {},
                "no_device": "",
                "virtual_name": "ephemeral1"
              }
            ],
            "boot_mode": "uefi-preferred",
            "creation_date": "2026-06-10T10:55:05.000Z",
            "deprecation_time": "2028-06-10T10:55:05.000Z",
            "description": "Canonical, Ubuntu, 24.04, amd64 noble image",
            "ena_support": true,
            "executable_users": null,
            "filter": [
              {
                "name": "name",
                "values": [
                  "ubuntu/images/hvm-ssd-gp3/ubuntu-noble-24.04-amd64-server-*"
                ]
              },
              {
                "name": "virtualization-type",
                "values": [
                  "hvm"
                ]
              }
            ],
            "hypervisor": "xen",
            "id": "ami-03acbba64aef9bf5c",
            "image_id": "ami-03acbba64aef9bf5c",
            "image_location": "amazon/ubuntu/images/hvm-ssd-gp3/ubuntu-noble-24.04-amd64-server-20260610",
            "image_owner_alias": "amazon",
            "image_type": "machine",
            "imds_support": "v2.0",
            "include_deprecated": false,
            "kernel_id": "",
            "last_launched_time": "",
            "most_recent": true,
            "name": "ubuntu/images/hvm-ssd-gp3/ubuntu-noble-24.04-amd64-server-20260610",
            "name_regex": null,
            "owner_id": "099720109477",
            "owners": [
              "099720109477"
            ],
            "platform": "",
            "platform_details": "Linux/UNIX",
            "product_codes": [],
            "public": true,
            "ramdisk_id": "",
            "region": "ap-southeast-1",
            "root_device_name": "/dev/sda1",
            "root_device_type": "ebs",
            "root_snapshot_id": "snap-035d3d988f229c09d",
            "sriov_net_support": "simple",
            "state": "available",
            "state_reason": {
              "code": "UNSET",
              "message": "UNSET"
            },
            "tags": {},
            "timeouts": null,
            "tpm_support": "",
            "uefi_data": null,
            "usage_operation": "RunInstances",
            "virtualization_type": "hvm"
          },
          "sensitive_attributes": [],
          "identity_schema_version": 0
        }
      ]
    },
    {
      "mode": "data",
      "type": "aws_route53_zone",
      "name": "main",
      "provider": "provider[\"registry.terraform.io/hashicorp/aws\"]",
      "instances": [
        {
          "schema_version": 0,
          "attributes": {
            "arn": "arn:aws:route53:::hostedzone/Z0311951O4HNUBVDUINW",
            "caller_reference": "RISWorkflow-RD:b92ef08b-9fe4-4375-a55d-cf79e2ce3e44",
            "comment": "HostedZone created by Route53 Registrar",
            "enable_accelerated_recovery": false,
            "id": "Z0311951O4HNUBVDUINW",
            "linked_service_description": null,
            "linked_service_principal": null,
            "name": "hellocloudteam4app.click",
            "name_servers": [
              "ns-1697.awsdns-20.co.uk",
              "ns-196.awsdns-24.com",
              "ns-697.awsdns-23.net",
              "ns-1359.awsdns-41.org"
            ],
            "primary_name_server": "ns-1697.awsdns-20.co.uk",
            "private_zone": false,
            "resource_record_set_count": 2,
            "tags": {},
            "vpc_id": null,
            "zone_id": "Z0311951O4HNUBVDUINW"
          },
          "sensitive_attributes": [],
          "identity_schema_version": 0
        }
      ]
    },
    {
      "mode": "managed",
      "type": "aws_acm_certificate",
      "name": "account",
      "provider": "provider[\"registry.terraform.io/hashicorp/aws\"]",
      "instances": [
        {
          "schema_version": 0,
          "attributes": {
            "arn": "arn:aws:acm:ap-southeast-1:810421502375:certificate/9787727c-9f1f-447d-b69d-a4150c0a93f8",
            "certificate_authority_arn": "",
            "certificate_body": null,
            "certificate_chain": null,
            "domain_name": "account.internal.hellocloudteam4app.click",
            "domain_validation_options": [
              {
                "domain_name": "account.internal.hellocloudteam4app.click",
                "resource_record_name": "_12d52a7541cf3e4b3159c3869e3e23cc.account.internal.hellocloudteam4app.click.",
                "resource_record_type": "CNAME",
                "resource_record_value": "_52b30f49a3697b99ef078d5aa80041e8.jkddzztszm.acm-validations.aws."
              }
            ],
            "early_renewal_duration": "",
            "id": "arn:aws:acm:ap-southeast-1:810421502375:certificate/9787727c-9f1f-447d-b69d-a4150c0a93f8",
            "key_algorithm": "RSA_2048",
            "not_after": "",
            "not_before": "",
            "options": [
              {
                "certificate_transparency_logging_preference": "ENABLED",
                "export": "DISABLED"
              }
            ],
            "pending_renewal": false,
            "private_key": null,
            "private_key_wo": null,
            "private_key_wo_version": null,
            "region": "ap-southeast-1",
            "renewal_eligibility": "INELIGIBLE",
            "renewal_summary": [],
            "status": "PENDING_VALIDATION",
            "subject_alternative_names": [
              "account.internal.hellocloudteam4app.click"
            ],
            "tags": {
              "Name": "account-service-cert"
            },
            "tags_all": {
              "Name": "account-service-cert"
            },
            "type": "AMAZON_ISSUED",
            "validation_emails": [],
            "validation_method": "DNS",
            "validation_option": []
          },
          "sensitive_attributes": [
            [
              {
                "type": "get_attr",
                "value": "private_key"
              }
            ]
          ],
          "identity_schema_version": 0,
          "identity": {
            "arn": "arn:aws:acm:ap-southeast-1:810421502375:certificate/9787727c-9f1f-447d-b69d-a4150c0a93f8"
          },
          "private": "bnVsbA==",
          "create_before_destroy": true
        }
      ]
    },
    {
      "mode": "managed",
      "type": "aws_acm_certificate",
      "name": "customer_profile",
      "provider": "provider[\"registry.terraform.io/hashicorp/aws\"]",
      "instances": [
        {
          "schema_version": 0,
          "attributes": {
            "arn": "arn:aws:acm:ap-southeast-1:810421502375:certificate/7067166b-3a7f-4f61-81a1-899156cb391b",
            "certificate_authority_arn": "",
            "certificate_body": null,
            "certificate_chain": null,
            "domain_name": "hellocloudteam4app.click",
            "domain_validation_options": [
              {
                "domain_name": "*.hellocloudteam4app.click",
                "resource_record_name": "_6edef02e34e153c2e761a03ab0a04898.hellocloudteam4app.click.",
                "resource_record_type": "CNAME",
                "resource_record_value": "_681a10f8d842a3c450b6d2c50318f930.jkddzztszm.acm-validations.aws."
              },
              {
                "domain_name": "hellocloudteam4app.click",
                "resource_record_name": "_6edef02e34e153c2e761a03ab0a04898.hellocloudteam4app.click.",
                "resource_record_type": "CNAME",
                "resource_record_value": "_681a10f8d842a3c450b6d2c50318f930.jkddzztszm.acm-validations.aws."
              }
            ],
            "early_renewal_duration": "",
            "id": "arn:aws:acm:ap-southeast-1:810421502375:certificate/7067166b-3a7f-4f61-81a1-899156cb391b",
            "key_algorithm": "RSA_2048",
            "not_after": "",
            "not_before": "",
            "options": [
              {
                "certificate_transparency_logging_preference": "ENABLED",
                "export": "DISABLED"
              }
            ],
            "pending_renewal": false,
            "private_key": null,
            "private_key_wo": null,
            "private_key_wo_version": null,
            "region": "ap-southeast-1",
            "renewal_eligibility": "INELIGIBLE",
            "renewal_summary": [],
            "status": "PENDING_VALIDATION",
            "subject_alternative_names": [
              "*.hellocloudteam4app.click",
              "hellocloudteam4app.click"
            ],
            "tags": {
              "Name": "customer-profile-cert"
            },
            "tags_all": {
              "Name": "customer-profile-cert"
            },
            "type": "AMAZON_ISSUED",
            "validation_emails": [],
            "validation_method": "DNS",
            "validation_option": []
          },
          "sensitive_attributes": [
            [
              {
                "type": "get_attr",
                "value": "private_key"
              }
            ]
          ],
          "identity_schema_version": 0,
          "identity": {
            "arn": "arn:aws:acm:ap-southeast-1:810421502375:certificate/7067166b-3a7f-4f61-81a1-899156cb391b"
          },
          "private": "bnVsbA==",
          "create_before_destroy": true
        }
      ]
    },
    {
      "mode": "managed",
      "type": "aws_acm_certificate",
      "name": "statement",
      "provider": "provider[\"registry.terraform.io/hashicorp/aws\"]",
      "instances": [
        {
          "schema_version": 0,
          "attributes": {
            "arn": "arn:aws:acm:ap-southeast-1:810421502375:certificate/374a4ddd-bba2-434d-ab72-50762a1188c8",
            "certificate_authority_arn": "",
            "certificate_body": null,
            "certificate_chain": null,
            "domain_name": "statement.internal.hellocloudteam4app.click",
            "domain_validation_options": [
              {
                "domain_name": "statement.internal.hellocloudteam4app.click",
                "resource_record_name": "_19f28ba72615fd2dd90b5dfe78b4c132.statement.internal.hellocloudteam4app.click.",
                "resource_record_type": "CNAME",
                "resource_record_value": "_556b86a7b5e1164c31dae7fb54adbb77.jkddzztszm.acm-validations.aws."
              }
            ],
            "early_renewal_duration": "",
            "id": "arn:aws:acm:ap-southeast-1:810421502375:certificate/374a4ddd-bba2-434d-ab72-50762a1188c8",
            "key_algorithm": "RSA_2048",
            "not_after": "",
            "not_before": "",
            "options": [
              {
                "certificate_transparency_logging_preference": "ENABLED",
                "export": "DISABLED"
              }
            ],
            "pending_renewal": false,
            "private_key": null,
            "private_key_wo": null,
            "private_key_wo_version": null,
            "region": "ap-southeast-1",
            "renewal_eligibility": "INELIGIBLE",
            "renewal_summary": [],
            "status": "PENDING_VALIDATION",
            "subject_alternative_names": [
              "statement.internal.hellocloudteam4app.click"
            ],
            "tags": {
              "Name": "statement-service-cert"
            },
            "tags_all": {
              "Name": "statement-service-cert"
            },
            "type": "AMAZON_ISSUED",
            "validation_emails": [],
            "validation_method": "DNS",
            "validation_option": []
          },
          "sensitive_attributes": [
            [
              {
                "type": "get_attr",
                "value": "private_key"
              }
            ]
          ],
          "identity_schema_version": 0,
          "identity": {
            "arn": "arn:aws:acm:ap-southeast-1:810421502375:certificate/374a4ddd-bba2-434d-ab72-50762a1188c8"
          },
          "private": "bnVsbA==",
          "create_before_destroy": true
        }
      ]
    },
    {
      "mode": "managed",
      "type": "aws_acm_certificate_validation",
      "name": "account",
      "provider": "provider[\"registry.terraform.io/hashicorp/aws\"]",
      "instances": [
        {
          "schema_version": 0,
          "attributes": {
            "certificate_arn": "arn:aws:acm:ap-southeast-1:810421502375:certificate/9787727c-9f1f-447d-b69d-a4150c0a93f8",
            "id": "2026-06-18 13:25:13.457 +0000 UTC",
            "region": "ap-southeast-1",
            "timeouts": null,
            "validation_record_fqdns": [
              "_12d52a7541cf3e4b3159c3869e3e23cc.account.internal.hellocloudteam4app.click"
            ]
          },
          "sensitive_attributes": [],
          "identity_schema_version": 0,
          "identity": {
            "certificate_arn": "arn:aws:acm:ap-southeast-1:810421502375:certificate/9787727c-9f1f-447d-b69d-a4150c0a93f8"
          },
          "private": "eyJlMmJmYjczMC1lY2FhLTExZTYtOGY4OC0zNDM2M2JjN2M0YzAiOnsiY3JlYXRlIjo0NTAwMDAwMDAwMDAwfX0=",
          "dependencies": [
            "aws_acm_certificate.account",
            "aws_route53_record.account_cert_validation",
            "data.aws_route53_zone.main"
          ]
        }
      ]
    },
    {
      "mode": "managed",
      "type": "aws_acm_certificate_validation",
      "name": "customer_profile",
      "provider": "provider[\"registry.terraform.io/hashicorp/aws\"]",
      "instances": [
        {
          "schema_version": 0,
          "attributes": {
            "certificate_arn": "arn:aws:acm:ap-southeast-1:810421502375:certificate/7067166b-3a7f-4f61-81a1-899156cb391b",
            "id": "2026-06-18 13:25:14.365 +0000 UTC",
            "region": "ap-southeast-1",
            "timeouts": null,
            "validation_record_fqdns": [
              "_6edef02e34e153c2e761a03ab0a04898.hellocloudteam4app.click"
            ]
          },
          "sensitive_attributes": [],
          "identity_schema_version": 0,
          "identity": {
            "certificate_arn": "arn:aws:acm:ap-southeast-1:810421502375:certificate/7067166b-3a7f-4f61-81a1-899156cb391b"
          },
          "private": "eyJlMmJmYjczMC1lY2FhLTExZTYtOGY4OC0zNDM2M2JjN2M0YzAiOnsiY3JlYXRlIjo0NTAwMDAwMDAwMDAwfX0=",
          "dependencies": [
            "aws_acm_certificate.customer_profile",
            "aws_route53_record.customer_profile_cert_validation",
            "data.aws_route53_zone.main"
          ]
        }
      ]
    },
    {
      "mode": "managed",
      "type": "aws_acm_certificate_validation",
      "name": "statement",
      "provider": "provider[\"registry.terraform.io/hashicorp/aws\"]",
      "instances": [
        {
          "schema_version": 0,
          "attributes": {
            "certificate_arn": "arn:aws:acm:ap-southeast-1:810421502375:certificate/374a4ddd-bba2-434d-ab72-50762a1188c8",
            "id": "2026-06-18 13:25:14.109 +0000 UTC",
            "region": "ap-southeast-1",
            "timeouts": null,
            "validation_record_fqdns": [
              "_19f28ba72615fd2dd90b5dfe78b4c132.statement.internal.hellocloudteam4app.click"
            ]
          },
          "sensitive_attributes": [],
          "identity_schema_version": 0,
          "identity": {
            "certificate_arn": "arn:aws:acm:ap-southeast-1:810421502375:certificate/374a4ddd-bba2-434d-ab72-50762a1188c8"
          },
          "private": "eyJlMmJmYjczMC1lY2FhLTExZTYtOGY4OC0zNDM2M2JjN2M0YzAiOnsiY3JlYXRlIjo0NTAwMDAwMDAwMDAwfX0=",
          "dependencies": [
            "aws_acm_certificate.statement",
            "aws_route53_record.statement_cert_validation",
            "data.aws_route53_zone.main"
          ]
        }
      ]
    },
    {
      "mode": "managed",
      "type": "aws_eip",
      "name": "account_nat",
      "provider": "provider[\"registry.terraform.io/hashicorp/aws\"]",
      "instances": [
        {
          "schema_version": 0,
          "attributes": {
            "address": null,
            "allocation_id": "eipalloc-045b03a959c7fb432",
            "arn": "arn:aws:ec2:ap-southeast-1:810421502375:elastic-ip/eipalloc-045b03a959c7fb432",
            "associate_with_private_ip": null,
            "association_id": "",
            "carrier_ip": "",
            "customer_owned_ip": "",
            "customer_owned_ipv4_pool": "",
            "domain": "vpc",
            "id": "eipalloc-045b03a959c7fb432",
            "instance": "",
            "ipam_pool_id": "",
            "network_border_group": "ap-southeast-1",
            "network_interface": "",
            "private_dns": "",
            "private_ip": "",
            "ptr_record": "",
            "public_dns": "ec2-52-74-59-3.ap-southeast-1.compute.amazonaws.com",
            "public_ip": "52.74.59.3",
            "public_ipv4_pool": "amazon",
            "region": "ap-southeast-1",
            "tags": null,
            "tags_all": {},
            "timeouts": null
          },
          "sensitive_attributes": [],
          "identity_schema_version": 0,
          "identity": {
            "account_id": "810421502375",
            "id": "eipalloc-045b03a959c7fb432",
            "region": "ap-southeast-1"
          },
          "private": "eyJlMmJmYjczMC1lY2FhLTExZTYtOGY4OC0zNDM2M2JjN2M0YzAiOnsiZGVsZXRlIjoxODAwMDAwMDAwMDAsInJlYWQiOjkwMDAwMDAwMDAwMCwidXBkYXRlIjozMDAwMDAwMDAwMDB9fQ=="
        }
      ]
    },
    {
      "mode": "managed",
      "type": "aws_eip",
      "name": "customer_nat",
      "provider": "provider[\"registry.terraform.io/hashicorp/aws\"]",
      "instances": [
        {
          "schema_version": 0,
          "attributes": {
            "address": null,
            "allocation_id": "eipalloc-0f2e3e2aea34ff5c6",
            "arn": "arn:aws:ec2:ap-southeast-1:810421502375:elastic-ip/eipalloc-0f2e3e2aea34ff5c6",
            "associate_with_private_ip": null,
            "association_id": "",
            "carrier_ip": "",
            "customer_owned_ip": "",
            "customer_owned_ipv4_pool": "",
            "domain": "vpc",
            "id": "eipalloc-0f2e3e2aea34ff5c6",
            "instance": "",
            "ipam_pool_id": "",
            "network_border_group": "ap-southeast-1",
            "network_interface": "",
            "private_dns": "",
            "private_ip": "",
            "ptr_record": "",
            "public_dns": "ec2-52-220-29-212.ap-southeast-1.compute.amazonaws.com",
            "public_ip": "52.220.29.212",
            "public_ipv4_pool": "amazon",
            "region": "ap-southeast-1",
            "tags": null,
            "tags_all": {},
            "timeouts": null
          },
          "sensitive_attributes": [],
          "identity_schema_version": 0,
          "identity": {
            "account_id": "810421502375",
            "id": "eipalloc-0f2e3e2aea34ff5c6",
            "region": "ap-southeast-1"
          },
          "private": "eyJlMmJmYjczMC1lY2FhLTExZTYtOGY4OC0zNDM2M2JjN2M0YzAiOnsiZGVsZXRlIjoxODAwMDAwMDAwMDAsInJlYWQiOjkwMDAwMDAwMDAwMCwidXBkYXRlIjozMDAwMDAwMDAwMDB9fQ=="
        }
      ]
    },
    {
      "mode": "managed",
      "type": "aws_eip",
      "name": "statement_nat",
      "provider": "provider[\"registry.terraform.io/hashicorp/aws\"]",
      "instances": [
        {
          "schema_version": 0,
          "attributes": {
            "address": null,
            "allocation_id": "eipalloc-0f5fcf600812987a5",
            "arn": "arn:aws:ec2:ap-southeast-1:810421502375:elastic-ip/eipalloc-0f5fcf600812987a5",
            "associate_with_private_ip": null,
            "association_id": "",
            "carrier_ip": "",
            "customer_owned_ip": "",
            "customer_owned_ipv4_pool": "",
            "domain": "vpc",
            "id": "eipalloc-0f5fcf600812987a5",
            "instance": "",
            "ipam_pool_id": "",
            "network_border_group": "ap-southeast-1",
            "network_interface": "",
            "private_dns": "",
            "private_ip": "",
            "ptr_record": "",
            "public_dns": "ec2-47-128-163-111.ap-southeast-1.compute.amazonaws.com",
            "public_ip": "47.128.163.111",
            "public_ipv4_pool": "amazon",
            "region": "ap-southeast-1",
            "tags": null,
            "tags_all": {},
            "timeouts": null
          },
          "sensitive_attributes": [],
          "identity_schema_version": 0,
          "identity": {
            "account_id": "810421502375",
            "id": "eipalloc-0f5fcf600812987a5",
            "region": "ap-southeast-1"
          },
          "private": "eyJlMmJmYjczMC1lY2FhLTExZTYtOGY4OC0zNDM2M2JjN2M0YzAiOnsiZGVsZXRlIjoxODAwMDAwMDAwMDAsInJlYWQiOjkwMDAwMDAwMDAwMCwidXBkYXRlIjozMDAwMDAwMDAwMDB9fQ=="
        }
      ]
    },
    {
      "mode": "managed",
      "type": "aws_instance",
      "name": "account_app_a",
      "provider": "provider[\"registry.terraform.io/hashicorp/aws\"]",
      "instances": [
        {
          "schema_version": 2,
          "attributes": {
            "ami": "ami-03acbba64aef9bf5c",
            "arn": "arn:aws:ec2:ap-southeast-1:810421502375:instance/i-0fa5b72a4b062780f",
            "associate_public_ip_address": false,
            "availability_zone": "ap-southeast-1a",
            "capacity_reservation_specification": [
              {
                "capacity_reservation_preference": "open",
                "capacity_reservation_target": []
              }
            ],
            "cpu_options": [
              {
                "amd_sev_snp": "",
                "core_count": 1,
                "nested_virtualization": "",
                "threads_per_core": 2
              }
            ],
            "credit_specification": [
              {
                "cpu_credits": "unlimited"
              }
            ],
            "disable_api_stop": false,
            "disable_api_termination": false,
            "ebs_block_device": [],
            "ebs_optimized": false,
            "enable_primary_ipv6": null,
            "enclave_options": [
              {
                "enabled": false
              }
            ],
            "ephemeral_block_device": [],
            "force_destroy": false,
            "get_password_data": false,
            "hibernation": false,
            "host_id": "",
            "host_resource_group_arn": null,
            "iam_instance_profile": "",
            "id": "i-0fa5b72a4b062780f",
            "instance_initiated_shutdown_behavior": "stop",
            "instance_lifecycle": "",
            "instance_market_options": [],
            "instance_state": "running",
            "instance_type": "t3.micro",
            "ipv6_address_count": 0,
            "ipv6_addresses": [],
            "key_name": "fake-service-app-ssh-key",
            "launch_template": [],
            "maintenance_options": [
              {
                "auto_recovery": "default"
              }
            ],
            "metadata_options": [
              {
                "http_endpoint": "enabled",
                "http_protocol_ipv6": "disabled",
                "http_put_response_hop_limit": 2,
                "http_tokens": "required",
                "instance_metadata_tags": "disabled"
              }
            ],
            "monitoring": false,
            "network_interface": [],
            "outpost_arn": "",
            "password_data": "",
            "placement_group": "",
            "placement_group_id": "",
            "placement_partition_number": 0,
            "primary_network_interface": [
              {
                "delete_on_termination": true,
                "network_interface_id": "eni-0301e5ca969cd205d"
              }
            ],
            "primary_network_interface_id": "eni-0301e5ca969cd205d",
            "private_dns": "ip-172-16-2-111.ap-southeast-1.compute.internal",
            "private_dns_name_options": [
              {
                "enable_resource_name_dns_a_record": false,
                "enable_resource_name_dns_aaaa_record": false,
                "hostname_type": "ip-name"
              }
            ],
            "private_ip": "172.16.2.111",
            "public_dns": "",
            "public_ip": "",
            "region": "ap-southeast-1",
            "root_block_device": [
              {
                "delete_on_termination": true,
                "device_name": "/dev/sda1",
                "encrypted": false,
                "iops": 3000,
                "kms_key_id": "",
                "tags": {},
                "tags_all": {},
                "throughput": 125,
                "volume_id": "vol-0e17970731c95ee7f",
                "volume_size": 8,
                "volume_type": "gp3"
              }
            ],
            "secondary_network_interface": [],
            "secondary_private_ips": [],
            "security_groups": [],
            "source_dest_check": true,
            "spot_instance_request_id": "",
            "subnet_id": "subnet-0bb9cea61da60288d",
            "tags": {
              "Name": "account-app-a"
            },
            "tags_all": {
              "Name": "account-app-a"
            },
            "tenancy": "default",
            "timeouts": null,
            "user_data": "#!/bin/bash\nset -xe\n\nsudo apt-get update -y\nsudo apt-get install -y unzip curl\n\ncurl -L https://github.com/nicholasjackson/fake-service/releases/download/v0.26.2/fake_service_linux_amd64.zip -o /tmp/service.zip\nunzip -o /tmp/service.zip -d /tmp/\nsudo mv /tmp/fake-service /usr/local/bin/account-service\nsudo chmod 755 /usr/local/bin/account-service\n\ncat \u003e /etc/systemd/system/account-api.service \u003c\u003cEOF\n[Unit]\nDescription=Account API Service\nAfter=network.target\n\n[Service]\nType=simple\nUser=ubuntu\nEnvironment=\"LISTEN_ADDR=0.0.0.0:8081\"\nEnvironment=\"UPSTREAM_URIS=https://statement.internal.hellocloudteam4app.click\"\nEnvironment=\"MESSAGE=HelloCloud Bank | Retail-Banking | Account-service\"\nEnvironment=\"NAME=account\"\nExecStart=/usr/local/bin/account-service\nRestart=always\n\n[Install]\nWantedBy=multi-user.target\nEOF\n\nsudo systemctl daemon-reload\nsudo systemctl enable account-api.service\nsudo systemctl restart account-api.service",
            "user_data_base64": null,
            "user_data_replace_on_change": false,
            "volume_tags": null,
            "vpc_security_group_ids": [
              "sg-01e225d143b171c3c"
            ]
          },
          "sensitive_attributes": [],
          "identity_schema_version": 0,
          "identity": {
            "account_id": "810421502375",
            "id": "i-0fa5b72a4b062780f",
            "region": "ap-southeast-1"
          },
          "private": "eyJlMmJmYjczMC1lY2FhLTExZTYtOGY4OC0zNDM2M2JjN2M0YzAiOnsiY3JlYXRlIjo2MDAwMDAwMDAwMDAsImRlbGV0ZSI6MTIwMDAwMDAwMDAwMCwicmVhZCI6OTAwMDAwMDAwMDAwLCJ1cGRhdGUiOjYwMDAwMDAwMDAwMH0sInNjaGVtYV92ZXJzaW9uIjoiMiJ9",
          "dependencies": [
            "aws_instance.statement_app_a",
            "aws_instance.statement_app_b",
            "aws_key_pair.fake_service_app",
            "aws_lb.statement",
            "aws_security_group.account_alb",
            "aws_security_group.account_ec2",
            "aws_security_group.statement_alb",
            "aws_security_group.statement_ec2",
            "aws_subnet.account_private_a",
            "aws_subnet.statement_private_a",
            "aws_subnet.statement_private_b",
            "aws_vpc.account",
            "aws_vpc.statement",
            "data.aws_ami.ubuntu",
            "tls_private_key.fake_service_app"
          ]
        }
      ]
    },
    {
      "mode": "managed",
      "type": "aws_instance",
      "name": "account_app_b",
      "provider": "provider[\"registry.terraform.io/hashicorp/aws\"]",
      "instances": [
        {
          "schema_version": 2,
          "attributes": {
            "ami": "ami-03acbba64aef9bf5c",
            "arn": "arn:aws:ec2:ap-southeast-1:810421502375:instance/i-035adb5a075f3768b",
            "associate_public_ip_address": false,
            "availability_zone": "ap-southeast-1b",
            "capacity_reservation_specification": [
              {
                "capacity_reservation_preference": "open",
                "capacity_reservation_target": []
              }
            ],
            "cpu_options": [
              {
                "amd_sev_snp": "",
                "core_count": 1,
                "nested_virtualization": "",
                "threads_per_core": 2
              }
            ],
            "credit_specification": [
              {
                "cpu_credits": "unlimited"
              }
            ],
            "disable_api_stop": false,
            "disable_api_termination": false,
            "ebs_block_device": [],
            "ebs_optimized": false,
            "enable_primary_ipv6": null,
            "enclave_options": [
              {
                "enabled": false
              }
            ],
            "ephemeral_block_device": [],
            "force_destroy": false,
            "get_password_data": false,
            "hibernation": false,
            "host_id": "",
            "host_resource_group_arn": null,
            "iam_instance_profile": "",
            "id": "i-035adb5a075f3768b",
            "instance_initiated_shutdown_behavior": "stop",
            "instance_lifecycle": "",
            "instance_market_options": [],
            "instance_state": "running",
            "instance_type": "t3.micro",
            "ipv6_address_count": 0,
            "ipv6_addresses": [],
            "key_name": "fake-service-app-ssh-key",
            "launch_template": [],
            "maintenance_options": [
              {
                "auto_recovery": "default"
              }
            ],
            "metadata_options": [
              {
                "http_endpoint": "enabled",
                "http_protocol_ipv6": "disabled",
                "http_put_response_hop_limit": 2,
                "http_tokens": "required",
                "instance_metadata_tags": "disabled"
              }
            ],
            "monitoring": false,
            "network_interface": [],
            "outpost_arn": "",
            "password_data": "",
            "placement_group": "",
            "placement_group_id": "",
            "placement_partition_number": 0,
            "primary_network_interface": [
              {
                "delete_on_termination": true,
                "network_interface_id": "eni-06c38f750fa1f3cd5"
              }
            ],
            "primary_network_interface_id": "eni-06c38f750fa1f3cd5",
            "private_dns": "ip-172-16-3-52.ap-southeast-1.compute.internal",
            "private_dns_name_options": [
              {
                "enable_resource_name_dns_a_record": false,
                "enable_resource_name_dns_aaaa_record": false,
                "hostname_type": "ip-name"
              }
            ],
            "private_ip": "172.16.3.52",
            "public_dns": "",
            "public_ip": "",
            "region": "ap-southeast-1",
            "root_block_device": [
              {
                "delete_on_termination": true,
                "device_name": "/dev/sda1",
                "encrypted": false,
                "iops": 3000,
                "kms_key_id": "",
                "tags": {},
                "tags_all": {},
                "throughput": 125,
                "volume_id": "vol-0d0eb908090804b1e",
                "volume_size": 8,
                "volume_type": "gp3"
              }
            ],
            "secondary_network_interface": [],
            "secondary_private_ips": [],
            "security_groups": [],
            "source_dest_check": true,
            "spot_instance_request_id": "",
            "subnet_id": "subnet-057e14858003920ac",
            "tags": {
              "Name": "account-app-b"
            },
            "tags_all": {
              "Name": "account-app-b"
            },
            "tenancy": "default",
            "timeouts": null,
            "user_data": "#!/bin/bash\nset -xe\n\nsudo apt-get update -y\nsudo apt-get install -y unzip curl\n\ncurl -L https://github.com/nicholasjackson/fake-service/releases/download/v0.26.2/fake_service_linux_amd64.zip -o /tmp/service.zip\nunzip -o /tmp/service.zip -d /tmp/\nsudo mv /tmp/fake-service /usr/local/bin/account-service\nsudo chmod 755 /usr/local/bin/account-service\n\ncat \u003e /etc/systemd/system/account-api.service \u003c\u003cEOF\n[Unit]\nDescription=Account API Service\nAfter=network.target\n\n[Service]\nType=simple\nUser=ubuntu\nEnvironment=\"LISTEN_ADDR=0.0.0.0:8081\"\nEnvironment=\"UPSTREAM_URIS=https://statement.internal.hellocloudteam4app.click\"\nEnvironment=\"MESSAGE=HelloCloud Bank | Retail-Banking | Account-service\"\nEnvironment=\"NAME=account\"\nExecStart=/usr/local/bin/account-service\nRestart=always\n\n[Install]\nWantedBy=multi-user.target\nEOF\n\nsudo systemctl daemon-reload\nsudo systemctl enable account-api.service\nsudo systemctl restart account-api.service",
            "user_data_base64": null,
            "user_data_replace_on_change": false,
            "volume_tags": null,
            "vpc_security_group_ids": [
              "sg-01e225d143b171c3c"
            ]
          },
          "sensitive_attributes": [],
          "identity_schema_version": 0,
          "identity": {
            "account_id": "810421502375",
            "id": "i-035adb5a075f3768b",
            "region": "ap-southeast-1"
          },
          "private": "eyJlMmJmYjczMC1lY2FhLTExZTYtOGY4OC0zNDM2M2JjN2M0YzAiOnsiY3JlYXRlIjo2MDAwMDAwMDAwMDAsImRlbGV0ZSI6MTIwMDAwMDAwMDAwMCwicmVhZCI6OTAwMDAwMDAwMDAwLCJ1cGRhdGUiOjYwMDAwMDAwMDAwMH0sInNjaGVtYV92ZXJzaW9uIjoiMiJ9",
          "dependencies": [
            "aws_instance.statement_app_a",
            "aws_instance.statement_app_b",
            "aws_key_pair.fake_service_app",
            "aws_lb.statement",
            "aws_security_group.account_alb",
            "aws_security_group.account_ec2",
            "aws_security_group.statement_alb",
            "aws_security_group.statement_ec2",
            "aws_subnet.account_private_b",
            "aws_subnet.statement_private_a",
            "aws_subnet.statement_private_b",
            "aws_vpc.account",
            "aws_vpc.statement",
            "data.aws_ami.ubuntu",
            "tls_private_key.fake_service_app"
          ]
        }
      ]
    },
    {
      "mode": "managed",
      "type": "aws_instance",
      "name": "bastion",
      "provider": "provider[\"registry.terraform.io/hashicorp/aws\"]",
      "instances": [
        {
          "schema_version": 2,
          "attributes": {
            "ami": "ami-03acbba64aef9bf5c",
            "arn": "arn:aws:ec2:ap-southeast-1:810421502375:instance/i-0486256469349a7d0",
            "associate_public_ip_address": true,
            "availability_zone": "ap-southeast-1a",
            "capacity_reservation_specification": [
              {
                "capacity_reservation_preference": "open",
                "capacity_reservation_target": []
              }
            ],
            "cpu_options": [
              {
                "amd_sev_snp": "",
                "core_count": 1,
                "nested_virtualization": "",
                "threads_per_core": 2
              }
            ],
            "credit_specification": [
              {
                "cpu_credits": "unlimited"
              }
            ],
            "disable_api_stop": false,
            "disable_api_termination": false,
            "ebs_block_device": [],
            "ebs_optimized": false,
            "enable_primary_ipv6": null,
            "enclave_options": [
              {
                "enabled": false
              }
            ],
            "ephemeral_block_device": [],
            "force_destroy": false,
            "get_password_data": false,
            "hibernation": false,
            "host_id": "",
            "host_resource_group_arn": null,
            "iam_instance_profile": "",
            "id": "i-0486256469349a7d0",
            "instance_initiated_shutdown_behavior": "stop",
            "instance_lifecycle": "",
            "instance_market_options": [],
            "instance_state": "running",
            "instance_type": "t3.micro",
            "ipv6_address_count": 0,
            "ipv6_addresses": [],
            "key_name": "fake-service-app-ssh-key",
            "launch_template": [],
            "maintenance_options": [
              {
                "auto_recovery": "default"
              }
            ],
            "metadata_options": [
              {
                "http_endpoint": "enabled",
                "http_protocol_ipv6": "disabled",
                "http_put_response_hop_limit": 2,
                "http_tokens": "required",
                "instance_metadata_tags": "disabled"
              }
            ],
            "monitoring": false,
            "network_interface": [],
            "outpost_arn": "",
            "password_data": "",
            "placement_group": "",
            "placement_group_id": "",
            "placement_partition_number": 0,
            "primary_network_interface": [
              {
                "delete_on_termination": true,
                "network_interface_id": "eni-0431ee6170bc16a8b"
              }
            ],
            "primary_network_interface_id": "eni-0431ee6170bc16a8b",
            "private_dns": "ip-10-0-1-190.ap-southeast-1.compute.internal",
            "private_dns_name_options": [
              {
                "enable_resource_name_dns_a_record": false,
                "enable_resource_name_dns_aaaa_record": false,
                "hostname_type": "ip-name"
              }
            ],
            "private_ip": "10.0.1.190",
            "public_dns": "ec2-54-255-140-118.ap-southeast-1.compute.amazonaws.com",
            "public_ip": "54.255.140.118",
            "region": "ap-southeast-1",
            "root_block_device": [
              {
                "delete_on_termination": true,
                "device_name": "/dev/sda1",
                "encrypted": false,
                "iops": 3000,
                "kms_key_id": "",
                "tags": {},
                "tags_all": {},
                "throughput": 125,
                "volume_id": "vol-095c0bc8c676aec23",
                "volume_size": 8,
                "volume_type": "gp3"
              }
            ],
            "secondary_network_interface": [],
            "secondary_private_ips": [],
            "security_groups": [],
            "source_dest_check": true,
            "spot_instance_request_id": "",
            "subnet_id": "subnet-079e98b10ba73f513",
            "tags": {
              "Name": "bastion"
            },
            "tags_all": {
              "Name": "bastion"
            },
            "tenancy": "default",
            "timeouts": null,
            "user_data": null,
            "user_data_base64": null,
            "user_data_replace_on_change": false,
            "volume_tags": null,
            "vpc_security_group_ids": [
              "sg-0de042a6779e852e3"
            ]
          },
          "sensitive_attributes": [],
          "identity_schema_version": 0,
          "identity": {
            "account_id": "810421502375",
            "id": "i-0486256469349a7d0",
            "region": "ap-southeast-1"
          },
          "private": "eyJlMmJmYjczMC1lY2FhLTExZTYtOGY4OC0zNDM2M2JjN2M0YzAiOnsiY3JlYXRlIjo2MDAwMDAwMDAwMDAsImRlbGV0ZSI6MTIwMDAwMDAwMDAwMCwicmVhZCI6OTAwMDAwMDAwMDAwLCJ1cGRhdGUiOjYwMDAwMDAwMDAwMH0sInNjaGVtYV92ZXJzaW9uIjoiMiJ9",
          "dependencies": [
            "aws_key_pair.fake_service_app",
            "aws_security_group.bastion",
            "aws_subnet.customer_public_a",
            "aws_vpc.customer-profile",
            "data.aws_ami.ubuntu",
            "local_file.private_key",
            "tls_private_key.fake_service_app"
          ]
        }
      ]
    },
    {
      "mode": "managed",
      "type": "aws_instance",
      "name": "customer_profile_app_a",
      "provider": "provider[\"registry.terraform.io/hashicorp/aws\"]",
      "instances": [
        {
          "schema_version": 2,
          "attributes": {
            "ami": "ami-03acbba64aef9bf5c",
            "arn": "arn:aws:ec2:ap-southeast-1:810421502375:instance/i-014767dbc5ccec302",
            "associate_public_ip_address": false,
            "availability_zone": "ap-southeast-1a",
            "capacity_reservation_specification": [
              {
                "capacity_reservation_preference": "open",
                "capacity_reservation_target": []
              }
            ],
            "cpu_options": [
              {
                "amd_sev_snp": "",
                "core_count": 1,
                "nested_virtualization": "",
                "threads_per_core": 2
              }
            ],
            "credit_specification": [
              {
                "cpu_credits": "unlimited"
              }
            ],
            "disable_api_stop": false,
            "disable_api_termination": false,
            "ebs_block_device": [],
            "ebs_optimized": false,
            "enable_primary_ipv6": null,
            "enclave_options": [
              {
                "enabled": false
              }
            ],
            "ephemeral_block_device": [],
            "force_destroy": false,
            "get_password_data": false,
            "hibernation": false,
            "host_id": "",
            "host_resource_group_arn": null,
            "iam_instance_profile": "",
            "id": "i-014767dbc5ccec302",
            "instance_initiated_shutdown_behavior": "stop",
            "instance_lifecycle": "",
            "instance_market_options": [],
            "instance_state": "running",
            "instance_type": "t3.micro",
            "ipv6_address_count": 0,
            "ipv6_addresses": [],
            "key_name": "fake-service-app-ssh-key",
            "launch_template": [],
            "maintenance_options": [
              {
                "auto_recovery": "default"
              }
            ],
            "metadata_options": [
              {
                "http_endpoint": "enabled",
                "http_protocol_ipv6": "disabled",
                "http_put_response_hop_limit": 2,
                "http_tokens": "required",
                "instance_metadata_tags": "disabled"
              }
            ],
            "monitoring": false,
            "network_interface": [],
            "outpost_arn": "",
            "password_data": "",
            "placement_group": "",
            "placement_group_id": "",
            "placement_partition_number": 0,
            "primary_network_interface": [
              {
                "delete_on_termination": true,
                "network_interface_id": "eni-0faa833b1b9d8213a"
              }
            ],
            "primary_network_interface_id": "eni-0faa833b1b9d8213a",
            "private_dns": "ip-10-0-2-207.ap-southeast-1.compute.internal",
            "private_dns_name_options": [
              {
                "enable_resource_name_dns_a_record": false,
                "enable_resource_name_dns_aaaa_record": false,
                "hostname_type": "ip-name"
              }
            ],
            "private_ip": "10.0.2.207",
            "public_dns": "",
            "public_ip": "",
            "region": "ap-southeast-1",
            "root_block_device": [
              {
                "delete_on_termination": true,
                "device_name": "/dev/sda1",
                "encrypted": false,
                "iops": 3000,
                "kms_key_id": "",
                "tags": {},
                "tags_all": {},
                "throughput": 125,
                "volume_id": "vol-042eaddbff867574c",
                "volume_size": 8,
                "volume_type": "gp3"
              }
            ],
            "secondary_network_interface": [],
            "secondary_private_ips": [],
            "security_groups": [],
            "source_dest_check": true,
            "spot_instance_request_id": "",
            "subnet_id": "subnet-02455e5f63d04ebef",
            "tags": {
              "Name": "customer-profile-app-a"
            },
            "tags_all": {
              "Name": "customer-profile-app-a"
            },
            "tenancy": "default",
            "timeouts": null,
            "user_data": "#!/bin/bash\nset -xe\n\nsudo apt-get update -y\nsudo apt-get install -y unzip curl\n\ncurl -L https://github.com/nicholasjackson/fake-service/releases/download/v0.26.2/fake_service_linux_amd64.zip -o /tmp/service.zip\nunzip -o /tmp/service.zip -d /tmp/\nsudo mv /tmp/fake-service /usr/local/bin/customer-profile-service\nsudo chmod 755 /usr/local/bin/customer-profile-service\n\ncat \u003e /etc/systemd/system/customer-profile-api.service \u003c\u003cEOF\n[Unit]\nDescription=Customer Profile API Service\nAfter=network.target\n\n[Service]\nType=simple\nUser=ubuntu\nEnvironment=\"LISTEN_ADDR=0.0.0.0:8080\"\nEnvironment=\"UPSTREAM_URIS=https://account.internal.hellocloudteam4app.click\"\nEnvironment=\"MESSAGE=HelloCloud Bank | Retail-Banking | Customer-profile-service\"\nEnvironment=\"NAME=customer-profile\"\nExecStart=/usr/local/bin/customer-profile-service\nRestart=always\n\n[Install]\nWantedBy=multi-user.target\nEOF\n\nsudo systemctl daemon-reload\nsudo systemctl enable customer-profile-api.service\nsudo systemctl restart customer-profile-api.service",
            "user_data_base64": null,
            "user_data_replace_on_change": false,
            "volume_tags": null,
            "vpc_security_group_ids": [
              "sg-099a3c86b74842342"
            ]
          },
          "sensitive_attributes": [],
          "identity_schema_version": 0,
          "identity": {
            "account_id": "810421502375",
            "id": "i-014767dbc5ccec302",
            "region": "ap-southeast-1"
          },
          "private": "eyJlMmJmYjczMC1lY2FhLTExZTYtOGY4OC0zNDM2M2JjN2M0YzAiOnsiY3JlYXRlIjo2MDAwMDAwMDAwMDAsImRlbGV0ZSI6MTIwMDAwMDAwMDAwMCwicmVhZCI6OTAwMDAwMDAwMDAwLCJ1cGRhdGUiOjYwMDAwMDAwMDAwMH0sInNjaGVtYV92ZXJzaW9uIjoiMiJ9",
          "dependencies": [
            "aws_instance.account_app_a",
            "aws_instance.account_app_b",
            "aws_instance.statement_app_a",
            "aws_instance.statement_app_b",
            "aws_key_pair.fake_service_app",
            "aws_lb.account",
            "aws_lb.statement",
            "aws_security_group.account_alb",
            "aws_security_group.account_ec2",
            "aws_security_group.bastion",
            "aws_security_group.customer_profile_alb",
            "aws_security_group.customer_profile_ec2",
            "aws_security_group.statement_alb",
            "aws_security_group.statement_ec2",
            "aws_subnet.account_private_a",
            "aws_subnet.account_private_b",
            "aws_subnet.customer_private_a",
            "aws_subnet.statement_private_a",
            "aws_subnet.statement_private_b",
            "aws_vpc.account",
            "aws_vpc.customer-profile",
            "aws_vpc.statement",
            "data.aws_ami.ubuntu",
            "tls_private_key.fake_service_app"
          ]
        }
      ]
    },
    {
      "mode": "managed",
      "type": "aws_instance",
      "name": "customer_profile_app_b",
      "provider": "provider[\"registry.terraform.io/hashicorp/aws\"]",
      "instances": [
        {
          "schema_version": 2,
          "attributes": {
            "ami": "ami-03acbba64aef9bf5c",
            "arn": "arn:aws:ec2:ap-southeast-1:810421502375:instance/i-0a4f8436cff815b9e",
            "associate_public_ip_address": false,
            "availability_zone": "ap-southeast-1b",
            "capacity_reservation_specification": [
              {
                "capacity_reservation_preference": "open",
                "capacity_reservation_target": []
              }
            ],
            "cpu_options": [
              {
                "amd_sev_snp": "",
                "core_count": 1,
                "nested_virtualization": "",
                "threads_per_core": 2
              }
            ],
            "credit_specification": [
              {
                "cpu_credits": "unlimited"
              }
            ],
            "disable_api_stop": false,
            "disable_api_termination": false,
            "ebs_block_device": [],
            "ebs_optimized": false,
            "enable_primary_ipv6": null,
            "enclave_options": [
              {
                "enabled": false
              }
            ],
            "ephemeral_block_device": [],
            "force_destroy": false,
            "get_password_data": false,
            "hibernation": false,
            "host_id": "",
            "host_resource_group_arn": null,
            "iam_instance_profile": "",
            "id": "i-0a4f8436cff815b9e",
            "instance_initiated_shutdown_behavior": "stop",
            "instance_lifecycle": "",
            "instance_market_options": [],
            "instance_state": "running",
            "instance_type": "t3.micro",
            "ipv6_address_count": 0,
            "ipv6_addresses": [],
            "key_name": "fake-service-app-ssh-key",
            "launch_template": [],
            "maintenance_options": [
              {
                "auto_recovery": "default"
              }
            ],
            "metadata_options": [
              {
                "http_endpoint": "enabled",
                "http_protocol_ipv6": "disabled",
                "http_put_response_hop_limit": 2,
                "http_tokens": "required",
                "instance_metadata_tags": "disabled"
              }
            ],
            "monitoring": false,
            "network_interface": [],
            "outpost_arn": "",
            "password_data": "",
            "placement_group": "",
            "placement_group_id": "",
            "placement_partition_number": 0,
            "primary_network_interface": [
              {
                "delete_on_termination": true,
                "network_interface_id": "eni-06da6754e7c8ec2a7"
              }
            ],
            "primary_network_interface_id": "eni-06da6754e7c8ec2a7",
            "private_dns": "ip-10-0-3-72.ap-southeast-1.compute.internal",
            "private_dns_name_options": [
              {
                "enable_resource_name_dns_a_record": false,
                "enable_resource_name_dns_aaaa_record": false,
                "hostname_type": "ip-name"
              }
            ],
            "private_ip": "10.0.3.72",
            "public_dns": "",
            "public_ip": "",
            "region": "ap-southeast-1",
            "root_block_device": [
              {
                "delete_on_termination": true,
                "device_name": "/dev/sda1",
                "encrypted": false,
                "iops": 3000,
                "kms_key_id": "",
                "tags": {},
                "tags_all": {},
                "throughput": 125,
                "volume_id": "vol-031cb606f67a4d6a1",
                "volume_size": 8,
                "volume_type": "gp3"
              }
            ],
            "secondary_network_interface": [],
            "secondary_private_ips": [],
            "security_groups": [],
            "source_dest_check": true,
            "spot_instance_request_id": "",
            "subnet_id": "subnet-0552277bcb0935e4d",
            "tags": {
              "Name": "customer-profile-app-b"
            },
            "tags_all": {
              "Name": "customer-profile-app-b"
            },
            "tenancy": "default",
            "timeouts": null,
            "user_data": "#!/bin/bash\nset -xe\n\nsudo apt-get update -y\nsudo apt-get install -y unzip curl\n\ncurl -L https://github.com/nicholasjackson/fake-service/releases/download/v0.26.2/fake_service_linux_amd64.zip -o /tmp/service.zip\nunzip -o /tmp/service.zip -d /tmp/\nsudo mv /tmp/fake-service /usr/local/bin/customer-profile-service\nsudo chmod 755 /usr/local/bin/customer-profile-service\n\ncat \u003e /etc/systemd/system/customer-profile-api.service \u003c\u003cEOF\n[Unit]\nDescription=Customer Profile API Service\nAfter=network.target\n\n[Service]\nType=simple\nUser=ubuntu\nEnvironment=\"LISTEN_ADDR=0.0.0.0:8080\"\nEnvironment=\"UPSTREAM_URIS=https://account.internal.hellocloudteam4app.click\"\nEnvironment=\"MESSAGE=HelloCloud Bank | Retail-Banking | Customer-profile-service\"\nEnvironment=\"NAME=customer-profile\"\nExecStart=/usr/local/bin/customer-profile-service\nRestart=always\n\n[Install]\nWantedBy=multi-user.target\nEOF\n\nsudo systemctl daemon-reload\nsudo systemctl enable customer-profile-api.service\nsudo systemctl restart customer-profile-api.service",
            "user_data_base64": null,
            "user_data_replace_on_change": false,
            "volume_tags": null,
            "vpc_security_group_ids": [
              "sg-099a3c86b74842342"
            ]
          },
          "sensitive_attributes": [],
          "identity_schema_version": 0,
          "identity": {
            "account_id": "810421502375",
            "id": "i-0a4f8436cff815b9e",
            "region": "ap-southeast-1"
          },
          "private": "eyJlMmJmYjczMC1lY2FhLTExZTYtOGY4OC0zNDM2M2JjN2M0YzAiOnsiY3JlYXRlIjo2MDAwMDAwMDAwMDAsImRlbGV0ZSI6MTIwMDAwMDAwMDAwMCwicmVhZCI6OTAwMDAwMDAwMDAwLCJ1cGRhdGUiOjYwMDAwMDAwMDAwMH0sInNjaGVtYV92ZXJzaW9uIjoiMiJ9",
          "dependencies": [
            "aws_instance.account_app_a",
            "aws_instance.account_app_b",
            "aws_instance.statement_app_a",
            "aws_instance.statement_app_b",
            "aws_key_pair.fake_service_app",
            "aws_lb.account",
            "aws_lb.statement",
            "aws_security_group.account_alb",
            "aws_security_group.account_ec2",
            "aws_security_group.bastion",
            "aws_security_group.customer_profile_alb",
            "aws_security_group.customer_profile_ec2",
            "aws_security_group.statement_alb",
            "aws_security_group.statement_ec2",
            "aws_subnet.account_private_a",
            "aws_subnet.account_private_b",
            "aws_subnet.customer_private_b",
            "aws_subnet.statement_private_a",
            "aws_subnet.statement_private_b",
            "aws_vpc.account",
            "aws_vpc.customer-profile",
            "aws_vpc.statement",
            "data.aws_ami.ubuntu",
            "tls_private_key.fake_service_app"
          ]
        }
      ]
    },
    {
      "mode": "managed",
      "type": "aws_instance",
      "name": "statement_app_a",
      "provider": "provider[\"registry.terraform.io/hashicorp/aws\"]",
      "instances": [
        {
          "schema_version": 2,
          "attributes": {
            "ami": "ami-03acbba64aef9bf5c",
            "arn": "arn:aws:ec2:ap-southeast-1:810421502375:instance/i-04e9ec24ce5ab573e",
            "associate_public_ip_address": false,
            "availability_zone": "ap-southeast-1a",
            "capacity_reservation_specification": [
              {
                "capacity_reservation_preference": "open",
                "capacity_reservation_target": []
              }
            ],
            "cpu_options": [
              {
                "amd_sev_snp": "",
                "core_count": 1,
                "nested_virtualization": "",
                "threads_per_core": 2
              }
            ],
            "credit_specification": [
              {
                "cpu_credits": "unlimited"
              }
            ],
            "disable_api_stop": false,
            "disable_api_termination": false,
            "ebs_block_device": [],
            "ebs_optimized": false,
            "enable_primary_ipv6": null,
            "enclave_options": [
              {
                "enabled": false
              }
            ],
            "ephemeral_block_device": [],
            "force_destroy": false,
            "get_password_data": false,
            "hibernation": false,
            "host_id": "",
            "host_resource_group_arn": null,
            "iam_instance_profile": "",
            "id": "i-04e9ec24ce5ab573e",
            "instance_initiated_shutdown_behavior": "stop",
            "instance_lifecycle": "",
            "instance_market_options": [],
            "instance_state": "running",
            "instance_type": "t3.micro",
            "ipv6_address_count": 0,
            "ipv6_addresses": [],
            "key_name": "fake-service-app-ssh-key",
            "launch_template": [],
            "maintenance_options": [
              {
                "auto_recovery": "default"
              }
            ],
            "metadata_options": [
              {
                "http_endpoint": "enabled",
                "http_protocol_ipv6": "disabled",
                "http_put_response_hop_limit": 2,
                "http_tokens": "required",
                "instance_metadata_tags": "disabled"
              }
            ],
            "monitoring": false,
            "network_interface": [],
            "outpost_arn": "",
            "password_data": "",
            "placement_group": "",
            "placement_group_id": "",
            "placement_partition_number": 0,
            "primary_network_interface": [
              {
                "delete_on_termination": true,
                "network_interface_id": "eni-0c45737975ecfbf8f"
              }
            ],
            "primary_network_interface_id": "eni-0c45737975ecfbf8f",
            "private_dns": "ip-192-168-2-201.ap-southeast-1.compute.internal",
            "private_dns_name_options": [
              {
                "enable_resource_name_dns_a_record": false,
                "enable_resource_name_dns_aaaa_record": false,
                "hostname_type": "ip-name"
              }
            ],
            "private_ip": "192.168.2.201",
            "public_dns": "",
            "public_ip": "",
            "region": "ap-southeast-1",
            "root_block_device": [
              {
                "delete_on_termination": true,
                "device_name": "/dev/sda1",
                "encrypted": false,
                "iops": 3000,
                "kms_key_id": "",
                "tags": {},
                "tags_all": {},
                "throughput": 125,
                "volume_id": "vol-0e4b12e2a82f8a99d",
                "volume_size": 8,
                "volume_type": "gp3"
              }
            ],
            "secondary_network_interface": [],
            "secondary_private_ips": [],
            "security_groups": [],
            "source_dest_check": true,
            "spot_instance_request_id": "",
            "subnet_id": "subnet-02ef7e2d3d957b5e7",
            "tags": {
              "Name": "statement-app-a"
            },
            "tags_all": {
              "Name": "statement-app-a"
            },
            "tenancy": "default",
            "timeouts": null,
            "user_data": "#!/bin/bash\nset -xe\n\nsudo apt-get update -y\nsudo apt-get install -y unzip curl\n\ncurl -L https://github.com/nicholasjackson/fake-service/releases/download/v0.26.2/fake_service_linux_amd64.zip -o /tmp/service.zip\nunzip -o /tmp/service.zip -d /tmp/\nsudo mv /tmp/fake-service /usr/local/bin/statement-service\nsudo chmod 755 /usr/local/bin/statement-service\n\ncat \u003e /etc/systemd/system/statement-api.service \u003c\u003cEOF\n[Unit]\nDescription=Statement API Service\nAfter=network.target\n\n[Service]\nType=simple\nUser=ubuntu\nEnvironment=\"LISTEN_ADDR=0.0.0.0:8082\"\nEnvironment=\"MESSAGE=HelloCloud Bank | Retail-Banking | Statement-service\"\nEnvironment=\"NAME=statement\"\nExecStart=/usr/local/bin/statement-service\nRestart=always\n\n[Install]\nWantedBy=multi-user.target\nEOF\n\nsudo systemctl daemon-reload\nsudo systemctl enable statement-api.service\nsudo systemctl restart statement-api.service",
            "user_data_base64": null,
            "user_data_replace_on_change": false,
            "volume_tags": null,
            "vpc_security_group_ids": [
              "sg-0e6694806d06308c0"
            ]
          },
          "sensitive_attributes": [],
          "identity_schema_version": 0,
          "identity": {
            "account_id": "810421502375",
            "id": "i-04e9ec24ce5ab573e",
            "region": "ap-southeast-1"
          },
          "private": "eyJlMmJmYjczMC1lY2FhLTExZTYtOGY4OC0zNDM2M2JjN2M0YzAiOnsiY3JlYXRlIjo2MDAwMDAwMDAwMDAsImRlbGV0ZSI6MTIwMDAwMDAwMDAwMCwicmVhZCI6OTAwMDAwMDAwMDAwLCJ1cGRhdGUiOjYwMDAwMDAwMDAwMH0sInNjaGVtYV92ZXJzaW9uIjoiMiJ9",
          "dependencies": [
            "aws_key_pair.fake_service_app",
            "aws_security_group.statement_alb",
            "aws_security_group.statement_ec2",
            "aws_subnet.statement_private_a",
            "aws_vpc.statement",
            "data.aws_ami.ubuntu",
            "tls_private_key.fake_service_app"
          ]
        }
      ]
    },
    {
      "mode": "managed",
      "type": "aws_instance",
      "name": "statement_app_b",
      "provider": "provider[\"registry.terraform.io/hashicorp/aws\"]",
      "instances": [
        {
          "schema_version": 2,
          "attributes": {
            "ami": "ami-03acbba64aef9bf5c",
            "arn": "arn:aws:ec2:ap-southeast-1:810421502375:instance/i-0b76f3c5287501aa1",
            "associate_public_ip_address": false,
            "availability_zone": "ap-southeast-1b",
            "capacity_reservation_specification": [
              {
                "capacity_reservation_preference": "open",
                "capacity_reservation_target": []
              }
            ],
            "cpu_options": [
              {
                "amd_sev_snp": "",
                "core_count": 1,
                "nested_virtualization": "",
                "threads_per_core": 2
              }
            ],
            "credit_specification": [
              {
                "cpu_credits": "unlimited"
              }
            ],
            "disable_api_stop": false,
            "disable_api_termination": false,
            "ebs_block_device": [],
            "ebs_optimized": false,
            "enable_primary_ipv6": null,
            "enclave_options": [
              {
                "enabled": false
              }
            ],
            "ephemeral_block_device": [],
            "force_destroy": false,
            "get_password_data": false,
            "hibernation": false,
            "host_id": "",
            "host_resource_group_arn": null,
            "iam_instance_profile": "",
            "id": "i-0b76f3c5287501aa1",
            "instance_initiated_shutdown_behavior": "stop",
            "instance_lifecycle": "",
            "instance_market_options": [],
            "instance_state": "running",
            "instance_type": "t3.micro",
            "ipv6_address_count": 0,
            "ipv6_addresses": [],
            "key_name": "fake-service-app-ssh-key",
            "launch_template": [],
            "maintenance_options": [
              {
                "auto_recovery": "default"
              }
            ],
            "metadata_options": [
              {
                "http_endpoint": "enabled",
                "http_protocol_ipv6": "disabled",
                "http_put_response_hop_limit": 2,
                "http_tokens": "required",
                "instance_metadata_tags": "disabled"
              }
            ],
            "monitoring": false,
            "network_interface": [],
            "outpost_arn": "",
            "password_data": "",
            "placement_group": "",
            "placement_group_id": "",
            "placement_partition_number": 0,
            "primary_network_interface": [
              {
                "delete_on_termination": true,
                "network_interface_id": "eni-0b5f6285612b1a7d0"
              }
            ],
            "primary_network_interface_id": "eni-0b5f6285612b1a7d0",
            "private_dns": "ip-192-168-3-19.ap-southeast-1.compute.internal",
            "private_dns_name_options": [
              {
                "enable_resource_name_dns_a_record": false,
                "enable_resource_name_dns_aaaa_record": false,
                "hostname_type": "ip-name"
              }
            ],
            "private_ip": "192.168.3.19",
            "public_dns": "",
            "public_ip": "",
            "region": "ap-southeast-1",
            "root_block_device": [
              {
                "delete_on_termination": true,
                "device_name": "/dev/sda1",
                "encrypted": false,
                "iops": 3000,
                "kms_key_id": "",
                "tags": {},
                "tags_all": {},
                "throughput": 125,
                "volume_id": "vol-018dd6ef6704b18ea",
                "volume_size": 8,
                "volume_type": "gp3"
              }
            ],
            "secondary_network_interface": [],
            "secondary_private_ips": [],
            "security_groups": [],
            "source_dest_check": true,
            "spot_instance_request_id": "",
            "subnet_id": "subnet-08e08c555f5ea0f0f",
            "tags": {
              "Name": "statement-app-b"
            },
            "tags_all": {
              "Name": "statement-app-b"
            },
            "tenancy": "default",
            "timeouts": null,
            "user_data": "#!/bin/bash\nset -xe\n\nsudo apt-get update -y\nsudo apt-get install -y unzip curl\n\ncurl -L https://github.com/nicholasjackson/fake-service/releases/download/v0.26.2/fake_service_linux_amd64.zip -o /tmp/service.zip\nunzip -o /tmp/service.zip -d /tmp/\nsudo mv /tmp/fake-service /usr/local/bin/statement-service\nsudo chmod 755 /usr/local/bin/statement-service\n\ncat \u003e /etc/systemd/system/statement-api.service \u003c\u003cEOF\n[Unit]\nDescription=Statement API Service\nAfter=network.target\n\n[Service]\nType=simple\nUser=ubuntu\nEnvironment=\"LISTEN_ADDR=0.0.0.0:8082\"\nEnvironment=\"MESSAGE=HelloCloud Bank | Retail-Banking | Statement-service\"\nEnvironment=\"NAME=statement\"\nExecStart=/usr/local/bin/statement-service\nRestart=always\n\n[Install]\nWantedBy=multi-user.target\nEOF\n\nsudo systemctl daemon-reload\nsudo systemctl enable statement-api.service\nsudo systemctl restart statement-api.service",
            "user_data_base64": null,
            "user_data_replace_on_change": false,
            "volume_tags": null,
            "vpc_security_group_ids": [
              "sg-0e6694806d06308c0"
            ]
          },
          "sensitive_attributes": [],
          "identity_schema_version": 0,
          "identity": {
            "account_id": "810421502375",
            "id": "i-0b76f3c5287501aa1",
            "region": "ap-southeast-1"
          },
          "private": "eyJlMmJmYjczMC1lY2FhLTExZTYtOGY4OC0zNDM2M2JjN2M0YzAiOnsiY3JlYXRlIjo2MDAwMDAwMDAwMDAsImRlbGV0ZSI6MTIwMDAwMDAwMDAwMCwicmVhZCI6OTAwMDAwMDAwMDAwLCJ1cGRhdGUiOjYwMDAwMDAwMDAwMH0sInNjaGVtYV92ZXJzaW9uIjoiMiJ9",
          "dependencies": [
            "aws_key_pair.fake_service_app",
            "aws_security_group.statement_alb",
            "aws_security_group.statement_ec2",
            "aws_subnet.statement_private_b",
            "aws_vpc.statement",
            "data.aws_ami.ubuntu",
            "tls_private_key.fake_service_app"
          ]
        }
      ]
    },
    {
      "mode": "managed",
      "type": "aws_internet_gateway",
      "name": "account",
      "provider": "provider[\"registry.terraform.io/hashicorp/aws\"]",
      "instances": [
        {
          "schema_version": 0,
          "attributes": {
            "arn": "arn:aws:ec2:ap-southeast-1:810421502375:internet-gateway/igw-0418050feadfad298",
            "id": "igw-0418050feadfad298",
            "owner_id": "810421502375",
            "region": "ap-southeast-1",
            "tags": {
              "Name": "account-igw"
            },
            "tags_all": {
              "Name": "account-igw"
            },
            "timeouts": null,
            "vpc_id": "vpc-0f6141098dbc97744"
          },
          "sensitive_attributes": [],
          "identity_schema_version": 0,
          "identity": {
            "account_id": "810421502375",
            "id": "igw-0418050feadfad298",
            "region": "ap-southeast-1"
          },
          "private": "eyJlMmJmYjczMC1lY2FhLTExZTYtOGY4OC0zNDM2M2JjN2M0YzAiOnsiY3JlYXRlIjoxMjAwMDAwMDAwMDAwLCJkZWxldGUiOjEyMDAwMDAwMDAwMDAsInVwZGF0ZSI6MTIwMDAwMDAwMDAwMH19",
          "dependencies": [
            "aws_vpc.account"
          ]
        }
      ]
    },
    {
      "mode": "managed",
      "type": "aws_internet_gateway",
      "name": "customer-profile",
      "provider": "provider[\"registry.terraform.io/hashicorp/aws\"]",
      "instances": [
        {
          "schema_version": 0,
          "attributes": {
            "arn": "arn:aws:ec2:ap-southeast-1:810421502375:internet-gateway/igw-007d99bdbfdf1e626",
            "id": "igw-007d99bdbfdf1e626",
            "owner_id": "810421502375",
            "region": "ap-southeast-1",
            "tags": {
              "Name": "customer-profile-igw"
            },
            "tags_all": {
              "Name": "customer-profile-igw"
            },
            "timeouts": null,
            "vpc_id": "vpc-074b950970830d8c2"
          },
          "sensitive_attributes": [],
          "identity_schema_version": 0,
          "identity": {
            "account_id": "810421502375",
            "id": "igw-007d99bdbfdf1e626",
            "region": "ap-southeast-1"
          },
          "private": "eyJlMmJmYjczMC1lY2FhLTExZTYtOGY4OC0zNDM2M2JjN2M0YzAiOnsiY3JlYXRlIjoxMjAwMDAwMDAwMDAwLCJkZWxldGUiOjEyMDAwMDAwMDAwMDAsInVwZGF0ZSI6MTIwMDAwMDAwMDAwMH19",
          "dependencies": [
            "aws_vpc.customer-profile"
          ]
        }
      ]
    },
    {
      "mode": "managed",
      "type": "aws_internet_gateway",
      "name": "statement",
      "provider": "provider[\"registry.terraform.io/hashicorp/aws\"]",
      "instances": [
        {
          "schema_version": 0,
          "attributes": {
            "arn": "arn:aws:ec2:ap-southeast-1:810421502375:internet-gateway/igw-01b4b8ab245475da1",
            "id": "igw-01b4b8ab245475da1",
            "owner_id": "810421502375",
            "region": "ap-southeast-1",
            "tags": {
              "Name": "statement-igw"
            },
            "tags_all": {
              "Name": "statement-igw"
            },
            "timeouts": null,
            "vpc_id": "vpc-01026093648037a86"
          },
          "sensitive_attributes": [],
          "identity_schema_version": 0,
          "identity": {
            "account_id": "810421502375",
            "id": "igw-01b4b8ab245475da1",
            "region": "ap-southeast-1"
          },
          "private": "eyJlMmJmYjczMC1lY2FhLTExZTYtOGY4OC0zNDM2M2JjN2M0YzAiOnsiY3JlYXRlIjoxMjAwMDAwMDAwMDAwLCJkZWxldGUiOjEyMDAwMDAwMDAwMDAsInVwZGF0ZSI6MTIwMDAwMDAwMDAwMH19",
          "dependencies": [
            "aws_vpc.statement"
          ]
        }
      ]
    },
    {
      "mode": "managed",
      "type": "aws_key_pair",
      "name": "fake_service_app",
      "provider": "provider[\"registry.terraform.io/hashicorp/aws\"]",
      "instances": [
        {
          "schema_version": 1,
          "attributes": {
            "arn": "arn:aws:ec2:ap-southeast-1:810421502375:key-pair/fake-service-app-ssh-key",
            "fingerprint": "1c:30:a3:c9:0d:0c:ec:4d:73:f4:e4:73:53:3f:11:9a",
            "id": "fake-service-app-ssh-key",
            "key_name": "fake-service-app-ssh-key",
            "key_name_prefix": "",
            "key_pair_id": "key-0391297392fd0f436",
            "key_type": "rsa",
            "public_key": "ssh-rsa AAAAB3NzaC1yc2EAAAADAQABAAABAQDd2una09VwbCiD2FWzMM80wg2cOYtgcMRi236PdL3PV5W8/lk0Pf+gHyZp72lCi0qnmbIayn7ku+rWdFfsRYL+i7VT4mlY6k1sqrFoskJHlOR6fzlUMQA6GAAby0tAS9tCASkb+9D7FaBEJp6Yws/pSSc2qm42u4+lmrd8DfKrk19zRxGsA1PEbnN5Ws6xLA2LZRRr4cwYhvhMSy9csiSX/8Z/aa3/BOn3Hcx3lMKZ8B0ye7WEqyps90/xrR6uan4JP1yk6OwfF27H3JCXhK256EPEx6K4YuKqtdCCzLycsF/V7iKJY2d/+YXSkwTvnRgTyKkVwZzTrlNzy7uyP/8p",
            "region": "ap-southeast-1",
            "tags": null,
            "tags_all": {}
          },
          "sensitive_attributes": [],
          "identity_schema_version": 0,
          "private": "eyJzY2hlbWFfdmVyc2lvbiI6IjEifQ==",
          "dependencies": [
            "tls_private_key.fake_service_app"
          ]
        }
      ]
    },
    {
      "mode": "managed",
      "type": "aws_lb",
      "name": "account",
      "provider": "provider[\"registry.terraform.io/hashicorp/aws\"]",
      "instances": [
        {
          "schema_version": 0,
          "attributes": {
            "access_logs": [
              {
                "bucket": "",
                "enabled": false,
                "prefix": ""
              }
            ],
            "arn": "arn:aws:elasticloadbalancing:ap-southeast-1:810421502375:loadbalancer/app/account-alb/e272ab609eba1b4a",
            "arn_suffix": "app/account-alb/e272ab609eba1b4a",
            "client_keep_alive": 3600,
            "connection_logs": [
              {
                "bucket": "",
                "enabled": false,
                "prefix": ""
              }
            ],
            "customer_owned_ipv4_pool": "",
            "desync_mitigation_mode": "defensive",
            "dns_name": "internal-account-alb-317075303.ap-southeast-1.elb.amazonaws.com",
            "dns_record_client_routing_policy": null,
            "drop_invalid_header_fields": false,
            "enable_cross_zone_load_balancing": true,
            "enable_deletion_protection": false,
            "enable_http2": true,
            "enable_prefix_for_ipv6_source_nat": "off",
            "enable_tls_version_and_cipher_suite_headers": false,
            "enable_waf_fail_open": false,
            "enable_xff_client_port": false,
            "enable_zonal_shift": false,
            "enforce_security_group_inbound_rules_on_private_link_traffic": "",
            "health_check_logs": [
              {
                "bucket": "",
                "enabled": false,
                "prefix": ""
              }
            ],
            "id": "arn:aws:elasticloadbalancing:ap-southeast-1:810421502375:loadbalancer/app/account-alb/e272ab609eba1b4a",
            "idle_timeout": 60,
            "internal": true,
            "ip_address_type": "ipv4",
            "ipam_pools": [],
            "load_balancer_type": "application",
            "minimum_load_balancer_capacity": [],
            "name": "account-alb",
            "name_prefix": "",
            "preserve_host_header": false,
            "region": "ap-southeast-1",
            "secondary_ips_auto_assigned_per_subnet": null,
            "security_groups": [
              "sg-0445eb2b10c698b80"
            ],
            "subnet_mapping": [
              {
                "allocation_id": "",
                "ipv6_address": "",
                "outpost_id": "",
                "private_ipv4_address": "",
                "subnet_id": "subnet-057e14858003920ac"
              },
              {
                "allocation_id": "",
                "ipv6_address": "",
                "outpost_id": "",
                "private_ipv4_address": "",
                "subnet_id": "subnet-0bb9cea61da60288d"
              }
            ],
            "subnets": [
              "subnet-057e14858003920ac",
              "subnet-0bb9cea61da60288d"
            ],
            "tags": {
              "Name": "account-alb"
            },
            "tags_all": {
              "Name": "account-alb"
            },
            "timeouts": null,
            "vpc_id": "vpc-0f6141098dbc97744",
            "xff_header_processing_mode": "append",
            "zone_id": "Z1LMS91P8CMLE5"
          },
          "sensitive_attributes": [],
          "identity_schema_version": 0,
          "identity": {
            "arn": "arn:aws:elasticloadbalancing:ap-southeast-1:810421502375:loadbalancer/app/account-alb/e272ab609eba1b4a"
          },
          "private": "eyJlMmJmYjczMC1lY2FhLTExZTYtOGY4OC0zNDM2M2JjN2M0YzAiOnsiY3JlYXRlIjo2MDAwMDAwMDAwMDAsImRlbGV0ZSI6NjAwMDAwMDAwMDAwLCJ1cGRhdGUiOjYwMDAwMDAwMDAwMH19",
          "dependencies": [
            "aws_security_group.account_alb",
            "aws_subnet.account_private_a",
            "aws_subnet.account_private_b",
            "aws_vpc.account"
          ]
        }
      ]
    },
    {
      "mode": "managed",
      "type": "aws_lb",
      "name": "customer_profile",
      "provider": "provider[\"registry.terraform.io/hashicorp/aws\"]",
      "instances": [
        {
          "schema_version": 0,
          "attributes": {
            "access_logs": [
              {
                "bucket": "",
                "enabled": false,
                "prefix": ""
              }
            ],
            "arn": "arn:aws:elasticloadbalancing:ap-southeast-1:810421502375:loadbalancer/app/customer-profile-alb/67b3aa9e1f09362a",
            "arn_suffix": "app/customer-profile-alb/67b3aa9e1f09362a",
            "client_keep_alive": 3600,
            "connection_logs": [
              {
                "bucket": "",
                "enabled": false,
                "prefix": ""
              }
            ],
            "customer_owned_ipv4_pool": "",
            "desync_mitigation_mode": "defensive",
            "dns_name": "customer-profile-alb-535646117.ap-southeast-1.elb.amazonaws.com",
            "dns_record_client_routing_policy": null,
            "drop_invalid_header_fields": false,
            "enable_cross_zone_load_balancing": true,
            "enable_deletion_protection": false,
            "enable_http2": true,
            "enable_prefix_for_ipv6_source_nat": "off",
            "enable_tls_version_and_cipher_suite_headers": false,
            "enable_waf_fail_open": false,
            "enable_xff_client_port": false,
            "enable_zonal_shift": false,
            "enforce_security_group_inbound_rules_on_private_link_traffic": "",
            "health_check_logs": [
              {
                "bucket": "",
                "enabled": false,
                "prefix": ""
              }
            ],
            "id": "arn:aws:elasticloadbalancing:ap-southeast-1:810421502375:loadbalancer/app/customer-profile-alb/67b3aa9e1f09362a",
            "idle_timeout": 60,
            "internal": false,
            "ip_address_type": "ipv4",
            "ipam_pools": [],
            "load_balancer_type": "application",
            "minimum_load_balancer_capacity": [],
            "name": "customer-profile-alb",
            "name_prefix": "",
            "preserve_host_header": false,
            "region": "ap-southeast-1",
            "secondary_ips_auto_assigned_per_subnet": null,
            "security_groups": [
              "sg-0ac16b64cd36c6d55"
            ],
            "subnet_mapping": [
              {
                "allocation_id": "",
                "ipv6_address": "",
                "outpost_id": "",
                "private_ipv4_address": "",
                "subnet_id": "subnet-079e98b10ba73f513"
              },
              {
                "allocation_id": "",
                "ipv6_address": "",
                "outpost_id": "",
                "private_ipv4_address": "",
                "subnet_id": "subnet-0dd47138873adf3bf"
              }
            ],
            "subnets": [
              "subnet-079e98b10ba73f513",
              "subnet-0dd47138873adf3bf"
            ],
            "tags": {
              "Name": "customer-profile-alb"
            },
            "tags_all": {
              "Name": "customer-profile-alb"
            },
            "timeouts": null,
            "vpc_id": "vpc-074b950970830d8c2",
            "xff_header_processing_mode": "append",
            "zone_id": "Z1LMS91P8CMLE5"
          },
          "sensitive_attributes": [],
          "identity_schema_version": 0,
          "identity": {
            "arn": "arn:aws:elasticloadbalancing:ap-southeast-1:810421502375:loadbalancer/app/customer-profile-alb/67b3aa9e1f09362a"
          },
          "private": "eyJlMmJmYjczMC1lY2FhLTExZTYtOGY4OC0zNDM2M2JjN2M0YzAiOnsiY3JlYXRlIjo2MDAwMDAwMDAwMDAsImRlbGV0ZSI6NjAwMDAwMDAwMDAwLCJ1cGRhdGUiOjYwMDAwMDAwMDAwMH19",
          "dependencies": [
            "aws_security_group.customer_profile_alb",
            "aws_subnet.customer_public_a",
            "aws_subnet.customer_public_b",
            "aws_vpc.customer-profile"
          ]
        }
      ]
    },
    {
      "mode": "managed",
      "type": "aws_lb",
      "name": "statement",
      "provider": "provider[\"registry.terraform.io/hashicorp/aws\"]",
      "instances": [
        {
          "schema_version": 0,
          "attributes": {
            "access_logs": [
              {
                "bucket": "",
                "enabled": false,
                "prefix": ""
              }
            ],
            "arn": "arn:aws:elasticloadbalancing:ap-southeast-1:810421502375:loadbalancer/app/statement-alb/21182f6cefa3caaf",
            "arn_suffix": "app/statement-alb/21182f6cefa3caaf",
            "client_keep_alive": 3600,
            "connection_logs": [
              {
                "bucket": "",
                "enabled": false,
                "prefix": ""
              }
            ],
            "customer_owned_ipv4_pool": "",
            "desync_mitigation_mode": "defensive",
            "dns_name": "internal-statement-alb-240545353.ap-southeast-1.elb.amazonaws.com",
            "dns_record_client_routing_policy": null,
            "drop_invalid_header_fields": false,
            "enable_cross_zone_load_balancing": true,
            "enable_deletion_protection": false,
            "enable_http2": true,
            "enable_prefix_for_ipv6_source_nat": "off",
            "enable_tls_version_and_cipher_suite_headers": false,
            "enable_waf_fail_open": false,
            "enable_xff_client_port": false,
            "enable_zonal_shift": false,
            "enforce_security_group_inbound_rules_on_private_link_traffic": "",
            "health_check_logs": [
              {
                "bucket": "",
                "enabled": false,
                "prefix": ""
              }
            ],
            "id": "arn:aws:elasticloadbalancing:ap-southeast-1:810421502375:loadbalancer/app/statement-alb/21182f6cefa3caaf",
            "idle_timeout": 60,
            "internal": true,
            "ip_address_type": "ipv4",
            "ipam_pools": [],
            "load_balancer_type": "application",
            "minimum_load_balancer_capacity": [],
            "name": "statement-alb",
            "name_prefix": "",
            "preserve_host_header": false,
            "region": "ap-southeast-1",
            "secondary_ips_auto_assigned_per_subnet": null,
            "security_groups": [
              "sg-091423fb68ba7217f"
            ],
            "subnet_mapping": [
              {
                "allocation_id": "",
                "ipv6_address": "",
                "outpost_id": "",
                "private_ipv4_address": "",
                "subnet_id": "subnet-02ef7e2d3d957b5e7"
              },
              {
                "allocation_id": "",
                "ipv6_address": "",
                "outpost_id": "",
                "private_ipv4_address": "",
                "subnet_id": "subnet-08e08c555f5ea0f0f"
              }
            ],
            "subnets": [
              "subnet-02ef7e2d3d957b5e7",
              "subnet-08e08c555f5ea0f0f"
            ],
            "tags": {
              "Name": "statement-alb"
            },
            "tags_all": {
              "Name": "statement-alb"
            },
            "timeouts": null,
            "vpc_id": "vpc-01026093648037a86",
            "xff_header_processing_mode": "append",
            "zone_id": "Z1LMS91P8CMLE5"
          },
          "sensitive_attributes": [],
          "identity_schema_version": 0,
          "identity": {
            "arn": "arn:aws:elasticloadbalancing:ap-southeast-1:810421502375:loadbalancer/app/statement-alb/21182f6cefa3caaf"
          },
          "private": "eyJlMmJmYjczMC1lY2FhLTExZTYtOGY4OC0zNDM2M2JjN2M0YzAiOnsiY3JlYXRlIjo2MDAwMDAwMDAwMDAsImRlbGV0ZSI6NjAwMDAwMDAwMDAwLCJ1cGRhdGUiOjYwMDAwMDAwMDAwMH19",
          "dependencies": [
            "aws_security_group.statement_alb",
            "aws_subnet.statement_private_a",
            "aws_subnet.statement_private_b",
            "aws_vpc.statement"
          ]
        }
      ]
    },
    {
      "mode": "managed",
      "type": "aws_lb_listener",
      "name": "account_http_redirect",
      "provider": "provider[\"registry.terraform.io/hashicorp/aws\"]",
      "instances": [
        {
          "schema_version": 0,
          "attributes": {
            "alpn_policy": null,
            "arn": "arn:aws:elasticloadbalancing:ap-southeast-1:810421502375:listener/app/account-alb/e272ab609eba1b4a/72085d15be9a6829",
            "certificate_arn": null,
            "default_action": [
              {
                "authenticate_cognito": [],
                "authenticate_oidc": [],
                "fixed_response": [],
                "forward": [],
                "jwt_validation": [],
                "order": 1,
                "redirect": [
                  {
                    "host": "#{host}",
                    "path": "/#{path}",
                    "port": "443",
                    "protocol": "HTTPS",
                    "query": "#{query}",
                    "status_code": "HTTP_301"
                  }
                ],
                "target_group_arn": "",
                "type": "redirect"
              }
            ],
            "id": "arn:aws:elasticloadbalancing:ap-southeast-1:810421502375:listener/app/account-alb/e272ab609eba1b4a/72085d15be9a6829",
            "load_balancer_arn": "arn:aws:elasticloadbalancing:ap-southeast-1:810421502375:loadbalancer/app/account-alb/e272ab609eba1b4a",
            "mutual_authentication": [],
            "port": 80,
            "protocol": "HTTP",
            "region": "ap-southeast-1",
            "routing_http_request_x_amzn_mtls_clientcert_header_name": null,
            "routing_http_request_x_amzn_mtls_clientcert_issuer_header_name": null,
            "routing_http_request_x_amzn_mtls_clientcert_leaf_header_name": null,
            "routing_http_request_x_amzn_mtls_clientcert_serial_number_header_name": null,
            "routing_http_request_x_amzn_mtls_clientcert_subject_header_name": null,
            "routing_http_request_x_amzn_mtls_clientcert_validity_header_name": null,
            "routing_http_request_x_amzn_tls_cipher_suite_header_name": null,
            "routing_http_request_x_amzn_tls_version_header_name": null,
            "routing_http_response_access_control_allow_credentials_header_value": "",
            "routing_http_response_access_control_allow_headers_header_value": "",
            "routing_http_response_access_control_allow_methods_header_value": "",
            "routing_http_response_access_control_allow_origin_header_value": "",
            "routing_http_response_access_control_expose_headers_header_value": "",
            "routing_http_response_access_control_max_age_header_value": "",
            "routing_http_response_content_security_policy_header_value": "",
            "routing_http_response_server_enabled": true,
            "routing_http_response_strict_transport_security_header_value": "",
            "routing_http_response_x_content_type_options_header_value": "",
            "routing_http_response_x_frame_options_header_value": "",
            "ssl_policy": "",
            "tags": null,
            "tags_all": {},
            "tcp_idle_timeout_seconds": null,
            "timeouts": null
          },
          "sensitive_attributes": [],
          "identity_schema_version": 0,
          "identity": {
            "arn": "arn:aws:elasticloadbalancing:ap-southeast-1:810421502375:listener/app/account-alb/e272ab609eba1b4a/72085d15be9a6829"
          },
          "private": "eyJlMmJmYjczMC1lY2FhLTExZTYtOGY4OC0zNDM2M2JjN2M0YzAiOnsiY3JlYXRlIjozMDAwMDAwMDAwMDAsInVwZGF0ZSI6MzAwMDAwMDAwMDAwfX0=",
          "dependencies": [
            "aws_lb.account",
            "aws_security_group.account_alb",
            "aws_subnet.account_private_a",
            "aws_subnet.account_private_b",
            "aws_vpc.account"
          ]
        }
      ]
    },
    {
      "mode": "managed",
      "type": "aws_lb_listener",
      "name": "account_https",
      "provider": "provider[\"registry.terraform.io/hashicorp/aws\"]",
      "instances": [
        {
          "schema_version": 0,
          "attributes": {
            "alpn_policy": null,
            "arn": "arn:aws:elasticloadbalancing:ap-southeast-1:810421502375:listener/app/account-alb/e272ab609eba1b4a/70291759647037ec",
            "certificate_arn": "arn:aws:acm:ap-southeast-1:810421502375:certificate/9787727c-9f1f-447d-b69d-a4150c0a93f8",
            "default_action": [
              {
                "authenticate_cognito": [],
                "authenticate_oidc": [],
                "fixed_response": [],
                "forward": [],
                "jwt_validation": [],
                "order": 1,
                "redirect": [],
                "target_group_arn": "arn:aws:elasticloadbalancing:ap-southeast-1:810421502375:targetgroup/account-tg/447f29accb410ebf",
                "type": "forward"
              }
            ],
            "id": "arn:aws:elasticloadbalancing:ap-southeast-1:810421502375:listener/app/account-alb/e272ab609eba1b4a/70291759647037ec",
            "load_balancer_arn": "arn:aws:elasticloadbalancing:ap-southeast-1:810421502375:loadbalancer/app/account-alb/e272ab609eba1b4a",
            "mutual_authentication": [
              {
                "advertise_trust_store_ca_names": "",
                "ignore_client_certificate_expiry": false,
                "mode": "off",
                "trust_store_arn": ""
              }
            ],
            "port": 443,
            "protocol": "HTTPS",
            "region": "ap-southeast-1",
            "routing_http_request_x_amzn_mtls_clientcert_header_name": "",
            "routing_http_request_x_amzn_mtls_clientcert_issuer_header_name": "",
            "routing_http_request_x_amzn_mtls_clientcert_leaf_header_name": "",
            "routing_http_request_x_amzn_mtls_clientcert_serial_number_header_name": "",
            "routing_http_request_x_amzn_mtls_clientcert_subject_header_name": "",
            "routing_http_request_x_amzn_mtls_clientcert_validity_header_name": "",
            "routing_http_request_x_amzn_tls_cipher_suite_header_name": "",
            "routing_http_request_x_amzn_tls_version_header_name": "",
            "routing_http_response_access_control_allow_credentials_header_value": "",
            "routing_http_response_access_control_allow_headers_header_value": "",
            "routing_http_response_access_control_allow_methods_header_value": "",
            "routing_http_response_access_control_allow_origin_header_value": "",
            "routing_http_response_access_control_expose_headers_header_value": "",
            "routing_http_response_access_control_max_age_header_value": "",
            "routing_http_response_content_security_policy_header_value": "",
            "routing_http_response_server_enabled": true,
            "routing_http_response_strict_transport_security_header_value": "",
            "routing_http_response_x_content_type_options_header_value": "",
            "routing_http_response_x_frame_options_header_value": "",
            "ssl_policy": "ELBSecurityPolicy-TLS13-1-2-2021-06",
            "tags": null,
            "tags_all": {},
            "tcp_idle_timeout_seconds": null,
            "timeouts": null
          },
          "sensitive_attributes": [],
          "identity_schema_version": 0,
          "identity": {
            "arn": "arn:aws:elasticloadbalancing:ap-southeast-1:810421502375:listener/app/account-alb/e272ab609eba1b4a/70291759647037ec"
          },
          "private": "eyJlMmJmYjczMC1lY2FhLTExZTYtOGY4OC0zNDM2M2JjN2M0YzAiOnsiY3JlYXRlIjozMDAwMDAwMDAwMDAsInVwZGF0ZSI6MzAwMDAwMDAwMDAwfX0=",
          "dependencies": [
            "aws_acm_certificate.account",
            "aws_acm_certificate_validation.account",
            "aws_lb.account",
            "aws_lb_target_group.account",
            "aws_route53_record.account_cert_validation",
            "aws_security_group.account_alb",
            "aws_subnet.account_private_a",
            "aws_subnet.account_private_b",
            "aws_vpc.account",
            "data.aws_route53_zone.main"
          ]
        }
      ]
    },
    {
      "mode": "managed",
      "type": "aws_lb_listener",
      "name": "customer_profile_http_redirect",
      "provider": "provider[\"registry.terraform.io/hashicorp/aws\"]",
      "instances": [
        {
          "schema_version": 0,
          "attributes": {
            "alpn_policy": null,
            "arn": "arn:aws:elasticloadbalancing:ap-southeast-1:810421502375:listener/app/customer-profile-alb/67b3aa9e1f09362a/bf88502ccd7f3c68",
            "certificate_arn": null,
            "default_action": [
              {
                "authenticate_cognito": [],
                "authenticate_oidc": [],
                "fixed_response": [],
                "forward": [],
                "jwt_validation": [],
                "order": 1,
                "redirect": [
                  {
                    "host": "#{host}",
                    "path": "/#{path}",
                    "port": "443",
                    "protocol": "HTTPS",
                    "query": "#{query}",
                    "status_code": "HTTP_301"
                  }
                ],
                "target_group_arn": "",
                "type": "redirect"
              }
            ],
            "id": "arn:aws:elasticloadbalancing:ap-southeast-1:810421502375:listener/app/customer-profile-alb/67b3aa9e1f09362a/bf88502ccd7f3c68",
            "load_balancer_arn": "arn:aws:elasticloadbalancing:ap-southeast-1:810421502375:loadbalancer/app/customer-profile-alb/67b3aa9e1f09362a",
            "mutual_authentication": [],
            "port": 80,
            "protocol": "HTTP",
            "region": "ap-southeast-1",
            "routing_http_request_x_amzn_mtls_clientcert_header_name": null,
            "routing_http_request_x_amzn_mtls_clientcert_issuer_header_name": null,
            "routing_http_request_x_amzn_mtls_clientcert_leaf_header_name": null,
            "routing_http_request_x_amzn_mtls_clientcert_serial_number_header_name": null,
            "routing_http_request_x_amzn_mtls_clientcert_subject_header_name": null,
            "routing_http_request_x_amzn_mtls_clientcert_validity_header_name": null,
            "routing_http_request_x_amzn_tls_cipher_suite_header_name": null,
            "routing_http_request_x_amzn_tls_version_header_name": null,
            "routing_http_response_access_control_allow_credentials_header_value": "",
            "routing_http_response_access_control_allow_headers_header_value": "",
            "routing_http_response_access_control_allow_methods_header_value": "",
            "routing_http_response_access_control_allow_origin_header_value": "",
            "routing_http_response_access_control_expose_headers_header_value": "",
            "routing_http_response_access_control_max_age_header_value": "",
            "routing_http_response_content_security_policy_header_value": "",
            "routing_http_response_server_enabled": true,
            "routing_http_response_strict_transport_security_header_value": "",
            "routing_http_response_x_content_type_options_header_value": "",
            "routing_http_response_x_frame_options_header_value": "",
            "ssl_policy": "",
            "tags": null,
            "tags_all": {},
            "tcp_idle_timeout_seconds": null,
            "timeouts": null
          },
          "sensitive_attributes": [],
          "identity_schema_version": 0,
          "identity": {
            "arn": "arn:aws:elasticloadbalancing:ap-southeast-1:810421502375:listener/app/customer-profile-alb/67b3aa9e1f09362a/bf88502ccd7f3c68"
          },
          "private": "eyJlMmJmYjczMC1lY2FhLTExZTYtOGY4OC0zNDM2M2JjN2M0YzAiOnsiY3JlYXRlIjozMDAwMDAwMDAwMDAsInVwZGF0ZSI6MzAwMDAwMDAwMDAwfX0=",
          "dependencies": [
            "aws_lb.customer_profile",
            "aws_security_group.customer_profile_alb",
            "aws_subnet.customer_public_a",
            "aws_subnet.customer_public_b",
            "aws_vpc.customer-profile"
          ]
        }
      ]
    },
    {
      "mode": "managed",
      "type": "aws_lb_listener",
      "name": "customer_profile_https",
      "provider": "provider[\"registry.terraform.io/hashicorp/aws\"]",
      "instances": [
        {
          "schema_version": 0,
          "attributes": {
            "alpn_policy": null,
            "arn": "arn:aws:elasticloadbalancing:ap-southeast-1:810421502375:listener/app/customer-profile-alb/67b3aa9e1f09362a/8f5f6835bfbbe783",
            "certificate_arn": "arn:aws:acm:ap-southeast-1:810421502375:certificate/7067166b-3a7f-4f61-81a1-899156cb391b",
            "default_action": [
              {
                "authenticate_cognito": [],
                "authenticate_oidc": [],
                "fixed_response": [],
                "forward": [],
                "jwt_validation": [],
                "order": 1,
                "redirect": [],
                "target_group_arn": "arn:aws:elasticloadbalancing:ap-southeast-1:810421502375:targetgroup/customer-profile-tg/a11a286a55452714",
                "type": "forward"
              }
            ],
            "id": "arn:aws:elasticloadbalancing:ap-southeast-1:810421502375:listener/app/customer-profile-alb/67b3aa9e1f09362a/8f5f6835bfbbe783",
            "load_balancer_arn": "arn:aws:elasticloadbalancing:ap-southeast-1:810421502375:loadbalancer/app/customer-profile-alb/67b3aa9e1f09362a",
            "mutual_authentication": [
              {
                "advertise_trust_store_ca_names": "",
                "ignore_client_certificate_expiry": false,
                "mode": "off",
                "trust_store_arn": ""
              }
            ],
            "port": 443,
            "protocol": "HTTPS",
            "region": "ap-southeast-1",
            "routing_http_request_x_amzn_mtls_clientcert_header_name": "",
            "routing_http_request_x_amzn_mtls_clientcert_issuer_header_name": "",
            "routing_http_request_x_amzn_mtls_clientcert_leaf_header_name": "",
            "routing_http_request_x_amzn_mtls_clientcert_serial_number_header_name": "",
            "routing_http_request_x_amzn_mtls_clientcert_subject_header_name": "",
            "routing_http_request_x_amzn_mtls_clientcert_validity_header_name": "",
            "routing_http_request_x_amzn_tls_cipher_suite_header_name": "",
            "routing_http_request_x_amzn_tls_version_header_name": "",
            "routing_http_response_access_control_allow_credentials_header_value": "",
            "routing_http_response_access_control_allow_headers_header_value": "",
            "routing_http_response_access_control_allow_methods_header_value": "",
            "routing_http_response_access_control_allow_origin_header_value": "",
            "routing_http_response_access_control_expose_headers_header_value": "",
            "routing_http_response_access_control_max_age_header_value": "",
            "routing_http_response_content_security_policy_header_value": "",
            "routing_http_response_server_enabled": true,
            "routing_http_response_strict_transport_security_header_value": "",
            "routing_http_response_x_content_type_options_header_value": "",
            "routing_http_response_x_frame_options_header_value": "",
            "ssl_policy": "ELBSecurityPolicy-TLS13-1-2-2021-06",
            "tags": null,
            "tags_all": {},
            "tcp_idle_timeout_seconds": null,
            "timeouts": null
          },
          "sensitive_attributes": [],
          "identity_schema_version": 0,
          "identity": {
            "arn": "arn:aws:elasticloadbalancing:ap-southeast-1:810421502375:listener/app/customer-profile-alb/67b3aa9e1f09362a/8f5f6835bfbbe783"
          },
          "private": "eyJlMmJmYjczMC1lY2FhLTExZTYtOGY4OC0zNDM2M2JjN2M0YzAiOnsiY3JlYXRlIjozMDAwMDAwMDAwMDAsInVwZGF0ZSI6MzAwMDAwMDAwMDAwfX0=",
          "dependencies": [
            "aws_acm_certificate.customer_profile",
            "aws_acm_certificate_validation.customer_profile",
            "aws_lb.customer_profile",
            "aws_lb_target_group.customer_profile",
            "aws_route53_record.customer_profile_cert_validation",
            "aws_security_group.customer_profile_alb",
            "aws_subnet.customer_public_a",
            "aws_subnet.customer_public_b",
            "aws_vpc.customer-profile",
            "data.aws_route53_zone.main"
          ]
        }
      ]
    },
    {
      "mode": "managed",
      "type": "aws_lb_listener",
      "name": "statement_http_redirect",
      "provider": "provider[\"registry.terraform.io/hashicorp/aws\"]",
      "instances": [
        {
          "schema_version": 0,
          "attributes": {
            "alpn_policy": null,
            "arn": "arn:aws:elasticloadbalancing:ap-southeast-1:810421502375:listener/app/statement-alb/21182f6cefa3caaf/769432a99d59227c",
            "certificate_arn": null,
            "default_action": [
              {
                "authenticate_cognito": [],
                "authenticate_oidc": [],
                "fixed_response": [],
                "forward": [],
                "jwt_validation": [],
                "order": 1,
                "redirect": [
                  {
                    "host": "#{host}",
                    "path": "/#{path}",
                    "port": "443",
                    "protocol": "HTTPS",
                    "query": "#{query}",
                    "status_code": "HTTP_301"
                  }
                ],
                "target_group_arn": "",
                "type": "redirect"
              }
            ],
            "id": "arn:aws:elasticloadbalancing:ap-southeast-1:810421502375:listener/app/statement-alb/21182f6cefa3caaf/769432a99d59227c",
            "load_balancer_arn": "arn:aws:elasticloadbalancing:ap-southeast-1:810421502375:loadbalancer/app/statement-alb/21182f6cefa3caaf",
            "mutual_authentication": [],
            "port": 80,
            "protocol": "HTTP",
            "region": "ap-southeast-1",
            "routing_http_request_x_amzn_mtls_clientcert_header_name": null,
            "routing_http_request_x_amzn_mtls_clientcert_issuer_header_name": null,
            "routing_http_request_x_amzn_mtls_clientcert_leaf_header_name": null,
            "routing_http_request_x_amzn_mtls_clientcert_serial_number_header_name": null,
            "routing_http_request_x_amzn_mtls_clientcert_subject_header_name": null,
            "routing_http_request_x_amzn_mtls_clientcert_validity_header_name": null,
            "routing_http_request_x_amzn_tls_cipher_suite_header_name": null,
            "routing_http_request_x_amzn_tls_version_header_name": null,
            "routing_http_response_access_control_allow_credentials_header_value": "",
            "routing_http_response_access_control_allow_headers_header_value": "",
            "routing_http_response_access_control_allow_methods_header_value": "",
            "routing_http_response_access_control_allow_origin_header_value": "",
            "routing_http_response_access_control_expose_headers_header_value": "",
            "routing_http_response_access_control_max_age_header_value": "",
            "routing_http_response_content_security_policy_header_value": "",
            "routing_http_response_server_enabled": true,
            "routing_http_response_strict_transport_security_header_value": "",
            "routing_http_response_x_content_type_options_header_value": "",
            "routing_http_response_x_frame_options_header_value": "",
            "ssl_policy": "",
            "tags": null,
            "tags_all": {},
            "tcp_idle_timeout_seconds": null,
            "timeouts": null
          },
          "sensitive_attributes": [],
          "identity_schema_version": 0,
          "identity": {
            "arn": "arn:aws:elasticloadbalancing:ap-southeast-1:810421502375:listener/app/statement-alb/21182f6cefa3caaf/769432a99d59227c"
          },
          "private": "eyJlMmJmYjczMC1lY2FhLTExZTYtOGY4OC0zNDM2M2JjN2M0YzAiOnsiY3JlYXRlIjozMDAwMDAwMDAwMDAsInVwZGF0ZSI6MzAwMDAwMDAwMDAwfX0=",
          "dependencies": [
            "aws_lb.statement",
            "aws_security_group.statement_alb",
            "aws_subnet.statement_private_a",
            "aws_subnet.statement_private_b",
            "aws_vpc.statement"
          ]
        }
      ]
    },
    {
      "mode": "managed",
      "type": "aws_lb_listener",
      "name": "statement_https",
      "provider": "provider[\"registry.terraform.io/hashicorp/aws\"]",
      "instances": [
        {
          "schema_version": 0,
          "attributes": {
            "alpn_policy": null,
            "arn": "arn:aws:elasticloadbalancing:ap-southeast-1:810421502375:listener/app/statement-alb/21182f6cefa3caaf/f08e340211b99c32",
            "certificate_arn": "arn:aws:acm:ap-southeast-1:810421502375:certificate/374a4ddd-bba2-434d-ab72-50762a1188c8",
            "default_action": [
              {
                "authenticate_cognito": [],
                "authenticate_oidc": [],
                "fixed_response": [],
                "forward": [],
                "jwt_validation": [],
                "order": 1,
                "redirect": [],
                "target_group_arn": "arn:aws:elasticloadbalancing:ap-southeast-1:810421502375:targetgroup/statement-tg/9a80ce75b7de3903",
                "type": "forward"
              }
            ],
            "id": "arn:aws:elasticloadbalancing:ap-southeast-1:810421502375:listener/app/statement-alb/21182f6cefa3caaf/f08e340211b99c32",
            "load_balancer_arn": "arn:aws:elasticloadbalancing:ap-southeast-1:810421502375:loadbalancer/app/statement-alb/21182f6cefa3caaf",
            "mutual_authentication": [
              {
                "advertise_trust_store_ca_names": "",
                "ignore_client_certificate_expiry": false,
                "mode": "off",
                "trust_store_arn": ""
              }
            ],
            "port": 443,
            "protocol": "HTTPS",
            "region": "ap-southeast-1",
            "routing_http_request_x_amzn_mtls_clientcert_header_name": "",
            "routing_http_request_x_amzn_mtls_clientcert_issuer_header_name": "",
            "routing_http_request_x_amzn_mtls_clientcert_leaf_header_name": "",
            "routing_http_request_x_amzn_mtls_clientcert_serial_number_header_name": "",
            "routing_http_request_x_amzn_mtls_clientcert_subject_header_name": "",
            "routing_http_request_x_amzn_mtls_clientcert_validity_header_name": "",
            "routing_http_request_x_amzn_tls_cipher_suite_header_name": "",
            "routing_http_request_x_amzn_tls_version_header_name": "",
            "routing_http_response_access_control_allow_credentials_header_value": "",
            "routing_http_response_access_control_allow_headers_header_value": "",
            "routing_http_response_access_control_allow_methods_header_value": "",
            "routing_http_response_access_control_allow_origin_header_value": "",
            "routing_http_response_access_control_expose_headers_header_value": "",
            "routing_http_response_access_control_max_age_header_value": "",
            "routing_http_response_content_security_policy_header_value": "",
            "routing_http_response_server_enabled": true,
            "routing_http_response_strict_transport_security_header_value": "",
            "routing_http_response_x_content_type_options_header_value": "",
            "routing_http_response_x_frame_options_header_value": "",
            "ssl_policy": "ELBSecurityPolicy-TLS13-1-2-2021-06",
            "tags": null,
            "tags_all": {},
            "tcp_idle_timeout_seconds": null,
            "timeouts": null
          },
          "sensitive_attributes": [],
          "identity_schema_version": 0,
          "identity": {
            "arn": "arn:aws:elasticloadbalancing:ap-southeast-1:810421502375:listener/app/statement-alb/21182f6cefa3caaf/f08e340211b99c32"
          },
          "private": "eyJlMmJmYjczMC1lY2FhLTExZTYtOGY4OC0zNDM2M2JjN2M0YzAiOnsiY3JlYXRlIjozMDAwMDAwMDAwMDAsInVwZGF0ZSI6MzAwMDAwMDAwMDAwfX0=",
          "dependencies": [
            "aws_acm_certificate.statement",
            "aws_acm_certificate_validation.statement",
            "aws_lb.statement",
            "aws_lb_target_group.statement",
            "aws_route53_record.statement_cert_validation",
            "aws_security_group.statement_alb",
            "aws_subnet.statement_private_a",
            "aws_subnet.statement_private_b",
            "aws_vpc.statement",
            "data.aws_route53_zone.main"
          ]
        }
      ]
    },
    {
      "mode": "managed",
      "type": "aws_lb_target_group",
      "name": "account",
      "provider": "provider[\"registry.terraform.io/hashicorp/aws\"]",
      "instances": [
        {
          "schema_version": 0,
          "attributes": {
            "arn": "arn:aws:elasticloadbalancing:ap-southeast-1:810421502375:targetgroup/account-tg/447f29accb410ebf",
            "arn_suffix": "targetgroup/account-tg/447f29accb410ebf",
            "connection_termination": null,
            "deregistration_delay": "300",
            "health_check": [
              {
                "enabled": true,
                "healthy_threshold": 2,
                "interval": 30,
                "matcher": "200",
                "path": "/health",
                "port": "traffic-port",
                "protocol": "HTTP",
                "timeout": 5,
                "unhealthy_threshold": 2
              }
            ],
            "id": "arn:aws:elasticloadbalancing:ap-southeast-1:810421502375:targetgroup/account-tg/447f29accb410ebf",
            "ip_address_type": "ipv4",
            "lambda_multi_value_headers_enabled": false,
            "load_balancer_arns": [],
            "load_balancing_algorithm_type": "round_robin",
            "load_balancing_anomaly_mitigation": "off",
            "load_balancing_cross_zone_enabled": "use_load_balancer_configuration",
            "name": "account-tg",
            "name_prefix": "",
            "port": 8081,
            "preserve_client_ip": null,
            "protocol": "HTTP",
            "protocol_version": "HTTP1",
            "proxy_protocol_v2": false,
            "region": "ap-southeast-1",
            "slow_start": 0,
            "stickiness": [
              {
                "cookie_duration": 86400,
                "cookie_name": "",
                "enabled": false,
                "type": "lb_cookie"
              }
            ],
            "tags": {
              "Name": "account-target-group"
            },
            "tags_all": {
              "Name": "account-target-group"
            },
            "target_control_port": 0,
            "target_failover": [
              {
                "on_deregistration": null,
                "on_unhealthy": null
              }
            ],
            "target_group_health": [
              {
                "dns_failover": [
                  {
                    "minimum_healthy_targets_count": "1",
                    "minimum_healthy_targets_percentage": "off"
                  }
                ],
                "unhealthy_state_routing": [
                  {
                    "minimum_healthy_targets_count": 1,
                    "minimum_healthy_targets_percentage": "off"
                  }
                ]
              }
            ],
            "target_health_state": [
              {
                "enable_unhealthy_connection_termination": null,
                "unhealthy_draining_interval": null
              }
            ],
            "target_type": "instance",
            "vpc_id": "vpc-0f6141098dbc97744"
          },
          "sensitive_attributes": [],
          "identity_schema_version": 0,
          "identity": {
            "arn": "arn:aws:elasticloadbalancing:ap-southeast-1:810421502375:targetgroup/account-tg/447f29accb410ebf"
          },
          "private": "bnVsbA==",
          "dependencies": [
            "aws_vpc.account"
          ]
        }
      ]
    },
    {
      "mode": "managed",
      "type": "aws_lb_target_group",
      "name": "customer_profile",
      "provider": "provider[\"registry.terraform.io/hashicorp/aws\"]",
      "instances": [
        {
          "schema_version": 0,
          "attributes": {
            "arn": "arn:aws:elasticloadbalancing:ap-southeast-1:810421502375:targetgroup/customer-profile-tg/a11a286a55452714",
            "arn_suffix": "targetgroup/customer-profile-tg/a11a286a55452714",
            "connection_termination": null,
            "deregistration_delay": "300",
            "health_check": [
              {
                "enabled": true,
                "healthy_threshold": 2,
                "interval": 30,
                "matcher": "200",
                "path": "/health",
                "port": "traffic-port",
                "protocol": "HTTP",
                "timeout": 5,
                "unhealthy_threshold": 2
              }
            ],
            "id": "arn:aws:elasticloadbalancing:ap-southeast-1:810421502375:targetgroup/customer-profile-tg/a11a286a55452714",
            "ip_address_type": "ipv4",
            "lambda_multi_value_headers_enabled": false,
            "load_balancer_arns": [],
            "load_balancing_algorithm_type": "round_robin",
            "load_balancing_anomaly_mitigation": "off",
            "load_balancing_cross_zone_enabled": "use_load_balancer_configuration",
            "name": "customer-profile-tg",
            "name_prefix": "",
            "port": 8080,
            "preserve_client_ip": null,
            "protocol": "HTTP",
            "protocol_version": "HTTP1",
            "proxy_protocol_v2": false,
            "region": "ap-southeast-1",
            "slow_start": 0,
            "stickiness": [
              {
                "cookie_duration": 86400,
                "cookie_name": "",
                "enabled": false,
                "type": "lb_cookie"
              }
            ],
            "tags": {
              "Name": "customer-profile-target-group"
            },
            "tags_all": {
              "Name": "customer-profile-target-group"
            },
            "target_control_port": 0,
            "target_failover": [
              {
                "on_deregistration": null,
                "on_unhealthy": null
              }
            ],
            "target_group_health": [
              {
                "dns_failover": [
                  {
                    "minimum_healthy_targets_count": "1",
                    "minimum_healthy_targets_percentage": "off"
                  }
                ],
                "unhealthy_state_routing": [
                  {
                    "minimum_healthy_targets_count": 1,
                    "minimum_healthy_targets_percentage": "off"
                  }
                ]
              }
            ],
            "target_health_state": [
              {
                "enable_unhealthy_connection_termination": null,
                "unhealthy_draining_interval": null
              }
            ],
            "target_type": "instance",
            "vpc_id": "vpc-074b950970830d8c2"
          },
          "sensitive_attributes": [],
          "identity_schema_version": 0,
          "identity": {
            "arn": "arn:aws:elasticloadbalancing:ap-southeast-1:810421502375:targetgroup/customer-profile-tg/a11a286a55452714"
          },
          "private": "bnVsbA==",
          "dependencies": [
            "aws_vpc.customer-profile"
          ]
        }
      ]
    },
    {
      "mode": "managed",
      "type": "aws_lb_target_group",
      "name": "statement",
      "provider": "provider[\"registry.terraform.io/hashicorp/aws\"]",
      "instances": [
        {
          "schema_version": 0,
          "attributes": {
            "arn": "arn:aws:elasticloadbalancing:ap-southeast-1:810421502375:targetgroup/statement-tg/9a80ce75b7de3903",
            "arn_suffix": "targetgroup/statement-tg/9a80ce75b7de3903",
            "connection_termination": null,
            "deregistration_delay": "300",
            "health_check": [
              {
                "enabled": true,
                "healthy_threshold": 2,
                "interval": 30,
                "matcher": "200",
                "path": "/health",
                "port": "traffic-port",
                "protocol": "HTTP",
                "timeout": 5,
                "unhealthy_threshold": 2
              }
            ],
            "id": "arn:aws:elasticloadbalancing:ap-southeast-1:810421502375:targetgroup/statement-tg/9a80ce75b7de3903",
            "ip_address_type": "ipv4",
            "lambda_multi_value_headers_enabled": false,
            "load_balancer_arns": [],
            "load_balancing_algorithm_type": "round_robin",
            "load_balancing_anomaly_mitigation": "off",
            "load_balancing_cross_zone_enabled": "use_load_balancer_configuration",
            "name": "statement-tg",
            "name_prefix": "",
            "port": 8082,
            "preserve_client_ip": null,
            "protocol": "HTTP",
            "protocol_version": "HTTP1",
            "proxy_protocol_v2": false,
            "region": "ap-southeast-1",
            "slow_start": 0,
            "stickiness": [
              {
                "cookie_duration": 86400,
                "cookie_name": "",
                "enabled": false,
                "type": "lb_cookie"
              }
            ],
            "tags": {
              "Name": "statement-target-group"
            },
            "tags_all": {
              "Name": "statement-target-group"
            },
            "target_control_port": 0,
            "target_failover": [
              {
                "on_deregistration": null,
                "on_unhealthy": null
              }
            ],
            "target_group_health": [
              {
                "dns_failover": [
                  {
                    "minimum_healthy_targets_count": "1",
                    "minimum_healthy_targets_percentage": "off"
                  }
                ],
                "unhealthy_state_routing": [
                  {
                    "minimum_healthy_targets_count": 1,
                    "minimum_healthy_targets_percentage": "off"
                  }
                ]
              }
            ],
            "target_health_state": [
              {
                "enable_unhealthy_connection_termination": null,
                "unhealthy_draining_interval": null
              }
            ],
            "target_type": "instance",
            "vpc_id": "vpc-01026093648037a86"
          },
          "sensitive_attributes": [],
          "identity_schema_version": 0,
          "identity": {
            "arn": "arn:aws:elasticloadbalancing:ap-southeast-1:810421502375:targetgroup/statement-tg/9a80ce75b7de3903"
          },
          "private": "bnVsbA==",
          "dependencies": [
            "aws_vpc.statement"
          ]
        }
      ]
    },
    {
      "mode": "managed",
      "type": "aws_lb_target_group_attachment",
      "name": "account_a",
      "provider": "provider[\"registry.terraform.io/hashicorp/aws\"]",
      "instances": [
        {
          "schema_version": 0,
          "attributes": {
            "availability_zone": null,
            "id": "arn:aws:elasticloadbalancing:ap-southeast-1:810421502375:targetgroup/account-tg/447f29accb410ebf,i-0fa5b72a4b062780f,8081",
            "port": 8081,
            "quic_server_id": null,
            "region": "ap-southeast-1",
            "target_group_arn": "arn:aws:elasticloadbalancing:ap-southeast-1:810421502375:targetgroup/account-tg/447f29accb410ebf",
            "target_id": "i-0fa5b72a4b062780f"
          },
          "sensitive_attributes": [],
          "identity_schema_version": 0,
          "identity": {
            "account_id": "810421502375",
            "availability_zone": null,
            "port": 8081,
            "quic_server_id": null,
            "region": "ap-southeast-1",
            "target_group_arn": "arn:aws:elasticloadbalancing:ap-southeast-1:810421502375:targetgroup/account-tg/447f29accb410ebf",
            "target_id": "i-0fa5b72a4b062780f"
          },
          "private": "bnVsbA==",
          "dependencies": [
            "aws_instance.account_app_a",
            "aws_instance.statement_app_a",
            "aws_instance.statement_app_b",
            "aws_key_pair.fake_service_app",
            "aws_lb.statement",
            "aws_lb_target_group.account",
            "aws_security_group.account_alb",
            "aws_security_group.account_ec2",
            "aws_security_group.statement_alb",
            "aws_security_group.statement_ec2",
            "aws_subnet.account_private_a",
            "aws_subnet.statement_private_a",
            "aws_subnet.statement_private_b",
            "aws_vpc.account",
            "aws_vpc.statement",
            "data.aws_ami.ubuntu",
            "tls_private_key.fake_service_app"
          ]
        }
      ]
    },
    {
      "mode": "managed",
      "type": "aws_lb_target_group_attachment",
      "name": "account_b",
      "provider": "provider[\"registry.terraform.io/hashicorp/aws\"]",
      "instances": [
        {
          "schema_version": 0,
          "attributes": {
            "availability_zone": null,
            "id": "arn:aws:elasticloadbalancing:ap-southeast-1:810421502375:targetgroup/account-tg/447f29accb410ebf,i-035adb5a075f3768b,8081",
            "port": 8081,
            "quic_server_id": null,
            "region": "ap-southeast-1",
            "target_group_arn": "arn:aws:elasticloadbalancing:ap-southeast-1:810421502375:targetgroup/account-tg/447f29accb410ebf",
            "target_id": "i-035adb5a075f3768b"
          },
          "sensitive_attributes": [],
          "identity_schema_version": 0,
          "identity": {
            "account_id": "810421502375",
            "availability_zone": null,
            "port": 8081,
            "quic_server_id": null,
            "region": "ap-southeast-1",
            "target_group_arn": "arn:aws:elasticloadbalancing:ap-southeast-1:810421502375:targetgroup/account-tg/447f29accb410ebf",
            "target_id": "i-035adb5a075f3768b"
          },
          "private": "bnVsbA==",
          "dependencies": [
            "aws_instance.account_app_b",
            "aws_instance.statement_app_a",
            "aws_instance.statement_app_b",
            "aws_key_pair.fake_service_app",
            "aws_lb.statement",
            "aws_lb_target_group.account",
            "aws_security_group.account_alb",
            "aws_security_group.account_ec2",
            "aws_security_group.statement_alb",
            "aws_security_group.statement_ec2",
            "aws_subnet.account_private_b",
            "aws_subnet.statement_private_a",
            "aws_subnet.statement_private_b",
            "aws_vpc.account",
            "aws_vpc.statement",
            "data.aws_ami.ubuntu",
            "tls_private_key.fake_service_app"
          ]
        }
      ]
    },
    {
      "mode": "managed",
      "type": "aws_lb_target_group_attachment",
      "name": "customer_profile_a",
      "provider": "provider[\"registry.terraform.io/hashicorp/aws\"]",
      "instances": [
        {
          "schema_version": 0,
          "attributes": {
            "availability_zone": null,
            "id": "arn:aws:elasticloadbalancing:ap-southeast-1:810421502375:targetgroup/customer-profile-tg/a11a286a55452714,i-014767dbc5ccec302,8080",
            "port": 8080,
            "quic_server_id": null,
            "region": "ap-southeast-1",
            "target_group_arn": "arn:aws:elasticloadbalancing:ap-southeast-1:810421502375:targetgroup/customer-profile-tg/a11a286a55452714",
            "target_id": "i-014767dbc5ccec302"
          },
          "sensitive_attributes": [],
          "identity_schema_version": 0,
          "identity": {
            "account_id": "810421502375",
            "availability_zone": null,
            "port": 8080,
            "quic_server_id": null,
            "region": "ap-southeast-1",
            "target_group_arn": "arn:aws:elasticloadbalancing:ap-southeast-1:810421502375:targetgroup/customer-profile-tg/a11a286a55452714",
            "target_id": "i-014767dbc5ccec302"
          },
          "private": "bnVsbA==",
          "dependencies": [
            "aws_instance.account_app_a",
            "aws_instance.account_app_b",
            "aws_instance.customer_profile_app_a",
            "aws_instance.statement_app_a",
            "aws_instance.statement_app_b",
            "aws_key_pair.fake_service_app",
            "aws_lb.account",
            "aws_lb.statement",
            "aws_lb_target_group.customer_profile",
            "aws_security_group.account_alb",
            "aws_security_group.account_ec2",
            "aws_security_group.bastion",
            "aws_security_group.customer_profile_alb",
            "aws_security_group.customer_profile_ec2",
            "aws_security_group.statement_alb",
            "aws_security_group.statement_ec2",
            "aws_subnet.account_private_a",
            "aws_subnet.account_private_b",
            "aws_subnet.customer_private_a",
            "aws_subnet.statement_private_a",
            "aws_subnet.statement_private_b",
            "aws_vpc.account",
            "aws_vpc.customer-profile",
            "aws_vpc.statement",
            "data.aws_ami.ubuntu",
            "tls_private_key.fake_service_app"
          ]
        }
      ]
    },
    {
      "mode": "managed",
      "type": "aws_lb_target_group_attachment",
      "name": "customer_profile_b",
      "provider": "provider[\"registry.terraform.io/hashicorp/aws\"]",
      "instances": [
        {
          "schema_version": 0,
          "attributes": {
            "availability_zone": null,
            "id": "arn:aws:elasticloadbalancing:ap-southeast-1:810421502375:targetgroup/customer-profile-tg/a11a286a55452714,i-0a4f8436cff815b9e,8080",
            "port": 8080,
            "quic_server_id": null,
            "region": "ap-southeast-1",
            "target_group_arn": "arn:aws:elasticloadbalancing:ap-southeast-1:810421502375:targetgroup/customer-profile-tg/a11a286a55452714",
            "target_id": "i-0a4f8436cff815b9e"
          },
          "sensitive_attributes": [],
          "identity_schema_version": 0,
          "identity": {
            "account_id": "810421502375",
            "availability_zone": null,
            "port": 8080,
            "quic_server_id": null,
            "region": "ap-southeast-1",
            "target_group_arn": "arn:aws:elasticloadbalancing:ap-southeast-1:810421502375:targetgroup/customer-profile-tg/a11a286a55452714",
            "target_id": "i-0a4f8436cff815b9e"
          },
          "private": "bnVsbA==",
          "dependencies": [
            "aws_instance.account_app_a",
            "aws_instance.account_app_b",
            "aws_instance.customer_profile_app_b",
            "aws_instance.statement_app_a",
            "aws_instance.statement_app_b",
            "aws_key_pair.fake_service_app",
            "aws_lb.account",
            "aws_lb.statement",
            "aws_lb_target_group.customer_profile",
            "aws_security_group.account_alb",
            "aws_security_group.account_ec2",
            "aws_security_group.bastion",
            "aws_security_group.customer_profile_alb",
            "aws_security_group.customer_profile_ec2",
            "aws_security_group.statement_alb",
            "aws_security_group.statement_ec2",
            "aws_subnet.account_private_a",
            "aws_subnet.account_private_b",
            "aws_subnet.customer_private_b",
            "aws_subnet.statement_private_a",
            "aws_subnet.statement_private_b",
            "aws_vpc.account",
            "aws_vpc.customer-profile",
            "aws_vpc.statement",
            "data.aws_ami.ubuntu",
            "tls_private_key.fake_service_app"
          ]
        }
      ]
    },
    {
      "mode": "managed",
      "type": "aws_lb_target_group_attachment",
      "name": "statement_a",
      "provider": "provider[\"registry.terraform.io/hashicorp/aws\"]",
      "instances": [
        {
          "schema_version": 0,
          "attributes": {
            "availability_zone": null,
            "id": "arn:aws:elasticloadbalancing:ap-southeast-1:810421502375:targetgroup/statement-tg/9a80ce75b7de3903,i-04e9ec24ce5ab573e,8082",
            "port": 8082,
            "quic_server_id": null,
            "region": "ap-southeast-1",
            "target_group_arn": "arn:aws:elasticloadbalancing:ap-southeast-1:810421502375:targetgroup/statement-tg/9a80ce75b7de3903",
            "target_id": "i-04e9ec24ce5ab573e"
          },
          "sensitive_attributes": [],
          "identity_schema_version": 0,
          "identity": {
            "account_id": "810421502375",
            "availability_zone": null,
            "port": 8082,
            "quic_server_id": null,
            "region": "ap-southeast-1",
            "target_group_arn": "arn:aws:elasticloadbalancing:ap-southeast-1:810421502375:targetgroup/statement-tg/9a80ce75b7de3903",
            "target_id": "i-04e9ec24ce5ab573e"
          },
          "private": "bnVsbA==",
          "dependencies": [
            "aws_instance.statement_app_a",
            "aws_key_pair.fake_service_app",
            "aws_lb_target_group.statement",
            "aws_security_group.statement_alb",
            "aws_security_group.statement_ec2",
            "aws_subnet.statement_private_a",
            "aws_vpc.statement",
            "data.aws_ami.ubuntu",
            "tls_private_key.fake_service_app"
          ]
        }
      ]
    },
    {
      "mode": "managed",
      "type": "aws_lb_target_group_attachment",
      "name": "statement_b",
      "provider": "provider[\"registry.terraform.io/hashicorp/aws\"]",
      "instances": [
        {
          "schema_version": 0,
          "attributes": {
            "availability_zone": null,
            "id": "arn:aws:elasticloadbalancing:ap-southeast-1:810421502375:targetgroup/statement-tg/9a80ce75b7de3903,i-0b76f3c5287501aa1,8082",
            "port": 8082,
            "quic_server_id": null,
            "region": "ap-southeast-1",
            "target_group_arn": "arn:aws:elasticloadbalancing:ap-southeast-1:810421502375:targetgroup/statement-tg/9a80ce75b7de3903",
            "target_id": "i-0b76f3c5287501aa1"
          },
          "sensitive_attributes": [],
          "identity_schema_version": 0,
          "identity": {
            "account_id": "810421502375",
            "availability_zone": null,
            "port": 8082,
            "quic_server_id": null,
            "region": "ap-southeast-1",
            "target_group_arn": "arn:aws:elasticloadbalancing:ap-southeast-1:810421502375:targetgroup/statement-tg/9a80ce75b7de3903",
            "target_id": "i-0b76f3c5287501aa1"
          },
          "private": "bnVsbA==",
          "dependencies": [
            "aws_instance.statement_app_b",
            "aws_key_pair.fake_service_app",
            "aws_lb_target_group.statement",
            "aws_security_group.statement_alb",
            "aws_security_group.statement_ec2",
            "aws_subnet.statement_private_b",
            "aws_vpc.statement",
            "data.aws_ami.ubuntu",
            "tls_private_key.fake_service_app"
          ]
        }
      ]
    },
    {
      "mode": "managed",
      "type": "aws_nat_gateway",
      "name": "account",
      "provider": "provider[\"registry.terraform.io/hashicorp/aws\"]",
      "instances": [
        {
          "schema_version": 0,
          "attributes": {
            "allocation_id": "eipalloc-045b03a959c7fb432",
            "association_id": "eipassoc-04628a177da20ea02",
            "auto_provision_zones": null,
            "auto_scaling_ips": null,
            "availability_mode": "zonal",
            "availability_zone_address": [],
            "connectivity_type": "public",
            "id": "nat-0a140f29f03992e3a",
            "network_interface_id": "eni-0bf9272858f33090f",
            "private_ip": "172.16.1.116",
            "public_ip": "52.74.59.3",
            "region": "ap-southeast-1",
            "regional_nat_gateway_address": [],
            "regional_nat_gateway_auto_mode": null,
            "route_table_id": null,
            "secondary_allocation_ids": [],
            "secondary_private_ip_address_count": 0,
            "secondary_private_ip_addresses": [],
            "subnet_id": "subnet-017e6541bdf828227",
            "tags": null,
            "tags_all": {},
            "timeouts": null,
            "vpc_id": "vpc-0f6141098dbc97744"
          },
          "sensitive_attributes": [],
          "identity_schema_version": 0,
          "identity": {
            "account_id": "810421502375",
            "id": "nat-0a140f29f03992e3a",
            "region": "ap-southeast-1"
          },
          "private": "eyJlMmJmYjczMC1lY2FhLTExZTYtOGY4OC0zNDM2M2JjN2M0YzAiOnsiY3JlYXRlIjo2MDAwMDAwMDAwMDAsImRlbGV0ZSI6MTgwMDAwMDAwMDAwMCwidXBkYXRlIjo2MDAwMDAwMDAwMDB9fQ==",
          "dependencies": [
            "aws_eip.account_nat",
            "aws_internet_gateway.account",
            "aws_subnet.account_public_a",
            "aws_vpc.account"
          ]
        }
      ]
    },
    {
      "mode": "managed",
      "type": "aws_nat_gateway",
      "name": "customer",
      "provider": "provider[\"registry.terraform.io/hashicorp/aws\"]",
      "instances": [
        {
          "schema_version": 0,
          "attributes": {
            "allocation_id": "eipalloc-0f2e3e2aea34ff5c6",
            "association_id": "eipassoc-0863904524960470a",
            "auto_provision_zones": null,
            "auto_scaling_ips": null,
            "availability_mode": "zonal",
            "availability_zone_address": [],
            "connectivity_type": "public",
            "id": "nat-084b66afc9729ae44",
            "network_interface_id": "eni-01d6329b7c932b780",
            "private_ip": "10.0.1.66",
            "public_ip": "52.220.29.212",
            "region": "ap-southeast-1",
            "regional_nat_gateway_address": [],
            "regional_nat_gateway_auto_mode": null,
            "route_table_id": null,
            "secondary_allocation_ids": [],
            "secondary_private_ip_address_count": 0,
            "secondary_private_ip_addresses": [],
            "subnet_id": "subnet-079e98b10ba73f513",
            "tags": null,
            "tags_all": {},
            "timeouts": null,
            "vpc_id": "vpc-074b950970830d8c2"
          },
          "sensitive_attributes": [],
          "identity_schema_version": 0,
          "identity": {
            "account_id": "810421502375",
            "id": "nat-084b66afc9729ae44",
            "region": "ap-southeast-1"
          },
          "private": "eyJlMmJmYjczMC1lY2FhLTExZTYtOGY4OC0zNDM2M2JjN2M0YzAiOnsiY3JlYXRlIjo2MDAwMDAwMDAwMDAsImRlbGV0ZSI6MTgwMDAwMDAwMDAwMCwidXBkYXRlIjo2MDAwMDAwMDAwMDB9fQ==",
          "dependencies": [
            "aws_eip.customer_nat",
            "aws_internet_gateway.customer-profile",
            "aws_subnet.customer_public_a",
            "aws_vpc.customer-profile"
          ]
        }
      ]
    },
    {
      "mode": "managed",
      "type": "aws_nat_gateway",
      "name": "statement",
      "provider": "provider[\"registry.terraform.io/hashicorp/aws\"]",
      "instances": [
        {
          "schema_version": 0,
          "attributes": {
            "allocation_id": "eipalloc-0f5fcf600812987a5",
            "association_id": "eipassoc-0912590c403c74e95",
            "auto_provision_zones": null,
            "auto_scaling_ips": null,
            "availability_mode": "zonal",
            "availability_zone_address": [],
            "connectivity_type": "public",
            "id": "nat-06fd321326cb64f8a",
            "network_interface_id": "eni-0f0092e072bf706c9",
            "private_ip": "192.168.1.247",
            "public_ip": "47.128.163.111",
            "region": "ap-southeast-1",
            "regional_nat_gateway_address": [],
            "regional_nat_gateway_auto_mode": null,
            "route_table_id": null,
            "secondary_allocation_ids": [],
            "secondary_private_ip_address_count": 0,
            "secondary_private_ip_addresses": [],
            "subnet_id": "subnet-00de644507aa60ae8",
            "tags": null,
            "tags_all": {},
            "timeouts": null,
            "vpc_id": "vpc-01026093648037a86"
          },
          "sensitive_attributes": [],
          "identity_schema_version": 0,
          "identity": {
            "account_id": "810421502375",
            "id": "nat-06fd321326cb64f8a",
            "region": "ap-southeast-1"
          },
          "private": "eyJlMmJmYjczMC1lY2FhLTExZTYtOGY4OC0zNDM2M2JjN2M0YzAiOnsiY3JlYXRlIjo2MDAwMDAwMDAwMDAsImRlbGV0ZSI6MTgwMDAwMDAwMDAwMCwidXBkYXRlIjo2MDAwMDAwMDAwMDB9fQ==",
          "dependencies": [
            "aws_eip.statement_nat",
            "aws_internet_gateway.statement",
            "aws_subnet.statement_public_a",
            "aws_vpc.statement"
          ]
        }
      ]
    },
    {
      "mode": "managed",
      "type": "aws_route53_record",
      "name": "account_cert_validation",
      "provider": "provider[\"registry.terraform.io/hashicorp/aws\"]",
      "instances": [
        {
          "index_key": "account.internal.hellocloudteam4app.click",
          "schema_version": 2,
          "attributes": {
            "alias": [],
            "allow_overwrite": true,
            "cidr_routing_policy": [],
            "failover_routing_policy": [],
            "fqdn": "_12d52a7541cf3e4b3159c3869e3e23cc.account.internal.hellocloudteam4app.click",
            "geolocation_routing_policy": [],
            "geoproximity_routing_policy": [],
            "health_check_id": "",
            "id": "Z0311951O4HNUBVDUINW__12d52a7541cf3e4b3159c3869e3e23cc.account.internal.hellocloudteam4app.click._CNAME",
            "latency_routing_policy": [],
            "multivalue_answer_routing_policy": false,
            "name": "_12d52a7541cf3e4b3159c3869e3e23cc.account.internal.hellocloudteam4app.click",
            "records": [
              "_52b30f49a3697b99ef078d5aa80041e8.jkddzztszm.acm-validations.aws."
            ],
            "set_identifier": "",
            "timeouts": null,
            "ttl": 60,
            "type": "CNAME",
            "weighted_routing_policy": [],
            "zone_id": "Z0311951O4HNUBVDUINW"
          },
          "sensitive_attributes": [],
          "identity_schema_version": 0,
          "identity": {
            "account_id": "810421502375",
            "name": "_12d52a7541cf3e4b3159c3869e3e23cc.account.internal.hellocloudteam4app.click.",
            "set_identifier": null,
            "type": "CNAME",
            "zone_id": "Z0311951O4HNUBVDUINW"
          },
          "private": "eyJlMmJmYjczMC1lY2FhLTExZTYtOGY4OC0zNDM2M2JjN2M0YzAiOnsiY3JlYXRlIjoxODAwMDAwMDAwMDAwLCJkZWxldGUiOjE4MDAwMDAwMDAwMDAsInVwZGF0ZSI6MTgwMDAwMDAwMDAwMH0sInNjaGVtYV92ZXJzaW9uIjoiMiJ9",
          "dependencies": [
            "aws_acm_certificate.account",
            "data.aws_route53_zone.main"
          ]
        }
      ]
    },
    {
      "mode": "managed",
      "type": "aws_route53_record",
      "name": "account_internal",
      "provider": "provider[\"registry.terraform.io/hashicorp/aws\"]",
      "instances": [
        {
          "schema_version": 2,
          "attributes": {
            "alias": [
              {
                "evaluate_target_health": true,
                "name": "internal-account-alb-317075303.ap-southeast-1.elb.amazonaws.com",
                "zone_id": "Z1LMS91P8CMLE5"
              }
            ],
            "allow_overwrite": null,
            "cidr_routing_policy": [],
            "failover_routing_policy": [],
            "fqdn": "account.internal.hellocloudteam4app.click",
            "geolocation_routing_policy": [],
            "geoproximity_routing_policy": [],
            "health_check_id": "",
            "id": "Z0311951O4HNUBVDUINW_account.internal.hellocloudteam4app.click_A",
            "latency_routing_policy": [],
            "multivalue_answer_routing_policy": false,
            "name": "account.internal.hellocloudteam4app.click",
            "records": null,
            "set_identifier": "",
            "timeouts": null,
            "ttl": 0,
            "type": "A",
            "weighted_routing_policy": [],
            "zone_id": "Z0311951O4HNUBVDUINW"
          },
          "sensitive_attributes": [],
          "identity_schema_version": 0,
          "identity": {
            "account_id": "810421502375",
            "name": "account.internal.hellocloudteam4app.click",
            "set_identifier": null,
            "type": "A",
            "zone_id": "Z0311951O4HNUBVDUINW"
          },
          "private": "eyJlMmJmYjczMC1lY2FhLTExZTYtOGY4OC0zNDM2M2JjN2M0YzAiOnsiY3JlYXRlIjoxODAwMDAwMDAwMDAwLCJkZWxldGUiOjE4MDAwMDAwMDAwMDAsInVwZGF0ZSI6MTgwMDAwMDAwMDAwMH0sInNjaGVtYV92ZXJzaW9uIjoiMiJ9",
          "dependencies": [
            "aws_lb.account",
            "aws_security_group.account_alb",
            "aws_subnet.account_private_a",
            "aws_subnet.account_private_b",
            "aws_vpc.account",
            "data.aws_route53_zone.main"
          ]
        }
      ]
    },
    {
      "mode": "managed",
      "type": "aws_route53_record",
      "name": "customer_profile",
      "provider": "provider[\"registry.terraform.io/hashicorp/aws\"]",
      "instances": [
        {
          "schema_version": 2,
          "attributes": {
            "alias": [
              {
                "evaluate_target_health": true,
                "name": "customer-profile-alb-535646117.ap-southeast-1.elb.amazonaws.com",
                "zone_id": "Z1LMS91P8CMLE5"
              }
            ],
            "allow_overwrite": null,
            "cidr_routing_policy": [],
            "failover_routing_policy": [],
            "fqdn": "hellocloudteam4app.click",
            "geolocation_routing_policy": [],
            "geoproximity_routing_policy": [],
            "health_check_id": "",
            "id": "Z0311951O4HNUBVDUINW_hellocloudteam4app.click_A",
            "latency_routing_policy": [],
            "multivalue_answer_routing_policy": false,
            "name": "hellocloudteam4app.click",
            "records": null,
            "set_identifier": "",
            "timeouts": null,
            "ttl": 0,
            "type": "A",
            "weighted_routing_policy": [],
            "zone_id": "Z0311951O4HNUBVDUINW"
          },
          "sensitive_attributes": [],
          "identity_schema_version": 0,
          "identity": {
            "account_id": "810421502375",
            "name": "hellocloudteam4app.click",
            "set_identifier": null,
            "type": "A",
            "zone_id": "Z0311951O4HNUBVDUINW"
          },
          "private": "eyJlMmJmYjczMC1lY2FhLTExZTYtOGY4OC0zNDM2M2JjN2M0YzAiOnsiY3JlYXRlIjoxODAwMDAwMDAwMDAwLCJkZWxldGUiOjE4MDAwMDAwMDAwMDAsInVwZGF0ZSI6MTgwMDAwMDAwMDAwMH0sInNjaGVtYV92ZXJzaW9uIjoiMiJ9",
          "dependencies": [
            "aws_lb.customer_profile",
            "aws_security_group.customer_profile_alb",
            "aws_subnet.customer_public_a",
            "aws_subnet.customer_public_b",
            "aws_vpc.customer-profile",
            "data.aws_route53_zone.main"
          ]
        }
      ]
    },
    {
      "mode": "managed",
      "type": "aws_route53_record",
      "name": "customer_profile_cert_validation",
      "provider": "provider[\"registry.terraform.io/hashicorp/aws\"]",
      "instances": [
        {
          "index_key": "*.hellocloudteam4app.click",
          "schema_version": 2,
          "attributes": {
            "alias": [],
            "allow_overwrite": true,
            "cidr_routing_policy": [],
            "failover_routing_policy": [],
            "fqdn": "_6edef02e34e153c2e761a03ab0a04898.hellocloudteam4app.click",
            "geolocation_routing_policy": [],
            "geoproximity_routing_policy": [],
            "health_check_id": "",
            "id": "Z0311951O4HNUBVDUINW__6edef02e34e153c2e761a03ab0a04898.hellocloudteam4app.click._CNAME",
            "latency_routing_policy": [],
            "multivalue_answer_routing_policy": false,
            "name": "_6edef02e34e153c2e761a03ab0a04898.hellocloudteam4app.click",
            "records": [
              "_681a10f8d842a3c450b6d2c50318f930.jkddzztszm.acm-validations.aws."
            ],
            "set_identifier": "",
            "timeouts": null,
            "ttl": 60,
            "type": "CNAME",
            "weighted_routing_policy": [],
            "zone_id": "Z0311951O4HNUBVDUINW"
          },
          "sensitive_attributes": [],
          "identity_schema_version": 0,
          "identity": {
            "account_id": "810421502375",
            "name": "_6edef02e34e153c2e761a03ab0a04898.hellocloudteam4app.click.",
            "set_identifier": null,
            "type": "CNAME",
            "zone_id": "Z0311951O4HNUBVDUINW"
          },
          "private": "eyJlMmJmYjczMC1lY2FhLTExZTYtOGY4OC0zNDM2M2JjN2M0YzAiOnsiY3JlYXRlIjoxODAwMDAwMDAwMDAwLCJkZWxldGUiOjE4MDAwMDAwMDAwMDAsInVwZGF0ZSI6MTgwMDAwMDAwMDAwMH0sInNjaGVtYV92ZXJzaW9uIjoiMiJ9",
          "dependencies": [
            "aws_acm_certificate.customer_profile",
            "data.aws_route53_zone.main"
          ]
        },
        {
          "index_key": "hellocloudteam4app.click",
          "schema_version": 2,
          "attributes": {
            "alias": [],
            "allow_overwrite": true,
            "cidr_routing_policy": [],
            "failover_routing_policy": [],
            "fqdn": "_6edef02e34e153c2e761a03ab0a04898.hellocloudteam4app.click",
            "geolocation_routing_policy": [],
            "geoproximity_routing_policy": [],
            "health_check_id": "",
            "id": "Z0311951O4HNUBVDUINW__6edef02e34e153c2e761a03ab0a04898.hellocloudteam4app.click._CNAME",
            "latency_routing_policy": [],
            "multivalue_answer_routing_policy": false,
            "name": "_6edef02e34e153c2e761a03ab0a04898.hellocloudteam4app.click",
            "records": [
              "_681a10f8d842a3c450b6d2c50318f930.jkddzztszm.acm-validations.aws."
            ],
            "set_identifier": "",
            "timeouts": null,
            "ttl": 60,
            "type": "CNAME",
            "weighted_routing_policy": [],
            "zone_id": "Z0311951O4HNUBVDUINW"
          },
          "sensitive_attributes": [],
          "identity_schema_version": 0,
          "identity": {
            "account_id": "810421502375",
            "name": "_6edef02e34e153c2e761a03ab0a04898.hellocloudteam4app.click.",
            "set_identifier": null,
            "type": "CNAME",
            "zone_id": "Z0311951O4HNUBVDUINW"
          },
          "private": "eyJlMmJmYjczMC1lY2FhLTExZTYtOGY4OC0zNDM2M2JjN2M0YzAiOnsiY3JlYXRlIjoxODAwMDAwMDAwMDAwLCJkZWxldGUiOjE4MDAwMDAwMDAwMDAsInVwZGF0ZSI6MTgwMDAwMDAwMDAwMH0sInNjaGVtYV92ZXJzaW9uIjoiMiJ9",
          "dependencies": [
            "aws_acm_certificate.customer_profile",
            "data.aws_route53_zone.main"
          ]
        }
      ]
    },
    {
      "mode": "managed",
      "type": "aws_route53_record",
      "name": "fake_service",
      "provider": "provider[\"registry.terraform.io/hashicorp/aws\"]",
      "instances": [
        {
          "schema_version": 2,
          "attributes": {
            "alias": [
              {
                "evaluate_target_health": true,
                "name": "customer-profile-alb-535646117.ap-southeast-1.elb.amazonaws.com",
                "zone_id": "Z1LMS91P8CMLE5"
              }
            ],
            "allow_overwrite": null,
            "cidr_routing_policy": [],
            "failover_routing_policy": [],
            "fqdn": "fake-service.hellocloudteam4app.click",
            "geolocation_routing_policy": [],
            "geoproximity_routing_policy": [],
            "health_check_id": "",
            "id": "Z0311951O4HNUBVDUINW_fake-service.hellocloudteam4app.click_A",
            "latency_routing_policy": [],
            "multivalue_answer_routing_policy": false,
            "name": "fake-service.hellocloudteam4app.click",
            "records": null,
            "set_identifier": "",
            "timeouts": null,
            "ttl": 0,
            "type": "A",
            "weighted_routing_policy": [],
            "zone_id": "Z0311951O4HNUBVDUINW"
          },
          "sensitive_attributes": [],
          "identity_schema_version": 0,
          "identity": {
            "account_id": "810421502375",
            "name": "fake-service.hellocloudteam4app.click",
            "set_identifier": null,
            "type": "A",
            "zone_id": "Z0311951O4HNUBVDUINW"
          },
          "private": "eyJlMmJmYjczMC1lY2FhLTExZTYtOGY4OC0zNDM2M2JjN2M0YzAiOnsiY3JlYXRlIjoxODAwMDAwMDAwMDAwLCJkZWxldGUiOjE4MDAwMDAwMDAwMDAsInVwZGF0ZSI6MTgwMDAwMDAwMDAwMH0sInNjaGVtYV92ZXJzaW9uIjoiMiJ9",
          "dependencies": [
            "aws_lb.customer_profile",
            "aws_security_group.customer_profile_alb",
            "aws_subnet.customer_public_a",
            "aws_subnet.customer_public_b",
            "aws_vpc.customer-profile",
            "data.aws_route53_zone.main"
          ]
        }
      ]
    },
    {
      "mode": "managed",
      "type": "aws_route53_record",
      "name": "statement_cert_validation",
      "provider": "provider[\"registry.terraform.io/hashicorp/aws\"]",
      "instances": [
        {
          "index_key": "statement.internal.hellocloudteam4app.click",
          "schema_version": 2,
          "attributes": {
            "alias": [],
            "allow_overwrite": true,
            "cidr_routing_policy": [],
            "failover_routing_policy": [],
            "fqdn": "_19f28ba72615fd2dd90b5dfe78b4c132.statement.internal.hellocloudteam4app.click",
            "geolocation_routing_policy": [],
            "geoproximity_routing_policy": [],
            "health_check_id": "",
            "id": "Z0311951O4HNUBVDUINW__19f28ba72615fd2dd90b5dfe78b4c132.statement.internal.hellocloudteam4app.click._CNAME",
            "latency_routing_policy": [],
            "multivalue_answer_routing_policy": false,
            "name": "_19f28ba72615fd2dd90b5dfe78b4c132.statement.internal.hellocloudteam4app.click",
            "records": [
              "_556b86a7b5e1164c31dae7fb54adbb77.jkddzztszm.acm-validations.aws."
            ],
            "set_identifier": "",
            "timeouts": null,
            "ttl": 60,
            "type": "CNAME",
            "weighted_routing_policy": [],
            "zone_id": "Z0311951O4HNUBVDUINW"
          },
          "sensitive_attributes": [],
          "identity_schema_version": 0,
          "identity": {
            "account_id": "810421502375",
            "name": "_19f28ba72615fd2dd90b5dfe78b4c132.statement.internal.hellocloudteam4app.click.",
            "set_identifier": null,
            "type": "CNAME",
            "zone_id": "Z0311951O4HNUBVDUINW"
          },
          "private": "eyJlMmJmYjczMC1lY2FhLTExZTYtOGY4OC0zNDM2M2JjN2M0YzAiOnsiY3JlYXRlIjoxODAwMDAwMDAwMDAwLCJkZWxldGUiOjE4MDAwMDAwMDAwMDAsInVwZGF0ZSI6MTgwMDAwMDAwMDAwMH0sInNjaGVtYV92ZXJzaW9uIjoiMiJ9",
          "dependencies": [
            "aws_acm_certificate.statement",
            "data.aws_route53_zone.main"
          ]
        }
      ]
    },
    {
      "mode": "managed",
      "type": "aws_route53_record",
      "name": "statement_internal",
      "provider": "provider[\"registry.terraform.io/hashicorp/aws\"]",
      "instances": [
        {
          "schema_version": 2,
          "attributes": {
            "alias": [
              {
                "evaluate_target_health": true,
                "name": "internal-statement-alb-240545353.ap-southeast-1.elb.amazonaws.com",
                "zone_id": "Z1LMS91P8CMLE5"
              }
            ],
            "allow_overwrite": null,
            "cidr_routing_policy": [],
            "failover_routing_policy": [],
            "fqdn": "statement.internal.hellocloudteam4app.click",
            "geolocation_routing_policy": [],
            "geoproximity_routing_policy": [],
            "health_check_id": "",
            "id": "Z0311951O4HNUBVDUINW_statement.internal.hellocloudteam4app.click_A",
            "latency_routing_policy": [],
            "multivalue_answer_routing_policy": false,
            "name": "statement.internal.hellocloudteam4app.click",
            "records": null,
            "set_identifier": "",
            "timeouts": null,
            "ttl": 0,
            "type": "A",
            "weighted_routing_policy": [],
            "zone_id": "Z0311951O4HNUBVDUINW"
          },
          "sensitive_attributes": [],
          "identity_schema_version": 0,
          "identity": {
            "account_id": "810421502375",
            "name": "statement.internal.hellocloudteam4app.click",
            "set_identifier": null,
            "type": "A",
            "zone_id": "Z0311951O4HNUBVDUINW"
          },
          "private": "eyJlMmJmYjczMC1lY2FhLTExZTYtOGY4OC0zNDM2M2JjN2M0YzAiOnsiY3JlYXRlIjoxODAwMDAwMDAwMDAwLCJkZWxldGUiOjE4MDAwMDAwMDAwMDAsInVwZGF0ZSI6MTgwMDAwMDAwMDAwMH0sInNjaGVtYV92ZXJzaW9uIjoiMiJ9",
          "dependencies": [
            "aws_lb.statement",
            "aws_security_group.statement_alb",
            "aws_subnet.statement_private_a",
            "aws_subnet.statement_private_b",
            "aws_vpc.statement",
            "data.aws_route53_zone.main"
          ]
        }
      ]
    },
    {
      "mode": "managed",
      "type": "aws_route_table",
      "name": "account_private",
      "provider": "provider[\"registry.terraform.io/hashicorp/aws\"]",
      "instances": [
        {
          "schema_version": 0,
          "attributes": {
            "arn": "arn:aws:ec2:ap-southeast-1:810421502375:route-table/rtb-0682197cfd858d22b",
            "id": "rtb-0682197cfd858d22b",
            "owner_id": "810421502375",
            "propagating_vgws": [],
            "region": "ap-southeast-1",
            "route": [
              {
                "carrier_gateway_id": "",
                "cidr_block": "0.0.0.0/0",
                "core_network_arn": "",
                "destination_prefix_list_id": "",
                "egress_only_gateway_id": "",
                "gateway_id": "",
                "ipv6_cidr_block": "",
                "local_gateway_id": "",
                "nat_gateway_id": "nat-0a140f29f03992e3a",
                "network_interface_id": "",
                "odb_network_arn": "",
                "transit_gateway_id": "",
                "vpc_endpoint_id": "",
                "vpc_peering_connection_id": ""
              },
              {
                "carrier_gateway_id": "",
                "cidr_block": "10.0.0.0/16",
                "core_network_arn": "",
                "destination_prefix_list_id": "",
                "egress_only_gateway_id": "",
                "gateway_id": "",
                "ipv6_cidr_block": "",
                "local_gateway_id": "",
                "nat_gateway_id": "",
                "network_interface_id": "",
                "odb_network_arn": "",
                "transit_gateway_id": "",
                "vpc_endpoint_id": "",
                "vpc_peering_connection_id": "pcx-023cc7ec9aefade2d"
              },
              {
                "carrier_gateway_id": "",
                "cidr_block": "192.168.0.0/16",
                "core_network_arn": "",
                "destination_prefix_list_id": "",
                "egress_only_gateway_id": "",
                "gateway_id": "",
                "ipv6_cidr_block": "",
                "local_gateway_id": "",
                "nat_gateway_id": "",
                "network_interface_id": "",
                "odb_network_arn": "",
                "transit_gateway_id": "",
                "vpc_endpoint_id": "",
                "vpc_peering_connection_id": "pcx-096af80884c69eb19"
              }
            ],
            "tags": {
              "Name": "account-private-rt"
            },
            "tags_all": {
              "Name": "account-private-rt"
            },
            "timeouts": null,
            "vpc_id": "vpc-0f6141098dbc97744"
          },
          "sensitive_attributes": [],
          "identity_schema_version": 0,
          "identity": {
            "account_id": "810421502375",
            "id": "rtb-0682197cfd858d22b",
            "region": "ap-southeast-1"
          },
          "private": "eyJlMmJmYjczMC1lY2FhLTExZTYtOGY4OC0zNDM2M2JjN2M0YzAiOnsiY3JlYXRlIjozMDAwMDAwMDAwMDAsImRlbGV0ZSI6MzAwMDAwMDAwMDAwLCJ1cGRhdGUiOjEyMDAwMDAwMDAwMH19",
          "dependencies": [
            "aws_eip.account_nat",
            "aws_internet_gateway.account",
            "aws_nat_gateway.account",
            "aws_subnet.account_public_a",
            "aws_vpc.account",
            "aws_vpc.customer-profile",
            "aws_vpc.statement",
            "aws_vpc_peering_connection.account_statement",
            "aws_vpc_peering_connection.customer_account"
          ]
        }
      ]
    },
    {
      "mode": "managed",
      "type": "aws_route_table",
      "name": "account_public",
      "provider": "provider[\"registry.terraform.io/hashicorp/aws\"]",
      "instances": [
        {
          "schema_version": 0,
          "attributes": {
            "arn": "arn:aws:ec2:ap-southeast-1:810421502375:route-table/rtb-0ad1e9a8e6e584fe5",
            "id": "rtb-0ad1e9a8e6e584fe5",
            "owner_id": "810421502375",
            "propagating_vgws": [],
            "region": "ap-southeast-1",
            "route": [
              {
                "carrier_gateway_id": "",
                "cidr_block": "0.0.0.0/0",
                "core_network_arn": "",
                "destination_prefix_list_id": "",
                "egress_only_gateway_id": "",
                "gateway_id": "igw-0418050feadfad298",
                "ipv6_cidr_block": "",
                "local_gateway_id": "",
                "nat_gateway_id": "",
                "network_interface_id": "",
                "odb_network_arn": "",
                "transit_gateway_id": "",
                "vpc_endpoint_id": "",
                "vpc_peering_connection_id": ""
              },
              {
                "carrier_gateway_id": "",
                "cidr_block": "10.0.0.0/16",
                "core_network_arn": "",
                "destination_prefix_list_id": "",
                "egress_only_gateway_id": "",
                "gateway_id": "",
                "ipv6_cidr_block": "",
                "local_gateway_id": "",
                "nat_gateway_id": "",
                "network_interface_id": "",
                "odb_network_arn": "",
                "transit_gateway_id": "",
                "vpc_endpoint_id": "",
                "vpc_peering_connection_id": "pcx-023cc7ec9aefade2d"
              }
            ],
            "tags": {
              "Name": "account-public-rt"
            },
            "tags_all": {
              "Name": "account-public-rt"
            },
            "timeouts": null,
            "vpc_id": "vpc-0f6141098dbc97744"
          },
          "sensitive_attributes": [],
          "identity_schema_version": 0,
          "identity": {
            "account_id": "810421502375",
            "id": "rtb-0ad1e9a8e6e584fe5",
            "region": "ap-southeast-1"
          },
          "private": "eyJlMmJmYjczMC1lY2FhLTExZTYtOGY4OC0zNDM2M2JjN2M0YzAiOnsiY3JlYXRlIjozMDAwMDAwMDAwMDAsImRlbGV0ZSI6MzAwMDAwMDAwMDAwLCJ1cGRhdGUiOjEyMDAwMDAwMDAwMH19",
          "dependencies": [
            "aws_internet_gateway.account",
            "aws_vpc.account",
            "aws_vpc.customer-profile",
            "aws_vpc_peering_connection.customer_account"
          ]
        }
      ]
    },
    {
      "mode": "managed",
      "type": "aws_route_table",
      "name": "customer_private",
      "provider": "provider[\"registry.terraform.io/hashicorp/aws\"]",
      "instances": [
        {
          "schema_version": 0,
          "attributes": {
            "arn": "arn:aws:ec2:ap-southeast-1:810421502375:route-table/rtb-0931782e69b69a067",
            "id": "rtb-0931782e69b69a067",
            "owner_id": "810421502375",
            "propagating_vgws": [],
            "region": "ap-southeast-1",
            "route": [
              {
                "carrier_gateway_id": "",
                "cidr_block": "0.0.0.0/0",
                "core_network_arn": "",
                "destination_prefix_list_id": "",
                "egress_only_gateway_id": "",
                "gateway_id": "",
                "ipv6_cidr_block": "",
                "local_gateway_id": "",
                "nat_gateway_id": "nat-084b66afc9729ae44",
                "network_interface_id": "",
                "odb_network_arn": "",
                "transit_gateway_id": "",
                "vpc_endpoint_id": "",
                "vpc_peering_connection_id": ""
              },
              {
                "carrier_gateway_id": "",
                "cidr_block": "172.16.0.0/16",
                "core_network_arn": "",
                "destination_prefix_list_id": "",
                "egress_only_gateway_id": "",
                "gateway_id": "",
                "ipv6_cidr_block": "",
                "local_gateway_id": "",
                "nat_gateway_id": "",
                "network_interface_id": "",
                "odb_network_arn": "",
                "transit_gateway_id": "",
                "vpc_endpoint_id": "",
                "vpc_peering_connection_id": "pcx-023cc7ec9aefade2d"
              }
            ],
            "tags": {
              "Name": "customer-profile-private-rt"
            },
            "tags_all": {
              "Name": "customer-profile-private-rt"
            },
            "timeouts": null,
            "vpc_id": "vpc-074b950970830d8c2"
          },
          "sensitive_attributes": [],
          "identity_schema_version": 0,
          "identity": {
            "account_id": "810421502375",
            "id": "rtb-0931782e69b69a067",
            "region": "ap-southeast-1"
          },
          "private": "eyJlMmJmYjczMC1lY2FhLTExZTYtOGY4OC0zNDM2M2JjN2M0YzAiOnsiY3JlYXRlIjozMDAwMDAwMDAwMDAsImRlbGV0ZSI6MzAwMDAwMDAwMDAwLCJ1cGRhdGUiOjEyMDAwMDAwMDAwMH19",
          "dependencies": [
            "aws_eip.customer_nat",
            "aws_internet_gateway.customer-profile",
            "aws_nat_gateway.customer",
            "aws_subnet.customer_public_a",
            "aws_vpc.account",
            "aws_vpc.customer-profile",
            "aws_vpc_peering_connection.customer_account"
          ]
        }
      ]
    },
    {
      "mode": "managed",
      "type": "aws_route_table",
      "name": "customer_public",
      "provider": "provider[\"registry.terraform.io/hashicorp/aws\"]",
      "instances": [
        {
          "schema_version": 0,
          "attributes": {
            "arn": "arn:aws:ec2:ap-southeast-1:810421502375:route-table/rtb-078ac3bc95e46ce04",
            "id": "rtb-078ac3bc95e46ce04",
            "owner_id": "810421502375",
            "propagating_vgws": [],
            "region": "ap-southeast-1",
            "route": [
              {
                "carrier_gateway_id": "",
                "cidr_block": "0.0.0.0/0",
                "core_network_arn": "",
                "destination_prefix_list_id": "",
                "egress_only_gateway_id": "",
                "gateway_id": "igw-007d99bdbfdf1e626",
                "ipv6_cidr_block": "",
                "local_gateway_id": "",
                "nat_gateway_id": "",
                "network_interface_id": "",
                "odb_network_arn": "",
                "transit_gateway_id": "",
                "vpc_endpoint_id": "",
                "vpc_peering_connection_id": ""
              }
            ],
            "tags": {
              "Name": "customer-profile-public-rt"
            },
            "tags_all": {
              "Name": "customer-profile-public-rt"
            },
            "timeouts": null,
            "vpc_id": "vpc-074b950970830d8c2"
          },
          "sensitive_attributes": [],
          "identity_schema_version": 0,
          "identity": {
            "account_id": "810421502375",
            "id": "rtb-078ac3bc95e46ce04",
            "region": "ap-southeast-1"
          },
          "private": "eyJlMmJmYjczMC1lY2FhLTExZTYtOGY4OC0zNDM2M2JjN2M0YzAiOnsiY3JlYXRlIjozMDAwMDAwMDAwMDAsImRlbGV0ZSI6MzAwMDAwMDAwMDAwLCJ1cGRhdGUiOjEyMDAwMDAwMDAwMH19",
          "dependencies": [
            "aws_internet_gateway.customer-profile",
            "aws_vpc.customer-profile"
          ]
        }
      ]
    },
    {
      "mode": "managed",
      "type": "aws_route_table",
      "name": "statement_private",
      "provider": "provider[\"registry.terraform.io/hashicorp/aws\"]",
      "instances": [
        {
          "schema_version": 0,
          "attributes": {
            "arn": "arn:aws:ec2:ap-southeast-1:810421502375:route-table/rtb-045a4b7b847dba41d",
            "id": "rtb-045a4b7b847dba41d",
            "owner_id": "810421502375",
            "propagating_vgws": [],
            "region": "ap-southeast-1",
            "route": [
              {
                "carrier_gateway_id": "",
                "cidr_block": "0.0.0.0/0",
                "core_network_arn": "",
                "destination_prefix_list_id": "",
                "egress_only_gateway_id": "",
                "gateway_id": "",
                "ipv6_cidr_block": "",
                "local_gateway_id": "",
                "nat_gateway_id": "nat-06fd321326cb64f8a",
                "network_interface_id": "",
                "odb_network_arn": "",
                "transit_gateway_id": "",
                "vpc_endpoint_id": "",
                "vpc_peering_connection_id": ""
              },
              {
                "carrier_gateway_id": "",
                "cidr_block": "172.16.0.0/16",
                "core_network_arn": "",
                "destination_prefix_list_id": "",
                "egress_only_gateway_id": "",
                "gateway_id": "",
                "ipv6_cidr_block": "",
                "local_gateway_id": "",
                "nat_gateway_id": "",
                "network_interface_id": "",
                "odb_network_arn": "",
                "transit_gateway_id": "",
                "vpc_endpoint_id": "",
                "vpc_peering_connection_id": "pcx-096af80884c69eb19"
              }
            ],
            "tags": {
              "Name": "statement-private-rt"
            },
            "tags_all": {
              "Name": "statement-private-rt"
            },
            "timeouts": null,
            "vpc_id": "vpc-01026093648037a86"
          },
          "sensitive_attributes": [],
          "identity_schema_version": 0,
          "identity": {
            "account_id": "810421502375",
            "id": "rtb-045a4b7b847dba41d",
            "region": "ap-southeast-1"
          },
          "private": "eyJlMmJmYjczMC1lY2FhLTExZTYtOGY4OC0zNDM2M2JjN2M0YzAiOnsiY3JlYXRlIjozMDAwMDAwMDAwMDAsImRlbGV0ZSI6MzAwMDAwMDAwMDAwLCJ1cGRhdGUiOjEyMDAwMDAwMDAwMH19",
          "dependencies": [
            "aws_eip.statement_nat",
            "aws_internet_gateway.statement",
            "aws_nat_gateway.statement",
            "aws_subnet.statement_public_a",
            "aws_vpc.account",
            "aws_vpc.statement",
            "aws_vpc_peering_connection.account_statement"
          ]
        }
      ]
    },
    {
      "mode": "managed",
      "type": "aws_route_table",
      "name": "statement_public",
      "provider": "provider[\"registry.terraform.io/hashicorp/aws\"]",
      "instances": [
        {
          "schema_version": 0,
          "attributes": {
            "arn": "arn:aws:ec2:ap-southeast-1:810421502375:route-table/rtb-08e4eccda3c5130d8",
            "id": "rtb-08e4eccda3c5130d8",
            "owner_id": "810421502375",
            "propagating_vgws": [],
            "region": "ap-southeast-1",
            "route": [
              {
                "carrier_gateway_id": "",
                "cidr_block": "0.0.0.0/0",
                "core_network_arn": "",
                "destination_prefix_list_id": "",
                "egress_only_gateway_id": "",
                "gateway_id": "igw-01b4b8ab245475da1",
                "ipv6_cidr_block": "",
                "local_gateway_id": "",
                "nat_gateway_id": "",
                "network_interface_id": "",
                "odb_network_arn": "",
                "transit_gateway_id": "",
                "vpc_endpoint_id": "",
                "vpc_peering_connection_id": ""
              }
            ],
            "tags": {
              "Name": "statement-public-rt"
            },
            "tags_all": {
              "Name": "statement-public-rt"
            },
            "timeouts": null,
            "vpc_id": "vpc-01026093648037a86"
          },
          "sensitive_attributes": [],
          "identity_schema_version": 0,
          "identity": {
            "account_id": "810421502375",
            "id": "rtb-08e4eccda3c5130d8",
            "region": "ap-southeast-1"
          },
          "private": "eyJlMmJmYjczMC1lY2FhLTExZTYtOGY4OC0zNDM2M2JjN2M0YzAiOnsiY3JlYXRlIjozMDAwMDAwMDAwMDAsImRlbGV0ZSI6MzAwMDAwMDAwMDAwLCJ1cGRhdGUiOjEyMDAwMDAwMDAwMH19",
          "dependencies": [
            "aws_internet_gateway.statement",
            "aws_vpc.statement"
          ]
        }
      ]
    },
    {
      "mode": "managed",
      "type": "aws_route_table_association",
      "name": "account_private_a",
      "provider": "provider[\"registry.terraform.io/hashicorp/aws\"]",
      "instances": [
        {
          "schema_version": 0,
          "attributes": {
            "gateway_id": "",
            "id": "rtbassoc-066c49a90658088b5",
            "region": "ap-southeast-1",
            "route_table_id": "rtb-0682197cfd858d22b",
            "subnet_id": "subnet-0bb9cea61da60288d",
            "timeouts": null
          },
          "sensitive_attributes": [],
          "identity_schema_version": 0,
          "identity": {
            "account_id": "810421502375",
            "id": "rtbassoc-066c49a90658088b5",
            "region": "ap-southeast-1"
          },
          "private": "eyJlMmJmYjczMC1lY2FhLTExZTYtOGY4OC0zNDM2M2JjN2M0YzAiOnsiY3JlYXRlIjozMDAwMDAwMDAwMDAsImRlbGV0ZSI6MzAwMDAwMDAwMDAwLCJ1cGRhdGUiOjEyMDAwMDAwMDAwMH19",
          "dependencies": [
            "aws_eip.account_nat",
            "aws_internet_gateway.account",
            "aws_nat_gateway.account",
            "aws_route_table.account_private",
            "aws_subnet.account_private_a",
            "aws_subnet.account_public_a",
            "aws_vpc.account",
            "aws_vpc.customer-profile",
            "aws_vpc.statement",
            "aws_vpc_peering_connection.account_statement",
            "aws_vpc_peering_connection.customer_account"
          ]
        }
      ]
    },
    {
      "mode": "managed",
      "type": "aws_route_table_association",
      "name": "account_private_b",
      "provider": "provider[\"registry.terraform.io/hashicorp/aws\"]",
      "instances": [
        {
          "schema_version": 0,
          "attributes": {
            "gateway_id": "",
            "id": "rtbassoc-0ccb352560a704712",
            "region": "ap-southeast-1",
            "route_table_id": "rtb-0682197cfd858d22b",
            "subnet_id": "subnet-057e14858003920ac",
            "timeouts": null
          },
          "sensitive_attributes": [],
          "identity_schema_version": 0,
          "identity": {
            "account_id": "810421502375",
            "id": "rtbassoc-0ccb352560a704712",
            "region": "ap-southeast-1"
          },
          "private": "eyJlMmJmYjczMC1lY2FhLTExZTYtOGY4OC0zNDM2M2JjN2M0YzAiOnsiY3JlYXRlIjozMDAwMDAwMDAwMDAsImRlbGV0ZSI6MzAwMDAwMDAwMDAwLCJ1cGRhdGUiOjEyMDAwMDAwMDAwMH19",
          "dependencies": [
            "aws_eip.account_nat",
            "aws_internet_gateway.account",
            "aws_nat_gateway.account",
            "aws_route_table.account_private",
            "aws_subnet.account_private_b",
            "aws_subnet.account_public_a",
            "aws_vpc.account",
            "aws_vpc.customer-profile",
            "aws_vpc.statement",
            "aws_vpc_peering_connection.account_statement",
            "aws_vpc_peering_connection.customer_account"
          ]
        }
      ]
    },
    {
      "mode": "managed",
      "type": "aws_route_table_association",
      "name": "account_public_a",
      "provider": "provider[\"registry.terraform.io/hashicorp/aws\"]",
      "instances": [
        {
          "schema_version": 0,
          "attributes": {
            "gateway_id": "",
            "id": "rtbassoc-0dcb1f8072638724b",
            "region": "ap-southeast-1",
            "route_table_id": "rtb-0ad1e9a8e6e584fe5",
            "subnet_id": "subnet-017e6541bdf828227",
            "timeouts": null
          },
          "sensitive_attributes": [],
          "identity_schema_version": 0,
          "identity": {
            "account_id": "810421502375",
            "id": "rtbassoc-0dcb1f8072638724b",
            "region": "ap-southeast-1"
          },
          "private": "eyJlMmJmYjczMC1lY2FhLTExZTYtOGY4OC0zNDM2M2JjN2M0YzAiOnsiY3JlYXRlIjozMDAwMDAwMDAwMDAsImRlbGV0ZSI6MzAwMDAwMDAwMDAwLCJ1cGRhdGUiOjEyMDAwMDAwMDAwMH19",
          "dependencies": [
            "aws_internet_gateway.account",
            "aws_route_table.account_public",
            "aws_subnet.account_public_a",
            "aws_vpc.account",
            "aws_vpc.customer-profile",
            "aws_vpc_peering_connection.customer_account"
          ]
        }
      ]
    },
    {
      "mode": "managed",
      "type": "aws_route_table_association",
      "name": "customer_private_a",
      "provider": "provider[\"registry.terraform.io/hashicorp/aws\"]",
      "instances": [
        {
          "schema_version": 0,
          "attributes": {
            "gateway_id": "",
            "id": "rtbassoc-095610ffffae79702",
            "region": "ap-southeast-1",
            "route_table_id": "rtb-0931782e69b69a067",
            "subnet_id": "subnet-02455e5f63d04ebef",
            "timeouts": null
          },
          "sensitive_attributes": [],
          "identity_schema_version": 0,
          "identity": {
            "account_id": "810421502375",
            "id": "rtbassoc-095610ffffae79702",
            "region": "ap-southeast-1"
          },
          "private": "eyJlMmJmYjczMC1lY2FhLTExZTYtOGY4OC0zNDM2M2JjN2M0YzAiOnsiY3JlYXRlIjozMDAwMDAwMDAwMDAsImRlbGV0ZSI6MzAwMDAwMDAwMDAwLCJ1cGRhdGUiOjEyMDAwMDAwMDAwMH19",
          "dependencies": [
            "aws_eip.customer_nat",
            "aws_internet_gateway.customer-profile",
            "aws_nat_gateway.customer",
            "aws_route_table.customer_private",
            "aws_subnet.customer_private_a",
            "aws_subnet.customer_public_a",
            "aws_vpc.account",
            "aws_vpc.customer-profile",
            "aws_vpc_peering_connection.customer_account"
          ]
        }
      ]
    },
    {
      "mode": "managed",
      "type": "aws_route_table_association",
      "name": "customer_private_b",
      "provider": "provider[\"registry.terraform.io/hashicorp/aws\"]",
      "instances": [
        {
          "schema_version": 0,
          "attributes": {
            "gateway_id": "",
            "id": "rtbassoc-0911decffcfe61f6d",
            "region": "ap-southeast-1",
            "route_table_id": "rtb-0931782e69b69a067",
            "subnet_id": "subnet-0552277bcb0935e4d",
            "timeouts": null
          },
          "sensitive_attributes": [],
          "identity_schema_version": 0,
          "identity": {
            "account_id": "810421502375",
            "id": "rtbassoc-0911decffcfe61f6d",
            "region": "ap-southeast-1"
          },
          "private": "eyJlMmJmYjczMC1lY2FhLTExZTYtOGY4OC0zNDM2M2JjN2M0YzAiOnsiY3JlYXRlIjozMDAwMDAwMDAwMDAsImRlbGV0ZSI6MzAwMDAwMDAwMDAwLCJ1cGRhdGUiOjEyMDAwMDAwMDAwMH19",
          "dependencies": [
            "aws_eip.customer_nat",
            "aws_internet_gateway.customer-profile",
            "aws_nat_gateway.customer",
            "aws_route_table.customer_private",
            "aws_subnet.customer_private_b",
            "aws_subnet.customer_public_a",
            "aws_vpc.account",
            "aws_vpc.customer-profile",
            "aws_vpc_peering_connection.customer_account"
          ]
        }
      ]
    },
    {
      "mode": "managed",
      "type": "aws_route_table_association",
      "name": "customer_public_a",
      "provider": "provider[\"registry.terraform.io/hashicorp/aws\"]",
      "instances": [
        {
          "schema_version": 0,
          "attributes": {
            "gateway_id": "",
            "id": "rtbassoc-015df054e8edbb32c",
            "region": "ap-southeast-1",
            "route_table_id": "rtb-078ac3bc95e46ce04",
            "subnet_id": "subnet-079e98b10ba73f513",
            "timeouts": null
          },
          "sensitive_attributes": [],
          "identity_schema_version": 0,
          "identity": {
            "account_id": "810421502375",
            "id": "rtbassoc-015df054e8edbb32c",
            "region": "ap-southeast-1"
          },
          "private": "eyJlMmJmYjczMC1lY2FhLTExZTYtOGY4OC0zNDM2M2JjN2M0YzAiOnsiY3JlYXRlIjozMDAwMDAwMDAwMDAsImRlbGV0ZSI6MzAwMDAwMDAwMDAwLCJ1cGRhdGUiOjEyMDAwMDAwMDAwMH19",
          "dependencies": [
            "aws_internet_gateway.customer-profile",
            "aws_route_table.customer_public",
            "aws_subnet.customer_public_a",
            "aws_vpc.customer-profile"
          ]
        }
      ]
    },
    {
      "mode": "managed",
      "type": "aws_route_table_association",
      "name": "customer_public_b",
      "provider": "provider[\"registry.terraform.io/hashicorp/aws\"]",
      "instances": [
        {
          "schema_version": 0,
          "attributes": {
            "gateway_id": "",
            "id": "rtbassoc-09bbe72651ef90ac2",
            "region": "ap-southeast-1",
            "route_table_id": "rtb-078ac3bc95e46ce04",
            "subnet_id": "subnet-0dd47138873adf3bf",
            "timeouts": null
          },
          "sensitive_attributes": [],
          "identity_schema_version": 0,
          "identity": {
            "account_id": "810421502375",
            "id": "rtbassoc-09bbe72651ef90ac2",
            "region": "ap-southeast-1"
          },
          "private": "eyJlMmJmYjczMC1lY2FhLTExZTYtOGY4OC0zNDM2M2JjN2M0YzAiOnsiY3JlYXRlIjozMDAwMDAwMDAwMDAsImRlbGV0ZSI6MzAwMDAwMDAwMDAwLCJ1cGRhdGUiOjEyMDAwMDAwMDAwMH19",
          "dependencies": [
            "aws_internet_gateway.customer-profile",
            "aws_route_table.customer_public",
            "aws_subnet.customer_public_b",
            "aws_vpc.customer-profile"
          ]
        }
      ]
    },
    {
      "mode": "managed",
      "type": "aws_route_table_association",
      "name": "statement_private_a",
      "provider": "provider[\"registry.terraform.io/hashicorp/aws\"]",
      "instances": [
        {
          "schema_version": 0,
          "attributes": {
            "gateway_id": "",
            "id": "rtbassoc-033e6b04a57627212",
            "region": "ap-southeast-1",
            "route_table_id": "rtb-045a4b7b847dba41d",
            "subnet_id": "subnet-02ef7e2d3d957b5e7",
            "timeouts": null
          },
          "sensitive_attributes": [],
          "identity_schema_version": 0,
          "identity": {
            "account_id": "810421502375",
            "id": "rtbassoc-033e6b04a57627212",
            "region": "ap-southeast-1"
          },
          "private": "eyJlMmJmYjczMC1lY2FhLTExZTYtOGY4OC0zNDM2M2JjN2M0YzAiOnsiY3JlYXRlIjozMDAwMDAwMDAwMDAsImRlbGV0ZSI6MzAwMDAwMDAwMDAwLCJ1cGRhdGUiOjEyMDAwMDAwMDAwMH19",
          "dependencies": [
            "aws_eip.statement_nat",
            "aws_internet_gateway.statement",
            "aws_nat_gateway.statement",
            "aws_route_table.statement_private",
            "aws_subnet.statement_private_a",
            "aws_subnet.statement_public_a",
            "aws_vpc.account",
            "aws_vpc.statement",
            "aws_vpc_peering_connection.account_statement"
          ]
        }
      ]
    },
    {
      "mode": "managed",
      "type": "aws_route_table_association",
      "name": "statement_private_b",
      "provider": "provider[\"registry.terraform.io/hashicorp/aws\"]",
      "instances": [
        {
          "schema_version": 0,
          "attributes": {
            "gateway_id": "",
            "id": "rtbassoc-07016a9af3089caa4",
            "region": "ap-southeast-1",
            "route_table_id": "rtb-045a4b7b847dba41d",
            "subnet_id": "subnet-08e08c555f5ea0f0f",
            "timeouts": null
          },
          "sensitive_attributes": [],
          "identity_schema_version": 0,
          "identity": {
            "account_id": "810421502375",
            "id": "rtbassoc-07016a9af3089caa4",
            "region": "ap-southeast-1"
          },
          "private": "eyJlMmJmYjczMC1lY2FhLTExZTYtOGY4OC0zNDM2M2JjN2M0YzAiOnsiY3JlYXRlIjozMDAwMDAwMDAwMDAsImRlbGV0ZSI6MzAwMDAwMDAwMDAwLCJ1cGRhdGUiOjEyMDAwMDAwMDAwMH19",
          "dependencies": [
            "aws_eip.statement_nat",
            "aws_internet_gateway.statement",
            "aws_nat_gateway.statement",
            "aws_route_table.statement_private",
            "aws_subnet.statement_private_b",
            "aws_subnet.statement_public_a",
            "aws_vpc.account",
            "aws_vpc.statement",
            "aws_vpc_peering_connection.account_statement"
          ]
        }
      ]
    },
    {
      "mode": "managed",
      "type": "aws_route_table_association",
      "name": "statement_public_a",
      "provider": "provider[\"registry.terraform.io/hashicorp/aws\"]",
      "instances": [
        {
          "schema_version": 0,
          "attributes": {
            "gateway_id": "",
            "id": "rtbassoc-01dc81dc078ce8cf1",
            "region": "ap-southeast-1",
            "route_table_id": "rtb-08e4eccda3c5130d8",
            "subnet_id": "subnet-00de644507aa60ae8",
            "timeouts": null
          },
          "sensitive_attributes": [],
          "identity_schema_version": 0,
          "identity": {
            "account_id": "810421502375",
            "id": "rtbassoc-01dc81dc078ce8cf1",
            "region": "ap-southeast-1"
          },
          "private": "eyJlMmJmYjczMC1lY2FhLTExZTYtOGY4OC0zNDM2M2JjN2M0YzAiOnsiY3JlYXRlIjozMDAwMDAwMDAwMDAsImRlbGV0ZSI6MzAwMDAwMDAwMDAwLCJ1cGRhdGUiOjEyMDAwMDAwMDAwMH19",
          "dependencies": [
            "aws_internet_gateway.statement",
            "aws_route_table.statement_public",
            "aws_subnet.statement_public_a",
            "aws_vpc.statement"
          ]
        }
      ]
    },
    {
      "mode": "managed",
      "type": "aws_security_group",
      "name": "account_alb",
      "provider": "provider[\"registry.terraform.io/hashicorp/aws\"]",
      "instances": [
        {
          "schema_version": 1,
          "attributes": {
            "arn": "arn:aws:ec2:ap-southeast-1:810421502375:security-group/sg-0445eb2b10c698b80",
            "description": "Managed by Terraform",
            "egress": [
              {
                "cidr_blocks": [
                  "0.0.0.0/0"
                ],
                "description": "",
                "from_port": 0,
                "ipv6_cidr_blocks": [],
                "prefix_list_ids": [],
                "protocol": "-1",
                "security_groups": [],
                "self": false,
                "to_port": 0
              }
            ],
            "id": "sg-0445eb2b10c698b80",
            "ingress": [
              {
                "cidr_blocks": [
                  "10.0.0.0/16"
                ],
                "description": "",
                "from_port": 80,
                "ipv6_cidr_blocks": [],
                "prefix_list_ids": [],
                "protocol": "tcp",
                "security_groups": [],
                "self": false,
                "to_port": 80
              }
            ],
            "name": "account-alb-sg",
            "name_prefix": "",
            "owner_id": "810421502375",
            "region": "ap-southeast-1",
            "revoke_rules_on_delete": false,
            "tags": {
              "Name": "account-alb-sg"
            },
            "tags_all": {
              "Name": "account-alb-sg"
            },
            "timeouts": null,
            "vpc_id": "vpc-0f6141098dbc97744"
          },
          "sensitive_attributes": [],
          "identity_schema_version": 0,
          "identity": {
            "account_id": "810421502375",
            "id": "sg-0445eb2b10c698b80",
            "region": "ap-southeast-1"
          },
          "private": "eyJlMmJmYjczMC1lY2FhLTExZTYtOGY4OC0zNDM2M2JjN2M0YzAiOnsiY3JlYXRlIjo2MDAwMDAwMDAwMDAsImRlbGV0ZSI6OTAwMDAwMDAwMDAwfSwic2NoZW1hX3ZlcnNpb24iOiIxIn0=",
          "dependencies": [
            "aws_vpc.account"
          ]
        }
      ]
    },
    {
      "mode": "managed",
      "type": "aws_security_group",
      "name": "account_ec2",
      "provider": "provider[\"registry.terraform.io/hashicorp/aws\"]",
      "instances": [
        {
          "schema_version": 1,
          "attributes": {
            "arn": "arn:aws:ec2:ap-southeast-1:810421502375:security-group/sg-01e225d143b171c3c",
            "description": "Managed by Terraform",
            "egress": [
              {
                "cidr_blocks": [
                  "0.0.0.0/0"
                ],
                "description": "",
                "from_port": 0,
                "ipv6_cidr_blocks": [],
                "prefix_list_ids": [],
                "protocol": "-1",
                "security_groups": [],
                "self": false,
                "to_port": 0
              }
            ],
            "id": "sg-01e225d143b171c3c",
            "ingress": [
              {
                "cidr_blocks": [
                  "10.0.0.0/16"
                ],
                "description": "",
                "from_port": 22,
                "ipv6_cidr_blocks": [],
                "prefix_list_ids": [],
                "protocol": "tcp",
                "security_groups": [],
                "self": false,
                "to_port": 22
              },
              {
                "cidr_blocks": [],
                "description": "",
                "from_port": 8081,
                "ipv6_cidr_blocks": [],
                "prefix_list_ids": [],
                "protocol": "tcp",
                "security_groups": [
                  "sg-0445eb2b10c698b80"
                ],
                "self": false,
                "to_port": 8081
              }
            ],
            "name": "account-ec2-sg",
            "name_prefix": "",
            "owner_id": "810421502375",
            "region": "ap-southeast-1",
            "revoke_rules_on_delete": false,
            "tags": {
              "Name": "account-ec2-sg"
            },
            "tags_all": {
              "Name": "account-ec2-sg"
            },
            "timeouts": null,
            "vpc_id": "vpc-0f6141098dbc97744"
          },
          "sensitive_attributes": [],
          "identity_schema_version": 0,
          "identity": {
            "account_id": "810421502375",
            "id": "sg-01e225d143b171c3c",
            "region": "ap-southeast-1"
          },
          "private": "eyJlMmJmYjczMC1lY2FhLTExZTYtOGY4OC0zNDM2M2JjN2M0YzAiOnsiY3JlYXRlIjo2MDAwMDAwMDAwMDAsImRlbGV0ZSI6OTAwMDAwMDAwMDAwfSwic2NoZW1hX3ZlcnNpb24iOiIxIn0=",
          "dependencies": [
            "aws_security_group.account_alb",
            "aws_vpc.account"
          ]
        }
      ]
    },
    {
      "mode": "managed",
      "type": "aws_security_group",
      "name": "bastion",
      "provider": "provider[\"registry.terraform.io/hashicorp/aws\"]",
      "instances": [
        {
          "schema_version": 1,
          "attributes": {
            "arn": "arn:aws:ec2:ap-southeast-1:810421502375:security-group/sg-0de042a6779e852e3",
            "description": "Managed by Terraform",
            "egress": [
              {
                "cidr_blocks": [
                  "0.0.0.0/0"
                ],
                "description": "",
                "from_port": 0,
                "ipv6_cidr_blocks": [],
                "prefix_list_ids": [],
                "protocol": "-1",
                "security_groups": [],
                "self": false,
                "to_port": 0
              }
            ],
            "id": "sg-0de042a6779e852e3",
            "ingress": [
              {
                "cidr_blocks": [
                  "0.0.0.0/0"
                ],
                "description": "",
                "from_port": 22,
                "ipv6_cidr_blocks": [],
                "prefix_list_ids": [],
                "protocol": "tcp",
                "security_groups": [],
                "self": false,
                "to_port": 22
              }
            ],
            "name": "bastion-sg",
            "name_prefix": "",
            "owner_id": "810421502375",
            "region": "ap-southeast-1",
            "revoke_rules_on_delete": false,
            "tags": {
              "Name": "bastion-sg"
            },
            "tags_all": {
              "Name": "bastion-sg"
            },
            "timeouts": null,
            "vpc_id": "vpc-074b950970830d8c2"
          },
          "sensitive_attributes": [],
          "identity_schema_version": 0,
          "identity": {
            "account_id": "810421502375",
            "id": "sg-0de042a6779e852e3",
            "region": "ap-southeast-1"
          },
          "private": "eyJlMmJmYjczMC1lY2FhLTExZTYtOGY4OC0zNDM2M2JjN2M0YzAiOnsiY3JlYXRlIjo2MDAwMDAwMDAwMDAsImRlbGV0ZSI6OTAwMDAwMDAwMDAwfSwic2NoZW1hX3ZlcnNpb24iOiIxIn0=",
          "dependencies": [
            "aws_vpc.customer-profile"
          ]
        }
      ]
    },
    {
      "mode": "managed",
      "type": "aws_security_group",
      "name": "customer_profile_alb",
      "provider": "provider[\"registry.terraform.io/hashicorp/aws\"]",
      "instances": [
        {
          "schema_version": 1,
          "attributes": {
            "arn": "arn:aws:ec2:ap-southeast-1:810421502375:security-group/sg-0ac16b64cd36c6d55",
            "description": "Managed by Terraform",
            "egress": [
              {
                "cidr_blocks": [
                  "0.0.0.0/0"
                ],
                "description": "",
                "from_port": 0,
                "ipv6_cidr_blocks": [],
                "prefix_list_ids": [],
                "protocol": "-1",
                "security_groups": [],
                "self": false,
                "to_port": 0
              }
            ],
            "id": "sg-0ac16b64cd36c6d55",
            "ingress": [
              {
                "cidr_blocks": [
                  "0.0.0.0/0"
                ],
                "description": "",
                "from_port": 80,
                "ipv6_cidr_blocks": [],
                "prefix_list_ids": [],
                "protocol": "tcp",
                "security_groups": [],
                "self": false,
                "to_port": 80
              }
            ],
            "name": "customer-profile-alb-sg",
            "name_prefix": "",
            "owner_id": "810421502375",
            "region": "ap-southeast-1",
            "revoke_rules_on_delete": false,
            "tags": {
              "Name": "customer-profile-alb-sg"
            },
            "tags_all": {
              "Name": "customer-profile-alb-sg"
            },
            "timeouts": null,
            "vpc_id": "vpc-074b950970830d8c2"
          },
          "sensitive_attributes": [],
          "identity_schema_version": 0,
          "identity": {
            "account_id": "810421502375",
            "id": "sg-0ac16b64cd36c6d55",
            "region": "ap-southeast-1"
          },
          "private": "eyJlMmJmYjczMC1lY2FhLTExZTYtOGY4OC0zNDM2M2JjN2M0YzAiOnsiY3JlYXRlIjo2MDAwMDAwMDAwMDAsImRlbGV0ZSI6OTAwMDAwMDAwMDAwfSwic2NoZW1hX3ZlcnNpb24iOiIxIn0=",
          "dependencies": [
            "aws_vpc.customer-profile"
          ]
        }
      ]
    },
    {
      "mode": "managed",
      "type": "aws_security_group",
      "name": "customer_profile_ec2",
      "provider": "provider[\"registry.terraform.io/hashicorp/aws\"]",
      "instances": [
        {
          "schema_version": 1,
          "attributes": {
            "arn": "arn:aws:ec2:ap-southeast-1:810421502375:security-group/sg-099a3c86b74842342",
            "description": "Managed by Terraform",
            "egress": [
              {
                "cidr_blocks": [
                  "0.0.0.0/0"
                ],
                "description": "",
                "from_port": 0,
                "ipv6_cidr_blocks": [],
                "prefix_list_ids": [],
                "protocol": "-1",
                "security_groups": [],
                "self": false,
                "to_port": 0
              }
            ],
            "id": "sg-099a3c86b74842342",
            "ingress": [
              {
                "cidr_blocks": [],
                "description": "",
                "from_port": 22,
                "ipv6_cidr_blocks": [],
                "prefix_list_ids": [],
                "protocol": "tcp",
                "security_groups": [
                  "sg-0de042a6779e852e3"
                ],
                "self": false,
                "to_port": 22
              },
              {
                "cidr_blocks": [],
                "description": "",
                "from_port": 8080,
                "ipv6_cidr_blocks": [],
                "prefix_list_ids": [],
                "protocol": "tcp",
                "security_groups": [
                  "sg-0ac16b64cd36c6d55"
                ],
                "self": false,
                "to_port": 8080
              }
            ],
            "name": "customer-profile-ec2-sg",
            "name_prefix": "",
            "owner_id": "810421502375",
            "region": "ap-southeast-1",
            "revoke_rules_on_delete": false,
            "tags": {
              "Name": "customer-profile-ec2-sg"
            },
            "tags_all": {
              "Name": "customer-profile-ec2-sg"
            },
            "timeouts": null,
            "vpc_id": "vpc-074b950970830d8c2"
          },
          "sensitive_attributes": [],
          "identity_schema_version": 0,
          "identity": {
            "account_id": "810421502375",
            "id": "sg-099a3c86b74842342",
            "region": "ap-southeast-1"
          },
          "private": "eyJlMmJmYjczMC1lY2FhLTExZTYtOGY4OC0zNDM2M2JjN2M0YzAiOnsiY3JlYXRlIjo2MDAwMDAwMDAwMDAsImRlbGV0ZSI6OTAwMDAwMDAwMDAwfSwic2NoZW1hX3ZlcnNpb24iOiIxIn0=",
          "dependencies": [
            "aws_security_group.bastion",
            "aws_security_group.customer_profile_alb",
            "aws_vpc.customer-profile"
          ]
        }
      ]
    },
    {
      "mode": "managed",
      "type": "aws_security_group",
      "name": "statement_alb",
      "provider": "provider[\"registry.terraform.io/hashicorp/aws\"]",
      "instances": [
        {
          "schema_version": 1,
          "attributes": {
            "arn": "arn:aws:ec2:ap-southeast-1:810421502375:security-group/sg-091423fb68ba7217f",
            "description": "Managed by Terraform",
            "egress": [
              {
                "cidr_blocks": [
                  "0.0.0.0/0"
                ],
                "description": "",
                "from_port": 0,
                "ipv6_cidr_blocks": [],
                "prefix_list_ids": [],
                "protocol": "-1",
                "security_groups": [],
                "self": false,
                "to_port": 0
              }
            ],
            "id": "sg-091423fb68ba7217f",
            "ingress": [
              {
                "cidr_blocks": [
                  "172.16.0.0/16"
                ],
                "description": "",
                "from_port": 80,
                "ipv6_cidr_blocks": [],
                "prefix_list_ids": [],
                "protocol": "tcp",
                "security_groups": [],
                "self": false,
                "to_port": 80
              }
            ],
            "name": "statement-alb-sg",
            "name_prefix": "",
            "owner_id": "810421502375",
            "region": "ap-southeast-1",
            "revoke_rules_on_delete": false,
            "tags": {
              "Name": "statement-alb-sg"
            },
            "tags_all": {
              "Name": "statement-alb-sg"
            },
            "timeouts": null,
            "vpc_id": "vpc-01026093648037a86"
          },
          "sensitive_attributes": [],
          "identity_schema_version": 0,
          "identity": {
            "account_id": "810421502375",
            "id": "sg-091423fb68ba7217f",
            "region": "ap-southeast-1"
          },
          "private": "eyJlMmJmYjczMC1lY2FhLTExZTYtOGY4OC0zNDM2M2JjN2M0YzAiOnsiY3JlYXRlIjo2MDAwMDAwMDAwMDAsImRlbGV0ZSI6OTAwMDAwMDAwMDAwfSwic2NoZW1hX3ZlcnNpb24iOiIxIn0=",
          "dependencies": [
            "aws_vpc.statement"
          ]
        }
      ]
    },
    {
      "mode": "managed",
      "type": "aws_security_group",
      "name": "statement_ec2",
      "provider": "provider[\"registry.terraform.io/hashicorp/aws\"]",
      "instances": [
        {
          "schema_version": 1,
          "attributes": {
            "arn": "arn:aws:ec2:ap-southeast-1:810421502375:security-group/sg-0e6694806d06308c0",
            "description": "Managed by Terraform",
            "egress": [
              {
                "cidr_blocks": [
                  "0.0.0.0/0"
                ],
                "description": "",
                "from_port": 0,
                "ipv6_cidr_blocks": [],
                "prefix_list_ids": [],
                "protocol": "-1",
                "security_groups": [],
                "self": false,
                "to_port": 0
              }
            ],
            "id": "sg-0e6694806d06308c0",
            "ingress": [
              {
                "cidr_blocks": [
                  "10.0.0.0/16"
                ],
                "description": "",
                "from_port": 22,
                "ipv6_cidr_blocks": [],
                "prefix_list_ids": [],
                "protocol": "tcp",
                "security_groups": [],
                "self": false,
                "to_port": 22
              },
              {
                "cidr_blocks": [],
                "description": "",
                "from_port": 8082,
                "ipv6_cidr_blocks": [],
                "prefix_list_ids": [],
                "protocol": "tcp",
                "security_groups": [
                  "sg-091423fb68ba7217f"
                ],
                "self": false,
                "to_port": 8082
              }
            ],
            "name": "statement-ec2-sg",
            "name_prefix": "",
            "owner_id": "810421502375",
            "region": "ap-southeast-1",
            "revoke_rules_on_delete": false,
            "tags": {
              "Name": "statement-ec2-sg"
            },
            "tags_all": {
              "Name": "statement-ec2-sg"
            },
            "timeouts": null,
            "vpc_id": "vpc-01026093648037a86"
          },
          "sensitive_attributes": [],
          "identity_schema_version": 0,
          "identity": {
            "account_id": "810421502375",
            "id": "sg-0e6694806d06308c0",
            "region": "ap-southeast-1"
          },
          "private": "eyJlMmJmYjczMC1lY2FhLTExZTYtOGY4OC0zNDM2M2JjN2M0YzAiOnsiY3JlYXRlIjo2MDAwMDAwMDAwMDAsImRlbGV0ZSI6OTAwMDAwMDAwMDAwfSwic2NoZW1hX3ZlcnNpb24iOiIxIn0=",
          "dependencies": [
            "aws_security_group.statement_alb",
            "aws_vpc.statement"
          ]
        }
      ]
    },
    {
      "mode": "managed",
      "type": "aws_security_group_rule",
      "name": "account_alb_https",
      "provider": "provider[\"registry.terraform.io/hashicorp/aws\"]",
      "instances": [
        {
          "schema_version": 2,
          "attributes": {
            "cidr_blocks": [
              "10.0.0.0/16"
            ],
            "description": "Allow HTTPS from Customer Profile VPC",
            "from_port": 443,
            "id": "sgrule-2914726616",
            "ipv6_cidr_blocks": null,
            "prefix_list_ids": null,
            "protocol": "tcp",
            "region": "ap-southeast-1",
            "security_group_id": "sg-0445eb2b10c698b80",
            "security_group_rule_id": "sgr-0be3614eb05738a78",
            "self": false,
            "source_security_group_id": null,
            "timeouts": null,
            "to_port": 443,
            "type": "ingress"
          },
          "sensitive_attributes": [],
          "identity_schema_version": 0,
          "private": "eyJlMmJmYjczMC1lY2FhLTExZTYtOGY4OC0zNDM2M2JjN2M0YzAiOnsiY3JlYXRlIjozMDAwMDAwMDAwMDB9LCJzY2hlbWFfdmVyc2lvbiI6IjIifQ==",
          "dependencies": [
            "aws_security_group.account_alb",
            "aws_vpc.account"
          ]
        }
      ]
    },
    {
      "mode": "managed",
      "type": "aws_security_group_rule",
      "name": "customer_profile_alb_https",
      "provider": "provider[\"registry.terraform.io/hashicorp/aws\"]",
      "instances": [
        {
          "schema_version": 2,
          "attributes": {
            "cidr_blocks": [
              "0.0.0.0/0"
            ],
            "description": "Allow HTTPS from internet",
            "from_port": 443,
            "id": "sgrule-2760350012",
            "ipv6_cidr_blocks": null,
            "prefix_list_ids": null,
            "protocol": "tcp",
            "region": "ap-southeast-1",
            "security_group_id": "sg-0ac16b64cd36c6d55",
            "security_group_rule_id": "sgr-05a28d874169ce2d0",
            "self": false,
            "source_security_group_id": null,
            "timeouts": null,
            "to_port": 443,
            "type": "ingress"
          },
          "sensitive_attributes": [],
          "identity_schema_version": 0,
          "private": "eyJlMmJmYjczMC1lY2FhLTExZTYtOGY4OC0zNDM2M2JjN2M0YzAiOnsiY3JlYXRlIjozMDAwMDAwMDAwMDB9LCJzY2hlbWFfdmVyc2lvbiI6IjIifQ==",
          "dependencies": [
            "aws_security_group.customer_profile_alb",
            "aws_vpc.customer-profile"
          ]
        }
      ]
    },
    {
      "mode": "managed",
      "type": "aws_security_group_rule",
      "name": "statement_alb_https",
      "provider": "provider[\"registry.terraform.io/hashicorp/aws\"]",
      "instances": [
        {
          "schema_version": 2,
          "attributes": {
            "cidr_blocks": [
              "172.16.0.0/16"
            ],
            "description": "Allow HTTPS from Account VPC",
            "from_port": 443,
            "id": "sgrule-3961069642",
            "ipv6_cidr_blocks": null,
            "prefix_list_ids": null,
            "protocol": "tcp",
            "region": "ap-southeast-1",
            "security_group_id": "sg-091423fb68ba7217f",
            "security_group_rule_id": "sgr-0244db443fdd91bfc",
            "self": false,
            "source_security_group_id": null,
            "timeouts": null,
            "to_port": 443,
            "type": "ingress"
          },
          "sensitive_attributes": [],
          "identity_schema_version": 0,
          "private": "eyJlMmJmYjczMC1lY2FhLTExZTYtOGY4OC0zNDM2M2JjN2M0YzAiOnsiY3JlYXRlIjozMDAwMDAwMDAwMDB9LCJzY2hlbWFfdmVyc2lvbiI6IjIifQ==",
          "dependencies": [
            "aws_security_group.statement_alb",
            "aws_vpc.statement"
          ]
        }
      ]
    },
    {
      "mode": "managed",
      "type": "aws_subnet",
      "name": "account_private_a",
      "provider": "provider[\"registry.terraform.io/hashicorp/aws\"]",
      "instances": [
        {
          "schema_version": 1,
          "attributes": {
            "arn": "arn:aws:ec2:ap-southeast-1:810421502375:subnet/subnet-0bb9cea61da60288d",
            "assign_ipv6_address_on_creation": false,
            "availability_zone": "ap-southeast-1a",
            "availability_zone_id": "apse1-az2",
            "cidr_block": "172.16.2.0/24",
            "customer_owned_ipv4_pool": "",
            "enable_dns64": false,
            "enable_lni_at_device_index": 0,
            "enable_resource_name_dns_a_record_on_launch": false,
            "enable_resource_name_dns_aaaa_record_on_launch": false,
            "id": "subnet-0bb9cea61da60288d",
            "ipv4_ipam_pool_id": null,
            "ipv4_netmask_length": null,
            "ipv6_cidr_block": "",
            "ipv6_cidr_block_association_id": "",
            "ipv6_ipam_pool_id": null,
            "ipv6_native": false,
            "ipv6_netmask_length": null,
            "map_customer_owned_ip_on_launch": false,
            "map_public_ip_on_launch": false,
            "outpost_arn": "",
            "owner_id": "810421502375",
            "private_dns_hostname_type_on_launch": "ip-name",
            "region": "ap-southeast-1",
            "tags": {
              "Name": "account-private-subnet-a"
            },
            "tags_all": {
              "Name": "account-private-subnet-a"
            },
            "timeouts": null,
            "vpc_id": "vpc-0f6141098dbc97744"
          },
          "sensitive_attributes": [],
          "identity_schema_version": 0,
          "identity": {
            "account_id": "810421502375",
            "id": "subnet-0bb9cea61da60288d",
            "region": "ap-southeast-1"
          },
          "private": "eyJlMmJmYjczMC1lY2FhLTExZTYtOGY4OC0zNDM2M2JjN2M0YzAiOnsiY3JlYXRlIjo2MDAwMDAwMDAwMDAsImRlbGV0ZSI6MTIwMDAwMDAwMDAwMH0sInNjaGVtYV92ZXJzaW9uIjoiMSJ9",
          "dependencies": [
            "aws_vpc.account"
          ]
        }
      ]
    },
    {
      "mode": "managed",
      "type": "aws_subnet",
      "name": "account_private_b",
      "provider": "provider[\"registry.terraform.io/hashicorp/aws\"]",
      "instances": [
        {
          "schema_version": 1,
          "attributes": {
            "arn": "arn:aws:ec2:ap-southeast-1:810421502375:subnet/subnet-057e14858003920ac",
            "assign_ipv6_address_on_creation": false,
            "availability_zone": "ap-southeast-1b",
            "availability_zone_id": "apse1-az1",
            "cidr_block": "172.16.3.0/24",
            "customer_owned_ipv4_pool": "",
            "enable_dns64": false,
            "enable_lni_at_device_index": 0,
            "enable_resource_name_dns_a_record_on_launch": false,
            "enable_resource_name_dns_aaaa_record_on_launch": false,
            "id": "subnet-057e14858003920ac",
            "ipv4_ipam_pool_id": null,
            "ipv4_netmask_length": null,
            "ipv6_cidr_block": "",
            "ipv6_cidr_block_association_id": "",
            "ipv6_ipam_pool_id": null,
            "ipv6_native": false,
            "ipv6_netmask_length": null,
            "map_customer_owned_ip_on_launch": false,
            "map_public_ip_on_launch": false,
            "outpost_arn": "",
            "owner_id": "810421502375",
            "private_dns_hostname_type_on_launch": "ip-name",
            "region": "ap-southeast-1",
            "tags": {
              "Name": "account-private-subnet-b"
            },
            "tags_all": {
              "Name": "account-private-subnet-b"
            },
            "timeouts": null,
            "vpc_id": "vpc-0f6141098dbc97744"
          },
          "sensitive_attributes": [],
          "identity_schema_version": 0,
          "identity": {
            "account_id": "810421502375",
            "id": "subnet-057e14858003920ac",
            "region": "ap-southeast-1"
          },
          "private": "eyJlMmJmYjczMC1lY2FhLTExZTYtOGY4OC0zNDM2M2JjN2M0YzAiOnsiY3JlYXRlIjo2MDAwMDAwMDAwMDAsImRlbGV0ZSI6MTIwMDAwMDAwMDAwMH0sInNjaGVtYV92ZXJzaW9uIjoiMSJ9",
          "dependencies": [
            "aws_vpc.account"
          ]
        }
      ]
    },
    {
      "mode": "managed",
      "type": "aws_subnet",
      "name": "account_public_a",
      "provider": "provider[\"registry.terraform.io/hashicorp/aws\"]",
      "instances": [
        {
          "schema_version": 1,
          "attributes": {
            "arn": "arn:aws:ec2:ap-southeast-1:810421502375:subnet/subnet-017e6541bdf828227",
            "assign_ipv6_address_on_creation": false,
            "availability_zone": "ap-southeast-1a",
            "availability_zone_id": "apse1-az2",
            "cidr_block": "172.16.1.0/24",
            "customer_owned_ipv4_pool": "",
            "enable_dns64": false,
            "enable_lni_at_device_index": 0,
            "enable_resource_name_dns_a_record_on_launch": false,
            "enable_resource_name_dns_aaaa_record_on_launch": false,
            "id": "subnet-017e6541bdf828227",
            "ipv4_ipam_pool_id": null,
            "ipv4_netmask_length": null,
            "ipv6_cidr_block": "",
            "ipv6_cidr_block_association_id": "",
            "ipv6_ipam_pool_id": null,
            "ipv6_native": false,
            "ipv6_netmask_length": null,
            "map_customer_owned_ip_on_launch": false,
            "map_public_ip_on_launch": true,
            "outpost_arn": "",
            "owner_id": "810421502375",
            "private_dns_hostname_type_on_launch": "ip-name",
            "region": "ap-southeast-1",
            "tags": {
              "Name": "account-public-subnet-a"
            },
            "tags_all": {
              "Name": "account-public-subnet-a"
            },
            "timeouts": null,
            "vpc_id": "vpc-0f6141098dbc97744"
          },
          "sensitive_attributes": [],
          "identity_schema_version": 0,
          "identity": {
            "account_id": "810421502375",
            "id": "subnet-017e6541bdf828227",
            "region": "ap-southeast-1"
          },
          "private": "eyJlMmJmYjczMC1lY2FhLTExZTYtOGY4OC0zNDM2M2JjN2M0YzAiOnsiY3JlYXRlIjo2MDAwMDAwMDAwMDAsImRlbGV0ZSI6MTIwMDAwMDAwMDAwMH0sInNjaGVtYV92ZXJzaW9uIjoiMSJ9",
          "dependencies": [
            "aws_vpc.account"
          ]
        }
      ]
    },
    {
      "mode": "managed",
      "type": "aws_subnet",
      "name": "customer_private_a",
      "provider": "provider[\"registry.terraform.io/hashicorp/aws\"]",
      "instances": [
        {
          "schema_version": 1,
          "attributes": {
            "arn": "arn:aws:ec2:ap-southeast-1:810421502375:subnet/subnet-02455e5f63d04ebef",
            "assign_ipv6_address_on_creation": false,
            "availability_zone": "ap-southeast-1a",
            "availability_zone_id": "apse1-az2",
            "cidr_block": "10.0.2.0/24",
            "customer_owned_ipv4_pool": "",
            "enable_dns64": false,
            "enable_lni_at_device_index": 0,
            "enable_resource_name_dns_a_record_on_launch": false,
            "enable_resource_name_dns_aaaa_record_on_launch": false,
            "id": "subnet-02455e5f63d04ebef",
            "ipv4_ipam_pool_id": null,
            "ipv4_netmask_length": null,
            "ipv6_cidr_block": "",
            "ipv6_cidr_block_association_id": "",
            "ipv6_ipam_pool_id": null,
            "ipv6_native": false,
            "ipv6_netmask_length": null,
            "map_customer_owned_ip_on_launch": false,
            "map_public_ip_on_launch": false,
            "outpost_arn": "",
            "owner_id": "810421502375",
            "private_dns_hostname_type_on_launch": "ip-name",
            "region": "ap-southeast-1",
            "tags": {
              "Name": "customer-profile-private-subnet-a"
            },
            "tags_all": {
              "Name": "customer-profile-private-subnet-a"
            },
            "timeouts": null,
            "vpc_id": "vpc-074b950970830d8c2"
          },
          "sensitive_attributes": [],
          "identity_schema_version": 0,
          "identity": {
            "account_id": "810421502375",
            "id": "subnet-02455e5f63d04ebef",
            "region": "ap-southeast-1"
          },
          "private": "eyJlMmJmYjczMC1lY2FhLTExZTYtOGY4OC0zNDM2M2JjN2M0YzAiOnsiY3JlYXRlIjo2MDAwMDAwMDAwMDAsImRlbGV0ZSI6MTIwMDAwMDAwMDAwMH0sInNjaGVtYV92ZXJzaW9uIjoiMSJ9",
          "dependencies": [
            "aws_vpc.customer-profile"
          ]
        }
      ]
    },
    {
      "mode": "managed",
      "type": "aws_subnet",
      "name": "customer_private_b",
      "provider": "provider[\"registry.terraform.io/hashicorp/aws\"]",
      "instances": [
        {
          "schema_version": 1,
          "attributes": {
            "arn": "arn:aws:ec2:ap-southeast-1:810421502375:subnet/subnet-0552277bcb0935e4d",
            "assign_ipv6_address_on_creation": false,
            "availability_zone": "ap-southeast-1b",
            "availability_zone_id": "apse1-az1",
            "cidr_block": "10.0.3.0/24",
            "customer_owned_ipv4_pool": "",
            "enable_dns64": false,
            "enable_lni_at_device_index": 0,
            "enable_resource_name_dns_a_record_on_launch": false,
            "enable_resource_name_dns_aaaa_record_on_launch": false,
            "id": "subnet-0552277bcb0935e4d",
            "ipv4_ipam_pool_id": null,
            "ipv4_netmask_length": null,
            "ipv6_cidr_block": "",
            "ipv6_cidr_block_association_id": "",
            "ipv6_ipam_pool_id": null,
            "ipv6_native": false,
            "ipv6_netmask_length": null,
            "map_customer_owned_ip_on_launch": false,
            "map_public_ip_on_launch": false,
            "outpost_arn": "",
            "owner_id": "810421502375",
            "private_dns_hostname_type_on_launch": "ip-name",
            "region": "ap-southeast-1",
            "tags": {
              "Name": "customer-profile-private-subnet-b"
            },
            "tags_all": {
              "Name": "customer-profile-private-subnet-b"
            },
            "timeouts": null,
            "vpc_id": "vpc-074b950970830d8c2"
          },
          "sensitive_attributes": [],
          "identity_schema_version": 0,
          "identity": {
            "account_id": "810421502375",
            "id": "subnet-0552277bcb0935e4d",
            "region": "ap-southeast-1"
          },
          "private": "eyJlMmJmYjczMC1lY2FhLTExZTYtOGY4OC0zNDM2M2JjN2M0YzAiOnsiY3JlYXRlIjo2MDAwMDAwMDAwMDAsImRlbGV0ZSI6MTIwMDAwMDAwMDAwMH0sInNjaGVtYV92ZXJzaW9uIjoiMSJ9",
          "dependencies": [
            "aws_vpc.customer-profile"
          ]
        }
      ]
    },
    {
      "mode": "managed",
      "type": "aws_subnet",
      "name": "customer_public_a",
      "provider": "provider[\"registry.terraform.io/hashicorp/aws\"]",
      "instances": [
        {
          "schema_version": 1,
          "attributes": {
            "arn": "arn:aws:ec2:ap-southeast-1:810421502375:subnet/subnet-079e98b10ba73f513",
            "assign_ipv6_address_on_creation": false,
            "availability_zone": "ap-southeast-1a",
            "availability_zone_id": "apse1-az2",
            "cidr_block": "10.0.1.0/24",
            "customer_owned_ipv4_pool": "",
            "enable_dns64": false,
            "enable_lni_at_device_index": 0,
            "enable_resource_name_dns_a_record_on_launch": false,
            "enable_resource_name_dns_aaaa_record_on_launch": false,
            "id": "subnet-079e98b10ba73f513",
            "ipv4_ipam_pool_id": null,
            "ipv4_netmask_length": null,
            "ipv6_cidr_block": "",
            "ipv6_cidr_block_association_id": "",
            "ipv6_ipam_pool_id": null,
            "ipv6_native": false,
            "ipv6_netmask_length": null,
            "map_customer_owned_ip_on_launch": false,
            "map_public_ip_on_launch": true,
            "outpost_arn": "",
            "owner_id": "810421502375",
            "private_dns_hostname_type_on_launch": "ip-name",
            "region": "ap-southeast-1",
            "tags": {
              "Name": "customer-profile-public-subnet-a"
            },
            "tags_all": {
              "Name": "customer-profile-public-subnet-a"
            },
            "timeouts": null,
            "vpc_id": "vpc-074b950970830d8c2"
          },
          "sensitive_attributes": [],
          "identity_schema_version": 0,
          "identity": {
            "account_id": "810421502375",
            "id": "subnet-079e98b10ba73f513",
            "region": "ap-southeast-1"
          },
          "private": "eyJlMmJmYjczMC1lY2FhLTExZTYtOGY4OC0zNDM2M2JjN2M0YzAiOnsiY3JlYXRlIjo2MDAwMDAwMDAwMDAsImRlbGV0ZSI6MTIwMDAwMDAwMDAwMH0sInNjaGVtYV92ZXJzaW9uIjoiMSJ9",
          "dependencies": [
            "aws_vpc.customer-profile"
          ]
        }
      ]
    },
    {
      "mode": "managed",
      "type": "aws_subnet",
      "name": "customer_public_b",
      "provider": "provider[\"registry.terraform.io/hashicorp/aws\"]",
      "instances": [
        {
          "schema_version": 1,
          "attributes": {
            "arn": "arn:aws:ec2:ap-southeast-1:810421502375:subnet/subnet-0dd47138873adf3bf",
            "assign_ipv6_address_on_creation": false,
            "availability_zone": "ap-southeast-1b",
            "availability_zone_id": "apse1-az1",
            "cidr_block": "10.0.4.0/24",
            "customer_owned_ipv4_pool": "",
            "enable_dns64": false,
            "enable_lni_at_device_index": 0,
            "enable_resource_name_dns_a_record_on_launch": false,
            "enable_resource_name_dns_aaaa_record_on_launch": false,
            "id": "subnet-0dd47138873adf3bf",
            "ipv4_ipam_pool_id": null,
            "ipv4_netmask_length": null,
            "ipv6_cidr_block": "",
            "ipv6_cidr_block_association_id": "",
            "ipv6_ipam_pool_id": null,
            "ipv6_native": false,
            "ipv6_netmask_length": null,
            "map_customer_owned_ip_on_launch": false,
            "map_public_ip_on_launch": true,
            "outpost_arn": "",
            "owner_id": "810421502375",
            "private_dns_hostname_type_on_launch": "ip-name",
            "region": "ap-southeast-1",
            "tags": {
              "Name": "customer-profile-public-subnet-b"
            },
            "tags_all": {
              "Name": "customer-profile-public-subnet-b"
            },
            "timeouts": null,
            "vpc_id": "vpc-074b950970830d8c2"
          },
          "sensitive_attributes": [],
          "identity_schema_version": 0,
          "identity": {
            "account_id": "810421502375",
            "id": "subnet-0dd47138873adf3bf",
            "region": "ap-southeast-1"
          },
          "private": "eyJlMmJmYjczMC1lY2FhLTExZTYtOGY4OC0zNDM2M2JjN2M0YzAiOnsiY3JlYXRlIjo2MDAwMDAwMDAwMDAsImRlbGV0ZSI6MTIwMDAwMDAwMDAwMH0sInNjaGVtYV92ZXJzaW9uIjoiMSJ9",
          "dependencies": [
            "aws_vpc.customer-profile"
          ]
        }
      ]
    },
    {
      "mode": "managed",
      "type": "aws_subnet",
      "name": "statement_private_a",
      "provider": "provider[\"registry.terraform.io/hashicorp/aws\"]",
      "instances": [
        {
          "schema_version": 1,
          "attributes": {
            "arn": "arn:aws:ec2:ap-southeast-1:810421502375:subnet/subnet-02ef7e2d3d957b5e7",
            "assign_ipv6_address_on_creation": false,
            "availability_zone": "ap-southeast-1a",
            "availability_zone_id": "apse1-az2",
            "cidr_block": "192.168.2.0/24",
            "customer_owned_ipv4_pool": "",
            "enable_dns64": false,
            "enable_lni_at_device_index": 0,
            "enable_resource_name_dns_a_record_on_launch": false,
            "enable_resource_name_dns_aaaa_record_on_launch": false,
            "id": "subnet-02ef7e2d3d957b5e7",
            "ipv4_ipam_pool_id": null,
            "ipv4_netmask_length": null,
            "ipv6_cidr_block": "",
            "ipv6_cidr_block_association_id": "",
            "ipv6_ipam_pool_id": null,
            "ipv6_native": false,
            "ipv6_netmask_length": null,
            "map_customer_owned_ip_on_launch": false,
            "map_public_ip_on_launch": false,
            "outpost_arn": "",
            "owner_id": "810421502375",
            "private_dns_hostname_type_on_launch": "ip-name",
            "region": "ap-southeast-1",
            "tags": {
              "Name": "statement-private-subnet-a"
            },
            "tags_all": {
              "Name": "statement-private-subnet-a"
            },
            "timeouts": null,
            "vpc_id": "vpc-01026093648037a86"
          },
          "sensitive_attributes": [],
          "identity_schema_version": 0,
          "identity": {
            "account_id": "810421502375",
            "id": "subnet-02ef7e2d3d957b5e7",
            "region": "ap-southeast-1"
          },
          "private": "eyJlMmJmYjczMC1lY2FhLTExZTYtOGY4OC0zNDM2M2JjN2M0YzAiOnsiY3JlYXRlIjo2MDAwMDAwMDAwMDAsImRlbGV0ZSI6MTIwMDAwMDAwMDAwMH0sInNjaGVtYV92ZXJzaW9uIjoiMSJ9",
          "dependencies": [
            "aws_vpc.statement"
          ]
        }
      ]
    },
    {
      "mode": "managed",
      "type": "aws_subnet",
      "name": "statement_private_b",
      "provider": "provider[\"registry.terraform.io/hashicorp/aws\"]",
      "instances": [
        {
          "schema_version": 1,
          "attributes": {
            "arn": "arn:aws:ec2:ap-southeast-1:810421502375:subnet/subnet-08e08c555f5ea0f0f",
            "assign_ipv6_address_on_creation": false,
            "availability_zone": "ap-southeast-1b",
            "availability_zone_id": "apse1-az1",
            "cidr_block": "192.168.3.0/24",
            "customer_owned_ipv4_pool": "",
            "enable_dns64": false,
            "enable_lni_at_device_index": 0,
            "enable_resource_name_dns_a_record_on_launch": false,
            "enable_resource_name_dns_aaaa_record_on_launch": false,
            "id": "subnet-08e08c555f5ea0f0f",
            "ipv4_ipam_pool_id": null,
            "ipv4_netmask_length": null,
            "ipv6_cidr_block": "",
            "ipv6_cidr_block_association_id": "",
            "ipv6_ipam_pool_id": null,
            "ipv6_native": false,
            "ipv6_netmask_length": null,
            "map_customer_owned_ip_on_launch": false,
            "map_public_ip_on_launch": false,
            "outpost_arn": "",
            "owner_id": "810421502375",
            "private_dns_hostname_type_on_launch": "ip-name",
            "region": "ap-southeast-1",
            "tags": {
              "Name": "statement-private-subnet-b"
            },
            "tags_all": {
              "Name": "statement-private-subnet-b"
            },
            "timeouts": null,
            "vpc_id": "vpc-01026093648037a86"
          },
          "sensitive_attributes": [],
          "identity_schema_version": 0,
          "identity": {
            "account_id": "810421502375",
            "id": "subnet-08e08c555f5ea0f0f",
            "region": "ap-southeast-1"
          },
          "private": "eyJlMmJmYjczMC1lY2FhLTExZTYtOGY4OC0zNDM2M2JjN2M0YzAiOnsiY3JlYXRlIjo2MDAwMDAwMDAwMDAsImRlbGV0ZSI6MTIwMDAwMDAwMDAwMH0sInNjaGVtYV92ZXJzaW9uIjoiMSJ9",
          "dependencies": [
            "aws_vpc.statement"
          ]
        }
      ]
    },
    {
      "mode": "managed",
      "type": "aws_subnet",
      "name": "statement_public_a",
      "provider": "provider[\"registry.terraform.io/hashicorp/aws\"]",
      "instances": [
        {
          "schema_version": 1,
          "attributes": {
            "arn": "arn:aws:ec2:ap-southeast-1:810421502375:subnet/subnet-00de644507aa60ae8",
            "assign_ipv6_address_on_creation": false,
            "availability_zone": "ap-southeast-1a",
            "availability_zone_id": "apse1-az2",
            "cidr_block": "192.168.1.0/24",
            "customer_owned_ipv4_pool": "",
            "enable_dns64": false,
            "enable_lni_at_device_index": 0,
            "enable_resource_name_dns_a_record_on_launch": false,
            "enable_resource_name_dns_aaaa_record_on_launch": false,
            "id": "subnet-00de644507aa60ae8",
            "ipv4_ipam_pool_id": null,
            "ipv4_netmask_length": null,
            "ipv6_cidr_block": "",
            "ipv6_cidr_block_association_id": "",
            "ipv6_ipam_pool_id": null,
            "ipv6_native": false,
            "ipv6_netmask_length": null,
            "map_customer_owned_ip_on_launch": false,
            "map_public_ip_on_launch": true,
            "outpost_arn": "",
            "owner_id": "810421502375",
            "private_dns_hostname_type_on_launch": "ip-name",
            "region": "ap-southeast-1",
            "tags": {
              "Name": "statement-public-subnet-a"
            },
            "tags_all": {
              "Name": "statement-public-subnet-a"
            },
            "timeouts": null,
            "vpc_id": "vpc-01026093648037a86"
          },
          "sensitive_attributes": [],
          "identity_schema_version": 0,
          "identity": {
            "account_id": "810421502375",
            "id": "subnet-00de644507aa60ae8",
            "region": "ap-southeast-1"
          },
          "private": "eyJlMmJmYjczMC1lY2FhLTExZTYtOGY4OC0zNDM2M2JjN2M0YzAiOnsiY3JlYXRlIjo2MDAwMDAwMDAwMDAsImRlbGV0ZSI6MTIwMDAwMDAwMDAwMH0sInNjaGVtYV92ZXJzaW9uIjoiMSJ9",
          "dependencies": [
            "aws_vpc.statement"
          ]
        }
      ]
    },
    {
      "mode": "managed",
      "type": "aws_vpc",
      "name": "account",
      "provider": "provider[\"registry.terraform.io/hashicorp/aws\"]",
      "instances": [
        {
          "schema_version": 1,
          "attributes": {
            "arn": "arn:aws:ec2:ap-southeast-1:810421502375:vpc/vpc-0f6141098dbc97744",
            "assign_generated_ipv6_cidr_block": false,
            "cidr_block": "172.16.0.0/16",
            "default_network_acl_id": "acl-0b4dca26fb6badfae",
            "default_route_table_id": "rtb-01f8e2d97bb844d16",
            "default_security_group_id": "sg-0c5e98a16d2ab25eb",
            "dhcp_options_id": "dopt-0b90a22852149bbb6",
            "enable_dns_hostnames": true,
            "enable_dns_support": true,
            "enable_network_address_usage_metrics": false,
            "id": "vpc-0f6141098dbc97744",
            "instance_tenancy": "default",
            "ipv4_ipam_pool_id": null,
            "ipv4_netmask_length": null,
            "ipv6_association_id": "",
            "ipv6_cidr_block": "",
            "ipv6_cidr_block_network_border_group": "",
            "ipv6_ipam_pool_id": "",
            "ipv6_netmask_length": 0,
            "main_route_table_id": "rtb-01f8e2d97bb844d16",
            "owner_id": "810421502375",
            "region": "ap-southeast-1",
            "tags": {
              "Name": "account-vpc"
            },
            "tags_all": {
              "Name": "account-vpc"
            }
          },
          "sensitive_attributes": [],
          "identity_schema_version": 0,
          "identity": {
            "account_id": "810421502375",
            "id": "vpc-0f6141098dbc97744",
            "region": "ap-southeast-1"
          },
          "private": "eyJzY2hlbWFfdmVyc2lvbiI6IjEifQ=="
        }
      ]
    },
    {
      "mode": "managed",
      "type": "aws_vpc",
      "name": "customer-profile",
      "provider": "provider[\"registry.terraform.io/hashicorp/aws\"]",
      "instances": [
        {
          "schema_version": 1,
          "attributes": {
            "arn": "arn:aws:ec2:ap-southeast-1:810421502375:vpc/vpc-074b950970830d8c2",
            "assign_generated_ipv6_cidr_block": false,
            "cidr_block": "10.0.0.0/16",
            "default_network_acl_id": "acl-0e9e42fb5c60306ff",
            "default_route_table_id": "rtb-0f0fa4b5a11674552",
            "default_security_group_id": "sg-0957d9b2aa5240965",
            "dhcp_options_id": "dopt-0b90a22852149bbb6",
            "enable_dns_hostnames": true,
            "enable_dns_support": true,
            "enable_network_address_usage_metrics": false,
            "id": "vpc-074b950970830d8c2",
            "instance_tenancy": "default",
            "ipv4_ipam_pool_id": null,
            "ipv4_netmask_length": null,
            "ipv6_association_id": "",
            "ipv6_cidr_block": "",
            "ipv6_cidr_block_network_border_group": "",
            "ipv6_ipam_pool_id": "",
            "ipv6_netmask_length": 0,
            "main_route_table_id": "rtb-0f0fa4b5a11674552",
            "owner_id": "810421502375",
            "region": "ap-southeast-1",
            "tags": {
              "Name": "customer-profile-vpc"
            },
            "tags_all": {
              "Name": "customer-profile-vpc"
            }
          },
          "sensitive_attributes": [],
          "identity_schema_version": 0,
          "identity": {
            "account_id": "810421502375",
            "id": "vpc-074b950970830d8c2",
            "region": "ap-southeast-1"
          },
          "private": "eyJzY2hlbWFfdmVyc2lvbiI6IjEifQ=="
        }
      ]
    },
    {
      "mode": "managed",
      "type": "aws_vpc",
      "name": "statement",
      "provider": "provider[\"registry.terraform.io/hashicorp/aws\"]",
      "instances": [
        {
          "schema_version": 1,
          "attributes": {
            "arn": "arn:aws:ec2:ap-southeast-1:810421502375:vpc/vpc-01026093648037a86",
            "assign_generated_ipv6_cidr_block": false,
            "cidr_block": "192.168.0.0/16",
            "default_network_acl_id": "acl-0ca61175581c8d8f9",
            "default_route_table_id": "rtb-03266f147a0b4fa49",
            "default_security_group_id": "sg-0c22637ceb37ccffe",
            "dhcp_options_id": "dopt-0b90a22852149bbb6",
            "enable_dns_hostnames": true,
            "enable_dns_support": true,
            "enable_network_address_usage_metrics": false,
            "id": "vpc-01026093648037a86",
            "instance_tenancy": "default",
            "ipv4_ipam_pool_id": null,
            "ipv4_netmask_length": null,
            "ipv6_association_id": "",
            "ipv6_cidr_block": "",
            "ipv6_cidr_block_network_border_group": "",
            "ipv6_ipam_pool_id": "",
            "ipv6_netmask_length": 0,
            "main_route_table_id": "rtb-03266f147a0b4fa49",
            "owner_id": "810421502375",
            "region": "ap-southeast-1",
            "tags": {
              "Name": "statement-vpc"
            },
            "tags_all": {
              "Name": "statement-vpc"
            }
          },
          "sensitive_attributes": [],
          "identity_schema_version": 0,
          "identity": {
            "account_id": "810421502375",
            "id": "vpc-01026093648037a86",
            "region": "ap-southeast-1"
          },
          "private": "eyJzY2hlbWFfdmVyc2lvbiI6IjEifQ=="
        }
      ]
    },
    {
      "mode": "managed",
      "type": "aws_vpc_peering_connection",
      "name": "account_statement",
      "provider": "provider[\"registry.terraform.io/hashicorp/aws\"]",
      "instances": [
        {
          "schema_version": 0,
          "attributes": {
            "accept_status": "active",
            "accepter": [
              {
                "allow_remote_vpc_dns_resolution": false
              }
            ],
            "auto_accept": true,
            "id": "pcx-096af80884c69eb19",
            "peer_owner_id": "810421502375",
            "peer_region": "ap-southeast-1",
            "peer_vpc_id": "vpc-01026093648037a86",
            "region": "ap-southeast-1",
            "requester": [
              {
                "allow_remote_vpc_dns_resolution": false
              }
            ],
            "tags": {
              "Name": "account-statement-peer"
            },
            "tags_all": {
              "Name": "account-statement-peer"
            },
            "timeouts": null,
            "vpc_id": "vpc-0f6141098dbc97744"
          },
          "sensitive_attributes": [],
          "identity_schema_version": 0,
          "private": "eyJlMmJmYjczMC1lY2FhLTExZTYtOGY4OC0zNDM2M2JjN2M0YzAiOnsiY3JlYXRlIjo2MDAwMDAwMDAwMCwiZGVsZXRlIjo2MDAwMDAwMDAwMCwidXBkYXRlIjo2MDAwMDAwMDAwMH19",
          "dependencies": [
            "aws_vpc.account",
            "aws_vpc.statement"
          ]
        }
      ]
    },
    {
      "mode": "managed",
      "type": "aws_vpc_peering_connection",
      "name": "customer_account",
      "provider": "provider[\"registry.terraform.io/hashicorp/aws\"]",
      "instances": [
        {
          "schema_version": 0,
          "attributes": {
            "accept_status": "active",
            "accepter": [
              {
                "allow_remote_vpc_dns_resolution": false
              }
            ],
            "auto_accept": true,
            "id": "pcx-023cc7ec9aefade2d",
            "peer_owner_id": "810421502375",
            "peer_region": "ap-southeast-1",
            "peer_vpc_id": "vpc-0f6141098dbc97744",
            "region": "ap-southeast-1",
            "requester": [
              {
                "allow_remote_vpc_dns_resolution": false
              }
            ],
            "tags": {
              "Name": "customer-account-peer"
            },
            "tags_all": {
              "Name": "customer-account-peer"
            },
            "timeouts": null,
            "vpc_id": "vpc-074b950970830d8c2"
          },
          "sensitive_attributes": [],
          "identity_schema_version": 0,
          "private": "eyJlMmJmYjczMC1lY2FhLTExZTYtOGY4OC0zNDM2M2JjN2M0YzAiOnsiY3JlYXRlIjo2MDAwMDAwMDAwMCwiZGVsZXRlIjo2MDAwMDAwMDAwMCwidXBkYXRlIjo2MDAwMDAwMDAwMH19",
          "dependencies": [
            "aws_vpc.account",
            "aws_vpc.customer-profile"
          ]
        }
      ]
    },
    {
      "mode": "managed",
      "type": "aws_vpc_peering_connection_options",
      "name": "account_statement_dns",
      "provider": "provider[\"registry.terraform.io/hashicorp/aws\"]",
      "instances": [
        {
          "schema_version": 0,
          "attributes": {
            "accepter": [
              {
                "allow_remote_vpc_dns_resolution": true
              }
            ],
            "id": "pcx-096af80884c69eb19",
            "region": "ap-southeast-1",
            "requester": [
              {
                "allow_remote_vpc_dns_resolution": true
              }
            ],
            "vpc_peering_connection_id": "pcx-096af80884c69eb19"
          },
          "sensitive_attributes": [],
          "identity_schema_version": 0,
          "private": "bnVsbA==",
          "dependencies": [
            "aws_vpc.account",
            "aws_vpc.statement",
            "aws_vpc_peering_connection.account_statement"
          ]
        }
      ]
    },
    {
      "mode": "managed",
      "type": "aws_vpc_peering_connection_options",
      "name": "customer_account_dns",
      "provider": "provider[\"registry.terraform.io/hashicorp/aws\"]",
      "instances": [
        {
          "schema_version": 0,
          "attributes": {
            "accepter": [
              {
                "allow_remote_vpc_dns_resolution": true
              }
            ],
            "id": "pcx-023cc7ec9aefade2d",
            "region": "ap-southeast-1",
            "requester": [
              {
                "allow_remote_vpc_dns_resolution": true
              }
            ],
            "vpc_peering_connection_id": "pcx-023cc7ec9aefade2d"
          },
          "sensitive_attributes": [],
          "identity_schema_version": 0,
          "private": "bnVsbA==",
          "dependencies": [
            "aws_vpc.account",
            "aws_vpc.customer-profile",
            "aws_vpc_peering_connection.customer_account"
          ]
        }
      ]
    },
    {
      "mode": "managed",
      "type": "local_file",
      "name": "private_key",
      "provider": "provider[\"registry.terraform.io/hashicorp/local\"]",
      "instances": [
        {
          "schema_version": 0,
          "attributes": {
            "content": "-----BEGIN RSA PRIVATE KEY-----\nMIIEowIBAAKCAQEA3drp2tPVcGwog9hVszDPNMINnDmLYHDEYtt+j3S9z1eVvP5Z\nND3/oB8mae9pQotKp5myGsp+5Lvq1nRX7EWC/ou1U+JpWOpNbKqxaLJCR5Tken85\nVDEAOhgAG8tLQEvbQgEpG/vQ+xWgRCaemMLP6UknNqpuNruPpZq3fA3yq5Nfc0cR\nrANTxG5zeVrOsSwNi2UUa+HMGIb4TEsvXLIkl//Gf2mt/wTp9x3Md5TCmfAdMnu1\nhKsqbPdP8a0ermp+CT9cpOjsHxdux9yQl4StuehDxMeiuGLiqrXQgsy8nLBf1e4i\niWNnf/mF0pME750YE8ipFcGc065Tc8u7sj//KQIDAQABAoIBAD8uz+ge6UwNuZIn\nA+03CuP7GhYye0O5ieyfl1EyzbXlu0LqayxKNel7xZxo7yDg+5900bj4j6AD9rMh\nykKDX3WwAzHDKv6EKA25JTJshhzNxi4u2nxkQizJVgqUYLeMgwKuwu7xzggcFhsi\npotZ/A1z5IOYkS/sRdJDmFrvu/tpwuWP/4eTRioTSTB9MFJCRWMd09ix/DgH50YJ\nMbQ5b9zH0r8pV4eHqgbNTluz7WQ7ktM2KfzBCUXxgwJ/f9kzpPSoEhjARMujFMFG\nPiLxW/2QTRujxspR73HjmzGl+X1O9RWub9ZDi2t4Blhx+kle50KrIoesR/4PsLQ/\nu4cVMcsCgYEA+TiAea1B4jnELea32VPgYQ8ztZ/YvkDllFxI6NT0E1mXX0Yih85p\nsZGdmKsgq7Y1cEe33LmXrSovAYm6HtaBou3gI4/5eFtU2gtZTNoREi8yEBdsFzWm\nA+FGM9e1tZLvW7y3J6cwYX/1kyDswgSnyZhbl7jxNwEvV3PADw3iBJ8CgYEA4+PY\nkS8noWC6wS7xwj7+9zl4Eb2rmGLbzxm7p/EHy74Q2Pg/7pglE+tpRGbO3Bukd/oJ\nrbL4W+Iw+sl9U3ymrnUmHQrH1VA0nAO/BqIdq/J0YkVUw2+UmMiOtitkj7vHqa54\nfJ6MIElOleSJrKDOvhnYiu+VWT84I2LbDDzGXzcCgYB2fGxobPzjxz8D66sAwiXt\nP0MAWKy9VzFPJcjsGUKpaHDVNQz5sCMD7w0UJlf0Cz7A0PgTEpGQHHwYqRg5zRX5\nFkr33V1n4VQoDjk4lnyDPrj4eYpERpdVROcRgr67Qs5VuRUC3zPbRvDEMGUfoQL8\nj1kMezsDQab2Vuu6vIj2VQKBgQCzQN9yo+LKX2nG1wQ3RJINKNk3Kzg0b15y8szW\n9xKowmJCKFMxe99+Yae1tCB2pg+ih7zhMmuE6tCYE7FO4DfD9kX6hiZVtfcL2S6D\nKzWnsNi3C832xGfgHbGTvWImZRBSefgwHg4ev0rfQJrCfOLiSTY5YubZAo9H1lRy\ntcNb1QKBgElcsif1Rz5VK2v7hsDp5P8X+9cqvj4k0QDt9ERV0WkCUeRm0CS2aMXd\nU4lirWyqPD3IxBx74u4RprKqhQ+G7mKE9ur94yihCWAzakkbyRei1e0uMgV9+6dP\nsoY8nFYbb8comdLGDdWFApWtRXkchxjAhH2GFuhf1ZBLx7BWp/k+\n-----END RSA PRIVATE KEY-----\n",
            "content_base64": null,
            "content_base64sha256": "7TvHvK1B0GNdqg73I3L7fFzFgQrQS+wQ0NW/MpFg1uI=",
            "content_base64sha512": "afSd9x1YYO1UacksW3czef7XvOMGrrLct+ado7MqX8g80/AgouUKta929LjoSMwH9zCKp+F3oj0UcFkn0floHA==",
            "content_md5": "07aed30a3670f4119268a4124ee60a54",
            "content_sha1": "4468b91e5dd4f7306de09b4640198b9b84c5f7c8",
            "content_sha256": "ed3bc7bcad41d0635daa0ef72372fb7c5cc5810ad04bec10d0d5bf329160d6e2",
            "content_sha512": "69f49df71d5860ed5469c92c5b773379fed7bce306aeb2dcb7e69da3b32a5fc83cd3f020a2e50ab5af76f4b8e848cc07f7308aa7e177a23d14705927d1f9681c",
            "directory_permission": "0777",
            "file_permission": "0400",
            "filename": "fake-service-app.pem",
            "id": "4468b91e5dd4f7306de09b4640198b9b84c5f7c8",
            "sensitive_content": null,
            "source": null
          },
          "sensitive_attributes": [
            [
              {
                "type": "get_attr",
                "value": "content"
              }
            ],
            [
              {
                "type": "get_attr",
                "value": "sensitive_content"
              }
            ]
          ],
          "identity_schema_version": 0,
          "dependencies": [
            "tls_private_key.fake_service_app"
          ]
        }
      ]
    },
    {
      "mode": "managed",
      "type": "tls_private_key",
      "name": "fake_service_app",
      "provider": "provider[\"registry.terraform.io/hashicorp/tls\"]",
      "instances": [
        {
          "schema_version": 1,
          "attributes": {
            "algorithm": "RSA",
            "ecdsa_curve": "P224",
            "id": "82dd5747815f00e0936c8869ad9d95b50b8be515",
            "private_key_openssh": "-----BEGIN OPENSSH PRIVATE KEY-----\nb3BlbnNzaC1rZXktdjEAAAAABG5vbmUAAAAEbm9uZQAAAAAAAAABAAABFwAAAAdz\nc2gtcnNhAAAAAwEAAQAAAQEA3drp2tPVcGwog9hVszDPNMINnDmLYHDEYtt+j3S9\nz1eVvP5ZND3/oB8mae9pQotKp5myGsp+5Lvq1nRX7EWC/ou1U+JpWOpNbKqxaLJC\nR5Tken85VDEAOhgAG8tLQEvbQgEpG/vQ+xWgRCaemMLP6UknNqpuNruPpZq3fA3y\nq5Nfc0cRrANTxG5zeVrOsSwNi2UUa+HMGIb4TEsvXLIkl//Gf2mt/wTp9x3Md5TC\nmfAdMnu1hKsqbPdP8a0ermp+CT9cpOjsHxdux9yQl4StuehDxMeiuGLiqrXQgsy8\nnLBf1e4iiWNnf/mF0pME750YE8ipFcGc065Tc8u7sj//KQAAA7jbTyS4208kuAAA\nAAdzc2gtcnNhAAABAQDd2una09VwbCiD2FWzMM80wg2cOYtgcMRi236PdL3PV5W8\n/lk0Pf+gHyZp72lCi0qnmbIayn7ku+rWdFfsRYL+i7VT4mlY6k1sqrFoskJHlOR6\nfzlUMQA6GAAby0tAS9tCASkb+9D7FaBEJp6Yws/pSSc2qm42u4+lmrd8DfKrk19z\nRxGsA1PEbnN5Ws6xLA2LZRRr4cwYhvhMSy9csiSX/8Z/aa3/BOn3Hcx3lMKZ8B0y\ne7WEqyps90/xrR6uan4JP1yk6OwfF27H3JCXhK256EPEx6K4YuKqtdCCzLycsF/V\n7iKJY2d/+YXSkwTvnRgTyKkVwZzTrlNzy7uyP/8pAAAAAwEAAQAAAQA/Ls/oHulM\nDbmSJwPtNwrj+xoWMntDuYnsn5dRMs215btC6mssSjXpe8WcaO8g4PufdNG4+I+g\nA/azIcpCg191sAMxwyr+hCgNuSUybIYczcYuLtp8ZEIsyVYKlGC3jIMCrsLu8c4I\nHBYbIqaLWfwNc+SDmJEv7EXSQ5ha77v7acLlj/+Hk0YqE0kwfTBSQkVjHdPYsfw4\nB+dGCTG0OW/cx9K/KVeHh6oGzU5bs+1kO5LTNin8wQlF8YMCf3/ZM6T0qBIYwETL\noxTBRj4i8Vv9kE0bo8bKUe9x45sxpfl9TvUVrm/WQ4treAZYcfpJXudCqyKHrEf+\nD7C0P7uHFTHLAAAAgElcsif1Rz5VK2v7hsDp5P8X+9cqvj4k0QDt9ERV0WkCUeRm\n0CS2aMXdU4lirWyqPD3IxBx74u4RprKqhQ+G7mKE9ur94yihCWAzakkbyRei1e0u\nMgV9+6dPsoY8nFYbb8comdLGDdWFApWtRXkchxjAhH2GFuhf1ZBLx7BWp/k+AAAA\ngQD5OIB5rUHiOcQt5rfZU+BhDzO1n9i+QOWUXEjo1PQTWZdfRiKHzmmxkZ2YqyCr\ntjVwR7fcuZetKi8Biboe1oGi7eAjj/l4W1TaC1lM2hESLzIQF2wXNaYD4UYz17W1\nku9bvLcnpzBhf/WTIOzCBKfJmFuXuPE3AS9Xc8APDeIEnwAAAIEA4+PYkS8noWC6\nwS7xwj7+9zl4Eb2rmGLbzxm7p/EHy74Q2Pg/7pglE+tpRGbO3Bukd/oJrbL4W+Iw\n+sl9U3ymrnUmHQrH1VA0nAO/BqIdq/J0YkVUw2+UmMiOtitkj7vHqa54fJ6MIElO\nleSJrKDOvhnYiu+VWT84I2LbDDzGXzcAAAAAAQID\n-----END OPENSSH PRIVATE KEY-----\n",
            "private_key_pem": "-----BEGIN RSA PRIVATE KEY-----\nMIIEowIBAAKCAQEA3drp2tPVcGwog9hVszDPNMINnDmLYHDEYtt+j3S9z1eVvP5Z\nND3/oB8mae9pQotKp5myGsp+5Lvq1nRX7EWC/ou1U+JpWOpNbKqxaLJCR5Tken85\nVDEAOhgAG8tLQEvbQgEpG/vQ+xWgRCaemMLP6UknNqpuNruPpZq3fA3yq5Nfc0cR\nrANTxG5zeVrOsSwNi2UUa+HMGIb4TEsvXLIkl//Gf2mt/wTp9x3Md5TCmfAdMnu1\nhKsqbPdP8a0ermp+CT9cpOjsHxdux9yQl4StuehDxMeiuGLiqrXQgsy8nLBf1e4i\niWNnf/mF0pME750YE8ipFcGc065Tc8u7sj//KQIDAQABAoIBAD8uz+ge6UwNuZIn\nA+03CuP7GhYye0O5ieyfl1EyzbXlu0LqayxKNel7xZxo7yDg+5900bj4j6AD9rMh\nykKDX3WwAzHDKv6EKA25JTJshhzNxi4u2nxkQizJVgqUYLeMgwKuwu7xzggcFhsi\npotZ/A1z5IOYkS/sRdJDmFrvu/tpwuWP/4eTRioTSTB9MFJCRWMd09ix/DgH50YJ\nMbQ5b9zH0r8pV4eHqgbNTluz7WQ7ktM2KfzBCUXxgwJ/f9kzpPSoEhjARMujFMFG\nPiLxW/2QTRujxspR73HjmzGl+X1O9RWub9ZDi2t4Blhx+kle50KrIoesR/4PsLQ/\nu4cVMcsCgYEA+TiAea1B4jnELea32VPgYQ8ztZ/YvkDllFxI6NT0E1mXX0Yih85p\nsZGdmKsgq7Y1cEe33LmXrSovAYm6HtaBou3gI4/5eFtU2gtZTNoREi8yEBdsFzWm\nA+FGM9e1tZLvW7y3J6cwYX/1kyDswgSnyZhbl7jxNwEvV3PADw3iBJ8CgYEA4+PY\nkS8noWC6wS7xwj7+9zl4Eb2rmGLbzxm7p/EHy74Q2Pg/7pglE+tpRGbO3Bukd/oJ\nrbL4W+Iw+sl9U3ymrnUmHQrH1VA0nAO/BqIdq/J0YkVUw2+UmMiOtitkj7vHqa54\nfJ6MIElOleSJrKDOvhnYiu+VWT84I2LbDDzGXzcCgYB2fGxobPzjxz8D66sAwiXt\nP0MAWKy9VzFPJcjsGUKpaHDVNQz5sCMD7w0UJlf0Cz7A0PgTEpGQHHwYqRg5zRX5\nFkr33V1n4VQoDjk4lnyDPrj4eYpERpdVROcRgr67Qs5VuRUC3zPbRvDEMGUfoQL8\nj1kMezsDQab2Vuu6vIj2VQKBgQCzQN9yo+LKX2nG1wQ3RJINKNk3Kzg0b15y8szW\n9xKowmJCKFMxe99+Yae1tCB2pg+ih7zhMmuE6tCYE7FO4DfD9kX6hiZVtfcL2S6D\nKzWnsNi3C832xGfgHbGTvWImZRBSefgwHg4ev0rfQJrCfOLiSTY5YubZAo9H1lRy\ntcNb1QKBgElcsif1Rz5VK2v7hsDp5P8X+9cqvj4k0QDt9ERV0WkCUeRm0CS2aMXd\nU4lirWyqPD3IxBx74u4RprKqhQ+G7mKE9ur94yihCWAzakkbyRei1e0uMgV9+6dP\nsoY8nFYbb8comdLGDdWFApWtRXkchxjAhH2GFuhf1ZBLx7BWp/k+\n-----END RSA PRIVATE KEY-----\n",
            "private_key_pem_pkcs8": "-----BEGIN PRIVATE KEY-----\nMIIEvQIBADANBgkqhkiG9w0BAQEFAASCBKcwggSjAgEAAoIBAQDd2una09VwbCiD\n2FWzMM80wg2cOYtgcMRi236PdL3PV5W8/lk0Pf+gHyZp72lCi0qnmbIayn7ku+rW\ndFfsRYL+i7VT4mlY6k1sqrFoskJHlOR6fzlUMQA6GAAby0tAS9tCASkb+9D7FaBE\nJp6Yws/pSSc2qm42u4+lmrd8DfKrk19zRxGsA1PEbnN5Ws6xLA2LZRRr4cwYhvhM\nSy9csiSX/8Z/aa3/BOn3Hcx3lMKZ8B0ye7WEqyps90/xrR6uan4JP1yk6OwfF27H\n3JCXhK256EPEx6K4YuKqtdCCzLycsF/V7iKJY2d/+YXSkwTvnRgTyKkVwZzTrlNz\ny7uyP/8pAgMBAAECggEAPy7P6B7pTA25kicD7TcK4/saFjJ7Q7mJ7J+XUTLNteW7\nQuprLEo16XvFnGjvIOD7n3TRuPiPoAP2syHKQoNfdbADMcMq/oQoDbklMmyGHM3G\nLi7afGRCLMlWCpRgt4yDAq7C7vHOCBwWGyKmi1n8DXPkg5iRL+xF0kOYWu+7+2nC\n5Y//h5NGKhNJMH0wUkJFYx3T2LH8OAfnRgkxtDlv3MfSvylXh4eqBs1OW7PtZDuS\n0zYp/MEJRfGDAn9/2TOk9KgSGMBEy6MUwUY+IvFb/ZBNG6PGylHvceObMaX5fU71\nFa5v1kOLa3gGWHH6SV7nQqsih6xH/g+wtD+7hxUxywKBgQD5OIB5rUHiOcQt5rfZ\nU+BhDzO1n9i+QOWUXEjo1PQTWZdfRiKHzmmxkZ2YqyCrtjVwR7fcuZetKi8Biboe\n1oGi7eAjj/l4W1TaC1lM2hESLzIQF2wXNaYD4UYz17W1ku9bvLcnpzBhf/WTIOzC\nBKfJmFuXuPE3AS9Xc8APDeIEnwKBgQDj49iRLyehYLrBLvHCPv73OXgRvauYYtvP\nGbun8QfLvhDY+D/umCUT62lEZs7cG6R3+gmtsvhb4jD6yX1TfKaudSYdCsfVUDSc\nA78Goh2r8nRiRVTDb5SYyI62K2SPu8eprnh8nowgSU6V5ImsoM6+GdiK75VZPzgj\nYtsMPMZfNwKBgHZ8bGhs/OPHPwPrqwDCJe0/QwBYrL1XMU8lyOwZQqlocNU1DPmw\nIwPvDRQmV/QLPsDQ+BMSkZAcfBipGDnNFfkWSvfdXWfhVCgOOTiWfIM+uPh5ikRG\nl1VE5xGCvrtCzlW5FQLfM9tG8MQwZR+hAvyPWQx7OwNBpvZW67q8iPZVAoGBALNA\n33Kj4spfacbXBDdEkg0o2TcrODRvXnLyzNb3EqjCYkIoUzF7335hp7W0IHamD6KH\nvOEya4Tq0JgTsU7gN8P2RfqGJlW19wvZLoMrNaew2LcLzfbEZ+AdsZO9YiZlEFJ5\n+DAeDh6/St9AmsJ84uJJNjli5tkCj0fWVHK1w1vVAoGASVyyJ/VHPlUra/uGwOnk\n/xf71yq+PiTRAO30RFXRaQJR5GbQJLZoxd1TiWKtbKo8PcjEHHvi7hGmsqqFD4bu\nYoT26v3jKKEJYDNqSRvJF6LV7S4yBX37p0+yhjycVhtvxyiZ0sYN1YUCla1FeRyH\nGMCEfYYW6F/VkEvHsFan+T4=\n-----END PRIVATE KEY-----\n",
            "public_key_fingerprint_md5": "eb:9c:17:a0:49:3c:43:b2:41:5d:8f:f9:5e:a8:64:ed",
            "public_key_fingerprint_sha256": "SHA256:d8dYG1OqFhGjZL+BxN6CbEV1Eavk0+xaaX0JCDh4Qec",
            "public_key_openssh": "ssh-rsa AAAAB3NzaC1yc2EAAAADAQABAAABAQDd2una09VwbCiD2FWzMM80wg2cOYtgcMRi236PdL3PV5W8/lk0Pf+gHyZp72lCi0qnmbIayn7ku+rWdFfsRYL+i7VT4mlY6k1sqrFoskJHlOR6fzlUMQA6GAAby0tAS9tCASkb+9D7FaBEJp6Yws/pSSc2qm42u4+lmrd8DfKrk19zRxGsA1PEbnN5Ws6xLA2LZRRr4cwYhvhMSy9csiSX/8Z/aa3/BOn3Hcx3lMKZ8B0ye7WEqyps90/xrR6uan4JP1yk6OwfF27H3JCXhK256EPEx6K4YuKqtdCCzLycsF/V7iKJY2d/+YXSkwTvnRgTyKkVwZzTrlNzy7uyP/8p\n",
            "public_key_pem": "-----BEGIN PUBLIC KEY-----\nMIIBIjANBgkqhkiG9w0BAQEFAAOCAQ8AMIIBCgKCAQEA3drp2tPVcGwog9hVszDP\nNMINnDmLYHDEYtt+j3S9z1eVvP5ZND3/oB8mae9pQotKp5myGsp+5Lvq1nRX7EWC\n/ou1U+JpWOpNbKqxaLJCR5Tken85VDEAOhgAG8tLQEvbQgEpG/vQ+xWgRCaemMLP\n6UknNqpuNruPpZq3fA3yq5Nfc0cRrANTxG5zeVrOsSwNi2UUa+HMGIb4TEsvXLIk\nl//Gf2mt/wTp9x3Md5TCmfAdMnu1hKsqbPdP8a0ermp+CT9cpOjsHxdux9yQl4St\nuehDxMeiuGLiqrXQgsy8nLBf1e4iiWNnf/mF0pME750YE8ipFcGc065Tc8u7sj//\nKQIDAQAB\n-----END PUBLIC KEY-----\n",
            "rsa_bits": 2048
          },
          "sensitive_attributes": [
            [
              {
                "type": "get_attr",
                "value": "private_key_openssh"
              }
            ],
            [
              {
                "type": "get_attr",
                "value": "private_key_pem"
              }
            ],
            [
              {
                "type": "get_attr",
                "value": "private_key_pem_pkcs8"
              }
            ]
          ],
          "identity_schema_version": 0
        }
      ]
    }
  ],
  "check_results": null
}
