{
  "version": 4,
  "terraform_version": "1.15.5",
  "serial": 1189,
  "lineage": "aad5c138-8ad5-29a0-5d8c-1785dc8dd7d7",
  "outputs": {
    "account_alb_dns": {
      "value": "internal-account-alb-1111426247.ap-southeast-1.elb.amazonaws.com",
      "type": "string"
    },
    "account_private_ips": {
      "value": [
        "172.16.2.32",
        "172.16.3.25"
      ],
      "type": [
        "tuple",
        [
          "string",
          "string"
        ]
      ]
    },
    "bastion_public_ip": {
      "value": "54.169.242.86",
      "type": "string"
    },
    "customer_profile_alb_dns": {
      "value": "customer-profile-alb-2069358267.ap-southeast-1.elb.amazonaws.com",
      "type": "string"
    },
    "customer_profile_private_ips": {
      "value": [
        "10.0.2.83",
        "10.0.3.86"
      ],
      "type": [
        "tuple",
        [
          "string",
          "string"
        ]
      ]
    },
    "customer_profile_url": {
      "value": "http://customer-profile-alb-2069358267.ap-southeast-1.elb.amazonaws.com",
      "type": "string"
    },
    "generated_key_path": {
      "value": "fake-service-app.pem",
      "type": "string"
    },
    "statement_alb_dns": {
      "value": "internal-statement-alb-307482577.ap-southeast-1.elb.amazonaws.com",
      "type": "string"
    },
    "statement_private_ips": {
      "value": [
        "192.168.2.202",
        "192.168.3.16"
      ],
      "type": [
        "tuple",
        [
          "string",
          "string"
        ]
      ]
    },
    "used_key_name": {
      "value": "fake-service-app-ssh-key",
      "type": "string"
    }
  },
  "resources": [
    {
      "mode": "data",
      "type": "aws_ami",
      "name": "ubuntu",
      "provider": "provider[\"registry.terraform.io/hashicorp/aws\"]",
      "instances": [
        {
          "schema_version": 0,
          "attributes": {
            "allow_unsafe_filter": null,
            "architecture": "x86_64",
            "arn": "arn:aws:ec2:ap-southeast-1::image/ami-03acbba64aef9bf5c",
            "block_device_mappings": [
              {
                "device_name": "/dev/sda1",
                "ebs": {
                  "delete_on_termination": "true",
                  "encrypted": "false",
                  "iops": "0",
                  "snapshot_id": "snap-035d3d988f229c09d",
                  "throughput": "0",
                  "volume_initialization_rate": "0",
                  "volume_size": "8",
                  "volume_type": "gp3"
                },
                "no_device": "",
                "virtual_name": ""
              },
              {
                "device_name": "/dev/sdb",
                "ebs": {},
                "no_device": "",
                "virtual_name": "ephemeral0"
              },
              {
                "device_name": "/dev/sdc",
                "ebs": {},
                "no_device": "",
                "virtual_name": "ephemeral1"
              }
            ],
            "boot_mode": "uefi-preferred",
            "creation_date": "2026-06-10T10:55:05.000Z",
            "deprecation_time": "2028-06-10T10:55:05.000Z",
            "description": "Canonical, Ubuntu, 24.04, amd64 noble image",
            "ena_support": true,
            "executable_users": null,
            "filter": [
              {
                "name": "name",
                "values": [
                  "ubuntu/images/hvm-ssd-gp3/ubuntu-noble-24.04-amd64-server-*"
                ]
              },
              {
                "name": "virtualization-type",
                "values": [
                  "hvm"
                ]
              }
            ],
            "hypervisor": "xen",
            "id": "ami-03acbba64aef9bf5c",
            "image_id": "ami-03acbba64aef9bf5c",
            "image_location": "amazon/ubuntu/images/hvm-ssd-gp3/ubuntu-noble-24.04-amd64-server-20260610",
            "image_owner_alias": "amazon",
            "image_type": "machine",
            "imds_support": "v2.0",
            "include_deprecated": false,
            "kernel_id": "",
            "last_launched_time": "",
            "most_recent": true,
            "name": "ubuntu/images/hvm-ssd-gp3/ubuntu-noble-24.04-amd64-server-20260610",
            "name_regex": null,
            "owner_id": "099720109477",
            "owners": [
              "099720109477"
            ],
            "platform": "",
            "platform_details": "Linux/UNIX",
            "product_codes": [],
            "public": true,
            "ramdisk_id": "",
            "region": "ap-southeast-1",
            "root_device_name": "/dev/sda1",
            "root_device_type": "ebs",
            "root_snapshot_id": "snap-035d3d988f229c09d",
            "sriov_net_support": "simple",
            "state": "available",
            "state_reason": {
              "code": "UNSET",
              "message": "UNSET"
            },
            "tags": {},
            "timeouts": null,
            "tpm_support": "",
            "uefi_data": null,
            "usage_operation": "RunInstances",
            "virtualization_type": "hvm"
          },
          "sensitive_attributes": [],
          "identity_schema_version": 0
        }
      ]
    },
    {
      "mode": "managed",
      "type": "aws_eip",
      "name": "account_nat",
      "provider": "provider[\"registry.terraform.io/hashicorp/aws\"]",
      "instances": [
        {
          "schema_version": 0,
          "attributes": {
            "address": null,
            "allocation_id": "eipalloc-0448ba34286cb0b19",
            "arn": "arn:aws:ec2:ap-southeast-1:810421502375:elastic-ip/eipalloc-0448ba34286cb0b19",
            "associate_with_private_ip": null,
            "association_id": "",
            "carrier_ip": "",
            "customer_owned_ip": "",
            "customer_owned_ipv4_pool": "",
            "domain": "vpc",
            "id": "eipalloc-0448ba34286cb0b19",
            "instance": "",
            "ipam_pool_id": "",
            "network_border_group": "ap-southeast-1",
            "network_interface": "",
            "private_dns": "",
            "private_ip": "",
            "ptr_record": "",
            "public_dns": "ec2-52-76-63-156.ap-southeast-1.compute.amazonaws.com",
            "public_ip": "52.76.63.156",
            "public_ipv4_pool": "amazon",
            "region": "ap-southeast-1",
            "tags": null,
            "tags_all": {},
            "timeouts": null
          },
          "sensitive_attributes": [],
          "identity_schema_version": 0,
          "identity": {
            "account_id": "810421502375",
            "id": "eipalloc-0448ba34286cb0b19",
            "region": "ap-southeast-1"
          },
          "private": "eyJlMmJmYjczMC1lY2FhLTExZTYtOGY4OC0zNDM2M2JjN2M0YzAiOnsiZGVsZXRlIjoxODAwMDAwMDAwMDAsInJlYWQiOjkwMDAwMDAwMDAwMCwidXBkYXRlIjozMDAwMDAwMDAwMDB9fQ=="
        }
      ]
    },
    {
      "mode": "managed",
      "type": "aws_eip",
      "name": "customer_nat",
      "provider": "provider[\"registry.terraform.io/hashicorp/aws\"]",
      "instances": [
        {
          "schema_version": 0,
          "attributes": {
            "address": null,
            "allocation_id": "eipalloc-07ff4cfb6c9be8842",
            "arn": "arn:aws:ec2:ap-southeast-1:810421502375:elastic-ip/eipalloc-07ff4cfb6c9be8842",
            "associate_with_private_ip": null,
            "association_id": "",
            "carrier_ip": "",
            "customer_owned_ip": "",
            "customer_owned_ipv4_pool": "",
            "domain": "vpc",
            "id": "eipalloc-07ff4cfb6c9be8842",
            "instance": "",
            "ipam_pool_id": "",
            "network_border_group": "ap-southeast-1",
            "network_interface": "",
            "private_dns": "",
            "private_ip": "",
            "ptr_record": "",
            "public_dns": "ec2-52-220-115-27.ap-southeast-1.compute.amazonaws.com",
            "public_ip": "52.220.115.27",
            "public_ipv4_pool": "amazon",
            "region": "ap-southeast-1",
            "tags": null,
            "tags_all": {},
            "timeouts": null
          },
          "sensitive_attributes": [],
          "identity_schema_version": 0,
          "identity": {
            "account_id": "810421502375",
            "id": "eipalloc-07ff4cfb6c9be8842",
            "region": "ap-southeast-1"
          },
          "private": "eyJlMmJmYjczMC1lY2FhLTExZTYtOGY4OC0zNDM2M2JjN2M0YzAiOnsiZGVsZXRlIjoxODAwMDAwMDAwMDAsInJlYWQiOjkwMDAwMDAwMDAwMCwidXBkYXRlIjozMDAwMDAwMDAwMDB9fQ=="
        }
      ]
    },
    {
      "mode": "managed",
      "type": "aws_eip",
      "name": "statement_nat",
      "provider": "provider[\"registry.terraform.io/hashicorp/aws\"]",
      "instances": [
        {
          "schema_version": 0,
          "attributes": {
            "address": null,
            "allocation_id": "eipalloc-04e5f3982dc1ef584",
            "arn": "arn:aws:ec2:ap-southeast-1:810421502375:elastic-ip/eipalloc-04e5f3982dc1ef584",
            "associate_with_private_ip": null,
            "association_id": "",
            "carrier_ip": "",
            "customer_owned_ip": "",
            "customer_owned_ipv4_pool": "",
            "domain": "vpc",
            "id": "eipalloc-04e5f3982dc1ef584",
            "instance": "",
            "ipam_pool_id": "",
            "network_border_group": "ap-southeast-1",
            "network_interface": "",
            "private_dns": "",
            "private_ip": "",
            "ptr_record": "",
            "public_dns": "ec2-3-1-125-218.ap-southeast-1.compute.amazonaws.com",
            "public_ip": "3.1.125.218",
            "public_ipv4_pool": "amazon",
            "region": "ap-southeast-1",
            "tags": null,
            "tags_all": {},
            "timeouts": null
          },
          "sensitive_attributes": [],
          "identity_schema_version": 0,
          "identity": {
            "account_id": "810421502375",
            "id": "eipalloc-04e5f3982dc1ef584",
            "region": "ap-southeast-1"
          },
          "private": "eyJlMmJmYjczMC1lY2FhLTExZTYtOGY4OC0zNDM2M2JjN2M0YzAiOnsiZGVsZXRlIjoxODAwMDAwMDAwMDAsInJlYWQiOjkwMDAwMDAwMDAwMCwidXBkYXRlIjozMDAwMDAwMDAwMDB9fQ=="
        }
      ]
    },
    {
      "mode": "managed",
      "type": "aws_instance",
      "name": "account_app_a",
      "provider": "provider[\"registry.terraform.io/hashicorp/aws\"]",
      "instances": [
        {
          "schema_version": 2,
          "attributes": {
            "ami": "ami-03acbba64aef9bf5c",
            "arn": "arn:aws:ec2:ap-southeast-1:810421502375:instance/i-02d6e6b4375e49397",
            "associate_public_ip_address": false,
            "availability_zone": "ap-southeast-1a",
            "capacity_reservation_specification": [
              {
                "capacity_reservation_preference": "open",
                "capacity_reservation_target": []
              }
            ],
            "cpu_options": [
              {
                "amd_sev_snp": "",
                "core_count": 1,
                "nested_virtualization": "",
                "threads_per_core": 2
              }
            ],
            "credit_specification": [
              {
                "cpu_credits": "unlimited"
              }
            ],
            "disable_api_stop": false,
            "disable_api_termination": false,
            "ebs_block_device": [],
            "ebs_optimized": false,
            "enable_primary_ipv6": null,
            "enclave_options": [
              {
                "enabled": false
              }
            ],
            "ephemeral_block_device": [],
            "force_destroy": false,
            "get_password_data": false,
            "hibernation": false,
            "host_id": "",
            "host_resource_group_arn": null,
            "iam_instance_profile": "",
            "id": "i-02d6e6b4375e49397",
            "instance_initiated_shutdown_behavior": "stop",
            "instance_lifecycle": "",
            "instance_market_options": [],
            "instance_state": "running",
            "instance_type": "t3.micro",
            "ipv6_address_count": 0,
            "ipv6_addresses": [],
            "key_name": "fake-service-app-ssh-key",
            "launch_template": [],
            "maintenance_options": [
              {
                "auto_recovery": "default"
              }
            ],
            "metadata_options": [
              {
                "http_endpoint": "enabled",
                "http_protocol_ipv6": "disabled",
                "http_put_response_hop_limit": 2,
                "http_tokens": "required",
                "instance_metadata_tags": "disabled"
              }
            ],
            "monitoring": false,
            "network_interface": [],
            "outpost_arn": "",
            "password_data": "",
            "placement_group": "",
            "placement_group_id": "",
            "placement_partition_number": 0,
            "primary_network_interface": [
              {
                "delete_on_termination": true,
                "network_interface_id": "eni-081ad04138c039f2a"
              }
            ],
            "primary_network_interface_id": "eni-081ad04138c039f2a",
            "private_dns": "ip-172-16-2-32.ap-southeast-1.compute.internal",
            "private_dns_name_options": [
              {
                "enable_resource_name_dns_a_record": false,
                "enable_resource_name_dns_aaaa_record": false,
                "hostname_type": "ip-name"
              }
            ],
            "private_ip": "172.16.2.32",
            "public_dns": "",
            "public_ip": "",
            "region": "ap-southeast-1",
            "root_block_device": [
              {
                "delete_on_termination": true,
                "device_name": "/dev/sda1",
                "encrypted": false,
                "iops": 3000,
                "kms_key_id": "",
                "tags": {},
                "tags_all": {},
                "throughput": 125,
                "volume_id": "vol-090f3b96afd901a19",
                "volume_size": 8,
                "volume_type": "gp3"
              }
            ],
            "secondary_network_interface": [],
            "secondary_private_ips": [],
            "security_groups": [],
            "source_dest_check": true,
            "spot_instance_request_id": "",
            "subnet_id": "subnet-0bd32746e67f0fa25",
            "tags": {
              "Name": "account-app-a"
            },
            "tags_all": {
              "Name": "account-app-a"
            },
            "tenancy": "default",
            "timeouts": null,
            "user_data": "#!/bin/bash\nset -xe\n\nsudo apt-get update -y\nsudo apt-get install -y unzip curl\n\ncurl -L https://github.com/nicholasjackson/fake-service/releases/download/v0.26.2/fake_service_linux_amd64.zip -o /tmp/service.zip\nunzip -o /tmp/service.zip -d /tmp/\nsudo mv /tmp/fake-service /usr/local/bin/account-service\nsudo chmod 755 /usr/local/bin/account-service\n\ncat \u003e /etc/systemd/system/account-api.service \u003c\u003cEOF\n[Unit]\nDescription=Account API Service\nAfter=network.target\n\n[Service]\nType=simple\nUser=ubuntu\nEnvironment=\"LISTEN_ADDR=0.0.0.0:8081\"\nEnvironment=\"UPSTREAM_URIS=http://internal-statement-alb-307482577.ap-southeast-1.elb.amazonaws.com\"\nEnvironment=\"MESSAGE=HelloCloud Bank | Retail-Banking | Account-service\"\nEnvironment=\"NAME=account\"\nExecStart=/usr/local/bin/account-service\nRestart=always\n\n[Install]\nWantedBy=multi-user.target\nEOF\n\nsudo systemctl daemon-reload\nsudo systemctl enable account-api.service\nsudo systemctl restart account-api.service",
            "user_data_base64": null,
            "user_data_replace_on_change": false,
            "volume_tags": null,
            "vpc_security_group_ids": [
              "sg-019b0283f89f275fd"
            ]
          },
          "sensitive_attributes": [],
          "identity_schema_version": 0,
          "identity": {
            "account_id": "810421502375",
            "id": "i-02d6e6b4375e49397",
            "region": "ap-southeast-1"
          },
          "private": "eyJlMmJmYjczMC1lY2FhLTExZTYtOGY4OC0zNDM2M2JjN2M0YzAiOnsiY3JlYXRlIjo2MDAwMDAwMDAwMDAsImRlbGV0ZSI6MTIwMDAwMDAwMDAwMCwicmVhZCI6OTAwMDAwMDAwMDAwLCJ1cGRhdGUiOjYwMDAwMDAwMDAwMH0sInNjaGVtYV92ZXJzaW9uIjoiMiJ9",
          "dependencies": [
            "aws_instance.statement_app_a",
            "aws_instance.statement_app_b",
            "aws_key_pair.fake_service_app",
            "aws_lb.statement",
            "aws_security_group.account_alb",
            "aws_security_group.account_ec2",
            "aws_security_group.statement_alb",
            "aws_security_group.statement_ec2",
            "aws_subnet.account_private_a",
            "aws_subnet.statement_private_a",
            "aws_subnet.statement_private_b",
            "aws_vpc.account",
            "aws_vpc.statement",
            "data.aws_ami.ubuntu",
            "tls_private_key.fake_service_app"
          ]
        }
      ]
    },
    {
      "mode": "managed",
      "type": "aws_instance",
      "name": "account_app_b",
      "provider": "provider[\"registry.terraform.io/hashicorp/aws\"]",
      "instances": [
        {
          "schema_version": 2,
          "attributes": {
            "ami": "ami-03acbba64aef9bf5c",
            "arn": "arn:aws:ec2:ap-southeast-1:810421502375:instance/i-0e57cbc42da5f8760",
            "associate_public_ip_address": false,
            "availability_zone": "ap-southeast-1b",
            "capacity_reservation_specification": [
              {
                "capacity_reservation_preference": "open",
                "capacity_reservation_target": []
              }
            ],
            "cpu_options": [
              {
                "amd_sev_snp": "",
                "core_count": 1,
                "nested_virtualization": "",
                "threads_per_core": 2
              }
            ],
            "credit_specification": [
              {
                "cpu_credits": "unlimited"
              }
            ],
            "disable_api_stop": false,
            "disable_api_termination": false,
            "ebs_block_device": [],
            "ebs_optimized": false,
            "enable_primary_ipv6": null,
            "enclave_options": [
              {
                "enabled": false
              }
            ],
            "ephemeral_block_device": [],
            "force_destroy": false,
            "get_password_data": false,
            "hibernation": false,
            "host_id": "",
            "host_resource_group_arn": null,
            "iam_instance_profile": "",
            "id": "i-0e57cbc42da5f8760",
            "instance_initiated_shutdown_behavior": "stop",
            "instance_lifecycle": "",
            "instance_market_options": [],
            "instance_state": "running",
            "instance_type": "t3.micro",
            "ipv6_address_count": 0,
            "ipv6_addresses": [],
            "key_name": "fake-service-app-ssh-key",
            "launch_template": [],
            "maintenance_options": [
              {
                "auto_recovery": "default"
              }
            ],
            "metadata_options": [
              {
                "http_endpoint": "enabled",
                "http_protocol_ipv6": "disabled",
                "http_put_response_hop_limit": 2,
                "http_tokens": "required",
                "instance_metadata_tags": "disabled"
              }
            ],
            "monitoring": false,
            "network_interface": [],
            "outpost_arn": "",
            "password_data": "",
            "placement_group": "",
            "placement_group_id": "",
            "placement_partition_number": 0,
            "primary_network_interface": [
              {
                "delete_on_termination": true,
                "network_interface_id": "eni-0aacd06f1a47945ba"
              }
            ],
            "primary_network_interface_id": "eni-0aacd06f1a47945ba",
            "private_dns": "ip-172-16-3-25.ap-southeast-1.compute.internal",
            "private_dns_name_options": [
              {
                "enable_resource_name_dns_a_record": false,
                "enable_resource_name_dns_aaaa_record": false,
                "hostname_type": "ip-name"
              }
            ],
            "private_ip": "172.16.3.25",
            "public_dns": "",
            "public_ip": "",
            "region": "ap-southeast-1",
            "root_block_device": [
              {
                "delete_on_termination": true,
                "device_name": "/dev/sda1",
                "encrypted": false,
                "iops": 3000,
                "kms_key_id": "",
                "tags": {},
                "tags_all": {},
                "throughput": 125,
                "volume_id": "vol-08c73864fe15ea9a3",
                "volume_size": 8,
                "volume_type": "gp3"
              }
            ],
            "secondary_network_interface": [],
            "secondary_private_ips": [],
            "security_groups": [],
            "source_dest_check": true,
            "spot_instance_request_id": "",
            "subnet_id": "subnet-04eceb27106b1349d",
            "tags": {
              "Name": "account-app-b"
            },
            "tags_all": {
              "Name": "account-app-b"
            },
            "tenancy": "default",
            "timeouts": null,
            "user_data": "#!/bin/bash\nset -xe\n\nsudo apt-get update -y\nsudo apt-get install -y unzip curl\n\ncurl -L https://github.com/nicholasjackson/fake-service/releases/download/v0.26.2/fake_service_linux_amd64.zip -o /tmp/service.zip\nunzip -o /tmp/service.zip -d /tmp/\nsudo mv /tmp/fake-service /usr/local/bin/account-service\nsudo chmod 755 /usr/local/bin/account-service\n\ncat \u003e /etc/systemd/system/account-api.service \u003c\u003cEOF\n[Unit]\nDescription=Account API Service\nAfter=network.target\n\n[Service]\nType=simple\nUser=ubuntu\nEnvironment=\"LISTEN_ADDR=0.0.0.0:8081\"\nEnvironment=\"UPSTREAM_URIS=http://internal-statement-alb-307482577.ap-southeast-1.elb.amazonaws.com\"\nEnvironment=\"MESSAGE=HelloCloud Bank | Retail-Banking | Account-service\"\nEnvironment=\"NAME=account\"\nExecStart=/usr/local/bin/account-service\nRestart=always\n\n[Install]\nWantedBy=multi-user.target\nEOF\n\nsudo systemctl daemon-reload\nsudo systemctl enable account-api.service\nsudo systemctl restart account-api.service",
            "user_data_base64": null,
            "user_data_replace_on_change": false,
            "volume_tags": null,
            "vpc_security_group_ids": [
              "sg-019b0283f89f275fd"
            ]
          },
          "sensitive_attributes": [],
          "identity_schema_version": 0,
          "identity": {
            "account_id": "810421502375",
            "id": "i-0e57cbc42da5f8760",
            "region": "ap-southeast-1"
          },
          "private": "eyJlMmJmYjczMC1lY2FhLTExZTYtOGY4OC0zNDM2M2JjN2M0YzAiOnsiY3JlYXRlIjo2MDAwMDAwMDAwMDAsImRlbGV0ZSI6MTIwMDAwMDAwMDAwMCwicmVhZCI6OTAwMDAwMDAwMDAwLCJ1cGRhdGUiOjYwMDAwMDAwMDAwMH0sInNjaGVtYV92ZXJzaW9uIjoiMiJ9",
          "dependencies": [
            "aws_instance.statement_app_a",
            "aws_instance.statement_app_b",
            "aws_key_pair.fake_service_app",
            "aws_lb.statement",
            "aws_security_group.account_alb",
            "aws_security_group.account_ec2",
            "aws_security_group.statement_alb",
            "aws_security_group.statement_ec2",
            "aws_subnet.account_private_b",
            "aws_subnet.statement_private_a",
            "aws_subnet.statement_private_b",
            "aws_vpc.account",
            "aws_vpc.statement",
            "data.aws_ami.ubuntu",
            "tls_private_key.fake_service_app"
          ]
        }
      ]
    },
    {
      "mode": "managed",
      "type": "aws_instance",
      "name": "bastion",
      "provider": "provider[\"registry.terraform.io/hashicorp/aws\"]",
      "instances": [
        {
          "schema_version": 2,
          "attributes": {
            "ami": "ami-03acbba64aef9bf5c",
            "arn": "arn:aws:ec2:ap-southeast-1:810421502375:instance/i-04f5bf1a488dd77ab",
            "associate_public_ip_address": true,
            "availability_zone": "ap-southeast-1a",
            "capacity_reservation_specification": [
              {
                "capacity_reservation_preference": "open",
                "capacity_reservation_target": []
              }
            ],
            "cpu_options": [
              {
                "amd_sev_snp": "",
                "core_count": 1,
                "nested_virtualization": "",
                "threads_per_core": 2
              }
            ],
            "credit_specification": [
              {
                "cpu_credits": "unlimited"
              }
            ],
            "disable_api_stop": false,
            "disable_api_termination": false,
            "ebs_block_device": [],
            "ebs_optimized": false,
            "enable_primary_ipv6": null,
            "enclave_options": [
              {
                "enabled": false
              }
            ],
            "ephemeral_block_device": [],
            "force_destroy": false,
            "get_password_data": false,
            "hibernation": false,
            "host_id": "",
            "host_resource_group_arn": null,
            "iam_instance_profile": "",
            "id": "i-04f5bf1a488dd77ab",
            "instance_initiated_shutdown_behavior": "stop",
            "instance_lifecycle": "",
            "instance_market_options": [],
            "instance_state": "running",
            "instance_type": "t3.micro",
            "ipv6_address_count": 0,
            "ipv6_addresses": [],
            "key_name": "fake-service-app-ssh-key",
            "launch_template": [],
            "maintenance_options": [
              {
                "auto_recovery": "default"
              }
            ],
            "metadata_options": [
              {
                "http_endpoint": "enabled",
                "http_protocol_ipv6": "disabled",
                "http_put_response_hop_limit": 2,
                "http_tokens": "required",
                "instance_metadata_tags": "disabled"
              }
            ],
            "monitoring": false,
            "network_interface": [],
            "outpost_arn": "",
            "password_data": "",
            "placement_group": "",
            "placement_group_id": "",
            "placement_partition_number": 0,
            "primary_network_interface": [
              {
                "delete_on_termination": true,
                "network_interface_id": "eni-02a6c4ac549e1b4b6"
              }
            ],
            "primary_network_interface_id": "eni-02a6c4ac549e1b4b6",
            "private_dns": "ip-10-0-1-101.ap-southeast-1.compute.internal",
            "private_dns_name_options": [
              {
                "enable_resource_name_dns_a_record": false,
                "enable_resource_name_dns_aaaa_record": false,
                "hostname_type": "ip-name"
              }
            ],
            "private_ip": "10.0.1.101",
            "public_dns": "ec2-54-169-242-86.ap-southeast-1.compute.amazonaws.com",
            "public_ip": "54.169.242.86",
            "region": "ap-southeast-1",
            "root_block_device": [
              {
                "delete_on_termination": true,
                "device_name": "/dev/sda1",
                "encrypted": false,
                "iops": 3000,
                "kms_key_id": "",
                "tags": {},
                "tags_all": {},
                "throughput": 125,
                "volume_id": "vol-04599e0cca1296563",
                "volume_size": 8,
                "volume_type": "gp3"
              }
            ],
            "secondary_network_interface": [],
            "secondary_private_ips": [],
            "security_groups": [],
            "source_dest_check": true,
            "spot_instance_request_id": "",
            "subnet_id": "subnet-09cf2c69cd87bad18",
            "tags": {
              "Name": "bastion"
            },
            "tags_all": {
              "Name": "bastion"
            },
            "tenancy": "default",
            "timeouts": null,
            "user_data": null,
            "user_data_base64": null,
            "user_data_replace_on_change": false,
            "volume_tags": null,
            "vpc_security_group_ids": [
              "sg-055cc92889ef86d0e"
            ]
          },
          "sensitive_attributes": [],
          "identity_schema_version": 0,
          "identity": {
            "account_id": "810421502375",
            "id": "i-04f5bf1a488dd77ab",
            "region": "ap-southeast-1"
          },
          "private": "eyJlMmJmYjczMC1lY2FhLTExZTYtOGY4OC0zNDM2M2JjN2M0YzAiOnsiY3JlYXRlIjo2MDAwMDAwMDAwMDAsImRlbGV0ZSI6MTIwMDAwMDAwMDAwMCwicmVhZCI6OTAwMDAwMDAwMDAwLCJ1cGRhdGUiOjYwMDAwMDAwMDAwMH0sInNjaGVtYV92ZXJzaW9uIjoiMiJ9",
          "dependencies": [
            "aws_key_pair.fake_service_app",
            "aws_security_group.bastion",
            "aws_subnet.customer_public_a",
            "aws_vpc.customer-profile",
            "data.aws_ami.ubuntu",
            "local_file.private_key",
            "tls_private_key.fake_service_app"
          ]
        }
      ]
    },
    {
      "mode": "managed",
      "type": "aws_instance",
      "name": "customer_profile_app_a",
      "provider": "provider[\"registry.terraform.io/hashicorp/aws\"]",
      "instances": [
        {
          "schema_version": 2,
          "attributes": {
            "ami": "ami-03acbba64aef9bf5c",
            "arn": "arn:aws:ec2:ap-southeast-1:810421502375:instance/i-056d6a517f51f50ec",
            "associate_public_ip_address": false,
            "availability_zone": "ap-southeast-1a",
            "capacity_reservation_specification": [
              {
                "capacity_reservation_preference": "open",
                "capacity_reservation_target": []
              }
            ],
            "cpu_options": [
              {
                "amd_sev_snp": "",
                "core_count": 1,
                "nested_virtualization": "",
                "threads_per_core": 2
              }
            ],
            "credit_specification": [
              {
                "cpu_credits": "unlimited"
              }
            ],
            "disable_api_stop": false,
            "disable_api_termination": false,
            "ebs_block_device": [],
            "ebs_optimized": false,
            "enable_primary_ipv6": null,
            "enclave_options": [
              {
                "enabled": false
              }
            ],
            "ephemeral_block_device": [],
            "force_destroy": false,
            "get_password_data": false,
            "hibernation": false,
            "host_id": "",
            "host_resource_group_arn": null,
            "iam_instance_profile": "",
            "id": "i-056d6a517f51f50ec",
            "instance_initiated_shutdown_behavior": "stop",
            "instance_lifecycle": "",
            "instance_market_options": [],
            "instance_state": "running",
            "instance_type": "t3.micro",
            "ipv6_address_count": 0,
            "ipv6_addresses": [],
            "key_name": "fake-service-app-ssh-key",
            "launch_template": [],
            "maintenance_options": [
              {
                "auto_recovery": "default"
              }
            ],
            "metadata_options": [
              {
                "http_endpoint": "enabled",
                "http_protocol_ipv6": "disabled",
                "http_put_response_hop_limit": 2,
                "http_tokens": "required",
                "instance_metadata_tags": "disabled"
              }
            ],
            "monitoring": false,
            "network_interface": [],
            "outpost_arn": "",
            "password_data": "",
            "placement_group": "",
            "placement_group_id": "",
            "placement_partition_number": 0,
            "primary_network_interface": [
              {
                "delete_on_termination": true,
                "network_interface_id": "eni-017b5666fbb010eca"
              }
            ],
            "primary_network_interface_id": "eni-017b5666fbb010eca",
            "private_dns": "ip-10-0-2-83.ap-southeast-1.compute.internal",
            "private_dns_name_options": [
              {
                "enable_resource_name_dns_a_record": false,
                "enable_resource_name_dns_aaaa_record": false,
                "hostname_type": "ip-name"
              }
            ],
            "private_ip": "10.0.2.83",
            "public_dns": "",
            "public_ip": "",
            "region": "ap-southeast-1",
            "root_block_device": [
              {
                "delete_on_termination": true,
                "device_name": "/dev/sda1",
                "encrypted": false,
                "iops": 3000,
                "kms_key_id": "",
                "tags": {},
                "tags_all": {},
                "throughput": 125,
                "volume_id": "vol-09760ef6f11ee70e1",
                "volume_size": 8,
                "volume_type": "gp3"
              }
            ],
            "secondary_network_interface": [],
            "secondary_private_ips": [],
            "security_groups": [],
            "source_dest_check": true,
            "spot_instance_request_id": "",
            "subnet_id": "subnet-0cb41861ddf960b46",
            "tags": {
              "Name": "customer-profile-app-a"
            },
            "tags_all": {
              "Name": "customer-profile-app-a"
            },
            "tenancy": "default",
            "timeouts": null,
            "user_data": "#!/bin/bash\nset -xe\n\nsudo apt-get update -y\nsudo apt-get install -y unzip curl\n\ncurl -L https://github.com/nicholasjackson/fake-service/releases/download/v0.26.2/fake_service_linux_amd64.zip -o /tmp/service.zip\nunzip -o /tmp/service.zip -d /tmp/\nsudo mv /tmp/fake-service /usr/local/bin/customer-profile-service\nsudo chmod 755 /usr/local/bin/customer-profile-service\n\ncat \u003e /etc/systemd/system/customer-profile-api.service \u003c\u003cEOF\n[Unit]\nDescription=Customer Profile API Service\nAfter=network.target\n\n[Service]\nType=simple\nUser=ubuntu\nEnvironment=\"LISTEN_ADDR=0.0.0.0:8080\"\nEnvironment=\"UPSTREAM_URIS=http://internal-account-alb-1111426247.ap-southeast-1.elb.amazonaws.com\"\nEnvironment=\"MESSAGE=HelloCloud Bank | Retail-Banking | Customer-profile-service\"\nEnvironment=\"NAME=customer-profile\"\nExecStart=/usr/local/bin/customer-profile-service\nRestart=always\n\n[Install]\nWantedBy=multi-user.target\nEOF\n\nsudo systemctl daemon-reload\nsudo systemctl enable customer-profile-api.service\nsudo systemctl restart customer-profile-api.service",
            "user_data_base64": null,
            "user_data_replace_on_change": false,
            "volume_tags": null,
            "vpc_security_group_ids": [
              "sg-0a3b34b8fba4f525b"
            ]
          },
          "sensitive_attributes": [],
          "identity_schema_version": 0,
          "identity": {
            "account_id": "810421502375",
            "id": "i-056d6a517f51f50ec",
            "region": "ap-southeast-1"
          },
          "private": "eyJlMmJmYjczMC1lY2FhLTExZTYtOGY4OC0zNDM2M2JjN2M0YzAiOnsiY3JlYXRlIjo2MDAwMDAwMDAwMDAsImRlbGV0ZSI6MTIwMDAwMDAwMDAwMCwicmVhZCI6OTAwMDAwMDAwMDAwLCJ1cGRhdGUiOjYwMDAwMDAwMDAwMH0sInNjaGVtYV92ZXJzaW9uIjoiMiJ9",
          "dependencies": [
            "aws_instance.account_app_a",
            "aws_instance.account_app_b",
            "aws_instance.statement_app_a",
            "aws_instance.statement_app_b",
            "aws_key_pair.fake_service_app",
            "aws_lb.account",
            "aws_lb.statement",
            "aws_security_group.account_alb",
            "aws_security_group.account_ec2",
            "aws_security_group.bastion",
            "aws_security_group.customer_profile_alb",
            "aws_security_group.customer_profile_ec2",
            "aws_security_group.statement_alb",
            "aws_security_group.statement_ec2",
            "aws_subnet.account_private_a",
            "aws_subnet.account_private_b",
            "aws_subnet.customer_private_a",
            "aws_subnet.statement_private_a",
            "aws_subnet.statement_private_b",
            "aws_vpc.account",
            "aws_vpc.customer-profile",
            "aws_vpc.statement",
            "data.aws_ami.ubuntu",
            "tls_private_key.fake_service_app"
          ]
        }
      ]
    },
    {
      "mode": "managed",
      "type": "aws_instance",
      "name": "customer_profile_app_b",
      "provider": "provider[\"registry.terraform.io/hashicorp/aws\"]",
      "instances": [
        {
          "schema_version": 2,
          "attributes": {
            "ami": "ami-03acbba64aef9bf5c",
            "arn": "arn:aws:ec2:ap-southeast-1:810421502375:instance/i-0a00396ac47b05f78",
            "associate_public_ip_address": false,
            "availability_zone": "ap-southeast-1b",
            "capacity_reservation_specification": [
              {
                "capacity_reservation_preference": "open",
                "capacity_reservation_target": []
              }
            ],
            "cpu_options": [
              {
                "amd_sev_snp": "",
                "core_count": 1,
                "nested_virtualization": "",
                "threads_per_core": 2
              }
            ],
            "credit_specification": [
              {
                "cpu_credits": "unlimited"
              }
            ],
            "disable_api_stop": false,
            "disable_api_termination": false,
            "ebs_block_device": [],
            "ebs_optimized": false,
            "enable_primary_ipv6": null,
            "enclave_options": [
              {
                "enabled": false
              }
            ],
            "ephemeral_block_device": [],
            "force_destroy": false,
            "get_password_data": false,
            "hibernation": false,
            "host_id": "",
            "host_resource_group_arn": null,
            "iam_instance_profile": "",
            "id": "i-0a00396ac47b05f78",
            "instance_initiated_shutdown_behavior": "stop",
            "instance_lifecycle": "",
            "instance_market_options": [],
            "instance_state": "running",
            "instance_type": "t3.micro",
            "ipv6_address_count": 0,
            "ipv6_addresses": [],
            "key_name": "fake-service-app-ssh-key",
            "launch_template": [],
            "maintenance_options": [
              {
                "auto_recovery": "default"
              }
            ],
            "metadata_options": [
              {
                "http_endpoint": "enabled",
                "http_protocol_ipv6": "disabled",
                "http_put_response_hop_limit": 2,
                "http_tokens": "required",
                "instance_metadata_tags": "disabled"
              }
            ],
            "monitoring": false,
            "network_interface": [],
            "outpost_arn": "",
            "password_data": "",
            "placement_group": "",
            "placement_group_id": "",
            "placement_partition_number": 0,
            "primary_network_interface": [
              {
                "delete_on_termination": true,
                "network_interface_id": "eni-0c9f0c72991178989"
              }
            ],
            "primary_network_interface_id": "eni-0c9f0c72991178989",
            "private_dns": "ip-10-0-3-86.ap-southeast-1.compute.internal",
            "private_dns_name_options": [
              {
                "enable_resource_name_dns_a_record": false,
                "enable_resource_name_dns_aaaa_record": false,
                "hostname_type": "ip-name"
              }
            ],
            "private_ip": "10.0.3.86",
            "public_dns": "",
            "public_ip": "",
            "region": "ap-southeast-1",
            "root_block_device": [
              {
                "delete_on_termination": true,
                "device_name": "/dev/sda1",
                "encrypted": false,
                "iops": 3000,
                "kms_key_id": "",
                "tags": {},
                "tags_all": {},
                "throughput": 125,
                "volume_id": "vol-0f27cc9520641b0ba",
                "volume_size": 8,
                "volume_type": "gp3"
              }
            ],
            "secondary_network_interface": [],
            "secondary_private_ips": [],
            "security_groups": [],
            "source_dest_check": true,
            "spot_instance_request_id": "",
            "subnet_id": "subnet-09d00a23cb893a6e4",
            "tags": {
              "Name": "customer-profile-app-b"
            },
            "tags_all": {
              "Name": "customer-profile-app-b"
            },
            "tenancy": "default",
            "timeouts": null,
            "user_data": "#!/bin/bash\nset -xe\n\nsudo apt-get update -y\nsudo apt-get install -y unzip curl\n\ncurl -L https://github.com/nicholasjackson/fake-service/releases/download/v0.26.2/fake_service_linux_amd64.zip -o /tmp/service.zip\nunzip -o /tmp/service.zip -d /tmp/\nsudo mv /tmp/fake-service /usr/local/bin/customer-profile-service\nsudo chmod 755 /usr/local/bin/customer-profile-service\n\ncat \u003e /etc/systemd/system/customer-profile-api.service \u003c\u003cEOF\n[Unit]\nDescription=Customer Profile API Service\nAfter=network.target\n\n[Service]\nType=simple\nUser=ubuntu\nEnvironment=\"LISTEN_ADDR=0.0.0.0:8080\"\nEnvironment=\"UPSTREAM_URIS=http://internal-account-alb-1111426247.ap-southeast-1.elb.amazonaws.com\"\nEnvironment=\"MESSAGE=HelloCloud Bank | Retail-Banking | Customer-profile-service\"\nEnvironment=\"NAME=customer-profile\"\nExecStart=/usr/local/bin/customer-profile-service\nRestart=always\n\n[Install]\nWantedBy=multi-user.target\nEOF\n\nsudo systemctl daemon-reload\nsudo systemctl enable customer-profile-api.service\nsudo systemctl restart customer-profile-api.service",
            "user_data_base64": null,
            "user_data_replace_on_change": false,
            "volume_tags": null,
            "vpc_security_group_ids": [
              "sg-0a3b34b8fba4f525b"
            ]
          },
          "sensitive_attributes": [],
          "identity_schema_version": 0,
          "identity": {
            "account_id": "810421502375",
            "id": "i-0a00396ac47b05f78",
            "region": "ap-southeast-1"
          },
          "private": "eyJlMmJmYjczMC1lY2FhLTExZTYtOGY4OC0zNDM2M2JjN2M0YzAiOnsiY3JlYXRlIjo2MDAwMDAwMDAwMDAsImRlbGV0ZSI6MTIwMDAwMDAwMDAwMCwicmVhZCI6OTAwMDAwMDAwMDAwLCJ1cGRhdGUiOjYwMDAwMDAwMDAwMH0sInNjaGVtYV92ZXJzaW9uIjoiMiJ9",
          "dependencies": [
            "aws_instance.account_app_a",
            "aws_instance.account_app_b",
            "aws_instance.statement_app_a",
            "aws_instance.statement_app_b",
            "aws_key_pair.fake_service_app",
            "aws_lb.account",
            "aws_lb.statement",
            "aws_security_group.account_alb",
            "aws_security_group.account_ec2",
            "aws_security_group.bastion",
            "aws_security_group.customer_profile_alb",
            "aws_security_group.customer_profile_ec2",
            "aws_security_group.statement_alb",
            "aws_security_group.statement_ec2",
            "aws_subnet.account_private_a",
            "aws_subnet.account_private_b",
            "aws_subnet.customer_private_b",
            "aws_subnet.statement_private_a",
            "aws_subnet.statement_private_b",
            "aws_vpc.account",
            "aws_vpc.customer-profile",
            "aws_vpc.statement",
            "data.aws_ami.ubuntu",
            "tls_private_key.fake_service_app"
          ]
        }
      ]
    },
    {
      "mode": "managed",
      "type": "aws_instance",
      "name": "statement_app_a",
      "provider": "provider[\"registry.terraform.io/hashicorp/aws\"]",
      "instances": [
        {
          "schema_version": 2,
          "attributes": {
            "ami": "ami-03acbba64aef9bf5c",
            "arn": "arn:aws:ec2:ap-southeast-1:810421502375:instance/i-060e17be54da4d33c",
            "associate_public_ip_address": false,
            "availability_zone": "ap-southeast-1a",
            "capacity_reservation_specification": [
              {
                "capacity_reservation_preference": "open",
                "capacity_reservation_target": []
              }
            ],
            "cpu_options": [
              {
                "amd_sev_snp": "",
                "core_count": 1,
                "nested_virtualization": "",
                "threads_per_core": 2
              }
            ],
            "credit_specification": [
              {
                "cpu_credits": "unlimited"
              }
            ],
            "disable_api_stop": false,
            "disable_api_termination": false,
            "ebs_block_device": [],
            "ebs_optimized": false,
            "enable_primary_ipv6": null,
            "enclave_options": [
              {
                "enabled": false
              }
            ],
            "ephemeral_block_device": [],
            "force_destroy": false,
            "get_password_data": false,
            "hibernation": false,
            "host_id": "",
            "host_resource_group_arn": null,
            "iam_instance_profile": "",
            "id": "i-060e17be54da4d33c",
            "instance_initiated_shutdown_behavior": "stop",
            "instance_lifecycle": "",
            "instance_market_options": [],
            "instance_state": "running",
            "instance_type": "t3.micro",
            "ipv6_address_count": 0,
            "ipv6_addresses": [],
            "key_name": "fake-service-app-ssh-key",
            "launch_template": [],
            "maintenance_options": [
              {
                "auto_recovery": "default"
              }
            ],
            "metadata_options": [
              {
                "http_endpoint": "enabled",
                "http_protocol_ipv6": "disabled",
                "http_put_response_hop_limit": 2,
                "http_tokens": "required",
                "instance_metadata_tags": "disabled"
              }
            ],
            "monitoring": false,
            "network_interface": [],
            "outpost_arn": "",
            "password_data": "",
            "placement_group": "",
            "placement_group_id": "",
            "placement_partition_number": 0,
            "primary_network_interface": [
              {
                "delete_on_termination": true,
                "network_interface_id": "eni-0aea7d3be2f840ffc"
              }
            ],
            "primary_network_interface_id": "eni-0aea7d3be2f840ffc",
            "private_dns": "ip-192-168-2-202.ap-southeast-1.compute.internal",
            "private_dns_name_options": [
              {
                "enable_resource_name_dns_a_record": false,
                "enable_resource_name_dns_aaaa_record": false,
                "hostname_type": "ip-name"
              }
            ],
            "private_ip": "192.168.2.202",
            "public_dns": "",
            "public_ip": "",
            "region": "ap-southeast-1",
            "root_block_device": [
              {
                "delete_on_termination": true,
                "device_name": "/dev/sda1",
                "encrypted": false,
                "iops": 3000,
                "kms_key_id": "",
                "tags": {},
                "tags_all": {},
                "throughput": 125,
                "volume_id": "vol-0d796db39eacb00ab",
                "volume_size": 8,
                "volume_type": "gp3"
              }
            ],
            "secondary_network_interface": [],
            "secondary_private_ips": [],
            "security_groups": [],
            "source_dest_check": true,
            "spot_instance_request_id": "",
            "subnet_id": "subnet-0e89ce4e49a8c86f9",
            "tags": {
              "Name": "statement-app-a"
            },
            "tags_all": {
              "Name": "statement-app-a"
            },
            "tenancy": "default",
            "timeouts": null,
            "user_data": "#!/bin/bash\nset -xe\n\nsudo apt-get update -y\nsudo apt-get install -y unzip curl\n\ncurl -L https://github.com/nicholasjackson/fake-service/releases/download/v0.26.2/fake_service_linux_amd64.zip -o /tmp/service.zip\nunzip -o /tmp/service.zip -d /tmp/\nsudo mv /tmp/fake-service /usr/local/bin/statement-service\nsudo chmod 755 /usr/local/bin/statement-service\n\ncat \u003e /etc/systemd/system/statement-api.service \u003c\u003cEOF\n[Unit]\nDescription=Statement API Service\nAfter=network.target\n\n[Service]\nType=simple\nUser=ubuntu\nEnvironment=\"LISTEN_ADDR=0.0.0.0:8082\"\nEnvironment=\"MESSAGE=HelloCloud Bank | Retail-Banking | Statement-service\"\nEnvironment=\"NAME=statement\"\nExecStart=/usr/local/bin/statement-service\nRestart=always\n\n[Install]\nWantedBy=multi-user.target\nEOF\n\nsudo systemctl daemon-reload\nsudo systemctl enable statement-api.service\nsudo systemctl restart statement-api.service",
            "user_data_base64": null,
            "user_data_replace_on_change": false,
            "volume_tags": null,
            "vpc_security_group_ids": [
              "sg-0b77870c01370aa32"
            ]
          },
          "sensitive_attributes": [],
          "identity_schema_version": 0,
          "identity": {
            "account_id": "810421502375",
            "id": "i-060e17be54da4d33c",
            "region": "ap-southeast-1"
          },
          "private": "eyJlMmJmYjczMC1lY2FhLTExZTYtOGY4OC0zNDM2M2JjN2M0YzAiOnsiY3JlYXRlIjo2MDAwMDAwMDAwMDAsImRlbGV0ZSI6MTIwMDAwMDAwMDAwMCwicmVhZCI6OTAwMDAwMDAwMDAwLCJ1cGRhdGUiOjYwMDAwMDAwMDAwMH0sInNjaGVtYV92ZXJzaW9uIjoiMiJ9",
          "dependencies": [
            "aws_key_pair.fake_service_app",
            "aws_security_group.statement_alb",
            "aws_security_group.statement_ec2",
            "aws_subnet.statement_private_a",
            "aws_vpc.statement",
            "data.aws_ami.ubuntu",
            "tls_private_key.fake_service_app"
          ]
        }
      ]
    },
    {
      "mode": "managed",
      "type": "aws_instance",
      "name": "statement_app_b",
      "provider": "provider[\"registry.terraform.io/hashicorp/aws\"]",
      "instances": [
        {
          "schema_version": 2,
          "attributes": {
            "ami": "ami-03acbba64aef9bf5c",
            "arn": "arn:aws:ec2:ap-southeast-1:810421502375:instance/i-02a93aa48682b4b04",
            "associate_public_ip_address": false,
            "availability_zone": "ap-southeast-1b",
            "capacity_reservation_specification": [
              {
                "capacity_reservation_preference": "open",
                "capacity_reservation_target": []
              }
            ],
            "cpu_options": [
              {
                "amd_sev_snp": "",
                "core_count": 1,
                "nested_virtualization": "",
                "threads_per_core": 2
              }
            ],
            "credit_specification": [
              {
                "cpu_credits": "unlimited"
              }
            ],
            "disable_api_stop": false,
            "disable_api_termination": false,
            "ebs_block_device": [],
            "ebs_optimized": false,
            "enable_primary_ipv6": null,
            "enclave_options": [
              {
                "enabled": false
              }
            ],
            "ephemeral_block_device": [],
            "force_destroy": false,
            "get_password_data": false,
            "hibernation": false,
            "host_id": "",
            "host_resource_group_arn": null,
            "iam_instance_profile": "",
            "id": "i-02a93aa48682b4b04",
            "instance_initiated_shutdown_behavior": "stop",
            "instance_lifecycle": "",
            "instance_market_options": [],
            "instance_state": "running",
            "instance_type": "t3.micro",
            "ipv6_address_count": 0,
            "ipv6_addresses": [],
            "key_name": "fake-service-app-ssh-key",
            "launch_template": [],
            "maintenance_options": [
              {
                "auto_recovery": "default"
              }
            ],
            "metadata_options": [
              {
                "http_endpoint": "enabled",
                "http_protocol_ipv6": "disabled",
                "http_put_response_hop_limit": 2,
                "http_tokens": "required",
                "instance_metadata_tags": "disabled"
              }
            ],
            "monitoring": false,
            "network_interface": [],
            "outpost_arn": "",
            "password_data": "",
            "placement_group": "",
            "placement_group_id": "",
            "placement_partition_number": 0,
            "primary_network_interface": [
              {
                "delete_on_termination": true,
                "network_interface_id": "eni-0cf3716f6bccd7cb3"
              }
            ],
            "primary_network_interface_id": "eni-0cf3716f6bccd7cb3",
            "private_dns": "ip-192-168-3-16.ap-southeast-1.compute.internal",
            "private_dns_name_options": [
              {
                "enable_resource_name_dns_a_record": false,
                "enable_resource_name_dns_aaaa_record": false,
                "hostname_type": "ip-name"
              }
            ],
            "private_ip": "192.168.3.16",
            "public_dns": "",
            "public_ip": "",
            "region": "ap-southeast-1",
            "root_block_device": [
              {
                "delete_on_termination": true,
                "device_name": "/dev/sda1",
                "encrypted": false,
                "iops": 3000,
                "kms_key_id": "",
                "tags": {},
                "tags_all": {},
                "throughput": 125,
                "volume_id": "vol-0fe8065a8adab2c62",
                "volume_size": 8,
                "volume_type": "gp3"
              }
            ],
            "secondary_network_interface": [],
            "secondary_private_ips": [],
            "security_groups": [],
            "source_dest_check": true,
            "spot_instance_request_id": "",
            "subnet_id": "subnet-053611c42222b0d0a",
            "tags": {
              "Name": "statement-app-b"
            },
            "tags_all": {
              "Name": "statement-app-b"
            },
            "tenancy": "default",
            "timeouts": null,
            "user_data": "#!/bin/bash\nset -xe\n\nsudo apt-get update -y\nsudo apt-get install -y unzip curl\n\ncurl -L https://github.com/nicholasjackson/fake-service/releases/download/v0.26.2/fake_service_linux_amd64.zip -o /tmp/service.zip\nunzip -o /tmp/service.zip -d /tmp/\nsudo mv /tmp/fake-service /usr/local/bin/statement-service\nsudo chmod 755 /usr/local/bin/statement-service\n\ncat \u003e /etc/systemd/system/statement-api.service \u003c\u003cEOF\n[Unit]\nDescription=Statement API Service\nAfter=network.target\n\n[Service]\nType=simple\nUser=ubuntu\nEnvironment=\"LISTEN_ADDR=0.0.0.0:8082\"\nEnvironment=\"MESSAGE=HelloCloud Bank | Retail-Banking | Statement-service\"\nEnvironment=\"NAME=statement\"\nExecStart=/usr/local/bin/statement-service\nRestart=always\n\n[Install]\nWantedBy=multi-user.target\nEOF\n\nsudo systemctl daemon-reload\nsudo systemctl enable statement-api.service\nsudo systemctl restart statement-api.service",
            "user_data_base64": null,
            "user_data_replace_on_change": false,
            "volume_tags": null,
            "vpc_security_group_ids": [
              "sg-0b77870c01370aa32"
            ]
          },
          "sensitive_attributes": [],
          "identity_schema_version": 0,
          "identity": {
            "account_id": "810421502375",
            "id": "i-02a93aa48682b4b04",
            "region": "ap-southeast-1"
          },
          "private": "eyJlMmJmYjczMC1lY2FhLTExZTYtOGY4OC0zNDM2M2JjN2M0YzAiOnsiY3JlYXRlIjo2MDAwMDAwMDAwMDAsImRlbGV0ZSI6MTIwMDAwMDAwMDAwMCwicmVhZCI6OTAwMDAwMDAwMDAwLCJ1cGRhdGUiOjYwMDAwMDAwMDAwMH0sInNjaGVtYV92ZXJzaW9uIjoiMiJ9",
          "dependencies": [
            "aws_key_pair.fake_service_app",
            "aws_security_group.statement_alb",
            "aws_security_group.statement_ec2",
            "aws_subnet.statement_private_b",
            "aws_vpc.statement",
            "data.aws_ami.ubuntu",
            "tls_private_key.fake_service_app"
          ]
        }
      ]
    },
    {
      "mode": "managed",
      "type": "aws_internet_gateway",
      "name": "account",
      "provider": "provider[\"registry.terraform.io/hashicorp/aws\"]",
      "instances": [
        {
          "schema_version": 0,
          "attributes": {
            "arn": "arn:aws:ec2:ap-southeast-1:810421502375:internet-gateway/igw-05e4379de4b1224e3",
            "id": "igw-05e4379de4b1224e3",
            "owner_id": "810421502375",
            "region": "ap-southeast-1",
            "tags": {
              "Name": "account-igw"
            },
            "tags_all": {
              "Name": "account-igw"
            },
            "timeouts": null,
            "vpc_id": "vpc-0632725e3e7e16986"
          },
          "sensitive_attributes": [],
          "identity_schema_version": 0,
          "identity": {
            "account_id": "810421502375",
            "id": "igw-05e4379de4b1224e3",
            "region": "ap-southeast-1"
          },
          "private": "eyJlMmJmYjczMC1lY2FhLTExZTYtOGY4OC0zNDM2M2JjN2M0YzAiOnsiY3JlYXRlIjoxMjAwMDAwMDAwMDAwLCJkZWxldGUiOjEyMDAwMDAwMDAwMDAsInVwZGF0ZSI6MTIwMDAwMDAwMDAwMH19",
          "dependencies": [
            "aws_vpc.account"
          ]
        }
      ]
    },
    {
      "mode": "managed",
      "type": "aws_internet_gateway",
      "name": "customer-profile",
      "provider": "provider[\"registry.terraform.io/hashicorp/aws\"]",
      "instances": [
        {
          "schema_version": 0,
          "attributes": {
            "arn": "arn:aws:ec2:ap-southeast-1:810421502375:internet-gateway/igw-0ff4e724c69944fdf",
            "id": "igw-0ff4e724c69944fdf",
            "owner_id": "810421502375",
            "region": "ap-southeast-1",
            "tags": {
              "Name": "customer-profile-igw"
            },
            "tags_all": {
              "Name": "customer-profile-igw"
            },
            "timeouts": null,
            "vpc_id": "vpc-018b20685283399fb"
          },
          "sensitive_attributes": [],
          "identity_schema_version": 0,
          "identity": {
            "account_id": "810421502375",
            "id": "igw-0ff4e724c69944fdf",
            "region": "ap-southeast-1"
          },
          "private": "eyJlMmJmYjczMC1lY2FhLTExZTYtOGY4OC0zNDM2M2JjN2M0YzAiOnsiY3JlYXRlIjoxMjAwMDAwMDAwMDAwLCJkZWxldGUiOjEyMDAwMDAwMDAwMDAsInVwZGF0ZSI6MTIwMDAwMDAwMDAwMH19",
          "dependencies": [
            "aws_vpc.customer-profile"
          ]
        }
      ]
    },
    {
      "mode": "managed",
      "type": "aws_internet_gateway",
      "name": "statement",
      "provider": "provider[\"registry.terraform.io/hashicorp/aws\"]",
      "instances": [
        {
          "schema_version": 0,
          "attributes": {
            "arn": "arn:aws:ec2:ap-southeast-1:810421502375:internet-gateway/igw-0c176e25a85f255b2",
            "id": "igw-0c176e25a85f255b2",
            "owner_id": "810421502375",
            "region": "ap-southeast-1",
            "tags": {
              "Name": "statement-igw"
            },
            "tags_all": {
              "Name": "statement-igw"
            },
            "timeouts": null,
            "vpc_id": "vpc-027314d43b1997e4f"
          },
          "sensitive_attributes": [],
          "identity_schema_version": 0,
          "identity": {
            "account_id": "810421502375",
            "id": "igw-0c176e25a85f255b2",
            "region": "ap-southeast-1"
          },
          "private": "eyJlMmJmYjczMC1lY2FhLTExZTYtOGY4OC0zNDM2M2JjN2M0YzAiOnsiY3JlYXRlIjoxMjAwMDAwMDAwMDAwLCJkZWxldGUiOjEyMDAwMDAwMDAwMDAsInVwZGF0ZSI6MTIwMDAwMDAwMDAwMH19",
          "dependencies": [
            "aws_vpc.statement"
          ]
        }
      ]
    },
    {
      "mode": "managed",
      "type": "aws_key_pair",
      "name": "fake_service_app",
      "provider": "provider[\"registry.terraform.io/hashicorp/aws\"]",
      "instances": [
        {
          "schema_version": 1,
          "attributes": {
            "arn": "arn:aws:ec2:ap-southeast-1:810421502375:key-pair/fake-service-app-ssh-key",
            "fingerprint": "83:d0:0a:0c:f5:6d:05:20:82:12:78:70:f2:4d:d5:0d",
            "id": "fake-service-app-ssh-key",
            "key_name": "fake-service-app-ssh-key",
            "key_name_prefix": "",
            "key_pair_id": "key-008977805a2cb364d",
            "key_type": "rsa",
            "public_key": "ssh-rsa AAAAB3NzaC1yc2EAAAADAQABAAABAQDX8J8FI7LO32FGx73K+0QoRKKfljMSzLR+IvsGtmMwxIclWrtJcdOiUb342j9ha7XPNz5k0sTLB7OU44WNj+mYkjgT+O3W2qx5ntx47X/lwcCmO+IqILu13DNOcrKnNnRY18WeSQmU9PZuMl2DRUSrfPaZwaeRW85CLDMBI80v6dA3C2PK9mTvljmhOGJYSa/AqgBlt8frPj88/IPHLZf1wF+UB4Y3nxGK8rQs7IMID6//El8ewEYqP1b1vMdyX9Zrpzz9KNX6MlONpOvcjsywum+RFNF/RpnR9rdhrX3hNb+a4Bd7HlRdp1CPt6U8Yl+Auau/jQOmuHkxq+jvJvxz",
            "region": "ap-southeast-1",
            "tags": null,
            "tags_all": {}
          },
          "sensitive_attributes": [],
          "identity_schema_version": 0,
          "private": "eyJzY2hlbWFfdmVyc2lvbiI6IjEifQ==",
          "dependencies": [
            "tls_private_key.fake_service_app"
          ]
        }
      ]
    },
    {
      "mode": "managed",
      "type": "aws_lb",
      "name": "account",
      "provider": "provider[\"registry.terraform.io/hashicorp/aws\"]",
      "instances": [
        {
          "schema_version": 0,
          "attributes": {
            "access_logs": [
              {
                "bucket": "",
                "enabled": false,
                "prefix": ""
              }
            ],
            "arn": "arn:aws:elasticloadbalancing:ap-southeast-1:810421502375:loadbalancer/app/account-alb/b9edb290bed65d1e",
            "arn_suffix": "app/account-alb/b9edb290bed65d1e",
            "client_keep_alive": 3600,
            "connection_logs": [
              {
                "bucket": "",
                "enabled": false,
                "prefix": ""
              }
            ],
            "customer_owned_ipv4_pool": "",
            "desync_mitigation_mode": "defensive",
            "dns_name": "internal-account-alb-1111426247.ap-southeast-1.elb.amazonaws.com",
            "dns_record_client_routing_policy": null,
            "drop_invalid_header_fields": false,
            "enable_cross_zone_load_balancing": true,
            "enable_deletion_protection": false,
            "enable_http2": true,
            "enable_prefix_for_ipv6_source_nat": "off",
            "enable_tls_version_and_cipher_suite_headers": false,
            "enable_waf_fail_open": false,
            "enable_xff_client_port": false,
            "enable_zonal_shift": false,
            "enforce_security_group_inbound_rules_on_private_link_traffic": "",
            "health_check_logs": [
              {
                "bucket": "",
                "enabled": false,
                "prefix": ""
              }
            ],
            "id": "arn:aws:elasticloadbalancing:ap-southeast-1:810421502375:loadbalancer/app/account-alb/b9edb290bed65d1e",
            "idle_timeout": 60,
            "internal": true,
            "ip_address_type": "ipv4",
            "ipam_pools": [],
            "load_balancer_type": "application",
            "minimum_load_balancer_capacity": [],
            "name": "account-alb",
            "name_prefix": "",
            "preserve_host_header": false,
            "region": "ap-southeast-1",
            "secondary_ips_auto_assigned_per_subnet": null,
            "security_groups": [
              "sg-061aec4587f81c4ab"
            ],
            "subnet_mapping": [
              {
                "allocation_id": "",
                "ipv6_address": "",
                "outpost_id": "",
                "private_ipv4_address": "",
                "subnet_id": "subnet-04eceb27106b1349d"
              },
              {
                "allocation_id": "",
                "ipv6_address": "",
                "outpost_id": "",
                "private_ipv4_address": "",
                "subnet_id": "subnet-0bd32746e67f0fa25"
              }
            ],
            "subnets": [
              "subnet-04eceb27106b1349d",
              "subnet-0bd32746e67f0fa25"
            ],
            "tags": {
              "Name": "account-alb"
            },
            "tags_all": {
              "Name": "account-alb"
            },
            "timeouts": null,
            "vpc_id": "vpc-0632725e3e7e16986",
            "xff_header_processing_mode": "append",
            "zone_id": "Z1LMS91P8CMLE5"
          },
          "sensitive_attributes": [],
          "identity_schema_version": 0,
          "identity": {
            "arn": "arn:aws:elasticloadbalancing:ap-southeast-1:810421502375:loadbalancer/app/account-alb/b9edb290bed65d1e"
          },
          "private": "eyJlMmJmYjczMC1lY2FhLTExZTYtOGY4OC0zNDM2M2JjN2M0YzAiOnsiY3JlYXRlIjo2MDAwMDAwMDAwMDAsImRlbGV0ZSI6NjAwMDAwMDAwMDAwLCJ1cGRhdGUiOjYwMDAwMDAwMDAwMH19",
          "dependencies": [
            "aws_security_group.account_alb",
            "aws_subnet.account_private_a",
            "aws_subnet.account_private_b",
            "aws_vpc.account"
          ]
        }
      ]
    },
    {
      "mode": "managed",
      "type": "aws_lb",
      "name": "customer_profile",
      "provider": "provider[\"registry.terraform.io/hashicorp/aws\"]",
      "instances": [
        {
          "schema_version": 0,
          "attributes": {
            "access_logs": [
              {
                "bucket": "",
                "enabled": false,
                "prefix": ""
              }
            ],
            "arn": "arn:aws:elasticloadbalancing:ap-southeast-1:810421502375:loadbalancer/app/customer-profile-alb/387eb803900d3f2d",
            "arn_suffix": "app/customer-profile-alb/387eb803900d3f2d",
            "client_keep_alive": 3600,
            "connection_logs": [
              {
                "bucket": "",
                "enabled": false,
                "prefix": ""
              }
            ],
            "customer_owned_ipv4_pool": "",
            "desync_mitigation_mode": "defensive",
            "dns_name": "customer-profile-alb-2069358267.ap-southeast-1.elb.amazonaws.com",
            "dns_record_client_routing_policy": null,
            "drop_invalid_header_fields": false,
            "enable_cross_zone_load_balancing": true,
            "enable_deletion_protection": false,
            "enable_http2": true,
            "enable_prefix_for_ipv6_source_nat": "off",
            "enable_tls_version_and_cipher_suite_headers": false,
            "enable_waf_fail_open": false,
            "enable_xff_client_port": false,
            "enable_zonal_shift": false,
            "enforce_security_group_inbound_rules_on_private_link_traffic": "",
            "health_check_logs": [
              {
                "bucket": "",
                "enabled": false,
                "prefix": ""
              }
            ],
            "id": "arn:aws:elasticloadbalancing:ap-southeast-1:810421502375:loadbalancer/app/customer-profile-alb/387eb803900d3f2d",
            "idle_timeout": 60,
            "internal": false,
            "ip_address_type": "ipv4",
            "ipam_pools": [],
            "load_balancer_type": "application",
            "minimum_load_balancer_capacity": [],
            "name": "customer-profile-alb",
            "name_prefix": "",
            "preserve_host_header": false,
            "region": "ap-southeast-1",
            "secondary_ips_auto_assigned_per_subnet": null,
            "security_groups": [
              "sg-090638c754371b274"
            ],
            "subnet_mapping": [
              {
                "allocation_id": "",
                "ipv6_address": "",
                "outpost_id": "",
                "private_ipv4_address": "",
                "subnet_id": "subnet-09cf2c69cd87bad18"
              },
              {
                "allocation_id": "",
                "ipv6_address": "",
                "outpost_id": "",
                "private_ipv4_address": "",
                "subnet_id": "subnet-0cfdbc43251a9943b"
              }
            ],
            "subnets": [
              "subnet-09cf2c69cd87bad18",
              "subnet-0cfdbc43251a9943b"
            ],
            "tags": {
              "Name": "customer-profile-alb"
            },
            "tags_all": {
              "Name": "customer-profile-alb"
            },
            "timeouts": null,
            "vpc_id": "vpc-018b20685283399fb",
            "xff_header_processing_mode": "append",
            "zone_id": "Z1LMS91P8CMLE5"
          },
          "sensitive_attributes": [],
          "identity_schema_version": 0,
          "identity": {
            "arn": "arn:aws:elasticloadbalancing:ap-southeast-1:810421502375:loadbalancer/app/customer-profile-alb/387eb803900d3f2d"
          },
          "private": "eyJlMmJmYjczMC1lY2FhLTExZTYtOGY4OC0zNDM2M2JjN2M0YzAiOnsiY3JlYXRlIjo2MDAwMDAwMDAwMDAsImRlbGV0ZSI6NjAwMDAwMDAwMDAwLCJ1cGRhdGUiOjYwMDAwMDAwMDAwMH19",
          "dependencies": [
            "aws_security_group.bastion",
            "aws_security_group.customer_profile_alb",
            "aws_subnet.customer_public_a",
            "aws_subnet.customer_public_b",
            "aws_vpc.customer-profile"
          ]
        }
      ]
    },
    {
      "mode": "managed",
      "type": "aws_lb",
      "name": "statement",
      "provider": "provider[\"registry.terraform.io/hashicorp/aws\"]",
      "instances": [
        {
          "schema_version": 0,
          "attributes": {
            "access_logs": [
              {
                "bucket": "",
                "enabled": false,
                "prefix": ""
              }
            ],
            "arn": "arn:aws:elasticloadbalancing:ap-southeast-1:810421502375:loadbalancer/app/statement-alb/e17bea7b48ae5d0a",
            "arn_suffix": "app/statement-alb/e17bea7b48ae5d0a",
            "client_keep_alive": 3600,
            "connection_logs": [
              {
                "bucket": "",
                "enabled": false,
                "prefix": ""
              }
            ],
            "customer_owned_ipv4_pool": "",
            "desync_mitigation_mode": "defensive",
            "dns_name": "internal-statement-alb-307482577.ap-southeast-1.elb.amazonaws.com",
            "dns_record_client_routing_policy": null,
            "drop_invalid_header_fields": false,
            "enable_cross_zone_load_balancing": true,
            "enable_deletion_protection": false,
            "enable_http2": true,
            "enable_prefix_for_ipv6_source_nat": "off",
            "enable_tls_version_and_cipher_suite_headers": false,
            "enable_waf_fail_open": false,
            "enable_xff_client_port": false,
            "enable_zonal_shift": false,
            "enforce_security_group_inbound_rules_on_private_link_traffic": "",
            "health_check_logs": [
              {
                "bucket": "",
                "enabled": false,
                "prefix": ""
              }
            ],
            "id": "arn:aws:elasticloadbalancing:ap-southeast-1:810421502375:loadbalancer/app/statement-alb/e17bea7b48ae5d0a",
            "idle_timeout": 60,
            "internal": true,
            "ip_address_type": "ipv4",
            "ipam_pools": [],
            "load_balancer_type": "application",
            "minimum_load_balancer_capacity": [],
            "name": "statement-alb",
            "name_prefix": "",
            "preserve_host_header": false,
            "region": "ap-southeast-1",
            "secondary_ips_auto_assigned_per_subnet": null,
            "security_groups": [
              "sg-0eed6193d2e6f4385"
            ],
            "subnet_mapping": [
              {
                "allocation_id": "",
                "ipv6_address": "",
                "outpost_id": "",
                "private_ipv4_address": "",
                "subnet_id": "subnet-053611c42222b0d0a"
              },
              {
                "allocation_id": "",
                "ipv6_address": "",
                "outpost_id": "",
                "private_ipv4_address": "",
                "subnet_id": "subnet-0e89ce4e49a8c86f9"
              }
            ],
            "subnets": [
              "subnet-053611c42222b0d0a",
              "subnet-0e89ce4e49a8c86f9"
            ],
            "tags": {
              "Name": "statement-alb"
            },
            "tags_all": {
              "Name": "statement-alb"
            },
            "timeouts": null,
            "vpc_id": "vpc-027314d43b1997e4f",
            "xff_header_processing_mode": "append",
            "zone_id": "Z1LMS91P8CMLE5"
          },
          "sensitive_attributes": [],
          "identity_schema_version": 0,
          "identity": {
            "arn": "arn:aws:elasticloadbalancing:ap-southeast-1:810421502375:loadbalancer/app/statement-alb/e17bea7b48ae5d0a"
          },
          "private": "eyJlMmJmYjczMC1lY2FhLTExZTYtOGY4OC0zNDM2M2JjN2M0YzAiOnsiY3JlYXRlIjo2MDAwMDAwMDAwMDAsImRlbGV0ZSI6NjAwMDAwMDAwMDAwLCJ1cGRhdGUiOjYwMDAwMDAwMDAwMH19",
          "dependencies": [
            "aws_security_group.statement_alb",
            "aws_subnet.statement_private_a",
            "aws_subnet.statement_private_b",
            "aws_vpc.statement"
          ]
        }
      ]
    },
    {
      "mode": "managed",
      "type": "aws_lb_listener",
      "name": "account",
      "provider": "provider[\"registry.terraform.io/hashicorp/aws\"]",
      "instances": [
        {
          "schema_version": 0,
          "attributes": {
            "alpn_policy": null,
            "arn": "arn:aws:elasticloadbalancing:ap-southeast-1:810421502375:listener/app/account-alb/b9edb290bed65d1e/edfbb3fb180c5b35",
            "certificate_arn": null,
            "default_action": [
              {
                "authenticate_cognito": [],
                "authenticate_oidc": [],
                "fixed_response": [],
                "forward": [],
                "jwt_validation": [],
                "order": 1,
                "redirect": [],
                "target_group_arn": "arn:aws:elasticloadbalancing:ap-southeast-1:810421502375:targetgroup/account-tg/90f42bf1e6d1ac7a",
                "type": "forward"
              }
            ],
            "id": "arn:aws:elasticloadbalancing:ap-southeast-1:810421502375:listener/app/account-alb/b9edb290bed65d1e/edfbb3fb180c5b35",
            "load_balancer_arn": "arn:aws:elasticloadbalancing:ap-southeast-1:810421502375:loadbalancer/app/account-alb/b9edb290bed65d1e",
            "mutual_authentication": [],
            "port": 80,
            "protocol": "HTTP",
            "region": "ap-southeast-1",
            "routing_http_request_x_amzn_mtls_clientcert_header_name": null,
            "routing_http_request_x_amzn_mtls_clientcert_issuer_header_name": null,
            "routing_http_request_x_amzn_mtls_clientcert_leaf_header_name": null,
            "routing_http_request_x_amzn_mtls_clientcert_serial_number_header_name": null,
            "routing_http_request_x_amzn_mtls_clientcert_subject_header_name": null,
            "routing_http_request_x_amzn_mtls_clientcert_validity_header_name": null,
            "routing_http_request_x_amzn_tls_cipher_suite_header_name": null,
            "routing_http_request_x_amzn_tls_version_header_name": null,
            "routing_http_response_access_control_allow_credentials_header_value": "",
            "routing_http_response_access_control_allow_headers_header_value": "",
            "routing_http_response_access_control_allow_methods_header_value": "",
            "routing_http_response_access_control_allow_origin_header_value": "",
            "routing_http_response_access_control_expose_headers_header_value": "",
            "routing_http_response_access_control_max_age_header_value": "",
            "routing_http_response_content_security_policy_header_value": "",
            "routing_http_response_server_enabled": true,
            "routing_http_response_strict_transport_security_header_value": "",
            "routing_http_response_x_content_type_options_header_value": "",
            "routing_http_response_x_frame_options_header_value": "",
            "ssl_policy": "",
            "tags": null,
            "tags_all": {},
            "tcp_idle_timeout_seconds": null,
            "timeouts": null
          },
          "sensitive_attributes": [],
          "identity_schema_version": 0,
          "identity": {
            "arn": "arn:aws:elasticloadbalancing:ap-southeast-1:810421502375:listener/app/account-alb/b9edb290bed65d1e/edfbb3fb180c5b35"
          },
          "private": "eyJlMmJmYjczMC1lY2FhLTExZTYtOGY4OC0zNDM2M2JjN2M0YzAiOnsiY3JlYXRlIjozMDAwMDAwMDAwMDAsInVwZGF0ZSI6MzAwMDAwMDAwMDAwfX0=",
          "dependencies": [
            "aws_lb.account",
            "aws_lb_target_group.account",
            "aws_security_group.account_alb",
            "aws_subnet.account_private_a",
            "aws_subnet.account_private_b",
            "aws_vpc.account"
          ]
        }
      ]
    },
    {
      "mode": "managed",
      "type": "aws_lb_listener",
      "name": "customer_profile",
      "provider": "provider[\"registry.terraform.io/hashicorp/aws\"]",
      "instances": [
        {
          "schema_version": 0,
          "attributes": {
            "alpn_policy": null,
            "arn": "arn:aws:elasticloadbalancing:ap-southeast-1:810421502375:listener/app/customer-profile-alb/387eb803900d3f2d/e96ba510d20e7848",
            "certificate_arn": null,
            "default_action": [
              {
                "authenticate_cognito": [],
                "authenticate_oidc": [],
                "fixed_response": [],
                "forward": [],
                "jwt_validation": [],
                "order": 1,
                "redirect": [],
                "target_group_arn": "arn:aws:elasticloadbalancing:ap-southeast-1:810421502375:targetgroup/customer-profile-tg/dfd7f297ac6d4af5",
                "type": "forward"
              }
            ],
            "id": "arn:aws:elasticloadbalancing:ap-southeast-1:810421502375:listener/app/customer-profile-alb/387eb803900d3f2d/e96ba510d20e7848",
            "load_balancer_arn": "arn:aws:elasticloadbalancing:ap-southeast-1:810421502375:loadbalancer/app/customer-profile-alb/387eb803900d3f2d",
            "mutual_authentication": [],
            "port": 80,
            "protocol": "HTTP",
            "region": "ap-southeast-1",
            "routing_http_request_x_amzn_mtls_clientcert_header_name": null,
            "routing_http_request_x_amzn_mtls_clientcert_issuer_header_name": null,
            "routing_http_request_x_amzn_mtls_clientcert_leaf_header_name": null,
            "routing_http_request_x_amzn_mtls_clientcert_serial_number_header_name": null,
            "routing_http_request_x_amzn_mtls_clientcert_subject_header_name": null,
            "routing_http_request_x_amzn_mtls_clientcert_validity_header_name": null,
            "routing_http_request_x_amzn_tls_cipher_suite_header_name": null,
            "routing_http_request_x_amzn_tls_version_header_name": null,
            "routing_http_response_access_control_allow_credentials_header_value": "",
            "routing_http_response_access_control_allow_headers_header_value": "",
            "routing_http_response_access_control_allow_methods_header_value": "",
            "routing_http_response_access_control_allow_origin_header_value": "",
            "routing_http_response_access_control_expose_headers_header_value": "",
            "routing_http_response_access_control_max_age_header_value": "",
            "routing_http_response_content_security_policy_header_value": "",
            "routing_http_response_server_enabled": true,
            "routing_http_response_strict_transport_security_header_value": "",
            "routing_http_response_x_content_type_options_header_value": "",
            "routing_http_response_x_frame_options_header_value": "",
            "ssl_policy": "",
            "tags": null,
            "tags_all": {},
            "tcp_idle_timeout_seconds": null,
            "timeouts": null
          },
          "sensitive_attributes": [],
          "identity_schema_version": 0,
          "identity": {
            "arn": "arn:aws:elasticloadbalancing:ap-southeast-1:810421502375:listener/app/customer-profile-alb/387eb803900d3f2d/e96ba510d20e7848"
          },
          "private": "eyJlMmJmYjczMC1lY2FhLTExZTYtOGY4OC0zNDM2M2JjN2M0YzAiOnsiY3JlYXRlIjozMDAwMDAwMDAwMDAsInVwZGF0ZSI6MzAwMDAwMDAwMDAwfX0=",
          "dependencies": [
            "aws_lb.customer_profile",
            "aws_lb_target_group.customer_profile",
            "aws_security_group.bastion",
            "aws_security_group.customer_profile_alb",
            "aws_subnet.customer_public_a",
            "aws_subnet.customer_public_b",
            "aws_vpc.customer-profile"
          ]
        }
      ]
    },
    {
      "mode": "managed",
      "type": "aws_lb_listener",
      "name": "statement",
      "provider": "provider[\"registry.terraform.io/hashicorp/aws\"]",
      "instances": [
        {
          "schema_version": 0,
          "attributes": {
            "alpn_policy": null,
            "arn": "arn:aws:elasticloadbalancing:ap-southeast-1:810421502375:listener/app/statement-alb/e17bea7b48ae5d0a/421d02f49424776c",
            "certificate_arn": null,
            "default_action": [
              {
                "authenticate_cognito": [],
                "authenticate_oidc": [],
                "fixed_response": [],
                "forward": [],
                "jwt_validation": [],
                "order": 1,
                "redirect": [],
                "target_group_arn": "arn:aws:elasticloadbalancing:ap-southeast-1:810421502375:targetgroup/statement-tg/8aab6d959900c722",
                "type": "forward"
              }
            ],
            "id": "arn:aws:elasticloadbalancing:ap-southeast-1:810421502375:listener/app/statement-alb/e17bea7b48ae5d0a/421d02f49424776c",
            "load_balancer_arn": "arn:aws:elasticloadbalancing:ap-southeast-1:810421502375:loadbalancer/app/statement-alb/e17bea7b48ae5d0a",
            "mutual_authentication": [],
            "port": 80,
            "protocol": "HTTP",
            "region": "ap-southeast-1",
            "routing_http_request_x_amzn_mtls_clientcert_header_name": null,
            "routing_http_request_x_amzn_mtls_clientcert_issuer_header_name": null,
            "routing_http_request_x_amzn_mtls_clientcert_leaf_header_name": null,
            "routing_http_request_x_amzn_mtls_clientcert_serial_number_header_name": null,
            "routing_http_request_x_amzn_mtls_clientcert_subject_header_name": null,
            "routing_http_request_x_amzn_mtls_clientcert_validity_header_name": null,
            "routing_http_request_x_amzn_tls_cipher_suite_header_name": null,
            "routing_http_request_x_amzn_tls_version_header_name": null,
            "routing_http_response_access_control_allow_credentials_header_value": "",
            "routing_http_response_access_control_allow_headers_header_value": "",
            "routing_http_response_access_control_allow_methods_header_value": "",
            "routing_http_response_access_control_allow_origin_header_value": "",
            "routing_http_response_access_control_expose_headers_header_value": "",
            "routing_http_response_access_control_max_age_header_value": "",
            "routing_http_response_content_security_policy_header_value": "",
            "routing_http_response_server_enabled": true,
            "routing_http_response_strict_transport_security_header_value": "",
            "routing_http_response_x_content_type_options_header_value": "",
            "routing_http_response_x_frame_options_header_value": "",
            "ssl_policy": "",
            "tags": null,
            "tags_all": {},
            "tcp_idle_timeout_seconds": null,
            "timeouts": null
          },
          "sensitive_attributes": [],
          "identity_schema_version": 0,
          "identity": {
            "arn": "arn:aws:elasticloadbalancing:ap-southeast-1:810421502375:listener/app/statement-alb/e17bea7b48ae5d0a/421d02f49424776c"
          },
          "private": "eyJlMmJmYjczMC1lY2FhLTExZTYtOGY4OC0zNDM2M2JjN2M0YzAiOnsiY3JlYXRlIjozMDAwMDAwMDAwMDAsInVwZGF0ZSI6MzAwMDAwMDAwMDAwfX0=",
          "dependencies": [
            "aws_lb.statement",
            "aws_lb_target_group.statement",
            "aws_security_group.statement_alb",
            "aws_subnet.statement_private_a",
            "aws_subnet.statement_private_b",
            "aws_vpc.statement"
          ]
        }
      ]
    },
    {
      "mode": "managed",
      "type": "aws_lb_target_group",
      "name": "account",
      "provider": "provider[\"registry.terraform.io/hashicorp/aws\"]",
      "instances": [
        {
          "schema_version": 0,
          "attributes": {
            "arn": "arn:aws:elasticloadbalancing:ap-southeast-1:810421502375:targetgroup/account-tg/90f42bf1e6d1ac7a",
            "arn_suffix": "targetgroup/account-tg/90f42bf1e6d1ac7a",
            "connection_termination": null,
            "deregistration_delay": "300",
            "health_check": [
              {
                "enabled": true,
                "healthy_threshold": 2,
                "interval": 30,
                "matcher": "200",
                "path": "/health",
                "port": "traffic-port",
                "protocol": "HTTP",
                "timeout": 5,
                "unhealthy_threshold": 2
              }
            ],
            "id": "arn:aws:elasticloadbalancing:ap-southeast-1:810421502375:targetgroup/account-tg/90f42bf1e6d1ac7a",
            "ip_address_type": "ipv4",
            "lambda_multi_value_headers_enabled": false,
            "load_balancer_arns": [],
            "load_balancing_algorithm_type": "round_robin",
            "load_balancing_anomaly_mitigation": "off",
            "load_balancing_cross_zone_enabled": "use_load_balancer_configuration",
            "name": "account-tg",
            "name_prefix": "",
            "port": 8081,
            "preserve_client_ip": null,
            "protocol": "HTTP",
            "protocol_version": "HTTP1",
            "proxy_protocol_v2": false,
            "region": "ap-southeast-1",
            "slow_start": 0,
            "stickiness": [
              {
                "cookie_duration": 86400,
                "cookie_name": "",
                "enabled": false,
                "type": "lb_cookie"
              }
            ],
            "tags": {
              "Name": "account-target-group"
            },
            "tags_all": {
              "Name": "account-target-group"
            },
            "target_control_port": 0,
            "target_failover": [
              {
                "on_deregistration": null,
                "on_unhealthy": null
              }
            ],
            "target_group_health": [
              {
                "dns_failover": [
                  {
                    "minimum_healthy_targets_count": "1",
                    "minimum_healthy_targets_percentage": "off"
                  }
                ],
                "unhealthy_state_routing": [
                  {
                    "minimum_healthy_targets_count": 1,
                    "minimum_healthy_targets_percentage": "off"
                  }
                ]
              }
            ],
            "target_health_state": [
              {
                "enable_unhealthy_connection_termination": null,
                "unhealthy_draining_interval": null
              }
            ],
            "target_type": "instance",
            "vpc_id": "vpc-0632725e3e7e16986"
          },
          "sensitive_attributes": [],
          "identity_schema_version": 0,
          "identity": {
            "arn": "arn:aws:elasticloadbalancing:ap-southeast-1:810421502375:targetgroup/account-tg/90f42bf1e6d1ac7a"
          },
          "private": "bnVsbA==",
          "dependencies": [
            "aws_vpc.account"
          ]
        }
      ]
    },
    {
      "mode": "managed",
      "type": "aws_lb_target_group",
      "name": "customer_profile",
      "provider": "provider[\"registry.terraform.io/hashicorp/aws\"]",
      "instances": [
        {
          "schema_version": 0,
          "attributes": {
            "arn": "arn:aws:elasticloadbalancing:ap-southeast-1:810421502375:targetgroup/customer-profile-tg/dfd7f297ac6d4af5",
            "arn_suffix": "targetgroup/customer-profile-tg/dfd7f297ac6d4af5",
            "connection_termination": null,
            "deregistration_delay": "300",
            "health_check": [
              {
                "enabled": true,
                "healthy_threshold": 2,
                "interval": 30,
                "matcher": "200",
                "path": "/health",
                "port": "traffic-port",
                "protocol": "HTTP",
                "timeout": 5,
                "unhealthy_threshold": 2
              }
            ],
            "id": "arn:aws:elasticloadbalancing:ap-southeast-1:810421502375:targetgroup/customer-profile-tg/dfd7f297ac6d4af5",
            "ip_address_type": "ipv4",
            "lambda_multi_value_headers_enabled": false,
            "load_balancer_arns": [],
            "load_balancing_algorithm_type": "round_robin",
            "load_balancing_anomaly_mitigation": "off",
            "load_balancing_cross_zone_enabled": "use_load_balancer_configuration",
            "name": "customer-profile-tg",
            "name_prefix": "",
            "port": 8080,
            "preserve_client_ip": null,
            "protocol": "HTTP",
            "protocol_version": "HTTP1",
            "proxy_protocol_v2": false,
            "region": "ap-southeast-1",
            "slow_start": 0,
            "stickiness": [
              {
                "cookie_duration": 86400,
                "cookie_name": "",
                "enabled": false,
                "type": "lb_cookie"
              }
            ],
            "tags": {
              "Name": "customer-profile-target-group"
            },
            "tags_all": {
              "Name": "customer-profile-target-group"
            },
            "target_control_port": 0,
            "target_failover": [
              {
                "on_deregistration": null,
                "on_unhealthy": null
              }
            ],
            "target_group_health": [
              {
                "dns_failover": [
                  {
                    "minimum_healthy_targets_count": "1",
                    "minimum_healthy_targets_percentage": "off"
                  }
                ],
                "unhealthy_state_routing": [
                  {
                    "minimum_healthy_targets_count": 1,
                    "minimum_healthy_targets_percentage": "off"
                  }
                ]
              }
            ],
            "target_health_state": [
              {
                "enable_unhealthy_connection_termination": null,
                "unhealthy_draining_interval": null
              }
            ],
            "target_type": "instance",
            "vpc_id": "vpc-018b20685283399fb"
          },
          "sensitive_attributes": [],
          "identity_schema_version": 0,
          "identity": {
            "arn": "arn:aws:elasticloadbalancing:ap-southeast-1:810421502375:targetgroup/customer-profile-tg/dfd7f297ac6d4af5"
          },
          "private": "bnVsbA==",
          "dependencies": [
            "aws_vpc.customer-profile"
          ]
        }
      ]
    },
    {
      "mode": "managed",
      "type": "aws_lb_target_group",
      "name": "statement",
      "provider": "provider[\"registry.terraform.io/hashicorp/aws\"]",
      "instances": [
        {
          "schema_version": 0,
          "attributes": {
            "arn": "arn:aws:elasticloadbalancing:ap-southeast-1:810421502375:targetgroup/statement-tg/8aab6d959900c722",
            "arn_suffix": "targetgroup/statement-tg/8aab6d959900c722",
            "connection_termination": null,
            "deregistration_delay": "300",
            "health_check": [
              {
                "enabled": true,
                "healthy_threshold": 2,
                "interval": 30,
                "matcher": "200",
                "path": "/health",
                "port": "traffic-port",
                "protocol": "HTTP",
                "timeout": 5,
                "unhealthy_threshold": 2
              }
            ],
            "id": "arn:aws:elasticloadbalancing:ap-southeast-1:810421502375:targetgroup/statement-tg/8aab6d959900c722",
            "ip_address_type": "ipv4",
            "lambda_multi_value_headers_enabled": false,
            "load_balancer_arns": [],
            "load_balancing_algorithm_type": "round_robin",
            "load_balancing_anomaly_mitigation": "off",
            "load_balancing_cross_zone_enabled": "use_load_balancer_configuration",
            "name": "statement-tg",
            "name_prefix": "",
            "port": 8082,
            "preserve_client_ip": null,
            "protocol": "HTTP",
            "protocol_version": "HTTP1",
            "proxy_protocol_v2": false,
            "region": "ap-southeast-1",
            "slow_start": 0,
            "stickiness": [
              {
                "cookie_duration": 86400,
                "cookie_name": "",
                "enabled": false,
                "type": "lb_cookie"
              }
            ],
            "tags": {
              "Name": "statement-target-group"
            },
            "tags_all": {
              "Name": "statement-target-group"
            },
            "target_control_port": 0,
            "target_failover": [
              {
                "on_deregistration": null,
                "on_unhealthy": null
              }
            ],
            "target_group_health": [
              {
                "dns_failover": [
                  {
                    "minimum_healthy_targets_count": "1",
                    "minimum_healthy_targets_percentage": "off"
                  }
                ],
                "unhealthy_state_routing": [
                  {
                    "minimum_healthy_targets_count": 1,
                    "minimum_healthy_targets_percentage": "off"
                  }
                ]
              }
            ],
            "target_health_state": [
              {
                "enable_unhealthy_connection_termination": null,
                "unhealthy_draining_interval": null
              }
            ],
            "target_type": "instance",
            "vpc_id": "vpc-027314d43b1997e4f"
          },
          "sensitive_attributes": [],
          "identity_schema_version": 0,
          "identity": {
            "arn": "arn:aws:elasticloadbalancing:ap-southeast-1:810421502375:targetgroup/statement-tg/8aab6d959900c722"
          },
          "private": "bnVsbA==",
          "dependencies": [
            "aws_vpc.statement"
          ]
        }
      ]
    },
    {
      "mode": "managed",
      "type": "aws_lb_target_group_attachment",
      "name": "account_a",
      "provider": "provider[\"registry.terraform.io/hashicorp/aws\"]",
      "instances": [
        {
          "schema_version": 0,
          "attributes": {
            "availability_zone": null,
            "id": "arn:aws:elasticloadbalancing:ap-southeast-1:810421502375:targetgroup/account-tg/90f42bf1e6d1ac7a,i-02d6e6b4375e49397,8081",
            "port": 8081,
            "quic_server_id": null,
            "region": "ap-southeast-1",
            "target_group_arn": "arn:aws:elasticloadbalancing:ap-southeast-1:810421502375:targetgroup/account-tg/90f42bf1e6d1ac7a",
            "target_id": "i-02d6e6b4375e49397"
          },
          "sensitive_attributes": [],
          "identity_schema_version": 0,
          "identity": {
            "account_id": "810421502375",
            "availability_zone": null,
            "port": 8081,
            "quic_server_id": null,
            "region": "ap-southeast-1",
            "target_group_arn": "arn:aws:elasticloadbalancing:ap-southeast-1:810421502375:targetgroup/account-tg/90f42bf1e6d1ac7a",
            "target_id": "i-02d6e6b4375e49397"
          },
          "private": "bnVsbA==",
          "dependencies": [
            "aws_instance.account_app_a",
            "aws_instance.statement_app_a",
            "aws_instance.statement_app_b",
            "aws_key_pair.fake_service_app",
            "aws_lb.statement",
            "aws_lb_target_group.account",
            "aws_security_group.account_alb",
            "aws_security_group.account_ec2",
            "aws_security_group.statement_alb",
            "aws_security_group.statement_ec2",
            "aws_subnet.account_private_a",
            "aws_subnet.statement_private_a",
            "aws_subnet.statement_private_b",
            "aws_vpc.account",
            "aws_vpc.statement",
            "data.aws_ami.ubuntu",
            "tls_private_key.fake_service_app"
          ]
        }
      ]
    },
    {
      "mode": "managed",
      "type": "aws_lb_target_group_attachment",
      "name": "account_b",
      "provider": "provider[\"registry.terraform.io/hashicorp/aws\"]",
      "instances": [
        {
          "schema_version": 0,
          "attributes": {
            "availability_zone": null,
            "id": "arn:aws:elasticloadbalancing:ap-southeast-1:810421502375:targetgroup/account-tg/90f42bf1e6d1ac7a,i-0e57cbc42da5f8760,8081",
            "port": 8081,
            "quic_server_id": null,
            "region": "ap-southeast-1",
            "target_group_arn": "arn:aws:elasticloadbalancing:ap-southeast-1:810421502375:targetgroup/account-tg/90f42bf1e6d1ac7a",
            "target_id": "i-0e57cbc42da5f8760"
          },
          "sensitive_attributes": [],
          "identity_schema_version": 0,
          "identity": {
            "account_id": "810421502375",
            "availability_zone": null,
            "port": 8081,
            "quic_server_id": null,
            "region": "ap-southeast-1",
            "target_group_arn": "arn:aws:elasticloadbalancing:ap-southeast-1:810421502375:targetgroup/account-tg/90f42bf1e6d1ac7a",
            "target_id": "i-0e57cbc42da5f8760"
          },
          "private": "bnVsbA==",
          "dependencies": [
            "aws_instance.account_app_b",
            "aws_instance.statement_app_a",
            "aws_instance.statement_app_b",
            "aws_key_pair.fake_service_app",
            "aws_lb.statement",
            "aws_lb_target_group.account",
            "aws_security_group.account_alb",
            "aws_security_group.account_ec2",
            "aws_security_group.statement_alb",
            "aws_security_group.statement_ec2",
            "aws_subnet.account_private_b",
            "aws_subnet.statement_private_a",
            "aws_subnet.statement_private_b",
            "aws_vpc.account",
            "aws_vpc.statement",
            "data.aws_ami.ubuntu",
            "tls_private_key.fake_service_app"
          ]
        }
      ]
    },
    {
      "mode": "managed",
      "type": "aws_lb_target_group_attachment",
      "name": "customer_profile_a",
      "provider": "provider[\"registry.terraform.io/hashicorp/aws\"]",
      "instances": [
        {
          "schema_version": 0,
          "attributes": {
            "availability_zone": null,
            "id": "arn:aws:elasticloadbalancing:ap-southeast-1:810421502375:targetgroup/customer-profile-tg/dfd7f297ac6d4af5,i-056d6a517f51f50ec,8080",
            "port": 8080,
            "quic_server_id": null,
            "region": "ap-southeast-1",
            "target_group_arn": "arn:aws:elasticloadbalancing:ap-southeast-1:810421502375:targetgroup/customer-profile-tg/dfd7f297ac6d4af5",
            "target_id": "i-056d6a517f51f50ec"
          },
          "sensitive_attributes": [],
          "identity_schema_version": 0,
          "identity": {
            "account_id": "810421502375",
            "availability_zone": null,
            "port": 8080,
            "quic_server_id": null,
            "region": "ap-southeast-1",
            "target_group_arn": "arn:aws:elasticloadbalancing:ap-southeast-1:810421502375:targetgroup/customer-profile-tg/dfd7f297ac6d4af5",
            "target_id": "i-056d6a517f51f50ec"
          },
          "private": "bnVsbA==",
          "dependencies": [
            "aws_instance.account_app_a",
            "aws_instance.account_app_b",
            "aws_instance.customer_profile_app_a",
            "aws_instance.statement_app_a",
            "aws_instance.statement_app_b",
            "aws_key_pair.fake_service_app",
            "aws_lb.account",
            "aws_lb.statement",
            "aws_lb_target_group.customer_profile",
            "aws_security_group.account_alb",
            "aws_security_group.account_ec2",
            "aws_security_group.bastion",
            "aws_security_group.customer_profile_alb",
            "aws_security_group.customer_profile_ec2",
            "aws_security_group.statement_alb",
            "aws_security_group.statement_ec2",
            "aws_subnet.account_private_a",
            "aws_subnet.account_private_b",
            "aws_subnet.customer_private_a",
            "aws_subnet.statement_private_a",
            "aws_subnet.statement_private_b",
            "aws_vpc.account",
            "aws_vpc.customer-profile",
            "aws_vpc.statement",
            "data.aws_ami.ubuntu",
            "tls_private_key.fake_service_app"
          ]
        }
      ]
    },
    {
      "mode": "managed",
      "type": "aws_lb_target_group_attachment",
      "name": "customer_profile_b",
      "provider": "provider[\"registry.terraform.io/hashicorp/aws\"]",
      "instances": [
        {
          "schema_version": 0,
          "attributes": {
            "availability_zone": null,
            "id": "arn:aws:elasticloadbalancing:ap-southeast-1:810421502375:targetgroup/customer-profile-tg/dfd7f297ac6d4af5,i-0a00396ac47b05f78,8080",
            "port": 8080,
            "quic_server_id": null,
            "region": "ap-southeast-1",
            "target_group_arn": "arn:aws:elasticloadbalancing:ap-southeast-1:810421502375:targetgroup/customer-profile-tg/dfd7f297ac6d4af5",
            "target_id": "i-0a00396ac47b05f78"
          },
          "sensitive_attributes": [],
          "identity_schema_version": 0,
          "identity": {
            "account_id": "810421502375",
            "availability_zone": null,
            "port": 8080,
            "quic_server_id": null,
            "region": "ap-southeast-1",
            "target_group_arn": "arn:aws:elasticloadbalancing:ap-southeast-1:810421502375:targetgroup/customer-profile-tg/dfd7f297ac6d4af5",
            "target_id": "i-0a00396ac47b05f78"
          },
          "private": "bnVsbA==",
          "dependencies": [
            "aws_instance.account_app_a",
            "aws_instance.account_app_b",
            "aws_instance.customer_profile_app_b",
            "aws_instance.statement_app_a",
            "aws_instance.statement_app_b",
            "aws_key_pair.fake_service_app",
            "aws_lb.account",
            "aws_lb.statement",
            "aws_lb_target_group.customer_profile",
            "aws_security_group.account_alb",
            "aws_security_group.account_ec2",
            "aws_security_group.bastion",
            "aws_security_group.customer_profile_alb",
            "aws_security_group.customer_profile_ec2",
            "aws_security_group.statement_alb",
            "aws_security_group.statement_ec2",
            "aws_subnet.account_private_a",
            "aws_subnet.account_private_b",
            "aws_subnet.customer_private_b",
            "aws_subnet.statement_private_a",
            "aws_subnet.statement_private_b",
            "aws_vpc.account",
            "aws_vpc.customer-profile",
            "aws_vpc.statement",
            "data.aws_ami.ubuntu",
            "tls_private_key.fake_service_app"
          ]
        }
      ]
    },
    {
      "mode": "managed",
      "type": "aws_lb_target_group_attachment",
      "name": "statement_a",
      "provider": "provider[\"registry.terraform.io/hashicorp/aws\"]",
      "instances": [
        {
          "schema_version": 0,
          "attributes": {
            "availability_zone": null,
            "id": "arn:aws:elasticloadbalancing:ap-southeast-1:810421502375:targetgroup/statement-tg/8aab6d959900c722,i-060e17be54da4d33c,8082",
            "port": 8082,
            "quic_server_id": null,
            "region": "ap-southeast-1",
            "target_group_arn": "arn:aws:elasticloadbalancing:ap-southeast-1:810421502375:targetgroup/statement-tg/8aab6d959900c722",
            "target_id": "i-060e17be54da4d33c"
          },
          "sensitive_attributes": [],
          "identity_schema_version": 0,
          "identity": {
            "account_id": "810421502375",
            "availability_zone": null,
            "port": 8082,
            "quic_server_id": null,
            "region": "ap-southeast-1",
            "target_group_arn": "arn:aws:elasticloadbalancing:ap-southeast-1:810421502375:targetgroup/statement-tg/8aab6d959900c722",
            "target_id": "i-060e17be54da4d33c"
          },
          "private": "bnVsbA==",
          "dependencies": [
            "aws_instance.statement_app_a",
            "aws_key_pair.fake_service_app",
            "aws_lb_target_group.statement",
            "aws_security_group.statement_alb",
            "aws_security_group.statement_ec2",
            "aws_subnet.statement_private_a",
            "aws_vpc.statement",
            "data.aws_ami.ubuntu",
            "tls_private_key.fake_service_app"
          ]
        }
      ]
    },
    {
      "mode": "managed",
      "type": "aws_lb_target_group_attachment",
      "name": "statement_b",
      "provider": "provider[\"registry.terraform.io/hashicorp/aws\"]",
      "instances": [
        {
          "schema_version": 0,
          "attributes": {
            "availability_zone": null,
            "id": "arn:aws:elasticloadbalancing:ap-southeast-1:810421502375:targetgroup/statement-tg/8aab6d959900c722,i-02a93aa48682b4b04,8082",
            "port": 8082,
            "quic_server_id": null,
            "region": "ap-southeast-1",
            "target_group_arn": "arn:aws:elasticloadbalancing:ap-southeast-1:810421502375:targetgroup/statement-tg/8aab6d959900c722",
            "target_id": "i-02a93aa48682b4b04"
          },
          "sensitive_attributes": [],
          "identity_schema_version": 0,
          "identity": {
            "account_id": "810421502375",
            "availability_zone": null,
            "port": 8082,
            "quic_server_id": null,
            "region": "ap-southeast-1",
            "target_group_arn": "arn:aws:elasticloadbalancing:ap-southeast-1:810421502375:targetgroup/statement-tg/8aab6d959900c722",
            "target_id": "i-02a93aa48682b4b04"
          },
          "private": "bnVsbA==",
          "dependencies": [
            "aws_instance.statement_app_b",
            "aws_key_pair.fake_service_app",
            "aws_lb_target_group.statement",
            "aws_security_group.statement_alb",
            "aws_security_group.statement_ec2",
            "aws_subnet.statement_private_b",
            "aws_vpc.statement",
            "data.aws_ami.ubuntu",
            "tls_private_key.fake_service_app"
          ]
        }
      ]
    },
    {
      "mode": "managed",
      "type": "aws_nat_gateway",
      "name": "account",
      "provider": "provider[\"registry.terraform.io/hashicorp/aws\"]",
      "instances": [
        {
          "schema_version": 0,
          "attributes": {
            "allocation_id": "eipalloc-0448ba34286cb0b19",
            "association_id": "eipassoc-01b0be4b29bc19338",
            "auto_provision_zones": null,
            "auto_scaling_ips": null,
            "availability_mode": "zonal",
            "availability_zone_address": [],
            "connectivity_type": "public",
            "id": "nat-0abc56d16cc96c9d0",
            "network_interface_id": "eni-085e02a5ffe7eaa86",
            "private_ip": "172.16.1.152",
            "public_ip": "52.76.63.156",
            "region": "ap-southeast-1",
            "regional_nat_gateway_address": [],
            "regional_nat_gateway_auto_mode": null,
            "route_table_id": null,
            "secondary_allocation_ids": [],
            "secondary_private_ip_address_count": 0,
            "secondary_private_ip_addresses": [],
            "subnet_id": "subnet-0fe014c20331f6d19",
            "tags": null,
            "tags_all": {},
            "timeouts": null,
            "vpc_id": "vpc-0632725e3e7e16986"
          },
          "sensitive_attributes": [],
          "identity_schema_version": 0,
          "identity": {
            "account_id": "810421502375",
            "id": "nat-0abc56d16cc96c9d0",
            "region": "ap-southeast-1"
          },
          "private": "eyJlMmJmYjczMC1lY2FhLTExZTYtOGY4OC0zNDM2M2JjN2M0YzAiOnsiY3JlYXRlIjo2MDAwMDAwMDAwMDAsImRlbGV0ZSI6MTgwMDAwMDAwMDAwMCwidXBkYXRlIjo2MDAwMDAwMDAwMDB9fQ==",
          "dependencies": [
            "aws_eip.account_nat",
            "aws_internet_gateway.account",
            "aws_subnet.account_public_a",
            "aws_vpc.account"
          ]
        }
      ]
    },
    {
      "mode": "managed",
      "type": "aws_nat_gateway",
      "name": "customer",
      "provider": "provider[\"registry.terraform.io/hashicorp/aws\"]",
      "instances": [
        {
          "schema_version": 0,
          "attributes": {
            "allocation_id": "eipalloc-07ff4cfb6c9be8842",
            "association_id": "eipassoc-07f9adef135c14fd9",
            "auto_provision_zones": null,
            "auto_scaling_ips": null,
            "availability_mode": "zonal",
            "availability_zone_address": [],
            "connectivity_type": "public",
            "id": "nat-0570916f043e7e162",
            "network_interface_id": "eni-00bb4da7231a9c542",
            "private_ip": "10.0.1.38",
            "public_ip": "52.220.115.27",
            "region": "ap-southeast-1",
            "regional_nat_gateway_address": [],
            "regional_nat_gateway_auto_mode": null,
            "route_table_id": null,
            "secondary_allocation_ids": [],
            "secondary_private_ip_address_count": 0,
            "secondary_private_ip_addresses": [],
            "subnet_id": "subnet-09cf2c69cd87bad18",
            "tags": null,
            "tags_all": {},
            "timeouts": null,
            "vpc_id": "vpc-018b20685283399fb"
          },
          "sensitive_attributes": [],
          "identity_schema_version": 0,
          "identity": {
            "account_id": "810421502375",
            "id": "nat-0570916f043e7e162",
            "region": "ap-southeast-1"
          },
          "private": "eyJlMmJmYjczMC1lY2FhLTExZTYtOGY4OC0zNDM2M2JjN2M0YzAiOnsiY3JlYXRlIjo2MDAwMDAwMDAwMDAsImRlbGV0ZSI6MTgwMDAwMDAwMDAwMCwidXBkYXRlIjo2MDAwMDAwMDAwMDB9fQ==",
          "dependencies": [
            "aws_eip.customer_nat",
            "aws_internet_gateway.customer-profile",
            "aws_subnet.customer_public_a",
            "aws_vpc.customer-profile"
          ]
        }
      ]
    },
    {
      "mode": "managed",
      "type": "aws_nat_gateway",
      "name": "statement",
      "provider": "provider[\"registry.terraform.io/hashicorp/aws\"]",
      "instances": [
        {
          "schema_version": 0,
          "attributes": {
            "allocation_id": "eipalloc-04e5f3982dc1ef584",
            "association_id": "eipassoc-07ba765173b0e9fef",
            "auto_provision_zones": null,
            "auto_scaling_ips": null,
            "availability_mode": "zonal",
            "availability_zone_address": [],
            "connectivity_type": "public",
            "id": "nat-05c193f570fdb3432",
            "network_interface_id": "eni-0b3dce2ee786f2f9b",
            "private_ip": "192.168.1.211",
            "public_ip": "3.1.125.218",
            "region": "ap-southeast-1",
            "regional_nat_gateway_address": [],
            "regional_nat_gateway_auto_mode": null,
            "route_table_id": null,
            "secondary_allocation_ids": [],
            "secondary_private_ip_address_count": 0,
            "secondary_private_ip_addresses": [],
            "subnet_id": "subnet-0f8d168e8723ea37a",
            "tags": null,
            "tags_all": {},
            "timeouts": null,
            "vpc_id": "vpc-027314d43b1997e4f"
          },
          "sensitive_attributes": [],
          "identity_schema_version": 0,
          "identity": {
            "account_id": "810421502375",
            "id": "nat-05c193f570fdb3432",
            "region": "ap-southeast-1"
          },
          "private": "eyJlMmJmYjczMC1lY2FhLTExZTYtOGY4OC0zNDM2M2JjN2M0YzAiOnsiY3JlYXRlIjo2MDAwMDAwMDAwMDAsImRlbGV0ZSI6MTgwMDAwMDAwMDAwMCwidXBkYXRlIjo2MDAwMDAwMDAwMDB9fQ==",
          "dependencies": [
            "aws_eip.statement_nat",
            "aws_internet_gateway.statement",
            "aws_subnet.statement_public_a",
            "aws_vpc.statement"
          ]
        }
      ]
    },
    {
      "mode": "managed",
      "type": "aws_route_table",
      "name": "account_private",
      "provider": "provider[\"registry.terraform.io/hashicorp/aws\"]",
      "instances": [
        {
          "schema_version": 0,
          "attributes": {
            "arn": "arn:aws:ec2:ap-southeast-1:810421502375:route-table/rtb-00b3079569d9cf610",
            "id": "rtb-00b3079569d9cf610",
            "owner_id": "810421502375",
            "propagating_vgws": [],
            "region": "ap-southeast-1",
            "route": [
              {
                "carrier_gateway_id": "",
                "cidr_block": "0.0.0.0/0",
                "core_network_arn": "",
                "destination_prefix_list_id": "",
                "egress_only_gateway_id": "",
                "gateway_id": "",
                "ipv6_cidr_block": "",
                "local_gateway_id": "",
                "nat_gateway_id": "nat-0abc56d16cc96c9d0",
                "network_interface_id": "",
                "odb_network_arn": "",
                "transit_gateway_id": "",
                "vpc_endpoint_id": "",
                "vpc_peering_connection_id": ""
              },
              {
                "carrier_gateway_id": "",
                "cidr_block": "10.0.0.0/16",
                "core_network_arn": "",
                "destination_prefix_list_id": "",
                "egress_only_gateway_id": "",
                "gateway_id": "",
                "ipv6_cidr_block": "",
                "local_gateway_id": "",
                "nat_gateway_id": "",
                "network_interface_id": "",
                "odb_network_arn": "",
                "transit_gateway_id": "",
                "vpc_endpoint_id": "",
                "vpc_peering_connection_id": "pcx-02bd8a5afaa2792ba"
              },
              {
                "carrier_gateway_id": "",
                "cidr_block": "192.168.0.0/16",
                "core_network_arn": "",
                "destination_prefix_list_id": "",
                "egress_only_gateway_id": "",
                "gateway_id": "",
                "ipv6_cidr_block": "",
                "local_gateway_id": "",
                "nat_gateway_id": "",
                "network_interface_id": "",
                "odb_network_arn": "",
                "transit_gateway_id": "",
                "vpc_endpoint_id": "",
                "vpc_peering_connection_id": "pcx-004e272d2a1f08343"
              }
            ],
            "tags": {
              "Name": "account-private-rt"
            },
            "tags_all": {
              "Name": "account-private-rt"
            },
            "timeouts": null,
            "vpc_id": "vpc-0632725e3e7e16986"
          },
          "sensitive_attributes": [],
          "identity_schema_version": 0,
          "identity": {
            "account_id": "810421502375",
            "id": "rtb-00b3079569d9cf610",
            "region": "ap-southeast-1"
          },
          "private": "eyJlMmJmYjczMC1lY2FhLTExZTYtOGY4OC0zNDM2M2JjN2M0YzAiOnsiY3JlYXRlIjozMDAwMDAwMDAwMDAsImRlbGV0ZSI6MzAwMDAwMDAwMDAwLCJ1cGRhdGUiOjEyMDAwMDAwMDAwMH19",
          "dependencies": [
            "aws_eip.account_nat",
            "aws_internet_gateway.account",
            "aws_nat_gateway.account",
            "aws_subnet.account_public_a",
            "aws_vpc.account",
            "aws_vpc.customer-profile",
            "aws_vpc.statement",
            "aws_vpc_peering_connection.account_statement",
            "aws_vpc_peering_connection.customer_account"
          ]
        }
      ]
    },
    {
      "mode": "managed",
      "type": "aws_route_table",
      "name": "account_public",
      "provider": "provider[\"registry.terraform.io/hashicorp/aws\"]",
      "instances": [
        {
          "schema_version": 0,
          "attributes": {
            "arn": "arn:aws:ec2:ap-southeast-1:810421502375:route-table/rtb-0b0fb7bc2477713e7",
            "id": "rtb-0b0fb7bc2477713e7",
            "owner_id": "810421502375",
            "propagating_vgws": [],
            "region": "ap-southeast-1",
            "route": [
              {
                "carrier_gateway_id": "",
                "cidr_block": "0.0.0.0/0",
                "core_network_arn": "",
                "destination_prefix_list_id": "",
                "egress_only_gateway_id": "",
                "gateway_id": "igw-05e4379de4b1224e3",
                "ipv6_cidr_block": "",
                "local_gateway_id": "",
                "nat_gateway_id": "",
                "network_interface_id": "",
                "odb_network_arn": "",
                "transit_gateway_id": "",
                "vpc_endpoint_id": "",
                "vpc_peering_connection_id": ""
              },
              {
                "carrier_gateway_id": "",
                "cidr_block": "10.0.0.0/16",
                "core_network_arn": "",
                "destination_prefix_list_id": "",
                "egress_only_gateway_id": "",
                "gateway_id": "",
                "ipv6_cidr_block": "",
                "local_gateway_id": "",
                "nat_gateway_id": "",
                "network_interface_id": "",
                "odb_network_arn": "",
                "transit_gateway_id": "",
                "vpc_endpoint_id": "",
                "vpc_peering_connection_id": "pcx-02bd8a5afaa2792ba"
              }
            ],
            "tags": {
              "Name": "account-public-rt"
            },
            "tags_all": {
              "Name": "account-public-rt"
            },
            "timeouts": null,
            "vpc_id": "vpc-0632725e3e7e16986"
          },
          "sensitive_attributes": [],
          "identity_schema_version": 0,
          "identity": {
            "account_id": "810421502375",
            "id": "rtb-0b0fb7bc2477713e7",
            "region": "ap-southeast-1"
          },
          "private": "eyJlMmJmYjczMC1lY2FhLTExZTYtOGY4OC0zNDM2M2JjN2M0YzAiOnsiY3JlYXRlIjozMDAwMDAwMDAwMDAsImRlbGV0ZSI6MzAwMDAwMDAwMDAwLCJ1cGRhdGUiOjEyMDAwMDAwMDAwMH19",
          "dependencies": [
            "aws_internet_gateway.account",
            "aws_vpc.account",
            "aws_vpc.customer-profile",
            "aws_vpc_peering_connection.customer_account"
          ]
        }
      ]
    },
    {
      "mode": "managed",
      "type": "aws_route_table",
      "name": "customer_private",
      "provider": "provider[\"registry.terraform.io/hashicorp/aws\"]",
      "instances": [
        {
          "schema_version": 0,
          "attributes": {
            "arn": "arn:aws:ec2:ap-southeast-1:810421502375:route-table/rtb-0d037e469ad2788a8",
            "id": "rtb-0d037e469ad2788a8",
            "owner_id": "810421502375",
            "propagating_vgws": [],
            "region": "ap-southeast-1",
            "route": [
              {
                "carrier_gateway_id": "",
                "cidr_block": "0.0.0.0/0",
                "core_network_arn": "",
                "destination_prefix_list_id": "",
                "egress_only_gateway_id": "",
                "gateway_id": "",
                "ipv6_cidr_block": "",
                "local_gateway_id": "",
                "nat_gateway_id": "nat-0570916f043e7e162",
                "network_interface_id": "",
                "odb_network_arn": "",
                "transit_gateway_id": "",
                "vpc_endpoint_id": "",
                "vpc_peering_connection_id": ""
              },
              {
                "carrier_gateway_id": "",
                "cidr_block": "172.16.0.0/16",
                "core_network_arn": "",
                "destination_prefix_list_id": "",
                "egress_only_gateway_id": "",
                "gateway_id": "",
                "ipv6_cidr_block": "",
                "local_gateway_id": "",
                "nat_gateway_id": "",
                "network_interface_id": "",
                "odb_network_arn": "",
                "transit_gateway_id": "",
                "vpc_endpoint_id": "",
                "vpc_peering_connection_id": "pcx-02bd8a5afaa2792ba"
              }
            ],
            "tags": {
              "Name": "customer-profile-private-rt"
            },
            "tags_all": {
              "Name": "customer-profile-private-rt"
            },
            "timeouts": null,
            "vpc_id": "vpc-018b20685283399fb"
          },
          "sensitive_attributes": [],
          "identity_schema_version": 0,
          "identity": {
            "account_id": "810421502375",
            "id": "rtb-0d037e469ad2788a8",
            "region": "ap-southeast-1"
          },
          "private": "eyJlMmJmYjczMC1lY2FhLTExZTYtOGY4OC0zNDM2M2JjN2M0YzAiOnsiY3JlYXRlIjozMDAwMDAwMDAwMDAsImRlbGV0ZSI6MzAwMDAwMDAwMDAwLCJ1cGRhdGUiOjEyMDAwMDAwMDAwMH19",
          "dependencies": [
            "aws_eip.customer_nat",
            "aws_internet_gateway.customer-profile",
            "aws_nat_gateway.customer",
            "aws_subnet.customer_public_a",
            "aws_vpc.account",
            "aws_vpc.customer-profile",
            "aws_vpc_peering_connection.customer_account"
          ]
        }
      ]
    },
    {
      "mode": "managed",
      "type": "aws_route_table",
      "name": "customer_public",
      "provider": "provider[\"registry.terraform.io/hashicorp/aws\"]",
      "instances": [
        {
          "schema_version": 0,
          "attributes": {
            "arn": "arn:aws:ec2:ap-southeast-1:810421502375:route-table/rtb-08efc7cfc71c3041a",
            "id": "rtb-08efc7cfc71c3041a",
            "owner_id": "810421502375",
            "propagating_vgws": [],
            "region": "ap-southeast-1",
            "route": [
              {
                "carrier_gateway_id": "",
                "cidr_block": "0.0.0.0/0",
                "core_network_arn": "",
                "destination_prefix_list_id": "",
                "egress_only_gateway_id": "",
                "gateway_id": "igw-0ff4e724c69944fdf",
                "ipv6_cidr_block": "",
                "local_gateway_id": "",
                "nat_gateway_id": "",
                "network_interface_id": "",
                "odb_network_arn": "",
                "transit_gateway_id": "",
                "vpc_endpoint_id": "",
                "vpc_peering_connection_id": ""
              },
              {
                "carrier_gateway_id": "",
                "cidr_block": "172.16.0.0/16",
                "core_network_arn": "",
                "destination_prefix_list_id": "",
                "egress_only_gateway_id": "",
                "gateway_id": "",
                "ipv6_cidr_block": "",
                "local_gateway_id": "",
                "nat_gateway_id": "",
                "network_interface_id": "",
                "odb_network_arn": "",
                "transit_gateway_id": "",
                "vpc_endpoint_id": "",
                "vpc_peering_connection_id": "pcx-02bd8a5afaa2792ba"
              }
            ],
            "tags": {
              "Name": "customer-profile-public-rt"
            },
            "tags_all": {
              "Name": "customer-profile-public-rt"
            },
            "timeouts": null,
            "vpc_id": "vpc-018b20685283399fb"
          },
          "sensitive_attributes": [],
          "identity_schema_version": 0,
          "identity": {
            "account_id": "810421502375",
            "id": "rtb-08efc7cfc71c3041a",
            "region": "ap-southeast-1"
          },
          "private": "eyJlMmJmYjczMC1lY2FhLTExZTYtOGY4OC0zNDM2M2JjN2M0YzAiOnsiY3JlYXRlIjozMDAwMDAwMDAwMDAsImRlbGV0ZSI6MzAwMDAwMDAwMDAwLCJ1cGRhdGUiOjEyMDAwMDAwMDAwMH19",
          "dependencies": [
            "aws_internet_gateway.customer-profile",
            "aws_vpc.account",
            "aws_vpc.customer-profile",
            "aws_vpc_peering_connection.customer_account"
          ]
        }
      ]
    },
    {
      "mode": "managed",
      "type": "aws_route_table",
      "name": "statement_private",
      "provider": "provider[\"registry.terraform.io/hashicorp/aws\"]",
      "instances": [
        {
          "schema_version": 0,
          "attributes": {
            "arn": "arn:aws:ec2:ap-southeast-1:810421502375:route-table/rtb-0eadf738b870ec8c0",
            "id": "rtb-0eadf738b870ec8c0",
            "owner_id": "810421502375",
            "propagating_vgws": [],
            "region": "ap-southeast-1",
            "route": [
              {
                "carrier_gateway_id": "",
                "cidr_block": "0.0.0.0/0",
                "core_network_arn": "",
                "destination_prefix_list_id": "",
                "egress_only_gateway_id": "",
                "gateway_id": "",
                "ipv6_cidr_block": "",
                "local_gateway_id": "",
                "nat_gateway_id": "nat-05c193f570fdb3432",
                "network_interface_id": "",
                "odb_network_arn": "",
                "transit_gateway_id": "",
                "vpc_endpoint_id": "",
                "vpc_peering_connection_id": ""
              },
              {
                "carrier_gateway_id": "",
                "cidr_block": "172.16.0.0/16",
                "core_network_arn": "",
                "destination_prefix_list_id": "",
                "egress_only_gateway_id": "",
                "gateway_id": "",
                "ipv6_cidr_block": "",
                "local_gateway_id": "",
                "nat_gateway_id": "",
                "network_interface_id": "",
                "odb_network_arn": "",
                "transit_gateway_id": "",
                "vpc_endpoint_id": "",
                "vpc_peering_connection_id": "pcx-004e272d2a1f08343"
              }
            ],
            "tags": {
              "Name": "statement-private-rt"
            },
            "tags_all": {
              "Name": "statement-private-rt"
            },
            "timeouts": null,
            "vpc_id": "vpc-027314d43b1997e4f"
          },
          "sensitive_attributes": [],
          "identity_schema_version": 0,
          "identity": {
            "account_id": "810421502375",
            "id": "rtb-0eadf738b870ec8c0",
            "region": "ap-southeast-1"
          },
          "private": "eyJlMmJmYjczMC1lY2FhLTExZTYtOGY4OC0zNDM2M2JjN2M0YzAiOnsiY3JlYXRlIjozMDAwMDAwMDAwMDAsImRlbGV0ZSI6MzAwMDAwMDAwMDAwLCJ1cGRhdGUiOjEyMDAwMDAwMDAwMH19",
          "dependencies": [
            "aws_eip.statement_nat",
            "aws_internet_gateway.statement",
            "aws_nat_gateway.statement",
            "aws_subnet.statement_public_a",
            "aws_vpc.account",
            "aws_vpc.statement",
            "aws_vpc_peering_connection.account_statement"
          ]
        }
      ]
    },
    {
      "mode": "managed",
      "type": "aws_route_table",
      "name": "statement_public",
      "provider": "provider[\"registry.terraform.io/hashicorp/aws\"]",
      "instances": [
        {
          "schema_version": 0,
          "attributes": {
            "arn": "arn:aws:ec2:ap-southeast-1:810421502375:route-table/rtb-07ad8f2eebd8f477c",
            "id": "rtb-07ad8f2eebd8f477c",
            "owner_id": "810421502375",
            "propagating_vgws": [],
            "region": "ap-southeast-1",
            "route": [
              {
                "carrier_gateway_id": "",
                "cidr_block": "0.0.0.0/0",
                "core_network_arn": "",
                "destination_prefix_list_id": "",
                "egress_only_gateway_id": "",
                "gateway_id": "igw-0c176e25a85f255b2",
                "ipv6_cidr_block": "",
                "local_gateway_id": "",
                "nat_gateway_id": "",
                "network_interface_id": "",
                "odb_network_arn": "",
                "transit_gateway_id": "",
                "vpc_endpoint_id": "",
                "vpc_peering_connection_id": ""
              }
            ],
            "tags": {
              "Name": "statement-public-rt"
            },
            "tags_all": {
              "Name": "statement-public-rt"
            },
            "timeouts": null,
            "vpc_id": "vpc-027314d43b1997e4f"
          },
          "sensitive_attributes": [],
          "identity_schema_version": 0,
          "identity": {
            "account_id": "810421502375",
            "id": "rtb-07ad8f2eebd8f477c",
            "region": "ap-southeast-1"
          },
          "private": "eyJlMmJmYjczMC1lY2FhLTExZTYtOGY4OC0zNDM2M2JjN2M0YzAiOnsiY3JlYXRlIjozMDAwMDAwMDAwMDAsImRlbGV0ZSI6MzAwMDAwMDAwMDAwLCJ1cGRhdGUiOjEyMDAwMDAwMDAwMH19",
          "dependencies": [
            "aws_internet_gateway.statement",
            "aws_vpc.statement"
          ]
        }
      ]
    },
    {
      "mode": "managed",
      "type": "aws_route_table_association",
      "name": "account_private_a",
      "provider": "provider[\"registry.terraform.io/hashicorp/aws\"]",
      "instances": [
        {
          "schema_version": 0,
          "attributes": {
            "gateway_id": "",
            "id": "rtbassoc-0fec3c0b1e5ed1448",
            "region": "ap-southeast-1",
            "route_table_id": "rtb-00b3079569d9cf610",
            "subnet_id": "subnet-0bd32746e67f0fa25",
            "timeouts": null
          },
          "sensitive_attributes": [],
          "identity_schema_version": 0,
          "identity": {
            "account_id": "810421502375",
            "id": "rtbassoc-0fec3c0b1e5ed1448",
            "region": "ap-southeast-1"
          },
          "private": "eyJlMmJmYjczMC1lY2FhLTExZTYtOGY4OC0zNDM2M2JjN2M0YzAiOnsiY3JlYXRlIjozMDAwMDAwMDAwMDAsImRlbGV0ZSI6MzAwMDAwMDAwMDAwLCJ1cGRhdGUiOjEyMDAwMDAwMDAwMH19",
          "dependencies": [
            "aws_eip.account_nat",
            "aws_internet_gateway.account",
            "aws_nat_gateway.account",
            "aws_route_table.account_private",
            "aws_subnet.account_private_a",
            "aws_subnet.account_public_a",
            "aws_vpc.account",
            "aws_vpc.customer-profile",
            "aws_vpc.statement",
            "aws_vpc_peering_connection.account_statement",
            "aws_vpc_peering_connection.customer_account"
          ]
        }
      ]
    },
    {
      "mode": "managed",
      "type": "aws_route_table_association",
      "name": "account_private_b",
      "provider": "provider[\"registry.terraform.io/hashicorp/aws\"]",
      "instances": [
        {
          "schema_version": 0,
          "attributes": {
            "gateway_id": "",
            "id": "rtbassoc-0952c0d36b98c8156",
            "region": "ap-southeast-1",
            "route_table_id": "rtb-00b3079569d9cf610",
            "subnet_id": "subnet-04eceb27106b1349d",
            "timeouts": null
          },
          "sensitive_attributes": [],
          "identity_schema_version": 0,
          "identity": {
            "account_id": "810421502375",
            "id": "rtbassoc-0952c0d36b98c8156",
            "region": "ap-southeast-1"
          },
          "private": "eyJlMmJmYjczMC1lY2FhLTExZTYtOGY4OC0zNDM2M2JjN2M0YzAiOnsiY3JlYXRlIjozMDAwMDAwMDAwMDAsImRlbGV0ZSI6MzAwMDAwMDAwMDAwLCJ1cGRhdGUiOjEyMDAwMDAwMDAwMH19",
          "dependencies": [
            "aws_eip.account_nat",
            "aws_internet_gateway.account",
            "aws_nat_gateway.account",
            "aws_route_table.account_private",
            "aws_subnet.account_private_b",
            "aws_subnet.account_public_a",
            "aws_vpc.account",
            "aws_vpc.customer-profile",
            "aws_vpc.statement",
            "aws_vpc_peering_connection.account_statement",
            "aws_vpc_peering_connection.customer_account"
          ]
        }
      ]
    },
    {
      "mode": "managed",
      "type": "aws_route_table_association",
      "name": "account_public_a",
      "provider": "provider[\"registry.terraform.io/hashicorp/aws\"]",
      "instances": [
        {
          "schema_version": 0,
          "attributes": {
            "gateway_id": "",
            "id": "rtbassoc-00c3e214b7fcf2733",
            "region": "ap-southeast-1",
            "route_table_id": "rtb-0b0fb7bc2477713e7",
            "subnet_id": "subnet-0fe014c20331f6d19",
            "timeouts": null
          },
          "sensitive_attributes": [],
          "identity_schema_version": 0,
          "identity": {
            "account_id": "810421502375",
            "id": "rtbassoc-00c3e214b7fcf2733",
            "region": "ap-southeast-1"
          },
          "private": "eyJlMmJmYjczMC1lY2FhLTExZTYtOGY4OC0zNDM2M2JjN2M0YzAiOnsiY3JlYXRlIjozMDAwMDAwMDAwMDAsImRlbGV0ZSI6MzAwMDAwMDAwMDAwLCJ1cGRhdGUiOjEyMDAwMDAwMDAwMH19",
          "dependencies": [
            "aws_internet_gateway.account",
            "aws_route_table.account_public",
            "aws_subnet.account_public_a",
            "aws_vpc.account",
            "aws_vpc.customer-profile",
            "aws_vpc_peering_connection.customer_account"
          ]
        }
      ]
    },
    {
      "mode": "managed",
      "type": "aws_route_table_association",
      "name": "customer_private_a",
      "provider": "provider[\"registry.terraform.io/hashicorp/aws\"]",
      "instances": [
        {
          "schema_version": 0,
          "attributes": {
            "gateway_id": "",
            "id": "rtbassoc-0f3d96d6e79ed913b",
            "region": "ap-southeast-1",
            "route_table_id": "rtb-0d037e469ad2788a8",
            "subnet_id": "subnet-0cb41861ddf960b46",
            "timeouts": null
          },
          "sensitive_attributes": [],
          "identity_schema_version": 0,
          "identity": {
            "account_id": "810421502375",
            "id": "rtbassoc-0f3d96d6e79ed913b",
            "region": "ap-southeast-1"
          },
          "private": "eyJlMmJmYjczMC1lY2FhLTExZTYtOGY4OC0zNDM2M2JjN2M0YzAiOnsiY3JlYXRlIjozMDAwMDAwMDAwMDAsImRlbGV0ZSI6MzAwMDAwMDAwMDAwLCJ1cGRhdGUiOjEyMDAwMDAwMDAwMH19",
          "dependencies": [
            "aws_eip.customer_nat",
            "aws_internet_gateway.customer-profile",
            "aws_nat_gateway.customer",
            "aws_route_table.customer_private",
            "aws_subnet.customer_private_a",
            "aws_subnet.customer_public_a",
            "aws_vpc.account",
            "aws_vpc.customer-profile",
            "aws_vpc_peering_connection.customer_account"
          ]
        }
      ]
    },
    {
      "mode": "managed",
      "type": "aws_route_table_association",
      "name": "customer_private_b",
      "provider": "provider[\"registry.terraform.io/hashicorp/aws\"]",
      "instances": [
        {
          "schema_version": 0,
          "attributes": {
            "gateway_id": "",
            "id": "rtbassoc-075662da8c53d43cc",
            "region": "ap-southeast-1",
            "route_table_id": "rtb-0d037e469ad2788a8",
            "subnet_id": "subnet-09d00a23cb893a6e4",
            "timeouts": null
          },
          "sensitive_attributes": [],
          "identity_schema_version": 0,
          "identity": {
            "account_id": "810421502375",
            "id": "rtbassoc-075662da8c53d43cc",
            "region": "ap-southeast-1"
          },
          "private": "eyJlMmJmYjczMC1lY2FhLTExZTYtOGY4OC0zNDM2M2JjN2M0YzAiOnsiY3JlYXRlIjozMDAwMDAwMDAwMDAsImRlbGV0ZSI6MzAwMDAwMDAwMDAwLCJ1cGRhdGUiOjEyMDAwMDAwMDAwMH19",
          "dependencies": [
            "aws_eip.customer_nat",
            "aws_internet_gateway.customer-profile",
            "aws_nat_gateway.customer",
            "aws_route_table.customer_private",
            "aws_subnet.customer_private_b",
            "aws_subnet.customer_public_a",
            "aws_vpc.account",
            "aws_vpc.customer-profile",
            "aws_vpc_peering_connection.customer_account"
          ]
        }
      ]
    },
    {
      "mode": "managed",
      "type": "aws_route_table_association",
      "name": "customer_public_a",
      "provider": "provider[\"registry.terraform.io/hashicorp/aws\"]",
      "instances": [
        {
          "schema_version": 0,
          "attributes": {
            "gateway_id": "",
            "id": "rtbassoc-050efc3b1a2f30948",
            "region": "ap-southeast-1",
            "route_table_id": "rtb-08efc7cfc71c3041a",
            "subnet_id": "subnet-09cf2c69cd87bad18",
            "timeouts": null
          },
          "sensitive_attributes": [],
          "identity_schema_version": 0,
          "identity": {
            "account_id": "810421502375",
            "id": "rtbassoc-050efc3b1a2f30948",
            "region": "ap-southeast-1"
          },
          "private": "eyJlMmJmYjczMC1lY2FhLTExZTYtOGY4OC0zNDM2M2JjN2M0YzAiOnsiY3JlYXRlIjozMDAwMDAwMDAwMDAsImRlbGV0ZSI6MzAwMDAwMDAwMDAwLCJ1cGRhdGUiOjEyMDAwMDAwMDAwMH19",
          "dependencies": [
            "aws_internet_gateway.customer-profile",
            "aws_route_table.customer_public",
            "aws_subnet.customer_public_a",
            "aws_vpc.account",
            "aws_vpc.customer-profile",
            "aws_vpc_peering_connection.customer_account"
          ]
        }
      ]
    },
    {
      "mode": "managed",
      "type": "aws_route_table_association",
      "name": "customer_public_b",
      "provider": "provider[\"registry.terraform.io/hashicorp/aws\"]",
      "instances": [
        {
          "schema_version": 0,
          "attributes": {
            "gateway_id": "",
            "id": "rtbassoc-07f8695678a7bcb71",
            "region": "ap-southeast-1",
            "route_table_id": "rtb-08efc7cfc71c3041a",
            "subnet_id": "subnet-0cfdbc43251a9943b",
            "timeouts": null
          },
          "sensitive_attributes": [],
          "identity_schema_version": 0,
          "identity": {
            "account_id": "810421502375",
            "id": "rtbassoc-07f8695678a7bcb71",
            "region": "ap-southeast-1"
          },
          "private": "eyJlMmJmYjczMC1lY2FhLTExZTYtOGY4OC0zNDM2M2JjN2M0YzAiOnsiY3JlYXRlIjozMDAwMDAwMDAwMDAsImRlbGV0ZSI6MzAwMDAwMDAwMDAwLCJ1cGRhdGUiOjEyMDAwMDAwMDAwMH19",
          "dependencies": [
            "aws_internet_gateway.customer-profile",
            "aws_route_table.customer_public",
            "aws_subnet.customer_public_b",
            "aws_vpc.account",
            "aws_vpc.customer-profile",
            "aws_vpc_peering_connection.customer_account"
          ]
        }
      ]
    },
    {
      "mode": "managed",
      "type": "aws_route_table_association",
      "name": "statement_private_a",
      "provider": "provider[\"registry.terraform.io/hashicorp/aws\"]",
      "instances": [
        {
          "schema_version": 0,
          "attributes": {
            "gateway_id": "",
            "id": "rtbassoc-01d7f7c54950f2d47",
            "region": "ap-southeast-1",
            "route_table_id": "rtb-0eadf738b870ec8c0",
            "subnet_id": "subnet-0e89ce4e49a8c86f9",
            "timeouts": null
          },
          "sensitive_attributes": [],
          "identity_schema_version": 0,
          "identity": {
            "account_id": "810421502375",
            "id": "rtbassoc-01d7f7c54950f2d47",
            "region": "ap-southeast-1"
          },
          "private": "eyJlMmJmYjczMC1lY2FhLTExZTYtOGY4OC0zNDM2M2JjN2M0YzAiOnsiY3JlYXRlIjozMDAwMDAwMDAwMDAsImRlbGV0ZSI6MzAwMDAwMDAwMDAwLCJ1cGRhdGUiOjEyMDAwMDAwMDAwMH19",
          "dependencies": [
            "aws_eip.statement_nat",
            "aws_internet_gateway.statement",
            "aws_nat_gateway.statement",
            "aws_route_table.statement_private",
            "aws_subnet.statement_private_a",
            "aws_subnet.statement_public_a",
            "aws_vpc.account",
            "aws_vpc.statement",
            "aws_vpc_peering_connection.account_statement"
          ]
        }
      ]
    },
    {
      "mode": "managed",
      "type": "aws_route_table_association",
      "name": "statement_private_b",
      "provider": "provider[\"registry.terraform.io/hashicorp/aws\"]",
      "instances": [
        {
          "schema_version": 0,
          "attributes": {
            "gateway_id": "",
            "id": "rtbassoc-08cba4d606e34f546",
            "region": "ap-southeast-1",
            "route_table_id": "rtb-0eadf738b870ec8c0",
            "subnet_id": "subnet-053611c42222b0d0a",
            "timeouts": null
          },
          "sensitive_attributes": [],
          "identity_schema_version": 0,
          "identity": {
            "account_id": "810421502375",
            "id": "rtbassoc-08cba4d606e34f546",
            "region": "ap-southeast-1"
          },
          "private": "eyJlMmJmYjczMC1lY2FhLTExZTYtOGY4OC0zNDM2M2JjN2M0YzAiOnsiY3JlYXRlIjozMDAwMDAwMDAwMDAsImRlbGV0ZSI6MzAwMDAwMDAwMDAwLCJ1cGRhdGUiOjEyMDAwMDAwMDAwMH19",
          "dependencies": [
            "aws_eip.statement_nat",
            "aws_internet_gateway.statement",
            "aws_nat_gateway.statement",
            "aws_route_table.statement_private",
            "aws_subnet.statement_private_b",
            "aws_subnet.statement_public_a",
            "aws_vpc.account",
            "aws_vpc.statement",
            "aws_vpc_peering_connection.account_statement"
          ]
        }
      ]
    },
    {
      "mode": "managed",
      "type": "aws_route_table_association",
      "name": "statement_public_a",
      "provider": "provider[\"registry.terraform.io/hashicorp/aws\"]",
      "instances": [
        {
          "schema_version": 0,
          "attributes": {
            "gateway_id": "",
            "id": "rtbassoc-003cebe7d22e84565",
            "region": "ap-southeast-1",
            "route_table_id": "rtb-07ad8f2eebd8f477c",
            "subnet_id": "subnet-0f8d168e8723ea37a",
            "timeouts": null
          },
          "sensitive_attributes": [],
          "identity_schema_version": 0,
          "identity": {
            "account_id": "810421502375",
            "id": "rtbassoc-003cebe7d22e84565",
            "region": "ap-southeast-1"
          },
          "private": "eyJlMmJmYjczMC1lY2FhLTExZTYtOGY4OC0zNDM2M2JjN2M0YzAiOnsiY3JlYXRlIjozMDAwMDAwMDAwMDAsImRlbGV0ZSI6MzAwMDAwMDAwMDAwLCJ1cGRhdGUiOjEyMDAwMDAwMDAwMH19",
          "dependencies": [
            "aws_internet_gateway.statement",
            "aws_route_table.statement_public",
            "aws_subnet.statement_public_a",
            "aws_vpc.statement"
          ]
        }
      ]
    },
    {
      "mode": "managed",
      "type": "aws_security_group",
      "name": "account_alb",
      "provider": "provider[\"registry.terraform.io/hashicorp/aws\"]",
      "instances": [
        {
          "schema_version": 1,
          "attributes": {
            "arn": "arn:aws:ec2:ap-southeast-1:810421502375:security-group/sg-061aec4587f81c4ab",
            "description": "Managed by Terraform",
            "egress": [
              {
                "cidr_blocks": [
                  "0.0.0.0/0"
                ],
                "description": "",
                "from_port": 0,
                "ipv6_cidr_blocks": [],
                "prefix_list_ids": [],
                "protocol": "-1",
                "security_groups": [],
                "self": false,
                "to_port": 0
              }
            ],
            "id": "sg-061aec4587f81c4ab",
            "ingress": [
              {
                "cidr_blocks": [
                  "10.0.0.0/16"
                ],
                "description": "",
                "from_port": 80,
                "ipv6_cidr_blocks": [],
                "prefix_list_ids": [],
                "protocol": "tcp",
                "security_groups": [],
                "self": false,
                "to_port": 80
              }
            ],
            "name": "account-alb-sg",
            "name_prefix": "",
            "owner_id": "810421502375",
            "region": "ap-southeast-1",
            "revoke_rules_on_delete": false,
            "tags": {
              "Name": "account-alb-sg"
            },
            "tags_all": {
              "Name": "account-alb-sg"
            },
            "timeouts": null,
            "vpc_id": "vpc-0632725e3e7e16986"
          },
          "sensitive_attributes": [],
          "identity_schema_version": 0,
          "identity": {
            "account_id": "810421502375",
            "id": "sg-061aec4587f81c4ab",
            "region": "ap-southeast-1"
          },
          "private": "eyJlMmJmYjczMC1lY2FhLTExZTYtOGY4OC0zNDM2M2JjN2M0YzAiOnsiY3JlYXRlIjo2MDAwMDAwMDAwMDAsImRlbGV0ZSI6OTAwMDAwMDAwMDAwfSwic2NoZW1hX3ZlcnNpb24iOiIxIn0=",
          "dependencies": [
            "aws_vpc.account"
          ]
        }
      ]
    },
    {
      "mode": "managed",
      "type": "aws_security_group",
      "name": "account_ec2",
      "provider": "provider[\"registry.terraform.io/hashicorp/aws\"]",
      "instances": [
        {
          "schema_version": 1,
          "attributes": {
            "arn": "arn:aws:ec2:ap-southeast-1:810421502375:security-group/sg-019b0283f89f275fd",
            "description": "Managed by Terraform",
            "egress": [
              {
                "cidr_blocks": [
                  "0.0.0.0/0"
                ],
                "description": "",
                "from_port": 0,
                "ipv6_cidr_blocks": [],
                "prefix_list_ids": [],
                "protocol": "-1",
                "security_groups": [],
                "self": false,
                "to_port": 0
              }
            ],
            "id": "sg-019b0283f89f275fd",
            "ingress": [
              {
                "cidr_blocks": [
                  "10.0.0.0/16"
                ],
                "description": "",
                "from_port": 22,
                "ipv6_cidr_blocks": [],
                "prefix_list_ids": [],
                "protocol": "tcp",
                "security_groups": [],
                "self": false,
                "to_port": 22
              },
              {
                "cidr_blocks": [],
                "description": "",
                "from_port": 8081,
                "ipv6_cidr_blocks": [],
                "prefix_list_ids": [],
                "protocol": "tcp",
                "security_groups": [
                  "sg-061aec4587f81c4ab"
                ],
                "self": false,
                "to_port": 8081
              }
            ],
            "name": "account-ec2-sg",
            "name_prefix": "",
            "owner_id": "810421502375",
            "region": "ap-southeast-1",
            "revoke_rules_on_delete": false,
            "tags": {
              "Name": "account-ec2-sg"
            },
            "tags_all": {
              "Name": "account-ec2-sg"
            },
            "timeouts": null,
            "vpc_id": "vpc-0632725e3e7e16986"
          },
          "sensitive_attributes": [],
          "identity_schema_version": 0,
          "identity": {
            "account_id": "810421502375",
            "id": "sg-019b0283f89f275fd",
            "region": "ap-southeast-1"
          },
          "private": "eyJlMmJmYjczMC1lY2FhLTExZTYtOGY4OC0zNDM2M2JjN2M0YzAiOnsiY3JlYXRlIjo2MDAwMDAwMDAwMDAsImRlbGV0ZSI6OTAwMDAwMDAwMDAwfSwic2NoZW1hX3ZlcnNpb24iOiIxIn0=",
          "dependencies": [
            "aws_security_group.account_alb",
            "aws_vpc.account"
          ]
        }
      ]
    },
    {
      "mode": "managed",
      "type": "aws_security_group",
      "name": "bastion",
      "provider": "provider[\"registry.terraform.io/hashicorp/aws\"]",
      "instances": [
        {
          "schema_version": 1,
          "attributes": {
            "arn": "arn:aws:ec2:ap-southeast-1:810421502375:security-group/sg-055cc92889ef86d0e",
            "description": "Managed by Terraform",
            "egress": [
              {
                "cidr_blocks": [
                  "0.0.0.0/0"
                ],
                "description": "",
                "from_port": 0,
                "ipv6_cidr_blocks": [],
                "prefix_list_ids": [],
                "protocol": "-1",
                "security_groups": [],
                "self": false,
                "to_port": 0
              }
            ],
            "id": "sg-055cc92889ef86d0e",
            "ingress": [
              {
                "cidr_blocks": [
                  "0.0.0.0/0"
                ],
                "description": "",
                "from_port": 22,
                "ipv6_cidr_blocks": [],
                "prefix_list_ids": [],
                "protocol": "tcp",
                "security_groups": [],
                "self": false,
                "to_port": 22
              }
            ],
            "name": "bastion-sg",
            "name_prefix": "",
            "owner_id": "810421502375",
            "region": "ap-southeast-1",
            "revoke_rules_on_delete": false,
            "tags": {
              "Name": "bastion-sg"
            },
            "tags_all": {
              "Name": "bastion-sg"
            },
            "timeouts": null,
            "vpc_id": "vpc-018b20685283399fb"
          },
          "sensitive_attributes": [],
          "identity_schema_version": 0,
          "identity": {
            "account_id": "810421502375",
            "id": "sg-055cc92889ef86d0e",
            "region": "ap-southeast-1"
          },
          "private": "eyJlMmJmYjczMC1lY2FhLTExZTYtOGY4OC0zNDM2M2JjN2M0YzAiOnsiY3JlYXRlIjo2MDAwMDAwMDAwMDAsImRlbGV0ZSI6OTAwMDAwMDAwMDAwfSwic2NoZW1hX3ZlcnNpb24iOiIxIn0=",
          "dependencies": [
            "aws_vpc.customer-profile"
          ]
        }
      ]
    },
    {
      "mode": "managed",
      "type": "aws_security_group",
      "name": "customer_profile_alb",
      "provider": "provider[\"registry.terraform.io/hashicorp/aws\"]",
      "instances": [
        {
          "schema_version": 1,
          "attributes": {
            "arn": "arn:aws:ec2:ap-southeast-1:810421502375:security-group/sg-090638c754371b274",
            "description": "Managed by Terraform",
            "egress": [
              {
                "cidr_blocks": [
                  "0.0.0.0/0"
                ],
                "description": "",
                "from_port": 0,
                "ipv6_cidr_blocks": [],
                "prefix_list_ids": [],
                "protocol": "-1",
                "security_groups": [],
                "self": false,
                "to_port": 0
              }
            ],
            "id": "sg-090638c754371b274",
            "ingress": [
              {
                "cidr_blocks": [
                  "0.0.0.0/0"
                ],
                "description": "",
                "from_port": 80,
                "ipv6_cidr_blocks": [],
                "prefix_list_ids": [],
                "protocol": "tcp",
                "security_groups": [],
                "self": false,
                "to_port": 80
              },
              {
                "cidr_blocks": [],
                "description": "",
                "from_port": 22,
                "ipv6_cidr_blocks": [],
                "prefix_list_ids": [],
                "protocol": "tcp",
                "security_groups": [
                  "sg-055cc92889ef86d0e"
                ],
                "self": false,
                "to_port": 22
              }
            ],
            "name": "customer-profile-alb-sg",
            "name_prefix": "",
            "owner_id": "810421502375",
            "region": "ap-southeast-1",
            "revoke_rules_on_delete": false,
            "tags": {
              "Name": "customer-profile-alb-sg"
            },
            "tags_all": {
              "Name": "customer-profile-alb-sg"
            },
            "timeouts": null,
            "vpc_id": "vpc-018b20685283399fb"
          },
          "sensitive_attributes": [],
          "identity_schema_version": 0,
          "identity": {
            "account_id": "810421502375",
            "id": "sg-090638c754371b274",
            "region": "ap-southeast-1"
          },
          "private": "eyJlMmJmYjczMC1lY2FhLTExZTYtOGY4OC0zNDM2M2JjN2M0YzAiOnsiY3JlYXRlIjo2MDAwMDAwMDAwMDAsImRlbGV0ZSI6OTAwMDAwMDAwMDAwfSwic2NoZW1hX3ZlcnNpb24iOiIxIn0=",
          "dependencies": [
            "aws_security_group.bastion",
            "aws_vpc.customer-profile"
          ]
        }
      ]
    },
    {
      "mode": "managed",
      "type": "aws_security_group",
      "name": "customer_profile_ec2",
      "provider": "provider[\"registry.terraform.io/hashicorp/aws\"]",
      "instances": [
        {
          "schema_version": 1,
          "attributes": {
            "arn": "arn:aws:ec2:ap-southeast-1:810421502375:security-group/sg-0a3b34b8fba4f525b",
            "description": "Managed by Terraform",
            "egress": [
              {
                "cidr_blocks": [
                  "0.0.0.0/0"
                ],
                "description": "",
                "from_port": 0,
                "ipv6_cidr_blocks": [],
                "prefix_list_ids": [],
                "protocol": "-1",
                "security_groups": [],
                "self": false,
                "to_port": 0
              }
            ],
            "id": "sg-0a3b34b8fba4f525b",
            "ingress": [
              {
                "cidr_blocks": [],
                "description": "",
                "from_port": 22,
                "ipv6_cidr_blocks": [],
                "prefix_list_ids": [],
                "protocol": "tcp",
                "security_groups": [
                  "sg-055cc92889ef86d0e"
                ],
                "self": false,
                "to_port": 22
              },
              {
                "cidr_blocks": [],
                "description": "",
                "from_port": 8080,
                "ipv6_cidr_blocks": [],
                "prefix_list_ids": [],
                "protocol": "tcp",
                "security_groups": [
                  "sg-090638c754371b274"
                ],
                "self": false,
                "to_port": 8080
              }
            ],
            "name": "customer-profile-ec2-sg",
            "name_prefix": "",
            "owner_id": "810421502375",
            "region": "ap-southeast-1",
            "revoke_rules_on_delete": false,
            "tags": {
              "Name": "customer-profile-ec2-sg"
            },
            "tags_all": {
              "Name": "customer-profile-ec2-sg"
            },
            "timeouts": null,
            "vpc_id": "vpc-018b20685283399fb"
          },
          "sensitive_attributes": [],
          "identity_schema_version": 0,
          "identity": {
            "account_id": "810421502375",
            "id": "sg-0a3b34b8fba4f525b",
            "region": "ap-southeast-1"
          },
          "private": "eyJlMmJmYjczMC1lY2FhLTExZTYtOGY4OC0zNDM2M2JjN2M0YzAiOnsiY3JlYXRlIjo2MDAwMDAwMDAwMDAsImRlbGV0ZSI6OTAwMDAwMDAwMDAwfSwic2NoZW1hX3ZlcnNpb24iOiIxIn0=",
          "dependencies": [
            "aws_security_group.bastion",
            "aws_security_group.customer_profile_alb",
            "aws_vpc.customer-profile"
          ]
        }
      ]
    },
    {
      "mode": "managed",
      "type": "aws_security_group",
      "name": "statement_alb",
      "provider": "provider[\"registry.terraform.io/hashicorp/aws\"]",
      "instances": [
        {
          "schema_version": 1,
          "attributes": {
            "arn": "arn:aws:ec2:ap-southeast-1:810421502375:security-group/sg-0eed6193d2e6f4385",
            "description": "Managed by Terraform",
            "egress": [
              {
                "cidr_blocks": [
                  "0.0.0.0/0"
                ],
                "description": "",
                "from_port": 0,
                "ipv6_cidr_blocks": [],
                "prefix_list_ids": [],
                "protocol": "-1",
                "security_groups": [],
                "self": false,
                "to_port": 0
              }
            ],
            "id": "sg-0eed6193d2e6f4385",
            "ingress": [
              {
                "cidr_blocks": [
                  "172.16.0.0/16"
                ],
                "description": "",
                "from_port": 80,
                "ipv6_cidr_blocks": [],
                "prefix_list_ids": [],
                "protocol": "tcp",
                "security_groups": [],
                "self": false,
                "to_port": 80
              }
            ],
            "name": "statement-alb-sg",
            "name_prefix": "",
            "owner_id": "810421502375",
            "region": "ap-southeast-1",
            "revoke_rules_on_delete": false,
            "tags": {
              "Name": "statement-alb-sg"
            },
            "tags_all": {
              "Name": "statement-alb-sg"
            },
            "timeouts": null,
            "vpc_id": "vpc-027314d43b1997e4f"
          },
          "sensitive_attributes": [],
          "identity_schema_version": 0,
          "identity": {
            "account_id": "810421502375",
            "id": "sg-0eed6193d2e6f4385",
            "region": "ap-southeast-1"
          },
          "private": "eyJlMmJmYjczMC1lY2FhLTExZTYtOGY4OC0zNDM2M2JjN2M0YzAiOnsiY3JlYXRlIjo2MDAwMDAwMDAwMDAsImRlbGV0ZSI6OTAwMDAwMDAwMDAwfSwic2NoZW1hX3ZlcnNpb24iOiIxIn0=",
          "dependencies": [
            "aws_vpc.statement"
          ]
        }
      ]
    },
    {
      "mode": "managed",
      "type": "aws_security_group",
      "name": "statement_ec2",
      "provider": "provider[\"registry.terraform.io/hashicorp/aws\"]",
      "instances": [
        {
          "schema_version": 1,
          "attributes": {
            "arn": "arn:aws:ec2:ap-southeast-1:810421502375:security-group/sg-0b77870c01370aa32",
            "description": "Managed by Terraform",
            "egress": [
              {
                "cidr_blocks": [
                  "0.0.0.0/0"
                ],
                "description": "",
                "from_port": 0,
                "ipv6_cidr_blocks": [],
                "prefix_list_ids": [],
                "protocol": "-1",
                "security_groups": [],
                "self": false,
                "to_port": 0
              }
            ],
            "id": "sg-0b77870c01370aa32",
            "ingress": [
              {
                "cidr_blocks": [
                  "10.0.0.0/16"
                ],
                "description": "",
                "from_port": 22,
                "ipv6_cidr_blocks": [],
                "prefix_list_ids": [],
                "protocol": "tcp",
                "security_groups": [],
                "self": false,
                "to_port": 22
              },
              {
                "cidr_blocks": [],
                "description": "",
                "from_port": 8082,
                "ipv6_cidr_blocks": [],
                "prefix_list_ids": [],
                "protocol": "tcp",
                "security_groups": [
                  "sg-0eed6193d2e6f4385"
                ],
                "self": false,
                "to_port": 8082
              }
            ],
            "name": "statement-ec2-sg",
            "name_prefix": "",
            "owner_id": "810421502375",
            "region": "ap-southeast-1",
            "revoke_rules_on_delete": false,
            "tags": {
              "Name": "statement-ec2-sg"
            },
            "tags_all": {
              "Name": "statement-ec2-sg"
            },
            "timeouts": null,
            "vpc_id": "vpc-027314d43b1997e4f"
          },
          "sensitive_attributes": [],
          "identity_schema_version": 0,
          "identity": {
            "account_id": "810421502375",
            "id": "sg-0b77870c01370aa32",
            "region": "ap-southeast-1"
          },
          "private": "eyJlMmJmYjczMC1lY2FhLTExZTYtOGY4OC0zNDM2M2JjN2M0YzAiOnsiY3JlYXRlIjo2MDAwMDAwMDAwMDAsImRlbGV0ZSI6OTAwMDAwMDAwMDAwfSwic2NoZW1hX3ZlcnNpb24iOiIxIn0=",
          "dependencies": [
            "aws_security_group.statement_alb",
            "aws_vpc.statement"
          ]
        }
      ]
    },
    {
      "mode": "managed",
      "type": "aws_subnet",
      "name": "account_private_a",
      "provider": "provider[\"registry.terraform.io/hashicorp/aws\"]",
      "instances": [
        {
          "schema_version": 1,
          "attributes": {
            "arn": "arn:aws:ec2:ap-southeast-1:810421502375:subnet/subnet-0bd32746e67f0fa25",
            "assign_ipv6_address_on_creation": false,
            "availability_zone": "ap-southeast-1a",
            "availability_zone_id": "apse1-az2",
            "cidr_block": "172.16.2.0/24",
            "customer_owned_ipv4_pool": "",
            "enable_dns64": false,
            "enable_lni_at_device_index": 0,
            "enable_resource_name_dns_a_record_on_launch": false,
            "enable_resource_name_dns_aaaa_record_on_launch": false,
            "id": "subnet-0bd32746e67f0fa25",
            "ipv4_ipam_pool_id": null,
            "ipv4_netmask_length": null,
            "ipv6_cidr_block": "",
            "ipv6_cidr_block_association_id": "",
            "ipv6_ipam_pool_id": null,
            "ipv6_native": false,
            "ipv6_netmask_length": null,
            "map_customer_owned_ip_on_launch": false,
            "map_public_ip_on_launch": false,
            "outpost_arn": "",
            "owner_id": "810421502375",
            "private_dns_hostname_type_on_launch": "ip-name",
            "region": "ap-southeast-1",
            "tags": {
              "Name": "account-private-subnet-a"
            },
            "tags_all": {
              "Name": "account-private-subnet-a"
            },
            "timeouts": null,
            "vpc_id": "vpc-0632725e3e7e16986"
          },
          "sensitive_attributes": [],
          "identity_schema_version": 0,
          "identity": {
            "account_id": "810421502375",
            "id": "subnet-0bd32746e67f0fa25",
            "region": "ap-southeast-1"
          },
          "private": "eyJlMmJmYjczMC1lY2FhLTExZTYtOGY4OC0zNDM2M2JjN2M0YzAiOnsiY3JlYXRlIjo2MDAwMDAwMDAwMDAsImRlbGV0ZSI6MTIwMDAwMDAwMDAwMH0sInNjaGVtYV92ZXJzaW9uIjoiMSJ9",
          "dependencies": [
            "aws_vpc.account"
          ]
        }
      ]
    },
    {
      "mode": "managed",
      "type": "aws_subnet",
      "name": "account_private_b",
      "provider": "provider[\"registry.terraform.io/hashicorp/aws\"]",
      "instances": [
        {
          "schema_version": 1,
          "attributes": {
            "arn": "arn:aws:ec2:ap-southeast-1:810421502375:subnet/subnet-04eceb27106b1349d",
            "assign_ipv6_address_on_creation": false,
            "availability_zone": "ap-southeast-1b",
            "availability_zone_id": "apse1-az1",
            "cidr_block": "172.16.3.0/24",
            "customer_owned_ipv4_pool": "",
            "enable_dns64": false,
            "enable_lni_at_device_index": 0,
            "enable_resource_name_dns_a_record_on_launch": false,
            "enable_resource_name_dns_aaaa_record_on_launch": false,
            "id": "subnet-04eceb27106b1349d",
            "ipv4_ipam_pool_id": null,
            "ipv4_netmask_length": null,
            "ipv6_cidr_block": "",
            "ipv6_cidr_block_association_id": "",
            "ipv6_ipam_pool_id": null,
            "ipv6_native": false,
            "ipv6_netmask_length": null,
            "map_customer_owned_ip_on_launch": false,
            "map_public_ip_on_launch": false,
            "outpost_arn": "",
            "owner_id": "810421502375",
            "private_dns_hostname_type_on_launch": "ip-name",
            "region": "ap-southeast-1",
            "tags": {
              "Name": "account-private-subnet-b"
            },
            "tags_all": {
              "Name": "account-private-subnet-b"
            },
            "timeouts": null,
            "vpc_id": "vpc-0632725e3e7e16986"
          },
          "sensitive_attributes": [],
          "identity_schema_version": 0,
          "identity": {
            "account_id": "810421502375",
            "id": "subnet-04eceb27106b1349d",
            "region": "ap-southeast-1"
          },
          "private": "eyJlMmJmYjczMC1lY2FhLTExZTYtOGY4OC0zNDM2M2JjN2M0YzAiOnsiY3JlYXRlIjo2MDAwMDAwMDAwMDAsImRlbGV0ZSI6MTIwMDAwMDAwMDAwMH0sInNjaGVtYV92ZXJzaW9uIjoiMSJ9",
          "dependencies": [
            "aws_vpc.account"
          ]
        }
      ]
    },
    {
      "mode": "managed",
      "type": "aws_subnet",
      "name": "account_public_a",
      "provider": "provider[\"registry.terraform.io/hashicorp/aws\"]",
      "instances": [
        {
          "schema_version": 1,
          "attributes": {
            "arn": "arn:aws:ec2:ap-southeast-1:810421502375:subnet/subnet-0fe014c20331f6d19",
            "assign_ipv6_address_on_creation": false,
            "availability_zone": "ap-southeast-1a",
            "availability_zone_id": "apse1-az2",
            "cidr_block": "172.16.1.0/24",
            "customer_owned_ipv4_pool": "",
            "enable_dns64": false,
            "enable_lni_at_device_index": 0,
            "enable_resource_name_dns_a_record_on_launch": false,
            "enable_resource_name_dns_aaaa_record_on_launch": false,
            "id": "subnet-0fe014c20331f6d19",
            "ipv4_ipam_pool_id": null,
            "ipv4_netmask_length": null,
            "ipv6_cidr_block": "",
            "ipv6_cidr_block_association_id": "",
            "ipv6_ipam_pool_id": null,
            "ipv6_native": false,
            "ipv6_netmask_length": null,
            "map_customer_owned_ip_on_launch": false,
            "map_public_ip_on_launch": true,
            "outpost_arn": "",
            "owner_id": "810421502375",
            "private_dns_hostname_type_on_launch": "ip-name",
            "region": "ap-southeast-1",
            "tags": {
              "Name": "account-public-subnet-a"
            },
            "tags_all": {
              "Name": "account-public-subnet-a"
            },
            "timeouts": null,
            "vpc_id": "vpc-0632725e3e7e16986"
          },
          "sensitive_attributes": [],
          "identity_schema_version": 0,
          "identity": {
            "account_id": "810421502375",
            "id": "subnet-0fe014c20331f6d19",
            "region": "ap-southeast-1"
          },
          "private": "eyJlMmJmYjczMC1lY2FhLTExZTYtOGY4OC0zNDM2M2JjN2M0YzAiOnsiY3JlYXRlIjo2MDAwMDAwMDAwMDAsImRlbGV0ZSI6MTIwMDAwMDAwMDAwMH0sInNjaGVtYV92ZXJzaW9uIjoiMSJ9",
          "dependencies": [
            "aws_vpc.account"
          ]
        }
      ]
    },
    {
      "mode": "managed",
      "type": "aws_subnet",
      "name": "customer_private_a",
      "provider": "provider[\"registry.terraform.io/hashicorp/aws\"]",
      "instances": [
        {
          "schema_version": 1,
          "attributes": {
            "arn": "arn:aws:ec2:ap-southeast-1:810421502375:subnet/subnet-0cb41861ddf960b46",
            "assign_ipv6_address_on_creation": false,
            "availability_zone": "ap-southeast-1a",
            "availability_zone_id": "apse1-az2",
            "cidr_block": "10.0.2.0/24",
            "customer_owned_ipv4_pool": "",
            "enable_dns64": false,
            "enable_lni_at_device_index": 0,
            "enable_resource_name_dns_a_record_on_launch": false,
            "enable_resource_name_dns_aaaa_record_on_launch": false,
            "id": "subnet-0cb41861ddf960b46",
            "ipv4_ipam_pool_id": null,
            "ipv4_netmask_length": null,
            "ipv6_cidr_block": "",
            "ipv6_cidr_block_association_id": "",
            "ipv6_ipam_pool_id": null,
            "ipv6_native": false,
            "ipv6_netmask_length": null,
            "map_customer_owned_ip_on_launch": false,
            "map_public_ip_on_launch": false,
            "outpost_arn": "",
            "owner_id": "810421502375",
            "private_dns_hostname_type_on_launch": "ip-name",
            "region": "ap-southeast-1",
            "tags": {
              "Name": "customer-profile-private-subnet-a"
            },
            "tags_all": {
              "Name": "customer-profile-private-subnet-a"
            },
            "timeouts": null,
            "vpc_id": "vpc-018b20685283399fb"
          },
          "sensitive_attributes": [],
          "identity_schema_version": 0,
          "identity": {
            "account_id": "810421502375",
            "id": "subnet-0cb41861ddf960b46",
            "region": "ap-southeast-1"
          },
          "private": "eyJlMmJmYjczMC1lY2FhLTExZTYtOGY4OC0zNDM2M2JjN2M0YzAiOnsiY3JlYXRlIjo2MDAwMDAwMDAwMDAsImRlbGV0ZSI6MTIwMDAwMDAwMDAwMH0sInNjaGVtYV92ZXJzaW9uIjoiMSJ9",
          "dependencies": [
            "aws_vpc.customer-profile"
          ]
        }
      ]
    },
    {
      "mode": "managed",
      "type": "aws_subnet",
      "name": "customer_private_b",
      "provider": "provider[\"registry.terraform.io/hashicorp/aws\"]",
      "instances": [
        {
          "schema_version": 1,
          "attributes": {
            "arn": "arn:aws:ec2:ap-southeast-1:810421502375:subnet/subnet-09d00a23cb893a6e4",
            "assign_ipv6_address_on_creation": false,
            "availability_zone": "ap-southeast-1b",
            "availability_zone_id": "apse1-az1",
            "cidr_block": "10.0.3.0/24",
            "customer_owned_ipv4_pool": "",
            "enable_dns64": false,
            "enable_lni_at_device_index": 0,
            "enable_resource_name_dns_a_record_on_launch": false,
            "enable_resource_name_dns_aaaa_record_on_launch": false,
            "id": "subnet-09d00a23cb893a6e4",
            "ipv4_ipam_pool_id": null,
            "ipv4_netmask_length": null,
            "ipv6_cidr_block": "",
            "ipv6_cidr_block_association_id": "",
            "ipv6_ipam_pool_id": null,
            "ipv6_native": false,
            "ipv6_netmask_length": null,
            "map_customer_owned_ip_on_launch": false,
            "map_public_ip_on_launch": false,
            "outpost_arn": "",
            "owner_id": "810421502375",
            "private_dns_hostname_type_on_launch": "ip-name",
            "region": "ap-southeast-1",
            "tags": {
              "Name": "customer-profile-private-subnet-b"
            },
            "tags_all": {
              "Name": "customer-profile-private-subnet-b"
            },
            "timeouts": null,
            "vpc_id": "vpc-018b20685283399fb"
          },
          "sensitive_attributes": [],
          "identity_schema_version": 0,
          "identity": {
            "account_id": "810421502375",
            "id": "subnet-09d00a23cb893a6e4",
            "region": "ap-southeast-1"
          },
          "private": "eyJlMmJmYjczMC1lY2FhLTExZTYtOGY4OC0zNDM2M2JjN2M0YzAiOnsiY3JlYXRlIjo2MDAwMDAwMDAwMDAsImRlbGV0ZSI6MTIwMDAwMDAwMDAwMH0sInNjaGVtYV92ZXJzaW9uIjoiMSJ9",
          "dependencies": [
            "aws_vpc.customer-profile"
          ]
        }
      ]
    },
    {
      "mode": "managed",
      "type": "aws_subnet",
      "name": "customer_public_a",
      "provider": "provider[\"registry.terraform.io/hashicorp/aws\"]",
      "instances": [
        {
          "schema_version": 1,
          "attributes": {
            "arn": "arn:aws:ec2:ap-southeast-1:810421502375:subnet/subnet-09cf2c69cd87bad18",
            "assign_ipv6_address_on_creation": false,
            "availability_zone": "ap-southeast-1a",
            "availability_zone_id": "apse1-az2",
            "cidr_block": "10.0.1.0/24",
            "customer_owned_ipv4_pool": "",
            "enable_dns64": false,
            "enable_lni_at_device_index": 0,
            "enable_resource_name_dns_a_record_on_launch": false,
            "enable_resource_name_dns_aaaa_record_on_launch": false,
            "id": "subnet-09cf2c69cd87bad18",
            "ipv4_ipam_pool_id": null,
            "ipv4_netmask_length": null,
            "ipv6_cidr_block": "",
            "ipv6_cidr_block_association_id": "",
            "ipv6_ipam_pool_id": null,
            "ipv6_native": false,
            "ipv6_netmask_length": null,
            "map_customer_owned_ip_on_launch": false,
            "map_public_ip_on_launch": true,
            "outpost_arn": "",
            "owner_id": "810421502375",
            "private_dns_hostname_type_on_launch": "ip-name",
            "region": "ap-southeast-1",
            "tags": {
              "Name": "customer-profile-public-subnet-a"
            },
            "tags_all": {
              "Name": "customer-profile-public-subnet-a"
            },
            "timeouts": null,
            "vpc_id": "vpc-018b20685283399fb"
          },
          "sensitive_attributes": [],
          "identity_schema_version": 0,
          "identity": {
            "account_id": "810421502375",
            "id": "subnet-09cf2c69cd87bad18",
            "region": "ap-southeast-1"
          },
          "private": "eyJlMmJmYjczMC1lY2FhLTExZTYtOGY4OC0zNDM2M2JjN2M0YzAiOnsiY3JlYXRlIjo2MDAwMDAwMDAwMDAsImRlbGV0ZSI6MTIwMDAwMDAwMDAwMH0sInNjaGVtYV92ZXJzaW9uIjoiMSJ9",
          "dependencies": [
            "aws_vpc.customer-profile"
          ]
        }
      ]
    },
    {
      "mode": "managed",
      "type": "aws_subnet",
      "name": "customer_public_b",
      "provider": "provider[\"registry.terraform.io/hashicorp/aws\"]",
      "instances": [
        {
          "schema_version": 1,
          "attributes": {
            "arn": "arn:aws:ec2:ap-southeast-1:810421502375:subnet/subnet-0cfdbc43251a9943b",
            "assign_ipv6_address_on_creation": false,
            "availability_zone": "ap-southeast-1b",
            "availability_zone_id": "apse1-az1",
            "cidr_block": "10.0.4.0/24",
            "customer_owned_ipv4_pool": "",
            "enable_dns64": false,
            "enable_lni_at_device_index": 0,
            "enable_resource_name_dns_a_record_on_launch": false,
            "enable_resource_name_dns_aaaa_record_on_launch": false,
            "id": "subnet-0cfdbc43251a9943b",
            "ipv4_ipam_pool_id": null,
            "ipv4_netmask_length": null,
            "ipv6_cidr_block": "",
            "ipv6_cidr_block_association_id": "",
            "ipv6_ipam_pool_id": null,
            "ipv6_native": false,
            "ipv6_netmask_length": null,
            "map_customer_owned_ip_on_launch": false,
            "map_public_ip_on_launch": true,
            "outpost_arn": "",
            "owner_id": "810421502375",
            "private_dns_hostname_type_on_launch": "ip-name",
            "region": "ap-southeast-1",
            "tags": {
              "Name": "customer-profile-public-subnet-b"
            },
            "tags_all": {
              "Name": "customer-profile-public-subnet-b"
            },
            "timeouts": null,
            "vpc_id": "vpc-018b20685283399fb"
          },
          "sensitive_attributes": [],
          "identity_schema_version": 0,
          "identity": {
            "account_id": "810421502375",
            "id": "subnet-0cfdbc43251a9943b",
            "region": "ap-southeast-1"
          },
          "private": "eyJlMmJmYjczMC1lY2FhLTExZTYtOGY4OC0zNDM2M2JjN2M0YzAiOnsiY3JlYXRlIjo2MDAwMDAwMDAwMDAsImRlbGV0ZSI6MTIwMDAwMDAwMDAwMH0sInNjaGVtYV92ZXJzaW9uIjoiMSJ9",
          "dependencies": [
            "aws_vpc.customer-profile"
          ]
        }
      ]
    },
    {
      "mode": "managed",
      "type": "aws_subnet",
      "name": "statement_private_a",
      "provider": "provider[\"registry.terraform.io/hashicorp/aws\"]",
      "instances": [
        {
          "schema_version": 1,
          "attributes": {
            "arn": "arn:aws:ec2:ap-southeast-1:810421502375:subnet/subnet-0e89ce4e49a8c86f9",
            "assign_ipv6_address_on_creation": false,
            "availability_zone": "ap-southeast-1a",
            "availability_zone_id": "apse1-az2",
            "cidr_block": "192.168.2.0/24",
            "customer_owned_ipv4_pool": "",
            "enable_dns64": false,
            "enable_lni_at_device_index": 0,
            "enable_resource_name_dns_a_record_on_launch": false,
            "enable_resource_name_dns_aaaa_record_on_launch": false,
            "id": "subnet-0e89ce4e49a8c86f9",
            "ipv4_ipam_pool_id": null,
            "ipv4_netmask_length": null,
            "ipv6_cidr_block": "",
            "ipv6_cidr_block_association_id": "",
            "ipv6_ipam_pool_id": null,
            "ipv6_native": false,
            "ipv6_netmask_length": null,
            "map_customer_owned_ip_on_launch": false,
            "map_public_ip_on_launch": false,
            "outpost_arn": "",
            "owner_id": "810421502375",
            "private_dns_hostname_type_on_launch": "ip-name",
            "region": "ap-southeast-1",
            "tags": {
              "Name": "statement-private-subnet-a"
            },
            "tags_all": {
              "Name": "statement-private-subnet-a"
            },
            "timeouts": null,
            "vpc_id": "vpc-027314d43b1997e4f"
          },
          "sensitive_attributes": [],
          "identity_schema_version": 0,
          "identity": {
            "account_id": "810421502375",
            "id": "subnet-0e89ce4e49a8c86f9",
            "region": "ap-southeast-1"
          },
          "private": "eyJlMmJmYjczMC1lY2FhLTExZTYtOGY4OC0zNDM2M2JjN2M0YzAiOnsiY3JlYXRlIjo2MDAwMDAwMDAwMDAsImRlbGV0ZSI6MTIwMDAwMDAwMDAwMH0sInNjaGVtYV92ZXJzaW9uIjoiMSJ9",
          "dependencies": [
            "aws_vpc.statement"
          ]
        }
      ]
    },
    {
      "mode": "managed",
      "type": "aws_subnet",
      "name": "statement_private_b",
      "provider": "provider[\"registry.terraform.io/hashicorp/aws\"]",
      "instances": [
        {
          "schema_version": 1,
          "attributes": {
            "arn": "arn:aws:ec2:ap-southeast-1:810421502375:subnet/subnet-053611c42222b0d0a",
            "assign_ipv6_address_on_creation": false,
            "availability_zone": "ap-southeast-1b",
            "availability_zone_id": "apse1-az1",
            "cidr_block": "192.168.3.0/24",
            "customer_owned_ipv4_pool": "",
            "enable_dns64": false,
            "enable_lni_at_device_index": 0,
            "enable_resource_name_dns_a_record_on_launch": false,
            "enable_resource_name_dns_aaaa_record_on_launch": false,
            "id": "subnet-053611c42222b0d0a",
            "ipv4_ipam_pool_id": null,
            "ipv4_netmask_length": null,
            "ipv6_cidr_block": "",
            "ipv6_cidr_block_association_id": "",
            "ipv6_ipam_pool_id": null,
            "ipv6_native": false,
            "ipv6_netmask_length": null,
            "map_customer_owned_ip_on_launch": false,
            "map_public_ip_on_launch": false,
            "outpost_arn": "",
            "owner_id": "810421502375",
            "private_dns_hostname_type_on_launch": "ip-name",
            "region": "ap-southeast-1",
            "tags": {
              "Name": "statement-private-subnet-b"
            },
            "tags_all": {
              "Name": "statement-private-subnet-b"
            },
            "timeouts": null,
            "vpc_id": "vpc-027314d43b1997e4f"
          },
          "sensitive_attributes": [],
          "identity_schema_version": 0,
          "identity": {
            "account_id": "810421502375",
            "id": "subnet-053611c42222b0d0a",
            "region": "ap-southeast-1"
          },
          "private": "eyJlMmJmYjczMC1lY2FhLTExZTYtOGY4OC0zNDM2M2JjN2M0YzAiOnsiY3JlYXRlIjo2MDAwMDAwMDAwMDAsImRlbGV0ZSI6MTIwMDAwMDAwMDAwMH0sInNjaGVtYV92ZXJzaW9uIjoiMSJ9",
          "dependencies": [
            "aws_vpc.statement"
          ]
        }
      ]
    },
    {
      "mode": "managed",
      "type": "aws_subnet",
      "name": "statement_public_a",
      "provider": "provider[\"registry.terraform.io/hashicorp/aws\"]",
      "instances": [
        {
          "schema_version": 1,
          "attributes": {
            "arn": "arn:aws:ec2:ap-southeast-1:810421502375:subnet/subnet-0f8d168e8723ea37a",
            "assign_ipv6_address_on_creation": false,
            "availability_zone": "ap-southeast-1a",
            "availability_zone_id": "apse1-az2",
            "cidr_block": "192.168.1.0/24",
            "customer_owned_ipv4_pool": "",
            "enable_dns64": false,
            "enable_lni_at_device_index": 0,
            "enable_resource_name_dns_a_record_on_launch": false,
            "enable_resource_name_dns_aaaa_record_on_launch": false,
            "id": "subnet-0f8d168e8723ea37a",
            "ipv4_ipam_pool_id": null,
            "ipv4_netmask_length": null,
            "ipv6_cidr_block": "",
            "ipv6_cidr_block_association_id": "",
            "ipv6_ipam_pool_id": null,
            "ipv6_native": false,
            "ipv6_netmask_length": null,
            "map_customer_owned_ip_on_launch": false,
            "map_public_ip_on_launch": true,
            "outpost_arn": "",
            "owner_id": "810421502375",
            "private_dns_hostname_type_on_launch": "ip-name",
            "region": "ap-southeast-1",
            "tags": {
              "Name": "statement-public-subnet-a"
            },
            "tags_all": {
              "Name": "statement-public-subnet-a"
            },
            "timeouts": null,
            "vpc_id": "vpc-027314d43b1997e4f"
          },
          "sensitive_attributes": [],
          "identity_schema_version": 0,
          "identity": {
            "account_id": "810421502375",
            "id": "subnet-0f8d168e8723ea37a",
            "region": "ap-southeast-1"
          },
          "private": "eyJlMmJmYjczMC1lY2FhLTExZTYtOGY4OC0zNDM2M2JjN2M0YzAiOnsiY3JlYXRlIjo2MDAwMDAwMDAwMDAsImRlbGV0ZSI6MTIwMDAwMDAwMDAwMH0sInNjaGVtYV92ZXJzaW9uIjoiMSJ9",
          "dependencies": [
            "aws_vpc.statement"
          ]
        }
      ]
    },
    {
      "mode": "managed",
      "type": "aws_vpc",
      "name": "account",
      "provider": "provider[\"registry.terraform.io/hashicorp/aws\"]",
      "instances": [
        {
          "schema_version": 1,
          "attributes": {
            "arn": "arn:aws:ec2:ap-southeast-1:810421502375:vpc/vpc-0632725e3e7e16986",
            "assign_generated_ipv6_cidr_block": false,
            "cidr_block": "172.16.0.0/16",
            "default_network_acl_id": "acl-0675a86127bf9a6a6",
            "default_route_table_id": "rtb-016c08d5ca1f28be5",
            "default_security_group_id": "sg-092d38e39d814d247",
            "dhcp_options_id": "dopt-0b90a22852149bbb6",
            "enable_dns_hostnames": true,
            "enable_dns_support": true,
            "enable_network_address_usage_metrics": false,
            "id": "vpc-0632725e3e7e16986",
            "instance_tenancy": "default",
            "ipv4_ipam_pool_id": null,
            "ipv4_netmask_length": null,
            "ipv6_association_id": "",
            "ipv6_cidr_block": "",
            "ipv6_cidr_block_network_border_group": "",
            "ipv6_ipam_pool_id": "",
            "ipv6_netmask_length": 0,
            "main_route_table_id": "rtb-016c08d5ca1f28be5",
            "owner_id": "810421502375",
            "region": "ap-southeast-1",
            "tags": {
              "Name": "account-vpc"
            },
            "tags_all": {
              "Name": "account-vpc"
            }
          },
          "sensitive_attributes": [],
          "identity_schema_version": 0,
          "identity": {
            "account_id": "810421502375",
            "id": "vpc-0632725e3e7e16986",
            "region": "ap-southeast-1"
          },
          "private": "eyJzY2hlbWFfdmVyc2lvbiI6IjEifQ=="
        }
      ]
    },
    {
      "mode": "managed",
      "type": "aws_vpc",
      "name": "customer-profile",
      "provider": "provider[\"registry.terraform.io/hashicorp/aws\"]",
      "instances": [
        {
          "schema_version": 1,
          "attributes": {
            "arn": "arn:aws:ec2:ap-southeast-1:810421502375:vpc/vpc-018b20685283399fb",
            "assign_generated_ipv6_cidr_block": false,
            "cidr_block": "10.0.0.0/16",
            "default_network_acl_id": "acl-0234de10ceb4f2758",
            "default_route_table_id": "rtb-06c942955dee71eee",
            "default_security_group_id": "sg-0e2a9b9da3c79422e",
            "dhcp_options_id": "dopt-0b90a22852149bbb6",
            "enable_dns_hostnames": true,
            "enable_dns_support": true,
            "enable_network_address_usage_metrics": false,
            "id": "vpc-018b20685283399fb",
            "instance_tenancy": "default",
            "ipv4_ipam_pool_id": null,
            "ipv4_netmask_length": null,
            "ipv6_association_id": "",
            "ipv6_cidr_block": "",
            "ipv6_cidr_block_network_border_group": "",
            "ipv6_ipam_pool_id": "",
            "ipv6_netmask_length": 0,
            "main_route_table_id": "rtb-06c942955dee71eee",
            "owner_id": "810421502375",
            "region": "ap-southeast-1",
            "tags": {
              "Name": "customer-profile-vpc"
            },
            "tags_all": {
              "Name": "customer-profile-vpc"
            }
          },
          "sensitive_attributes": [],
          "identity_schema_version": 0,
          "identity": {
            "account_id": "810421502375",
            "id": "vpc-018b20685283399fb",
            "region": "ap-southeast-1"
          },
          "private": "eyJzY2hlbWFfdmVyc2lvbiI6IjEifQ=="
        }
      ]
    },
    {
      "mode": "managed",
      "type": "aws_vpc",
      "name": "statement",
      "provider": "provider[\"registry.terraform.io/hashicorp/aws\"]",
      "instances": [
        {
          "schema_version": 1,
          "attributes": {
            "arn": "arn:aws:ec2:ap-southeast-1:810421502375:vpc/vpc-027314d43b1997e4f",
            "assign_generated_ipv6_cidr_block": false,
            "cidr_block": "192.168.0.0/16",
            "default_network_acl_id": "acl-0dce75bb6f7327037",
            "default_route_table_id": "rtb-09a0027049bbf2f58",
            "default_security_group_id": "sg-050442dc6f78f8498",
            "dhcp_options_id": "dopt-0b90a22852149bbb6",
            "enable_dns_hostnames": true,
            "enable_dns_support": true,
            "enable_network_address_usage_metrics": false,
            "id": "vpc-027314d43b1997e4f",
            "instance_tenancy": "default",
            "ipv4_ipam_pool_id": null,
            "ipv4_netmask_length": null,
            "ipv6_association_id": "",
            "ipv6_cidr_block": "",
            "ipv6_cidr_block_network_border_group": "",
            "ipv6_ipam_pool_id": "",
            "ipv6_netmask_length": 0,
            "main_route_table_id": "rtb-09a0027049bbf2f58",
            "owner_id": "810421502375",
            "region": "ap-southeast-1",
            "tags": {
              "Name": "statement-vpc"
            },
            "tags_all": {
              "Name": "statement-vpc"
            }
          },
          "sensitive_attributes": [],
          "identity_schema_version": 0,
          "identity": {
            "account_id": "810421502375",
            "id": "vpc-027314d43b1997e4f",
            "region": "ap-southeast-1"
          },
          "private": "eyJzY2hlbWFfdmVyc2lvbiI6IjEifQ=="
        }
      ]
    },
    {
      "mode": "managed",
      "type": "aws_vpc_peering_connection",
      "name": "account_statement",
      "provider": "provider[\"registry.terraform.io/hashicorp/aws\"]",
      "instances": [
        {
          "schema_version": 0,
          "attributes": {
            "accept_status": "active",
            "accepter": [
              {
                "allow_remote_vpc_dns_resolution": false
              }
            ],
            "auto_accept": true,
            "id": "pcx-004e272d2a1f08343",
            "peer_owner_id": "810421502375",
            "peer_region": "ap-southeast-1",
            "peer_vpc_id": "vpc-027314d43b1997e4f",
            "region": "ap-southeast-1",
            "requester": [
              {
                "allow_remote_vpc_dns_resolution": false
              }
            ],
            "tags": {
              "Name": "account-statement-peer"
            },
            "tags_all": {
              "Name": "account-statement-peer"
            },
            "timeouts": null,
            "vpc_id": "vpc-0632725e3e7e16986"
          },
          "sensitive_attributes": [],
          "identity_schema_version": 0,
          "private": "eyJlMmJmYjczMC1lY2FhLTExZTYtOGY4OC0zNDM2M2JjN2M0YzAiOnsiY3JlYXRlIjo2MDAwMDAwMDAwMCwiZGVsZXRlIjo2MDAwMDAwMDAwMCwidXBkYXRlIjo2MDAwMDAwMDAwMH19",
          "dependencies": [
            "aws_vpc.account",
            "aws_vpc.statement"
          ]
        }
      ]
    },
    {
      "mode": "managed",
      "type": "aws_vpc_peering_connection",
      "name": "customer_account",
      "provider": "provider[\"registry.terraform.io/hashicorp/aws\"]",
      "instances": [
        {
          "schema_version": 0,
          "attributes": {
            "accept_status": "active",
            "accepter": [
              {
                "allow_remote_vpc_dns_resolution": false
              }
            ],
            "auto_accept": true,
            "id": "pcx-02bd8a5afaa2792ba",
            "peer_owner_id": "810421502375",
            "peer_region": "ap-southeast-1",
            "peer_vpc_id": "vpc-0632725e3e7e16986",
            "region": "ap-southeast-1",
            "requester": [
              {
                "allow_remote_vpc_dns_resolution": false
              }
            ],
            "tags": {
              "Name": "customer-account-peer"
            },
            "tags_all": {
              "Name": "customer-account-peer"
            },
            "timeouts": null,
            "vpc_id": "vpc-018b20685283399fb"
          },
          "sensitive_attributes": [],
          "identity_schema_version": 0,
          "private": "eyJlMmJmYjczMC1lY2FhLTExZTYtOGY4OC0zNDM2M2JjN2M0YzAiOnsiY3JlYXRlIjo2MDAwMDAwMDAwMCwiZGVsZXRlIjo2MDAwMDAwMDAwMCwidXBkYXRlIjo2MDAwMDAwMDAwMH19",
          "dependencies": [
            "aws_vpc.account",
            "aws_vpc.customer-profile"
          ]
        }
      ]
    },
    {
      "mode": "managed",
      "type": "aws_vpc_peering_connection_options",
      "name": "account_statement_dns",
      "provider": "provider[\"registry.terraform.io/hashicorp/aws\"]",
      "instances": [
        {
          "schema_version": 0,
          "attributes": {
            "accepter": [
              {
                "allow_remote_vpc_dns_resolution": true
              }
            ],
            "id": "pcx-004e272d2a1f08343",
            "region": "ap-southeast-1",
            "requester": [
              {
                "allow_remote_vpc_dns_resolution": true
              }
            ],
            "vpc_peering_connection_id": "pcx-004e272d2a1f08343"
          },
          "sensitive_attributes": [],
          "identity_schema_version": 0,
          "private": "bnVsbA==",
          "dependencies": [
            "aws_vpc.account",
            "aws_vpc.statement",
            "aws_vpc_peering_connection.account_statement"
          ]
        }
      ]
    },
    {
      "mode": "managed",
      "type": "aws_vpc_peering_connection_options",
      "name": "customer_account_dns",
      "provider": "provider[\"registry.terraform.io/hashicorp/aws\"]",
      "instances": [
        {
          "schema_version": 0,
          "attributes": {
            "accepter": [
              {
                "allow_remote_vpc_dns_resolution": true
              }
            ],
            "id": "pcx-02bd8a5afaa2792ba",
            "region": "ap-southeast-1",
            "requester": [
              {
                "allow_remote_vpc_dns_resolution": true
              }
            ],
            "vpc_peering_connection_id": "pcx-02bd8a5afaa2792ba"
          },
          "sensitive_attributes": [],
          "identity_schema_version": 0,
          "private": "bnVsbA==",
          "dependencies": [
            "aws_vpc.account",
            "aws_vpc.customer-profile",
            "aws_vpc_peering_connection.customer_account"
          ]
        }
      ]
    },
    {
      "mode": "managed",
      "type": "local_file",
      "name": "private_key",
      "provider": "provider[\"registry.terraform.io/hashicorp/local\"]",
      "instances": [
        {
          "schema_version": 0,
          "attributes": {
            "content": "-----BEGIN RSA PRIVATE KEY-----\nMIIEogIBAAKCAQEA1/CfBSOyzt9hRse9yvtEKESin5YzEsy0fiL7BrZjMMSHJVq7\nSXHTolG9+No/YWu1zzc+ZNLEywezlOOFjY/pmJI4E/jt1tqseZ7ceO1/5cHApjvi\nKiC7tdwzTnKypzZ0WNfFnkkJlPT2bjJdg0VEq3z2mcGnkVvOQiwzASPNL+nQNwtj\nyvZk75Y5oThiWEmvwKoAZbfH6z4/PPyDxy2X9cBflAeGN58RivK0LOyDCA+v/xJf\nHsBGKj9W9bzHcl/Wa6c8/SjV+jJTjaTr3I7MsLpvkRTRf0aZ0fa3Ya194TW/muAX\nex5UXadQj7elPGJfgLmrv40Dprh5Mavo7yb8cwIDAQABAoIBAGRuYH9C7ahCg1so\njfCIcVgrJ9mCQWnGdFHQEiE6laJ6XQK2ErIjcxMk4m6Jjv3P2ySvZGD/GBD3mYGv\nWg+Pdc0EgHllhrStSpdcF91UVG428VM/Ob5vL+5yphgfx1B2xqEFZb9q5750OeLh\noNVrU3dQrN6xDy7PXHwxU1192bIkuXe/4KkQWUTxzYbhrAMxh8jX1a/ZNzT6L2++\nwByTXXHJdrT0EVAblC+6lnzLGU8A7f4JYVRSAtWZJuBx2NKspMzLlMHBM2RoVXS1\nG9Fkj/LH3bRavNtroCmea6ns13syPbJ25fPq40lyia8AkEIxhBreo8zBuYpGQW6z\n4E/QLGkCgYEA5pg1wN2sYWuPFcLYiC+PEVPFu3iBsK098J1rtHp8WbOc9oZo8bqu\n1NqFbXtLNYV9l2/zic8aYiW3bGgQaNAlvjRvMrpk/P/EAHpbS1IHph/8P2Cj3lZV\nv5zak3o+r5EDfpO/YJYtSfz/74rin6dETsQe2iA29KRBmlXbw4XdjJsCgYEA77sV\n0RQxPRdhV/Xyvn2G+HUeCCWl3sAKeX/0hYv/pEktY2FobBi/+Zry5Br768BO8GaC\nUXxiuErlcyagXH77Sdpqz3qYs56SPS3mET+8zbhKUGwJFHfhpDSK1Hx1BZXlbC3h\nDVhGgD1OAH2xckpVBT+E6c7Chckfh5DhZsCgUQkCgYA3opm1gsZIau8GzQ/5K6BV\nCeU3KggAXIwJNbH6xWKjMda5FAzV5biw2lg+5fRrYV2/397ebP1smLT8js8GutGg\nZn49uwMKl5rukpbcQVpfFnCBygs/ZY0iwfFqi5/8M/yn2XXfE9yxcT0+yj+LTYwJ\nhP/8mLEprUe2uOhg8DdX6QKBgCV6tFB5vbD1ZMyhsQ/DBET32ngfmq0WjQytyobO\nemsu3Z+57N9phyn45Zxv847KBA1lmV4v+ich3nmAQnXzjEnhke1aF2GNmwNhl6R+\nuH/ZHhUwrsK6c1Z+uG27/3eeFb4x9gtmD6+g5f8Bp6pcoKovYhJDtvm/leRV7Edq\nOiYxAoGARCQ749uDSYyAFNGXvLnlXn9RIT2CmZTVuClNQXWXk96wzbFNVnglBPTS\nP9ST8nah0a9md1g2BhJvK7HT0IIbHNNxcSJjWqQcagviX7wRM1GFLOpe8h6Al5oR\n4as7VyV/eo/rEYkzPSE61u6SOGUrxx/6UGcaW7w/tQGvTwhglKE=\n-----END RSA PRIVATE KEY-----\n",
            "content_base64": null,
            "content_base64sha256": "v2KTTSANbxf9IREdM7YY2Pnavx+Vcjp73CjZ6Pil45w=",
            "content_base64sha512": "wZCEWfgbqd2B/cZ2BpBdwDiXRTfaJNDPHEIQhZyTXc/vmf2gdfpxRpdDp3brGF/IJD6Vq+HPNrkIQwZcHlc9zw==",
            "content_md5": "e1108d3497ad58f325b879c07aed3811",
            "content_sha1": "0423958bb0e648221557ec642adcc36fb3884c6e",
            "content_sha256": "bf62934d200d6f17fd21111d33b618d8f9dabf1f95723a7bdc28d9e8f8a5e39c",
            "content_sha512": "c1908459f81ba9dd81fdc67606905dc038974537da24d0cf1c4210859c935dcfef99fda075fa71469743a776eb185fc8243e95abe1cf36b90843065c1e573dcf",
            "directory_permission": "0777",
            "file_permission": "0400",
            "filename": "fake-service-app.pem",
            "id": "0423958bb0e648221557ec642adcc36fb3884c6e",
            "sensitive_content": null,
            "source": null
          },
          "sensitive_attributes": [
            [
              {
                "type": "get_attr",
                "value": "content"
              }
            ],
            [
              {
                "type": "get_attr",
                "value": "sensitive_content"
              }
            ]
          ],
          "identity_schema_version": 0,
          "dependencies": [
            "tls_private_key.fake_service_app"
          ]
        }
      ]
    },
    {
      "mode": "managed",
      "type": "tls_private_key",
      "name": "fake_service_app",
      "provider": "provider[\"registry.terraform.io/hashicorp/tls\"]",
      "instances": [
        {
          "schema_version": 1,
          "attributes": {
            "algorithm": "RSA",
            "ecdsa_curve": "P224",
            "id": "7d46e2b0a69e0e58872d58de6a845b4fe8442481",
            "private_key_openssh": "-----BEGIN OPENSSH PRIVATE KEY-----\nb3BlbnNzaC1rZXktdjEAAAAABG5vbmUAAAAEbm9uZQAAAAAAAAABAAABFwAAAAdz\nc2gtcnNhAAAAAwEAAQAAAQEA1/CfBSOyzt9hRse9yvtEKESin5YzEsy0fiL7BrZj\nMMSHJVq7SXHTolG9+No/YWu1zzc+ZNLEywezlOOFjY/pmJI4E/jt1tqseZ7ceO1/\n5cHApjviKiC7tdwzTnKypzZ0WNfFnkkJlPT2bjJdg0VEq3z2mcGnkVvOQiwzASPN\nL+nQNwtjyvZk75Y5oThiWEmvwKoAZbfH6z4/PPyDxy2X9cBflAeGN58RivK0LOyD\nCA+v/xJfHsBGKj9W9bzHcl/Wa6c8/SjV+jJTjaTr3I7MsLpvkRTRf0aZ0fa3Ya19\n4TW/muAXex5UXadQj7elPGJfgLmrv40Dprh5Mavo7yb8cwAAA7hARYcRQEWHEQAA\nAAdzc2gtcnNhAAABAQDX8J8FI7LO32FGx73K+0QoRKKfljMSzLR+IvsGtmMwxIcl\nWrtJcdOiUb342j9ha7XPNz5k0sTLB7OU44WNj+mYkjgT+O3W2qx5ntx47X/lwcCm\nO+IqILu13DNOcrKnNnRY18WeSQmU9PZuMl2DRUSrfPaZwaeRW85CLDMBI80v6dA3\nC2PK9mTvljmhOGJYSa/AqgBlt8frPj88/IPHLZf1wF+UB4Y3nxGK8rQs7IMID6//\nEl8ewEYqP1b1vMdyX9Zrpzz9KNX6MlONpOvcjsywum+RFNF/RpnR9rdhrX3hNb+a\n4Bd7HlRdp1CPt6U8Yl+Auau/jQOmuHkxq+jvJvxzAAAAAwEAAQAAAQBkbmB/Qu2o\nQoNbKI3wiHFYKyfZgkFpxnRR0BIhOpWiel0CthKyI3MTJOJuiY79z9skr2Rg/xgQ\n95mBr1oPj3XNBIB5ZYa0rUqXXBfdVFRuNvFTPzm+by/ucqYYH8dQdsahBWW/aue+\ndDni4aDVa1N3UKzesQ8uz1x8MVNdfdmyJLl3v+CpEFlE8c2G4awDMYfI19Wv2Tc0\n+i9vvsAck11xyXa09BFQG5QvupZ8yxlPAO3+CWFUUgLVmSbgcdjSrKTMy5TBwTNk\naFV0tRvRZI/yx920Wrzba6Apnmup7Nd7Mj2yduXz6uNJcomvAJBCMYQa3qPMwbmK\nRkFus+BP0CxpAAAAgEQkO+Pbg0mMgBTRl7y55V5/USE9gpmU1bgpTUF1l5PesM2x\nTVZ4JQT00j/Uk/J2odGvZndYNgYSbyux09CCGxzTcXEiY1qkHGoL4l+8ETNRhSzq\nXvIegJeaEeGrO1clf3qP6xGJMz0hOtbukjhlK8cf+lBnGlu8P7UBr08IYJShAAAA\ngQDmmDXA3axha48VwtiIL48RU8W7eIGwrT3wnWu0enxZs5z2hmjxuq7U2oVte0s1\nhX2Xb/OJzxpiJbdsaBBo0CW+NG8yumT8/8QAeltLUgemH/w/YKPeVlW/nNqTej6v\nkQN+k79gli1J/P/viuKfp0ROxB7aIDb0pEGaVdvDhd2MmwAAAIEA77sV0RQxPRdh\nV/Xyvn2G+HUeCCWl3sAKeX/0hYv/pEktY2FobBi/+Zry5Br768BO8GaCUXxiuErl\ncyagXH77Sdpqz3qYs56SPS3mET+8zbhKUGwJFHfhpDSK1Hx1BZXlbC3hDVhGgD1O\nAH2xckpVBT+E6c7Chckfh5DhZsCgUQkAAAAAAQID\n-----END OPENSSH PRIVATE KEY-----\n",
            "private_key_pem": "-----BEGIN RSA PRIVATE KEY-----\nMIIEogIBAAKCAQEA1/CfBSOyzt9hRse9yvtEKESin5YzEsy0fiL7BrZjMMSHJVq7\nSXHTolG9+No/YWu1zzc+ZNLEywezlOOFjY/pmJI4E/jt1tqseZ7ceO1/5cHApjvi\nKiC7tdwzTnKypzZ0WNfFnkkJlPT2bjJdg0VEq3z2mcGnkVvOQiwzASPNL+nQNwtj\nyvZk75Y5oThiWEmvwKoAZbfH6z4/PPyDxy2X9cBflAeGN58RivK0LOyDCA+v/xJf\nHsBGKj9W9bzHcl/Wa6c8/SjV+jJTjaTr3I7MsLpvkRTRf0aZ0fa3Ya194TW/muAX\nex5UXadQj7elPGJfgLmrv40Dprh5Mavo7yb8cwIDAQABAoIBAGRuYH9C7ahCg1so\njfCIcVgrJ9mCQWnGdFHQEiE6laJ6XQK2ErIjcxMk4m6Jjv3P2ySvZGD/GBD3mYGv\nWg+Pdc0EgHllhrStSpdcF91UVG428VM/Ob5vL+5yphgfx1B2xqEFZb9q5750OeLh\noNVrU3dQrN6xDy7PXHwxU1192bIkuXe/4KkQWUTxzYbhrAMxh8jX1a/ZNzT6L2++\nwByTXXHJdrT0EVAblC+6lnzLGU8A7f4JYVRSAtWZJuBx2NKspMzLlMHBM2RoVXS1\nG9Fkj/LH3bRavNtroCmea6ns13syPbJ25fPq40lyia8AkEIxhBreo8zBuYpGQW6z\n4E/QLGkCgYEA5pg1wN2sYWuPFcLYiC+PEVPFu3iBsK098J1rtHp8WbOc9oZo8bqu\n1NqFbXtLNYV9l2/zic8aYiW3bGgQaNAlvjRvMrpk/P/EAHpbS1IHph/8P2Cj3lZV\nv5zak3o+r5EDfpO/YJYtSfz/74rin6dETsQe2iA29KRBmlXbw4XdjJsCgYEA77sV\n0RQxPRdhV/Xyvn2G+HUeCCWl3sAKeX/0hYv/pEktY2FobBi/+Zry5Br768BO8GaC\nUXxiuErlcyagXH77Sdpqz3qYs56SPS3mET+8zbhKUGwJFHfhpDSK1Hx1BZXlbC3h\nDVhGgD1OAH2xckpVBT+E6c7Chckfh5DhZsCgUQkCgYA3opm1gsZIau8GzQ/5K6BV\nCeU3KggAXIwJNbH6xWKjMda5FAzV5biw2lg+5fRrYV2/397ebP1smLT8js8GutGg\nZn49uwMKl5rukpbcQVpfFnCBygs/ZY0iwfFqi5/8M/yn2XXfE9yxcT0+yj+LTYwJ\nhP/8mLEprUe2uOhg8DdX6QKBgCV6tFB5vbD1ZMyhsQ/DBET32ngfmq0WjQytyobO\nemsu3Z+57N9phyn45Zxv847KBA1lmV4v+ich3nmAQnXzjEnhke1aF2GNmwNhl6R+\nuH/ZHhUwrsK6c1Z+uG27/3eeFb4x9gtmD6+g5f8Bp6pcoKovYhJDtvm/leRV7Edq\nOiYxAoGARCQ749uDSYyAFNGXvLnlXn9RIT2CmZTVuClNQXWXk96wzbFNVnglBPTS\nP9ST8nah0a9md1g2BhJvK7HT0IIbHNNxcSJjWqQcagviX7wRM1GFLOpe8h6Al5oR\n4as7VyV/eo/rEYkzPSE61u6SOGUrxx/6UGcaW7w/tQGvTwhglKE=\n-----END RSA PRIVATE KEY-----\n",
            "private_key_pem_pkcs8": "-----BEGIN PRIVATE KEY-----\nMIIEvAIBADANBgkqhkiG9w0BAQEFAASCBKYwggSiAgEAAoIBAQDX8J8FI7LO32FG\nx73K+0QoRKKfljMSzLR+IvsGtmMwxIclWrtJcdOiUb342j9ha7XPNz5k0sTLB7OU\n44WNj+mYkjgT+O3W2qx5ntx47X/lwcCmO+IqILu13DNOcrKnNnRY18WeSQmU9PZu\nMl2DRUSrfPaZwaeRW85CLDMBI80v6dA3C2PK9mTvljmhOGJYSa/AqgBlt8frPj88\n/IPHLZf1wF+UB4Y3nxGK8rQs7IMID6//El8ewEYqP1b1vMdyX9Zrpzz9KNX6MlON\npOvcjsywum+RFNF/RpnR9rdhrX3hNb+a4Bd7HlRdp1CPt6U8Yl+Auau/jQOmuHkx\nq+jvJvxzAgMBAAECggEAZG5gf0LtqEKDWyiN8IhxWCsn2YJBacZ0UdASITqVonpd\nArYSsiNzEyTibomO/c/bJK9kYP8YEPeZga9aD491zQSAeWWGtK1Kl1wX3VRUbjbx\nUz85vm8v7nKmGB/HUHbGoQVlv2rnvnQ54uGg1WtTd1Cs3rEPLs9cfDFTXX3ZsiS5\nd7/gqRBZRPHNhuGsAzGHyNfVr9k3NPovb77AHJNdccl2tPQRUBuUL7qWfMsZTwDt\n/glhVFIC1Zkm4HHY0qykzMuUwcEzZGhVdLUb0WSP8sfdtFq822ugKZ5rqezXezI9\nsnbl8+rjSXKJrwCQQjGEGt6jzMG5ikZBbrPgT9AsaQKBgQDmmDXA3axha48VwtiI\nL48RU8W7eIGwrT3wnWu0enxZs5z2hmjxuq7U2oVte0s1hX2Xb/OJzxpiJbdsaBBo\n0CW+NG8yumT8/8QAeltLUgemH/w/YKPeVlW/nNqTej6vkQN+k79gli1J/P/viuKf\np0ROxB7aIDb0pEGaVdvDhd2MmwKBgQDvuxXRFDE9F2FX9fK+fYb4dR4IJaXewAp5\nf/SFi/+kSS1jYWhsGL/5mvLkGvvrwE7wZoJRfGK4SuVzJqBcfvtJ2mrPepiznpI9\nLeYRP7zNuEpQbAkUd+GkNIrUfHUFleVsLeENWEaAPU4AfbFySlUFP4TpzsKFyR+H\nkOFmwKBRCQKBgDeimbWCxkhq7wbND/kroFUJ5TcqCABcjAk1sfrFYqMx1rkUDNXl\nuLDaWD7l9GthXb/f3t5s/WyYtPyOzwa60aBmfj27AwqXmu6SltxBWl8WcIHKCz9l\njSLB8WqLn/wz/KfZdd8T3LFxPT7KP4tNjAmE//yYsSmtR7a46GDwN1fpAoGAJXq0\nUHm9sPVkzKGxD8MERPfaeB+arRaNDK3Khs56ay7dn7ns32mHKfjlnG/zjsoEDWWZ\nXi/6JyHeeYBCdfOMSeGR7VoXYY2bA2GXpH64f9keFTCuwrpzVn64bbv/d54VvjH2\nC2YPr6Dl/wGnqlygqi9iEkO2+b+V5FXsR2o6JjECgYBEJDvj24NJjIAU0Ze8ueVe\nf1EhPYKZlNW4KU1BdZeT3rDNsU1WeCUE9NI/1JPydqHRr2Z3WDYGEm8rsdPQghsc\n03FxImNapBxqC+JfvBEzUYUs6l7yHoCXmhHhqztXJX96j+sRiTM9ITrW7pI4ZSvH\nH/pQZxpbvD+1Aa9PCGCUoQ==\n-----END PRIVATE KEY-----\n",
            "public_key_fingerprint_md5": "ad:35:74:c6:a9:14:ff:6d:08:ae:a3:67:25:31:78:01",
            "public_key_fingerprint_sha256": "SHA256:LnmyldHi8wLW5EZP42itvroSFy1mI8z4QR20zzH/tlA",
            "public_key_openssh": "ssh-rsa AAAAB3NzaC1yc2EAAAADAQABAAABAQDX8J8FI7LO32FGx73K+0QoRKKfljMSzLR+IvsGtmMwxIclWrtJcdOiUb342j9ha7XPNz5k0sTLB7OU44WNj+mYkjgT+O3W2qx5ntx47X/lwcCmO+IqILu13DNOcrKnNnRY18WeSQmU9PZuMl2DRUSrfPaZwaeRW85CLDMBI80v6dA3C2PK9mTvljmhOGJYSa/AqgBlt8frPj88/IPHLZf1wF+UB4Y3nxGK8rQs7IMID6//El8ewEYqP1b1vMdyX9Zrpzz9KNX6MlONpOvcjsywum+RFNF/RpnR9rdhrX3hNb+a4Bd7HlRdp1CPt6U8Yl+Auau/jQOmuHkxq+jvJvxz\n",
            "public_key_pem": "-----BEGIN PUBLIC KEY-----\nMIIBIjANBgkqhkiG9w0BAQEFAAOCAQ8AMIIBCgKCAQEA1/CfBSOyzt9hRse9yvtE\nKESin5YzEsy0fiL7BrZjMMSHJVq7SXHTolG9+No/YWu1zzc+ZNLEywezlOOFjY/p\nmJI4E/jt1tqseZ7ceO1/5cHApjviKiC7tdwzTnKypzZ0WNfFnkkJlPT2bjJdg0VE\nq3z2mcGnkVvOQiwzASPNL+nQNwtjyvZk75Y5oThiWEmvwKoAZbfH6z4/PPyDxy2X\n9cBflAeGN58RivK0LOyDCA+v/xJfHsBGKj9W9bzHcl/Wa6c8/SjV+jJTjaTr3I7M\nsLpvkRTRf0aZ0fa3Ya194TW/muAXex5UXadQj7elPGJfgLmrv40Dprh5Mavo7yb8\ncwIDAQAB\n-----END PUBLIC KEY-----\n",
            "rsa_bits": 2048
          },
          "sensitive_attributes": [
            [
              {
                "type": "get_attr",
                "value": "private_key_openssh"
              }
            ],
            [
              {
                "type": "get_attr",
                "value": "private_key_pem"
              }
            ],
            [
              {
                "type": "get_attr",
                "value": "private_key_pem_pkcs8"
              }
            ]
          ],
          "identity_schema_version": 0
        }
      ]
    }
  ],
  "check_results": null
}
