{
  "version": 4,
  "terraform_version": "1.15.5",
  "serial": 1340,
  "lineage": "aad5c138-8ad5-29a0-5d8c-1785dc8dd7d7",
  "outputs": {
    "account_alb_dns": {
      "value": "internal-account-alb-406131158.ap-southeast-1.elb.amazonaws.com",
      "type": "string"
    },
    "account_private_ips": {
      "value": [
        "172.16.2.136",
        "172.16.3.131"
      ],
      "type": [
        "tuple",
        [
          "string",
          "string"
        ]
      ]
    },
    "bastion_public_ip": {
      "value": "54.169.237.89",
      "type": "string"
    },
    "customer_profile_alb_dns": {
      "value": "customer-profile-alb-2016490579.ap-southeast-1.elb.amazonaws.com",
      "type": "string"
    },
    "customer_profile_private_ips": {
      "value": [
        "10.0.2.24",
        "10.0.3.48"
      ],
      "type": [
        "tuple",
        [
          "string",
          "string"
        ]
      ]
    },
    "customer_profile_url": {
      "value": "http://customer-profile-alb-2016490579.ap-southeast-1.elb.amazonaws.com",
      "type": "string"
    },
    "generated_key_path": {
      "value": "fake-service-app.pem",
      "type": "string"
    },
    "statement_alb_dns": {
      "value": "internal-statement-alb-2122168399.ap-southeast-1.elb.amazonaws.com",
      "type": "string"
    },
    "statement_private_ips": {
      "value": [
        "192.168.2.132",
        "192.168.3.21"
      ],
      "type": [
        "tuple",
        [
          "string",
          "string"
        ]
      ]
    },
    "used_key_name": {
      "value": "fake-service-app-ssh-key",
      "type": "string"
    }
  },
  "resources": [
    {
      "mode": "data",
      "type": "aws_ami",
      "name": "ubuntu",
      "provider": "provider[\"registry.terraform.io/hashicorp/aws\"]",
      "instances": [
        {
          "schema_version": 0,
          "attributes": {
            "allow_unsafe_filter": null,
            "architecture": "x86_64",
            "arn": "arn:aws:ec2:ap-southeast-1::image/ami-03acbba64aef9bf5c",
            "block_device_mappings": [
              {
                "device_name": "/dev/sda1",
                "ebs": {
                  "delete_on_termination": "true",
                  "encrypted": "false",
                  "iops": "0",
                  "snapshot_id": "snap-035d3d988f229c09d",
                  "throughput": "0",
                  "volume_initialization_rate": "0",
                  "volume_size": "8",
                  "volume_type": "gp3"
                },
                "no_device": "",
                "virtual_name": ""
              },
              {
                "device_name": "/dev/sdb",
                "ebs": {},
                "no_device": "",
                "virtual_name": "ephemeral0"
              },
              {
                "device_name": "/dev/sdc",
                "ebs": {},
                "no_device": "",
                "virtual_name": "ephemeral1"
              }
            ],
            "boot_mode": "uefi-preferred",
            "creation_date": "2026-06-10T10:55:05.000Z",
            "deprecation_time": "2028-06-10T10:55:05.000Z",
            "description": "Canonical, Ubuntu, 24.04, amd64 noble image",
            "ena_support": true,
            "executable_users": null,
            "filter": [
              {
                "name": "name",
                "values": [
                  "ubuntu/images/hvm-ssd-gp3/ubuntu-noble-24.04-amd64-server-*"
                ]
              },
              {
                "name": "virtualization-type",
                "values": [
                  "hvm"
                ]
              }
            ],
            "hypervisor": "xen",
            "id": "ami-03acbba64aef9bf5c",
            "image_id": "ami-03acbba64aef9bf5c",
            "image_location": "amazon/ubuntu/images/hvm-ssd-gp3/ubuntu-noble-24.04-amd64-server-20260610",
            "image_owner_alias": "amazon",
            "image_type": "machine",
            "imds_support": "v2.0",
            "include_deprecated": false,
            "kernel_id": "",
            "last_launched_time": "",
            "most_recent": true,
            "name": "ubuntu/images/hvm-ssd-gp3/ubuntu-noble-24.04-amd64-server-20260610",
            "name_regex": null,
            "owner_id": "099720109477",
            "owners": [
              "099720109477"
            ],
            "platform": "",
            "platform_details": "Linux/UNIX",
            "product_codes": [],
            "public": true,
            "ramdisk_id": "",
            "region": "ap-southeast-1",
            "root_device_name": "/dev/sda1",
            "root_device_type": "ebs",
            "root_snapshot_id": "snap-035d3d988f229c09d",
            "sriov_net_support": "simple",
            "state": "available",
            "state_reason": {
              "code": "UNSET",
              "message": "UNSET"
            },
            "tags": {},
            "timeouts": null,
            "tpm_support": "",
            "uefi_data": null,
            "usage_operation": "RunInstances",
            "virtualization_type": "hvm"
          },
          "sensitive_attributes": [],
          "identity_schema_version": 0
        }
      ]
    },
    {
      "mode": "managed",
      "type": "aws_eip",
      "name": "account_nat",
      "provider": "provider[\"registry.terraform.io/hashicorp/aws\"]",
      "instances": [
        {
          "schema_version": 0,
          "attributes": {
            "address": null,
            "allocation_id": "eipalloc-0b1aa4c82db842ce9",
            "arn": "arn:aws:ec2:ap-southeast-1:810421502375:elastic-ip/eipalloc-0b1aa4c82db842ce9",
            "associate_with_private_ip": null,
            "association_id": "",
            "carrier_ip": "",
            "customer_owned_ip": "",
            "customer_owned_ipv4_pool": "",
            "domain": "vpc",
            "id": "eipalloc-0b1aa4c82db842ce9",
            "instance": "",
            "ipam_pool_id": "",
            "network_border_group": "ap-southeast-1",
            "network_interface": "",
            "private_dns": "",
            "private_ip": "",
            "ptr_record": "",
            "public_dns": "ec2-18-140-23-73.ap-southeast-1.compute.amazonaws.com",
            "public_ip": "18.140.23.73",
            "public_ipv4_pool": "amazon",
            "region": "ap-southeast-1",
            "tags": null,
            "tags_all": {},
            "timeouts": null
          },
          "sensitive_attributes": [],
          "identity_schema_version": 0,
          "identity": {
            "account_id": "810421502375",
            "id": "eipalloc-0b1aa4c82db842ce9",
            "region": "ap-southeast-1"
          },
          "private": "eyJlMmJmYjczMC1lY2FhLTExZTYtOGY4OC0zNDM2M2JjN2M0YzAiOnsiZGVsZXRlIjoxODAwMDAwMDAwMDAsInJlYWQiOjkwMDAwMDAwMDAwMCwidXBkYXRlIjozMDAwMDAwMDAwMDB9fQ=="
        }
      ]
    },
    {
      "mode": "managed",
      "type": "aws_eip",
      "name": "customer_nat",
      "provider": "provider[\"registry.terraform.io/hashicorp/aws\"]",
      "instances": [
        {
          "schema_version": 0,
          "attributes": {
            "address": null,
            "allocation_id": "eipalloc-0afdebf8090c054a9",
            "arn": "arn:aws:ec2:ap-southeast-1:810421502375:elastic-ip/eipalloc-0afdebf8090c054a9",
            "associate_with_private_ip": null,
            "association_id": "",
            "carrier_ip": "",
            "customer_owned_ip": "",
            "customer_owned_ipv4_pool": "",
            "domain": "vpc",
            "id": "eipalloc-0afdebf8090c054a9",
            "instance": "",
            "ipam_pool_id": "",
            "network_border_group": "ap-southeast-1",
            "network_interface": "",
            "private_dns": "",
            "private_ip": "",
            "ptr_record": "",
            "public_dns": "ec2-47-131-27-186.ap-southeast-1.compute.amazonaws.com",
            "public_ip": "47.131.27.186",
            "public_ipv4_pool": "amazon",
            "region": "ap-southeast-1",
            "tags": null,
            "tags_all": {},
            "timeouts": null
          },
          "sensitive_attributes": [],
          "identity_schema_version": 0,
          "identity": {
            "account_id": "810421502375",
            "id": "eipalloc-0afdebf8090c054a9",
            "region": "ap-southeast-1"
          },
          "private": "eyJlMmJmYjczMC1lY2FhLTExZTYtOGY4OC0zNDM2M2JjN2M0YzAiOnsiZGVsZXRlIjoxODAwMDAwMDAwMDAsInJlYWQiOjkwMDAwMDAwMDAwMCwidXBkYXRlIjozMDAwMDAwMDAwMDB9fQ=="
        }
      ]
    },
    {
      "mode": "managed",
      "type": "aws_eip",
      "name": "statement_nat",
      "provider": "provider[\"registry.terraform.io/hashicorp/aws\"]",
      "instances": [
        {
          "schema_version": 0,
          "attributes": {
            "address": null,
            "allocation_id": "eipalloc-0abc8c5407679e74c",
            "arn": "arn:aws:ec2:ap-southeast-1:810421502375:elastic-ip/eipalloc-0abc8c5407679e74c",
            "associate_with_private_ip": null,
            "association_id": "",
            "carrier_ip": "",
            "customer_owned_ip": "",
            "customer_owned_ipv4_pool": "",
            "domain": "vpc",
            "id": "eipalloc-0abc8c5407679e74c",
            "instance": "",
            "ipam_pool_id": "",
            "network_border_group": "ap-southeast-1",
            "network_interface": "",
            "private_dns": "",
            "private_ip": "",
            "ptr_record": "",
            "public_dns": "ec2-47-130-231-48.ap-southeast-1.compute.amazonaws.com",
            "public_ip": "47.130.231.48",
            "public_ipv4_pool": "amazon",
            "region": "ap-southeast-1",
            "tags": null,
            "tags_all": {},
            "timeouts": null
          },
          "sensitive_attributes": [],
          "identity_schema_version": 0,
          "identity": {
            "account_id": "810421502375",
            "id": "eipalloc-0abc8c5407679e74c",
            "region": "ap-southeast-1"
          },
          "private": "eyJlMmJmYjczMC1lY2FhLTExZTYtOGY4OC0zNDM2M2JjN2M0YzAiOnsiZGVsZXRlIjoxODAwMDAwMDAwMDAsInJlYWQiOjkwMDAwMDAwMDAwMCwidXBkYXRlIjozMDAwMDAwMDAwMDB9fQ=="
        }
      ]
    },
    {
      "mode": "managed",
      "type": "aws_instance",
      "name": "account_app_a",
      "provider": "provider[\"registry.terraform.io/hashicorp/aws\"]",
      "instances": [
        {
          "schema_version": 2,
          "attributes": {
            "ami": "ami-03acbba64aef9bf5c",
            "arn": "arn:aws:ec2:ap-southeast-1:810421502375:instance/i-0c40b69a4d10c85a9",
            "associate_public_ip_address": false,
            "availability_zone": "ap-southeast-1a",
            "capacity_reservation_specification": [
              {
                "capacity_reservation_preference": "open",
                "capacity_reservation_target": []
              }
            ],
            "cpu_options": [
              {
                "amd_sev_snp": "",
                "core_count": 1,
                "nested_virtualization": "",
                "threads_per_core": 2
              }
            ],
            "credit_specification": [
              {
                "cpu_credits": "unlimited"
              }
            ],
            "disable_api_stop": false,
            "disable_api_termination": false,
            "ebs_block_device": [],
            "ebs_optimized": false,
            "enable_primary_ipv6": null,
            "enclave_options": [
              {
                "enabled": false
              }
            ],
            "ephemeral_block_device": [],
            "force_destroy": false,
            "get_password_data": false,
            "hibernation": false,
            "host_id": "",
            "host_resource_group_arn": null,
            "iam_instance_profile": "",
            "id": "i-0c40b69a4d10c85a9",
            "instance_initiated_shutdown_behavior": "stop",
            "instance_lifecycle": "",
            "instance_market_options": [],
            "instance_state": "running",
            "instance_type": "t3.micro",
            "ipv6_address_count": 0,
            "ipv6_addresses": [],
            "key_name": "fake-service-app-ssh-key",
            "launch_template": [],
            "maintenance_options": [
              {
                "auto_recovery": "default"
              }
            ],
            "metadata_options": [
              {
                "http_endpoint": "enabled",
                "http_protocol_ipv6": "disabled",
                "http_put_response_hop_limit": 2,
                "http_tokens": "required",
                "instance_metadata_tags": "disabled"
              }
            ],
            "monitoring": false,
            "network_interface": [],
            "outpost_arn": "",
            "password_data": "",
            "placement_group": "",
            "placement_group_id": "",
            "placement_partition_number": 0,
            "primary_network_interface": [
              {
                "delete_on_termination": true,
                "network_interface_id": "eni-03de119035385ac51"
              }
            ],
            "primary_network_interface_id": "eni-03de119035385ac51",
            "private_dns": "ip-172-16-2-136.ap-southeast-1.compute.internal",
            "private_dns_name_options": [
              {
                "enable_resource_name_dns_a_record": false,
                "enable_resource_name_dns_aaaa_record": false,
                "hostname_type": "ip-name"
              }
            ],
            "private_ip": "172.16.2.136",
            "public_dns": "",
            "public_ip": "",
            "region": "ap-southeast-1",
            "root_block_device": [
              {
                "delete_on_termination": true,
                "device_name": "/dev/sda1",
                "encrypted": false,
                "iops": 3000,
                "kms_key_id": "",
                "tags": {},
                "tags_all": {},
                "throughput": 125,
                "volume_id": "vol-0d81ef729e7c02f1e",
                "volume_size": 8,
                "volume_type": "gp3"
              }
            ],
            "secondary_network_interface": [],
            "secondary_private_ips": [],
            "security_groups": [],
            "source_dest_check": true,
            "spot_instance_request_id": "",
            "subnet_id": "subnet-0bd16e2e193cb7bb4",
            "tags": {
              "Name": "account-app-a"
            },
            "tags_all": {
              "Name": "account-app-a"
            },
            "tenancy": "default",
            "timeouts": null,
            "user_data": "#!/bin/bash\nset -xe\n\nsudo apt-get update -y\nsudo apt-get install -y unzip curl\n\ncurl -L https://github.com/nicholasjackson/fake-service/releases/download/v0.26.2/fake_service_linux_amd64.zip -o /tmp/service.zip\nunzip -o /tmp/service.zip -d /tmp/\nsudo mv /tmp/fake-service /usr/local/bin/account-service\nsudo chmod 755 /usr/local/bin/account-service\n\ncat \u003e /etc/systemd/system/account-api.service \u003c\u003cEOF\n[Unit]\nDescription=Account API Service\nAfter=network.target\n\n[Service]\nType=simple\nUser=ubuntu\nEnvironment=\"LISTEN_ADDR=0.0.0.0:8081\"\nEnvironment=\"UPSTREAM_URIS=http://internal-statement-alb-2122168399.ap-southeast-1.elb.amazonaws.com\"\nEnvironment=\"MESSAGE=HelloCloud Bank | Retail-Banking | Account-service\"\nEnvironment=\"NAME=account\"\nExecStart=/usr/local/bin/account-service\nRestart=always\n\n[Install]\nWantedBy=multi-user.target\nEOF\n\nsudo systemctl daemon-reload\nsudo systemctl enable account-api.service\nsudo systemctl restart account-api.service",
            "user_data_base64": null,
            "user_data_replace_on_change": false,
            "volume_tags": null,
            "vpc_security_group_ids": [
              "sg-06ec82539ea7c81dd"
            ]
          },
          "sensitive_attributes": [],
          "identity_schema_version": 0,
          "identity": {
            "account_id": "810421502375",
            "id": "i-0c40b69a4d10c85a9",
            "region": "ap-southeast-1"
          },
          "private": "eyJlMmJmYjczMC1lY2FhLTExZTYtOGY4OC0zNDM2M2JjN2M0YzAiOnsiY3JlYXRlIjo2MDAwMDAwMDAwMDAsImRlbGV0ZSI6MTIwMDAwMDAwMDAwMCwicmVhZCI6OTAwMDAwMDAwMDAwLCJ1cGRhdGUiOjYwMDAwMDAwMDAwMH0sInNjaGVtYV92ZXJzaW9uIjoiMiJ9",
          "dependencies": [
            "aws_instance.statement_app_a",
            "aws_instance.statement_app_b",
            "aws_key_pair.fake_service_app",
            "aws_lb.statement",
            "aws_security_group.account_alb",
            "aws_security_group.account_ec2",
            "aws_security_group.statement_alb",
            "aws_security_group.statement_ec2",
            "aws_subnet.account_private_a",
            "aws_subnet.statement_private_a",
            "aws_subnet.statement_private_b",
            "aws_vpc.account",
            "aws_vpc.statement",
            "data.aws_ami.ubuntu",
            "tls_private_key.fake_service_app"
          ]
        }
      ]
    },
    {
      "mode": "managed",
      "type": "aws_instance",
      "name": "account_app_b",
      "provider": "provider[\"registry.terraform.io/hashicorp/aws\"]",
      "instances": [
        {
          "schema_version": 2,
          "attributes": {
            "ami": "ami-03acbba64aef9bf5c",
            "arn": "arn:aws:ec2:ap-southeast-1:810421502375:instance/i-0cd8e63b61c8ee748",
            "associate_public_ip_address": false,
            "availability_zone": "ap-southeast-1b",
            "capacity_reservation_specification": [
              {
                "capacity_reservation_preference": "open",
                "capacity_reservation_target": []
              }
            ],
            "cpu_options": [
              {
                "amd_sev_snp": "",
                "core_count": 1,
                "nested_virtualization": "",
                "threads_per_core": 2
              }
            ],
            "credit_specification": [
              {
                "cpu_credits": "unlimited"
              }
            ],
            "disable_api_stop": false,
            "disable_api_termination": false,
            "ebs_block_device": [],
            "ebs_optimized": false,
            "enable_primary_ipv6": null,
            "enclave_options": [
              {
                "enabled": false
              }
            ],
            "ephemeral_block_device": [],
            "force_destroy": false,
            "get_password_data": false,
            "hibernation": false,
            "host_id": "",
            "host_resource_group_arn": null,
            "iam_instance_profile": "",
            "id": "i-0cd8e63b61c8ee748",
            "instance_initiated_shutdown_behavior": "stop",
            "instance_lifecycle": "",
            "instance_market_options": [],
            "instance_state": "running",
            "instance_type": "t3.micro",
            "ipv6_address_count": 0,
            "ipv6_addresses": [],
            "key_name": "fake-service-app-ssh-key",
            "launch_template": [],
            "maintenance_options": [
              {
                "auto_recovery": "default"
              }
            ],
            "metadata_options": [
              {
                "http_endpoint": "enabled",
                "http_protocol_ipv6": "disabled",
                "http_put_response_hop_limit": 2,
                "http_tokens": "required",
                "instance_metadata_tags": "disabled"
              }
            ],
            "monitoring": false,
            "network_interface": [],
            "outpost_arn": "",
            "password_data": "",
            "placement_group": "",
            "placement_group_id": "",
            "placement_partition_number": 0,
            "primary_network_interface": [
              {
                "delete_on_termination": true,
                "network_interface_id": "eni-0e938d47c16da1536"
              }
            ],
            "primary_network_interface_id": "eni-0e938d47c16da1536",
            "private_dns": "ip-172-16-3-131.ap-southeast-1.compute.internal",
            "private_dns_name_options": [
              {
                "enable_resource_name_dns_a_record": false,
                "enable_resource_name_dns_aaaa_record": false,
                "hostname_type": "ip-name"
              }
            ],
            "private_ip": "172.16.3.131",
            "public_dns": "",
            "public_ip": "",
            "region": "ap-southeast-1",
            "root_block_device": [
              {
                "delete_on_termination": true,
                "device_name": "/dev/sda1",
                "encrypted": false,
                "iops": 3000,
                "kms_key_id": "",
                "tags": {},
                "tags_all": {},
                "throughput": 125,
                "volume_id": "vol-048559c774e44b759",
                "volume_size": 8,
                "volume_type": "gp3"
              }
            ],
            "secondary_network_interface": [],
            "secondary_private_ips": [],
            "security_groups": [],
            "source_dest_check": true,
            "spot_instance_request_id": "",
            "subnet_id": "subnet-0a70e66e403c138e3",
            "tags": {
              "Name": "account-app-b"
            },
            "tags_all": {
              "Name": "account-app-b"
            },
            "tenancy": "default",
            "timeouts": null,
            "user_data": "#!/bin/bash\nset -xe\n\nsudo apt-get update -y\nsudo apt-get install -y unzip curl\n\ncurl -L https://github.com/nicholasjackson/fake-service/releases/download/v0.26.2/fake_service_linux_amd64.zip -o /tmp/service.zip\nunzip -o /tmp/service.zip -d /tmp/\nsudo mv /tmp/fake-service /usr/local/bin/account-service\nsudo chmod 755 /usr/local/bin/account-service\n\ncat \u003e /etc/systemd/system/account-api.service \u003c\u003cEOF\n[Unit]\nDescription=Account API Service\nAfter=network.target\n\n[Service]\nType=simple\nUser=ubuntu\nEnvironment=\"LISTEN_ADDR=0.0.0.0:8081\"\nEnvironment=\"UPSTREAM_URIS=http://internal-statement-alb-2122168399.ap-southeast-1.elb.amazonaws.com\"\nEnvironment=\"MESSAGE=HelloCloud Bank | Retail-Banking | Account-service\"\nEnvironment=\"NAME=account\"\nExecStart=/usr/local/bin/account-service\nRestart=always\n\n[Install]\nWantedBy=multi-user.target\nEOF\n\nsudo systemctl daemon-reload\nsudo systemctl enable account-api.service\nsudo systemctl restart account-api.service",
            "user_data_base64": null,
            "user_data_replace_on_change": false,
            "volume_tags": null,
            "vpc_security_group_ids": [
              "sg-06ec82539ea7c81dd"
            ]
          },
          "sensitive_attributes": [],
          "identity_schema_version": 0,
          "identity": {
            "account_id": "810421502375",
            "id": "i-0cd8e63b61c8ee748",
            "region": "ap-southeast-1"
          },
          "private": "eyJlMmJmYjczMC1lY2FhLTExZTYtOGY4OC0zNDM2M2JjN2M0YzAiOnsiY3JlYXRlIjo2MDAwMDAwMDAwMDAsImRlbGV0ZSI6MTIwMDAwMDAwMDAwMCwicmVhZCI6OTAwMDAwMDAwMDAwLCJ1cGRhdGUiOjYwMDAwMDAwMDAwMH0sInNjaGVtYV92ZXJzaW9uIjoiMiJ9",
          "dependencies": [
            "aws_instance.statement_app_a",
            "aws_instance.statement_app_b",
            "aws_key_pair.fake_service_app",
            "aws_lb.statement",
            "aws_security_group.account_alb",
            "aws_security_group.account_ec2",
            "aws_security_group.statement_alb",
            "aws_security_group.statement_ec2",
            "aws_subnet.account_private_b",
            "aws_subnet.statement_private_a",
            "aws_subnet.statement_private_b",
            "aws_vpc.account",
            "aws_vpc.statement",
            "data.aws_ami.ubuntu",
            "tls_private_key.fake_service_app"
          ]
        }
      ]
    },
    {
      "mode": "managed",
      "type": "aws_instance",
      "name": "bastion",
      "provider": "provider[\"registry.terraform.io/hashicorp/aws\"]",
      "instances": [
        {
          "schema_version": 2,
          "attributes": {
            "ami": "ami-03acbba64aef9bf5c",
            "arn": "arn:aws:ec2:ap-southeast-1:810421502375:instance/i-08ca08c654ab8f876",
            "associate_public_ip_address": true,
            "availability_zone": "ap-southeast-1a",
            "capacity_reservation_specification": [
              {
                "capacity_reservation_preference": "open",
                "capacity_reservation_target": []
              }
            ],
            "cpu_options": [
              {
                "amd_sev_snp": "",
                "core_count": 1,
                "nested_virtualization": "",
                "threads_per_core": 2
              }
            ],
            "credit_specification": [
              {
                "cpu_credits": "unlimited"
              }
            ],
            "disable_api_stop": false,
            "disable_api_termination": false,
            "ebs_block_device": [],
            "ebs_optimized": false,
            "enable_primary_ipv6": null,
            "enclave_options": [
              {
                "enabled": false
              }
            ],
            "ephemeral_block_device": [],
            "force_destroy": false,
            "get_password_data": false,
            "hibernation": false,
            "host_id": "",
            "host_resource_group_arn": null,
            "iam_instance_profile": "",
            "id": "i-08ca08c654ab8f876",
            "instance_initiated_shutdown_behavior": "stop",
            "instance_lifecycle": "",
            "instance_market_options": [],
            "instance_state": "running",
            "instance_type": "t3.micro",
            "ipv6_address_count": 0,
            "ipv6_addresses": [],
            "key_name": "fake-service-app-ssh-key",
            "launch_template": [],
            "maintenance_options": [
              {
                "auto_recovery": "default"
              }
            ],
            "metadata_options": [
              {
                "http_endpoint": "enabled",
                "http_protocol_ipv6": "disabled",
                "http_put_response_hop_limit": 2,
                "http_tokens": "required",
                "instance_metadata_tags": "disabled"
              }
            ],
            "monitoring": false,
            "network_interface": [],
            "outpost_arn": "",
            "password_data": "",
            "placement_group": "",
            "placement_group_id": "",
            "placement_partition_number": 0,
            "primary_network_interface": [
              {
                "delete_on_termination": true,
                "network_interface_id": "eni-000e02c1f3eb9c8dc"
              }
            ],
            "primary_network_interface_id": "eni-000e02c1f3eb9c8dc",
            "private_dns": "ip-10-0-1-131.ap-southeast-1.compute.internal",
            "private_dns_name_options": [
              {
                "enable_resource_name_dns_a_record": false,
                "enable_resource_name_dns_aaaa_record": false,
                "hostname_type": "ip-name"
              }
            ],
            "private_ip": "10.0.1.131",
            "public_dns": "ec2-54-169-237-89.ap-southeast-1.compute.amazonaws.com",
            "public_ip": "54.169.237.89",
            "region": "ap-southeast-1",
            "root_block_device": [
              {
                "delete_on_termination": true,
                "device_name": "/dev/sda1",
                "encrypted": false,
                "iops": 3000,
                "kms_key_id": "",
                "tags": {},
                "tags_all": {},
                "throughput": 125,
                "volume_id": "vol-02d6038e49945fa60",
                "volume_size": 8,
                "volume_type": "gp3"
              }
            ],
            "secondary_network_interface": [],
            "secondary_private_ips": [],
            "security_groups": [],
            "source_dest_check": true,
            "spot_instance_request_id": "",
            "subnet_id": "subnet-07e64c209b5130d2f",
            "tags": {
              "Name": "bastion"
            },
            "tags_all": {
              "Name": "bastion"
            },
            "tenancy": "default",
            "timeouts": null,
            "user_data": null,
            "user_data_base64": null,
            "user_data_replace_on_change": false,
            "volume_tags": null,
            "vpc_security_group_ids": [
              "sg-0f092f5b438618ebf"
            ]
          },
          "sensitive_attributes": [],
          "identity_schema_version": 0,
          "identity": {
            "account_id": "810421502375",
            "id": "i-08ca08c654ab8f876",
            "region": "ap-southeast-1"
          },
          "private": "eyJlMmJmYjczMC1lY2FhLTExZTYtOGY4OC0zNDM2M2JjN2M0YzAiOnsiY3JlYXRlIjo2MDAwMDAwMDAwMDAsImRlbGV0ZSI6MTIwMDAwMDAwMDAwMCwicmVhZCI6OTAwMDAwMDAwMDAwLCJ1cGRhdGUiOjYwMDAwMDAwMDAwMH0sInNjaGVtYV92ZXJzaW9uIjoiMiJ9",
          "dependencies": [
            "aws_key_pair.fake_service_app",
            "aws_security_group.bastion",
            "aws_subnet.customer_public_a",
            "aws_vpc.customer-profile",
            "data.aws_ami.ubuntu",
            "local_file.private_key",
            "tls_private_key.fake_service_app"
          ]
        }
      ]
    },
    {
      "mode": "managed",
      "type": "aws_instance",
      "name": "customer_profile_app_a",
      "provider": "provider[\"registry.terraform.io/hashicorp/aws\"]",
      "instances": [
        {
          "schema_version": 2,
          "attributes": {
            "ami": "ami-03acbba64aef9bf5c",
            "arn": "arn:aws:ec2:ap-southeast-1:810421502375:instance/i-0e72502427de15dd8",
            "associate_public_ip_address": false,
            "availability_zone": "ap-southeast-1a",
            "capacity_reservation_specification": [
              {
                "capacity_reservation_preference": "open",
                "capacity_reservation_target": []
              }
            ],
            "cpu_options": [
              {
                "amd_sev_snp": "",
                "core_count": 1,
                "nested_virtualization": "",
                "threads_per_core": 2
              }
            ],
            "credit_specification": [
              {
                "cpu_credits": "unlimited"
              }
            ],
            "disable_api_stop": false,
            "disable_api_termination": false,
            "ebs_block_device": [],
            "ebs_optimized": false,
            "enable_primary_ipv6": null,
            "enclave_options": [
              {
                "enabled": false
              }
            ],
            "ephemeral_block_device": [],
            "force_destroy": false,
            "get_password_data": false,
            "hibernation": false,
            "host_id": "",
            "host_resource_group_arn": null,
            "iam_instance_profile": "",
            "id": "i-0e72502427de15dd8",
            "instance_initiated_shutdown_behavior": "stop",
            "instance_lifecycle": "",
            "instance_market_options": [],
            "instance_state": "running",
            "instance_type": "t3.micro",
            "ipv6_address_count": 0,
            "ipv6_addresses": [],
            "key_name": "fake-service-app-ssh-key",
            "launch_template": [],
            "maintenance_options": [
              {
                "auto_recovery": "default"
              }
            ],
            "metadata_options": [
              {
                "http_endpoint": "enabled",
                "http_protocol_ipv6": "disabled",
                "http_put_response_hop_limit": 2,
                "http_tokens": "required",
                "instance_metadata_tags": "disabled"
              }
            ],
            "monitoring": false,
            "network_interface": [],
            "outpost_arn": "",
            "password_data": "",
            "placement_group": "",
            "placement_group_id": "",
            "placement_partition_number": 0,
            "primary_network_interface": [
              {
                "delete_on_termination": true,
                "network_interface_id": "eni-020427314266b218e"
              }
            ],
            "primary_network_interface_id": "eni-020427314266b218e",
            "private_dns": "ip-10-0-2-24.ap-southeast-1.compute.internal",
            "private_dns_name_options": [
              {
                "enable_resource_name_dns_a_record": false,
                "enable_resource_name_dns_aaaa_record": false,
                "hostname_type": "ip-name"
              }
            ],
            "private_ip": "10.0.2.24",
            "public_dns": "",
            "public_ip": "",
            "region": "ap-southeast-1",
            "root_block_device": [
              {
                "delete_on_termination": true,
                "device_name": "/dev/sda1",
                "encrypted": false,
                "iops": 3000,
                "kms_key_id": "",
                "tags": {},
                "tags_all": {},
                "throughput": 125,
                "volume_id": "vol-0218f0bd7fdac3078",
                "volume_size": 8,
                "volume_type": "gp3"
              }
            ],
            "secondary_network_interface": [],
            "secondary_private_ips": [],
            "security_groups": [],
            "source_dest_check": true,
            "spot_instance_request_id": "",
            "subnet_id": "subnet-0b2dee3096c779072",
            "tags": {
              "Name": "customer-profile-app-a"
            },
            "tags_all": {
              "Name": "customer-profile-app-a"
            },
            "tenancy": "default",
            "timeouts": null,
            "user_data": "#!/bin/bash\nset -xe\n\nsudo apt-get update -y\nsudo apt-get install -y unzip curl\n\ncurl -L https://github.com/nicholasjackson/fake-service/releases/download/v0.26.2/fake_service_linux_amd64.zip -o /tmp/service.zip\nunzip -o /tmp/service.zip -d /tmp/\nsudo mv /tmp/fake-service /usr/local/bin/customer-profile-service\nsudo chmod 755 /usr/local/bin/customer-profile-service\n\ncat \u003e /etc/systemd/system/customer-profile-api.service \u003c\u003cEOF\n[Unit]\nDescription=Customer Profile API Service\nAfter=network.target\n\n[Service]\nType=simple\nUser=ubuntu\nEnvironment=\"LISTEN_ADDR=0.0.0.0:8080\"\nEnvironment=\"UPSTREAM_URIS=http://internal-account-alb-406131158.ap-southeast-1.elb.amazonaws.com\"\nEnvironment=\"MESSAGE=HelloCloud Bank | Retail-Banking | Customer-profile-service\"\nEnvironment=\"NAME=customer-profile\"\nExecStart=/usr/local/bin/customer-profile-service\nRestart=always\n\n[Install]\nWantedBy=multi-user.target\nEOF\n\nsudo systemctl daemon-reload\nsudo systemctl enable customer-profile-api.service\nsudo systemctl restart customer-profile-api.service",
            "user_data_base64": null,
            "user_data_replace_on_change": false,
            "volume_tags": null,
            "vpc_security_group_ids": [
              "sg-07dee6820144c768f"
            ]
          },
          "sensitive_attributes": [],
          "identity_schema_version": 0,
          "identity": {
            "account_id": "810421502375",
            "id": "i-0e72502427de15dd8",
            "region": "ap-southeast-1"
          },
          "private": "eyJlMmJmYjczMC1lY2FhLTExZTYtOGY4OC0zNDM2M2JjN2M0YzAiOnsiY3JlYXRlIjo2MDAwMDAwMDAwMDAsImRlbGV0ZSI6MTIwMDAwMDAwMDAwMCwicmVhZCI6OTAwMDAwMDAwMDAwLCJ1cGRhdGUiOjYwMDAwMDAwMDAwMH0sInNjaGVtYV92ZXJzaW9uIjoiMiJ9",
          "dependencies": [
            "aws_instance.account_app_a",
            "aws_instance.account_app_b",
            "aws_instance.statement_app_a",
            "aws_instance.statement_app_b",
            "aws_key_pair.fake_service_app",
            "aws_lb.account",
            "aws_lb.statement",
            "aws_security_group.account_alb",
            "aws_security_group.account_ec2",
            "aws_security_group.bastion",
            "aws_security_group.customer_profile_alb",
            "aws_security_group.customer_profile_ec2",
            "aws_security_group.statement_alb",
            "aws_security_group.statement_ec2",
            "aws_subnet.account_private_a",
            "aws_subnet.account_private_b",
            "aws_subnet.customer_private_a",
            "aws_subnet.statement_private_a",
            "aws_subnet.statement_private_b",
            "aws_vpc.account",
            "aws_vpc.customer-profile",
            "aws_vpc.statement",
            "data.aws_ami.ubuntu",
            "tls_private_key.fake_service_app"
          ]
        }
      ]
    },
    {
      "mode": "managed",
      "type": "aws_instance",
      "name": "customer_profile_app_b",
      "provider": "provider[\"registry.terraform.io/hashicorp/aws\"]",
      "instances": [
        {
          "schema_version": 2,
          "attributes": {
            "ami": "ami-03acbba64aef9bf5c",
            "arn": "arn:aws:ec2:ap-southeast-1:810421502375:instance/i-06ead322fd3abb9be",
            "associate_public_ip_address": false,
            "availability_zone": "ap-southeast-1b",
            "capacity_reservation_specification": [
              {
                "capacity_reservation_preference": "open",
                "capacity_reservation_target": []
              }
            ],
            "cpu_options": [
              {
                "amd_sev_snp": "",
                "core_count": 1,
                "nested_virtualization": "",
                "threads_per_core": 2
              }
            ],
            "credit_specification": [
              {
                "cpu_credits": "unlimited"
              }
            ],
            "disable_api_stop": false,
            "disable_api_termination": false,
            "ebs_block_device": [],
            "ebs_optimized": false,
            "enable_primary_ipv6": null,
            "enclave_options": [
              {
                "enabled": false
              }
            ],
            "ephemeral_block_device": [],
            "force_destroy": false,
            "get_password_data": false,
            "hibernation": false,
            "host_id": "",
            "host_resource_group_arn": null,
            "iam_instance_profile": "",
            "id": "i-06ead322fd3abb9be",
            "instance_initiated_shutdown_behavior": "stop",
            "instance_lifecycle": "",
            "instance_market_options": [],
            "instance_state": "running",
            "instance_type": "t3.micro",
            "ipv6_address_count": 0,
            "ipv6_addresses": [],
            "key_name": "fake-service-app-ssh-key",
            "launch_template": [],
            "maintenance_options": [
              {
                "auto_recovery": "default"
              }
            ],
            "metadata_options": [
              {
                "http_endpoint": "enabled",
                "http_protocol_ipv6": "disabled",
                "http_put_response_hop_limit": 2,
                "http_tokens": "required",
                "instance_metadata_tags": "disabled"
              }
            ],
            "monitoring": false,
            "network_interface": [],
            "outpost_arn": "",
            "password_data": "",
            "placement_group": "",
            "placement_group_id": "",
            "placement_partition_number": 0,
            "primary_network_interface": [
              {
                "delete_on_termination": true,
                "network_interface_id": "eni-0da7afed38329b4d5"
              }
            ],
            "primary_network_interface_id": "eni-0da7afed38329b4d5",
            "private_dns": "ip-10-0-3-48.ap-southeast-1.compute.internal",
            "private_dns_name_options": [
              {
                "enable_resource_name_dns_a_record": false,
                "enable_resource_name_dns_aaaa_record": false,
                "hostname_type": "ip-name"
              }
            ],
            "private_ip": "10.0.3.48",
            "public_dns": "",
            "public_ip": "",
            "region": "ap-southeast-1",
            "root_block_device": [
              {
                "delete_on_termination": true,
                "device_name": "/dev/sda1",
                "encrypted": false,
                "iops": 3000,
                "kms_key_id": "",
                "tags": {},
                "tags_all": {},
                "throughput": 125,
                "volume_id": "vol-0ccdc69f72382d069",
                "volume_size": 8,
                "volume_type": "gp3"
              }
            ],
            "secondary_network_interface": [],
            "secondary_private_ips": [],
            "security_groups": [],
            "source_dest_check": true,
            "spot_instance_request_id": "",
            "subnet_id": "subnet-059f676c327a61c9c",
            "tags": {
              "Name": "customer-profile-app-b"
            },
            "tags_all": {
              "Name": "customer-profile-app-b"
            },
            "tenancy": "default",
            "timeouts": null,
            "user_data": "#!/bin/bash\nset -xe\n\nsudo apt-get update -y\nsudo apt-get install -y unzip curl\n\ncurl -L https://github.com/nicholasjackson/fake-service/releases/download/v0.26.2/fake_service_linux_amd64.zip -o /tmp/service.zip\nunzip -o /tmp/service.zip -d /tmp/\nsudo mv /tmp/fake-service /usr/local/bin/customer-profile-service\nsudo chmod 755 /usr/local/bin/customer-profile-service\n\ncat \u003e /etc/systemd/system/customer-profile-api.service \u003c\u003cEOF\n[Unit]\nDescription=Customer Profile API Service\nAfter=network.target\n\n[Service]\nType=simple\nUser=ubuntu\nEnvironment=\"LISTEN_ADDR=0.0.0.0:8080\"\nEnvironment=\"UPSTREAM_URIS=http://internal-account-alb-406131158.ap-southeast-1.elb.amazonaws.com\"\nEnvironment=\"MESSAGE=HelloCloud Bank | Retail-Banking | Customer-profile-service\"\nEnvironment=\"NAME=customer-profile\"\nExecStart=/usr/local/bin/customer-profile-service\nRestart=always\n\n[Install]\nWantedBy=multi-user.target\nEOF\n\nsudo systemctl daemon-reload\nsudo systemctl enable customer-profile-api.service\nsudo systemctl restart customer-profile-api.service",
            "user_data_base64": null,
            "user_data_replace_on_change": false,
            "volume_tags": null,
            "vpc_security_group_ids": [
              "sg-07dee6820144c768f"
            ]
          },
          "sensitive_attributes": [],
          "identity_schema_version": 0,
          "identity": {
            "account_id": "810421502375",
            "id": "i-06ead322fd3abb9be",
            "region": "ap-southeast-1"
          },
          "private": "eyJlMmJmYjczMC1lY2FhLTExZTYtOGY4OC0zNDM2M2JjN2M0YzAiOnsiY3JlYXRlIjo2MDAwMDAwMDAwMDAsImRlbGV0ZSI6MTIwMDAwMDAwMDAwMCwicmVhZCI6OTAwMDAwMDAwMDAwLCJ1cGRhdGUiOjYwMDAwMDAwMDAwMH0sInNjaGVtYV92ZXJzaW9uIjoiMiJ9",
          "dependencies": [
            "aws_instance.account_app_a",
            "aws_instance.account_app_b",
            "aws_instance.statement_app_a",
            "aws_instance.statement_app_b",
            "aws_key_pair.fake_service_app",
            "aws_lb.account",
            "aws_lb.statement",
            "aws_security_group.account_alb",
            "aws_security_group.account_ec2",
            "aws_security_group.bastion",
            "aws_security_group.customer_profile_alb",
            "aws_security_group.customer_profile_ec2",
            "aws_security_group.statement_alb",
            "aws_security_group.statement_ec2",
            "aws_subnet.account_private_a",
            "aws_subnet.account_private_b",
            "aws_subnet.customer_private_b",
            "aws_subnet.statement_private_a",
            "aws_subnet.statement_private_b",
            "aws_vpc.account",
            "aws_vpc.customer-profile",
            "aws_vpc.statement",
            "data.aws_ami.ubuntu",
            "tls_private_key.fake_service_app"
          ]
        }
      ]
    },
    {
      "mode": "managed",
      "type": "aws_instance",
      "name": "statement_app_a",
      "provider": "provider[\"registry.terraform.io/hashicorp/aws\"]",
      "instances": [
        {
          "schema_version": 2,
          "attributes": {
            "ami": "ami-03acbba64aef9bf5c",
            "arn": "arn:aws:ec2:ap-southeast-1:810421502375:instance/i-0d62cb13569c1a413",
            "associate_public_ip_address": false,
            "availability_zone": "ap-southeast-1a",
            "capacity_reservation_specification": [
              {
                "capacity_reservation_preference": "open",
                "capacity_reservation_target": []
              }
            ],
            "cpu_options": [
              {
                "amd_sev_snp": "",
                "core_count": 1,
                "nested_virtualization": "",
                "threads_per_core": 2
              }
            ],
            "credit_specification": [
              {
                "cpu_credits": "unlimited"
              }
            ],
            "disable_api_stop": false,
            "disable_api_termination": false,
            "ebs_block_device": [],
            "ebs_optimized": false,
            "enable_primary_ipv6": null,
            "enclave_options": [
              {
                "enabled": false
              }
            ],
            "ephemeral_block_device": [],
            "force_destroy": false,
            "get_password_data": false,
            "hibernation": false,
            "host_id": "",
            "host_resource_group_arn": null,
            "iam_instance_profile": "",
            "id": "i-0d62cb13569c1a413",
            "instance_initiated_shutdown_behavior": "stop",
            "instance_lifecycle": "",
            "instance_market_options": [],
            "instance_state": "running",
            "instance_type": "t3.micro",
            "ipv6_address_count": 0,
            "ipv6_addresses": [],
            "key_name": "fake-service-app-ssh-key",
            "launch_template": [],
            "maintenance_options": [
              {
                "auto_recovery": "default"
              }
            ],
            "metadata_options": [
              {
                "http_endpoint": "enabled",
                "http_protocol_ipv6": "disabled",
                "http_put_response_hop_limit": 2,
                "http_tokens": "required",
                "instance_metadata_tags": "disabled"
              }
            ],
            "monitoring": false,
            "network_interface": [],
            "outpost_arn": "",
            "password_data": "",
            "placement_group": "",
            "placement_group_id": "",
            "placement_partition_number": 0,
            "primary_network_interface": [
              {
                "delete_on_termination": true,
                "network_interface_id": "eni-006e27dd48541e236"
              }
            ],
            "primary_network_interface_id": "eni-006e27dd48541e236",
            "private_dns": "ip-192-168-2-132.ap-southeast-1.compute.internal",
            "private_dns_name_options": [
              {
                "enable_resource_name_dns_a_record": false,
                "enable_resource_name_dns_aaaa_record": false,
                "hostname_type": "ip-name"
              }
            ],
            "private_ip": "192.168.2.132",
            "public_dns": "",
            "public_ip": "",
            "region": "ap-southeast-1",
            "root_block_device": [
              {
                "delete_on_termination": true,
                "device_name": "/dev/sda1",
                "encrypted": false,
                "iops": 3000,
                "kms_key_id": "",
                "tags": {},
                "tags_all": {},
                "throughput": 125,
                "volume_id": "vol-06be1907b40e045f2",
                "volume_size": 8,
                "volume_type": "gp3"
              }
            ],
            "secondary_network_interface": [],
            "secondary_private_ips": [],
            "security_groups": [],
            "source_dest_check": true,
            "spot_instance_request_id": "",
            "subnet_id": "subnet-015b6348baafbfa26",
            "tags": {
              "Name": "statement-app-a"
            },
            "tags_all": {
              "Name": "statement-app-a"
            },
            "tenancy": "default",
            "timeouts": null,
            "user_data": "#!/bin/bash\nset -xe\n\nsudo apt-get update -y\nsudo apt-get install -y unzip curl\n\ncurl -L https://github.com/nicholasjackson/fake-service/releases/download/v0.26.2/fake_service_linux_amd64.zip -o /tmp/service.zip\nunzip -o /tmp/service.zip -d /tmp/\nsudo mv /tmp/fake-service /usr/local/bin/statement-service\nsudo chmod 755 /usr/local/bin/statement-service\n\ncat \u003e /etc/systemd/system/statement-api.service \u003c\u003cEOF\n[Unit]\nDescription=Statement API Service\nAfter=network.target\n\n[Service]\nType=simple\nUser=ubuntu\nEnvironment=\"LISTEN_ADDR=0.0.0.0:8082\"\nEnvironment=\"MESSAGE=HelloCloud Bank | Retail-Banking | Statement-service\"\nEnvironment=\"NAME=statement\"\nExecStart=/usr/local/bin/statement-service\nRestart=always\n\n[Install]\nWantedBy=multi-user.target\nEOF\n\nsudo systemctl daemon-reload\nsudo systemctl enable statement-api.service\nsudo systemctl restart statement-api.service",
            "user_data_base64": null,
            "user_data_replace_on_change": false,
            "volume_tags": null,
            "vpc_security_group_ids": [
              "sg-04b58ff55d2c137dc"
            ]
          },
          "sensitive_attributes": [],
          "identity_schema_version": 0,
          "identity": {
            "account_id": "810421502375",
            "id": "i-0d62cb13569c1a413",
            "region": "ap-southeast-1"
          },
          "private": "eyJlMmJmYjczMC1lY2FhLTExZTYtOGY4OC0zNDM2M2JjN2M0YzAiOnsiY3JlYXRlIjo2MDAwMDAwMDAwMDAsImRlbGV0ZSI6MTIwMDAwMDAwMDAwMCwicmVhZCI6OTAwMDAwMDAwMDAwLCJ1cGRhdGUiOjYwMDAwMDAwMDAwMH0sInNjaGVtYV92ZXJzaW9uIjoiMiJ9",
          "dependencies": [
            "aws_key_pair.fake_service_app",
            "aws_security_group.statement_alb",
            "aws_security_group.statement_ec2",
            "aws_subnet.statement_private_a",
            "aws_vpc.statement",
            "data.aws_ami.ubuntu",
            "tls_private_key.fake_service_app"
          ]
        }
      ]
    },
    {
      "mode": "managed",
      "type": "aws_instance",
      "name": "statement_app_b",
      "provider": "provider[\"registry.terraform.io/hashicorp/aws\"]",
      "instances": [
        {
          "schema_version": 2,
          "attributes": {
            "ami": "ami-03acbba64aef9bf5c",
            "arn": "arn:aws:ec2:ap-southeast-1:810421502375:instance/i-0c5febaea48b23895",
            "associate_public_ip_address": false,
            "availability_zone": "ap-southeast-1b",
            "capacity_reservation_specification": [
              {
                "capacity_reservation_preference": "open",
                "capacity_reservation_target": []
              }
            ],
            "cpu_options": [
              {
                "amd_sev_snp": "",
                "core_count": 1,
                "nested_virtualization": "",
                "threads_per_core": 2
              }
            ],
            "credit_specification": [
              {
                "cpu_credits": "unlimited"
              }
            ],
            "disable_api_stop": false,
            "disable_api_termination": false,
            "ebs_block_device": [],
            "ebs_optimized": false,
            "enable_primary_ipv6": null,
            "enclave_options": [
              {
                "enabled": false
              }
            ],
            "ephemeral_block_device": [],
            "force_destroy": false,
            "get_password_data": false,
            "hibernation": false,
            "host_id": "",
            "host_resource_group_arn": null,
            "iam_instance_profile": "",
            "id": "i-0c5febaea48b23895",
            "instance_initiated_shutdown_behavior": "stop",
            "instance_lifecycle": "",
            "instance_market_options": [],
            "instance_state": "running",
            "instance_type": "t3.micro",
            "ipv6_address_count": 0,
            "ipv6_addresses": [],
            "key_name": "fake-service-app-ssh-key",
            "launch_template": [],
            "maintenance_options": [
              {
                "auto_recovery": "default"
              }
            ],
            "metadata_options": [
              {
                "http_endpoint": "enabled",
                "http_protocol_ipv6": "disabled",
                "http_put_response_hop_limit": 2,
                "http_tokens": "required",
                "instance_metadata_tags": "disabled"
              }
            ],
            "monitoring": false,
            "network_interface": [],
            "outpost_arn": "",
            "password_data": "",
            "placement_group": "",
            "placement_group_id": "",
            "placement_partition_number": 0,
            "primary_network_interface": [
              {
                "delete_on_termination": true,
                "network_interface_id": "eni-059a6460fb9ca8720"
              }
            ],
            "primary_network_interface_id": "eni-059a6460fb9ca8720",
            "private_dns": "ip-192-168-3-21.ap-southeast-1.compute.internal",
            "private_dns_name_options": [
              {
                "enable_resource_name_dns_a_record": false,
                "enable_resource_name_dns_aaaa_record": false,
                "hostname_type": "ip-name"
              }
            ],
            "private_ip": "192.168.3.21",
            "public_dns": "",
            "public_ip": "",
            "region": "ap-southeast-1",
            "root_block_device": [
              {
                "delete_on_termination": true,
                "device_name": "/dev/sda1",
                "encrypted": false,
                "iops": 3000,
                "kms_key_id": "",
                "tags": {},
                "tags_all": {},
                "throughput": 125,
                "volume_id": "vol-0fc7e959c76e947dc",
                "volume_size": 8,
                "volume_type": "gp3"
              }
            ],
            "secondary_network_interface": [],
            "secondary_private_ips": [],
            "security_groups": [],
            "source_dest_check": true,
            "spot_instance_request_id": "",
            "subnet_id": "subnet-0117e89aee4b49de8",
            "tags": {
              "Name": "statement-app-b"
            },
            "tags_all": {
              "Name": "statement-app-b"
            },
            "tenancy": "default",
            "timeouts": null,
            "user_data": "#!/bin/bash\nset -xe\n\nsudo apt-get update -y\nsudo apt-get install -y unzip curl\n\ncurl -L https://github.com/nicholasjackson/fake-service/releases/download/v0.26.2/fake_service_linux_amd64.zip -o /tmp/service.zip\nunzip -o /tmp/service.zip -d /tmp/\nsudo mv /tmp/fake-service /usr/local/bin/statement-service\nsudo chmod 755 /usr/local/bin/statement-service\n\ncat \u003e /etc/systemd/system/statement-api.service \u003c\u003cEOF\n[Unit]\nDescription=Statement API Service\nAfter=network.target\n\n[Service]\nType=simple\nUser=ubuntu\nEnvironment=\"LISTEN_ADDR=0.0.0.0:8082\"\nEnvironment=\"MESSAGE=HelloCloud Bank | Retail-Banking | Statement-service\"\nEnvironment=\"NAME=statement\"\nExecStart=/usr/local/bin/statement-service\nRestart=always\n\n[Install]\nWantedBy=multi-user.target\nEOF\n\nsudo systemctl daemon-reload\nsudo systemctl enable statement-api.service\nsudo systemctl restart statement-api.service",
            "user_data_base64": null,
            "user_data_replace_on_change": false,
            "volume_tags": null,
            "vpc_security_group_ids": [
              "sg-04b58ff55d2c137dc"
            ]
          },
          "sensitive_attributes": [],
          "identity_schema_version": 0,
          "identity": {
            "account_id": "810421502375",
            "id": "i-0c5febaea48b23895",
            "region": "ap-southeast-1"
          },
          "private": "eyJlMmJmYjczMC1lY2FhLTExZTYtOGY4OC0zNDM2M2JjN2M0YzAiOnsiY3JlYXRlIjo2MDAwMDAwMDAwMDAsImRlbGV0ZSI6MTIwMDAwMDAwMDAwMCwicmVhZCI6OTAwMDAwMDAwMDAwLCJ1cGRhdGUiOjYwMDAwMDAwMDAwMH0sInNjaGVtYV92ZXJzaW9uIjoiMiJ9",
          "dependencies": [
            "aws_key_pair.fake_service_app",
            "aws_security_group.statement_alb",
            "aws_security_group.statement_ec2",
            "aws_subnet.statement_private_b",
            "aws_vpc.statement",
            "data.aws_ami.ubuntu",
            "tls_private_key.fake_service_app"
          ]
        }
      ]
    },
    {
      "mode": "managed",
      "type": "aws_internet_gateway",
      "name": "account",
      "provider": "provider[\"registry.terraform.io/hashicorp/aws\"]",
      "instances": [
        {
          "schema_version": 0,
          "attributes": {
            "arn": "arn:aws:ec2:ap-southeast-1:810421502375:internet-gateway/igw-0bc38cb889741fe7b",
            "id": "igw-0bc38cb889741fe7b",
            "owner_id": "810421502375",
            "region": "ap-southeast-1",
            "tags": {
              "Name": "account-igw"
            },
            "tags_all": {
              "Name": "account-igw"
            },
            "timeouts": null,
            "vpc_id": "vpc-0abf415f53c086eab"
          },
          "sensitive_attributes": [],
          "identity_schema_version": 0,
          "identity": {
            "account_id": "810421502375",
            "id": "igw-0bc38cb889741fe7b",
            "region": "ap-southeast-1"
          },
          "private": "eyJlMmJmYjczMC1lY2FhLTExZTYtOGY4OC0zNDM2M2JjN2M0YzAiOnsiY3JlYXRlIjoxMjAwMDAwMDAwMDAwLCJkZWxldGUiOjEyMDAwMDAwMDAwMDAsInVwZGF0ZSI6MTIwMDAwMDAwMDAwMH19",
          "dependencies": [
            "aws_vpc.account"
          ]
        }
      ]
    },
    {
      "mode": "managed",
      "type": "aws_internet_gateway",
      "name": "customer-profile",
      "provider": "provider[\"registry.terraform.io/hashicorp/aws\"]",
      "instances": [
        {
          "schema_version": 0,
          "attributes": {
            "arn": "arn:aws:ec2:ap-southeast-1:810421502375:internet-gateway/igw-0f56090a1b4cb171a",
            "id": "igw-0f56090a1b4cb171a",
            "owner_id": "810421502375",
            "region": "ap-southeast-1",
            "tags": {
              "Name": "customer-profile-igw"
            },
            "tags_all": {
              "Name": "customer-profile-igw"
            },
            "timeouts": null,
            "vpc_id": "vpc-00000130e7cb8f496"
          },
          "sensitive_attributes": [],
          "identity_schema_version": 0,
          "identity": {
            "account_id": "810421502375",
            "id": "igw-0f56090a1b4cb171a",
            "region": "ap-southeast-1"
          },
          "private": "eyJlMmJmYjczMC1lY2FhLTExZTYtOGY4OC0zNDM2M2JjN2M0YzAiOnsiY3JlYXRlIjoxMjAwMDAwMDAwMDAwLCJkZWxldGUiOjEyMDAwMDAwMDAwMDAsInVwZGF0ZSI6MTIwMDAwMDAwMDAwMH19",
          "dependencies": [
            "aws_vpc.customer-profile"
          ]
        }
      ]
    },
    {
      "mode": "managed",
      "type": "aws_internet_gateway",
      "name": "statement",
      "provider": "provider[\"registry.terraform.io/hashicorp/aws\"]",
      "instances": [
        {
          "schema_version": 0,
          "attributes": {
            "arn": "arn:aws:ec2:ap-southeast-1:810421502375:internet-gateway/igw-0426744272708f7f6",
            "id": "igw-0426744272708f7f6",
            "owner_id": "810421502375",
            "region": "ap-southeast-1",
            "tags": {
              "Name": "statement-igw"
            },
            "tags_all": {
              "Name": "statement-igw"
            },
            "timeouts": null,
            "vpc_id": "vpc-0abbe8391b3cf9618"
          },
          "sensitive_attributes": [],
          "identity_schema_version": 0,
          "identity": {
            "account_id": "810421502375",
            "id": "igw-0426744272708f7f6",
            "region": "ap-southeast-1"
          },
          "private": "eyJlMmJmYjczMC1lY2FhLTExZTYtOGY4OC0zNDM2M2JjN2M0YzAiOnsiY3JlYXRlIjoxMjAwMDAwMDAwMDAwLCJkZWxldGUiOjEyMDAwMDAwMDAwMDAsInVwZGF0ZSI6MTIwMDAwMDAwMDAwMH19",
          "dependencies": [
            "aws_vpc.statement"
          ]
        }
      ]
    },
    {
      "mode": "managed",
      "type": "aws_key_pair",
      "name": "fake_service_app",
      "provider": "provider[\"registry.terraform.io/hashicorp/aws\"]",
      "instances": [
        {
          "schema_version": 1,
          "attributes": {
            "arn": "arn:aws:ec2:ap-southeast-1:810421502375:key-pair/fake-service-app-ssh-key",
            "fingerprint": "7d:b7:a6:fd:82:e6:4e:b5:4a:d3:46:92:c3:a7:ac:af",
            "id": "fake-service-app-ssh-key",
            "key_name": "fake-service-app-ssh-key",
            "key_name_prefix": "",
            "key_pair_id": "key-0e81265197af7e4c0",
            "key_type": "rsa",
            "public_key": "ssh-rsa AAAAB3NzaC1yc2EAAAADAQABAAABAQDdUhTNUQJx97mzcACG+lQXVrUVnv7j7PJ83IyC5nJDxD39W35doQWFwIeMDVBCDmuCfNnDcdg+CLwiLVyaP7xsiX77Ht64eegr+4Dfsvir2248NCimxFHkJctlogj0GY/eM0IsRAlEaGYK7IULmQGXXAgGCGMyBbhjT2ApRquRpC4FNuxZpcvBE8XIfW+Wbf8TVvDgTdPrEsZ7lIeXvAPtE1bBNM5QGutDAnGPNQYAbEQOEWKlv0pzBs1gz0YPh96pfo3VUUNLCC8qItIZBzB8mk41/i8Nv7DeRbqhEXFNKl5QW4+xM2HCHEhU3pygrnFkdTP6OSKKA4hquOmws3DZ",
            "region": "ap-southeast-1",
            "tags": null,
            "tags_all": {}
          },
          "sensitive_attributes": [],
          "identity_schema_version": 0,
          "private": "eyJzY2hlbWFfdmVyc2lvbiI6IjEifQ==",
          "dependencies": [
            "tls_private_key.fake_service_app"
          ]
        }
      ]
    },
    {
      "mode": "managed",
      "type": "aws_lb",
      "name": "account",
      "provider": "provider[\"registry.terraform.io/hashicorp/aws\"]",
      "instances": [
        {
          "schema_version": 0,
          "attributes": {
            "access_logs": [
              {
                "bucket": "",
                "enabled": false,
                "prefix": ""
              }
            ],
            "arn": "arn:aws:elasticloadbalancing:ap-southeast-1:810421502375:loadbalancer/app/account-alb/ded6841416778f66",
            "arn_suffix": "app/account-alb/ded6841416778f66",
            "client_keep_alive": 3600,
            "connection_logs": [
              {
                "bucket": "",
                "enabled": false,
                "prefix": ""
              }
            ],
            "customer_owned_ipv4_pool": "",
            "desync_mitigation_mode": "defensive",
            "dns_name": "internal-account-alb-406131158.ap-southeast-1.elb.amazonaws.com",
            "dns_record_client_routing_policy": null,
            "drop_invalid_header_fields": false,
            "enable_cross_zone_load_balancing": true,
            "enable_deletion_protection": false,
            "enable_http2": true,
            "enable_prefix_for_ipv6_source_nat": "off",
            "enable_tls_version_and_cipher_suite_headers": false,
            "enable_waf_fail_open": false,
            "enable_xff_client_port": false,
            "enable_zonal_shift": false,
            "enforce_security_group_inbound_rules_on_private_link_traffic": "",
            "health_check_logs": [
              {
                "bucket": "",
                "enabled": false,
                "prefix": ""
              }
            ],
            "id": "arn:aws:elasticloadbalancing:ap-southeast-1:810421502375:loadbalancer/app/account-alb/ded6841416778f66",
            "idle_timeout": 60,
            "internal": true,
            "ip_address_type": "ipv4",
            "ipam_pools": [],
            "load_balancer_type": "application",
            "minimum_load_balancer_capacity": [],
            "name": "account-alb",
            "name_prefix": "",
            "preserve_host_header": false,
            "region": "ap-southeast-1",
            "secondary_ips_auto_assigned_per_subnet": null,
            "security_groups": [
              "sg-069d36d888565db40"
            ],
            "subnet_mapping": [
              {
                "allocation_id": "",
                "ipv6_address": "",
                "outpost_id": "",
                "private_ipv4_address": "",
                "subnet_id": "subnet-0a70e66e403c138e3"
              },
              {
                "allocation_id": "",
                "ipv6_address": "",
                "outpost_id": "",
                "private_ipv4_address": "",
                "subnet_id": "subnet-0bd16e2e193cb7bb4"
              }
            ],
            "subnets": [
              "subnet-0a70e66e403c138e3",
              "subnet-0bd16e2e193cb7bb4"
            ],
            "tags": {
              "Name": "account-alb"
            },
            "tags_all": {
              "Name": "account-alb"
            },
            "timeouts": null,
            "vpc_id": "vpc-0abf415f53c086eab",
            "xff_header_processing_mode": "append",
            "zone_id": "Z1LMS91P8CMLE5"
          },
          "sensitive_attributes": [],
          "identity_schema_version": 0,
          "identity": {
            "arn": "arn:aws:elasticloadbalancing:ap-southeast-1:810421502375:loadbalancer/app/account-alb/ded6841416778f66"
          },
          "private": "eyJlMmJmYjczMC1lY2FhLTExZTYtOGY4OC0zNDM2M2JjN2M0YzAiOnsiY3JlYXRlIjo2MDAwMDAwMDAwMDAsImRlbGV0ZSI6NjAwMDAwMDAwMDAwLCJ1cGRhdGUiOjYwMDAwMDAwMDAwMH19",
          "dependencies": [
            "aws_security_group.account_alb",
            "aws_subnet.account_private_a",
            "aws_subnet.account_private_b",
            "aws_vpc.account"
          ]
        }
      ]
    },
    {
      "mode": "managed",
      "type": "aws_lb",
      "name": "customer_profile",
      "provider": "provider[\"registry.terraform.io/hashicorp/aws\"]",
      "instances": [
        {
          "schema_version": 0,
          "attributes": {
            "access_logs": [
              {
                "bucket": "",
                "enabled": false,
                "prefix": ""
              }
            ],
            "arn": "arn:aws:elasticloadbalancing:ap-southeast-1:810421502375:loadbalancer/app/customer-profile-alb/fbc9597afbbeaffb",
            "arn_suffix": "app/customer-profile-alb/fbc9597afbbeaffb",
            "client_keep_alive": 3600,
            "connection_logs": [
              {
                "bucket": "",
                "enabled": false,
                "prefix": ""
              }
            ],
            "customer_owned_ipv4_pool": "",
            "desync_mitigation_mode": "defensive",
            "dns_name": "customer-profile-alb-2016490579.ap-southeast-1.elb.amazonaws.com",
            "dns_record_client_routing_policy": null,
            "drop_invalid_header_fields": false,
            "enable_cross_zone_load_balancing": true,
            "enable_deletion_protection": false,
            "enable_http2": true,
            "enable_prefix_for_ipv6_source_nat": "off",
            "enable_tls_version_and_cipher_suite_headers": false,
            "enable_waf_fail_open": false,
            "enable_xff_client_port": false,
            "enable_zonal_shift": false,
            "enforce_security_group_inbound_rules_on_private_link_traffic": "",
            "health_check_logs": [
              {
                "bucket": "",
                "enabled": false,
                "prefix": ""
              }
            ],
            "id": "arn:aws:elasticloadbalancing:ap-southeast-1:810421502375:loadbalancer/app/customer-profile-alb/fbc9597afbbeaffb",
            "idle_timeout": 60,
            "internal": false,
            "ip_address_type": "ipv4",
            "ipam_pools": [],
            "load_balancer_type": "application",
            "minimum_load_balancer_capacity": [],
            "name": "customer-profile-alb",
            "name_prefix": "",
            "preserve_host_header": false,
            "region": "ap-southeast-1",
            "secondary_ips_auto_assigned_per_subnet": null,
            "security_groups": [
              "sg-0dd62fb8f380332df"
            ],
            "subnet_mapping": [
              {
                "allocation_id": "",
                "ipv6_address": "",
                "outpost_id": "",
                "private_ipv4_address": "",
                "subnet_id": "subnet-07e64c209b5130d2f"
              },
              {
                "allocation_id": "",
                "ipv6_address": "",
                "outpost_id": "",
                "private_ipv4_address": "",
                "subnet_id": "subnet-0cb3f1aa0c6825a8e"
              }
            ],
            "subnets": [
              "subnet-07e64c209b5130d2f",
              "subnet-0cb3f1aa0c6825a8e"
            ],
            "tags": {
              "Name": "customer-profile-alb"
            },
            "tags_all": {
              "Name": "customer-profile-alb"
            },
            "timeouts": null,
            "vpc_id": "vpc-00000130e7cb8f496",
            "xff_header_processing_mode": "append",
            "zone_id": "Z1LMS91P8CMLE5"
          },
          "sensitive_attributes": [],
          "identity_schema_version": 0,
          "identity": {
            "arn": "arn:aws:elasticloadbalancing:ap-southeast-1:810421502375:loadbalancer/app/customer-profile-alb/fbc9597afbbeaffb"
          },
          "private": "eyJlMmJmYjczMC1lY2FhLTExZTYtOGY4OC0zNDM2M2JjN2M0YzAiOnsiY3JlYXRlIjo2MDAwMDAwMDAwMDAsImRlbGV0ZSI6NjAwMDAwMDAwMDAwLCJ1cGRhdGUiOjYwMDAwMDAwMDAwMH19",
          "dependencies": [
            "aws_security_group.customer_profile_alb",
            "aws_subnet.customer_public_a",
            "aws_subnet.customer_public_b",
            "aws_vpc.customer-profile"
          ]
        }
      ]
    },
    {
      "mode": "managed",
      "type": "aws_lb",
      "name": "statement",
      "provider": "provider[\"registry.terraform.io/hashicorp/aws\"]",
      "instances": [
        {
          "schema_version": 0,
          "attributes": {
            "access_logs": [
              {
                "bucket": "",
                "enabled": false,
                "prefix": ""
              }
            ],
            "arn": "arn:aws:elasticloadbalancing:ap-southeast-1:810421502375:loadbalancer/app/statement-alb/973d71f99e8b98fc",
            "arn_suffix": "app/statement-alb/973d71f99e8b98fc",
            "client_keep_alive": 3600,
            "connection_logs": [
              {
                "bucket": "",
                "enabled": false,
                "prefix": ""
              }
            ],
            "customer_owned_ipv4_pool": "",
            "desync_mitigation_mode": "defensive",
            "dns_name": "internal-statement-alb-2122168399.ap-southeast-1.elb.amazonaws.com",
            "dns_record_client_routing_policy": null,
            "drop_invalid_header_fields": false,
            "enable_cross_zone_load_balancing": true,
            "enable_deletion_protection": false,
            "enable_http2": true,
            "enable_prefix_for_ipv6_source_nat": "off",
            "enable_tls_version_and_cipher_suite_headers": false,
            "enable_waf_fail_open": false,
            "enable_xff_client_port": false,
            "enable_zonal_shift": false,
            "enforce_security_group_inbound_rules_on_private_link_traffic": "",
            "health_check_logs": [
              {
                "bucket": "",
                "enabled": false,
                "prefix": ""
              }
            ],
            "id": "arn:aws:elasticloadbalancing:ap-southeast-1:810421502375:loadbalancer/app/statement-alb/973d71f99e8b98fc",
            "idle_timeout": 60,
            "internal": true,
            "ip_address_type": "ipv4",
            "ipam_pools": [],
            "load_balancer_type": "application",
            "minimum_load_balancer_capacity": [],
            "name": "statement-alb",
            "name_prefix": "",
            "preserve_host_header": false,
            "region": "ap-southeast-1",
            "secondary_ips_auto_assigned_per_subnet": null,
            "security_groups": [
              "sg-0e847aef6a39ff9b3"
            ],
            "subnet_mapping": [
              {
                "allocation_id": "",
                "ipv6_address": "",
                "outpost_id": "",
                "private_ipv4_address": "",
                "subnet_id": "subnet-0117e89aee4b49de8"
              },
              {
                "allocation_id": "",
                "ipv6_address": "",
                "outpost_id": "",
                "private_ipv4_address": "",
                "subnet_id": "subnet-015b6348baafbfa26"
              }
            ],
            "subnets": [
              "subnet-0117e89aee4b49de8",
              "subnet-015b6348baafbfa26"
            ],
            "tags": {
              "Name": "statement-alb"
            },
            "tags_all": {
              "Name": "statement-alb"
            },
            "timeouts": null,
            "vpc_id": "vpc-0abbe8391b3cf9618",
            "xff_header_processing_mode": "append",
            "zone_id": "Z1LMS91P8CMLE5"
          },
          "sensitive_attributes": [],
          "identity_schema_version": 0,
          "identity": {
            "arn": "arn:aws:elasticloadbalancing:ap-southeast-1:810421502375:loadbalancer/app/statement-alb/973d71f99e8b98fc"
          },
          "private": "eyJlMmJmYjczMC1lY2FhLTExZTYtOGY4OC0zNDM2M2JjN2M0YzAiOnsiY3JlYXRlIjo2MDAwMDAwMDAwMDAsImRlbGV0ZSI6NjAwMDAwMDAwMDAwLCJ1cGRhdGUiOjYwMDAwMDAwMDAwMH19",
          "dependencies": [
            "aws_security_group.statement_alb",
            "aws_subnet.statement_private_a",
            "aws_subnet.statement_private_b",
            "aws_vpc.statement"
          ]
        }
      ]
    },
    {
      "mode": "managed",
      "type": "aws_lb_listener",
      "name": "account",
      "provider": "provider[\"registry.terraform.io/hashicorp/aws\"]",
      "instances": [
        {
          "schema_version": 0,
          "attributes": {
            "alpn_policy": null,
            "arn": "arn:aws:elasticloadbalancing:ap-southeast-1:810421502375:listener/app/account-alb/ded6841416778f66/6d3f4859ab839a27",
            "certificate_arn": null,
            "default_action": [
              {
                "authenticate_cognito": [],
                "authenticate_oidc": [],
                "fixed_response": [],
                "forward": [],
                "jwt_validation": [],
                "order": 1,
                "redirect": [],
                "target_group_arn": "arn:aws:elasticloadbalancing:ap-southeast-1:810421502375:targetgroup/account-tg/46075295480153b4",
                "type": "forward"
              }
            ],
            "id": "arn:aws:elasticloadbalancing:ap-southeast-1:810421502375:listener/app/account-alb/ded6841416778f66/6d3f4859ab839a27",
            "load_balancer_arn": "arn:aws:elasticloadbalancing:ap-southeast-1:810421502375:loadbalancer/app/account-alb/ded6841416778f66",
            "mutual_authentication": [],
            "port": 80,
            "protocol": "HTTP",
            "region": "ap-southeast-1",
            "routing_http_request_x_amzn_mtls_clientcert_header_name": null,
            "routing_http_request_x_amzn_mtls_clientcert_issuer_header_name": null,
            "routing_http_request_x_amzn_mtls_clientcert_leaf_header_name": null,
            "routing_http_request_x_amzn_mtls_clientcert_serial_number_header_name": null,
            "routing_http_request_x_amzn_mtls_clientcert_subject_header_name": null,
            "routing_http_request_x_amzn_mtls_clientcert_validity_header_name": null,
            "routing_http_request_x_amzn_tls_cipher_suite_header_name": null,
            "routing_http_request_x_amzn_tls_version_header_name": null,
            "routing_http_response_access_control_allow_credentials_header_value": "",
            "routing_http_response_access_control_allow_headers_header_value": "",
            "routing_http_response_access_control_allow_methods_header_value": "",
            "routing_http_response_access_control_allow_origin_header_value": "",
            "routing_http_response_access_control_expose_headers_header_value": "",
            "routing_http_response_access_control_max_age_header_value": "",
            "routing_http_response_content_security_policy_header_value": "",
            "routing_http_response_server_enabled": true,
            "routing_http_response_strict_transport_security_header_value": "",
            "routing_http_response_x_content_type_options_header_value": "",
            "routing_http_response_x_frame_options_header_value": "",
            "ssl_policy": "",
            "tags": null,
            "tags_all": {},
            "tcp_idle_timeout_seconds": null,
            "timeouts": null
          },
          "sensitive_attributes": [],
          "identity_schema_version": 0,
          "identity": {
            "arn": "arn:aws:elasticloadbalancing:ap-southeast-1:810421502375:listener/app/account-alb/ded6841416778f66/6d3f4859ab839a27"
          },
          "private": "eyJlMmJmYjczMC1lY2FhLTExZTYtOGY4OC0zNDM2M2JjN2M0YzAiOnsiY3JlYXRlIjozMDAwMDAwMDAwMDAsInVwZGF0ZSI6MzAwMDAwMDAwMDAwfX0=",
          "dependencies": [
            "aws_lb.account",
            "aws_lb_target_group.account",
            "aws_security_group.account_alb",
            "aws_subnet.account_private_a",
            "aws_subnet.account_private_b",
            "aws_vpc.account"
          ]
        }
      ]
    },
    {
      "mode": "managed",
      "type": "aws_lb_listener",
      "name": "customer_profile",
      "provider": "provider[\"registry.terraform.io/hashicorp/aws\"]",
      "instances": [
        {
          "schema_version": 0,
          "attributes": {
            "alpn_policy": null,
            "arn": "arn:aws:elasticloadbalancing:ap-southeast-1:810421502375:listener/app/customer-profile-alb/fbc9597afbbeaffb/096d099b58132d14",
            "certificate_arn": null,
            "default_action": [
              {
                "authenticate_cognito": [],
                "authenticate_oidc": [],
                "fixed_response": [],
                "forward": [],
                "jwt_validation": [],
                "order": 1,
                "redirect": [],
                "target_group_arn": "arn:aws:elasticloadbalancing:ap-southeast-1:810421502375:targetgroup/customer-profile-tg/76a7659b1a1dd0c6",
                "type": "forward"
              }
            ],
            "id": "arn:aws:elasticloadbalancing:ap-southeast-1:810421502375:listener/app/customer-profile-alb/fbc9597afbbeaffb/096d099b58132d14",
            "load_balancer_arn": "arn:aws:elasticloadbalancing:ap-southeast-1:810421502375:loadbalancer/app/customer-profile-alb/fbc9597afbbeaffb",
            "mutual_authentication": [],
            "port": 80,
            "protocol": "HTTP",
            "region": "ap-southeast-1",
            "routing_http_request_x_amzn_mtls_clientcert_header_name": null,
            "routing_http_request_x_amzn_mtls_clientcert_issuer_header_name": null,
            "routing_http_request_x_amzn_mtls_clientcert_leaf_header_name": null,
            "routing_http_request_x_amzn_mtls_clientcert_serial_number_header_name": null,
            "routing_http_request_x_amzn_mtls_clientcert_subject_header_name": null,
            "routing_http_request_x_amzn_mtls_clientcert_validity_header_name": null,
            "routing_http_request_x_amzn_tls_cipher_suite_header_name": null,
            "routing_http_request_x_amzn_tls_version_header_name": null,
            "routing_http_response_access_control_allow_credentials_header_value": "",
            "routing_http_response_access_control_allow_headers_header_value": "",
            "routing_http_response_access_control_allow_methods_header_value": "",
            "routing_http_response_access_control_allow_origin_header_value": "",
            "routing_http_response_access_control_expose_headers_header_value": "",
            "routing_http_response_access_control_max_age_header_value": "",
            "routing_http_response_content_security_policy_header_value": "",
            "routing_http_response_server_enabled": true,
            "routing_http_response_strict_transport_security_header_value": "",
            "routing_http_response_x_content_type_options_header_value": "",
            "routing_http_response_x_frame_options_header_value": "",
            "ssl_policy": "",
            "tags": null,
            "tags_all": {},
            "tcp_idle_timeout_seconds": null,
            "timeouts": null
          },
          "sensitive_attributes": [],
          "identity_schema_version": 0,
          "identity": {
            "arn": "arn:aws:elasticloadbalancing:ap-southeast-1:810421502375:listener/app/customer-profile-alb/fbc9597afbbeaffb/096d099b58132d14"
          },
          "private": "eyJlMmJmYjczMC1lY2FhLTExZTYtOGY4OC0zNDM2M2JjN2M0YzAiOnsiY3JlYXRlIjozMDAwMDAwMDAwMDAsInVwZGF0ZSI6MzAwMDAwMDAwMDAwfX0=",
          "dependencies": [
            "aws_lb.customer_profile",
            "aws_lb_target_group.customer_profile",
            "aws_security_group.customer_profile_alb",
            "aws_subnet.customer_public_a",
            "aws_subnet.customer_public_b",
            "aws_vpc.customer-profile"
          ]
        }
      ]
    },
    {
      "mode": "managed",
      "type": "aws_lb_listener",
      "name": "statement",
      "provider": "provider[\"registry.terraform.io/hashicorp/aws\"]",
      "instances": [
        {
          "schema_version": 0,
          "attributes": {
            "alpn_policy": null,
            "arn": "arn:aws:elasticloadbalancing:ap-southeast-1:810421502375:listener/app/statement-alb/973d71f99e8b98fc/5736a3b8a113a384",
            "certificate_arn": null,
            "default_action": [
              {
                "authenticate_cognito": [],
                "authenticate_oidc": [],
                "fixed_response": [],
                "forward": [],
                "jwt_validation": [],
                "order": 1,
                "redirect": [],
                "target_group_arn": "arn:aws:elasticloadbalancing:ap-southeast-1:810421502375:targetgroup/statement-tg/8667b08dba1a3795",
                "type": "forward"
              }
            ],
            "id": "arn:aws:elasticloadbalancing:ap-southeast-1:810421502375:listener/app/statement-alb/973d71f99e8b98fc/5736a3b8a113a384",
            "load_balancer_arn": "arn:aws:elasticloadbalancing:ap-southeast-1:810421502375:loadbalancer/app/statement-alb/973d71f99e8b98fc",
            "mutual_authentication": [],
            "port": 80,
            "protocol": "HTTP",
            "region": "ap-southeast-1",
            "routing_http_request_x_amzn_mtls_clientcert_header_name": null,
            "routing_http_request_x_amzn_mtls_clientcert_issuer_header_name": null,
            "routing_http_request_x_amzn_mtls_clientcert_leaf_header_name": null,
            "routing_http_request_x_amzn_mtls_clientcert_serial_number_header_name": null,
            "routing_http_request_x_amzn_mtls_clientcert_subject_header_name": null,
            "routing_http_request_x_amzn_mtls_clientcert_validity_header_name": null,
            "routing_http_request_x_amzn_tls_cipher_suite_header_name": null,
            "routing_http_request_x_amzn_tls_version_header_name": null,
            "routing_http_response_access_control_allow_credentials_header_value": "",
            "routing_http_response_access_control_allow_headers_header_value": "",
            "routing_http_response_access_control_allow_methods_header_value": "",
            "routing_http_response_access_control_allow_origin_header_value": "",
            "routing_http_response_access_control_expose_headers_header_value": "",
            "routing_http_response_access_control_max_age_header_value": "",
            "routing_http_response_content_security_policy_header_value": "",
            "routing_http_response_server_enabled": true,
            "routing_http_response_strict_transport_security_header_value": "",
            "routing_http_response_x_content_type_options_header_value": "",
            "routing_http_response_x_frame_options_header_value": "",
            "ssl_policy": "",
            "tags": null,
            "tags_all": {},
            "tcp_idle_timeout_seconds": null,
            "timeouts": null
          },
          "sensitive_attributes": [],
          "identity_schema_version": 0,
          "identity": {
            "arn": "arn:aws:elasticloadbalancing:ap-southeast-1:810421502375:listener/app/statement-alb/973d71f99e8b98fc/5736a3b8a113a384"
          },
          "private": "eyJlMmJmYjczMC1lY2FhLTExZTYtOGY4OC0zNDM2M2JjN2M0YzAiOnsiY3JlYXRlIjozMDAwMDAwMDAwMDAsInVwZGF0ZSI6MzAwMDAwMDAwMDAwfX0=",
          "dependencies": [
            "aws_lb.statement",
            "aws_lb_target_group.statement",
            "aws_security_group.statement_alb",
            "aws_subnet.statement_private_a",
            "aws_subnet.statement_private_b",
            "aws_vpc.statement"
          ]
        }
      ]
    },
    {
      "mode": "managed",
      "type": "aws_lb_target_group",
      "name": "account",
      "provider": "provider[\"registry.terraform.io/hashicorp/aws\"]",
      "instances": [
        {
          "schema_version": 0,
          "attributes": {
            "arn": "arn:aws:elasticloadbalancing:ap-southeast-1:810421502375:targetgroup/account-tg/46075295480153b4",
            "arn_suffix": "targetgroup/account-tg/46075295480153b4",
            "connection_termination": null,
            "deregistration_delay": "300",
            "health_check": [
              {
                "enabled": true,
                "healthy_threshold": 2,
                "interval": 30,
                "matcher": "200",
                "path": "/health",
                "port": "traffic-port",
                "protocol": "HTTP",
                "timeout": 5,
                "unhealthy_threshold": 2
              }
            ],
            "id": "arn:aws:elasticloadbalancing:ap-southeast-1:810421502375:targetgroup/account-tg/46075295480153b4",
            "ip_address_type": "ipv4",
            "lambda_multi_value_headers_enabled": false,
            "load_balancer_arns": [],
            "load_balancing_algorithm_type": "round_robin",
            "load_balancing_anomaly_mitigation": "off",
            "load_balancing_cross_zone_enabled": "use_load_balancer_configuration",
            "name": "account-tg",
            "name_prefix": "",
            "port": 8081,
            "preserve_client_ip": null,
            "protocol": "HTTP",
            "protocol_version": "HTTP1",
            "proxy_protocol_v2": false,
            "region": "ap-southeast-1",
            "slow_start": 0,
            "stickiness": [
              {
                "cookie_duration": 86400,
                "cookie_name": "",
                "enabled": false,
                "type": "lb_cookie"
              }
            ],
            "tags": {
              "Name": "account-target-group"
            },
            "tags_all": {
              "Name": "account-target-group"
            },
            "target_control_port": 0,
            "target_failover": [
              {
                "on_deregistration": null,
                "on_unhealthy": null
              }
            ],
            "target_group_health": [
              {
                "dns_failover": [
                  {
                    "minimum_healthy_targets_count": "1",
                    "minimum_healthy_targets_percentage": "off"
                  }
                ],
                "unhealthy_state_routing": [
                  {
                    "minimum_healthy_targets_count": 1,
                    "minimum_healthy_targets_percentage": "off"
                  }
                ]
              }
            ],
            "target_health_state": [
              {
                "enable_unhealthy_connection_termination": null,
                "unhealthy_draining_interval": null
              }
            ],
            "target_type": "instance",
            "vpc_id": "vpc-0abf415f53c086eab"
          },
          "sensitive_attributes": [],
          "identity_schema_version": 0,
          "identity": {
            "arn": "arn:aws:elasticloadbalancing:ap-southeast-1:810421502375:targetgroup/account-tg/46075295480153b4"
          },
          "private": "bnVsbA==",
          "dependencies": [
            "aws_vpc.account"
          ]
        }
      ]
    },
    {
      "mode": "managed",
      "type": "aws_lb_target_group",
      "name": "customer_profile",
      "provider": "provider[\"registry.terraform.io/hashicorp/aws\"]",
      "instances": [
        {
          "schema_version": 0,
          "attributes": {
            "arn": "arn:aws:elasticloadbalancing:ap-southeast-1:810421502375:targetgroup/customer-profile-tg/76a7659b1a1dd0c6",
            "arn_suffix": "targetgroup/customer-profile-tg/76a7659b1a1dd0c6",
            "connection_termination": null,
            "deregistration_delay": "300",
            "health_check": [
              {
                "enabled": true,
                "healthy_threshold": 2,
                "interval": 30,
                "matcher": "200",
                "path": "/health",
                "port": "traffic-port",
                "protocol": "HTTP",
                "timeout": 5,
                "unhealthy_threshold": 2
              }
            ],
            "id": "arn:aws:elasticloadbalancing:ap-southeast-1:810421502375:targetgroup/customer-profile-tg/76a7659b1a1dd0c6",
            "ip_address_type": "ipv4",
            "lambda_multi_value_headers_enabled": false,
            "load_balancer_arns": [],
            "load_balancing_algorithm_type": "round_robin",
            "load_balancing_anomaly_mitigation": "off",
            "load_balancing_cross_zone_enabled": "use_load_balancer_configuration",
            "name": "customer-profile-tg",
            "name_prefix": "",
            "port": 8080,
            "preserve_client_ip": null,
            "protocol": "HTTP",
            "protocol_version": "HTTP1",
            "proxy_protocol_v2": false,
            "region": "ap-southeast-1",
            "slow_start": 0,
            "stickiness": [
              {
                "cookie_duration": 86400,
                "cookie_name": "",
                "enabled": false,
                "type": "lb_cookie"
              }
            ],
            "tags": {
              "Name": "customer-profile-target-group"
            },
            "tags_all": {
              "Name": "customer-profile-target-group"
            },
            "target_control_port": 0,
            "target_failover": [
              {
                "on_deregistration": null,
                "on_unhealthy": null
              }
            ],
            "target_group_health": [
              {
                "dns_failover": [
                  {
                    "minimum_healthy_targets_count": "1",
                    "minimum_healthy_targets_percentage": "off"
                  }
                ],
                "unhealthy_state_routing": [
                  {
                    "minimum_healthy_targets_count": 1,
                    "minimum_healthy_targets_percentage": "off"
                  }
                ]
              }
            ],
            "target_health_state": [
              {
                "enable_unhealthy_connection_termination": null,
                "unhealthy_draining_interval": null
              }
            ],
            "target_type": "instance",
            "vpc_id": "vpc-00000130e7cb8f496"
          },
          "sensitive_attributes": [],
          "identity_schema_version": 0,
          "identity": {
            "arn": "arn:aws:elasticloadbalancing:ap-southeast-1:810421502375:targetgroup/customer-profile-tg/76a7659b1a1dd0c6"
          },
          "private": "bnVsbA==",
          "dependencies": [
            "aws_vpc.customer-profile"
          ]
        }
      ]
    },
    {
      "mode": "managed",
      "type": "aws_lb_target_group",
      "name": "statement",
      "provider": "provider[\"registry.terraform.io/hashicorp/aws\"]",
      "instances": [
        {
          "schema_version": 0,
          "attributes": {
            "arn": "arn:aws:elasticloadbalancing:ap-southeast-1:810421502375:targetgroup/statement-tg/8667b08dba1a3795",
            "arn_suffix": "targetgroup/statement-tg/8667b08dba1a3795",
            "connection_termination": null,
            "deregistration_delay": "300",
            "health_check": [
              {
                "enabled": true,
                "healthy_threshold": 2,
                "interval": 30,
                "matcher": "200",
                "path": "/health",
                "port": "traffic-port",
                "protocol": "HTTP",
                "timeout": 5,
                "unhealthy_threshold": 2
              }
            ],
            "id": "arn:aws:elasticloadbalancing:ap-southeast-1:810421502375:targetgroup/statement-tg/8667b08dba1a3795",
            "ip_address_type": "ipv4",
            "lambda_multi_value_headers_enabled": false,
            "load_balancer_arns": [],
            "load_balancing_algorithm_type": "round_robin",
            "load_balancing_anomaly_mitigation": "off",
            "load_balancing_cross_zone_enabled": "use_load_balancer_configuration",
            "name": "statement-tg",
            "name_prefix": "",
            "port": 8082,
            "preserve_client_ip": null,
            "protocol": "HTTP",
            "protocol_version": "HTTP1",
            "proxy_protocol_v2": false,
            "region": "ap-southeast-1",
            "slow_start": 0,
            "stickiness": [
              {
                "cookie_duration": 86400,
                "cookie_name": "",
                "enabled": false,
                "type": "lb_cookie"
              }
            ],
            "tags": {
              "Name": "statement-target-group"
            },
            "tags_all": {
              "Name": "statement-target-group"
            },
            "target_control_port": 0,
            "target_failover": [
              {
                "on_deregistration": null,
                "on_unhealthy": null
              }
            ],
            "target_group_health": [
              {
                "dns_failover": [
                  {
                    "minimum_healthy_targets_count": "1",
                    "minimum_healthy_targets_percentage": "off"
                  }
                ],
                "unhealthy_state_routing": [
                  {
                    "minimum_healthy_targets_count": 1,
                    "minimum_healthy_targets_percentage": "off"
                  }
                ]
              }
            ],
            "target_health_state": [
              {
                "enable_unhealthy_connection_termination": null,
                "unhealthy_draining_interval": null
              }
            ],
            "target_type": "instance",
            "vpc_id": "vpc-0abbe8391b3cf9618"
          },
          "sensitive_attributes": [],
          "identity_schema_version": 0,
          "identity": {
            "arn": "arn:aws:elasticloadbalancing:ap-southeast-1:810421502375:targetgroup/statement-tg/8667b08dba1a3795"
          },
          "private": "bnVsbA==",
          "dependencies": [
            "aws_vpc.statement"
          ]
        }
      ]
    },
    {
      "mode": "managed",
      "type": "aws_lb_target_group_attachment",
      "name": "account_a",
      "provider": "provider[\"registry.terraform.io/hashicorp/aws\"]",
      "instances": [
        {
          "schema_version": 0,
          "attributes": {
            "availability_zone": null,
            "id": "arn:aws:elasticloadbalancing:ap-southeast-1:810421502375:targetgroup/account-tg/46075295480153b4,i-0c40b69a4d10c85a9,8081",
            "port": 8081,
            "quic_server_id": null,
            "region": "ap-southeast-1",
            "target_group_arn": "arn:aws:elasticloadbalancing:ap-southeast-1:810421502375:targetgroup/account-tg/46075295480153b4",
            "target_id": "i-0c40b69a4d10c85a9"
          },
          "sensitive_attributes": [],
          "identity_schema_version": 0,
          "identity": {
            "account_id": "810421502375",
            "availability_zone": null,
            "port": 8081,
            "quic_server_id": null,
            "region": "ap-southeast-1",
            "target_group_arn": "arn:aws:elasticloadbalancing:ap-southeast-1:810421502375:targetgroup/account-tg/46075295480153b4",
            "target_id": "i-0c40b69a4d10c85a9"
          },
          "private": "bnVsbA==",
          "dependencies": [
            "aws_instance.account_app_a",
            "aws_instance.statement_app_a",
            "aws_instance.statement_app_b",
            "aws_key_pair.fake_service_app",
            "aws_lb.statement",
            "aws_lb_target_group.account",
            "aws_security_group.account_alb",
            "aws_security_group.account_ec2",
            "aws_security_group.statement_alb",
            "aws_security_group.statement_ec2",
            "aws_subnet.account_private_a",
            "aws_subnet.statement_private_a",
            "aws_subnet.statement_private_b",
            "aws_vpc.account",
            "aws_vpc.statement",
            "data.aws_ami.ubuntu",
            "tls_private_key.fake_service_app"
          ]
        }
      ]
    },
    {
      "mode": "managed",
      "type": "aws_lb_target_group_attachment",
      "name": "account_b",
      "provider": "provider[\"registry.terraform.io/hashicorp/aws\"]",
      "instances": [
        {
          "schema_version": 0,
          "attributes": {
            "availability_zone": null,
            "id": "arn:aws:elasticloadbalancing:ap-southeast-1:810421502375:targetgroup/account-tg/46075295480153b4,i-0cd8e63b61c8ee748,8081",
            "port": 8081,
            "quic_server_id": null,
            "region": "ap-southeast-1",
            "target_group_arn": "arn:aws:elasticloadbalancing:ap-southeast-1:810421502375:targetgroup/account-tg/46075295480153b4",
            "target_id": "i-0cd8e63b61c8ee748"
          },
          "sensitive_attributes": [],
          "identity_schema_version": 0,
          "identity": {
            "account_id": "810421502375",
            "availability_zone": null,
            "port": 8081,
            "quic_server_id": null,
            "region": "ap-southeast-1",
            "target_group_arn": "arn:aws:elasticloadbalancing:ap-southeast-1:810421502375:targetgroup/account-tg/46075295480153b4",
            "target_id": "i-0cd8e63b61c8ee748"
          },
          "private": "bnVsbA==",
          "dependencies": [
            "aws_instance.account_app_b",
            "aws_instance.statement_app_a",
            "aws_instance.statement_app_b",
            "aws_key_pair.fake_service_app",
            "aws_lb.statement",
            "aws_lb_target_group.account",
            "aws_security_group.account_alb",
            "aws_security_group.account_ec2",
            "aws_security_group.statement_alb",
            "aws_security_group.statement_ec2",
            "aws_subnet.account_private_b",
            "aws_subnet.statement_private_a",
            "aws_subnet.statement_private_b",
            "aws_vpc.account",
            "aws_vpc.statement",
            "data.aws_ami.ubuntu",
            "tls_private_key.fake_service_app"
          ]
        }
      ]
    },
    {
      "mode": "managed",
      "type": "aws_lb_target_group_attachment",
      "name": "customer_profile_a",
      "provider": "provider[\"registry.terraform.io/hashicorp/aws\"]",
      "instances": [
        {
          "schema_version": 0,
          "attributes": {
            "availability_zone": null,
            "id": "arn:aws:elasticloadbalancing:ap-southeast-1:810421502375:targetgroup/customer-profile-tg/76a7659b1a1dd0c6,i-0e72502427de15dd8,8080",
            "port": 8080,
            "quic_server_id": null,
            "region": "ap-southeast-1",
            "target_group_arn": "arn:aws:elasticloadbalancing:ap-southeast-1:810421502375:targetgroup/customer-profile-tg/76a7659b1a1dd0c6",
            "target_id": "i-0e72502427de15dd8"
          },
          "sensitive_attributes": [],
          "identity_schema_version": 0,
          "identity": {
            "account_id": "810421502375",
            "availability_zone": null,
            "port": 8080,
            "quic_server_id": null,
            "region": "ap-southeast-1",
            "target_group_arn": "arn:aws:elasticloadbalancing:ap-southeast-1:810421502375:targetgroup/customer-profile-tg/76a7659b1a1dd0c6",
            "target_id": "i-0e72502427de15dd8"
          },
          "private": "bnVsbA==",
          "dependencies": [
            "aws_instance.account_app_a",
            "aws_instance.account_app_b",
            "aws_instance.customer_profile_app_a",
            "aws_instance.statement_app_a",
            "aws_instance.statement_app_b",
            "aws_key_pair.fake_service_app",
            "aws_lb.account",
            "aws_lb.statement",
            "aws_lb_target_group.customer_profile",
            "aws_security_group.account_alb",
            "aws_security_group.account_ec2",
            "aws_security_group.bastion",
            "aws_security_group.customer_profile_alb",
            "aws_security_group.customer_profile_ec2",
            "aws_security_group.statement_alb",
            "aws_security_group.statement_ec2",
            "aws_subnet.account_private_a",
            "aws_subnet.account_private_b",
            "aws_subnet.customer_private_a",
            "aws_subnet.statement_private_a",
            "aws_subnet.statement_private_b",
            "aws_vpc.account",
            "aws_vpc.customer-profile",
            "aws_vpc.statement",
            "data.aws_ami.ubuntu",
            "tls_private_key.fake_service_app"
          ]
        }
      ]
    },
    {
      "mode": "managed",
      "type": "aws_lb_target_group_attachment",
      "name": "customer_profile_b",
      "provider": "provider[\"registry.terraform.io/hashicorp/aws\"]",
      "instances": [
        {
          "schema_version": 0,
          "attributes": {
            "availability_zone": null,
            "id": "arn:aws:elasticloadbalancing:ap-southeast-1:810421502375:targetgroup/customer-profile-tg/76a7659b1a1dd0c6,i-06ead322fd3abb9be,8080",
            "port": 8080,
            "quic_server_id": null,
            "region": "ap-southeast-1",
            "target_group_arn": "arn:aws:elasticloadbalancing:ap-southeast-1:810421502375:targetgroup/customer-profile-tg/76a7659b1a1dd0c6",
            "target_id": "i-06ead322fd3abb9be"
          },
          "sensitive_attributes": [],
          "identity_schema_version": 0,
          "identity": {
            "account_id": "810421502375",
            "availability_zone": null,
            "port": 8080,
            "quic_server_id": null,
            "region": "ap-southeast-1",
            "target_group_arn": "arn:aws:elasticloadbalancing:ap-southeast-1:810421502375:targetgroup/customer-profile-tg/76a7659b1a1dd0c6",
            "target_id": "i-06ead322fd3abb9be"
          },
          "private": "bnVsbA==",
          "dependencies": [
            "aws_instance.account_app_a",
            "aws_instance.account_app_b",
            "aws_instance.customer_profile_app_b",
            "aws_instance.statement_app_a",
            "aws_instance.statement_app_b",
            "aws_key_pair.fake_service_app",
            "aws_lb.account",
            "aws_lb.statement",
            "aws_lb_target_group.customer_profile",
            "aws_security_group.account_alb",
            "aws_security_group.account_ec2",
            "aws_security_group.bastion",
            "aws_security_group.customer_profile_alb",
            "aws_security_group.customer_profile_ec2",
            "aws_security_group.statement_alb",
            "aws_security_group.statement_ec2",
            "aws_subnet.account_private_a",
            "aws_subnet.account_private_b",
            "aws_subnet.customer_private_b",
            "aws_subnet.statement_private_a",
            "aws_subnet.statement_private_b",
            "aws_vpc.account",
            "aws_vpc.customer-profile",
            "aws_vpc.statement",
            "data.aws_ami.ubuntu",
            "tls_private_key.fake_service_app"
          ]
        }
      ]
    },
    {
      "mode": "managed",
      "type": "aws_lb_target_group_attachment",
      "name": "statement_a",
      "provider": "provider[\"registry.terraform.io/hashicorp/aws\"]",
      "instances": [
        {
          "schema_version": 0,
          "attributes": {
            "availability_zone": null,
            "id": "arn:aws:elasticloadbalancing:ap-southeast-1:810421502375:targetgroup/statement-tg/8667b08dba1a3795,i-0d62cb13569c1a413,8082",
            "port": 8082,
            "quic_server_id": null,
            "region": "ap-southeast-1",
            "target_group_arn": "arn:aws:elasticloadbalancing:ap-southeast-1:810421502375:targetgroup/statement-tg/8667b08dba1a3795",
            "target_id": "i-0d62cb13569c1a413"
          },
          "sensitive_attributes": [],
          "identity_schema_version": 0,
          "identity": {
            "account_id": "810421502375",
            "availability_zone": null,
            "port": 8082,
            "quic_server_id": null,
            "region": "ap-southeast-1",
            "target_group_arn": "arn:aws:elasticloadbalancing:ap-southeast-1:810421502375:targetgroup/statement-tg/8667b08dba1a3795",
            "target_id": "i-0d62cb13569c1a413"
          },
          "private": "bnVsbA==",
          "dependencies": [
            "aws_instance.statement_app_a",
            "aws_key_pair.fake_service_app",
            "aws_lb_target_group.statement",
            "aws_security_group.statement_alb",
            "aws_security_group.statement_ec2",
            "aws_subnet.statement_private_a",
            "aws_vpc.statement",
            "data.aws_ami.ubuntu",
            "tls_private_key.fake_service_app"
          ]
        }
      ]
    },
    {
      "mode": "managed",
      "type": "aws_lb_target_group_attachment",
      "name": "statement_b",
      "provider": "provider[\"registry.terraform.io/hashicorp/aws\"]",
      "instances": [
        {
          "schema_version": 0,
          "attributes": {
            "availability_zone": null,
            "id": "arn:aws:elasticloadbalancing:ap-southeast-1:810421502375:targetgroup/statement-tg/8667b08dba1a3795,i-0c5febaea48b23895,8082",
            "port": 8082,
            "quic_server_id": null,
            "region": "ap-southeast-1",
            "target_group_arn": "arn:aws:elasticloadbalancing:ap-southeast-1:810421502375:targetgroup/statement-tg/8667b08dba1a3795",
            "target_id": "i-0c5febaea48b23895"
          },
          "sensitive_attributes": [],
          "identity_schema_version": 0,
          "identity": {
            "account_id": "810421502375",
            "availability_zone": null,
            "port": 8082,
            "quic_server_id": null,
            "region": "ap-southeast-1",
            "target_group_arn": "arn:aws:elasticloadbalancing:ap-southeast-1:810421502375:targetgroup/statement-tg/8667b08dba1a3795",
            "target_id": "i-0c5febaea48b23895"
          },
          "private": "bnVsbA==",
          "dependencies": [
            "aws_instance.statement_app_b",
            "aws_key_pair.fake_service_app",
            "aws_lb_target_group.statement",
            "aws_security_group.statement_alb",
            "aws_security_group.statement_ec2",
            "aws_subnet.statement_private_b",
            "aws_vpc.statement",
            "data.aws_ami.ubuntu",
            "tls_private_key.fake_service_app"
          ]
        }
      ]
    },
    {
      "mode": "managed",
      "type": "aws_nat_gateway",
      "name": "account",
      "provider": "provider[\"registry.terraform.io/hashicorp/aws\"]",
      "instances": [
        {
          "schema_version": 0,
          "attributes": {
            "allocation_id": "eipalloc-0b1aa4c82db842ce9",
            "association_id": "eipassoc-0610ec652491cb3ea",
            "auto_provision_zones": null,
            "auto_scaling_ips": null,
            "availability_mode": "zonal",
            "availability_zone_address": [],
            "connectivity_type": "public",
            "id": "nat-0350b9c3d48cc04f9",
            "network_interface_id": "eni-00308a8f01914554b",
            "private_ip": "172.16.1.97",
            "public_ip": "18.140.23.73",
            "region": "ap-southeast-1",
            "regional_nat_gateway_address": [],
            "regional_nat_gateway_auto_mode": null,
            "route_table_id": null,
            "secondary_allocation_ids": [],
            "secondary_private_ip_address_count": 0,
            "secondary_private_ip_addresses": [],
            "subnet_id": "subnet-0051389341f440d33",
            "tags": null,
            "tags_all": {},
            "timeouts": null,
            "vpc_id": "vpc-0abf415f53c086eab"
          },
          "sensitive_attributes": [],
          "identity_schema_version": 0,
          "identity": {
            "account_id": "810421502375",
            "id": "nat-0350b9c3d48cc04f9",
            "region": "ap-southeast-1"
          },
          "private": "eyJlMmJmYjczMC1lY2FhLTExZTYtOGY4OC0zNDM2M2JjN2M0YzAiOnsiY3JlYXRlIjo2MDAwMDAwMDAwMDAsImRlbGV0ZSI6MTgwMDAwMDAwMDAwMCwidXBkYXRlIjo2MDAwMDAwMDAwMDB9fQ==",
          "dependencies": [
            "aws_eip.account_nat",
            "aws_internet_gateway.account",
            "aws_subnet.account_public_a",
            "aws_vpc.account"
          ]
        }
      ]
    },
    {
      "mode": "managed",
      "type": "aws_nat_gateway",
      "name": "customer",
      "provider": "provider[\"registry.terraform.io/hashicorp/aws\"]",
      "instances": [
        {
          "schema_version": 0,
          "attributes": {
            "allocation_id": "eipalloc-0afdebf8090c054a9",
            "association_id": "eipassoc-076494cae0ad1df4b",
            "auto_provision_zones": null,
            "auto_scaling_ips": null,
            "availability_mode": "zonal",
            "availability_zone_address": [],
            "connectivity_type": "public",
            "id": "nat-0712cd2b24f77ca93",
            "network_interface_id": "eni-06f88dac2cbcfdd2c",
            "private_ip": "10.0.1.20",
            "public_ip": "47.131.27.186",
            "region": "ap-southeast-1",
            "regional_nat_gateway_address": [],
            "regional_nat_gateway_auto_mode": null,
            "route_table_id": null,
            "secondary_allocation_ids": [],
            "secondary_private_ip_address_count": 0,
            "secondary_private_ip_addresses": [],
            "subnet_id": "subnet-07e64c209b5130d2f",
            "tags": null,
            "tags_all": {},
            "timeouts": null,
            "vpc_id": "vpc-00000130e7cb8f496"
          },
          "sensitive_attributes": [],
          "identity_schema_version": 0,
          "identity": {
            "account_id": "810421502375",
            "id": "nat-0712cd2b24f77ca93",
            "region": "ap-southeast-1"
          },
          "private": "eyJlMmJmYjczMC1lY2FhLTExZTYtOGY4OC0zNDM2M2JjN2M0YzAiOnsiY3JlYXRlIjo2MDAwMDAwMDAwMDAsImRlbGV0ZSI6MTgwMDAwMDAwMDAwMCwidXBkYXRlIjo2MDAwMDAwMDAwMDB9fQ==",
          "dependencies": [
            "aws_eip.customer_nat",
            "aws_internet_gateway.customer-profile",
            "aws_subnet.customer_public_a",
            "aws_vpc.customer-profile"
          ]
        }
      ]
    },
    {
      "mode": "managed",
      "type": "aws_nat_gateway",
      "name": "statement",
      "provider": "provider[\"registry.terraform.io/hashicorp/aws\"]",
      "instances": [
        {
          "schema_version": 0,
          "attributes": {
            "allocation_id": "eipalloc-0abc8c5407679e74c",
            "association_id": "eipassoc-0b460256c3d5fabd5",
            "auto_provision_zones": null,
            "auto_scaling_ips": null,
            "availability_mode": "zonal",
            "availability_zone_address": [],
            "connectivity_type": "public",
            "id": "nat-051611e517922a9da",
            "network_interface_id": "eni-01a49882060af686c",
            "private_ip": "192.168.1.185",
            "public_ip": "47.130.231.48",
            "region": "ap-southeast-1",
            "regional_nat_gateway_address": [],
            "regional_nat_gateway_auto_mode": null,
            "route_table_id": null,
            "secondary_allocation_ids": [],
            "secondary_private_ip_address_count": 0,
            "secondary_private_ip_addresses": [],
            "subnet_id": "subnet-0c049818c3ab5ec3a",
            "tags": null,
            "tags_all": {},
            "timeouts": null,
            "vpc_id": "vpc-0abbe8391b3cf9618"
          },
          "sensitive_attributes": [],
          "identity_schema_version": 0,
          "identity": {
            "account_id": "810421502375",
            "id": "nat-051611e517922a9da",
            "region": "ap-southeast-1"
          },
          "private": "eyJlMmJmYjczMC1lY2FhLTExZTYtOGY4OC0zNDM2M2JjN2M0YzAiOnsiY3JlYXRlIjo2MDAwMDAwMDAwMDAsImRlbGV0ZSI6MTgwMDAwMDAwMDAwMCwidXBkYXRlIjo2MDAwMDAwMDAwMDB9fQ==",
          "dependencies": [
            "aws_eip.statement_nat",
            "aws_internet_gateway.statement",
            "aws_subnet.statement_public_a",
            "aws_vpc.statement"
          ]
        }
      ]
    },
    {
      "mode": "managed",
      "type": "aws_route_table",
      "name": "account_private",
      "provider": "provider[\"registry.terraform.io/hashicorp/aws\"]",
      "instances": [
        {
          "schema_version": 0,
          "attributes": {
            "arn": "arn:aws:ec2:ap-southeast-1:810421502375:route-table/rtb-01044ee60d2ae035b",
            "id": "rtb-01044ee60d2ae035b",
            "owner_id": "810421502375",
            "propagating_vgws": [],
            "region": "ap-southeast-1",
            "route": [
              {
                "carrier_gateway_id": "",
                "cidr_block": "0.0.0.0/0",
                "core_network_arn": "",
                "destination_prefix_list_id": "",
                "egress_only_gateway_id": "",
                "gateway_id": "",
                "ipv6_cidr_block": "",
                "local_gateway_id": "",
                "nat_gateway_id": "nat-0350b9c3d48cc04f9",
                "network_interface_id": "",
                "odb_network_arn": "",
                "transit_gateway_id": "",
                "vpc_endpoint_id": "",
                "vpc_peering_connection_id": ""
              },
              {
                "carrier_gateway_id": "",
                "cidr_block": "10.0.0.0/16",
                "core_network_arn": "",
                "destination_prefix_list_id": "",
                "egress_only_gateway_id": "",
                "gateway_id": "",
                "ipv6_cidr_block": "",
                "local_gateway_id": "",
                "nat_gateway_id": "",
                "network_interface_id": "",
                "odb_network_arn": "",
                "transit_gateway_id": "",
                "vpc_endpoint_id": "",
                "vpc_peering_connection_id": "pcx-06d102736d1e42d9d"
              },
              {
                "carrier_gateway_id": "",
                "cidr_block": "192.168.0.0/16",
                "core_network_arn": "",
                "destination_prefix_list_id": "",
                "egress_only_gateway_id": "",
                "gateway_id": "",
                "ipv6_cidr_block": "",
                "local_gateway_id": "",
                "nat_gateway_id": "",
                "network_interface_id": "",
                "odb_network_arn": "",
                "transit_gateway_id": "",
                "vpc_endpoint_id": "",
                "vpc_peering_connection_id": "pcx-09b5ece5c124105b2"
              }
            ],
            "tags": {
              "Name": "account-private-rt"
            },
            "tags_all": {
              "Name": "account-private-rt"
            },
            "timeouts": null,
            "vpc_id": "vpc-0abf415f53c086eab"
          },
          "sensitive_attributes": [],
          "identity_schema_version": 0,
          "identity": {
            "account_id": "810421502375",
            "id": "rtb-01044ee60d2ae035b",
            "region": "ap-southeast-1"
          },
          "private": "eyJlMmJmYjczMC1lY2FhLTExZTYtOGY4OC0zNDM2M2JjN2M0YzAiOnsiY3JlYXRlIjozMDAwMDAwMDAwMDAsImRlbGV0ZSI6MzAwMDAwMDAwMDAwLCJ1cGRhdGUiOjEyMDAwMDAwMDAwMH19",
          "dependencies": [
            "aws_eip.account_nat",
            "aws_internet_gateway.account",
            "aws_nat_gateway.account",
            "aws_subnet.account_public_a",
            "aws_vpc.account",
            "aws_vpc.customer-profile",
            "aws_vpc.statement",
            "aws_vpc_peering_connection.account_statement",
            "aws_vpc_peering_connection.customer_account"
          ]
        }
      ]
    },
    {
      "mode": "managed",
      "type": "aws_route_table",
      "name": "account_public",
      "provider": "provider[\"registry.terraform.io/hashicorp/aws\"]",
      "instances": [
        {
          "schema_version": 0,
          "attributes": {
            "arn": "arn:aws:ec2:ap-southeast-1:810421502375:route-table/rtb-09c6fe987d985f66d",
            "id": "rtb-09c6fe987d985f66d",
            "owner_id": "810421502375",
            "propagating_vgws": [],
            "region": "ap-southeast-1",
            "route": [
              {
                "carrier_gateway_id": "",
                "cidr_block": "0.0.0.0/0",
                "core_network_arn": "",
                "destination_prefix_list_id": "",
                "egress_only_gateway_id": "",
                "gateway_id": "igw-0bc38cb889741fe7b",
                "ipv6_cidr_block": "",
                "local_gateway_id": "",
                "nat_gateway_id": "",
                "network_interface_id": "",
                "odb_network_arn": "",
                "transit_gateway_id": "",
                "vpc_endpoint_id": "",
                "vpc_peering_connection_id": ""
              },
              {
                "carrier_gateway_id": "",
                "cidr_block": "10.0.0.0/16",
                "core_network_arn": "",
                "destination_prefix_list_id": "",
                "egress_only_gateway_id": "",
                "gateway_id": "",
                "ipv6_cidr_block": "",
                "local_gateway_id": "",
                "nat_gateway_id": "",
                "network_interface_id": "",
                "odb_network_arn": "",
                "transit_gateway_id": "",
                "vpc_endpoint_id": "",
                "vpc_peering_connection_id": "pcx-06d102736d1e42d9d"
              }
            ],
            "tags": {
              "Name": "account-public-rt"
            },
            "tags_all": {
              "Name": "account-public-rt"
            },
            "timeouts": null,
            "vpc_id": "vpc-0abf415f53c086eab"
          },
          "sensitive_attributes": [],
          "identity_schema_version": 0,
          "identity": {
            "account_id": "810421502375",
            "id": "rtb-09c6fe987d985f66d",
            "region": "ap-southeast-1"
          },
          "private": "eyJlMmJmYjczMC1lY2FhLTExZTYtOGY4OC0zNDM2M2JjN2M0YzAiOnsiY3JlYXRlIjozMDAwMDAwMDAwMDAsImRlbGV0ZSI6MzAwMDAwMDAwMDAwLCJ1cGRhdGUiOjEyMDAwMDAwMDAwMH19",
          "dependencies": [
            "aws_internet_gateway.account",
            "aws_vpc.account",
            "aws_vpc.customer-profile",
            "aws_vpc_peering_connection.customer_account"
          ]
        }
      ]
    },
    {
      "mode": "managed",
      "type": "aws_route_table",
      "name": "customer_private",
      "provider": "provider[\"registry.terraform.io/hashicorp/aws\"]",
      "instances": [
        {
          "schema_version": 0,
          "attributes": {
            "arn": "arn:aws:ec2:ap-southeast-1:810421502375:route-table/rtb-0502f020b72c89f6c",
            "id": "rtb-0502f020b72c89f6c",
            "owner_id": "810421502375",
            "propagating_vgws": [],
            "region": "ap-southeast-1",
            "route": [
              {
                "carrier_gateway_id": "",
                "cidr_block": "0.0.0.0/0",
                "core_network_arn": "",
                "destination_prefix_list_id": "",
                "egress_only_gateway_id": "",
                "gateway_id": "",
                "ipv6_cidr_block": "",
                "local_gateway_id": "",
                "nat_gateway_id": "nat-0712cd2b24f77ca93",
                "network_interface_id": "",
                "odb_network_arn": "",
                "transit_gateway_id": "",
                "vpc_endpoint_id": "",
                "vpc_peering_connection_id": ""
              },
              {
                "carrier_gateway_id": "",
                "cidr_block": "172.16.0.0/16",
                "core_network_arn": "",
                "destination_prefix_list_id": "",
                "egress_only_gateway_id": "",
                "gateway_id": "",
                "ipv6_cidr_block": "",
                "local_gateway_id": "",
                "nat_gateway_id": "",
                "network_interface_id": "",
                "odb_network_arn": "",
                "transit_gateway_id": "",
                "vpc_endpoint_id": "",
                "vpc_peering_connection_id": "pcx-06d102736d1e42d9d"
              }
            ],
            "tags": {
              "Name": "customer-profile-private-rt"
            },
            "tags_all": {
              "Name": "customer-profile-private-rt"
            },
            "timeouts": null,
            "vpc_id": "vpc-00000130e7cb8f496"
          },
          "sensitive_attributes": [],
          "identity_schema_version": 0,
          "identity": {
            "account_id": "810421502375",
            "id": "rtb-0502f020b72c89f6c",
            "region": "ap-southeast-1"
          },
          "private": "eyJlMmJmYjczMC1lY2FhLTExZTYtOGY4OC0zNDM2M2JjN2M0YzAiOnsiY3JlYXRlIjozMDAwMDAwMDAwMDAsImRlbGV0ZSI6MzAwMDAwMDAwMDAwLCJ1cGRhdGUiOjEyMDAwMDAwMDAwMH19",
          "dependencies": [
            "aws_eip.customer_nat",
            "aws_internet_gateway.customer-profile",
            "aws_nat_gateway.customer",
            "aws_subnet.customer_public_a",
            "aws_vpc.account",
            "aws_vpc.customer-profile",
            "aws_vpc_peering_connection.customer_account"
          ]
        }
      ]
    },
    {
      "mode": "managed",
      "type": "aws_route_table",
      "name": "customer_public",
      "provider": "provider[\"registry.terraform.io/hashicorp/aws\"]",
      "instances": [
        {
          "schema_version": 0,
          "attributes": {
            "arn": "arn:aws:ec2:ap-southeast-1:810421502375:route-table/rtb-0f89f00634f472705",
            "id": "rtb-0f89f00634f472705",
            "owner_id": "810421502375",
            "propagating_vgws": [],
            "region": "ap-southeast-1",
            "route": [
              {
                "carrier_gateway_id": "",
                "cidr_block": "0.0.0.0/0",
                "core_network_arn": "",
                "destination_prefix_list_id": "",
                "egress_only_gateway_id": "",
                "gateway_id": "igw-0f56090a1b4cb171a",
                "ipv6_cidr_block": "",
                "local_gateway_id": "",
                "nat_gateway_id": "",
                "network_interface_id": "",
                "odb_network_arn": "",
                "transit_gateway_id": "",
                "vpc_endpoint_id": "",
                "vpc_peering_connection_id": ""
              },
              {
                "carrier_gateway_id": "",
                "cidr_block": "172.16.0.0/16",
                "core_network_arn": "",
                "destination_prefix_list_id": "",
                "egress_only_gateway_id": "",
                "gateway_id": "",
                "ipv6_cidr_block": "",
                "local_gateway_id": "",
                "nat_gateway_id": "",
                "network_interface_id": "",
                "odb_network_arn": "",
                "transit_gateway_id": "",
                "vpc_endpoint_id": "",
                "vpc_peering_connection_id": "pcx-06d102736d1e42d9d"
              }
            ],
            "tags": {
              "Name": "customer-profile-public-rt"
            },
            "tags_all": {
              "Name": "customer-profile-public-rt"
            },
            "timeouts": null,
            "vpc_id": "vpc-00000130e7cb8f496"
          },
          "sensitive_attributes": [],
          "identity_schema_version": 0,
          "identity": {
            "account_id": "810421502375",
            "id": "rtb-0f89f00634f472705",
            "region": "ap-southeast-1"
          },
          "private": "eyJlMmJmYjczMC1lY2FhLTExZTYtOGY4OC0zNDM2M2JjN2M0YzAiOnsiY3JlYXRlIjozMDAwMDAwMDAwMDAsImRlbGV0ZSI6MzAwMDAwMDAwMDAwLCJ1cGRhdGUiOjEyMDAwMDAwMDAwMH19",
          "dependencies": [
            "aws_internet_gateway.customer-profile",
            "aws_vpc.account",
            "aws_vpc.customer-profile",
            "aws_vpc_peering_connection.customer_account"
          ]
        }
      ]
    },
    {
      "mode": "managed",
      "type": "aws_route_table",
      "name": "statement_private",
      "provider": "provider[\"registry.terraform.io/hashicorp/aws\"]",
      "instances": [
        {
          "schema_version": 0,
          "attributes": {
            "arn": "arn:aws:ec2:ap-southeast-1:810421502375:route-table/rtb-0e00dd06ef28b5532",
            "id": "rtb-0e00dd06ef28b5532",
            "owner_id": "810421502375",
            "propagating_vgws": [],
            "region": "ap-southeast-1",
            "route": [
              {
                "carrier_gateway_id": "",
                "cidr_block": "0.0.0.0/0",
                "core_network_arn": "",
                "destination_prefix_list_id": "",
                "egress_only_gateway_id": "",
                "gateway_id": "",
                "ipv6_cidr_block": "",
                "local_gateway_id": "",
                "nat_gateway_id": "nat-051611e517922a9da",
                "network_interface_id": "",
                "odb_network_arn": "",
                "transit_gateway_id": "",
                "vpc_endpoint_id": "",
                "vpc_peering_connection_id": ""
              },
              {
                "carrier_gateway_id": "",
                "cidr_block": "172.16.0.0/16",
                "core_network_arn": "",
                "destination_prefix_list_id": "",
                "egress_only_gateway_id": "",
                "gateway_id": "",
                "ipv6_cidr_block": "",
                "local_gateway_id": "",
                "nat_gateway_id": "",
                "network_interface_id": "",
                "odb_network_arn": "",
                "transit_gateway_id": "",
                "vpc_endpoint_id": "",
                "vpc_peering_connection_id": "pcx-09b5ece5c124105b2"
              }
            ],
            "tags": {
              "Name": "statement-private-rt"
            },
            "tags_all": {
              "Name": "statement-private-rt"
            },
            "timeouts": null,
            "vpc_id": "vpc-0abbe8391b3cf9618"
          },
          "sensitive_attributes": [],
          "identity_schema_version": 0,
          "identity": {
            "account_id": "810421502375",
            "id": "rtb-0e00dd06ef28b5532",
            "region": "ap-southeast-1"
          },
          "private": "eyJlMmJmYjczMC1lY2FhLTExZTYtOGY4OC0zNDM2M2JjN2M0YzAiOnsiY3JlYXRlIjozMDAwMDAwMDAwMDAsImRlbGV0ZSI6MzAwMDAwMDAwMDAwLCJ1cGRhdGUiOjEyMDAwMDAwMDAwMH19",
          "dependencies": [
            "aws_eip.statement_nat",
            "aws_internet_gateway.statement",
            "aws_nat_gateway.statement",
            "aws_subnet.statement_public_a",
            "aws_vpc.account",
            "aws_vpc.statement",
            "aws_vpc_peering_connection.account_statement"
          ]
        }
      ]
    },
    {
      "mode": "managed",
      "type": "aws_route_table",
      "name": "statement_public",
      "provider": "provider[\"registry.terraform.io/hashicorp/aws\"]",
      "instances": [
        {
          "schema_version": 0,
          "attributes": {
            "arn": "arn:aws:ec2:ap-southeast-1:810421502375:route-table/rtb-0fa36acf51bafbb46",
            "id": "rtb-0fa36acf51bafbb46",
            "owner_id": "810421502375",
            "propagating_vgws": [],
            "region": "ap-southeast-1",
            "route": [
              {
                "carrier_gateway_id": "",
                "cidr_block": "0.0.0.0/0",
                "core_network_arn": "",
                "destination_prefix_list_id": "",
                "egress_only_gateway_id": "",
                "gateway_id": "igw-0426744272708f7f6",
                "ipv6_cidr_block": "",
                "local_gateway_id": "",
                "nat_gateway_id": "",
                "network_interface_id": "",
                "odb_network_arn": "",
                "transit_gateway_id": "",
                "vpc_endpoint_id": "",
                "vpc_peering_connection_id": ""
              }
            ],
            "tags": {
              "Name": "statement-public-rt"
            },
            "tags_all": {
              "Name": "statement-public-rt"
            },
            "timeouts": null,
            "vpc_id": "vpc-0abbe8391b3cf9618"
          },
          "sensitive_attributes": [],
          "identity_schema_version": 0,
          "identity": {
            "account_id": "810421502375",
            "id": "rtb-0fa36acf51bafbb46",
            "region": "ap-southeast-1"
          },
          "private": "eyJlMmJmYjczMC1lY2FhLTExZTYtOGY4OC0zNDM2M2JjN2M0YzAiOnsiY3JlYXRlIjozMDAwMDAwMDAwMDAsImRlbGV0ZSI6MzAwMDAwMDAwMDAwLCJ1cGRhdGUiOjEyMDAwMDAwMDAwMH19",
          "dependencies": [
            "aws_internet_gateway.statement",
            "aws_vpc.statement"
          ]
        }
      ]
    },
    {
      "mode": "managed",
      "type": "aws_route_table_association",
      "name": "account_private_a",
      "provider": "provider[\"registry.terraform.io/hashicorp/aws\"]",
      "instances": [
        {
          "schema_version": 0,
          "attributes": {
            "gateway_id": "",
            "id": "rtbassoc-0c3a140f97017173d",
            "region": "ap-southeast-1",
            "route_table_id": "rtb-01044ee60d2ae035b",
            "subnet_id": "subnet-0bd16e2e193cb7bb4",
            "timeouts": null
          },
          "sensitive_attributes": [],
          "identity_schema_version": 0,
          "identity": {
            "account_id": "810421502375",
            "id": "rtbassoc-0c3a140f97017173d",
            "region": "ap-southeast-1"
          },
          "private": "eyJlMmJmYjczMC1lY2FhLTExZTYtOGY4OC0zNDM2M2JjN2M0YzAiOnsiY3JlYXRlIjozMDAwMDAwMDAwMDAsImRlbGV0ZSI6MzAwMDAwMDAwMDAwLCJ1cGRhdGUiOjEyMDAwMDAwMDAwMH19",
          "dependencies": [
            "aws_eip.account_nat",
            "aws_internet_gateway.account",
            "aws_nat_gateway.account",
            "aws_route_table.account_private",
            "aws_subnet.account_private_a",
            "aws_subnet.account_public_a",
            "aws_vpc.account",
            "aws_vpc.customer-profile",
            "aws_vpc.statement",
            "aws_vpc_peering_connection.account_statement",
            "aws_vpc_peering_connection.customer_account"
          ]
        }
      ]
    },
    {
      "mode": "managed",
      "type": "aws_route_table_association",
      "name": "account_private_b",
      "provider": "provider[\"registry.terraform.io/hashicorp/aws\"]",
      "instances": [
        {
          "schema_version": 0,
          "attributes": {
            "gateway_id": "",
            "id": "rtbassoc-04f503c7fc8d66763",
            "region": "ap-southeast-1",
            "route_table_id": "rtb-01044ee60d2ae035b",
            "subnet_id": "subnet-0a70e66e403c138e3",
            "timeouts": null
          },
          "sensitive_attributes": [],
          "identity_schema_version": 0,
          "identity": {
            "account_id": "810421502375",
            "id": "rtbassoc-04f503c7fc8d66763",
            "region": "ap-southeast-1"
          },
          "private": "eyJlMmJmYjczMC1lY2FhLTExZTYtOGY4OC0zNDM2M2JjN2M0YzAiOnsiY3JlYXRlIjozMDAwMDAwMDAwMDAsImRlbGV0ZSI6MzAwMDAwMDAwMDAwLCJ1cGRhdGUiOjEyMDAwMDAwMDAwMH19",
          "dependencies": [
            "aws_eip.account_nat",
            "aws_internet_gateway.account",
            "aws_nat_gateway.account",
            "aws_route_table.account_private",
            "aws_subnet.account_private_b",
            "aws_subnet.account_public_a",
            "aws_vpc.account",
            "aws_vpc.customer-profile",
            "aws_vpc.statement",
            "aws_vpc_peering_connection.account_statement",
            "aws_vpc_peering_connection.customer_account"
          ]
        }
      ]
    },
    {
      "mode": "managed",
      "type": "aws_route_table_association",
      "name": "account_public_a",
      "provider": "provider[\"registry.terraform.io/hashicorp/aws\"]",
      "instances": [
        {
          "schema_version": 0,
          "attributes": {
            "gateway_id": "",
            "id": "rtbassoc-04e8da7d3223dfa58",
            "region": "ap-southeast-1",
            "route_table_id": "rtb-09c6fe987d985f66d",
            "subnet_id": "subnet-0051389341f440d33",
            "timeouts": null
          },
          "sensitive_attributes": [],
          "identity_schema_version": 0,
          "identity": {
            "account_id": "810421502375",
            "id": "rtbassoc-04e8da7d3223dfa58",
            "region": "ap-southeast-1"
          },
          "private": "eyJlMmJmYjczMC1lY2FhLTExZTYtOGY4OC0zNDM2M2JjN2M0YzAiOnsiY3JlYXRlIjozMDAwMDAwMDAwMDAsImRlbGV0ZSI6MzAwMDAwMDAwMDAwLCJ1cGRhdGUiOjEyMDAwMDAwMDAwMH19",
          "dependencies": [
            "aws_internet_gateway.account",
            "aws_route_table.account_public",
            "aws_subnet.account_public_a",
            "aws_vpc.account",
            "aws_vpc.customer-profile",
            "aws_vpc_peering_connection.customer_account"
          ]
        }
      ]
    },
    {
      "mode": "managed",
      "type": "aws_route_table_association",
      "name": "customer_private_a",
      "provider": "provider[\"registry.terraform.io/hashicorp/aws\"]",
      "instances": [
        {
          "schema_version": 0,
          "attributes": {
            "gateway_id": "",
            "id": "rtbassoc-0e5a5d6279ea40d7a",
            "region": "ap-southeast-1",
            "route_table_id": "rtb-0502f020b72c89f6c",
            "subnet_id": "subnet-0b2dee3096c779072",
            "timeouts": null
          },
          "sensitive_attributes": [],
          "identity_schema_version": 0,
          "identity": {
            "account_id": "810421502375",
            "id": "rtbassoc-0e5a5d6279ea40d7a",
            "region": "ap-southeast-1"
          },
          "private": "eyJlMmJmYjczMC1lY2FhLTExZTYtOGY4OC0zNDM2M2JjN2M0YzAiOnsiY3JlYXRlIjozMDAwMDAwMDAwMDAsImRlbGV0ZSI6MzAwMDAwMDAwMDAwLCJ1cGRhdGUiOjEyMDAwMDAwMDAwMH19",
          "dependencies": [
            "aws_eip.customer_nat",
            "aws_internet_gateway.customer-profile",
            "aws_nat_gateway.customer",
            "aws_route_table.customer_private",
            "aws_subnet.customer_private_a",
            "aws_subnet.customer_public_a",
            "aws_vpc.account",
            "aws_vpc.customer-profile",
            "aws_vpc_peering_connection.customer_account"
          ]
        }
      ]
    },
    {
      "mode": "managed",
      "type": "aws_route_table_association",
      "name": "customer_private_b",
      "provider": "provider[\"registry.terraform.io/hashicorp/aws\"]",
      "instances": [
        {
          "schema_version": 0,
          "attributes": {
            "gateway_id": "",
            "id": "rtbassoc-0b34426dcce94bf9a",
            "region": "ap-southeast-1",
            "route_table_id": "rtb-0502f020b72c89f6c",
            "subnet_id": "subnet-059f676c327a61c9c",
            "timeouts": null
          },
          "sensitive_attributes": [],
          "identity_schema_version": 0,
          "identity": {
            "account_id": "810421502375",
            "id": "rtbassoc-0b34426dcce94bf9a",
            "region": "ap-southeast-1"
          },
          "private": "eyJlMmJmYjczMC1lY2FhLTExZTYtOGY4OC0zNDM2M2JjN2M0YzAiOnsiY3JlYXRlIjozMDAwMDAwMDAwMDAsImRlbGV0ZSI6MzAwMDAwMDAwMDAwLCJ1cGRhdGUiOjEyMDAwMDAwMDAwMH19",
          "dependencies": [
            "aws_eip.customer_nat",
            "aws_internet_gateway.customer-profile",
            "aws_nat_gateway.customer",
            "aws_route_table.customer_private",
            "aws_subnet.customer_private_b",
            "aws_subnet.customer_public_a",
            "aws_vpc.account",
            "aws_vpc.customer-profile",
            "aws_vpc_peering_connection.customer_account"
          ]
        }
      ]
    },
    {
      "mode": "managed",
      "type": "aws_route_table_association",
      "name": "customer_public_a",
      "provider": "provider[\"registry.terraform.io/hashicorp/aws\"]",
      "instances": [
        {
          "schema_version": 0,
          "attributes": {
            "gateway_id": "",
            "id": "rtbassoc-0d87226939c2e6cfe",
            "region": "ap-southeast-1",
            "route_table_id": "rtb-0f89f00634f472705",
            "subnet_id": "subnet-07e64c209b5130d2f",
            "timeouts": null
          },
          "sensitive_attributes": [],
          "identity_schema_version": 0,
          "identity": {
            "account_id": "810421502375",
            "id": "rtbassoc-0d87226939c2e6cfe",
            "region": "ap-southeast-1"
          },
          "private": "eyJlMmJmYjczMC1lY2FhLTExZTYtOGY4OC0zNDM2M2JjN2M0YzAiOnsiY3JlYXRlIjozMDAwMDAwMDAwMDAsImRlbGV0ZSI6MzAwMDAwMDAwMDAwLCJ1cGRhdGUiOjEyMDAwMDAwMDAwMH19",
          "dependencies": [
            "aws_internet_gateway.customer-profile",
            "aws_route_table.customer_public",
            "aws_subnet.customer_public_a",
            "aws_vpc.account",
            "aws_vpc.customer-profile",
            "aws_vpc_peering_connection.customer_account"
          ]
        }
      ]
    },
    {
      "mode": "managed",
      "type": "aws_route_table_association",
      "name": "customer_public_b",
      "provider": "provider[\"registry.terraform.io/hashicorp/aws\"]",
      "instances": [
        {
          "schema_version": 0,
          "attributes": {
            "gateway_id": "",
            "id": "rtbassoc-0cbe4d40c93cb4c65",
            "region": "ap-southeast-1",
            "route_table_id": "rtb-0f89f00634f472705",
            "subnet_id": "subnet-0cb3f1aa0c6825a8e",
            "timeouts": null
          },
          "sensitive_attributes": [],
          "identity_schema_version": 0,
          "identity": {
            "account_id": "810421502375",
            "id": "rtbassoc-0cbe4d40c93cb4c65",
            "region": "ap-southeast-1"
          },
          "private": "eyJlMmJmYjczMC1lY2FhLTExZTYtOGY4OC0zNDM2M2JjN2M0YzAiOnsiY3JlYXRlIjozMDAwMDAwMDAwMDAsImRlbGV0ZSI6MzAwMDAwMDAwMDAwLCJ1cGRhdGUiOjEyMDAwMDAwMDAwMH19",
          "dependencies": [
            "aws_internet_gateway.customer-profile",
            "aws_route_table.customer_public",
            "aws_subnet.customer_public_b",
            "aws_vpc.account",
            "aws_vpc.customer-profile",
            "aws_vpc_peering_connection.customer_account"
          ]
        }
      ]
    },
    {
      "mode": "managed",
      "type": "aws_route_table_association",
      "name": "statement_private_a",
      "provider": "provider[\"registry.terraform.io/hashicorp/aws\"]",
      "instances": [
        {
          "schema_version": 0,
          "attributes": {
            "gateway_id": "",
            "id": "rtbassoc-077ba458e573f4744",
            "region": "ap-southeast-1",
            "route_table_id": "rtb-0e00dd06ef28b5532",
            "subnet_id": "subnet-015b6348baafbfa26",
            "timeouts": null
          },
          "sensitive_attributes": [],
          "identity_schema_version": 0,
          "identity": {
            "account_id": "810421502375",
            "id": "rtbassoc-077ba458e573f4744",
            "region": "ap-southeast-1"
          },
          "private": "eyJlMmJmYjczMC1lY2FhLTExZTYtOGY4OC0zNDM2M2JjN2M0YzAiOnsiY3JlYXRlIjozMDAwMDAwMDAwMDAsImRlbGV0ZSI6MzAwMDAwMDAwMDAwLCJ1cGRhdGUiOjEyMDAwMDAwMDAwMH19",
          "dependencies": [
            "aws_eip.statement_nat",
            "aws_internet_gateway.statement",
            "aws_nat_gateway.statement",
            "aws_route_table.statement_private",
            "aws_subnet.statement_private_a",
            "aws_subnet.statement_public_a",
            "aws_vpc.account",
            "aws_vpc.statement",
            "aws_vpc_peering_connection.account_statement"
          ]
        }
      ]
    },
    {
      "mode": "managed",
      "type": "aws_route_table_association",
      "name": "statement_private_b",
      "provider": "provider[\"registry.terraform.io/hashicorp/aws\"]",
      "instances": [
        {
          "schema_version": 0,
          "attributes": {
            "gateway_id": "",
            "id": "rtbassoc-0c00bb4a37502de02",
            "region": "ap-southeast-1",
            "route_table_id": "rtb-0e00dd06ef28b5532",
            "subnet_id": "subnet-0117e89aee4b49de8",
            "timeouts": null
          },
          "sensitive_attributes": [],
          "identity_schema_version": 0,
          "identity": {
            "account_id": "810421502375",
            "id": "rtbassoc-0c00bb4a37502de02",
            "region": "ap-southeast-1"
          },
          "private": "eyJlMmJmYjczMC1lY2FhLTExZTYtOGY4OC0zNDM2M2JjN2M0YzAiOnsiY3JlYXRlIjozMDAwMDAwMDAwMDAsImRlbGV0ZSI6MzAwMDAwMDAwMDAwLCJ1cGRhdGUiOjEyMDAwMDAwMDAwMH19",
          "dependencies": [
            "aws_eip.statement_nat",
            "aws_internet_gateway.statement",
            "aws_nat_gateway.statement",
            "aws_route_table.statement_private",
            "aws_subnet.statement_private_b",
            "aws_subnet.statement_public_a",
            "aws_vpc.account",
            "aws_vpc.statement",
            "aws_vpc_peering_connection.account_statement"
          ]
        }
      ]
    },
    {
      "mode": "managed",
      "type": "aws_route_table_association",
      "name": "statement_public_a",
      "provider": "provider[\"registry.terraform.io/hashicorp/aws\"]",
      "instances": [
        {
          "schema_version": 0,
          "attributes": {
            "gateway_id": "",
            "id": "rtbassoc-04ed105ad5a918a26",
            "region": "ap-southeast-1",
            "route_table_id": "rtb-0fa36acf51bafbb46",
            "subnet_id": "subnet-0c049818c3ab5ec3a",
            "timeouts": null
          },
          "sensitive_attributes": [],
          "identity_schema_version": 0,
          "identity": {
            "account_id": "810421502375",
            "id": "rtbassoc-04ed105ad5a918a26",
            "region": "ap-southeast-1"
          },
          "private": "eyJlMmJmYjczMC1lY2FhLTExZTYtOGY4OC0zNDM2M2JjN2M0YzAiOnsiY3JlYXRlIjozMDAwMDAwMDAwMDAsImRlbGV0ZSI6MzAwMDAwMDAwMDAwLCJ1cGRhdGUiOjEyMDAwMDAwMDAwMH19",
          "dependencies": [
            "aws_internet_gateway.statement",
            "aws_route_table.statement_public",
            "aws_subnet.statement_public_a",
            "aws_vpc.statement"
          ]
        }
      ]
    },
    {
      "mode": "managed",
      "type": "aws_security_group",
      "name": "account_alb",
      "provider": "provider[\"registry.terraform.io/hashicorp/aws\"]",
      "instances": [
        {
          "schema_version": 1,
          "attributes": {
            "arn": "arn:aws:ec2:ap-southeast-1:810421502375:security-group/sg-069d36d888565db40",
            "description": "Managed by Terraform",
            "egress": [
              {
                "cidr_blocks": [
                  "0.0.0.0/0"
                ],
                "description": "",
                "from_port": 0,
                "ipv6_cidr_blocks": [],
                "prefix_list_ids": [],
                "protocol": "-1",
                "security_groups": [],
                "self": false,
                "to_port": 0
              }
            ],
            "id": "sg-069d36d888565db40",
            "ingress": [
              {
                "cidr_blocks": [
                  "10.0.0.0/16"
                ],
                "description": "",
                "from_port": 80,
                "ipv6_cidr_blocks": [],
                "prefix_list_ids": [],
                "protocol": "tcp",
                "security_groups": [],
                "self": false,
                "to_port": 80
              }
            ],
            "name": "account-alb-sg",
            "name_prefix": "",
            "owner_id": "810421502375",
            "region": "ap-southeast-1",
            "revoke_rules_on_delete": false,
            "tags": {
              "Name": "account-alb-sg"
            },
            "tags_all": {
              "Name": "account-alb-sg"
            },
            "timeouts": null,
            "vpc_id": "vpc-0abf415f53c086eab"
          },
          "sensitive_attributes": [],
          "identity_schema_version": 0,
          "identity": {
            "account_id": "810421502375",
            "id": "sg-069d36d888565db40",
            "region": "ap-southeast-1"
          },
          "private": "eyJlMmJmYjczMC1lY2FhLTExZTYtOGY4OC0zNDM2M2JjN2M0YzAiOnsiY3JlYXRlIjo2MDAwMDAwMDAwMDAsImRlbGV0ZSI6OTAwMDAwMDAwMDAwfSwic2NoZW1hX3ZlcnNpb24iOiIxIn0=",
          "dependencies": [
            "aws_vpc.account"
          ]
        }
      ]
    },
    {
      "mode": "managed",
      "type": "aws_security_group",
      "name": "account_ec2",
      "provider": "provider[\"registry.terraform.io/hashicorp/aws\"]",
      "instances": [
        {
          "schema_version": 1,
          "attributes": {
            "arn": "arn:aws:ec2:ap-southeast-1:810421502375:security-group/sg-06ec82539ea7c81dd",
            "description": "Managed by Terraform",
            "egress": [
              {
                "cidr_blocks": [
                  "0.0.0.0/0"
                ],
                "description": "",
                "from_port": 0,
                "ipv6_cidr_blocks": [],
                "prefix_list_ids": [],
                "protocol": "-1",
                "security_groups": [],
                "self": false,
                "to_port": 0
              }
            ],
            "id": "sg-06ec82539ea7c81dd",
            "ingress": [
              {
                "cidr_blocks": [
                  "10.0.0.0/16"
                ],
                "description": "",
                "from_port": 22,
                "ipv6_cidr_blocks": [],
                "prefix_list_ids": [],
                "protocol": "tcp",
                "security_groups": [],
                "self": false,
                "to_port": 22
              },
              {
                "cidr_blocks": [],
                "description": "",
                "from_port": 8081,
                "ipv6_cidr_blocks": [],
                "prefix_list_ids": [],
                "protocol": "tcp",
                "security_groups": [
                  "sg-069d36d888565db40"
                ],
                "self": false,
                "to_port": 8081
              }
            ],
            "name": "account-ec2-sg",
            "name_prefix": "",
            "owner_id": "810421502375",
            "region": "ap-southeast-1",
            "revoke_rules_on_delete": false,
            "tags": {
              "Name": "account-ec2-sg"
            },
            "tags_all": {
              "Name": "account-ec2-sg"
            },
            "timeouts": null,
            "vpc_id": "vpc-0abf415f53c086eab"
          },
          "sensitive_attributes": [],
          "identity_schema_version": 0,
          "identity": {
            "account_id": "810421502375",
            "id": "sg-06ec82539ea7c81dd",
            "region": "ap-southeast-1"
          },
          "private": "eyJlMmJmYjczMC1lY2FhLTExZTYtOGY4OC0zNDM2M2JjN2M0YzAiOnsiY3JlYXRlIjo2MDAwMDAwMDAwMDAsImRlbGV0ZSI6OTAwMDAwMDAwMDAwfSwic2NoZW1hX3ZlcnNpb24iOiIxIn0=",
          "dependencies": [
            "aws_security_group.account_alb",
            "aws_vpc.account"
          ]
        }
      ]
    },
    {
      "mode": "managed",
      "type": "aws_security_group",
      "name": "bastion",
      "provider": "provider[\"registry.terraform.io/hashicorp/aws\"]",
      "instances": [
        {
          "schema_version": 1,
          "attributes": {
            "arn": "arn:aws:ec2:ap-southeast-1:810421502375:security-group/sg-0f092f5b438618ebf",
            "description": "Managed by Terraform",
            "egress": [
              {
                "cidr_blocks": [
                  "0.0.0.0/0"
                ],
                "description": "",
                "from_port": 0,
                "ipv6_cidr_blocks": [],
                "prefix_list_ids": [],
                "protocol": "-1",
                "security_groups": [],
                "self": false,
                "to_port": 0
              }
            ],
            "id": "sg-0f092f5b438618ebf",
            "ingress": [
              {
                "cidr_blocks": [
                  "0.0.0.0/0"
                ],
                "description": "",
                "from_port": 22,
                "ipv6_cidr_blocks": [],
                "prefix_list_ids": [],
                "protocol": "tcp",
                "security_groups": [],
                "self": false,
                "to_port": 22
              }
            ],
            "name": "bastion-sg",
            "name_prefix": "",
            "owner_id": "810421502375",
            "region": "ap-southeast-1",
            "revoke_rules_on_delete": false,
            "tags": {
              "Name": "bastion-sg"
            },
            "tags_all": {
              "Name": "bastion-sg"
            },
            "timeouts": null,
            "vpc_id": "vpc-00000130e7cb8f496"
          },
          "sensitive_attributes": [],
          "identity_schema_version": 0,
          "identity": {
            "account_id": "810421502375",
            "id": "sg-0f092f5b438618ebf",
            "region": "ap-southeast-1"
          },
          "private": "eyJlMmJmYjczMC1lY2FhLTExZTYtOGY4OC0zNDM2M2JjN2M0YzAiOnsiY3JlYXRlIjo2MDAwMDAwMDAwMDAsImRlbGV0ZSI6OTAwMDAwMDAwMDAwfSwic2NoZW1hX3ZlcnNpb24iOiIxIn0=",
          "dependencies": [
            "aws_vpc.customer-profile"
          ]
        }
      ]
    },
    {
      "mode": "managed",
      "type": "aws_security_group",
      "name": "customer_profile_alb",
      "provider": "provider[\"registry.terraform.io/hashicorp/aws\"]",
      "instances": [
        {
          "schema_version": 1,
          "attributes": {
            "arn": "arn:aws:ec2:ap-southeast-1:810421502375:security-group/sg-0dd62fb8f380332df",
            "description": "Managed by Terraform",
            "egress": [
              {
                "cidr_blocks": [
                  "0.0.0.0/0"
                ],
                "description": "",
                "from_port": 0,
                "ipv6_cidr_blocks": [],
                "prefix_list_ids": [],
                "protocol": "-1",
                "security_groups": [],
                "self": false,
                "to_port": 0
              }
            ],
            "id": "sg-0dd62fb8f380332df",
            "ingress": [
              {
                "cidr_blocks": [
                  "0.0.0.0/0"
                ],
                "description": "",
                "from_port": 80,
                "ipv6_cidr_blocks": [],
                "prefix_list_ids": [],
                "protocol": "tcp",
                "security_groups": [],
                "self": false,
                "to_port": 80
              }
            ],
            "name": "customer-profile-alb-sg",
            "name_prefix": "",
            "owner_id": "810421502375",
            "region": "ap-southeast-1",
            "revoke_rules_on_delete": false,
            "tags": {
              "Name": "customer-profile-alb-sg"
            },
            "tags_all": {
              "Name": "customer-profile-alb-sg"
            },
            "timeouts": null,
            "vpc_id": "vpc-00000130e7cb8f496"
          },
          "sensitive_attributes": [],
          "identity_schema_version": 0,
          "identity": {
            "account_id": "810421502375",
            "id": "sg-0dd62fb8f380332df",
            "region": "ap-southeast-1"
          },
          "private": "eyJlMmJmYjczMC1lY2FhLTExZTYtOGY4OC0zNDM2M2JjN2M0YzAiOnsiY3JlYXRlIjo2MDAwMDAwMDAwMDAsImRlbGV0ZSI6OTAwMDAwMDAwMDAwfSwic2NoZW1hX3ZlcnNpb24iOiIxIn0=",
          "dependencies": [
            "aws_vpc.customer-profile"
          ]
        }
      ]
    },
    {
      "mode": "managed",
      "type": "aws_security_group",
      "name": "customer_profile_ec2",
      "provider": "provider[\"registry.terraform.io/hashicorp/aws\"]",
      "instances": [
        {
          "schema_version": 1,
          "attributes": {
            "arn": "arn:aws:ec2:ap-southeast-1:810421502375:security-group/sg-07dee6820144c768f",
            "description": "Managed by Terraform",
            "egress": [
              {
                "cidr_blocks": [
                  "0.0.0.0/0"
                ],
                "description": "",
                "from_port": 0,
                "ipv6_cidr_blocks": [],
                "prefix_list_ids": [],
                "protocol": "-1",
                "security_groups": [],
                "self": false,
                "to_port": 0
              }
            ],
            "id": "sg-07dee6820144c768f",
            "ingress": [
              {
                "cidr_blocks": [],
                "description": "",
                "from_port": 22,
                "ipv6_cidr_blocks": [],
                "prefix_list_ids": [],
                "protocol": "tcp",
                "security_groups": [
                  "sg-0f092f5b438618ebf"
                ],
                "self": false,
                "to_port": 22
              },
              {
                "cidr_blocks": [],
                "description": "",
                "from_port": 8080,
                "ipv6_cidr_blocks": [],
                "prefix_list_ids": [],
                "protocol": "tcp",
                "security_groups": [
                  "sg-0dd62fb8f380332df"
                ],
                "self": false,
                "to_port": 8080
              }
            ],
            "name": "customer-profile-ec2-sg",
            "name_prefix": "",
            "owner_id": "810421502375",
            "region": "ap-southeast-1",
            "revoke_rules_on_delete": false,
            "tags": {
              "Name": "customer-profile-ec2-sg"
            },
            "tags_all": {
              "Name": "customer-profile-ec2-sg"
            },
            "timeouts": null,
            "vpc_id": "vpc-00000130e7cb8f496"
          },
          "sensitive_attributes": [],
          "identity_schema_version": 0,
          "identity": {
            "account_id": "810421502375",
            "id": "sg-07dee6820144c768f",
            "region": "ap-southeast-1"
          },
          "private": "eyJlMmJmYjczMC1lY2FhLTExZTYtOGY4OC0zNDM2M2JjN2M0YzAiOnsiY3JlYXRlIjo2MDAwMDAwMDAwMDAsImRlbGV0ZSI6OTAwMDAwMDAwMDAwfSwic2NoZW1hX3ZlcnNpb24iOiIxIn0=",
          "dependencies": [
            "aws_security_group.bastion",
            "aws_security_group.customer_profile_alb",
            "aws_vpc.customer-profile"
          ]
        }
      ]
    },
    {
      "mode": "managed",
      "type": "aws_security_group",
      "name": "statement_alb",
      "provider": "provider[\"registry.terraform.io/hashicorp/aws\"]",
      "instances": [
        {
          "schema_version": 1,
          "attributes": {
            "arn": "arn:aws:ec2:ap-southeast-1:810421502375:security-group/sg-0e847aef6a39ff9b3",
            "description": "Managed by Terraform",
            "egress": [
              {
                "cidr_blocks": [
                  "0.0.0.0/0"
                ],
                "description": "",
                "from_port": 0,
                "ipv6_cidr_blocks": [],
                "prefix_list_ids": [],
                "protocol": "-1",
                "security_groups": [],
                "self": false,
                "to_port": 0
              }
            ],
            "id": "sg-0e847aef6a39ff9b3",
            "ingress": [
              {
                "cidr_blocks": [
                  "172.16.0.0/16"
                ],
                "description": "",
                "from_port": 80,
                "ipv6_cidr_blocks": [],
                "prefix_list_ids": [],
                "protocol": "tcp",
                "security_groups": [],
                "self": false,
                "to_port": 80
              }
            ],
            "name": "statement-alb-sg",
            "name_prefix": "",
            "owner_id": "810421502375",
            "region": "ap-southeast-1",
            "revoke_rules_on_delete": false,
            "tags": {
              "Name": "statement-alb-sg"
            },
            "tags_all": {
              "Name": "statement-alb-sg"
            },
            "timeouts": null,
            "vpc_id": "vpc-0abbe8391b3cf9618"
          },
          "sensitive_attributes": [],
          "identity_schema_version": 0,
          "identity": {
            "account_id": "810421502375",
            "id": "sg-0e847aef6a39ff9b3",
            "region": "ap-southeast-1"
          },
          "private": "eyJlMmJmYjczMC1lY2FhLTExZTYtOGY4OC0zNDM2M2JjN2M0YzAiOnsiY3JlYXRlIjo2MDAwMDAwMDAwMDAsImRlbGV0ZSI6OTAwMDAwMDAwMDAwfSwic2NoZW1hX3ZlcnNpb24iOiIxIn0=",
          "dependencies": [
            "aws_vpc.statement"
          ]
        }
      ]
    },
    {
      "mode": "managed",
      "type": "aws_security_group",
      "name": "statement_ec2",
      "provider": "provider[\"registry.terraform.io/hashicorp/aws\"]",
      "instances": [
        {
          "schema_version": 1,
          "attributes": {
            "arn": "arn:aws:ec2:ap-southeast-1:810421502375:security-group/sg-04b58ff55d2c137dc",
            "description": "Managed by Terraform",
            "egress": [
              {
                "cidr_blocks": [
                  "0.0.0.0/0"
                ],
                "description": "",
                "from_port": 0,
                "ipv6_cidr_blocks": [],
                "prefix_list_ids": [],
                "protocol": "-1",
                "security_groups": [],
                "self": false,
                "to_port": 0
              }
            ],
            "id": "sg-04b58ff55d2c137dc",
            "ingress": [
              {
                "cidr_blocks": [
                  "10.0.0.0/16"
                ],
                "description": "",
                "from_port": 22,
                "ipv6_cidr_blocks": [],
                "prefix_list_ids": [],
                "protocol": "tcp",
                "security_groups": [],
                "self": false,
                "to_port": 22
              },
              {
                "cidr_blocks": [],
                "description": "",
                "from_port": 8082,
                "ipv6_cidr_blocks": [],
                "prefix_list_ids": [],
                "protocol": "tcp",
                "security_groups": [
                  "sg-0e847aef6a39ff9b3"
                ],
                "self": false,
                "to_port": 8082
              }
            ],
            "name": "statement-ec2-sg",
            "name_prefix": "",
            "owner_id": "810421502375",
            "region": "ap-southeast-1",
            "revoke_rules_on_delete": false,
            "tags": {
              "Name": "statement-ec2-sg"
            },
            "tags_all": {
              "Name": "statement-ec2-sg"
            },
            "timeouts": null,
            "vpc_id": "vpc-0abbe8391b3cf9618"
          },
          "sensitive_attributes": [],
          "identity_schema_version": 0,
          "identity": {
            "account_id": "810421502375",
            "id": "sg-04b58ff55d2c137dc",
            "region": "ap-southeast-1"
          },
          "private": "eyJlMmJmYjczMC1lY2FhLTExZTYtOGY4OC0zNDM2M2JjN2M0YzAiOnsiY3JlYXRlIjo2MDAwMDAwMDAwMDAsImRlbGV0ZSI6OTAwMDAwMDAwMDAwfSwic2NoZW1hX3ZlcnNpb24iOiIxIn0=",
          "dependencies": [
            "aws_security_group.statement_alb",
            "aws_vpc.statement"
          ]
        }
      ]
    },
    {
      "mode": "managed",
      "type": "aws_subnet",
      "name": "account_private_a",
      "provider": "provider[\"registry.terraform.io/hashicorp/aws\"]",
      "instances": [
        {
          "schema_version": 1,
          "attributes": {
            "arn": "arn:aws:ec2:ap-southeast-1:810421502375:subnet/subnet-0bd16e2e193cb7bb4",
            "assign_ipv6_address_on_creation": false,
            "availability_zone": "ap-southeast-1a",
            "availability_zone_id": "apse1-az2",
            "cidr_block": "172.16.2.0/24",
            "customer_owned_ipv4_pool": "",
            "enable_dns64": false,
            "enable_lni_at_device_index": 0,
            "enable_resource_name_dns_a_record_on_launch": false,
            "enable_resource_name_dns_aaaa_record_on_launch": false,
            "id": "subnet-0bd16e2e193cb7bb4",
            "ipv4_ipam_pool_id": null,
            "ipv4_netmask_length": null,
            "ipv6_cidr_block": "",
            "ipv6_cidr_block_association_id": "",
            "ipv6_ipam_pool_id": null,
            "ipv6_native": false,
            "ipv6_netmask_length": null,
            "map_customer_owned_ip_on_launch": false,
            "map_public_ip_on_launch": false,
            "outpost_arn": "",
            "owner_id": "810421502375",
            "private_dns_hostname_type_on_launch": "ip-name",
            "region": "ap-southeast-1",
            "tags": {
              "Name": "account-private-subnet-a"
            },
            "tags_all": {
              "Name": "account-private-subnet-a"
            },
            "timeouts": null,
            "vpc_id": "vpc-0abf415f53c086eab"
          },
          "sensitive_attributes": [],
          "identity_schema_version": 0,
          "identity": {
            "account_id": "810421502375",
            "id": "subnet-0bd16e2e193cb7bb4",
            "region": "ap-southeast-1"
          },
          "private": "eyJlMmJmYjczMC1lY2FhLTExZTYtOGY4OC0zNDM2M2JjN2M0YzAiOnsiY3JlYXRlIjo2MDAwMDAwMDAwMDAsImRlbGV0ZSI6MTIwMDAwMDAwMDAwMH0sInNjaGVtYV92ZXJzaW9uIjoiMSJ9",
          "dependencies": [
            "aws_vpc.account"
          ]
        }
      ]
    },
    {
      "mode": "managed",
      "type": "aws_subnet",
      "name": "account_private_b",
      "provider": "provider[\"registry.terraform.io/hashicorp/aws\"]",
      "instances": [
        {
          "schema_version": 1,
          "attributes": {
            "arn": "arn:aws:ec2:ap-southeast-1:810421502375:subnet/subnet-0a70e66e403c138e3",
            "assign_ipv6_address_on_creation": false,
            "availability_zone": "ap-southeast-1b",
            "availability_zone_id": "apse1-az1",
            "cidr_block": "172.16.3.0/24",
            "customer_owned_ipv4_pool": "",
            "enable_dns64": false,
            "enable_lni_at_device_index": 0,
            "enable_resource_name_dns_a_record_on_launch": false,
            "enable_resource_name_dns_aaaa_record_on_launch": false,
            "id": "subnet-0a70e66e403c138e3",
            "ipv4_ipam_pool_id": null,
            "ipv4_netmask_length": null,
            "ipv6_cidr_block": "",
            "ipv6_cidr_block_association_id": "",
            "ipv6_ipam_pool_id": null,
            "ipv6_native": false,
            "ipv6_netmask_length": null,
            "map_customer_owned_ip_on_launch": false,
            "map_public_ip_on_launch": false,
            "outpost_arn": "",
            "owner_id": "810421502375",
            "private_dns_hostname_type_on_launch": "ip-name",
            "region": "ap-southeast-1",
            "tags": {
              "Name": "account-private-subnet-b"
            },
            "tags_all": {
              "Name": "account-private-subnet-b"
            },
            "timeouts": null,
            "vpc_id": "vpc-0abf415f53c086eab"
          },
          "sensitive_attributes": [],
          "identity_schema_version": 0,
          "identity": {
            "account_id": "810421502375",
            "id": "subnet-0a70e66e403c138e3",
            "region": "ap-southeast-1"
          },
          "private": "eyJlMmJmYjczMC1lY2FhLTExZTYtOGY4OC0zNDM2M2JjN2M0YzAiOnsiY3JlYXRlIjo2MDAwMDAwMDAwMDAsImRlbGV0ZSI6MTIwMDAwMDAwMDAwMH0sInNjaGVtYV92ZXJzaW9uIjoiMSJ9",
          "dependencies": [
            "aws_vpc.account"
          ]
        }
      ]
    },
    {
      "mode": "managed",
      "type": "aws_subnet",
      "name": "account_public_a",
      "provider": "provider[\"registry.terraform.io/hashicorp/aws\"]",
      "instances": [
        {
          "schema_version": 1,
          "attributes": {
            "arn": "arn:aws:ec2:ap-southeast-1:810421502375:subnet/subnet-0051389341f440d33",
            "assign_ipv6_address_on_creation": false,
            "availability_zone": "ap-southeast-1a",
            "availability_zone_id": "apse1-az2",
            "cidr_block": "172.16.1.0/24",
            "customer_owned_ipv4_pool": "",
            "enable_dns64": false,
            "enable_lni_at_device_index": 0,
            "enable_resource_name_dns_a_record_on_launch": false,
            "enable_resource_name_dns_aaaa_record_on_launch": false,
            "id": "subnet-0051389341f440d33",
            "ipv4_ipam_pool_id": null,
            "ipv4_netmask_length": null,
            "ipv6_cidr_block": "",
            "ipv6_cidr_block_association_id": "",
            "ipv6_ipam_pool_id": null,
            "ipv6_native": false,
            "ipv6_netmask_length": null,
            "map_customer_owned_ip_on_launch": false,
            "map_public_ip_on_launch": true,
            "outpost_arn": "",
            "owner_id": "810421502375",
            "private_dns_hostname_type_on_launch": "ip-name",
            "region": "ap-southeast-1",
            "tags": {
              "Name": "account-public-subnet-a"
            },
            "tags_all": {
              "Name": "account-public-subnet-a"
            },
            "timeouts": null,
            "vpc_id": "vpc-0abf415f53c086eab"
          },
          "sensitive_attributes": [],
          "identity_schema_version": 0,
          "identity": {
            "account_id": "810421502375",
            "id": "subnet-0051389341f440d33",
            "region": "ap-southeast-1"
          },
          "private": "eyJlMmJmYjczMC1lY2FhLTExZTYtOGY4OC0zNDM2M2JjN2M0YzAiOnsiY3JlYXRlIjo2MDAwMDAwMDAwMDAsImRlbGV0ZSI6MTIwMDAwMDAwMDAwMH0sInNjaGVtYV92ZXJzaW9uIjoiMSJ9",
          "dependencies": [
            "aws_vpc.account"
          ]
        }
      ]
    },
    {
      "mode": "managed",
      "type": "aws_subnet",
      "name": "customer_private_a",
      "provider": "provider[\"registry.terraform.io/hashicorp/aws\"]",
      "instances": [
        {
          "schema_version": 1,
          "attributes": {
            "arn": "arn:aws:ec2:ap-southeast-1:810421502375:subnet/subnet-0b2dee3096c779072",
            "assign_ipv6_address_on_creation": false,
            "availability_zone": "ap-southeast-1a",
            "availability_zone_id": "apse1-az2",
            "cidr_block": "10.0.2.0/24",
            "customer_owned_ipv4_pool": "",
            "enable_dns64": false,
            "enable_lni_at_device_index": 0,
            "enable_resource_name_dns_a_record_on_launch": false,
            "enable_resource_name_dns_aaaa_record_on_launch": false,
            "id": "subnet-0b2dee3096c779072",
            "ipv4_ipam_pool_id": null,
            "ipv4_netmask_length": null,
            "ipv6_cidr_block": "",
            "ipv6_cidr_block_association_id": "",
            "ipv6_ipam_pool_id": null,
            "ipv6_native": false,
            "ipv6_netmask_length": null,
            "map_customer_owned_ip_on_launch": false,
            "map_public_ip_on_launch": false,
            "outpost_arn": "",
            "owner_id": "810421502375",
            "private_dns_hostname_type_on_launch": "ip-name",
            "region": "ap-southeast-1",
            "tags": {
              "Name": "customer-profile-private-subnet-a"
            },
            "tags_all": {
              "Name": "customer-profile-private-subnet-a"
            },
            "timeouts": null,
            "vpc_id": "vpc-00000130e7cb8f496"
          },
          "sensitive_attributes": [],
          "identity_schema_version": 0,
          "identity": {
            "account_id": "810421502375",
            "id": "subnet-0b2dee3096c779072",
            "region": "ap-southeast-1"
          },
          "private": "eyJlMmJmYjczMC1lY2FhLTExZTYtOGY4OC0zNDM2M2JjN2M0YzAiOnsiY3JlYXRlIjo2MDAwMDAwMDAwMDAsImRlbGV0ZSI6MTIwMDAwMDAwMDAwMH0sInNjaGVtYV92ZXJzaW9uIjoiMSJ9",
          "dependencies": [
            "aws_vpc.customer-profile"
          ]
        }
      ]
    },
    {
      "mode": "managed",
      "type": "aws_subnet",
      "name": "customer_private_b",
      "provider": "provider[\"registry.terraform.io/hashicorp/aws\"]",
      "instances": [
        {
          "schema_version": 1,
          "attributes": {
            "arn": "arn:aws:ec2:ap-southeast-1:810421502375:subnet/subnet-059f676c327a61c9c",
            "assign_ipv6_address_on_creation": false,
            "availability_zone": "ap-southeast-1b",
            "availability_zone_id": "apse1-az1",
            "cidr_block": "10.0.3.0/24",
            "customer_owned_ipv4_pool": "",
            "enable_dns64": false,
            "enable_lni_at_device_index": 0,
            "enable_resource_name_dns_a_record_on_launch": false,
            "enable_resource_name_dns_aaaa_record_on_launch": false,
            "id": "subnet-059f676c327a61c9c",
            "ipv4_ipam_pool_id": null,
            "ipv4_netmask_length": null,
            "ipv6_cidr_block": "",
            "ipv6_cidr_block_association_id": "",
            "ipv6_ipam_pool_id": null,
            "ipv6_native": false,
            "ipv6_netmask_length": null,
            "map_customer_owned_ip_on_launch": false,
            "map_public_ip_on_launch": false,
            "outpost_arn": "",
            "owner_id": "810421502375",
            "private_dns_hostname_type_on_launch": "ip-name",
            "region": "ap-southeast-1",
            "tags": {
              "Name": "customer-profile-private-subnet-b"
            },
            "tags_all": {
              "Name": "customer-profile-private-subnet-b"
            },
            "timeouts": null,
            "vpc_id": "vpc-00000130e7cb8f496"
          },
          "sensitive_attributes": [],
          "identity_schema_version": 0,
          "identity": {
            "account_id": "810421502375",
            "id": "subnet-059f676c327a61c9c",
            "region": "ap-southeast-1"
          },
          "private": "eyJlMmJmYjczMC1lY2FhLTExZTYtOGY4OC0zNDM2M2JjN2M0YzAiOnsiY3JlYXRlIjo2MDAwMDAwMDAwMDAsImRlbGV0ZSI6MTIwMDAwMDAwMDAwMH0sInNjaGVtYV92ZXJzaW9uIjoiMSJ9",
          "dependencies": [
            "aws_vpc.customer-profile"
          ]
        }
      ]
    },
    {
      "mode": "managed",
      "type": "aws_subnet",
      "name": "customer_public_a",
      "provider": "provider[\"registry.terraform.io/hashicorp/aws\"]",
      "instances": [
        {
          "schema_version": 1,
          "attributes": {
            "arn": "arn:aws:ec2:ap-southeast-1:810421502375:subnet/subnet-07e64c209b5130d2f",
            "assign_ipv6_address_on_creation": false,
            "availability_zone": "ap-southeast-1a",
            "availability_zone_id": "apse1-az2",
            "cidr_block": "10.0.1.0/24",
            "customer_owned_ipv4_pool": "",
            "enable_dns64": false,
            "enable_lni_at_device_index": 0,
            "enable_resource_name_dns_a_record_on_launch": false,
            "enable_resource_name_dns_aaaa_record_on_launch": false,
            "id": "subnet-07e64c209b5130d2f",
            "ipv4_ipam_pool_id": null,
            "ipv4_netmask_length": null,
            "ipv6_cidr_block": "",
            "ipv6_cidr_block_association_id": "",
            "ipv6_ipam_pool_id": null,
            "ipv6_native": false,
            "ipv6_netmask_length": null,
            "map_customer_owned_ip_on_launch": false,
            "map_public_ip_on_launch": true,
            "outpost_arn": "",
            "owner_id": "810421502375",
            "private_dns_hostname_type_on_launch": "ip-name",
            "region": "ap-southeast-1",
            "tags": {
              "Name": "customer-profile-public-subnet-a"
            },
            "tags_all": {
              "Name": "customer-profile-public-subnet-a"
            },
            "timeouts": null,
            "vpc_id": "vpc-00000130e7cb8f496"
          },
          "sensitive_attributes": [],
          "identity_schema_version": 0,
          "identity": {
            "account_id": "810421502375",
            "id": "subnet-07e64c209b5130d2f",
            "region": "ap-southeast-1"
          },
          "private": "eyJlMmJmYjczMC1lY2FhLTExZTYtOGY4OC0zNDM2M2JjN2M0YzAiOnsiY3JlYXRlIjo2MDAwMDAwMDAwMDAsImRlbGV0ZSI6MTIwMDAwMDAwMDAwMH0sInNjaGVtYV92ZXJzaW9uIjoiMSJ9",
          "dependencies": [
            "aws_vpc.customer-profile"
          ]
        }
      ]
    },
    {
      "mode": "managed",
      "type": "aws_subnet",
      "name": "customer_public_b",
      "provider": "provider[\"registry.terraform.io/hashicorp/aws\"]",
      "instances": [
        {
          "schema_version": 1,
          "attributes": {
            "arn": "arn:aws:ec2:ap-southeast-1:810421502375:subnet/subnet-0cb3f1aa0c6825a8e",
            "assign_ipv6_address_on_creation": false,
            "availability_zone": "ap-southeast-1b",
            "availability_zone_id": "apse1-az1",
            "cidr_block": "10.0.4.0/24",
            "customer_owned_ipv4_pool": "",
            "enable_dns64": false,
            "enable_lni_at_device_index": 0,
            "enable_resource_name_dns_a_record_on_launch": false,
            "enable_resource_name_dns_aaaa_record_on_launch": false,
            "id": "subnet-0cb3f1aa0c6825a8e",
            "ipv4_ipam_pool_id": null,
            "ipv4_netmask_length": null,
            "ipv6_cidr_block": "",
            "ipv6_cidr_block_association_id": "",
            "ipv6_ipam_pool_id": null,
            "ipv6_native": false,
            "ipv6_netmask_length": null,
            "map_customer_owned_ip_on_launch": false,
            "map_public_ip_on_launch": true,
            "outpost_arn": "",
            "owner_id": "810421502375",
            "private_dns_hostname_type_on_launch": "ip-name",
            "region": "ap-southeast-1",
            "tags": {
              "Name": "customer-profile-public-subnet-b"
            },
            "tags_all": {
              "Name": "customer-profile-public-subnet-b"
            },
            "timeouts": null,
            "vpc_id": "vpc-00000130e7cb8f496"
          },
          "sensitive_attributes": [],
          "identity_schema_version": 0,
          "identity": {
            "account_id": "810421502375",
            "id": "subnet-0cb3f1aa0c6825a8e",
            "region": "ap-southeast-1"
          },
          "private": "eyJlMmJmYjczMC1lY2FhLTExZTYtOGY4OC0zNDM2M2JjN2M0YzAiOnsiY3JlYXRlIjo2MDAwMDAwMDAwMDAsImRlbGV0ZSI6MTIwMDAwMDAwMDAwMH0sInNjaGVtYV92ZXJzaW9uIjoiMSJ9",
          "dependencies": [
            "aws_vpc.customer-profile"
          ]
        }
      ]
    },
    {
      "mode": "managed",
      "type": "aws_subnet",
      "name": "statement_private_a",
      "provider": "provider[\"registry.terraform.io/hashicorp/aws\"]",
      "instances": [
        {
          "schema_version": 1,
          "attributes": {
            "arn": "arn:aws:ec2:ap-southeast-1:810421502375:subnet/subnet-015b6348baafbfa26",
            "assign_ipv6_address_on_creation": false,
            "availability_zone": "ap-southeast-1a",
            "availability_zone_id": "apse1-az2",
            "cidr_block": "192.168.2.0/24",
            "customer_owned_ipv4_pool": "",
            "enable_dns64": false,
            "enable_lni_at_device_index": 0,
            "enable_resource_name_dns_a_record_on_launch": false,
            "enable_resource_name_dns_aaaa_record_on_launch": false,
            "id": "subnet-015b6348baafbfa26",
            "ipv4_ipam_pool_id": null,
            "ipv4_netmask_length": null,
            "ipv6_cidr_block": "",
            "ipv6_cidr_block_association_id": "",
            "ipv6_ipam_pool_id": null,
            "ipv6_native": false,
            "ipv6_netmask_length": null,
            "map_customer_owned_ip_on_launch": false,
            "map_public_ip_on_launch": false,
            "outpost_arn": "",
            "owner_id": "810421502375",
            "private_dns_hostname_type_on_launch": "ip-name",
            "region": "ap-southeast-1",
            "tags": {
              "Name": "statement-private-subnet-a"
            },
            "tags_all": {
              "Name": "statement-private-subnet-a"
            },
            "timeouts": null,
            "vpc_id": "vpc-0abbe8391b3cf9618"
          },
          "sensitive_attributes": [],
          "identity_schema_version": 0,
          "identity": {
            "account_id": "810421502375",
            "id": "subnet-015b6348baafbfa26",
            "region": "ap-southeast-1"
          },
          "private": "eyJlMmJmYjczMC1lY2FhLTExZTYtOGY4OC0zNDM2M2JjN2M0YzAiOnsiY3JlYXRlIjo2MDAwMDAwMDAwMDAsImRlbGV0ZSI6MTIwMDAwMDAwMDAwMH0sInNjaGVtYV92ZXJzaW9uIjoiMSJ9",
          "dependencies": [
            "aws_vpc.statement"
          ]
        }
      ]
    },
    {
      "mode": "managed",
      "type": "aws_subnet",
      "name": "statement_private_b",
      "provider": "provider[\"registry.terraform.io/hashicorp/aws\"]",
      "instances": [
        {
          "schema_version": 1,
          "attributes": {
            "arn": "arn:aws:ec2:ap-southeast-1:810421502375:subnet/subnet-0117e89aee4b49de8",
            "assign_ipv6_address_on_creation": false,
            "availability_zone": "ap-southeast-1b",
            "availability_zone_id": "apse1-az1",
            "cidr_block": "192.168.3.0/24",
            "customer_owned_ipv4_pool": "",
            "enable_dns64": false,
            "enable_lni_at_device_index": 0,
            "enable_resource_name_dns_a_record_on_launch": false,
            "enable_resource_name_dns_aaaa_record_on_launch": false,
            "id": "subnet-0117e89aee4b49de8",
            "ipv4_ipam_pool_id": null,
            "ipv4_netmask_length": null,
            "ipv6_cidr_block": "",
            "ipv6_cidr_block_association_id": "",
            "ipv6_ipam_pool_id": null,
            "ipv6_native": false,
            "ipv6_netmask_length": null,
            "map_customer_owned_ip_on_launch": false,
            "map_public_ip_on_launch": false,
            "outpost_arn": "",
            "owner_id": "810421502375",
            "private_dns_hostname_type_on_launch": "ip-name",
            "region": "ap-southeast-1",
            "tags": {
              "Name": "statement-private-subnet-b"
            },
            "tags_all": {
              "Name": "statement-private-subnet-b"
            },
            "timeouts": null,
            "vpc_id": "vpc-0abbe8391b3cf9618"
          },
          "sensitive_attributes": [],
          "identity_schema_version": 0,
          "identity": {
            "account_id": "810421502375",
            "id": "subnet-0117e89aee4b49de8",
            "region": "ap-southeast-1"
          },
          "private": "eyJlMmJmYjczMC1lY2FhLTExZTYtOGY4OC0zNDM2M2JjN2M0YzAiOnsiY3JlYXRlIjo2MDAwMDAwMDAwMDAsImRlbGV0ZSI6MTIwMDAwMDAwMDAwMH0sInNjaGVtYV92ZXJzaW9uIjoiMSJ9",
          "dependencies": [
            "aws_vpc.statement"
          ]
        }
      ]
    },
    {
      "mode": "managed",
      "type": "aws_subnet",
      "name": "statement_public_a",
      "provider": "provider[\"registry.terraform.io/hashicorp/aws\"]",
      "instances": [
        {
          "schema_version": 1,
          "attributes": {
            "arn": "arn:aws:ec2:ap-southeast-1:810421502375:subnet/subnet-0c049818c3ab5ec3a",
            "assign_ipv6_address_on_creation": false,
            "availability_zone": "ap-southeast-1a",
            "availability_zone_id": "apse1-az2",
            "cidr_block": "192.168.1.0/24",
            "customer_owned_ipv4_pool": "",
            "enable_dns64": false,
            "enable_lni_at_device_index": 0,
            "enable_resource_name_dns_a_record_on_launch": false,
            "enable_resource_name_dns_aaaa_record_on_launch": false,
            "id": "subnet-0c049818c3ab5ec3a",
            "ipv4_ipam_pool_id": null,
            "ipv4_netmask_length": null,
            "ipv6_cidr_block": "",
            "ipv6_cidr_block_association_id": "",
            "ipv6_ipam_pool_id": null,
            "ipv6_native": false,
            "ipv6_netmask_length": null,
            "map_customer_owned_ip_on_launch": false,
            "map_public_ip_on_launch": true,
            "outpost_arn": "",
            "owner_id": "810421502375",
            "private_dns_hostname_type_on_launch": "ip-name",
            "region": "ap-southeast-1",
            "tags": {
              "Name": "statement-public-subnet-a"
            },
            "tags_all": {
              "Name": "statement-public-subnet-a"
            },
            "timeouts": null,
            "vpc_id": "vpc-0abbe8391b3cf9618"
          },
          "sensitive_attributes": [],
          "identity_schema_version": 0,
          "identity": {
            "account_id": "810421502375",
            "id": "subnet-0c049818c3ab5ec3a",
            "region": "ap-southeast-1"
          },
          "private": "eyJlMmJmYjczMC1lY2FhLTExZTYtOGY4OC0zNDM2M2JjN2M0YzAiOnsiY3JlYXRlIjo2MDAwMDAwMDAwMDAsImRlbGV0ZSI6MTIwMDAwMDAwMDAwMH0sInNjaGVtYV92ZXJzaW9uIjoiMSJ9",
          "dependencies": [
            "aws_vpc.statement"
          ]
        }
      ]
    },
    {
      "mode": "managed",
      "type": "aws_vpc",
      "name": "account",
      "provider": "provider[\"registry.terraform.io/hashicorp/aws\"]",
      "instances": [
        {
          "schema_version": 1,
          "attributes": {
            "arn": "arn:aws:ec2:ap-southeast-1:810421502375:vpc/vpc-0abf415f53c086eab",
            "assign_generated_ipv6_cidr_block": false,
            "cidr_block": "172.16.0.0/16",
            "default_network_acl_id": "acl-08baf6019bd4756e5",
            "default_route_table_id": "rtb-0fe41dc15071bf220",
            "default_security_group_id": "sg-076ee490db1f62243",
            "dhcp_options_id": "dopt-0b90a22852149bbb6",
            "enable_dns_hostnames": true,
            "enable_dns_support": true,
            "enable_network_address_usage_metrics": false,
            "id": "vpc-0abf415f53c086eab",
            "instance_tenancy": "default",
            "ipv4_ipam_pool_id": null,
            "ipv4_netmask_length": null,
            "ipv6_association_id": "",
            "ipv6_cidr_block": "",
            "ipv6_cidr_block_network_border_group": "",
            "ipv6_ipam_pool_id": "",
            "ipv6_netmask_length": 0,
            "main_route_table_id": "rtb-0fe41dc15071bf220",
            "owner_id": "810421502375",
            "region": "ap-southeast-1",
            "tags": {
              "Name": "account-vpc"
            },
            "tags_all": {
              "Name": "account-vpc"
            }
          },
          "sensitive_attributes": [],
          "identity_schema_version": 0,
          "identity": {
            "account_id": "810421502375",
            "id": "vpc-0abf415f53c086eab",
            "region": "ap-southeast-1"
          },
          "private": "eyJzY2hlbWFfdmVyc2lvbiI6IjEifQ=="
        }
      ]
    },
    {
      "mode": "managed",
      "type": "aws_vpc",
      "name": "customer-profile",
      "provider": "provider[\"registry.terraform.io/hashicorp/aws\"]",
      "instances": [
        {
          "schema_version": 1,
          "attributes": {
            "arn": "arn:aws:ec2:ap-southeast-1:810421502375:vpc/vpc-00000130e7cb8f496",
            "assign_generated_ipv6_cidr_block": false,
            "cidr_block": "10.0.0.0/16",
            "default_network_acl_id": "acl-0f7afe6721dfc027e",
            "default_route_table_id": "rtb-05b609a793979fca8",
            "default_security_group_id": "sg-0ac39d139e97cf9cb",
            "dhcp_options_id": "dopt-0b90a22852149bbb6",
            "enable_dns_hostnames": true,
            "enable_dns_support": true,
            "enable_network_address_usage_metrics": false,
            "id": "vpc-00000130e7cb8f496",
            "instance_tenancy": "default",
            "ipv4_ipam_pool_id": null,
            "ipv4_netmask_length": null,
            "ipv6_association_id": "",
            "ipv6_cidr_block": "",
            "ipv6_cidr_block_network_border_group": "",
            "ipv6_ipam_pool_id": "",
            "ipv6_netmask_length": 0,
            "main_route_table_id": "rtb-05b609a793979fca8",
            "owner_id": "810421502375",
            "region": "ap-southeast-1",
            "tags": {
              "Name": "customer-profile-vpc"
            },
            "tags_all": {
              "Name": "customer-profile-vpc"
            }
          },
          "sensitive_attributes": [],
          "identity_schema_version": 0,
          "identity": {
            "account_id": "810421502375",
            "id": "vpc-00000130e7cb8f496",
            "region": "ap-southeast-1"
          },
          "private": "eyJzY2hlbWFfdmVyc2lvbiI6IjEifQ=="
        }
      ]
    },
    {
      "mode": "managed",
      "type": "aws_vpc",
      "name": "statement",
      "provider": "provider[\"registry.terraform.io/hashicorp/aws\"]",
      "instances": [
        {
          "schema_version": 1,
          "attributes": {
            "arn": "arn:aws:ec2:ap-southeast-1:810421502375:vpc/vpc-0abbe8391b3cf9618",
            "assign_generated_ipv6_cidr_block": false,
            "cidr_block": "192.168.0.0/16",
            "default_network_acl_id": "acl-002663eaa108ae208",
            "default_route_table_id": "rtb-0aba69e1d3b3e5c2b",
            "default_security_group_id": "sg-03c6b60d0cb1b4124",
            "dhcp_options_id": "dopt-0b90a22852149bbb6",
            "enable_dns_hostnames": true,
            "enable_dns_support": true,
            "enable_network_address_usage_metrics": false,
            "id": "vpc-0abbe8391b3cf9618",
            "instance_tenancy": "default",
            "ipv4_ipam_pool_id": null,
            "ipv4_netmask_length": null,
            "ipv6_association_id": "",
            "ipv6_cidr_block": "",
            "ipv6_cidr_block_network_border_group": "",
            "ipv6_ipam_pool_id": "",
            "ipv6_netmask_length": 0,
            "main_route_table_id": "rtb-0aba69e1d3b3e5c2b",
            "owner_id": "810421502375",
            "region": "ap-southeast-1",
            "tags": {
              "Name": "statement-vpc"
            },
            "tags_all": {
              "Name": "statement-vpc"
            }
          },
          "sensitive_attributes": [],
          "identity_schema_version": 0,
          "identity": {
            "account_id": "810421502375",
            "id": "vpc-0abbe8391b3cf9618",
            "region": "ap-southeast-1"
          },
          "private": "eyJzY2hlbWFfdmVyc2lvbiI6IjEifQ=="
        }
      ]
    },
    {
      "mode": "managed",
      "type": "aws_vpc_peering_connection",
      "name": "account_statement",
      "provider": "provider[\"registry.terraform.io/hashicorp/aws\"]",
      "instances": [
        {
          "schema_version": 0,
          "attributes": {
            "accept_status": "active",
            "accepter": [
              {
                "allow_remote_vpc_dns_resolution": false
              }
            ],
            "auto_accept": true,
            "id": "pcx-09b5ece5c124105b2",
            "peer_owner_id": "810421502375",
            "peer_region": "ap-southeast-1",
            "peer_vpc_id": "vpc-0abbe8391b3cf9618",
            "region": "ap-southeast-1",
            "requester": [
              {
                "allow_remote_vpc_dns_resolution": false
              }
            ],
            "tags": {
              "Name": "account-statement-peer"
            },
            "tags_all": {
              "Name": "account-statement-peer"
            },
            "timeouts": null,
            "vpc_id": "vpc-0abf415f53c086eab"
          },
          "sensitive_attributes": [],
          "identity_schema_version": 0,
          "private": "eyJlMmJmYjczMC1lY2FhLTExZTYtOGY4OC0zNDM2M2JjN2M0YzAiOnsiY3JlYXRlIjo2MDAwMDAwMDAwMCwiZGVsZXRlIjo2MDAwMDAwMDAwMCwidXBkYXRlIjo2MDAwMDAwMDAwMH19",
          "dependencies": [
            "aws_vpc.account",
            "aws_vpc.statement"
          ]
        }
      ]
    },
    {
      "mode": "managed",
      "type": "aws_vpc_peering_connection",
      "name": "customer_account",
      "provider": "provider[\"registry.terraform.io/hashicorp/aws\"]",
      "instances": [
        {
          "schema_version": 0,
          "attributes": {
            "accept_status": "active",
            "accepter": [
              {
                "allow_remote_vpc_dns_resolution": false
              }
            ],
            "auto_accept": true,
            "id": "pcx-06d102736d1e42d9d",
            "peer_owner_id": "810421502375",
            "peer_region": "ap-southeast-1",
            "peer_vpc_id": "vpc-0abf415f53c086eab",
            "region": "ap-southeast-1",
            "requester": [
              {
                "allow_remote_vpc_dns_resolution": false
              }
            ],
            "tags": {
              "Name": "customer-account-peer"
            },
            "tags_all": {
              "Name": "customer-account-peer"
            },
            "timeouts": null,
            "vpc_id": "vpc-00000130e7cb8f496"
          },
          "sensitive_attributes": [],
          "identity_schema_version": 0,
          "private": "eyJlMmJmYjczMC1lY2FhLTExZTYtOGY4OC0zNDM2M2JjN2M0YzAiOnsiY3JlYXRlIjo2MDAwMDAwMDAwMCwiZGVsZXRlIjo2MDAwMDAwMDAwMCwidXBkYXRlIjo2MDAwMDAwMDAwMH19",
          "dependencies": [
            "aws_vpc.account",
            "aws_vpc.customer-profile"
          ]
        }
      ]
    },
    {
      "mode": "managed",
      "type": "aws_vpc_peering_connection_options",
      "name": "account_statement_dns",
      "provider": "provider[\"registry.terraform.io/hashicorp/aws\"]",
      "instances": [
        {
          "schema_version": 0,
          "attributes": {
            "accepter": [
              {
                "allow_remote_vpc_dns_resolution": true
              }
            ],
            "id": "pcx-09b5ece5c124105b2",
            "region": "ap-southeast-1",
            "requester": [
              {
                "allow_remote_vpc_dns_resolution": true
              }
            ],
            "vpc_peering_connection_id": "pcx-09b5ece5c124105b2"
          },
          "sensitive_attributes": [],
          "identity_schema_version": 0,
          "private": "bnVsbA==",
          "dependencies": [
            "aws_vpc.account",
            "aws_vpc.statement",
            "aws_vpc_peering_connection.account_statement"
          ]
        }
      ]
    },
    {
      "mode": "managed",
      "type": "aws_vpc_peering_connection_options",
      "name": "customer_account_dns",
      "provider": "provider[\"registry.terraform.io/hashicorp/aws\"]",
      "instances": [
        {
          "schema_version": 0,
          "attributes": {
            "accepter": [
              {
                "allow_remote_vpc_dns_resolution": true
              }
            ],
            "id": "pcx-06d102736d1e42d9d",
            "region": "ap-southeast-1",
            "requester": [
              {
                "allow_remote_vpc_dns_resolution": true
              }
            ],
            "vpc_peering_connection_id": "pcx-06d102736d1e42d9d"
          },
          "sensitive_attributes": [],
          "identity_schema_version": 0,
          "private": "bnVsbA==",
          "dependencies": [
            "aws_vpc.account",
            "aws_vpc.customer-profile",
            "aws_vpc_peering_connection.customer_account"
          ]
        }
      ]
    },
    {
      "mode": "managed",
      "type": "local_file",
      "name": "private_key",
      "provider": "provider[\"registry.terraform.io/hashicorp/local\"]",
      "instances": [
        {
          "schema_version": 0,
          "attributes": {
            "content": "-----BEGIN RSA PRIVATE KEY-----\nMIIEpAIBAAKCAQEA3VIUzVECcfe5s3AAhvpUF1a1FZ7+4+zyfNyMguZyQ8Q9/Vt+\nXaEFhcCHjA1QQg5rgnzZw3HYPgi8Ii1cmj+8bIl++x7euHnoK/uA37L4q9tuPDQo\npsRR5CXLZaII9BmP3jNCLEQJRGhmCuyFC5kBl1wIBghjMgW4Y09gKUarkaQuBTbs\nWaXLwRPFyH1vlm3/E1bw4E3T6xLGe5SHl7wD7RNWwTTOUBrrQwJxjzUGAGxEDhFi\npb9KcwbNYM9GD4feqX6N1VFDSwgvKiLSGQcwfJpONf4vDb+w3kW6oRFxTSpeUFuP\nsTNhwhxIVN6coK5xZHUz+jkiigOIarjpsLNw2QIDAQABAoIBAB+uyZSPesKhkcog\nCACf+FweSQO52Zz7sBueH61OMQsGHlD/1ooFFuXL/HuDnRAqa/Xnn+2XMBDIA6qp\nhL6oziAEL5M3xZlyC4G0WiwWklED3iGB3qnqTnDTKkK33KvuYYaPyZ14Sz1UQVC3\nWt/LUmDTx2rvAMhJ7QNRJcpy4p+8CsRrlGKqSK6k3ytqqijuRTtNblDX3YU8n3PK\nnXXoGYDyPMUP3ChT2ScISYXD7Zedf6zesB/ll5fvxm8snmNCT1vlTkyVsT37tIQ2\nNuiNjtgconsJkPhNqjEXSLx9L/MubTi9jrd19C5jjVHuyQYqxxCmcS40EBu6wtJy\n2LaVVZsCgYEA6twXfh5yqegcEoguL9tiZ6odb7q+bMzJiqcTD2mMToE2OrLqCa3q\nTckmCzYJp6a4D94rkcX5yEYJbZA3byOIoEzZBjRDILdLdCrdwbihxzMoYpxieHJf\njRzkKrx8de7HHL80H7QGu7gJp9TYDon8XFgGmb6BqH9f+RuPUiClnN8CgYEA8T4B\ngcC36fGFCFij53I7f4BT2eczTM1N2V9l7PjGgJ2Z1lWhOrdtjmBEgHzUfJ6OGVqo\n6qFpKBsZBhs66H5LVF4cbTbGAK12BEvW2pwYkemKqY+zrhQt9Zxr/F0xDOBy712W\ni7wMw8Ef0acxYf/DD9kNBBRKLhzXvo4bxFHJ8UcCgYBLuqQompDGkH1czGR4MflN\nC+FqAYEde/sQpkbTFWmUdr2Rt9cXP+jpJA8MVmROlseK9kx+OKQOG+c2WOZHA+Iu\nLhlcksWCaxf9YUUYDfy8SpafFWX7CIYe7k30KcrIDDJP5qdcAaSaKwGSCGOSbJPf\nAtM+B9uvBUNhA633AWflaQKBgQCSBZs54+Iu2/9PVwAXFyEGgzG+IuD9awPlQIZc\nkxTsQvkcMIbAGMlatdChCW5A5GRU2niGVR9mpEhYVuEoW1HThoekX9QoEtbtsM4j\nUvrYT0mcaxwykYpkMcN3ZR1Mkwte8gIvIKuFTf+pko8kp4B1tkbXokRodxLsB+6s\nvWkD/wKBgQC+WUj0W5r94hQ+Ffn9MuWpeHm20plf3s/gS9FAyymq+TkneuspgRZS\njnxxyrA4M/Lgz1EBRpYdJx0qLJPl4AF5aQSc1QeUypxZ353k4eDhb7FoAKzzXjGD\n0OQR2NAzaE9jrcyUVJPo2VTo0MjJbdiKoWwo8ad8V5miNr0lFm9leQ==\n-----END RSA PRIVATE KEY-----\n",
            "content_base64": null,
            "content_base64sha256": "rAmE0aALXd1EKjGyQvlWLffi0BLlXPenD3Pf39GGeU8=",
            "content_base64sha512": "53taEedsr7zbWhpW9+UOfs59MNQ49RKMJ5xD2EAkxRdkbAPrNbkN6mNgc5BlKXQ1yBXrygLNo08kwxM2fXz/mQ==",
            "content_md5": "9ef60257b515512409f1292c24af847a",
            "content_sha1": "5147dc5d5f05995e0c5469882e12b7c065ebaac2",
            "content_sha256": "ac0984d1a00b5ddd442a31b242f9562df7e2d012e55cf7a70f73dfdfd186794f",
            "content_sha512": "e77b5a11e76cafbcdb5a1a56f7e50e7ece7d30d438f5128c279c43d84024c517646c03eb35b90dea6360739065297435c815ebca02cda34f24c313367d7cff99",
            "directory_permission": "0777",
            "file_permission": "0400",
            "filename": "fake-service-app.pem",
            "id": "5147dc5d5f05995e0c5469882e12b7c065ebaac2",
            "sensitive_content": null,
            "source": null
          },
          "sensitive_attributes": [
            [
              {
                "type": "get_attr",
                "value": "content"
              }
            ],
            [
              {
                "type": "get_attr",
                "value": "sensitive_content"
              }
            ]
          ],
          "identity_schema_version": 0,
          "dependencies": [
            "tls_private_key.fake_service_app"
          ]
        }
      ]
    },
    {
      "mode": "managed",
      "type": "tls_private_key",
      "name": "fake_service_app",
      "provider": "provider[\"registry.terraform.io/hashicorp/tls\"]",
      "instances": [
        {
          "schema_version": 1,
          "attributes": {
            "algorithm": "RSA",
            "ecdsa_curve": "P224",
            "id": "d73203b54cad1fa6540d8f706f5bf7416158441c",
            "private_key_openssh": "-----BEGIN OPENSSH PRIVATE KEY-----\nb3BlbnNzaC1rZXktdjEAAAAABG5vbmUAAAAEbm9uZQAAAAAAAAABAAABFwAAAAdz\nc2gtcnNhAAAAAwEAAQAAAQEA3VIUzVECcfe5s3AAhvpUF1a1FZ7+4+zyfNyMguZy\nQ8Q9/Vt+XaEFhcCHjA1QQg5rgnzZw3HYPgi8Ii1cmj+8bIl++x7euHnoK/uA37L4\nq9tuPDQopsRR5CXLZaII9BmP3jNCLEQJRGhmCuyFC5kBl1wIBghjMgW4Y09gKUar\nkaQuBTbsWaXLwRPFyH1vlm3/E1bw4E3T6xLGe5SHl7wD7RNWwTTOUBrrQwJxjzUG\nAGxEDhFipb9KcwbNYM9GD4feqX6N1VFDSwgvKiLSGQcwfJpONf4vDb+w3kW6oRFx\nTSpeUFuPsTNhwhxIVN6coK5xZHUz+jkiigOIarjpsLNw2QAAA7jdrg0f3a4NHwAA\nAAdzc2gtcnNhAAABAQDdUhTNUQJx97mzcACG+lQXVrUVnv7j7PJ83IyC5nJDxD39\nW35doQWFwIeMDVBCDmuCfNnDcdg+CLwiLVyaP7xsiX77Ht64eegr+4Dfsvir2248\nNCimxFHkJctlogj0GY/eM0IsRAlEaGYK7IULmQGXXAgGCGMyBbhjT2ApRquRpC4F\nNuxZpcvBE8XIfW+Wbf8TVvDgTdPrEsZ7lIeXvAPtE1bBNM5QGutDAnGPNQYAbEQO\nEWKlv0pzBs1gz0YPh96pfo3VUUNLCC8qItIZBzB8mk41/i8Nv7DeRbqhEXFNKl5Q\nW4+xM2HCHEhU3pygrnFkdTP6OSKKA4hquOmws3DZAAAAAwEAAQAAAQAfrsmUj3rC\noZHKIAgAn/hcHkkDudmc+7Abnh+tTjELBh5Q/9aKBRbly/x7g50QKmv155/tlzAQ\nyAOqqYS+qM4gBC+TN8WZcguBtFosFpJRA94hgd6p6k5w0ypCt9yr7mGGj8mdeEs9\nVEFQt1rfy1Jg08dq7wDISe0DUSXKcuKfvArEa5RiqkiupN8raqoo7kU7TW5Q192F\nPJ9zyp116BmA8jzFD9woU9knCEmFw+2XnX+s3rAf5ZeX78ZvLJ5jQk9b5U5MlbE9\n+7SENjbojY7YHKJ7CZD4TaoxF0i8fS/zLm04vY63dfQuY41R7skGKscQpnEuNBAb\nusLScti2lVWbAAAAgQC+WUj0W5r94hQ+Ffn9MuWpeHm20plf3s/gS9FAyymq+Tkn\neuspgRZSjnxxyrA4M/Lgz1EBRpYdJx0qLJPl4AF5aQSc1QeUypxZ353k4eDhb7Fo\nAKzzXjGD0OQR2NAzaE9jrcyUVJPo2VTo0MjJbdiKoWwo8ad8V5miNr0lFm9leQAA\nAIEA6twXfh5yqegcEoguL9tiZ6odb7q+bMzJiqcTD2mMToE2OrLqCa3qTckmCzYJ\np6a4D94rkcX5yEYJbZA3byOIoEzZBjRDILdLdCrdwbihxzMoYpxieHJfjRzkKrx8\nde7HHL80H7QGu7gJp9TYDon8XFgGmb6BqH9f+RuPUiClnN8AAACBAPE+AYHAt+nx\nhQhYo+dyO3+AU9nnM0zNTdlfZez4xoCdmdZVoTq3bY5gRIB81HyejhlaqOqhaSgb\nGQYbOuh+S1ReHG02xgCtdgRL1tqcGJHpiqmPs64ULfWca/xdMQzgcu9dlou8DMPB\nH9GnMWH/ww/ZDQQUSi4c176OG8RRyfFHAAAAAAEC\n-----END OPENSSH PRIVATE KEY-----\n",
            "private_key_pem": "-----BEGIN RSA PRIVATE KEY-----\nMIIEpAIBAAKCAQEA3VIUzVECcfe5s3AAhvpUF1a1FZ7+4+zyfNyMguZyQ8Q9/Vt+\nXaEFhcCHjA1QQg5rgnzZw3HYPgi8Ii1cmj+8bIl++x7euHnoK/uA37L4q9tuPDQo\npsRR5CXLZaII9BmP3jNCLEQJRGhmCuyFC5kBl1wIBghjMgW4Y09gKUarkaQuBTbs\nWaXLwRPFyH1vlm3/E1bw4E3T6xLGe5SHl7wD7RNWwTTOUBrrQwJxjzUGAGxEDhFi\npb9KcwbNYM9GD4feqX6N1VFDSwgvKiLSGQcwfJpONf4vDb+w3kW6oRFxTSpeUFuP\nsTNhwhxIVN6coK5xZHUz+jkiigOIarjpsLNw2QIDAQABAoIBAB+uyZSPesKhkcog\nCACf+FweSQO52Zz7sBueH61OMQsGHlD/1ooFFuXL/HuDnRAqa/Xnn+2XMBDIA6qp\nhL6oziAEL5M3xZlyC4G0WiwWklED3iGB3qnqTnDTKkK33KvuYYaPyZ14Sz1UQVC3\nWt/LUmDTx2rvAMhJ7QNRJcpy4p+8CsRrlGKqSK6k3ytqqijuRTtNblDX3YU8n3PK\nnXXoGYDyPMUP3ChT2ScISYXD7Zedf6zesB/ll5fvxm8snmNCT1vlTkyVsT37tIQ2\nNuiNjtgconsJkPhNqjEXSLx9L/MubTi9jrd19C5jjVHuyQYqxxCmcS40EBu6wtJy\n2LaVVZsCgYEA6twXfh5yqegcEoguL9tiZ6odb7q+bMzJiqcTD2mMToE2OrLqCa3q\nTckmCzYJp6a4D94rkcX5yEYJbZA3byOIoEzZBjRDILdLdCrdwbihxzMoYpxieHJf\njRzkKrx8de7HHL80H7QGu7gJp9TYDon8XFgGmb6BqH9f+RuPUiClnN8CgYEA8T4B\ngcC36fGFCFij53I7f4BT2eczTM1N2V9l7PjGgJ2Z1lWhOrdtjmBEgHzUfJ6OGVqo\n6qFpKBsZBhs66H5LVF4cbTbGAK12BEvW2pwYkemKqY+zrhQt9Zxr/F0xDOBy712W\ni7wMw8Ef0acxYf/DD9kNBBRKLhzXvo4bxFHJ8UcCgYBLuqQompDGkH1czGR4MflN\nC+FqAYEde/sQpkbTFWmUdr2Rt9cXP+jpJA8MVmROlseK9kx+OKQOG+c2WOZHA+Iu\nLhlcksWCaxf9YUUYDfy8SpafFWX7CIYe7k30KcrIDDJP5qdcAaSaKwGSCGOSbJPf\nAtM+B9uvBUNhA633AWflaQKBgQCSBZs54+Iu2/9PVwAXFyEGgzG+IuD9awPlQIZc\nkxTsQvkcMIbAGMlatdChCW5A5GRU2niGVR9mpEhYVuEoW1HThoekX9QoEtbtsM4j\nUvrYT0mcaxwykYpkMcN3ZR1Mkwte8gIvIKuFTf+pko8kp4B1tkbXokRodxLsB+6s\nvWkD/wKBgQC+WUj0W5r94hQ+Ffn9MuWpeHm20plf3s/gS9FAyymq+TkneuspgRZS\njnxxyrA4M/Lgz1EBRpYdJx0qLJPl4AF5aQSc1QeUypxZ353k4eDhb7FoAKzzXjGD\n0OQR2NAzaE9jrcyUVJPo2VTo0MjJbdiKoWwo8ad8V5miNr0lFm9leQ==\n-----END RSA PRIVATE KEY-----\n",
            "private_key_pem_pkcs8": "-----BEGIN PRIVATE KEY-----\nMIIEvgIBADANBgkqhkiG9w0BAQEFAASCBKgwggSkAgEAAoIBAQDdUhTNUQJx97mz\ncACG+lQXVrUVnv7j7PJ83IyC5nJDxD39W35doQWFwIeMDVBCDmuCfNnDcdg+CLwi\nLVyaP7xsiX77Ht64eegr+4Dfsvir2248NCimxFHkJctlogj0GY/eM0IsRAlEaGYK\n7IULmQGXXAgGCGMyBbhjT2ApRquRpC4FNuxZpcvBE8XIfW+Wbf8TVvDgTdPrEsZ7\nlIeXvAPtE1bBNM5QGutDAnGPNQYAbEQOEWKlv0pzBs1gz0YPh96pfo3VUUNLCC8q\nItIZBzB8mk41/i8Nv7DeRbqhEXFNKl5QW4+xM2HCHEhU3pygrnFkdTP6OSKKA4hq\nuOmws3DZAgMBAAECggEAH67JlI96wqGRyiAIAJ/4XB5JA7nZnPuwG54frU4xCwYe\nUP/WigUW5cv8e4OdECpr9eef7ZcwEMgDqqmEvqjOIAQvkzfFmXILgbRaLBaSUQPe\nIYHeqepOcNMqQrfcq+5hho/JnXhLPVRBULda38tSYNPHau8AyEntA1ElynLin7wK\nxGuUYqpIrqTfK2qqKO5FO01uUNfdhTyfc8qddegZgPI8xQ/cKFPZJwhJhcPtl51/\nrN6wH+WXl+/GbyyeY0JPW+VOTJWxPfu0hDY26I2O2ByiewmQ+E2qMRdIvH0v8y5t\nOL2Ot3X0LmONUe7JBirHEKZxLjQQG7rC0nLYtpVVmwKBgQDq3Bd+HnKp6BwSiC4v\n22Jnqh1vur5szMmKpxMPaYxOgTY6suoJrepNySYLNgmnprgP3iuRxfnIRgltkDdv\nI4igTNkGNEMgt0t0Kt3BuKHHMyhinGJ4cl+NHOQqvHx17sccvzQftAa7uAmn1NgO\nifxcWAaZvoGof1/5G49SIKWc3wKBgQDxPgGBwLfp8YUIWKPncjt/gFPZ5zNMzU3Z\nX2Xs+MaAnZnWVaE6t22OYESAfNR8no4ZWqjqoWkoGxkGGzrofktUXhxtNsYArXYE\nS9banBiR6Yqpj7OuFC31nGv8XTEM4HLvXZaLvAzDwR/RpzFh/8MP2Q0EFEouHNe+\njhvEUcnxRwKBgEu6pCiakMaQfVzMZHgx+U0L4WoBgR17+xCmRtMVaZR2vZG31xc/\n6OkkDwxWZE6Wx4r2TH44pA4b5zZY5kcD4i4uGVySxYJrF/1hRRgN/LxKlp8VZfsI\nhh7uTfQpysgMMk/mp1wBpJorAZIIY5Jsk98C0z4H268FQ2EDrfcBZ+VpAoGBAJIF\nmznj4i7b/09XABcXIQaDMb4i4P1rA+VAhlyTFOxC+RwwhsAYyVq10KEJbkDkZFTa\neIZVH2akSFhW4ShbUdOGh6Rf1CgS1u2wziNS+thPSZxrHDKRimQxw3dlHUyTC17y\nAi8gq4VN/6mSjySngHW2RteiRGh3EuwH7qy9aQP/AoGBAL5ZSPRbmv3iFD4V+f0y\n5al4ebbSmV/ez+BL0UDLKar5OSd66ymBFlKOfHHKsDgz8uDPUQFGlh0nHSosk+Xg\nAXlpBJzVB5TKnFnfneTh4OFvsWgArPNeMYPQ5BHY0DNoT2OtzJRUk+jZVOjQyMlt\n2IqhbCjxp3xXmaI2vSUWb2V5\n-----END PRIVATE KEY-----\n",
            "public_key_fingerprint_md5": "ce:5d:cb:39:ef:04:13:7d:ae:9f:ee:28:0a:6a:71:8a",
            "public_key_fingerprint_sha256": "SHA256:NYfjP2GVIyHpISKuTdhQ33vRAELPF1ya5gPatn0tb8w",
            "public_key_openssh": "ssh-rsa AAAAB3NzaC1yc2EAAAADAQABAAABAQDdUhTNUQJx97mzcACG+lQXVrUVnv7j7PJ83IyC5nJDxD39W35doQWFwIeMDVBCDmuCfNnDcdg+CLwiLVyaP7xsiX77Ht64eegr+4Dfsvir2248NCimxFHkJctlogj0GY/eM0IsRAlEaGYK7IULmQGXXAgGCGMyBbhjT2ApRquRpC4FNuxZpcvBE8XIfW+Wbf8TVvDgTdPrEsZ7lIeXvAPtE1bBNM5QGutDAnGPNQYAbEQOEWKlv0pzBs1gz0YPh96pfo3VUUNLCC8qItIZBzB8mk41/i8Nv7DeRbqhEXFNKl5QW4+xM2HCHEhU3pygrnFkdTP6OSKKA4hquOmws3DZ\n",
            "public_key_pem": "-----BEGIN PUBLIC KEY-----\nMIIBIjANBgkqhkiG9w0BAQEFAAOCAQ8AMIIBCgKCAQEA3VIUzVECcfe5s3AAhvpU\nF1a1FZ7+4+zyfNyMguZyQ8Q9/Vt+XaEFhcCHjA1QQg5rgnzZw3HYPgi8Ii1cmj+8\nbIl++x7euHnoK/uA37L4q9tuPDQopsRR5CXLZaII9BmP3jNCLEQJRGhmCuyFC5kB\nl1wIBghjMgW4Y09gKUarkaQuBTbsWaXLwRPFyH1vlm3/E1bw4E3T6xLGe5SHl7wD\n7RNWwTTOUBrrQwJxjzUGAGxEDhFipb9KcwbNYM9GD4feqX6N1VFDSwgvKiLSGQcw\nfJpONf4vDb+w3kW6oRFxTSpeUFuPsTNhwhxIVN6coK5xZHUz+jkiigOIarjpsLNw\n2QIDAQAB\n-----END PUBLIC KEY-----\n",
            "rsa_bits": 2048
          },
          "sensitive_attributes": [
            [
              {
                "type": "get_attr",
                "value": "private_key_openssh"
              }
            ],
            [
              {
                "type": "get_attr",
                "value": "private_key_pem"
              }
            ],
            [
              {
                "type": "get_attr",
                "value": "private_key_pem_pkcs8"
              }
            ]
          ],
          "identity_schema_version": 0
        }
      ]
    }
  ],
  "check_results": null
}
