{
  "version": 4,
  "terraform_version": "1.15.5",
  "serial": 390,
  "lineage": "d14f59ae-b3f7-138f-1775-3ac2c3ca9a23",
  "outputs": {
    "account_alb_dns": {
      "value": "internal-account-alb-113639435.ap-southeast-1.elb.amazonaws.com",
      "type": "string"
    },
    "account_private_ips": {
      "value": [
        "172.16.2.136",
        "172.16.3.231"
      ],
      "type": [
        "tuple",
        [
          "string",
          "string"
        ]
      ]
    },
    "bastion_public_ip": {
      "value": "18.141.232.239",
      "type": "string"
    },
    "customer_profile_alb_dns": {
      "value": "customer-profile-alb-557220633.ap-southeast-1.elb.amazonaws.com",
      "type": "string"
    },
    "customer_profile_private_ips": {
      "value": [
        "10.0.2.74",
        "10.0.3.69"
      ],
      "type": [
        "tuple",
        [
          "string",
          "string"
        ]
      ]
    },
    "customer_profile_url": {
      "value": "http://customer-profile-alb-557220633.ap-southeast-1.elb.amazonaws.com",
      "type": "string"
    },
    "generated_key_path": {
      "value": "fake-service-app.pem",
      "type": "string"
    },
    "statement_alb_dns": {
      "value": "internal-statement-alb-749211940.ap-southeast-1.elb.amazonaws.com",
      "type": "string"
    },
    "statement_private_ips": {
      "value": [
        "192.168.2.17",
        "192.168.3.144"
      ],
      "type": [
        "tuple",
        [
          "string",
          "string"
        ]
      ]
    },
    "used_key_name": {
      "value": "fake-service-app-ssh-key",
      "type": "string"
    }
  },
  "resources": [
    {
      "mode": "data",
      "type": "aws_ami",
      "name": "ubuntu",
      "provider": "provider[\"registry.terraform.io/hashicorp/aws\"]",
      "instances": [
        {
          "schema_version": 0,
          "attributes": {
            "allow_unsafe_filter": null,
            "architecture": "x86_64",
            "arn": "arn:aws:ec2:ap-southeast-1::image/ami-03acbba64aef9bf5c",
            "block_device_mappings": [
              {
                "device_name": "/dev/sda1",
                "ebs": {
                  "delete_on_termination": "true",
                  "encrypted": "false",
                  "iops": "0",
                  "snapshot_id": "snap-035d3d988f229c09d",
                  "throughput": "0",
                  "volume_initialization_rate": "0",
                  "volume_size": "8",
                  "volume_type": "gp3"
                },
                "no_device": "",
                "virtual_name": ""
              },
              {
                "device_name": "/dev/sdb",
                "ebs": {},
                "no_device": "",
                "virtual_name": "ephemeral0"
              },
              {
                "device_name": "/dev/sdc",
                "ebs": {},
                "no_device": "",
                "virtual_name": "ephemeral1"
              }
            ],
            "boot_mode": "uefi-preferred",
            "creation_date": "2026-06-10T10:55:05.000Z",
            "deprecation_time": "2028-06-10T10:55:05.000Z",
            "description": "Canonical, Ubuntu, 24.04, amd64 noble image",
            "ena_support": true,
            "executable_users": null,
            "filter": [
              {
                "name": "name",
                "values": [
                  "ubuntu/images/hvm-ssd-gp3/ubuntu-noble-24.04-amd64-server-*"
                ]
              },
              {
                "name": "virtualization-type",
                "values": [
                  "hvm"
                ]
              }
            ],
            "hypervisor": "xen",
            "id": "ami-03acbba64aef9bf5c",
            "image_id": "ami-03acbba64aef9bf5c",
            "image_location": "amazon/ubuntu/images/hvm-ssd-gp3/ubuntu-noble-24.04-amd64-server-20260610",
            "image_owner_alias": "amazon",
            "image_type": "machine",
            "imds_support": "v2.0",
            "include_deprecated": false,
            "kernel_id": "",
            "last_launched_time": "",
            "most_recent": true,
            "name": "ubuntu/images/hvm-ssd-gp3/ubuntu-noble-24.04-amd64-server-20260610",
            "name_regex": null,
            "owner_id": "099720109477",
            "owners": [
              "099720109477"
            ],
            "platform": "",
            "platform_details": "Linux/UNIX",
            "product_codes": [],
            "public": true,
            "ramdisk_id": "",
            "region": "ap-southeast-1",
            "root_device_name": "/dev/sda1",
            "root_device_type": "ebs",
            "root_snapshot_id": "snap-035d3d988f229c09d",
            "sriov_net_support": "simple",
            "state": "available",
            "state_reason": {
              "code": "UNSET",
              "message": "UNSET"
            },
            "tags": {},
            "timeouts": null,
            "tpm_support": "",
            "uefi_data": null,
            "usage_operation": "RunInstances",
            "virtualization_type": "hvm"
          },
          "sensitive_attributes": [],
          "identity_schema_version": 0
        }
      ]
    },
    {
      "mode": "data",
      "type": "aws_route53_zone",
      "name": "main",
      "provider": "provider[\"registry.terraform.io/hashicorp/aws\"]",
      "instances": [
        {
          "schema_version": 0,
          "attributes": {
            "arn": "arn:aws:route53:::hostedzone/Z0311951O4HNUBVDUINW",
            "caller_reference": "RISWorkflow-RD:b92ef08b-9fe4-4375-a55d-cf79e2ce3e44",
            "comment": "HostedZone created by Route53 Registrar",
            "enable_accelerated_recovery": false,
            "id": "Z0311951O4HNUBVDUINW",
            "linked_service_description": null,
            "linked_service_principal": null,
            "name": "hellocloudteam4app.click",
            "name_servers": [
              "ns-1697.awsdns-20.co.uk",
              "ns-196.awsdns-24.com",
              "ns-697.awsdns-23.net",
              "ns-1359.awsdns-41.org"
            ],
            "primary_name_server": "ns-1697.awsdns-20.co.uk",
            "private_zone": false,
            "resource_record_set_count": 2,
            "tags": {},
            "vpc_id": null,
            "zone_id": "Z0311951O4HNUBVDUINW"
          },
          "sensitive_attributes": [],
          "identity_schema_version": 0
        }
      ]
    },
    {
      "mode": "managed",
      "type": "aws_eip",
      "name": "account_nat",
      "provider": "provider[\"registry.terraform.io/hashicorp/aws\"]",
      "instances": [
        {
          "schema_version": 0,
          "attributes": {
            "address": null,
            "allocation_id": "eipalloc-0ab9e66a2186eaca9",
            "arn": "arn:aws:ec2:ap-southeast-1:810421502375:elastic-ip/eipalloc-0ab9e66a2186eaca9",
            "associate_with_private_ip": null,
            "association_id": "",
            "carrier_ip": "",
            "customer_owned_ip": "",
            "customer_owned_ipv4_pool": "",
            "domain": "vpc",
            "id": "eipalloc-0ab9e66a2186eaca9",
            "instance": "",
            "ipam_pool_id": "",
            "network_border_group": "ap-southeast-1",
            "network_interface": "",
            "private_dns": "",
            "private_ip": "",
            "ptr_record": "",
            "public_dns": "ec2-54-255-159-34.ap-southeast-1.compute.amazonaws.com",
            "public_ip": "54.255.159.34",
            "public_ipv4_pool": "amazon",
            "region": "ap-southeast-1",
            "tags": null,
            "tags_all": {},
            "timeouts": null
          },
          "sensitive_attributes": [],
          "identity_schema_version": 0,
          "identity": {
            "account_id": "810421502375",
            "id": "eipalloc-0ab9e66a2186eaca9",
            "region": "ap-southeast-1"
          },
          "private": "eyJlMmJmYjczMC1lY2FhLTExZTYtOGY4OC0zNDM2M2JjN2M0YzAiOnsiZGVsZXRlIjoxODAwMDAwMDAwMDAsInJlYWQiOjkwMDAwMDAwMDAwMCwidXBkYXRlIjozMDAwMDAwMDAwMDB9fQ=="
        }
      ]
    },
    {
      "mode": "managed",
      "type": "aws_eip",
      "name": "customer_nat",
      "provider": "provider[\"registry.terraform.io/hashicorp/aws\"]",
      "instances": [
        {
          "schema_version": 0,
          "attributes": {
            "address": null,
            "allocation_id": "eipalloc-0ae40643eeec03f87",
            "arn": "arn:aws:ec2:ap-southeast-1:810421502375:elastic-ip/eipalloc-0ae40643eeec03f87",
            "associate_with_private_ip": null,
            "association_id": "",
            "carrier_ip": "",
            "customer_owned_ip": "",
            "customer_owned_ipv4_pool": "",
            "domain": "vpc",
            "id": "eipalloc-0ae40643eeec03f87",
            "instance": "",
            "ipam_pool_id": "",
            "network_border_group": "ap-southeast-1",
            "network_interface": "",
            "private_dns": "",
            "private_ip": "",
            "ptr_record": "",
            "public_dns": "ec2-18-142-195-232.ap-southeast-1.compute.amazonaws.com",
            "public_ip": "18.142.195.232",
            "public_ipv4_pool": "amazon",
            "region": "ap-southeast-1",
            "tags": null,
            "tags_all": {},
            "timeouts": null
          },
          "sensitive_attributes": [],
          "identity_schema_version": 0,
          "identity": {
            "account_id": "810421502375",
            "id": "eipalloc-0ae40643eeec03f87",
            "region": "ap-southeast-1"
          },
          "private": "eyJlMmJmYjczMC1lY2FhLTExZTYtOGY4OC0zNDM2M2JjN2M0YzAiOnsiZGVsZXRlIjoxODAwMDAwMDAwMDAsInJlYWQiOjkwMDAwMDAwMDAwMCwidXBkYXRlIjozMDAwMDAwMDAwMDB9fQ=="
        }
      ]
    },
    {
      "mode": "managed",
      "type": "aws_eip",
      "name": "statement_nat",
      "provider": "provider[\"registry.terraform.io/hashicorp/aws\"]",
      "instances": [
        {
          "schema_version": 0,
          "attributes": {
            "address": null,
            "allocation_id": "eipalloc-0e2880382db58d522",
            "arn": "arn:aws:ec2:ap-southeast-1:810421502375:elastic-ip/eipalloc-0e2880382db58d522",
            "associate_with_private_ip": null,
            "association_id": "",
            "carrier_ip": "",
            "customer_owned_ip": "",
            "customer_owned_ipv4_pool": "",
            "domain": "vpc",
            "id": "eipalloc-0e2880382db58d522",
            "instance": "",
            "ipam_pool_id": "",
            "network_border_group": "ap-southeast-1",
            "network_interface": "",
            "private_dns": "",
            "private_ip": "",
            "ptr_record": "",
            "public_dns": "ec2-122-248-214-134.ap-southeast-1.compute.amazonaws.com",
            "public_ip": "122.248.214.134",
            "public_ipv4_pool": "amazon",
            "region": "ap-southeast-1",
            "tags": null,
            "tags_all": {},
            "timeouts": null
          },
          "sensitive_attributes": [],
          "identity_schema_version": 0,
          "identity": {
            "account_id": "810421502375",
            "id": "eipalloc-0e2880382db58d522",
            "region": "ap-southeast-1"
          },
          "private": "eyJlMmJmYjczMC1lY2FhLTExZTYtOGY4OC0zNDM2M2JjN2M0YzAiOnsiZGVsZXRlIjoxODAwMDAwMDAwMDAsInJlYWQiOjkwMDAwMDAwMDAwMCwidXBkYXRlIjozMDAwMDAwMDAwMDB9fQ=="
        }
      ]
    },
    {
      "mode": "managed",
      "type": "aws_instance",
      "name": "account_app_a",
      "provider": "provider[\"registry.terraform.io/hashicorp/aws\"]",
      "instances": [
        {
          "schema_version": 2,
          "attributes": {
            "ami": "ami-03acbba64aef9bf5c",
            "arn": "arn:aws:ec2:ap-southeast-1:810421502375:instance/i-03c6d06d042a90126",
            "associate_public_ip_address": false,
            "availability_zone": "ap-southeast-1a",
            "capacity_reservation_specification": [
              {
                "capacity_reservation_preference": "open",
                "capacity_reservation_target": []
              }
            ],
            "cpu_options": [
              {
                "amd_sev_snp": "",
                "core_count": 1,
                "nested_virtualization": "",
                "threads_per_core": 2
              }
            ],
            "credit_specification": [
              {
                "cpu_credits": "unlimited"
              }
            ],
            "disable_api_stop": false,
            "disable_api_termination": false,
            "ebs_block_device": [],
            "ebs_optimized": false,
            "enable_primary_ipv6": null,
            "enclave_options": [
              {
                "enabled": false
              }
            ],
            "ephemeral_block_device": [],
            "force_destroy": false,
            "get_password_data": false,
            "hibernation": false,
            "host_id": "",
            "host_resource_group_arn": null,
            "iam_instance_profile": "",
            "id": "i-03c6d06d042a90126",
            "instance_initiated_shutdown_behavior": "stop",
            "instance_lifecycle": "",
            "instance_market_options": [],
            "instance_state": "running",
            "instance_type": "t3.micro",
            "ipv6_address_count": 0,
            "ipv6_addresses": [],
            "key_name": "fake-service-app-ssh-key",
            "launch_template": [],
            "maintenance_options": [
              {
                "auto_recovery": "default"
              }
            ],
            "metadata_options": [
              {
                "http_endpoint": "enabled",
                "http_protocol_ipv6": "disabled",
                "http_put_response_hop_limit": 2,
                "http_tokens": "required",
                "instance_metadata_tags": "disabled"
              }
            ],
            "monitoring": false,
            "network_interface": [],
            "outpost_arn": "",
            "password_data": "",
            "placement_group": "",
            "placement_group_id": "",
            "placement_partition_number": 0,
            "primary_network_interface": [
              {
                "delete_on_termination": true,
                "network_interface_id": "eni-07b2aca64c540a95b"
              }
            ],
            "primary_network_interface_id": "eni-07b2aca64c540a95b",
            "private_dns": "ip-172-16-2-136.ap-southeast-1.compute.internal",
            "private_dns_name_options": [
              {
                "enable_resource_name_dns_a_record": false,
                "enable_resource_name_dns_aaaa_record": false,
                "hostname_type": "ip-name"
              }
            ],
            "private_ip": "172.16.2.136",
            "public_dns": "",
            "public_ip": "",
            "region": "ap-southeast-1",
            "root_block_device": [
              {
                "delete_on_termination": true,
                "device_name": "/dev/sda1",
                "encrypted": false,
                "iops": 3000,
                "kms_key_id": "",
                "tags": {},
                "tags_all": {},
                "throughput": 125,
                "volume_id": "vol-06aa6d61877bddf77",
                "volume_size": 8,
                "volume_type": "gp3"
              }
            ],
            "secondary_network_interface": [],
            "secondary_private_ips": [],
            "security_groups": [],
            "source_dest_check": true,
            "spot_instance_request_id": "",
            "subnet_id": "subnet-04709a3e15d72fc5b",
            "tags": {
              "Name": "account-app-a"
            },
            "tags_all": {
              "Name": "account-app-a"
            },
            "tenancy": "default",
            "timeouts": null,
            "user_data": "#!/bin/bash\nset -xe\n\nsudo apt-get update -y\nsudo apt-get install -y unzip curl\n\ncurl -L https://github.com/nicholasjackson/fake-service/releases/download/v0.26.2/fake_service_linux_amd64.zip -o /tmp/service.zip\nunzip -o /tmp/service.zip -d /tmp/\nsudo mv /tmp/fake-service /usr/local/bin/account-service\nsudo chmod 755 /usr/local/bin/account-service\n\ncat \u003e /etc/systemd/system/account-api.service \u003c\u003cEOF\n[Unit]\nDescription=Account API Service\nAfter=network.target\n\n[Service]\nType=simple\nUser=ubuntu\nEnvironment=\"LISTEN_ADDR=0.0.0.0:8081\"\nEnvironment=\"UPSTREAM_URIS=http://internal-statement-alb-749211940.ap-southeast-1.elb.amazonaws.com\"\nEnvironment=\"MESSAGE=HelloCloud Bank | Retail-Banking | Account-service\"\nEnvironment=\"NAME=account\"\nExecStart=/usr/local/bin/account-service\nRestart=always\n\n[Install]\nWantedBy=multi-user.target\nEOF\n\nsudo systemctl daemon-reload\nsudo systemctl enable account-api.service\nsudo systemctl restart account-api.service",
            "user_data_base64": null,
            "user_data_replace_on_change": false,
            "volume_tags": null,
            "vpc_security_group_ids": [
              "sg-065a2e88ef121681b"
            ]
          },
          "sensitive_attributes": [],
          "identity_schema_version": 0,
          "identity": {
            "account_id": "810421502375",
            "id": "i-03c6d06d042a90126",
            "region": "ap-southeast-1"
          },
          "private": "eyJlMmJmYjczMC1lY2FhLTExZTYtOGY4OC0zNDM2M2JjN2M0YzAiOnsiY3JlYXRlIjo2MDAwMDAwMDAwMDAsImRlbGV0ZSI6MTIwMDAwMDAwMDAwMCwicmVhZCI6OTAwMDAwMDAwMDAwLCJ1cGRhdGUiOjYwMDAwMDAwMDAwMH0sInNjaGVtYV92ZXJzaW9uIjoiMiJ9",
          "dependencies": [
            "aws_instance.statement_app_a",
            "aws_instance.statement_app_b",
            "aws_key_pair.fake_service_app",
            "aws_lb.statement",
            "aws_security_group.account_alb",
            "aws_security_group.account_ec2",
            "aws_security_group.statement_alb",
            "aws_security_group.statement_ec2",
            "aws_subnet.account_private_a",
            "aws_subnet.statement_private_a",
            "aws_subnet.statement_private_b",
            "aws_vpc.account",
            "aws_vpc.statement",
            "data.aws_ami.ubuntu",
            "tls_private_key.fake_service_app"
          ]
        }
      ]
    },
    {
      "mode": "managed",
      "type": "aws_instance",
      "name": "account_app_b",
      "provider": "provider[\"registry.terraform.io/hashicorp/aws\"]",
      "instances": [
        {
          "schema_version": 2,
          "attributes": {
            "ami": "ami-03acbba64aef9bf5c",
            "arn": "arn:aws:ec2:ap-southeast-1:810421502375:instance/i-05486cb75d3ce12e2",
            "associate_public_ip_address": false,
            "availability_zone": "ap-southeast-1b",
            "capacity_reservation_specification": [
              {
                "capacity_reservation_preference": "open",
                "capacity_reservation_target": []
              }
            ],
            "cpu_options": [
              {
                "amd_sev_snp": "",
                "core_count": 1,
                "nested_virtualization": "",
                "threads_per_core": 2
              }
            ],
            "credit_specification": [
              {
                "cpu_credits": "unlimited"
              }
            ],
            "disable_api_stop": false,
            "disable_api_termination": false,
            "ebs_block_device": [],
            "ebs_optimized": false,
            "enable_primary_ipv6": null,
            "enclave_options": [
              {
                "enabled": false
              }
            ],
            "ephemeral_block_device": [],
            "force_destroy": false,
            "get_password_data": false,
            "hibernation": false,
            "host_id": "",
            "host_resource_group_arn": null,
            "iam_instance_profile": "",
            "id": "i-05486cb75d3ce12e2",
            "instance_initiated_shutdown_behavior": "stop",
            "instance_lifecycle": "",
            "instance_market_options": [],
            "instance_state": "running",
            "instance_type": "t3.micro",
            "ipv6_address_count": 0,
            "ipv6_addresses": [],
            "key_name": "fake-service-app-ssh-key",
            "launch_template": [],
            "maintenance_options": [
              {
                "auto_recovery": "default"
              }
            ],
            "metadata_options": [
              {
                "http_endpoint": "enabled",
                "http_protocol_ipv6": "disabled",
                "http_put_response_hop_limit": 2,
                "http_tokens": "required",
                "instance_metadata_tags": "disabled"
              }
            ],
            "monitoring": false,
            "network_interface": [],
            "outpost_arn": "",
            "password_data": "",
            "placement_group": "",
            "placement_group_id": "",
            "placement_partition_number": 0,
            "primary_network_interface": [
              {
                "delete_on_termination": true,
                "network_interface_id": "eni-09246f0fce6c6cb10"
              }
            ],
            "primary_network_interface_id": "eni-09246f0fce6c6cb10",
            "private_dns": "ip-172-16-3-231.ap-southeast-1.compute.internal",
            "private_dns_name_options": [
              {
                "enable_resource_name_dns_a_record": false,
                "enable_resource_name_dns_aaaa_record": false,
                "hostname_type": "ip-name"
              }
            ],
            "private_ip": "172.16.3.231",
            "public_dns": "",
            "public_ip": "",
            "region": "ap-southeast-1",
            "root_block_device": [
              {
                "delete_on_termination": true,
                "device_name": "/dev/sda1",
                "encrypted": false,
                "iops": 3000,
                "kms_key_id": "",
                "tags": {},
                "tags_all": {},
                "throughput": 125,
                "volume_id": "vol-00a7e88f8c077ac3b",
                "volume_size": 8,
                "volume_type": "gp3"
              }
            ],
            "secondary_network_interface": [],
            "secondary_private_ips": [],
            "security_groups": [],
            "source_dest_check": true,
            "spot_instance_request_id": "",
            "subnet_id": "subnet-038315ea0f22ff62a",
            "tags": {
              "Name": "account-app-b"
            },
            "tags_all": {
              "Name": "account-app-b"
            },
            "tenancy": "default",
            "timeouts": null,
            "user_data": "#!/bin/bash\nset -xe\n\nsudo apt-get update -y\nsudo apt-get install -y unzip curl\n\ncurl -L https://github.com/nicholasjackson/fake-service/releases/download/v0.26.2/fake_service_linux_amd64.zip -o /tmp/service.zip\nunzip -o /tmp/service.zip -d /tmp/\nsudo mv /tmp/fake-service /usr/local/bin/account-service\nsudo chmod 755 /usr/local/bin/account-service\n\ncat \u003e /etc/systemd/system/account-api.service \u003c\u003cEOF\n[Unit]\nDescription=Account API Service\nAfter=network.target\n\n[Service]\nType=simple\nUser=ubuntu\nEnvironment=\"LISTEN_ADDR=0.0.0.0:8081\"\nEnvironment=\"UPSTREAM_URIS=http://internal-statement-alb-749211940.ap-southeast-1.elb.amazonaws.com\"\nEnvironment=\"MESSAGE=HelloCloud Bank | Retail-Banking | Account-service\"\nEnvironment=\"NAME=account\"\nExecStart=/usr/local/bin/account-service\nRestart=always\n\n[Install]\nWantedBy=multi-user.target\nEOF\n\nsudo systemctl daemon-reload\nsudo systemctl enable account-api.service\nsudo systemctl restart account-api.service",
            "user_data_base64": null,
            "user_data_replace_on_change": false,
            "volume_tags": null,
            "vpc_security_group_ids": [
              "sg-065a2e88ef121681b"
            ]
          },
          "sensitive_attributes": [],
          "identity_schema_version": 0,
          "identity": {
            "account_id": "810421502375",
            "id": "i-05486cb75d3ce12e2",
            "region": "ap-southeast-1"
          },
          "private": "eyJlMmJmYjczMC1lY2FhLTExZTYtOGY4OC0zNDM2M2JjN2M0YzAiOnsiY3JlYXRlIjo2MDAwMDAwMDAwMDAsImRlbGV0ZSI6MTIwMDAwMDAwMDAwMCwicmVhZCI6OTAwMDAwMDAwMDAwLCJ1cGRhdGUiOjYwMDAwMDAwMDAwMH0sInNjaGVtYV92ZXJzaW9uIjoiMiJ9",
          "dependencies": [
            "aws_instance.statement_app_a",
            "aws_instance.statement_app_b",
            "aws_key_pair.fake_service_app",
            "aws_lb.statement",
            "aws_security_group.account_alb",
            "aws_security_group.account_ec2",
            "aws_security_group.statement_alb",
            "aws_security_group.statement_ec2",
            "aws_subnet.account_private_b",
            "aws_subnet.statement_private_a",
            "aws_subnet.statement_private_b",
            "aws_vpc.account",
            "aws_vpc.statement",
            "data.aws_ami.ubuntu",
            "tls_private_key.fake_service_app"
          ]
        }
      ]
    },
    {
      "mode": "managed",
      "type": "aws_instance",
      "name": "bastion",
      "provider": "provider[\"registry.terraform.io/hashicorp/aws\"]",
      "instances": [
        {
          "schema_version": 2,
          "attributes": {
            "ami": "ami-03acbba64aef9bf5c",
            "arn": "arn:aws:ec2:ap-southeast-1:810421502375:instance/i-0c7bf6b784cdd70d8",
            "associate_public_ip_address": true,
            "availability_zone": "ap-southeast-1a",
            "capacity_reservation_specification": [
              {
                "capacity_reservation_preference": "open",
                "capacity_reservation_target": []
              }
            ],
            "cpu_options": [
              {
                "amd_sev_snp": "",
                "core_count": 1,
                "nested_virtualization": "",
                "threads_per_core": 2
              }
            ],
            "credit_specification": [
              {
                "cpu_credits": "unlimited"
              }
            ],
            "disable_api_stop": false,
            "disable_api_termination": false,
            "ebs_block_device": [],
            "ebs_optimized": false,
            "enable_primary_ipv6": null,
            "enclave_options": [
              {
                "enabled": false
              }
            ],
            "ephemeral_block_device": [],
            "force_destroy": false,
            "get_password_data": false,
            "hibernation": false,
            "host_id": "",
            "host_resource_group_arn": null,
            "iam_instance_profile": "",
            "id": "i-0c7bf6b784cdd70d8",
            "instance_initiated_shutdown_behavior": "stop",
            "instance_lifecycle": "",
            "instance_market_options": [],
            "instance_state": "running",
            "instance_type": "t3.micro",
            "ipv6_address_count": 0,
            "ipv6_addresses": [],
            "key_name": "fake-service-app-ssh-key",
            "launch_template": [],
            "maintenance_options": [
              {
                "auto_recovery": "default"
              }
            ],
            "metadata_options": [
              {
                "http_endpoint": "enabled",
                "http_protocol_ipv6": "disabled",
                "http_put_response_hop_limit": 2,
                "http_tokens": "required",
                "instance_metadata_tags": "disabled"
              }
            ],
            "monitoring": false,
            "network_interface": [],
            "outpost_arn": "",
            "password_data": "",
            "placement_group": "",
            "placement_group_id": "",
            "placement_partition_number": 0,
            "primary_network_interface": [
              {
                "delete_on_termination": true,
                "network_interface_id": "eni-07b51b52670c60a76"
              }
            ],
            "primary_network_interface_id": "eni-07b51b52670c60a76",
            "private_dns": "ip-10-0-1-75.ap-southeast-1.compute.internal",
            "private_dns_name_options": [
              {
                "enable_resource_name_dns_a_record": false,
                "enable_resource_name_dns_aaaa_record": false,
                "hostname_type": "ip-name"
              }
            ],
            "private_ip": "10.0.1.75",
            "public_dns": "ec2-18-141-232-239.ap-southeast-1.compute.amazonaws.com",
            "public_ip": "18.141.232.239",
            "region": "ap-southeast-1",
            "root_block_device": [
              {
                "delete_on_termination": true,
                "device_name": "/dev/sda1",
                "encrypted": false,
                "iops": 3000,
                "kms_key_id": "",
                "tags": {},
                "tags_all": {},
                "throughput": 125,
                "volume_id": "vol-0528fe461eb75c73d",
                "volume_size": 8,
                "volume_type": "gp3"
              }
            ],
            "secondary_network_interface": [],
            "secondary_private_ips": [],
            "security_groups": [],
            "source_dest_check": true,
            "spot_instance_request_id": "",
            "subnet_id": "subnet-084827e908fdd0613",
            "tags": {
              "Name": "bastion"
            },
            "tags_all": {
              "Name": "bastion"
            },
            "tenancy": "default",
            "timeouts": null,
            "user_data": null,
            "user_data_base64": null,
            "user_data_replace_on_change": false,
            "volume_tags": null,
            "vpc_security_group_ids": [
              "sg-00f56174c3de34974"
            ]
          },
          "sensitive_attributes": [],
          "identity_schema_version": 0,
          "identity": {
            "account_id": "810421502375",
            "id": "i-0c7bf6b784cdd70d8",
            "region": "ap-southeast-1"
          },
          "private": "eyJlMmJmYjczMC1lY2FhLTExZTYtOGY4OC0zNDM2M2JjN2M0YzAiOnsiY3JlYXRlIjo2MDAwMDAwMDAwMDAsImRlbGV0ZSI6MTIwMDAwMDAwMDAwMCwicmVhZCI6OTAwMDAwMDAwMDAwLCJ1cGRhdGUiOjYwMDAwMDAwMDAwMH0sInNjaGVtYV92ZXJzaW9uIjoiMiJ9",
          "dependencies": [
            "aws_key_pair.fake_service_app",
            "aws_security_group.bastion",
            "aws_subnet.customer_public_a",
            "aws_vpc.customer-profile",
            "data.aws_ami.ubuntu",
            "local_file.private_key",
            "tls_private_key.fake_service_app"
          ]
        }
      ]
    },
    {
      "mode": "managed",
      "type": "aws_instance",
      "name": "customer_profile_app_a",
      "provider": "provider[\"registry.terraform.io/hashicorp/aws\"]",
      "instances": [
        {
          "schema_version": 2,
          "attributes": {
            "ami": "ami-03acbba64aef9bf5c",
            "arn": "arn:aws:ec2:ap-southeast-1:810421502375:instance/i-074a751936dbae03c",
            "associate_public_ip_address": false,
            "availability_zone": "ap-southeast-1a",
            "capacity_reservation_specification": [
              {
                "capacity_reservation_preference": "open",
                "capacity_reservation_target": []
              }
            ],
            "cpu_options": [
              {
                "amd_sev_snp": "",
                "core_count": 1,
                "nested_virtualization": "",
                "threads_per_core": 2
              }
            ],
            "credit_specification": [
              {
                "cpu_credits": "unlimited"
              }
            ],
            "disable_api_stop": false,
            "disable_api_termination": false,
            "ebs_block_device": [],
            "ebs_optimized": false,
            "enable_primary_ipv6": null,
            "enclave_options": [
              {
                "enabled": false
              }
            ],
            "ephemeral_block_device": [],
            "force_destroy": false,
            "get_password_data": false,
            "hibernation": false,
            "host_id": "",
            "host_resource_group_arn": null,
            "iam_instance_profile": "",
            "id": "i-074a751936dbae03c",
            "instance_initiated_shutdown_behavior": "stop",
            "instance_lifecycle": "",
            "instance_market_options": [],
            "instance_state": "running",
            "instance_type": "t3.micro",
            "ipv6_address_count": 0,
            "ipv6_addresses": [],
            "key_name": "fake-service-app-ssh-key",
            "launch_template": [],
            "maintenance_options": [
              {
                "auto_recovery": "default"
              }
            ],
            "metadata_options": [
              {
                "http_endpoint": "enabled",
                "http_protocol_ipv6": "disabled",
                "http_put_response_hop_limit": 2,
                "http_tokens": "required",
                "instance_metadata_tags": "disabled"
              }
            ],
            "monitoring": false,
            "network_interface": [],
            "outpost_arn": "",
            "password_data": "",
            "placement_group": "",
            "placement_group_id": "",
            "placement_partition_number": 0,
            "primary_network_interface": [
              {
                "delete_on_termination": true,
                "network_interface_id": "eni-04813aa5996d2936d"
              }
            ],
            "primary_network_interface_id": "eni-04813aa5996d2936d",
            "private_dns": "ip-10-0-2-74.ap-southeast-1.compute.internal",
            "private_dns_name_options": [
              {
                "enable_resource_name_dns_a_record": false,
                "enable_resource_name_dns_aaaa_record": false,
                "hostname_type": "ip-name"
              }
            ],
            "private_ip": "10.0.2.74",
            "public_dns": "",
            "public_ip": "",
            "region": "ap-southeast-1",
            "root_block_device": [
              {
                "delete_on_termination": true,
                "device_name": "/dev/sda1",
                "encrypted": false,
                "iops": 3000,
                "kms_key_id": "",
                "tags": {},
                "tags_all": {},
                "throughput": 125,
                "volume_id": "vol-0148d8125222ab096",
                "volume_size": 8,
                "volume_type": "gp3"
              }
            ],
            "secondary_network_interface": [],
            "secondary_private_ips": [],
            "security_groups": [],
            "source_dest_check": true,
            "spot_instance_request_id": "",
            "subnet_id": "subnet-0de2e7e0040340b33",
            "tags": {
              "Name": "customer-profile-app-a"
            },
            "tags_all": {
              "Name": "customer-profile-app-a"
            },
            "tenancy": "default",
            "timeouts": null,
            "user_data": "#!/bin/bash\nset -xe\n\nsudo apt-get update -y\nsudo apt-get install -y unzip curl\n\ncurl -L https://github.com/nicholasjackson/fake-service/releases/download/v0.26.2/fake_service_linux_amd64.zip -o /tmp/service.zip\nunzip -o /tmp/service.zip -d /tmp/\nsudo mv /tmp/fake-service /usr/local/bin/customer-profile-service\nsudo chmod 755 /usr/local/bin/customer-profile-service\n\ncat \u003e /etc/systemd/system/customer-profile-api.service \u003c\u003cEOF\n[Unit]\nDescription=Customer Profile API Service\nAfter=network.target\n\n[Service]\nType=simple\nUser=ubuntu\nEnvironment=\"LISTEN_ADDR=0.0.0.0:8080\"\nEnvironment=\"UPSTREAM_URIS=http://internal-account-alb-113639435.ap-southeast-1.elb.amazonaws.com\"\nEnvironment=\"MESSAGE=HelloCloud Bank | Retail-Banking | Customer-profile-service\"\nEnvironment=\"NAME=customer-profile\"\nExecStart=/usr/local/bin/customer-profile-service\nRestart=always\n\n[Install]\nWantedBy=multi-user.target\nEOF\n\nsudo systemctl daemon-reload\nsudo systemctl enable customer-profile-api.service\nsudo systemctl restart customer-profile-api.service",
            "user_data_base64": null,
            "user_data_replace_on_change": false,
            "volume_tags": null,
            "vpc_security_group_ids": [
              "sg-06aff976d8c0c7986"
            ]
          },
          "sensitive_attributes": [],
          "identity_schema_version": 0,
          "identity": {
            "account_id": "810421502375",
            "id": "i-074a751936dbae03c",
            "region": "ap-southeast-1"
          },
          "private": "eyJlMmJmYjczMC1lY2FhLTExZTYtOGY4OC0zNDM2M2JjN2M0YzAiOnsiY3JlYXRlIjo2MDAwMDAwMDAwMDAsImRlbGV0ZSI6MTIwMDAwMDAwMDAwMCwicmVhZCI6OTAwMDAwMDAwMDAwLCJ1cGRhdGUiOjYwMDAwMDAwMDAwMH0sInNjaGVtYV92ZXJzaW9uIjoiMiJ9",
          "dependencies": [
            "aws_instance.account_app_a",
            "aws_instance.account_app_b",
            "aws_instance.statement_app_a",
            "aws_instance.statement_app_b",
            "aws_key_pair.fake_service_app",
            "aws_lb.account",
            "aws_lb.statement",
            "aws_security_group.account_alb",
            "aws_security_group.account_ec2",
            "aws_security_group.bastion",
            "aws_security_group.customer_profile_alb",
            "aws_security_group.customer_profile_ec2",
            "aws_security_group.statement_alb",
            "aws_security_group.statement_ec2",
            "aws_subnet.account_private_a",
            "aws_subnet.account_private_b",
            "aws_subnet.customer_private_a",
            "aws_subnet.statement_private_a",
            "aws_subnet.statement_private_b",
            "aws_vpc.account",
            "aws_vpc.customer-profile",
            "aws_vpc.statement",
            "data.aws_ami.ubuntu",
            "tls_private_key.fake_service_app"
          ]
        }
      ]
    },
    {
      "mode": "managed",
      "type": "aws_instance",
      "name": "customer_profile_app_b",
      "provider": "provider[\"registry.terraform.io/hashicorp/aws\"]",
      "instances": [
        {
          "schema_version": 2,
          "attributes": {
            "ami": "ami-03acbba64aef9bf5c",
            "arn": "arn:aws:ec2:ap-southeast-1:810421502375:instance/i-0f1e3726a2c1aa070",
            "associate_public_ip_address": false,
            "availability_zone": "ap-southeast-1b",
            "capacity_reservation_specification": [
              {
                "capacity_reservation_preference": "open",
                "capacity_reservation_target": []
              }
            ],
            "cpu_options": [
              {
                "amd_sev_snp": "",
                "core_count": 1,
                "nested_virtualization": "",
                "threads_per_core": 2
              }
            ],
            "credit_specification": [
              {
                "cpu_credits": "unlimited"
              }
            ],
            "disable_api_stop": false,
            "disable_api_termination": false,
            "ebs_block_device": [],
            "ebs_optimized": false,
            "enable_primary_ipv6": null,
            "enclave_options": [
              {
                "enabled": false
              }
            ],
            "ephemeral_block_device": [],
            "force_destroy": false,
            "get_password_data": false,
            "hibernation": false,
            "host_id": "",
            "host_resource_group_arn": null,
            "iam_instance_profile": "",
            "id": "i-0f1e3726a2c1aa070",
            "instance_initiated_shutdown_behavior": "stop",
            "instance_lifecycle": "",
            "instance_market_options": [],
            "instance_state": "running",
            "instance_type": "t3.micro",
            "ipv6_address_count": 0,
            "ipv6_addresses": [],
            "key_name": "fake-service-app-ssh-key",
            "launch_template": [],
            "maintenance_options": [
              {
                "auto_recovery": "default"
              }
            ],
            "metadata_options": [
              {
                "http_endpoint": "enabled",
                "http_protocol_ipv6": "disabled",
                "http_put_response_hop_limit": 2,
                "http_tokens": "required",
                "instance_metadata_tags": "disabled"
              }
            ],
            "monitoring": false,
            "network_interface": [],
            "outpost_arn": "",
            "password_data": "",
            "placement_group": "",
            "placement_group_id": "",
            "placement_partition_number": 0,
            "primary_network_interface": [
              {
                "delete_on_termination": true,
                "network_interface_id": "eni-0e1a48120172c5ec2"
              }
            ],
            "primary_network_interface_id": "eni-0e1a48120172c5ec2",
            "private_dns": "ip-10-0-3-69.ap-southeast-1.compute.internal",
            "private_dns_name_options": [
              {
                "enable_resource_name_dns_a_record": false,
                "enable_resource_name_dns_aaaa_record": false,
                "hostname_type": "ip-name"
              }
            ],
            "private_ip": "10.0.3.69",
            "public_dns": "",
            "public_ip": "",
            "region": "ap-southeast-1",
            "root_block_device": [
              {
                "delete_on_termination": true,
                "device_name": "/dev/sda1",
                "encrypted": false,
                "iops": 3000,
                "kms_key_id": "",
                "tags": {},
                "tags_all": {},
                "throughput": 125,
                "volume_id": "vol-0ae7505d368591b9b",
                "volume_size": 8,
                "volume_type": "gp3"
              }
            ],
            "secondary_network_interface": [],
            "secondary_private_ips": [],
            "security_groups": [],
            "source_dest_check": true,
            "spot_instance_request_id": "",
            "subnet_id": "subnet-0d246e1cfbfb3f6e9",
            "tags": {
              "Name": "customer-profile-app-b"
            },
            "tags_all": {
              "Name": "customer-profile-app-b"
            },
            "tenancy": "default",
            "timeouts": null,
            "user_data": "#!/bin/bash\nset -xe\n\nsudo apt-get update -y\nsudo apt-get install -y unzip curl\n\ncurl -L https://github.com/nicholasjackson/fake-service/releases/download/v0.26.2/fake_service_linux_amd64.zip -o /tmp/service.zip\nunzip -o /tmp/service.zip -d /tmp/\nsudo mv /tmp/fake-service /usr/local/bin/customer-profile-service\nsudo chmod 755 /usr/local/bin/customer-profile-service\n\ncat \u003e /etc/systemd/system/customer-profile-api.service \u003c\u003cEOF\n[Unit]\nDescription=Customer Profile API Service\nAfter=network.target\n\n[Service]\nType=simple\nUser=ubuntu\nEnvironment=\"LISTEN_ADDR=0.0.0.0:8080\"\nEnvironment=\"UPSTREAM_URIS=http://internal-account-alb-113639435.ap-southeast-1.elb.amazonaws.com\"\nEnvironment=\"MESSAGE=HelloCloud Bank | Retail-Banking | Customer-profile-service\"\nEnvironment=\"NAME=customer-profile\"\nExecStart=/usr/local/bin/customer-profile-service\nRestart=always\n\n[Install]\nWantedBy=multi-user.target\nEOF\n\nsudo systemctl daemon-reload\nsudo systemctl enable customer-profile-api.service\nsudo systemctl restart customer-profile-api.service",
            "user_data_base64": null,
            "user_data_replace_on_change": false,
            "volume_tags": null,
            "vpc_security_group_ids": [
              "sg-06aff976d8c0c7986"
            ]
          },
          "sensitive_attributes": [],
          "identity_schema_version": 0,
          "identity": {
            "account_id": "810421502375",
            "id": "i-0f1e3726a2c1aa070",
            "region": "ap-southeast-1"
          },
          "private": "eyJlMmJmYjczMC1lY2FhLTExZTYtOGY4OC0zNDM2M2JjN2M0YzAiOnsiY3JlYXRlIjo2MDAwMDAwMDAwMDAsImRlbGV0ZSI6MTIwMDAwMDAwMDAwMCwicmVhZCI6OTAwMDAwMDAwMDAwLCJ1cGRhdGUiOjYwMDAwMDAwMDAwMH0sInNjaGVtYV92ZXJzaW9uIjoiMiJ9",
          "dependencies": [
            "aws_instance.account_app_a",
            "aws_instance.account_app_b",
            "aws_instance.statement_app_a",
            "aws_instance.statement_app_b",
            "aws_key_pair.fake_service_app",
            "aws_lb.account",
            "aws_lb.statement",
            "aws_security_group.account_alb",
            "aws_security_group.account_ec2",
            "aws_security_group.bastion",
            "aws_security_group.customer_profile_alb",
            "aws_security_group.customer_profile_ec2",
            "aws_security_group.statement_alb",
            "aws_security_group.statement_ec2",
            "aws_subnet.account_private_a",
            "aws_subnet.account_private_b",
            "aws_subnet.customer_private_b",
            "aws_subnet.statement_private_a",
            "aws_subnet.statement_private_b",
            "aws_vpc.account",
            "aws_vpc.customer-profile",
            "aws_vpc.statement",
            "data.aws_ami.ubuntu",
            "tls_private_key.fake_service_app"
          ]
        }
      ]
    },
    {
      "mode": "managed",
      "type": "aws_instance",
      "name": "statement_app_a",
      "provider": "provider[\"registry.terraform.io/hashicorp/aws\"]",
      "instances": [
        {
          "schema_version": 2,
          "attributes": {
            "ami": "ami-03acbba64aef9bf5c",
            "arn": "arn:aws:ec2:ap-southeast-1:810421502375:instance/i-08840be65393c99ba",
            "associate_public_ip_address": false,
            "availability_zone": "ap-southeast-1a",
            "capacity_reservation_specification": [
              {
                "capacity_reservation_preference": "open",
                "capacity_reservation_target": []
              }
            ],
            "cpu_options": [
              {
                "amd_sev_snp": "",
                "core_count": 1,
                "nested_virtualization": "",
                "threads_per_core": 2
              }
            ],
            "credit_specification": [
              {
                "cpu_credits": "unlimited"
              }
            ],
            "disable_api_stop": false,
            "disable_api_termination": false,
            "ebs_block_device": [],
            "ebs_optimized": false,
            "enable_primary_ipv6": null,
            "enclave_options": [
              {
                "enabled": false
              }
            ],
            "ephemeral_block_device": [],
            "force_destroy": false,
            "get_password_data": false,
            "hibernation": false,
            "host_id": "",
            "host_resource_group_arn": null,
            "iam_instance_profile": "",
            "id": "i-08840be65393c99ba",
            "instance_initiated_shutdown_behavior": "stop",
            "instance_lifecycle": "",
            "instance_market_options": [],
            "instance_state": "running",
            "instance_type": "t3.micro",
            "ipv6_address_count": 0,
            "ipv6_addresses": [],
            "key_name": "fake-service-app-ssh-key",
            "launch_template": [],
            "maintenance_options": [
              {
                "auto_recovery": "default"
              }
            ],
            "metadata_options": [
              {
                "http_endpoint": "enabled",
                "http_protocol_ipv6": "disabled",
                "http_put_response_hop_limit": 2,
                "http_tokens": "required",
                "instance_metadata_tags": "disabled"
              }
            ],
            "monitoring": false,
            "network_interface": [],
            "outpost_arn": "",
            "password_data": "",
            "placement_group": "",
            "placement_group_id": "",
            "placement_partition_number": 0,
            "primary_network_interface": [
              {
                "delete_on_termination": true,
                "network_interface_id": "eni-067b9f857e4e6047a"
              }
            ],
            "primary_network_interface_id": "eni-067b9f857e4e6047a",
            "private_dns": "ip-192-168-2-17.ap-southeast-1.compute.internal",
            "private_dns_name_options": [
              {
                "enable_resource_name_dns_a_record": false,
                "enable_resource_name_dns_aaaa_record": false,
                "hostname_type": "ip-name"
              }
            ],
            "private_ip": "192.168.2.17",
            "public_dns": "",
            "public_ip": "",
            "region": "ap-southeast-1",
            "root_block_device": [
              {
                "delete_on_termination": true,
                "device_name": "/dev/sda1",
                "encrypted": false,
                "iops": 3000,
                "kms_key_id": "",
                "tags": {},
                "tags_all": {},
                "throughput": 125,
                "volume_id": "vol-04b7ef8d4e186d886",
                "volume_size": 8,
                "volume_type": "gp3"
              }
            ],
            "secondary_network_interface": [],
            "secondary_private_ips": [],
            "security_groups": [],
            "source_dest_check": true,
            "spot_instance_request_id": "",
            "subnet_id": "subnet-0ce91f3fb6e6b5398",
            "tags": {
              "Name": "statement-app-a"
            },
            "tags_all": {
              "Name": "statement-app-a"
            },
            "tenancy": "default",
            "timeouts": null,
            "user_data": "#!/bin/bash\nset -xe\n\nsudo apt-get update -y\nsudo apt-get install -y unzip curl\n\ncurl -L https://github.com/nicholasjackson/fake-service/releases/download/v0.26.2/fake_service_linux_amd64.zip -o /tmp/service.zip\nunzip -o /tmp/service.zip -d /tmp/\nsudo mv /tmp/fake-service /usr/local/bin/statement-service\nsudo chmod 755 /usr/local/bin/statement-service\n\ncat \u003e /etc/systemd/system/statement-api.service \u003c\u003cEOF\n[Unit]\nDescription=Statement API Service\nAfter=network.target\n\n[Service]\nType=simple\nUser=ubuntu\nEnvironment=\"LISTEN_ADDR=0.0.0.0:8082\"\nEnvironment=\"MESSAGE=HelloCloud Bank | Retail-Banking | Statement-service\"\nEnvironment=\"NAME=statement\"\nExecStart=/usr/local/bin/statement-service\nRestart=always\n\n[Install]\nWantedBy=multi-user.target\nEOF\n\nsudo systemctl daemon-reload\nsudo systemctl enable statement-api.service\nsudo systemctl restart statement-api.service",
            "user_data_base64": null,
            "user_data_replace_on_change": false,
            "volume_tags": null,
            "vpc_security_group_ids": [
              "sg-0028aa27366e7f42a"
            ]
          },
          "sensitive_attributes": [],
          "identity_schema_version": 0,
          "identity": {
            "account_id": "810421502375",
            "id": "i-08840be65393c99ba",
            "region": "ap-southeast-1"
          },
          "private": "eyJlMmJmYjczMC1lY2FhLTExZTYtOGY4OC0zNDM2M2JjN2M0YzAiOnsiY3JlYXRlIjo2MDAwMDAwMDAwMDAsImRlbGV0ZSI6MTIwMDAwMDAwMDAwMCwicmVhZCI6OTAwMDAwMDAwMDAwLCJ1cGRhdGUiOjYwMDAwMDAwMDAwMH0sInNjaGVtYV92ZXJzaW9uIjoiMiJ9",
          "dependencies": [
            "aws_key_pair.fake_service_app",
            "aws_security_group.statement_alb",
            "aws_security_group.statement_ec2",
            "aws_subnet.statement_private_a",
            "aws_vpc.statement",
            "data.aws_ami.ubuntu",
            "tls_private_key.fake_service_app"
          ]
        }
      ]
    },
    {
      "mode": "managed",
      "type": "aws_instance",
      "name": "statement_app_b",
      "provider": "provider[\"registry.terraform.io/hashicorp/aws\"]",
      "instances": [
        {
          "schema_version": 2,
          "attributes": {
            "ami": "ami-03acbba64aef9bf5c",
            "arn": "arn:aws:ec2:ap-southeast-1:810421502375:instance/i-08052eb4d4ce7ccff",
            "associate_public_ip_address": false,
            "availability_zone": "ap-southeast-1b",
            "capacity_reservation_specification": [
              {
                "capacity_reservation_preference": "open",
                "capacity_reservation_target": []
              }
            ],
            "cpu_options": [
              {
                "amd_sev_snp": "",
                "core_count": 1,
                "nested_virtualization": "",
                "threads_per_core": 2
              }
            ],
            "credit_specification": [
              {
                "cpu_credits": "unlimited"
              }
            ],
            "disable_api_stop": false,
            "disable_api_termination": false,
            "ebs_block_device": [],
            "ebs_optimized": false,
            "enable_primary_ipv6": null,
            "enclave_options": [
              {
                "enabled": false
              }
            ],
            "ephemeral_block_device": [],
            "force_destroy": false,
            "get_password_data": false,
            "hibernation": false,
            "host_id": "",
            "host_resource_group_arn": null,
            "iam_instance_profile": "",
            "id": "i-08052eb4d4ce7ccff",
            "instance_initiated_shutdown_behavior": "stop",
            "instance_lifecycle": "",
            "instance_market_options": [],
            "instance_state": "running",
            "instance_type": "t3.micro",
            "ipv6_address_count": 0,
            "ipv6_addresses": [],
            "key_name": "fake-service-app-ssh-key",
            "launch_template": [],
            "maintenance_options": [
              {
                "auto_recovery": "default"
              }
            ],
            "metadata_options": [
              {
                "http_endpoint": "enabled",
                "http_protocol_ipv6": "disabled",
                "http_put_response_hop_limit": 2,
                "http_tokens": "required",
                "instance_metadata_tags": "disabled"
              }
            ],
            "monitoring": false,
            "network_interface": [],
            "outpost_arn": "",
            "password_data": "",
            "placement_group": "",
            "placement_group_id": "",
            "placement_partition_number": 0,
            "primary_network_interface": [
              {
                "delete_on_termination": true,
                "network_interface_id": "eni-0799669c496143e63"
              }
            ],
            "primary_network_interface_id": "eni-0799669c496143e63",
            "private_dns": "ip-192-168-3-144.ap-southeast-1.compute.internal",
            "private_dns_name_options": [
              {
                "enable_resource_name_dns_a_record": false,
                "enable_resource_name_dns_aaaa_record": false,
                "hostname_type": "ip-name"
              }
            ],
            "private_ip": "192.168.3.144",
            "public_dns": "",
            "public_ip": "",
            "region": "ap-southeast-1",
            "root_block_device": [
              {
                "delete_on_termination": true,
                "device_name": "/dev/sda1",
                "encrypted": false,
                "iops": 3000,
                "kms_key_id": "",
                "tags": {},
                "tags_all": {},
                "throughput": 125,
                "volume_id": "vol-0d3d9d7d00c158a62",
                "volume_size": 8,
                "volume_type": "gp3"
              }
            ],
            "secondary_network_interface": [],
            "secondary_private_ips": [],
            "security_groups": [],
            "source_dest_check": true,
            "spot_instance_request_id": "",
            "subnet_id": "subnet-0351eb68302a90505",
            "tags": {
              "Name": "statement-app-b"
            },
            "tags_all": {
              "Name": "statement-app-b"
            },
            "tenancy": "default",
            "timeouts": null,
            "user_data": "#!/bin/bash\nset -xe\n\nsudo apt-get update -y\nsudo apt-get install -y unzip curl\n\ncurl -L https://github.com/nicholasjackson/fake-service/releases/download/v0.26.2/fake_service_linux_amd64.zip -o /tmp/service.zip\nunzip -o /tmp/service.zip -d /tmp/\nsudo mv /tmp/fake-service /usr/local/bin/statement-service\nsudo chmod 755 /usr/local/bin/statement-service\n\ncat \u003e /etc/systemd/system/statement-api.service \u003c\u003cEOF\n[Unit]\nDescription=Statement API Service\nAfter=network.target\n\n[Service]\nType=simple\nUser=ubuntu\nEnvironment=\"LISTEN_ADDR=0.0.0.0:8082\"\nEnvironment=\"MESSAGE=HelloCloud Bank | Retail-Banking | Statement-service\"\nEnvironment=\"NAME=statement\"\nExecStart=/usr/local/bin/statement-service\nRestart=always\n\n[Install]\nWantedBy=multi-user.target\nEOF\n\nsudo systemctl daemon-reload\nsudo systemctl enable statement-api.service\nsudo systemctl restart statement-api.service",
            "user_data_base64": null,
            "user_data_replace_on_change": false,
            "volume_tags": null,
            "vpc_security_group_ids": [
              "sg-0028aa27366e7f42a"
            ]
          },
          "sensitive_attributes": [],
          "identity_schema_version": 0,
          "identity": {
            "account_id": "810421502375",
            "id": "i-08052eb4d4ce7ccff",
            "region": "ap-southeast-1"
          },
          "private": "eyJlMmJmYjczMC1lY2FhLTExZTYtOGY4OC0zNDM2M2JjN2M0YzAiOnsiY3JlYXRlIjo2MDAwMDAwMDAwMDAsImRlbGV0ZSI6MTIwMDAwMDAwMDAwMCwicmVhZCI6OTAwMDAwMDAwMDAwLCJ1cGRhdGUiOjYwMDAwMDAwMDAwMH0sInNjaGVtYV92ZXJzaW9uIjoiMiJ9",
          "dependencies": [
            "aws_key_pair.fake_service_app",
            "aws_security_group.statement_alb",
            "aws_security_group.statement_ec2",
            "aws_subnet.statement_private_b",
            "aws_vpc.statement",
            "data.aws_ami.ubuntu",
            "tls_private_key.fake_service_app"
          ]
        }
      ]
    },
    {
      "mode": "managed",
      "type": "aws_internet_gateway",
      "name": "account",
      "provider": "provider[\"registry.terraform.io/hashicorp/aws\"]",
      "instances": [
        {
          "schema_version": 0,
          "attributes": {
            "arn": "arn:aws:ec2:ap-southeast-1:810421502375:internet-gateway/igw-044e7e50740f67b10",
            "id": "igw-044e7e50740f67b10",
            "owner_id": "810421502375",
            "region": "ap-southeast-1",
            "tags": {
              "Name": "account-igw"
            },
            "tags_all": {
              "Name": "account-igw"
            },
            "timeouts": null,
            "vpc_id": "vpc-03f56d905406f2cf2"
          },
          "sensitive_attributes": [],
          "identity_schema_version": 0,
          "identity": {
            "account_id": "810421502375",
            "id": "igw-044e7e50740f67b10",
            "region": "ap-southeast-1"
          },
          "private": "eyJlMmJmYjczMC1lY2FhLTExZTYtOGY4OC0zNDM2M2JjN2M0YzAiOnsiY3JlYXRlIjoxMjAwMDAwMDAwMDAwLCJkZWxldGUiOjEyMDAwMDAwMDAwMDAsInVwZGF0ZSI6MTIwMDAwMDAwMDAwMH19",
          "dependencies": [
            "aws_vpc.account"
          ]
        }
      ]
    },
    {
      "mode": "managed",
      "type": "aws_internet_gateway",
      "name": "customer-profile",
      "provider": "provider[\"registry.terraform.io/hashicorp/aws\"]",
      "instances": [
        {
          "schema_version": 0,
          "attributes": {
            "arn": "arn:aws:ec2:ap-southeast-1:810421502375:internet-gateway/igw-0fb1cf5b8c692635a",
            "id": "igw-0fb1cf5b8c692635a",
            "owner_id": "810421502375",
            "region": "ap-southeast-1",
            "tags": {
              "Name": "customer-profile-igw"
            },
            "tags_all": {
              "Name": "customer-profile-igw"
            },
            "timeouts": null,
            "vpc_id": "vpc-09ebbc054eacbc01e"
          },
          "sensitive_attributes": [],
          "identity_schema_version": 0,
          "identity": {
            "account_id": "810421502375",
            "id": "igw-0fb1cf5b8c692635a",
            "region": "ap-southeast-1"
          },
          "private": "eyJlMmJmYjczMC1lY2FhLTExZTYtOGY4OC0zNDM2M2JjN2M0YzAiOnsiY3JlYXRlIjoxMjAwMDAwMDAwMDAwLCJkZWxldGUiOjEyMDAwMDAwMDAwMDAsInVwZGF0ZSI6MTIwMDAwMDAwMDAwMH19",
          "dependencies": [
            "aws_vpc.customer-profile"
          ]
        }
      ]
    },
    {
      "mode": "managed",
      "type": "aws_internet_gateway",
      "name": "statement",
      "provider": "provider[\"registry.terraform.io/hashicorp/aws\"]",
      "instances": [
        {
          "schema_version": 0,
          "attributes": {
            "arn": "arn:aws:ec2:ap-southeast-1:810421502375:internet-gateway/igw-0549d4feb9e144f7d",
            "id": "igw-0549d4feb9e144f7d",
            "owner_id": "810421502375",
            "region": "ap-southeast-1",
            "tags": {
              "Name": "statement-igw"
            },
            "tags_all": {
              "Name": "statement-igw"
            },
            "timeouts": null,
            "vpc_id": "vpc-05fe247eb4b2461d5"
          },
          "sensitive_attributes": [],
          "identity_schema_version": 0,
          "identity": {
            "account_id": "810421502375",
            "id": "igw-0549d4feb9e144f7d",
            "region": "ap-southeast-1"
          },
          "private": "eyJlMmJmYjczMC1lY2FhLTExZTYtOGY4OC0zNDM2M2JjN2M0YzAiOnsiY3JlYXRlIjoxMjAwMDAwMDAwMDAwLCJkZWxldGUiOjEyMDAwMDAwMDAwMDAsInVwZGF0ZSI6MTIwMDAwMDAwMDAwMH19",
          "dependencies": [
            "aws_vpc.statement"
          ]
        }
      ]
    },
    {
      "mode": "managed",
      "type": "aws_key_pair",
      "name": "fake_service_app",
      "provider": "provider[\"registry.terraform.io/hashicorp/aws\"]",
      "instances": [
        {
          "schema_version": 1,
          "attributes": {
            "arn": "arn:aws:ec2:ap-southeast-1:810421502375:key-pair/fake-service-app-ssh-key",
            "fingerprint": "1e:12:08:8f:e1:f9:24:7c:d4:1c:64:b4:aa:55:85:8e",
            "id": "fake-service-app-ssh-key",
            "key_name": "fake-service-app-ssh-key",
            "key_name_prefix": "",
            "key_pair_id": "key-0cf5bbc5901dbb0c5",
            "key_type": "rsa",
            "public_key": "ssh-rsa AAAAB3NzaC1yc2EAAAADAQABAAABAQDmWdsbCVWZ0KeaMG4pBhjoigbgAJ0a8OmjerbVki0eTTzE88h5ErNRt8Pgd6S45Q+DKvc10gcDrA/2BAnQQ8+FB7wvfrXYb89mBlu9v5KM8IAl/l5XfGoCegnZOPMYhzmdXpnxW2kEnGKiXVIgIP5oJYbDgz3jThMhNiNwOCkiWRPom26c3vqX7meG19+jk6/vYTgTUQAfOCTrT5LcLChX1DeN2nMdkKtt1TJAmWq14OiOTrCQpigOgd91pA9rFy4hJ/2JNlaItmsNv3tUeiYe1geRVjBqvv5zHVUZL7NCDKWb4AzkNbDLx9lUfOT+Q14nTBH+DST/VTNef8NDLi0N",
            "region": "ap-southeast-1",
            "tags": null,
            "tags_all": {}
          },
          "sensitive_attributes": [],
          "identity_schema_version": 0,
          "private": "eyJzY2hlbWFfdmVyc2lvbiI6IjEifQ==",
          "dependencies": [
            "tls_private_key.fake_service_app"
          ]
        }
      ]
    },
    {
      "mode": "managed",
      "type": "aws_lb",
      "name": "account",
      "provider": "provider[\"registry.terraform.io/hashicorp/aws\"]",
      "instances": [
        {
          "schema_version": 0,
          "attributes": {
            "access_logs": [
              {
                "bucket": "",
                "enabled": false,
                "prefix": ""
              }
            ],
            "arn": "arn:aws:elasticloadbalancing:ap-southeast-1:810421502375:loadbalancer/app/account-alb/0977ccdea9b9db54",
            "arn_suffix": "app/account-alb/0977ccdea9b9db54",
            "client_keep_alive": 3600,
            "connection_logs": [
              {
                "bucket": "",
                "enabled": false,
                "prefix": ""
              }
            ],
            "customer_owned_ipv4_pool": "",
            "desync_mitigation_mode": "defensive",
            "dns_name": "internal-account-alb-113639435.ap-southeast-1.elb.amazonaws.com",
            "dns_record_client_routing_policy": null,
            "drop_invalid_header_fields": false,
            "enable_cross_zone_load_balancing": true,
            "enable_deletion_protection": false,
            "enable_http2": true,
            "enable_prefix_for_ipv6_source_nat": "off",
            "enable_tls_version_and_cipher_suite_headers": false,
            "enable_waf_fail_open": false,
            "enable_xff_client_port": false,
            "enable_zonal_shift": false,
            "enforce_security_group_inbound_rules_on_private_link_traffic": "",
            "health_check_logs": [
              {
                "bucket": "",
                "enabled": false,
                "prefix": ""
              }
            ],
            "id": "arn:aws:elasticloadbalancing:ap-southeast-1:810421502375:loadbalancer/app/account-alb/0977ccdea9b9db54",
            "idle_timeout": 60,
            "internal": true,
            "ip_address_type": "ipv4",
            "ipam_pools": [],
            "load_balancer_type": "application",
            "minimum_load_balancer_capacity": [],
            "name": "account-alb",
            "name_prefix": "",
            "preserve_host_header": false,
            "region": "ap-southeast-1",
            "secondary_ips_auto_assigned_per_subnet": null,
            "security_groups": [
              "sg-085848aca9bebc7e7"
            ],
            "subnet_mapping": [
              {
                "allocation_id": "",
                "ipv6_address": "",
                "outpost_id": "",
                "private_ipv4_address": "",
                "subnet_id": "subnet-038315ea0f22ff62a"
              },
              {
                "allocation_id": "",
                "ipv6_address": "",
                "outpost_id": "",
                "private_ipv4_address": "",
                "subnet_id": "subnet-04709a3e15d72fc5b"
              }
            ],
            "subnets": [
              "subnet-038315ea0f22ff62a",
              "subnet-04709a3e15d72fc5b"
            ],
            "tags": {
              "Name": "account-alb"
            },
            "tags_all": {
              "Name": "account-alb"
            },
            "timeouts": null,
            "vpc_id": "vpc-03f56d905406f2cf2",
            "xff_header_processing_mode": "append",
            "zone_id": "Z1LMS91P8CMLE5"
          },
          "sensitive_attributes": [],
          "identity_schema_version": 0,
          "identity": {
            "arn": "arn:aws:elasticloadbalancing:ap-southeast-1:810421502375:loadbalancer/app/account-alb/0977ccdea9b9db54"
          },
          "private": "eyJlMmJmYjczMC1lY2FhLTExZTYtOGY4OC0zNDM2M2JjN2M0YzAiOnsiY3JlYXRlIjo2MDAwMDAwMDAwMDAsImRlbGV0ZSI6NjAwMDAwMDAwMDAwLCJ1cGRhdGUiOjYwMDAwMDAwMDAwMH19",
          "dependencies": [
            "aws_security_group.account_alb",
            "aws_subnet.account_private_a",
            "aws_subnet.account_private_b",
            "aws_vpc.account"
          ]
        }
      ]
    },
    {
      "mode": "managed",
      "type": "aws_lb",
      "name": "customer_profile",
      "provider": "provider[\"registry.terraform.io/hashicorp/aws\"]",
      "instances": [
        {
          "schema_version": 0,
          "attributes": {
            "access_logs": [
              {
                "bucket": "",
                "enabled": false,
                "prefix": ""
              }
            ],
            "arn": "arn:aws:elasticloadbalancing:ap-southeast-1:810421502375:loadbalancer/app/customer-profile-alb/9b5c0874fa022c40",
            "arn_suffix": "app/customer-profile-alb/9b5c0874fa022c40",
            "client_keep_alive": 3600,
            "connection_logs": [
              {
                "bucket": "",
                "enabled": false,
                "prefix": ""
              }
            ],
            "customer_owned_ipv4_pool": "",
            "desync_mitigation_mode": "defensive",
            "dns_name": "customer-profile-alb-557220633.ap-southeast-1.elb.amazonaws.com",
            "dns_record_client_routing_policy": null,
            "drop_invalid_header_fields": false,
            "enable_cross_zone_load_balancing": true,
            "enable_deletion_protection": false,
            "enable_http2": true,
            "enable_prefix_for_ipv6_source_nat": "off",
            "enable_tls_version_and_cipher_suite_headers": false,
            "enable_waf_fail_open": false,
            "enable_xff_client_port": false,
            "enable_zonal_shift": false,
            "enforce_security_group_inbound_rules_on_private_link_traffic": "",
            "health_check_logs": [
              {
                "bucket": "",
                "enabled": false,
                "prefix": ""
              }
            ],
            "id": "arn:aws:elasticloadbalancing:ap-southeast-1:810421502375:loadbalancer/app/customer-profile-alb/9b5c0874fa022c40",
            "idle_timeout": 60,
            "internal": false,
            "ip_address_type": "ipv4",
            "ipam_pools": [],
            "load_balancer_type": "application",
            "minimum_load_balancer_capacity": [],
            "name": "customer-profile-alb",
            "name_prefix": "",
            "preserve_host_header": false,
            "region": "ap-southeast-1",
            "secondary_ips_auto_assigned_per_subnet": null,
            "security_groups": [
              "sg-04433fb7e8588ce7c"
            ],
            "subnet_mapping": [
              {
                "allocation_id": "",
                "ipv6_address": "",
                "outpost_id": "",
                "private_ipv4_address": "",
                "subnet_id": "subnet-0722d19094c48c3ab"
              },
              {
                "allocation_id": "",
                "ipv6_address": "",
                "outpost_id": "",
                "private_ipv4_address": "",
                "subnet_id": "subnet-084827e908fdd0613"
              }
            ],
            "subnets": [
              "subnet-0722d19094c48c3ab",
              "subnet-084827e908fdd0613"
            ],
            "tags": {
              "Name": "customer-profile-alb"
            },
            "tags_all": {
              "Name": "customer-profile-alb"
            },
            "timeouts": null,
            "vpc_id": "vpc-09ebbc054eacbc01e",
            "xff_header_processing_mode": "append",
            "zone_id": "Z1LMS91P8CMLE5"
          },
          "sensitive_attributes": [],
          "identity_schema_version": 0,
          "identity": {
            "arn": "arn:aws:elasticloadbalancing:ap-southeast-1:810421502375:loadbalancer/app/customer-profile-alb/9b5c0874fa022c40"
          },
          "private": "eyJlMmJmYjczMC1lY2FhLTExZTYtOGY4OC0zNDM2M2JjN2M0YzAiOnsiY3JlYXRlIjo2MDAwMDAwMDAwMDAsImRlbGV0ZSI6NjAwMDAwMDAwMDAwLCJ1cGRhdGUiOjYwMDAwMDAwMDAwMH19",
          "dependencies": [
            "aws_security_group.customer_profile_alb",
            "aws_subnet.customer_public_a",
            "aws_subnet.customer_public_b",
            "aws_vpc.customer-profile"
          ]
        }
      ]
    },
    {
      "mode": "managed",
      "type": "aws_lb",
      "name": "statement",
      "provider": "provider[\"registry.terraform.io/hashicorp/aws\"]",
      "instances": [
        {
          "schema_version": 0,
          "attributes": {
            "access_logs": [
              {
                "bucket": "",
                "enabled": false,
                "prefix": ""
              }
            ],
            "arn": "arn:aws:elasticloadbalancing:ap-southeast-1:810421502375:loadbalancer/app/statement-alb/d1662d1b8884c8e3",
            "arn_suffix": "app/statement-alb/d1662d1b8884c8e3",
            "client_keep_alive": 3600,
            "connection_logs": [
              {
                "bucket": "",
                "enabled": false,
                "prefix": ""
              }
            ],
            "customer_owned_ipv4_pool": "",
            "desync_mitigation_mode": "defensive",
            "dns_name": "internal-statement-alb-749211940.ap-southeast-1.elb.amazonaws.com",
            "dns_record_client_routing_policy": null,
            "drop_invalid_header_fields": false,
            "enable_cross_zone_load_balancing": true,
            "enable_deletion_protection": false,
            "enable_http2": true,
            "enable_prefix_for_ipv6_source_nat": "off",
            "enable_tls_version_and_cipher_suite_headers": false,
            "enable_waf_fail_open": false,
            "enable_xff_client_port": false,
            "enable_zonal_shift": false,
            "enforce_security_group_inbound_rules_on_private_link_traffic": "",
            "health_check_logs": [
              {
                "bucket": "",
                "enabled": false,
                "prefix": ""
              }
            ],
            "id": "arn:aws:elasticloadbalancing:ap-southeast-1:810421502375:loadbalancer/app/statement-alb/d1662d1b8884c8e3",
            "idle_timeout": 60,
            "internal": true,
            "ip_address_type": "ipv4",
            "ipam_pools": [],
            "load_balancer_type": "application",
            "minimum_load_balancer_capacity": [],
            "name": "statement-alb",
            "name_prefix": "",
            "preserve_host_header": false,
            "region": "ap-southeast-1",
            "secondary_ips_auto_assigned_per_subnet": null,
            "security_groups": [
              "sg-0d6a2e590db3835c7"
            ],
            "subnet_mapping": [
              {
                "allocation_id": "",
                "ipv6_address": "",
                "outpost_id": "",
                "private_ipv4_address": "",
                "subnet_id": "subnet-0351eb68302a90505"
              },
              {
                "allocation_id": "",
                "ipv6_address": "",
                "outpost_id": "",
                "private_ipv4_address": "",
                "subnet_id": "subnet-0ce91f3fb6e6b5398"
              }
            ],
            "subnets": [
              "subnet-0351eb68302a90505",
              "subnet-0ce91f3fb6e6b5398"
            ],
            "tags": {
              "Name": "statement-alb"
            },
            "tags_all": {
              "Name": "statement-alb"
            },
            "timeouts": null,
            "vpc_id": "vpc-05fe247eb4b2461d5",
            "xff_header_processing_mode": "append",
            "zone_id": "Z1LMS91P8CMLE5"
          },
          "sensitive_attributes": [],
          "identity_schema_version": 0,
          "identity": {
            "arn": "arn:aws:elasticloadbalancing:ap-southeast-1:810421502375:loadbalancer/app/statement-alb/d1662d1b8884c8e3"
          },
          "private": "eyJlMmJmYjczMC1lY2FhLTExZTYtOGY4OC0zNDM2M2JjN2M0YzAiOnsiY3JlYXRlIjo2MDAwMDAwMDAwMDAsImRlbGV0ZSI6NjAwMDAwMDAwMDAwLCJ1cGRhdGUiOjYwMDAwMDAwMDAwMH19",
          "dependencies": [
            "aws_security_group.statement_alb",
            "aws_subnet.statement_private_a",
            "aws_subnet.statement_private_b",
            "aws_vpc.statement"
          ]
        }
      ]
    },
    {
      "mode": "managed",
      "type": "aws_lb_listener",
      "name": "account",
      "provider": "provider[\"registry.terraform.io/hashicorp/aws\"]",
      "instances": [
        {
          "schema_version": 0,
          "attributes": {
            "alpn_policy": null,
            "arn": "arn:aws:elasticloadbalancing:ap-southeast-1:810421502375:listener/app/account-alb/0977ccdea9b9db54/4b13d4c44c0de3d1",
            "certificate_arn": null,
            "default_action": [
              {
                "authenticate_cognito": [],
                "authenticate_oidc": [],
                "fixed_response": [],
                "forward": [],
                "jwt_validation": [],
                "order": 1,
                "redirect": [],
                "target_group_arn": "arn:aws:elasticloadbalancing:ap-southeast-1:810421502375:targetgroup/account-tg/f57e3dba9b5edeea",
                "type": "forward"
              }
            ],
            "id": "arn:aws:elasticloadbalancing:ap-southeast-1:810421502375:listener/app/account-alb/0977ccdea9b9db54/4b13d4c44c0de3d1",
            "load_balancer_arn": "arn:aws:elasticloadbalancing:ap-southeast-1:810421502375:loadbalancer/app/account-alb/0977ccdea9b9db54",
            "mutual_authentication": [],
            "port": 80,
            "protocol": "HTTP",
            "region": "ap-southeast-1",
            "routing_http_request_x_amzn_mtls_clientcert_header_name": null,
            "routing_http_request_x_amzn_mtls_clientcert_issuer_header_name": null,
            "routing_http_request_x_amzn_mtls_clientcert_leaf_header_name": null,
            "routing_http_request_x_amzn_mtls_clientcert_serial_number_header_name": null,
            "routing_http_request_x_amzn_mtls_clientcert_subject_header_name": null,
            "routing_http_request_x_amzn_mtls_clientcert_validity_header_name": null,
            "routing_http_request_x_amzn_tls_cipher_suite_header_name": null,
            "routing_http_request_x_amzn_tls_version_header_name": null,
            "routing_http_response_access_control_allow_credentials_header_value": "",
            "routing_http_response_access_control_allow_headers_header_value": "",
            "routing_http_response_access_control_allow_methods_header_value": "",
            "routing_http_response_access_control_allow_origin_header_value": "",
            "routing_http_response_access_control_expose_headers_header_value": "",
            "routing_http_response_access_control_max_age_header_value": "",
            "routing_http_response_content_security_policy_header_value": "",
            "routing_http_response_server_enabled": true,
            "routing_http_response_strict_transport_security_header_value": "",
            "routing_http_response_x_content_type_options_header_value": "",
            "routing_http_response_x_frame_options_header_value": "",
            "ssl_policy": "",
            "tags": null,
            "tags_all": {},
            "tcp_idle_timeout_seconds": null,
            "timeouts": null
          },
          "sensitive_attributes": [],
          "identity_schema_version": 0,
          "identity": {
            "arn": "arn:aws:elasticloadbalancing:ap-southeast-1:810421502375:listener/app/account-alb/0977ccdea9b9db54/4b13d4c44c0de3d1"
          },
          "private": "eyJlMmJmYjczMC1lY2FhLTExZTYtOGY4OC0zNDM2M2JjN2M0YzAiOnsiY3JlYXRlIjozMDAwMDAwMDAwMDAsInVwZGF0ZSI6MzAwMDAwMDAwMDAwfX0=",
          "dependencies": [
            "aws_lb.account",
            "aws_lb_target_group.account",
            "aws_security_group.account_alb",
            "aws_subnet.account_private_a",
            "aws_subnet.account_private_b",
            "aws_vpc.account"
          ]
        }
      ]
    },
    {
      "mode": "managed",
      "type": "aws_lb_listener",
      "name": "customer_profile",
      "provider": "provider[\"registry.terraform.io/hashicorp/aws\"]",
      "instances": [
        {
          "schema_version": 0,
          "attributes": {
            "alpn_policy": null,
            "arn": "arn:aws:elasticloadbalancing:ap-southeast-1:810421502375:listener/app/customer-profile-alb/9b5c0874fa022c40/28cd66a385e5b102",
            "certificate_arn": null,
            "default_action": [
              {
                "authenticate_cognito": [],
                "authenticate_oidc": [],
                "fixed_response": [],
                "forward": [],
                "jwt_validation": [],
                "order": 1,
                "redirect": [],
                "target_group_arn": "arn:aws:elasticloadbalancing:ap-southeast-1:810421502375:targetgroup/customer-profile-tg/cead048a3c37182d",
                "type": "forward"
              }
            ],
            "id": "arn:aws:elasticloadbalancing:ap-southeast-1:810421502375:listener/app/customer-profile-alb/9b5c0874fa022c40/28cd66a385e5b102",
            "load_balancer_arn": "arn:aws:elasticloadbalancing:ap-southeast-1:810421502375:loadbalancer/app/customer-profile-alb/9b5c0874fa022c40",
            "mutual_authentication": [],
            "port": 80,
            "protocol": "HTTP",
            "region": "ap-southeast-1",
            "routing_http_request_x_amzn_mtls_clientcert_header_name": null,
            "routing_http_request_x_amzn_mtls_clientcert_issuer_header_name": null,
            "routing_http_request_x_amzn_mtls_clientcert_leaf_header_name": null,
            "routing_http_request_x_amzn_mtls_clientcert_serial_number_header_name": null,
            "routing_http_request_x_amzn_mtls_clientcert_subject_header_name": null,
            "routing_http_request_x_amzn_mtls_clientcert_validity_header_name": null,
            "routing_http_request_x_amzn_tls_cipher_suite_header_name": null,
            "routing_http_request_x_amzn_tls_version_header_name": null,
            "routing_http_response_access_control_allow_credentials_header_value": "",
            "routing_http_response_access_control_allow_headers_header_value": "",
            "routing_http_response_access_control_allow_methods_header_value": "",
            "routing_http_response_access_control_allow_origin_header_value": "",
            "routing_http_response_access_control_expose_headers_header_value": "",
            "routing_http_response_access_control_max_age_header_value": "",
            "routing_http_response_content_security_policy_header_value": "",
            "routing_http_response_server_enabled": true,
            "routing_http_response_strict_transport_security_header_value": "",
            "routing_http_response_x_content_type_options_header_value": "",
            "routing_http_response_x_frame_options_header_value": "",
            "ssl_policy": "",
            "tags": null,
            "tags_all": {},
            "tcp_idle_timeout_seconds": null,
            "timeouts": null
          },
          "sensitive_attributes": [],
          "identity_schema_version": 0,
          "identity": {
            "arn": "arn:aws:elasticloadbalancing:ap-southeast-1:810421502375:listener/app/customer-profile-alb/9b5c0874fa022c40/28cd66a385e5b102"
          },
          "private": "eyJlMmJmYjczMC1lY2FhLTExZTYtOGY4OC0zNDM2M2JjN2M0YzAiOnsiY3JlYXRlIjozMDAwMDAwMDAwMDAsInVwZGF0ZSI6MzAwMDAwMDAwMDAwfX0=",
          "dependencies": [
            "aws_lb.customer_profile",
            "aws_lb_target_group.customer_profile",
            "aws_security_group.customer_profile_alb",
            "aws_subnet.customer_public_a",
            "aws_subnet.customer_public_b",
            "aws_vpc.customer-profile"
          ]
        }
      ]
    },
    {
      "mode": "managed",
      "type": "aws_lb_listener",
      "name": "statement",
      "provider": "provider[\"registry.terraform.io/hashicorp/aws\"]",
      "instances": [
        {
          "schema_version": 0,
          "attributes": {
            "alpn_policy": null,
            "arn": "arn:aws:elasticloadbalancing:ap-southeast-1:810421502375:listener/app/statement-alb/d1662d1b8884c8e3/11330367a72fa0bd",
            "certificate_arn": null,
            "default_action": [
              {
                "authenticate_cognito": [],
                "authenticate_oidc": [],
                "fixed_response": [],
                "forward": [],
                "jwt_validation": [],
                "order": 1,
                "redirect": [],
                "target_group_arn": "arn:aws:elasticloadbalancing:ap-southeast-1:810421502375:targetgroup/statement-tg/752be262f2f3815a",
                "type": "forward"
              }
            ],
            "id": "arn:aws:elasticloadbalancing:ap-southeast-1:810421502375:listener/app/statement-alb/d1662d1b8884c8e3/11330367a72fa0bd",
            "load_balancer_arn": "arn:aws:elasticloadbalancing:ap-southeast-1:810421502375:loadbalancer/app/statement-alb/d1662d1b8884c8e3",
            "mutual_authentication": [],
            "port": 80,
            "protocol": "HTTP",
            "region": "ap-southeast-1",
            "routing_http_request_x_amzn_mtls_clientcert_header_name": null,
            "routing_http_request_x_amzn_mtls_clientcert_issuer_header_name": null,
            "routing_http_request_x_amzn_mtls_clientcert_leaf_header_name": null,
            "routing_http_request_x_amzn_mtls_clientcert_serial_number_header_name": null,
            "routing_http_request_x_amzn_mtls_clientcert_subject_header_name": null,
            "routing_http_request_x_amzn_mtls_clientcert_validity_header_name": null,
            "routing_http_request_x_amzn_tls_cipher_suite_header_name": null,
            "routing_http_request_x_amzn_tls_version_header_name": null,
            "routing_http_response_access_control_allow_credentials_header_value": "",
            "routing_http_response_access_control_allow_headers_header_value": "",
            "routing_http_response_access_control_allow_methods_header_value": "",
            "routing_http_response_access_control_allow_origin_header_value": "",
            "routing_http_response_access_control_expose_headers_header_value": "",
            "routing_http_response_access_control_max_age_header_value": "",
            "routing_http_response_content_security_policy_header_value": "",
            "routing_http_response_server_enabled": true,
            "routing_http_response_strict_transport_security_header_value": "",
            "routing_http_response_x_content_type_options_header_value": "",
            "routing_http_response_x_frame_options_header_value": "",
            "ssl_policy": "",
            "tags": null,
            "tags_all": {},
            "tcp_idle_timeout_seconds": null,
            "timeouts": null
          },
          "sensitive_attributes": [],
          "identity_schema_version": 0,
          "identity": {
            "arn": "arn:aws:elasticloadbalancing:ap-southeast-1:810421502375:listener/app/statement-alb/d1662d1b8884c8e3/11330367a72fa0bd"
          },
          "private": "eyJlMmJmYjczMC1lY2FhLTExZTYtOGY4OC0zNDM2M2JjN2M0YzAiOnsiY3JlYXRlIjozMDAwMDAwMDAwMDAsInVwZGF0ZSI6MzAwMDAwMDAwMDAwfX0=",
          "dependencies": [
            "aws_lb.statement",
            "aws_lb_target_group.statement",
            "aws_security_group.statement_alb",
            "aws_subnet.statement_private_a",
            "aws_subnet.statement_private_b",
            "aws_vpc.statement"
          ]
        }
      ]
    },
    {
      "mode": "managed",
      "type": "aws_lb_target_group",
      "name": "account",
      "provider": "provider[\"registry.terraform.io/hashicorp/aws\"]",
      "instances": [
        {
          "schema_version": 0,
          "attributes": {
            "arn": "arn:aws:elasticloadbalancing:ap-southeast-1:810421502375:targetgroup/account-tg/f57e3dba9b5edeea",
            "arn_suffix": "targetgroup/account-tg/f57e3dba9b5edeea",
            "connection_termination": null,
            "deregistration_delay": "300",
            "health_check": [
              {
                "enabled": true,
                "healthy_threshold": 2,
                "interval": 30,
                "matcher": "200",
                "path": "/health",
                "port": "traffic-port",
                "protocol": "HTTP",
                "timeout": 5,
                "unhealthy_threshold": 2
              }
            ],
            "id": "arn:aws:elasticloadbalancing:ap-southeast-1:810421502375:targetgroup/account-tg/f57e3dba9b5edeea",
            "ip_address_type": "ipv4",
            "lambda_multi_value_headers_enabled": false,
            "load_balancer_arns": [],
            "load_balancing_algorithm_type": "round_robin",
            "load_balancing_anomaly_mitigation": "off",
            "load_balancing_cross_zone_enabled": "use_load_balancer_configuration",
            "name": "account-tg",
            "name_prefix": "",
            "port": 8081,
            "preserve_client_ip": null,
            "protocol": "HTTP",
            "protocol_version": "HTTP1",
            "proxy_protocol_v2": false,
            "region": "ap-southeast-1",
            "slow_start": 0,
            "stickiness": [
              {
                "cookie_duration": 86400,
                "cookie_name": "",
                "enabled": false,
                "type": "lb_cookie"
              }
            ],
            "tags": {
              "Name": "account-target-group"
            },
            "tags_all": {
              "Name": "account-target-group"
            },
            "target_control_port": 0,
            "target_failover": [
              {
                "on_deregistration": null,
                "on_unhealthy": null
              }
            ],
            "target_group_health": [
              {
                "dns_failover": [
                  {
                    "minimum_healthy_targets_count": "1",
                    "minimum_healthy_targets_percentage": "off"
                  }
                ],
                "unhealthy_state_routing": [
                  {
                    "minimum_healthy_targets_count": 1,
                    "minimum_healthy_targets_percentage": "off"
                  }
                ]
              }
            ],
            "target_health_state": [
              {
                "enable_unhealthy_connection_termination": null,
                "unhealthy_draining_interval": null
              }
            ],
            "target_type": "instance",
            "vpc_id": "vpc-03f56d905406f2cf2"
          },
          "sensitive_attributes": [],
          "identity_schema_version": 0,
          "identity": {
            "arn": "arn:aws:elasticloadbalancing:ap-southeast-1:810421502375:targetgroup/account-tg/f57e3dba9b5edeea"
          },
          "private": "bnVsbA==",
          "dependencies": [
            "aws_vpc.account"
          ]
        }
      ]
    },
    {
      "mode": "managed",
      "type": "aws_lb_target_group",
      "name": "customer_profile",
      "provider": "provider[\"registry.terraform.io/hashicorp/aws\"]",
      "instances": [
        {
          "schema_version": 0,
          "attributes": {
            "arn": "arn:aws:elasticloadbalancing:ap-southeast-1:810421502375:targetgroup/customer-profile-tg/cead048a3c37182d",
            "arn_suffix": "targetgroup/customer-profile-tg/cead048a3c37182d",
            "connection_termination": null,
            "deregistration_delay": "300",
            "health_check": [
              {
                "enabled": true,
                "healthy_threshold": 2,
                "interval": 30,
                "matcher": "200",
                "path": "/health",
                "port": "traffic-port",
                "protocol": "HTTP",
                "timeout": 5,
                "unhealthy_threshold": 2
              }
            ],
            "id": "arn:aws:elasticloadbalancing:ap-southeast-1:810421502375:targetgroup/customer-profile-tg/cead048a3c37182d",
            "ip_address_type": "ipv4",
            "lambda_multi_value_headers_enabled": false,
            "load_balancer_arns": [],
            "load_balancing_algorithm_type": "round_robin",
            "load_balancing_anomaly_mitigation": "off",
            "load_balancing_cross_zone_enabled": "use_load_balancer_configuration",
            "name": "customer-profile-tg",
            "name_prefix": "",
            "port": 8080,
            "preserve_client_ip": null,
            "protocol": "HTTP",
            "protocol_version": "HTTP1",
            "proxy_protocol_v2": false,
            "region": "ap-southeast-1",
            "slow_start": 0,
            "stickiness": [
              {
                "cookie_duration": 86400,
                "cookie_name": "",
                "enabled": false,
                "type": "lb_cookie"
              }
            ],
            "tags": {
              "Name": "customer-profile-target-group"
            },
            "tags_all": {
              "Name": "customer-profile-target-group"
            },
            "target_control_port": 0,
            "target_failover": [
              {
                "on_deregistration": null,
                "on_unhealthy": null
              }
            ],
            "target_group_health": [
              {
                "dns_failover": [
                  {
                    "minimum_healthy_targets_count": "1",
                    "minimum_healthy_targets_percentage": "off"
                  }
                ],
                "unhealthy_state_routing": [
                  {
                    "minimum_healthy_targets_count": 1,
                    "minimum_healthy_targets_percentage": "off"
                  }
                ]
              }
            ],
            "target_health_state": [
              {
                "enable_unhealthy_connection_termination": null,
                "unhealthy_draining_interval": null
              }
            ],
            "target_type": "instance",
            "vpc_id": "vpc-09ebbc054eacbc01e"
          },
          "sensitive_attributes": [],
          "identity_schema_version": 0,
          "identity": {
            "arn": "arn:aws:elasticloadbalancing:ap-southeast-1:810421502375:targetgroup/customer-profile-tg/cead048a3c37182d"
          },
          "private": "bnVsbA==",
          "dependencies": [
            "aws_vpc.customer-profile"
          ]
        }
      ]
    },
    {
      "mode": "managed",
      "type": "aws_lb_target_group",
      "name": "statement",
      "provider": "provider[\"registry.terraform.io/hashicorp/aws\"]",
      "instances": [
        {
          "schema_version": 0,
          "attributes": {
            "arn": "arn:aws:elasticloadbalancing:ap-southeast-1:810421502375:targetgroup/statement-tg/752be262f2f3815a",
            "arn_suffix": "targetgroup/statement-tg/752be262f2f3815a",
            "connection_termination": null,
            "deregistration_delay": "300",
            "health_check": [
              {
                "enabled": true,
                "healthy_threshold": 2,
                "interval": 30,
                "matcher": "200",
                "path": "/health",
                "port": "traffic-port",
                "protocol": "HTTP",
                "timeout": 5,
                "unhealthy_threshold": 2
              }
            ],
            "id": "arn:aws:elasticloadbalancing:ap-southeast-1:810421502375:targetgroup/statement-tg/752be262f2f3815a",
            "ip_address_type": "ipv4",
            "lambda_multi_value_headers_enabled": false,
            "load_balancer_arns": [],
            "load_balancing_algorithm_type": "round_robin",
            "load_balancing_anomaly_mitigation": "off",
            "load_balancing_cross_zone_enabled": "use_load_balancer_configuration",
            "name": "statement-tg",
            "name_prefix": "",
            "port": 8082,
            "preserve_client_ip": null,
            "protocol": "HTTP",
            "protocol_version": "HTTP1",
            "proxy_protocol_v2": false,
            "region": "ap-southeast-1",
            "slow_start": 0,
            "stickiness": [
              {
                "cookie_duration": 86400,
                "cookie_name": "",
                "enabled": false,
                "type": "lb_cookie"
              }
            ],
            "tags": {
              "Name": "statement-target-group"
            },
            "tags_all": {
              "Name": "statement-target-group"
            },
            "target_control_port": 0,
            "target_failover": [
              {
                "on_deregistration": null,
                "on_unhealthy": null
              }
            ],
            "target_group_health": [
              {
                "dns_failover": [
                  {
                    "minimum_healthy_targets_count": "1",
                    "minimum_healthy_targets_percentage": "off"
                  }
                ],
                "unhealthy_state_routing": [
                  {
                    "minimum_healthy_targets_count": 1,
                    "minimum_healthy_targets_percentage": "off"
                  }
                ]
              }
            ],
            "target_health_state": [
              {
                "enable_unhealthy_connection_termination": null,
                "unhealthy_draining_interval": null
              }
            ],
            "target_type": "instance",
            "vpc_id": "vpc-05fe247eb4b2461d5"
          },
          "sensitive_attributes": [],
          "identity_schema_version": 0,
          "identity": {
            "arn": "arn:aws:elasticloadbalancing:ap-southeast-1:810421502375:targetgroup/statement-tg/752be262f2f3815a"
          },
          "private": "bnVsbA==",
          "dependencies": [
            "aws_vpc.statement"
          ]
        }
      ]
    },
    {
      "mode": "managed",
      "type": "aws_lb_target_group_attachment",
      "name": "account_a",
      "provider": "provider[\"registry.terraform.io/hashicorp/aws\"]",
      "instances": [
        {
          "schema_version": 0,
          "attributes": {
            "availability_zone": null,
            "id": "arn:aws:elasticloadbalancing:ap-southeast-1:810421502375:targetgroup/account-tg/f57e3dba9b5edeea,i-03c6d06d042a90126,8081",
            "port": 8081,
            "quic_server_id": null,
            "region": "ap-southeast-1",
            "target_group_arn": "arn:aws:elasticloadbalancing:ap-southeast-1:810421502375:targetgroup/account-tg/f57e3dba9b5edeea",
            "target_id": "i-03c6d06d042a90126"
          },
          "sensitive_attributes": [],
          "identity_schema_version": 0,
          "identity": {
            "account_id": "810421502375",
            "availability_zone": null,
            "port": 8081,
            "quic_server_id": null,
            "region": "ap-southeast-1",
            "target_group_arn": "arn:aws:elasticloadbalancing:ap-southeast-1:810421502375:targetgroup/account-tg/f57e3dba9b5edeea",
            "target_id": "i-03c6d06d042a90126"
          },
          "private": "bnVsbA==",
          "dependencies": [
            "aws_instance.account_app_a",
            "aws_instance.statement_app_a",
            "aws_instance.statement_app_b",
            "aws_key_pair.fake_service_app",
            "aws_lb.statement",
            "aws_lb_target_group.account",
            "aws_security_group.account_alb",
            "aws_security_group.account_ec2",
            "aws_security_group.statement_alb",
            "aws_security_group.statement_ec2",
            "aws_subnet.account_private_a",
            "aws_subnet.statement_private_a",
            "aws_subnet.statement_private_b",
            "aws_vpc.account",
            "aws_vpc.statement",
            "data.aws_ami.ubuntu",
            "tls_private_key.fake_service_app"
          ]
        }
      ]
    },
    {
      "mode": "managed",
      "type": "aws_lb_target_group_attachment",
      "name": "account_b",
      "provider": "provider[\"registry.terraform.io/hashicorp/aws\"]",
      "instances": [
        {
          "schema_version": 0,
          "attributes": {
            "availability_zone": null,
            "id": "arn:aws:elasticloadbalancing:ap-southeast-1:810421502375:targetgroup/account-tg/f57e3dba9b5edeea,i-05486cb75d3ce12e2,8081",
            "port": 8081,
            "quic_server_id": null,
            "region": "ap-southeast-1",
            "target_group_arn": "arn:aws:elasticloadbalancing:ap-southeast-1:810421502375:targetgroup/account-tg/f57e3dba9b5edeea",
            "target_id": "i-05486cb75d3ce12e2"
          },
          "sensitive_attributes": [],
          "identity_schema_version": 0,
          "identity": {
            "account_id": "810421502375",
            "availability_zone": null,
            "port": 8081,
            "quic_server_id": null,
            "region": "ap-southeast-1",
            "target_group_arn": "arn:aws:elasticloadbalancing:ap-southeast-1:810421502375:targetgroup/account-tg/f57e3dba9b5edeea",
            "target_id": "i-05486cb75d3ce12e2"
          },
          "private": "bnVsbA==",
          "dependencies": [
            "aws_instance.account_app_b",
            "aws_instance.statement_app_a",
            "aws_instance.statement_app_b",
            "aws_key_pair.fake_service_app",
            "aws_lb.statement",
            "aws_lb_target_group.account",
            "aws_security_group.account_alb",
            "aws_security_group.account_ec2",
            "aws_security_group.statement_alb",
            "aws_security_group.statement_ec2",
            "aws_subnet.account_private_b",
            "aws_subnet.statement_private_a",
            "aws_subnet.statement_private_b",
            "aws_vpc.account",
            "aws_vpc.statement",
            "data.aws_ami.ubuntu",
            "tls_private_key.fake_service_app"
          ]
        }
      ]
    },
    {
      "mode": "managed",
      "type": "aws_lb_target_group_attachment",
      "name": "customer_profile_a",
      "provider": "provider[\"registry.terraform.io/hashicorp/aws\"]",
      "instances": [
        {
          "schema_version": 0,
          "attributes": {
            "availability_zone": null,
            "id": "arn:aws:elasticloadbalancing:ap-southeast-1:810421502375:targetgroup/customer-profile-tg/cead048a3c37182d,i-074a751936dbae03c,8080",
            "port": 8080,
            "quic_server_id": null,
            "region": "ap-southeast-1",
            "target_group_arn": "arn:aws:elasticloadbalancing:ap-southeast-1:810421502375:targetgroup/customer-profile-tg/cead048a3c37182d",
            "target_id": "i-074a751936dbae03c"
          },
          "sensitive_attributes": [],
          "identity_schema_version": 0,
          "identity": {
            "account_id": "810421502375",
            "availability_zone": null,
            "port": 8080,
            "quic_server_id": null,
            "region": "ap-southeast-1",
            "target_group_arn": "arn:aws:elasticloadbalancing:ap-southeast-1:810421502375:targetgroup/customer-profile-tg/cead048a3c37182d",
            "target_id": "i-074a751936dbae03c"
          },
          "private": "bnVsbA==",
          "dependencies": [
            "aws_instance.account_app_a",
            "aws_instance.account_app_b",
            "aws_instance.customer_profile_app_a",
            "aws_instance.statement_app_a",
            "aws_instance.statement_app_b",
            "aws_key_pair.fake_service_app",
            "aws_lb.account",
            "aws_lb.statement",
            "aws_lb_target_group.customer_profile",
            "aws_security_group.account_alb",
            "aws_security_group.account_ec2",
            "aws_security_group.bastion",
            "aws_security_group.customer_profile_alb",
            "aws_security_group.customer_profile_ec2",
            "aws_security_group.statement_alb",
            "aws_security_group.statement_ec2",
            "aws_subnet.account_private_a",
            "aws_subnet.account_private_b",
            "aws_subnet.customer_private_a",
            "aws_subnet.statement_private_a",
            "aws_subnet.statement_private_b",
            "aws_vpc.account",
            "aws_vpc.customer-profile",
            "aws_vpc.statement",
            "data.aws_ami.ubuntu",
            "tls_private_key.fake_service_app"
          ]
        }
      ]
    },
    {
      "mode": "managed",
      "type": "aws_lb_target_group_attachment",
      "name": "customer_profile_b",
      "provider": "provider[\"registry.terraform.io/hashicorp/aws\"]",
      "instances": [
        {
          "schema_version": 0,
          "attributes": {
            "availability_zone": null,
            "id": "arn:aws:elasticloadbalancing:ap-southeast-1:810421502375:targetgroup/customer-profile-tg/cead048a3c37182d,i-0f1e3726a2c1aa070,8080",
            "port": 8080,
            "quic_server_id": null,
            "region": "ap-southeast-1",
            "target_group_arn": "arn:aws:elasticloadbalancing:ap-southeast-1:810421502375:targetgroup/customer-profile-tg/cead048a3c37182d",
            "target_id": "i-0f1e3726a2c1aa070"
          },
          "sensitive_attributes": [],
          "identity_schema_version": 0,
          "identity": {
            "account_id": "810421502375",
            "availability_zone": null,
            "port": 8080,
            "quic_server_id": null,
            "region": "ap-southeast-1",
            "target_group_arn": "arn:aws:elasticloadbalancing:ap-southeast-1:810421502375:targetgroup/customer-profile-tg/cead048a3c37182d",
            "target_id": "i-0f1e3726a2c1aa070"
          },
          "private": "bnVsbA==",
          "dependencies": [
            "aws_instance.account_app_a",
            "aws_instance.account_app_b",
            "aws_instance.customer_profile_app_b",
            "aws_instance.statement_app_a",
            "aws_instance.statement_app_b",
            "aws_key_pair.fake_service_app",
            "aws_lb.account",
            "aws_lb.statement",
            "aws_lb_target_group.customer_profile",
            "aws_security_group.account_alb",
            "aws_security_group.account_ec2",
            "aws_security_group.bastion",
            "aws_security_group.customer_profile_alb",
            "aws_security_group.customer_profile_ec2",
            "aws_security_group.statement_alb",
            "aws_security_group.statement_ec2",
            "aws_subnet.account_private_a",
            "aws_subnet.account_private_b",
            "aws_subnet.customer_private_b",
            "aws_subnet.statement_private_a",
            "aws_subnet.statement_private_b",
            "aws_vpc.account",
            "aws_vpc.customer-profile",
            "aws_vpc.statement",
            "data.aws_ami.ubuntu",
            "tls_private_key.fake_service_app"
          ]
        }
      ]
    },
    {
      "mode": "managed",
      "type": "aws_lb_target_group_attachment",
      "name": "statement_a",
      "provider": "provider[\"registry.terraform.io/hashicorp/aws\"]",
      "instances": [
        {
          "schema_version": 0,
          "attributes": {
            "availability_zone": null,
            "id": "arn:aws:elasticloadbalancing:ap-southeast-1:810421502375:targetgroup/statement-tg/752be262f2f3815a,i-08840be65393c99ba,8082",
            "port": 8082,
            "quic_server_id": null,
            "region": "ap-southeast-1",
            "target_group_arn": "arn:aws:elasticloadbalancing:ap-southeast-1:810421502375:targetgroup/statement-tg/752be262f2f3815a",
            "target_id": "i-08840be65393c99ba"
          },
          "sensitive_attributes": [],
          "identity_schema_version": 0,
          "identity": {
            "account_id": "810421502375",
            "availability_zone": null,
            "port": 8082,
            "quic_server_id": null,
            "region": "ap-southeast-1",
            "target_group_arn": "arn:aws:elasticloadbalancing:ap-southeast-1:810421502375:targetgroup/statement-tg/752be262f2f3815a",
            "target_id": "i-08840be65393c99ba"
          },
          "private": "bnVsbA==",
          "dependencies": [
            "aws_instance.statement_app_a",
            "aws_key_pair.fake_service_app",
            "aws_lb_target_group.statement",
            "aws_security_group.statement_alb",
            "aws_security_group.statement_ec2",
            "aws_subnet.statement_private_a",
            "aws_vpc.statement",
            "data.aws_ami.ubuntu",
            "tls_private_key.fake_service_app"
          ]
        }
      ]
    },
    {
      "mode": "managed",
      "type": "aws_lb_target_group_attachment",
      "name": "statement_b",
      "provider": "provider[\"registry.terraform.io/hashicorp/aws\"]",
      "instances": [
        {
          "schema_version": 0,
          "attributes": {
            "availability_zone": null,
            "id": "arn:aws:elasticloadbalancing:ap-southeast-1:810421502375:targetgroup/statement-tg/752be262f2f3815a,i-08052eb4d4ce7ccff,8082",
            "port": 8082,
            "quic_server_id": null,
            "region": "ap-southeast-1",
            "target_group_arn": "arn:aws:elasticloadbalancing:ap-southeast-1:810421502375:targetgroup/statement-tg/752be262f2f3815a",
            "target_id": "i-08052eb4d4ce7ccff"
          },
          "sensitive_attributes": [],
          "identity_schema_version": 0,
          "identity": {
            "account_id": "810421502375",
            "availability_zone": null,
            "port": 8082,
            "quic_server_id": null,
            "region": "ap-southeast-1",
            "target_group_arn": "arn:aws:elasticloadbalancing:ap-southeast-1:810421502375:targetgroup/statement-tg/752be262f2f3815a",
            "target_id": "i-08052eb4d4ce7ccff"
          },
          "private": "bnVsbA==",
          "dependencies": [
            "aws_instance.statement_app_b",
            "aws_key_pair.fake_service_app",
            "aws_lb_target_group.statement",
            "aws_security_group.statement_alb",
            "aws_security_group.statement_ec2",
            "aws_subnet.statement_private_b",
            "aws_vpc.statement",
            "data.aws_ami.ubuntu",
            "tls_private_key.fake_service_app"
          ]
        }
      ]
    },
    {
      "mode": "managed",
      "type": "aws_nat_gateway",
      "name": "account",
      "provider": "provider[\"registry.terraform.io/hashicorp/aws\"]",
      "instances": [
        {
          "schema_version": 0,
          "attributes": {
            "allocation_id": "eipalloc-0ab9e66a2186eaca9",
            "association_id": "eipassoc-0a9e62aedad2ffe5c",
            "auto_provision_zones": null,
            "auto_scaling_ips": null,
            "availability_mode": "zonal",
            "availability_zone_address": [],
            "connectivity_type": "public",
            "id": "nat-0d1352e2a6869d2d9",
            "network_interface_id": "eni-0712e79ec26fd050c",
            "private_ip": "172.16.1.145",
            "public_ip": "54.255.159.34",
            "region": "ap-southeast-1",
            "regional_nat_gateway_address": [],
            "regional_nat_gateway_auto_mode": null,
            "route_table_id": null,
            "secondary_allocation_ids": [],
            "secondary_private_ip_address_count": 0,
            "secondary_private_ip_addresses": [],
            "subnet_id": "subnet-06ff1cc27940316be",
            "tags": null,
            "tags_all": {},
            "timeouts": null,
            "vpc_id": "vpc-03f56d905406f2cf2"
          },
          "sensitive_attributes": [],
          "identity_schema_version": 0,
          "identity": {
            "account_id": "810421502375",
            "id": "nat-0d1352e2a6869d2d9",
            "region": "ap-southeast-1"
          },
          "private": "eyJlMmJmYjczMC1lY2FhLTExZTYtOGY4OC0zNDM2M2JjN2M0YzAiOnsiY3JlYXRlIjo2MDAwMDAwMDAwMDAsImRlbGV0ZSI6MTgwMDAwMDAwMDAwMCwidXBkYXRlIjo2MDAwMDAwMDAwMDB9fQ==",
          "dependencies": [
            "aws_eip.account_nat",
            "aws_internet_gateway.account",
            "aws_subnet.account_public_a",
            "aws_vpc.account"
          ]
        }
      ]
    },
    {
      "mode": "managed",
      "type": "aws_nat_gateway",
      "name": "customer",
      "provider": "provider[\"registry.terraform.io/hashicorp/aws\"]",
      "instances": [
        {
          "schema_version": 0,
          "attributes": {
            "allocation_id": "eipalloc-0ae40643eeec03f87",
            "association_id": "eipassoc-04cdeba623e453c59",
            "auto_provision_zones": null,
            "auto_scaling_ips": null,
            "availability_mode": "zonal",
            "availability_zone_address": [],
            "connectivity_type": "public",
            "id": "nat-0c1c9cc1942d8bae8",
            "network_interface_id": "eni-0f4f8f719bb9f59e8",
            "private_ip": "10.0.1.104",
            "public_ip": "18.142.195.232",
            "region": "ap-southeast-1",
            "regional_nat_gateway_address": [],
            "regional_nat_gateway_auto_mode": null,
            "route_table_id": null,
            "secondary_allocation_ids": [],
            "secondary_private_ip_address_count": 0,
            "secondary_private_ip_addresses": [],
            "subnet_id": "subnet-084827e908fdd0613",
            "tags": null,
            "tags_all": {},
            "timeouts": null,
            "vpc_id": "vpc-09ebbc054eacbc01e"
          },
          "sensitive_attributes": [],
          "identity_schema_version": 0,
          "identity": {
            "account_id": "810421502375",
            "id": "nat-0c1c9cc1942d8bae8",
            "region": "ap-southeast-1"
          },
          "private": "eyJlMmJmYjczMC1lY2FhLTExZTYtOGY4OC0zNDM2M2JjN2M0YzAiOnsiY3JlYXRlIjo2MDAwMDAwMDAwMDAsImRlbGV0ZSI6MTgwMDAwMDAwMDAwMCwidXBkYXRlIjo2MDAwMDAwMDAwMDB9fQ==",
          "dependencies": [
            "aws_eip.customer_nat",
            "aws_internet_gateway.customer-profile",
            "aws_subnet.customer_public_a",
            "aws_vpc.customer-profile"
          ]
        }
      ]
    },
    {
      "mode": "managed",
      "type": "aws_nat_gateway",
      "name": "statement",
      "provider": "provider[\"registry.terraform.io/hashicorp/aws\"]",
      "instances": [
        {
          "schema_version": 0,
          "attributes": {
            "allocation_id": "eipalloc-0e2880382db58d522",
            "association_id": "eipassoc-008afc0c7e045ecda",
            "auto_provision_zones": null,
            "auto_scaling_ips": null,
            "availability_mode": "zonal",
            "availability_zone_address": [],
            "connectivity_type": "public",
            "id": "nat-0f3cfc2d007259e4d",
            "network_interface_id": "eni-0b0efae0508e1d8e8",
            "private_ip": "192.168.1.31",
            "public_ip": "122.248.214.134",
            "region": "ap-southeast-1",
            "regional_nat_gateway_address": [],
            "regional_nat_gateway_auto_mode": null,
            "route_table_id": null,
            "secondary_allocation_ids": [],
            "secondary_private_ip_address_count": 0,
            "secondary_private_ip_addresses": [],
            "subnet_id": "subnet-0daac4059d06faeeb",
            "tags": null,
            "tags_all": {},
            "timeouts": null,
            "vpc_id": "vpc-05fe247eb4b2461d5"
          },
          "sensitive_attributes": [],
          "identity_schema_version": 0,
          "identity": {
            "account_id": "810421502375",
            "id": "nat-0f3cfc2d007259e4d",
            "region": "ap-southeast-1"
          },
          "private": "eyJlMmJmYjczMC1lY2FhLTExZTYtOGY4OC0zNDM2M2JjN2M0YzAiOnsiY3JlYXRlIjo2MDAwMDAwMDAwMDAsImRlbGV0ZSI6MTgwMDAwMDAwMDAwMCwidXBkYXRlIjo2MDAwMDAwMDAwMDB9fQ==",
          "dependencies": [
            "aws_eip.statement_nat",
            "aws_internet_gateway.statement",
            "aws_subnet.statement_public_a",
            "aws_vpc.statement"
          ]
        }
      ]
    },
    {
      "mode": "managed",
      "type": "aws_route53_record",
      "name": "customer_profile",
      "provider": "provider[\"registry.terraform.io/hashicorp/aws\"]",
      "instances": [
        {
          "schema_version": 2,
          "attributes": {
            "alias": [
              {
                "evaluate_target_health": true,
                "name": "customer-profile-alb-557220633.ap-southeast-1.elb.amazonaws.com",
                "zone_id": "Z1LMS91P8CMLE5"
              }
            ],
            "allow_overwrite": null,
            "cidr_routing_policy": [],
            "failover_routing_policy": [],
            "fqdn": "hellocloudteam4app.click",
            "geolocation_routing_policy": [],
            "geoproximity_routing_policy": [],
            "health_check_id": "",
            "id": "Z0311951O4HNUBVDUINW_hellocloudteam4app.click_A",
            "latency_routing_policy": [],
            "multivalue_answer_routing_policy": false,
            "name": "hellocloudteam4app.click",
            "records": null,
            "set_identifier": "",
            "timeouts": null,
            "ttl": 0,
            "type": "A",
            "weighted_routing_policy": [],
            "zone_id": "Z0311951O4HNUBVDUINW"
          },
          "sensitive_attributes": [],
          "identity_schema_version": 0,
          "identity": {
            "account_id": "810421502375",
            "name": "hellocloudteam4app.click",
            "set_identifier": null,
            "type": "A",
            "zone_id": "Z0311951O4HNUBVDUINW"
          },
          "private": "eyJlMmJmYjczMC1lY2FhLTExZTYtOGY4OC0zNDM2M2JjN2M0YzAiOnsiY3JlYXRlIjoxODAwMDAwMDAwMDAwLCJkZWxldGUiOjE4MDAwMDAwMDAwMDAsInVwZGF0ZSI6MTgwMDAwMDAwMDAwMH0sInNjaGVtYV92ZXJzaW9uIjoiMiJ9",
          "dependencies": [
            "aws_lb.customer_profile",
            "aws_security_group.customer_profile_alb",
            "aws_subnet.customer_public_a",
            "aws_subnet.customer_public_b",
            "aws_vpc.customer-profile",
            "data.aws_route53_zone.main"
          ]
        }
      ]
    },
    {
      "mode": "managed",
      "type": "aws_route53_record",
      "name": "fake_service",
      "provider": "provider[\"registry.terraform.io/hashicorp/aws\"]",
      "instances": [
        {
          "schema_version": 2,
          "attributes": {
            "alias": [
              {
                "evaluate_target_health": true,
                "name": "customer-profile-alb-557220633.ap-southeast-1.elb.amazonaws.com",
                "zone_id": "Z1LMS91P8CMLE5"
              }
            ],
            "allow_overwrite": null,
            "cidr_routing_policy": [],
            "failover_routing_policy": [],
            "fqdn": "fake-service.hellocloudteam4app.click",
            "geolocation_routing_policy": [],
            "geoproximity_routing_policy": [],
            "health_check_id": "",
            "id": "Z0311951O4HNUBVDUINW_fake-service.hellocloudteam4app.click_A",
            "latency_routing_policy": [],
            "multivalue_answer_routing_policy": false,
            "name": "fake-service.hellocloudteam4app.click",
            "records": null,
            "set_identifier": "",
            "timeouts": null,
            "ttl": 0,
            "type": "A",
            "weighted_routing_policy": [],
            "zone_id": "Z0311951O4HNUBVDUINW"
          },
          "sensitive_attributes": [],
          "identity_schema_version": 0,
          "identity": {
            "account_id": "810421502375",
            "name": "fake-service.hellocloudteam4app.click",
            "set_identifier": null,
            "type": "A",
            "zone_id": "Z0311951O4HNUBVDUINW"
          },
          "private": "eyJlMmJmYjczMC1lY2FhLTExZTYtOGY4OC0zNDM2M2JjN2M0YzAiOnsiY3JlYXRlIjoxODAwMDAwMDAwMDAwLCJkZWxldGUiOjE4MDAwMDAwMDAwMDAsInVwZGF0ZSI6MTgwMDAwMDAwMDAwMH0sInNjaGVtYV92ZXJzaW9uIjoiMiJ9",
          "dependencies": [
            "aws_lb.customer_profile",
            "aws_security_group.customer_profile_alb",
            "aws_subnet.customer_public_a",
            "aws_subnet.customer_public_b",
            "aws_vpc.customer-profile",
            "data.aws_route53_zone.main"
          ]
        }
      ]
    },
    {
      "mode": "managed",
      "type": "aws_route_table",
      "name": "account_private",
      "provider": "provider[\"registry.terraform.io/hashicorp/aws\"]",
      "instances": [
        {
          "schema_version": 0,
          "attributes": {
            "arn": "arn:aws:ec2:ap-southeast-1:810421502375:route-table/rtb-0abaff82e3bcc9a19",
            "id": "rtb-0abaff82e3bcc9a19",
            "owner_id": "810421502375",
            "propagating_vgws": [],
            "region": "ap-southeast-1",
            "route": [
              {
                "carrier_gateway_id": "",
                "cidr_block": "0.0.0.0/0",
                "core_network_arn": "",
                "destination_prefix_list_id": "",
                "egress_only_gateway_id": "",
                "gateway_id": "",
                "ipv6_cidr_block": "",
                "local_gateway_id": "",
                "nat_gateway_id": "nat-0d1352e2a6869d2d9",
                "network_interface_id": "",
                "odb_network_arn": "",
                "transit_gateway_id": "",
                "vpc_endpoint_id": "",
                "vpc_peering_connection_id": ""
              },
              {
                "carrier_gateway_id": "",
                "cidr_block": "10.0.0.0/16",
                "core_network_arn": "",
                "destination_prefix_list_id": "",
                "egress_only_gateway_id": "",
                "gateway_id": "",
                "ipv6_cidr_block": "",
                "local_gateway_id": "",
                "nat_gateway_id": "",
                "network_interface_id": "",
                "odb_network_arn": "",
                "transit_gateway_id": "",
                "vpc_endpoint_id": "",
                "vpc_peering_connection_id": "pcx-057680cf767d17fb8"
              },
              {
                "carrier_gateway_id": "",
                "cidr_block": "192.168.0.0/16",
                "core_network_arn": "",
                "destination_prefix_list_id": "",
                "egress_only_gateway_id": "",
                "gateway_id": "",
                "ipv6_cidr_block": "",
                "local_gateway_id": "",
                "nat_gateway_id": "",
                "network_interface_id": "",
                "odb_network_arn": "",
                "transit_gateway_id": "",
                "vpc_endpoint_id": "",
                "vpc_peering_connection_id": "pcx-0b57312689c470f9b"
              }
            ],
            "tags": {
              "Name": "account-private-rt"
            },
            "tags_all": {
              "Name": "account-private-rt"
            },
            "timeouts": null,
            "vpc_id": "vpc-03f56d905406f2cf2"
          },
          "sensitive_attributes": [],
          "identity_schema_version": 0,
          "identity": {
            "account_id": "810421502375",
            "id": "rtb-0abaff82e3bcc9a19",
            "region": "ap-southeast-1"
          },
          "private": "eyJlMmJmYjczMC1lY2FhLTExZTYtOGY4OC0zNDM2M2JjN2M0YzAiOnsiY3JlYXRlIjozMDAwMDAwMDAwMDAsImRlbGV0ZSI6MzAwMDAwMDAwMDAwLCJ1cGRhdGUiOjEyMDAwMDAwMDAwMH19",
          "dependencies": [
            "aws_eip.account_nat",
            "aws_internet_gateway.account",
            "aws_nat_gateway.account",
            "aws_subnet.account_public_a",
            "aws_vpc.account",
            "aws_vpc.customer-profile",
            "aws_vpc.statement",
            "aws_vpc_peering_connection.account_statement",
            "aws_vpc_peering_connection.customer_account"
          ]
        }
      ]
    },
    {
      "mode": "managed",
      "type": "aws_route_table",
      "name": "account_public",
      "provider": "provider[\"registry.terraform.io/hashicorp/aws\"]",
      "instances": [
        {
          "schema_version": 0,
          "attributes": {
            "arn": "arn:aws:ec2:ap-southeast-1:810421502375:route-table/rtb-078b43933a6174962",
            "id": "rtb-078b43933a6174962",
            "owner_id": "810421502375",
            "propagating_vgws": [],
            "region": "ap-southeast-1",
            "route": [
              {
                "carrier_gateway_id": "",
                "cidr_block": "0.0.0.0/0",
                "core_network_arn": "",
                "destination_prefix_list_id": "",
                "egress_only_gateway_id": "",
                "gateway_id": "igw-044e7e50740f67b10",
                "ipv6_cidr_block": "",
                "local_gateway_id": "",
                "nat_gateway_id": "",
                "network_interface_id": "",
                "odb_network_arn": "",
                "transit_gateway_id": "",
                "vpc_endpoint_id": "",
                "vpc_peering_connection_id": ""
              },
              {
                "carrier_gateway_id": "",
                "cidr_block": "10.0.0.0/16",
                "core_network_arn": "",
                "destination_prefix_list_id": "",
                "egress_only_gateway_id": "",
                "gateway_id": "",
                "ipv6_cidr_block": "",
                "local_gateway_id": "",
                "nat_gateway_id": "",
                "network_interface_id": "",
                "odb_network_arn": "",
                "transit_gateway_id": "",
                "vpc_endpoint_id": "",
                "vpc_peering_connection_id": "pcx-057680cf767d17fb8"
              }
            ],
            "tags": {
              "Name": "account-public-rt"
            },
            "tags_all": {
              "Name": "account-public-rt"
            },
            "timeouts": null,
            "vpc_id": "vpc-03f56d905406f2cf2"
          },
          "sensitive_attributes": [],
          "identity_schema_version": 0,
          "identity": {
            "account_id": "810421502375",
            "id": "rtb-078b43933a6174962",
            "region": "ap-southeast-1"
          },
          "private": "eyJlMmJmYjczMC1lY2FhLTExZTYtOGY4OC0zNDM2M2JjN2M0YzAiOnsiY3JlYXRlIjozMDAwMDAwMDAwMDAsImRlbGV0ZSI6MzAwMDAwMDAwMDAwLCJ1cGRhdGUiOjEyMDAwMDAwMDAwMH19",
          "dependencies": [
            "aws_internet_gateway.account",
            "aws_vpc.account",
            "aws_vpc.customer-profile",
            "aws_vpc_peering_connection.customer_account"
          ]
        }
      ]
    },
    {
      "mode": "managed",
      "type": "aws_route_table",
      "name": "customer_private",
      "provider": "provider[\"registry.terraform.io/hashicorp/aws\"]",
      "instances": [
        {
          "schema_version": 0,
          "attributes": {
            "arn": "arn:aws:ec2:ap-southeast-1:810421502375:route-table/rtb-038cd82070d246d4c",
            "id": "rtb-038cd82070d246d4c",
            "owner_id": "810421502375",
            "propagating_vgws": [],
            "region": "ap-southeast-1",
            "route": [
              {
                "carrier_gateway_id": "",
                "cidr_block": "0.0.0.0/0",
                "core_network_arn": "",
                "destination_prefix_list_id": "",
                "egress_only_gateway_id": "",
                "gateway_id": "",
                "ipv6_cidr_block": "",
                "local_gateway_id": "",
                "nat_gateway_id": "nat-0c1c9cc1942d8bae8",
                "network_interface_id": "",
                "odb_network_arn": "",
                "transit_gateway_id": "",
                "vpc_endpoint_id": "",
                "vpc_peering_connection_id": ""
              },
              {
                "carrier_gateway_id": "",
                "cidr_block": "172.16.0.0/16",
                "core_network_arn": "",
                "destination_prefix_list_id": "",
                "egress_only_gateway_id": "",
                "gateway_id": "",
                "ipv6_cidr_block": "",
                "local_gateway_id": "",
                "nat_gateway_id": "",
                "network_interface_id": "",
                "odb_network_arn": "",
                "transit_gateway_id": "",
                "vpc_endpoint_id": "",
                "vpc_peering_connection_id": "pcx-057680cf767d17fb8"
              }
            ],
            "tags": {
              "Name": "customer-profile-private-rt"
            },
            "tags_all": {
              "Name": "customer-profile-private-rt"
            },
            "timeouts": null,
            "vpc_id": "vpc-09ebbc054eacbc01e"
          },
          "sensitive_attributes": [],
          "identity_schema_version": 0,
          "identity": {
            "account_id": "810421502375",
            "id": "rtb-038cd82070d246d4c",
            "region": "ap-southeast-1"
          },
          "private": "eyJlMmJmYjczMC1lY2FhLTExZTYtOGY4OC0zNDM2M2JjN2M0YzAiOnsiY3JlYXRlIjozMDAwMDAwMDAwMDAsImRlbGV0ZSI6MzAwMDAwMDAwMDAwLCJ1cGRhdGUiOjEyMDAwMDAwMDAwMH19",
          "dependencies": [
            "aws_eip.customer_nat",
            "aws_internet_gateway.customer-profile",
            "aws_nat_gateway.customer",
            "aws_subnet.customer_public_a",
            "aws_vpc.account",
            "aws_vpc.customer-profile",
            "aws_vpc_peering_connection.customer_account"
          ]
        }
      ]
    },
    {
      "mode": "managed",
      "type": "aws_route_table",
      "name": "customer_public",
      "provider": "provider[\"registry.terraform.io/hashicorp/aws\"]",
      "instances": [
        {
          "schema_version": 0,
          "attributes": {
            "arn": "arn:aws:ec2:ap-southeast-1:810421502375:route-table/rtb-090117f63497a00b6",
            "id": "rtb-090117f63497a00b6",
            "owner_id": "810421502375",
            "propagating_vgws": [],
            "region": "ap-southeast-1",
            "route": [
              {
                "carrier_gateway_id": "",
                "cidr_block": "0.0.0.0/0",
                "core_network_arn": "",
                "destination_prefix_list_id": "",
                "egress_only_gateway_id": "",
                "gateway_id": "igw-0fb1cf5b8c692635a",
                "ipv6_cidr_block": "",
                "local_gateway_id": "",
                "nat_gateway_id": "",
                "network_interface_id": "",
                "odb_network_arn": "",
                "transit_gateway_id": "",
                "vpc_endpoint_id": "",
                "vpc_peering_connection_id": ""
              }
            ],
            "tags": {
              "Name": "customer-profile-public-rt"
            },
            "tags_all": {
              "Name": "customer-profile-public-rt"
            },
            "timeouts": null,
            "vpc_id": "vpc-09ebbc054eacbc01e"
          },
          "sensitive_attributes": [],
          "identity_schema_version": 0,
          "identity": {
            "account_id": "810421502375",
            "id": "rtb-090117f63497a00b6",
            "region": "ap-southeast-1"
          },
          "private": "eyJlMmJmYjczMC1lY2FhLTExZTYtOGY4OC0zNDM2M2JjN2M0YzAiOnsiY3JlYXRlIjozMDAwMDAwMDAwMDAsImRlbGV0ZSI6MzAwMDAwMDAwMDAwLCJ1cGRhdGUiOjEyMDAwMDAwMDAwMH19",
          "dependencies": [
            "aws_internet_gateway.customer-profile",
            "aws_vpc.customer-profile"
          ]
        }
      ]
    },
    {
      "mode": "managed",
      "type": "aws_route_table",
      "name": "statement_private",
      "provider": "provider[\"registry.terraform.io/hashicorp/aws\"]",
      "instances": [
        {
          "schema_version": 0,
          "attributes": {
            "arn": "arn:aws:ec2:ap-southeast-1:810421502375:route-table/rtb-09c5286d3b455bdc8",
            "id": "rtb-09c5286d3b455bdc8",
            "owner_id": "810421502375",
            "propagating_vgws": [],
            "region": "ap-southeast-1",
            "route": [
              {
                "carrier_gateway_id": "",
                "cidr_block": "0.0.0.0/0",
                "core_network_arn": "",
                "destination_prefix_list_id": "",
                "egress_only_gateway_id": "",
                "gateway_id": "",
                "ipv6_cidr_block": "",
                "local_gateway_id": "",
                "nat_gateway_id": "nat-0f3cfc2d007259e4d",
                "network_interface_id": "",
                "odb_network_arn": "",
                "transit_gateway_id": "",
                "vpc_endpoint_id": "",
                "vpc_peering_connection_id": ""
              },
              {
                "carrier_gateway_id": "",
                "cidr_block": "172.16.0.0/16",
                "core_network_arn": "",
                "destination_prefix_list_id": "",
                "egress_only_gateway_id": "",
                "gateway_id": "",
                "ipv6_cidr_block": "",
                "local_gateway_id": "",
                "nat_gateway_id": "",
                "network_interface_id": "",
                "odb_network_arn": "",
                "transit_gateway_id": "",
                "vpc_endpoint_id": "",
                "vpc_peering_connection_id": "pcx-0b57312689c470f9b"
              }
            ],
            "tags": {
              "Name": "statement-private-rt"
            },
            "tags_all": {
              "Name": "statement-private-rt"
            },
            "timeouts": null,
            "vpc_id": "vpc-05fe247eb4b2461d5"
          },
          "sensitive_attributes": [],
          "identity_schema_version": 0,
          "identity": {
            "account_id": "810421502375",
            "id": "rtb-09c5286d3b455bdc8",
            "region": "ap-southeast-1"
          },
          "private": "eyJlMmJmYjczMC1lY2FhLTExZTYtOGY4OC0zNDM2M2JjN2M0YzAiOnsiY3JlYXRlIjozMDAwMDAwMDAwMDAsImRlbGV0ZSI6MzAwMDAwMDAwMDAwLCJ1cGRhdGUiOjEyMDAwMDAwMDAwMH19",
          "dependencies": [
            "aws_eip.statement_nat",
            "aws_internet_gateway.statement",
            "aws_nat_gateway.statement",
            "aws_subnet.statement_public_a",
            "aws_vpc.account",
            "aws_vpc.statement",
            "aws_vpc_peering_connection.account_statement"
          ]
        }
      ]
    },
    {
      "mode": "managed",
      "type": "aws_route_table",
      "name": "statement_public",
      "provider": "provider[\"registry.terraform.io/hashicorp/aws\"]",
      "instances": [
        {
          "schema_version": 0,
          "attributes": {
            "arn": "arn:aws:ec2:ap-southeast-1:810421502375:route-table/rtb-03f397b1ae60bd9bf",
            "id": "rtb-03f397b1ae60bd9bf",
            "owner_id": "810421502375",
            "propagating_vgws": [],
            "region": "ap-southeast-1",
            "route": [
              {
                "carrier_gateway_id": "",
                "cidr_block": "0.0.0.0/0",
                "core_network_arn": "",
                "destination_prefix_list_id": "",
                "egress_only_gateway_id": "",
                "gateway_id": "igw-0549d4feb9e144f7d",
                "ipv6_cidr_block": "",
                "local_gateway_id": "",
                "nat_gateway_id": "",
                "network_interface_id": "",
                "odb_network_arn": "",
                "transit_gateway_id": "",
                "vpc_endpoint_id": "",
                "vpc_peering_connection_id": ""
              }
            ],
            "tags": {
              "Name": "statement-public-rt"
            },
            "tags_all": {
              "Name": "statement-public-rt"
            },
            "timeouts": null,
            "vpc_id": "vpc-05fe247eb4b2461d5"
          },
          "sensitive_attributes": [],
          "identity_schema_version": 0,
          "identity": {
            "account_id": "810421502375",
            "id": "rtb-03f397b1ae60bd9bf",
            "region": "ap-southeast-1"
          },
          "private": "eyJlMmJmYjczMC1lY2FhLTExZTYtOGY4OC0zNDM2M2JjN2M0YzAiOnsiY3JlYXRlIjozMDAwMDAwMDAwMDAsImRlbGV0ZSI6MzAwMDAwMDAwMDAwLCJ1cGRhdGUiOjEyMDAwMDAwMDAwMH19",
          "dependencies": [
            "aws_internet_gateway.statement",
            "aws_vpc.statement"
          ]
        }
      ]
    },
    {
      "mode": "managed",
      "type": "aws_route_table_association",
      "name": "account_private_a",
      "provider": "provider[\"registry.terraform.io/hashicorp/aws\"]",
      "instances": [
        {
          "schema_version": 0,
          "attributes": {
            "gateway_id": "",
            "id": "rtbassoc-004d689fe27e447e6",
            "region": "ap-southeast-1",
            "route_table_id": "rtb-0abaff82e3bcc9a19",
            "subnet_id": "subnet-04709a3e15d72fc5b",
            "timeouts": null
          },
          "sensitive_attributes": [],
          "identity_schema_version": 0,
          "identity": {
            "account_id": "810421502375",
            "id": "rtbassoc-004d689fe27e447e6",
            "region": "ap-southeast-1"
          },
          "private": "eyJlMmJmYjczMC1lY2FhLTExZTYtOGY4OC0zNDM2M2JjN2M0YzAiOnsiY3JlYXRlIjozMDAwMDAwMDAwMDAsImRlbGV0ZSI6MzAwMDAwMDAwMDAwLCJ1cGRhdGUiOjEyMDAwMDAwMDAwMH19",
          "dependencies": [
            "aws_eip.account_nat",
            "aws_internet_gateway.account",
            "aws_nat_gateway.account",
            "aws_route_table.account_private",
            "aws_subnet.account_private_a",
            "aws_subnet.account_public_a",
            "aws_vpc.account",
            "aws_vpc.customer-profile",
            "aws_vpc.statement",
            "aws_vpc_peering_connection.account_statement",
            "aws_vpc_peering_connection.customer_account"
          ]
        }
      ]
    },
    {
      "mode": "managed",
      "type": "aws_route_table_association",
      "name": "account_private_b",
      "provider": "provider[\"registry.terraform.io/hashicorp/aws\"]",
      "instances": [
        {
          "schema_version": 0,
          "attributes": {
            "gateway_id": "",
            "id": "rtbassoc-0fd92e030604465b1",
            "region": "ap-southeast-1",
            "route_table_id": "rtb-0abaff82e3bcc9a19",
            "subnet_id": "subnet-038315ea0f22ff62a",
            "timeouts": null
          },
          "sensitive_attributes": [],
          "identity_schema_version": 0,
          "identity": {
            "account_id": "810421502375",
            "id": "rtbassoc-0fd92e030604465b1",
            "region": "ap-southeast-1"
          },
          "private": "eyJlMmJmYjczMC1lY2FhLTExZTYtOGY4OC0zNDM2M2JjN2M0YzAiOnsiY3JlYXRlIjozMDAwMDAwMDAwMDAsImRlbGV0ZSI6MzAwMDAwMDAwMDAwLCJ1cGRhdGUiOjEyMDAwMDAwMDAwMH19",
          "dependencies": [
            "aws_eip.account_nat",
            "aws_internet_gateway.account",
            "aws_nat_gateway.account",
            "aws_route_table.account_private",
            "aws_subnet.account_private_b",
            "aws_subnet.account_public_a",
            "aws_vpc.account",
            "aws_vpc.customer-profile",
            "aws_vpc.statement",
            "aws_vpc_peering_connection.account_statement",
            "aws_vpc_peering_connection.customer_account"
          ]
        }
      ]
    },
    {
      "mode": "managed",
      "type": "aws_route_table_association",
      "name": "account_public_a",
      "provider": "provider[\"registry.terraform.io/hashicorp/aws\"]",
      "instances": [
        {
          "schema_version": 0,
          "attributes": {
            "gateway_id": "",
            "id": "rtbassoc-09b8bca17cac68487",
            "region": "ap-southeast-1",
            "route_table_id": "rtb-078b43933a6174962",
            "subnet_id": "subnet-06ff1cc27940316be",
            "timeouts": null
          },
          "sensitive_attributes": [],
          "identity_schema_version": 0,
          "identity": {
            "account_id": "810421502375",
            "id": "rtbassoc-09b8bca17cac68487",
            "region": "ap-southeast-1"
          },
          "private": "eyJlMmJmYjczMC1lY2FhLTExZTYtOGY4OC0zNDM2M2JjN2M0YzAiOnsiY3JlYXRlIjozMDAwMDAwMDAwMDAsImRlbGV0ZSI6MzAwMDAwMDAwMDAwLCJ1cGRhdGUiOjEyMDAwMDAwMDAwMH19",
          "dependencies": [
            "aws_internet_gateway.account",
            "aws_route_table.account_public",
            "aws_subnet.account_public_a",
            "aws_vpc.account",
            "aws_vpc.customer-profile",
            "aws_vpc_peering_connection.customer_account"
          ]
        }
      ]
    },
    {
      "mode": "managed",
      "type": "aws_route_table_association",
      "name": "customer_private_a",
      "provider": "provider[\"registry.terraform.io/hashicorp/aws\"]",
      "instances": [
        {
          "schema_version": 0,
          "attributes": {
            "gateway_id": "",
            "id": "rtbassoc-0d2fceaba139fff6e",
            "region": "ap-southeast-1",
            "route_table_id": "rtb-038cd82070d246d4c",
            "subnet_id": "subnet-0de2e7e0040340b33",
            "timeouts": null
          },
          "sensitive_attributes": [],
          "identity_schema_version": 0,
          "identity": {
            "account_id": "810421502375",
            "id": "rtbassoc-0d2fceaba139fff6e",
            "region": "ap-southeast-1"
          },
          "private": "eyJlMmJmYjczMC1lY2FhLTExZTYtOGY4OC0zNDM2M2JjN2M0YzAiOnsiY3JlYXRlIjozMDAwMDAwMDAwMDAsImRlbGV0ZSI6MzAwMDAwMDAwMDAwLCJ1cGRhdGUiOjEyMDAwMDAwMDAwMH19",
          "dependencies": [
            "aws_eip.customer_nat",
            "aws_internet_gateway.customer-profile",
            "aws_nat_gateway.customer",
            "aws_route_table.customer_private",
            "aws_subnet.customer_private_a",
            "aws_subnet.customer_public_a",
            "aws_vpc.account",
            "aws_vpc.customer-profile",
            "aws_vpc_peering_connection.customer_account"
          ]
        }
      ]
    },
    {
      "mode": "managed",
      "type": "aws_route_table_association",
      "name": "customer_private_b",
      "provider": "provider[\"registry.terraform.io/hashicorp/aws\"]",
      "instances": [
        {
          "schema_version": 0,
          "attributes": {
            "gateway_id": "",
            "id": "rtbassoc-0cca8f299abd168b8",
            "region": "ap-southeast-1",
            "route_table_id": "rtb-038cd82070d246d4c",
            "subnet_id": "subnet-0d246e1cfbfb3f6e9",
            "timeouts": null
          },
          "sensitive_attributes": [],
          "identity_schema_version": 0,
          "identity": {
            "account_id": "810421502375",
            "id": "rtbassoc-0cca8f299abd168b8",
            "region": "ap-southeast-1"
          },
          "private": "eyJlMmJmYjczMC1lY2FhLTExZTYtOGY4OC0zNDM2M2JjN2M0YzAiOnsiY3JlYXRlIjozMDAwMDAwMDAwMDAsImRlbGV0ZSI6MzAwMDAwMDAwMDAwLCJ1cGRhdGUiOjEyMDAwMDAwMDAwMH19",
          "dependencies": [
            "aws_eip.customer_nat",
            "aws_internet_gateway.customer-profile",
            "aws_nat_gateway.customer",
            "aws_route_table.customer_private",
            "aws_subnet.customer_private_b",
            "aws_subnet.customer_public_a",
            "aws_vpc.account",
            "aws_vpc.customer-profile",
            "aws_vpc_peering_connection.customer_account"
          ]
        }
      ]
    },
    {
      "mode": "managed",
      "type": "aws_route_table_association",
      "name": "customer_public_a",
      "provider": "provider[\"registry.terraform.io/hashicorp/aws\"]",
      "instances": [
        {
          "schema_version": 0,
          "attributes": {
            "gateway_id": "",
            "id": "rtbassoc-0a92925cfea2592d6",
            "region": "ap-southeast-1",
            "route_table_id": "rtb-090117f63497a00b6",
            "subnet_id": "subnet-084827e908fdd0613",
            "timeouts": null
          },
          "sensitive_attributes": [],
          "identity_schema_version": 0,
          "identity": {
            "account_id": "810421502375",
            "id": "rtbassoc-0a92925cfea2592d6",
            "region": "ap-southeast-1"
          },
          "private": "eyJlMmJmYjczMC1lY2FhLTExZTYtOGY4OC0zNDM2M2JjN2M0YzAiOnsiY3JlYXRlIjozMDAwMDAwMDAwMDAsImRlbGV0ZSI6MzAwMDAwMDAwMDAwLCJ1cGRhdGUiOjEyMDAwMDAwMDAwMH19",
          "dependencies": [
            "aws_internet_gateway.customer-profile",
            "aws_route_table.customer_public",
            "aws_subnet.customer_public_a",
            "aws_vpc.customer-profile"
          ]
        }
      ]
    },
    {
      "mode": "managed",
      "type": "aws_route_table_association",
      "name": "customer_public_b",
      "provider": "provider[\"registry.terraform.io/hashicorp/aws\"]",
      "instances": [
        {
          "schema_version": 0,
          "attributes": {
            "gateway_id": "",
            "id": "rtbassoc-022dca1fa1da5567c",
            "region": "ap-southeast-1",
            "route_table_id": "rtb-090117f63497a00b6",
            "subnet_id": "subnet-0722d19094c48c3ab",
            "timeouts": null
          },
          "sensitive_attributes": [],
          "identity_schema_version": 0,
          "identity": {
            "account_id": "810421502375",
            "id": "rtbassoc-022dca1fa1da5567c",
            "region": "ap-southeast-1"
          },
          "private": "eyJlMmJmYjczMC1lY2FhLTExZTYtOGY4OC0zNDM2M2JjN2M0YzAiOnsiY3JlYXRlIjozMDAwMDAwMDAwMDAsImRlbGV0ZSI6MzAwMDAwMDAwMDAwLCJ1cGRhdGUiOjEyMDAwMDAwMDAwMH19",
          "dependencies": [
            "aws_internet_gateway.customer-profile",
            "aws_route_table.customer_public",
            "aws_subnet.customer_public_b",
            "aws_vpc.customer-profile"
          ]
        }
      ]
    },
    {
      "mode": "managed",
      "type": "aws_route_table_association",
      "name": "statement_private_a",
      "provider": "provider[\"registry.terraform.io/hashicorp/aws\"]",
      "instances": [
        {
          "schema_version": 0,
          "attributes": {
            "gateway_id": "",
            "id": "rtbassoc-06ea98c5bf2e193ba",
            "region": "ap-southeast-1",
            "route_table_id": "rtb-09c5286d3b455bdc8",
            "subnet_id": "subnet-0ce91f3fb6e6b5398",
            "timeouts": null
          },
          "sensitive_attributes": [],
          "identity_schema_version": 0,
          "identity": {
            "account_id": "810421502375",
            "id": "rtbassoc-06ea98c5bf2e193ba",
            "region": "ap-southeast-1"
          },
          "private": "eyJlMmJmYjczMC1lY2FhLTExZTYtOGY4OC0zNDM2M2JjN2M0YzAiOnsiY3JlYXRlIjozMDAwMDAwMDAwMDAsImRlbGV0ZSI6MzAwMDAwMDAwMDAwLCJ1cGRhdGUiOjEyMDAwMDAwMDAwMH19",
          "dependencies": [
            "aws_eip.statement_nat",
            "aws_internet_gateway.statement",
            "aws_nat_gateway.statement",
            "aws_route_table.statement_private",
            "aws_subnet.statement_private_a",
            "aws_subnet.statement_public_a",
            "aws_vpc.account",
            "aws_vpc.statement",
            "aws_vpc_peering_connection.account_statement"
          ]
        }
      ]
    },
    {
      "mode": "managed",
      "type": "aws_route_table_association",
      "name": "statement_private_b",
      "provider": "provider[\"registry.terraform.io/hashicorp/aws\"]",
      "instances": [
        {
          "schema_version": 0,
          "attributes": {
            "gateway_id": "",
            "id": "rtbassoc-0ec6afd8c047ca84d",
            "region": "ap-southeast-1",
            "route_table_id": "rtb-09c5286d3b455bdc8",
            "subnet_id": "subnet-0351eb68302a90505",
            "timeouts": null
          },
          "sensitive_attributes": [],
          "identity_schema_version": 0,
          "identity": {
            "account_id": "810421502375",
            "id": "rtbassoc-0ec6afd8c047ca84d",
            "region": "ap-southeast-1"
          },
          "private": "eyJlMmJmYjczMC1lY2FhLTExZTYtOGY4OC0zNDM2M2JjN2M0YzAiOnsiY3JlYXRlIjozMDAwMDAwMDAwMDAsImRlbGV0ZSI6MzAwMDAwMDAwMDAwLCJ1cGRhdGUiOjEyMDAwMDAwMDAwMH19",
          "dependencies": [
            "aws_eip.statement_nat",
            "aws_internet_gateway.statement",
            "aws_nat_gateway.statement",
            "aws_route_table.statement_private",
            "aws_subnet.statement_private_b",
            "aws_subnet.statement_public_a",
            "aws_vpc.account",
            "aws_vpc.statement",
            "aws_vpc_peering_connection.account_statement"
          ]
        }
      ]
    },
    {
      "mode": "managed",
      "type": "aws_route_table_association",
      "name": "statement_public_a",
      "provider": "provider[\"registry.terraform.io/hashicorp/aws\"]",
      "instances": [
        {
          "schema_version": 0,
          "attributes": {
            "gateway_id": "",
            "id": "rtbassoc-03999ae5691ae2b53",
            "region": "ap-southeast-1",
            "route_table_id": "rtb-03f397b1ae60bd9bf",
            "subnet_id": "subnet-0daac4059d06faeeb",
            "timeouts": null
          },
          "sensitive_attributes": [],
          "identity_schema_version": 0,
          "identity": {
            "account_id": "810421502375",
            "id": "rtbassoc-03999ae5691ae2b53",
            "region": "ap-southeast-1"
          },
          "private": "eyJlMmJmYjczMC1lY2FhLTExZTYtOGY4OC0zNDM2M2JjN2M0YzAiOnsiY3JlYXRlIjozMDAwMDAwMDAwMDAsImRlbGV0ZSI6MzAwMDAwMDAwMDAwLCJ1cGRhdGUiOjEyMDAwMDAwMDAwMH19",
          "dependencies": [
            "aws_internet_gateway.statement",
            "aws_route_table.statement_public",
            "aws_subnet.statement_public_a",
            "aws_vpc.statement"
          ]
        }
      ]
    },
    {
      "mode": "managed",
      "type": "aws_security_group",
      "name": "account_alb",
      "provider": "provider[\"registry.terraform.io/hashicorp/aws\"]",
      "instances": [
        {
          "schema_version": 1,
          "attributes": {
            "arn": "arn:aws:ec2:ap-southeast-1:810421502375:security-group/sg-085848aca9bebc7e7",
            "description": "Managed by Terraform",
            "egress": [
              {
                "cidr_blocks": [
                  "0.0.0.0/0"
                ],
                "description": "",
                "from_port": 0,
                "ipv6_cidr_blocks": [],
                "prefix_list_ids": [],
                "protocol": "-1",
                "security_groups": [],
                "self": false,
                "to_port": 0
              }
            ],
            "id": "sg-085848aca9bebc7e7",
            "ingress": [
              {
                "cidr_blocks": [
                  "10.0.0.0/16"
                ],
                "description": "",
                "from_port": 80,
                "ipv6_cidr_blocks": [],
                "prefix_list_ids": [],
                "protocol": "tcp",
                "security_groups": [],
                "self": false,
                "to_port": 80
              }
            ],
            "name": "account-alb-sg",
            "name_prefix": "",
            "owner_id": "810421502375",
            "region": "ap-southeast-1",
            "revoke_rules_on_delete": false,
            "tags": {
              "Name": "account-alb-sg"
            },
            "tags_all": {
              "Name": "account-alb-sg"
            },
            "timeouts": null,
            "vpc_id": "vpc-03f56d905406f2cf2"
          },
          "sensitive_attributes": [],
          "identity_schema_version": 0,
          "identity": {
            "account_id": "810421502375",
            "id": "sg-085848aca9bebc7e7",
            "region": "ap-southeast-1"
          },
          "private": "eyJlMmJmYjczMC1lY2FhLTExZTYtOGY4OC0zNDM2M2JjN2M0YzAiOnsiY3JlYXRlIjo2MDAwMDAwMDAwMDAsImRlbGV0ZSI6OTAwMDAwMDAwMDAwfSwic2NoZW1hX3ZlcnNpb24iOiIxIn0=",
          "dependencies": [
            "aws_vpc.account"
          ]
        }
      ]
    },
    {
      "mode": "managed",
      "type": "aws_security_group",
      "name": "account_ec2",
      "provider": "provider[\"registry.terraform.io/hashicorp/aws\"]",
      "instances": [
        {
          "schema_version": 1,
          "attributes": {
            "arn": "arn:aws:ec2:ap-southeast-1:810421502375:security-group/sg-065a2e88ef121681b",
            "description": "Managed by Terraform",
            "egress": [
              {
                "cidr_blocks": [
                  "0.0.0.0/0"
                ],
                "description": "",
                "from_port": 0,
                "ipv6_cidr_blocks": [],
                "prefix_list_ids": [],
                "protocol": "-1",
                "security_groups": [],
                "self": false,
                "to_port": 0
              }
            ],
            "id": "sg-065a2e88ef121681b",
            "ingress": [
              {
                "cidr_blocks": [
                  "10.0.0.0/16"
                ],
                "description": "",
                "from_port": 22,
                "ipv6_cidr_blocks": [],
                "prefix_list_ids": [],
                "protocol": "tcp",
                "security_groups": [],
                "self": false,
                "to_port": 22
              },
              {
                "cidr_blocks": [],
                "description": "",
                "from_port": 8081,
                "ipv6_cidr_blocks": [],
                "prefix_list_ids": [],
                "protocol": "tcp",
                "security_groups": [
                  "sg-085848aca9bebc7e7"
                ],
                "self": false,
                "to_port": 8081
              }
            ],
            "name": "account-ec2-sg",
            "name_prefix": "",
            "owner_id": "810421502375",
            "region": "ap-southeast-1",
            "revoke_rules_on_delete": false,
            "tags": {
              "Name": "account-ec2-sg"
            },
            "tags_all": {
              "Name": "account-ec2-sg"
            },
            "timeouts": null,
            "vpc_id": "vpc-03f56d905406f2cf2"
          },
          "sensitive_attributes": [],
          "identity_schema_version": 0,
          "identity": {
            "account_id": "810421502375",
            "id": "sg-065a2e88ef121681b",
            "region": "ap-southeast-1"
          },
          "private": "eyJlMmJmYjczMC1lY2FhLTExZTYtOGY4OC0zNDM2M2JjN2M0YzAiOnsiY3JlYXRlIjo2MDAwMDAwMDAwMDAsImRlbGV0ZSI6OTAwMDAwMDAwMDAwfSwic2NoZW1hX3ZlcnNpb24iOiIxIn0=",
          "dependencies": [
            "aws_security_group.account_alb",
            "aws_vpc.account"
          ]
        }
      ]
    },
    {
      "mode": "managed",
      "type": "aws_security_group",
      "name": "bastion",
      "provider": "provider[\"registry.terraform.io/hashicorp/aws\"]",
      "instances": [
        {
          "schema_version": 1,
          "attributes": {
            "arn": "arn:aws:ec2:ap-southeast-1:810421502375:security-group/sg-00f56174c3de34974",
            "description": "Managed by Terraform",
            "egress": [
              {
                "cidr_blocks": [
                  "0.0.0.0/0"
                ],
                "description": "",
                "from_port": 0,
                "ipv6_cidr_blocks": [],
                "prefix_list_ids": [],
                "protocol": "-1",
                "security_groups": [],
                "self": false,
                "to_port": 0
              }
            ],
            "id": "sg-00f56174c3de34974",
            "ingress": [
              {
                "cidr_blocks": [
                  "0.0.0.0/0"
                ],
                "description": "",
                "from_port": 22,
                "ipv6_cidr_blocks": [],
                "prefix_list_ids": [],
                "protocol": "tcp",
                "security_groups": [],
                "self": false,
                "to_port": 22
              }
            ],
            "name": "bastion-sg",
            "name_prefix": "",
            "owner_id": "810421502375",
            "region": "ap-southeast-1",
            "revoke_rules_on_delete": false,
            "tags": {
              "Name": "bastion-sg"
            },
            "tags_all": {
              "Name": "bastion-sg"
            },
            "timeouts": null,
            "vpc_id": "vpc-09ebbc054eacbc01e"
          },
          "sensitive_attributes": [],
          "identity_schema_version": 0,
          "identity": {
            "account_id": "810421502375",
            "id": "sg-00f56174c3de34974",
            "region": "ap-southeast-1"
          },
          "private": "eyJlMmJmYjczMC1lY2FhLTExZTYtOGY4OC0zNDM2M2JjN2M0YzAiOnsiY3JlYXRlIjo2MDAwMDAwMDAwMDAsImRlbGV0ZSI6OTAwMDAwMDAwMDAwfSwic2NoZW1hX3ZlcnNpb24iOiIxIn0=",
          "dependencies": [
            "aws_vpc.customer-profile"
          ]
        }
      ]
    },
    {
      "mode": "managed",
      "type": "aws_security_group",
      "name": "customer_profile_alb",
      "provider": "provider[\"registry.terraform.io/hashicorp/aws\"]",
      "instances": [
        {
          "schema_version": 1,
          "attributes": {
            "arn": "arn:aws:ec2:ap-southeast-1:810421502375:security-group/sg-04433fb7e8588ce7c",
            "description": "Managed by Terraform",
            "egress": [
              {
                "cidr_blocks": [
                  "0.0.0.0/0"
                ],
                "description": "",
                "from_port": 0,
                "ipv6_cidr_blocks": [],
                "prefix_list_ids": [],
                "protocol": "-1",
                "security_groups": [],
                "self": false,
                "to_port": 0
              }
            ],
            "id": "sg-04433fb7e8588ce7c",
            "ingress": [
              {
                "cidr_blocks": [
                  "0.0.0.0/0"
                ],
                "description": "",
                "from_port": 80,
                "ipv6_cidr_blocks": [],
                "prefix_list_ids": [],
                "protocol": "tcp",
                "security_groups": [],
                "self": false,
                "to_port": 80
              }
            ],
            "name": "customer-profile-alb-sg",
            "name_prefix": "",
            "owner_id": "810421502375",
            "region": "ap-southeast-1",
            "revoke_rules_on_delete": false,
            "tags": {
              "Name": "customer-profile-alb-sg"
            },
            "tags_all": {
              "Name": "customer-profile-alb-sg"
            },
            "timeouts": null,
            "vpc_id": "vpc-09ebbc054eacbc01e"
          },
          "sensitive_attributes": [],
          "identity_schema_version": 0,
          "identity": {
            "account_id": "810421502375",
            "id": "sg-04433fb7e8588ce7c",
            "region": "ap-southeast-1"
          },
          "private": "eyJlMmJmYjczMC1lY2FhLTExZTYtOGY4OC0zNDM2M2JjN2M0YzAiOnsiY3JlYXRlIjo2MDAwMDAwMDAwMDAsImRlbGV0ZSI6OTAwMDAwMDAwMDAwfSwic2NoZW1hX3ZlcnNpb24iOiIxIn0=",
          "dependencies": [
            "aws_vpc.customer-profile"
          ]
        }
      ]
    },
    {
      "mode": "managed",
      "type": "aws_security_group",
      "name": "customer_profile_ec2",
      "provider": "provider[\"registry.terraform.io/hashicorp/aws\"]",
      "instances": [
        {
          "schema_version": 1,
          "attributes": {
            "arn": "arn:aws:ec2:ap-southeast-1:810421502375:security-group/sg-06aff976d8c0c7986",
            "description": "Managed by Terraform",
            "egress": [
              {
                "cidr_blocks": [
                  "0.0.0.0/0"
                ],
                "description": "",
                "from_port": 0,
                "ipv6_cidr_blocks": [],
                "prefix_list_ids": [],
                "protocol": "-1",
                "security_groups": [],
                "self": false,
                "to_port": 0
              }
            ],
            "id": "sg-06aff976d8c0c7986",
            "ingress": [
              {
                "cidr_blocks": [],
                "description": "",
                "from_port": 22,
                "ipv6_cidr_blocks": [],
                "prefix_list_ids": [],
                "protocol": "tcp",
                "security_groups": [
                  "sg-00f56174c3de34974"
                ],
                "self": false,
                "to_port": 22
              },
              {
                "cidr_blocks": [],
                "description": "",
                "from_port": 8080,
                "ipv6_cidr_blocks": [],
                "prefix_list_ids": [],
                "protocol": "tcp",
                "security_groups": [
                  "sg-04433fb7e8588ce7c"
                ],
                "self": false,
                "to_port": 8080
              }
            ],
            "name": "customer-profile-ec2-sg",
            "name_prefix": "",
            "owner_id": "810421502375",
            "region": "ap-southeast-1",
            "revoke_rules_on_delete": false,
            "tags": {
              "Name": "customer-profile-ec2-sg"
            },
            "tags_all": {
              "Name": "customer-profile-ec2-sg"
            },
            "timeouts": null,
            "vpc_id": "vpc-09ebbc054eacbc01e"
          },
          "sensitive_attributes": [],
          "identity_schema_version": 0,
          "identity": {
            "account_id": "810421502375",
            "id": "sg-06aff976d8c0c7986",
            "region": "ap-southeast-1"
          },
          "private": "eyJlMmJmYjczMC1lY2FhLTExZTYtOGY4OC0zNDM2M2JjN2M0YzAiOnsiY3JlYXRlIjo2MDAwMDAwMDAwMDAsImRlbGV0ZSI6OTAwMDAwMDAwMDAwfSwic2NoZW1hX3ZlcnNpb24iOiIxIn0=",
          "dependencies": [
            "aws_security_group.bastion",
            "aws_security_group.customer_profile_alb",
            "aws_vpc.customer-profile"
          ]
        }
      ]
    },
    {
      "mode": "managed",
      "type": "aws_security_group",
      "name": "statement_alb",
      "provider": "provider[\"registry.terraform.io/hashicorp/aws\"]",
      "instances": [
        {
          "schema_version": 1,
          "attributes": {
            "arn": "arn:aws:ec2:ap-southeast-1:810421502375:security-group/sg-0d6a2e590db3835c7",
            "description": "Managed by Terraform",
            "egress": [
              {
                "cidr_blocks": [
                  "0.0.0.0/0"
                ],
                "description": "",
                "from_port": 0,
                "ipv6_cidr_blocks": [],
                "prefix_list_ids": [],
                "protocol": "-1",
                "security_groups": [],
                "self": false,
                "to_port": 0
              }
            ],
            "id": "sg-0d6a2e590db3835c7",
            "ingress": [
              {
                "cidr_blocks": [
                  "172.16.0.0/16"
                ],
                "description": "",
                "from_port": 80,
                "ipv6_cidr_blocks": [],
                "prefix_list_ids": [],
                "protocol": "tcp",
                "security_groups": [],
                "self": false,
                "to_port": 80
              }
            ],
            "name": "statement-alb-sg",
            "name_prefix": "",
            "owner_id": "810421502375",
            "region": "ap-southeast-1",
            "revoke_rules_on_delete": false,
            "tags": {
              "Name": "statement-alb-sg"
            },
            "tags_all": {
              "Name": "statement-alb-sg"
            },
            "timeouts": null,
            "vpc_id": "vpc-05fe247eb4b2461d5"
          },
          "sensitive_attributes": [],
          "identity_schema_version": 0,
          "identity": {
            "account_id": "810421502375",
            "id": "sg-0d6a2e590db3835c7",
            "region": "ap-southeast-1"
          },
          "private": "eyJlMmJmYjczMC1lY2FhLTExZTYtOGY4OC0zNDM2M2JjN2M0YzAiOnsiY3JlYXRlIjo2MDAwMDAwMDAwMDAsImRlbGV0ZSI6OTAwMDAwMDAwMDAwfSwic2NoZW1hX3ZlcnNpb24iOiIxIn0=",
          "dependencies": [
            "aws_vpc.statement"
          ]
        }
      ]
    },
    {
      "mode": "managed",
      "type": "aws_security_group",
      "name": "statement_ec2",
      "provider": "provider[\"registry.terraform.io/hashicorp/aws\"]",
      "instances": [
        {
          "schema_version": 1,
          "attributes": {
            "arn": "arn:aws:ec2:ap-southeast-1:810421502375:security-group/sg-0028aa27366e7f42a",
            "description": "Managed by Terraform",
            "egress": [
              {
                "cidr_blocks": [
                  "0.0.0.0/0"
                ],
                "description": "",
                "from_port": 0,
                "ipv6_cidr_blocks": [],
                "prefix_list_ids": [],
                "protocol": "-1",
                "security_groups": [],
                "self": false,
                "to_port": 0
              }
            ],
            "id": "sg-0028aa27366e7f42a",
            "ingress": [
              {
                "cidr_blocks": [
                  "10.0.0.0/16"
                ],
                "description": "",
                "from_port": 22,
                "ipv6_cidr_blocks": [],
                "prefix_list_ids": [],
                "protocol": "tcp",
                "security_groups": [],
                "self": false,
                "to_port": 22
              },
              {
                "cidr_blocks": [],
                "description": "",
                "from_port": 8082,
                "ipv6_cidr_blocks": [],
                "prefix_list_ids": [],
                "protocol": "tcp",
                "security_groups": [
                  "sg-0d6a2e590db3835c7"
                ],
                "self": false,
                "to_port": 8082
              }
            ],
            "name": "statement-ec2-sg",
            "name_prefix": "",
            "owner_id": "810421502375",
            "region": "ap-southeast-1",
            "revoke_rules_on_delete": false,
            "tags": {
              "Name": "statement-ec2-sg"
            },
            "tags_all": {
              "Name": "statement-ec2-sg"
            },
            "timeouts": null,
            "vpc_id": "vpc-05fe247eb4b2461d5"
          },
          "sensitive_attributes": [],
          "identity_schema_version": 0,
          "identity": {
            "account_id": "810421502375",
            "id": "sg-0028aa27366e7f42a",
            "region": "ap-southeast-1"
          },
          "private": "eyJlMmJmYjczMC1lY2FhLTExZTYtOGY4OC0zNDM2M2JjN2M0YzAiOnsiY3JlYXRlIjo2MDAwMDAwMDAwMDAsImRlbGV0ZSI6OTAwMDAwMDAwMDAwfSwic2NoZW1hX3ZlcnNpb24iOiIxIn0=",
          "dependencies": [
            "aws_security_group.statement_alb",
            "aws_vpc.statement"
          ]
        }
      ]
    },
    {
      "mode": "managed",
      "type": "aws_subnet",
      "name": "account_private_a",
      "provider": "provider[\"registry.terraform.io/hashicorp/aws\"]",
      "instances": [
        {
          "schema_version": 1,
          "attributes": {
            "arn": "arn:aws:ec2:ap-southeast-1:810421502375:subnet/subnet-04709a3e15d72fc5b",
            "assign_ipv6_address_on_creation": false,
            "availability_zone": "ap-southeast-1a",
            "availability_zone_id": "apse1-az2",
            "cidr_block": "172.16.2.0/24",
            "customer_owned_ipv4_pool": "",
            "enable_dns64": false,
            "enable_lni_at_device_index": 0,
            "enable_resource_name_dns_a_record_on_launch": false,
            "enable_resource_name_dns_aaaa_record_on_launch": false,
            "id": "subnet-04709a3e15d72fc5b",
            "ipv4_ipam_pool_id": null,
            "ipv4_netmask_length": null,
            "ipv6_cidr_block": "",
            "ipv6_cidr_block_association_id": "",
            "ipv6_ipam_pool_id": null,
            "ipv6_native": false,
            "ipv6_netmask_length": null,
            "map_customer_owned_ip_on_launch": false,
            "map_public_ip_on_launch": false,
            "outpost_arn": "",
            "owner_id": "810421502375",
            "private_dns_hostname_type_on_launch": "ip-name",
            "region": "ap-southeast-1",
            "tags": {
              "Name": "account-private-subnet-a"
            },
            "tags_all": {
              "Name": "account-private-subnet-a"
            },
            "timeouts": null,
            "vpc_id": "vpc-03f56d905406f2cf2"
          },
          "sensitive_attributes": [],
          "identity_schema_version": 0,
          "identity": {
            "account_id": "810421502375",
            "id": "subnet-04709a3e15d72fc5b",
            "region": "ap-southeast-1"
          },
          "private": "eyJlMmJmYjczMC1lY2FhLTExZTYtOGY4OC0zNDM2M2JjN2M0YzAiOnsiY3JlYXRlIjo2MDAwMDAwMDAwMDAsImRlbGV0ZSI6MTIwMDAwMDAwMDAwMH0sInNjaGVtYV92ZXJzaW9uIjoiMSJ9",
          "dependencies": [
            "aws_vpc.account"
          ]
        }
      ]
    },
    {
      "mode": "managed",
      "type": "aws_subnet",
      "name": "account_private_b",
      "provider": "provider[\"registry.terraform.io/hashicorp/aws\"]",
      "instances": [
        {
          "schema_version": 1,
          "attributes": {
            "arn": "arn:aws:ec2:ap-southeast-1:810421502375:subnet/subnet-038315ea0f22ff62a",
            "assign_ipv6_address_on_creation": false,
            "availability_zone": "ap-southeast-1b",
            "availability_zone_id": "apse1-az1",
            "cidr_block": "172.16.3.0/24",
            "customer_owned_ipv4_pool": "",
            "enable_dns64": false,
            "enable_lni_at_device_index": 0,
            "enable_resource_name_dns_a_record_on_launch": false,
            "enable_resource_name_dns_aaaa_record_on_launch": false,
            "id": "subnet-038315ea0f22ff62a",
            "ipv4_ipam_pool_id": null,
            "ipv4_netmask_length": null,
            "ipv6_cidr_block": "",
            "ipv6_cidr_block_association_id": "",
            "ipv6_ipam_pool_id": null,
            "ipv6_native": false,
            "ipv6_netmask_length": null,
            "map_customer_owned_ip_on_launch": false,
            "map_public_ip_on_launch": false,
            "outpost_arn": "",
            "owner_id": "810421502375",
            "private_dns_hostname_type_on_launch": "ip-name",
            "region": "ap-southeast-1",
            "tags": {
              "Name": "account-private-subnet-b"
            },
            "tags_all": {
              "Name": "account-private-subnet-b"
            },
            "timeouts": null,
            "vpc_id": "vpc-03f56d905406f2cf2"
          },
          "sensitive_attributes": [],
          "identity_schema_version": 0,
          "identity": {
            "account_id": "810421502375",
            "id": "subnet-038315ea0f22ff62a",
            "region": "ap-southeast-1"
          },
          "private": "eyJlMmJmYjczMC1lY2FhLTExZTYtOGY4OC0zNDM2M2JjN2M0YzAiOnsiY3JlYXRlIjo2MDAwMDAwMDAwMDAsImRlbGV0ZSI6MTIwMDAwMDAwMDAwMH0sInNjaGVtYV92ZXJzaW9uIjoiMSJ9",
          "dependencies": [
            "aws_vpc.account"
          ]
        }
      ]
    },
    {
      "mode": "managed",
      "type": "aws_subnet",
      "name": "account_public_a",
      "provider": "provider[\"registry.terraform.io/hashicorp/aws\"]",
      "instances": [
        {
          "schema_version": 1,
          "attributes": {
            "arn": "arn:aws:ec2:ap-southeast-1:810421502375:subnet/subnet-06ff1cc27940316be",
            "assign_ipv6_address_on_creation": false,
            "availability_zone": "ap-southeast-1a",
            "availability_zone_id": "apse1-az2",
            "cidr_block": "172.16.1.0/24",
            "customer_owned_ipv4_pool": "",
            "enable_dns64": false,
            "enable_lni_at_device_index": 0,
            "enable_resource_name_dns_a_record_on_launch": false,
            "enable_resource_name_dns_aaaa_record_on_launch": false,
            "id": "subnet-06ff1cc27940316be",
            "ipv4_ipam_pool_id": null,
            "ipv4_netmask_length": null,
            "ipv6_cidr_block": "",
            "ipv6_cidr_block_association_id": "",
            "ipv6_ipam_pool_id": null,
            "ipv6_native": false,
            "ipv6_netmask_length": null,
            "map_customer_owned_ip_on_launch": false,
            "map_public_ip_on_launch": true,
            "outpost_arn": "",
            "owner_id": "810421502375",
            "private_dns_hostname_type_on_launch": "ip-name",
            "region": "ap-southeast-1",
            "tags": {
              "Name": "account-public-subnet-a"
            },
            "tags_all": {
              "Name": "account-public-subnet-a"
            },
            "timeouts": null,
            "vpc_id": "vpc-03f56d905406f2cf2"
          },
          "sensitive_attributes": [],
          "identity_schema_version": 0,
          "identity": {
            "account_id": "810421502375",
            "id": "subnet-06ff1cc27940316be",
            "region": "ap-southeast-1"
          },
          "private": "eyJlMmJmYjczMC1lY2FhLTExZTYtOGY4OC0zNDM2M2JjN2M0YzAiOnsiY3JlYXRlIjo2MDAwMDAwMDAwMDAsImRlbGV0ZSI6MTIwMDAwMDAwMDAwMH0sInNjaGVtYV92ZXJzaW9uIjoiMSJ9",
          "dependencies": [
            "aws_vpc.account"
          ]
        }
      ]
    },
    {
      "mode": "managed",
      "type": "aws_subnet",
      "name": "customer_private_a",
      "provider": "provider[\"registry.terraform.io/hashicorp/aws\"]",
      "instances": [
        {
          "schema_version": 1,
          "attributes": {
            "arn": "arn:aws:ec2:ap-southeast-1:810421502375:subnet/subnet-0de2e7e0040340b33",
            "assign_ipv6_address_on_creation": false,
            "availability_zone": "ap-southeast-1a",
            "availability_zone_id": "apse1-az2",
            "cidr_block": "10.0.2.0/24",
            "customer_owned_ipv4_pool": "",
            "enable_dns64": false,
            "enable_lni_at_device_index": 0,
            "enable_resource_name_dns_a_record_on_launch": false,
            "enable_resource_name_dns_aaaa_record_on_launch": false,
            "id": "subnet-0de2e7e0040340b33",
            "ipv4_ipam_pool_id": null,
            "ipv4_netmask_length": null,
            "ipv6_cidr_block": "",
            "ipv6_cidr_block_association_id": "",
            "ipv6_ipam_pool_id": null,
            "ipv6_native": false,
            "ipv6_netmask_length": null,
            "map_customer_owned_ip_on_launch": false,
            "map_public_ip_on_launch": false,
            "outpost_arn": "",
            "owner_id": "810421502375",
            "private_dns_hostname_type_on_launch": "ip-name",
            "region": "ap-southeast-1",
            "tags": {
              "Name": "customer-profile-private-subnet-a"
            },
            "tags_all": {
              "Name": "customer-profile-private-subnet-a"
            },
            "timeouts": null,
            "vpc_id": "vpc-09ebbc054eacbc01e"
          },
          "sensitive_attributes": [],
          "identity_schema_version": 0,
          "identity": {
            "account_id": "810421502375",
            "id": "subnet-0de2e7e0040340b33",
            "region": "ap-southeast-1"
          },
          "private": "eyJlMmJmYjczMC1lY2FhLTExZTYtOGY4OC0zNDM2M2JjN2M0YzAiOnsiY3JlYXRlIjo2MDAwMDAwMDAwMDAsImRlbGV0ZSI6MTIwMDAwMDAwMDAwMH0sInNjaGVtYV92ZXJzaW9uIjoiMSJ9",
          "dependencies": [
            "aws_vpc.customer-profile"
          ]
        }
      ]
    },
    {
      "mode": "managed",
      "type": "aws_subnet",
      "name": "customer_private_b",
      "provider": "provider[\"registry.terraform.io/hashicorp/aws\"]",
      "instances": [
        {
          "schema_version": 1,
          "attributes": {
            "arn": "arn:aws:ec2:ap-southeast-1:810421502375:subnet/subnet-0d246e1cfbfb3f6e9",
            "assign_ipv6_address_on_creation": false,
            "availability_zone": "ap-southeast-1b",
            "availability_zone_id": "apse1-az1",
            "cidr_block": "10.0.3.0/24",
            "customer_owned_ipv4_pool": "",
            "enable_dns64": false,
            "enable_lni_at_device_index": 0,
            "enable_resource_name_dns_a_record_on_launch": false,
            "enable_resource_name_dns_aaaa_record_on_launch": false,
            "id": "subnet-0d246e1cfbfb3f6e9",
            "ipv4_ipam_pool_id": null,
            "ipv4_netmask_length": null,
            "ipv6_cidr_block": "",
            "ipv6_cidr_block_association_id": "",
            "ipv6_ipam_pool_id": null,
            "ipv6_native": false,
            "ipv6_netmask_length": null,
            "map_customer_owned_ip_on_launch": false,
            "map_public_ip_on_launch": false,
            "outpost_arn": "",
            "owner_id": "810421502375",
            "private_dns_hostname_type_on_launch": "ip-name",
            "region": "ap-southeast-1",
            "tags": {
              "Name": "customer-profile-private-subnet-b"
            },
            "tags_all": {
              "Name": "customer-profile-private-subnet-b"
            },
            "timeouts": null,
            "vpc_id": "vpc-09ebbc054eacbc01e"
          },
          "sensitive_attributes": [],
          "identity_schema_version": 0,
          "identity": {
            "account_id": "810421502375",
            "id": "subnet-0d246e1cfbfb3f6e9",
            "region": "ap-southeast-1"
          },
          "private": "eyJlMmJmYjczMC1lY2FhLTExZTYtOGY4OC0zNDM2M2JjN2M0YzAiOnsiY3JlYXRlIjo2MDAwMDAwMDAwMDAsImRlbGV0ZSI6MTIwMDAwMDAwMDAwMH0sInNjaGVtYV92ZXJzaW9uIjoiMSJ9",
          "dependencies": [
            "aws_vpc.customer-profile"
          ]
        }
      ]
    },
    {
      "mode": "managed",
      "type": "aws_subnet",
      "name": "customer_public_a",
      "provider": "provider[\"registry.terraform.io/hashicorp/aws\"]",
      "instances": [
        {
          "schema_version": 1,
          "attributes": {
            "arn": "arn:aws:ec2:ap-southeast-1:810421502375:subnet/subnet-084827e908fdd0613",
            "assign_ipv6_address_on_creation": false,
            "availability_zone": "ap-southeast-1a",
            "availability_zone_id": "apse1-az2",
            "cidr_block": "10.0.1.0/24",
            "customer_owned_ipv4_pool": "",
            "enable_dns64": false,
            "enable_lni_at_device_index": 0,
            "enable_resource_name_dns_a_record_on_launch": false,
            "enable_resource_name_dns_aaaa_record_on_launch": false,
            "id": "subnet-084827e908fdd0613",
            "ipv4_ipam_pool_id": null,
            "ipv4_netmask_length": null,
            "ipv6_cidr_block": "",
            "ipv6_cidr_block_association_id": "",
            "ipv6_ipam_pool_id": null,
            "ipv6_native": false,
            "ipv6_netmask_length": null,
            "map_customer_owned_ip_on_launch": false,
            "map_public_ip_on_launch": true,
            "outpost_arn": "",
            "owner_id": "810421502375",
            "private_dns_hostname_type_on_launch": "ip-name",
            "region": "ap-southeast-1",
            "tags": {
              "Name": "customer-profile-public-subnet-a"
            },
            "tags_all": {
              "Name": "customer-profile-public-subnet-a"
            },
            "timeouts": null,
            "vpc_id": "vpc-09ebbc054eacbc01e"
          },
          "sensitive_attributes": [],
          "identity_schema_version": 0,
          "identity": {
            "account_id": "810421502375",
            "id": "subnet-084827e908fdd0613",
            "region": "ap-southeast-1"
          },
          "private": "eyJlMmJmYjczMC1lY2FhLTExZTYtOGY4OC0zNDM2M2JjN2M0YzAiOnsiY3JlYXRlIjo2MDAwMDAwMDAwMDAsImRlbGV0ZSI6MTIwMDAwMDAwMDAwMH0sInNjaGVtYV92ZXJzaW9uIjoiMSJ9",
          "dependencies": [
            "aws_vpc.customer-profile"
          ]
        }
      ]
    },
    {
      "mode": "managed",
      "type": "aws_subnet",
      "name": "customer_public_b",
      "provider": "provider[\"registry.terraform.io/hashicorp/aws\"]",
      "instances": [
        {
          "schema_version": 1,
          "attributes": {
            "arn": "arn:aws:ec2:ap-southeast-1:810421502375:subnet/subnet-0722d19094c48c3ab",
            "assign_ipv6_address_on_creation": false,
            "availability_zone": "ap-southeast-1b",
            "availability_zone_id": "apse1-az1",
            "cidr_block": "10.0.4.0/24",
            "customer_owned_ipv4_pool": "",
            "enable_dns64": false,
            "enable_lni_at_device_index": 0,
            "enable_resource_name_dns_a_record_on_launch": false,
            "enable_resource_name_dns_aaaa_record_on_launch": false,
            "id": "subnet-0722d19094c48c3ab",
            "ipv4_ipam_pool_id": null,
            "ipv4_netmask_length": null,
            "ipv6_cidr_block": "",
            "ipv6_cidr_block_association_id": "",
            "ipv6_ipam_pool_id": null,
            "ipv6_native": false,
            "ipv6_netmask_length": null,
            "map_customer_owned_ip_on_launch": false,
            "map_public_ip_on_launch": true,
            "outpost_arn": "",
            "owner_id": "810421502375",
            "private_dns_hostname_type_on_launch": "ip-name",
            "region": "ap-southeast-1",
            "tags": {
              "Name": "customer-profile-public-subnet-b"
            },
            "tags_all": {
              "Name": "customer-profile-public-subnet-b"
            },
            "timeouts": null,
            "vpc_id": "vpc-09ebbc054eacbc01e"
          },
          "sensitive_attributes": [],
          "identity_schema_version": 0,
          "identity": {
            "account_id": "810421502375",
            "id": "subnet-0722d19094c48c3ab",
            "region": "ap-southeast-1"
          },
          "private": "eyJlMmJmYjczMC1lY2FhLTExZTYtOGY4OC0zNDM2M2JjN2M0YzAiOnsiY3JlYXRlIjo2MDAwMDAwMDAwMDAsImRlbGV0ZSI6MTIwMDAwMDAwMDAwMH0sInNjaGVtYV92ZXJzaW9uIjoiMSJ9",
          "dependencies": [
            "aws_vpc.customer-profile"
          ]
        }
      ]
    },
    {
      "mode": "managed",
      "type": "aws_subnet",
      "name": "statement_private_a",
      "provider": "provider[\"registry.terraform.io/hashicorp/aws\"]",
      "instances": [
        {
          "schema_version": 1,
          "attributes": {
            "arn": "arn:aws:ec2:ap-southeast-1:810421502375:subnet/subnet-0ce91f3fb6e6b5398",
            "assign_ipv6_address_on_creation": false,
            "availability_zone": "ap-southeast-1a",
            "availability_zone_id": "apse1-az2",
            "cidr_block": "192.168.2.0/24",
            "customer_owned_ipv4_pool": "",
            "enable_dns64": false,
            "enable_lni_at_device_index": 0,
            "enable_resource_name_dns_a_record_on_launch": false,
            "enable_resource_name_dns_aaaa_record_on_launch": false,
            "id": "subnet-0ce91f3fb6e6b5398",
            "ipv4_ipam_pool_id": null,
            "ipv4_netmask_length": null,
            "ipv6_cidr_block": "",
            "ipv6_cidr_block_association_id": "",
            "ipv6_ipam_pool_id": null,
            "ipv6_native": false,
            "ipv6_netmask_length": null,
            "map_customer_owned_ip_on_launch": false,
            "map_public_ip_on_launch": false,
            "outpost_arn": "",
            "owner_id": "810421502375",
            "private_dns_hostname_type_on_launch": "ip-name",
            "region": "ap-southeast-1",
            "tags": {
              "Name": "statement-private-subnet-a"
            },
            "tags_all": {
              "Name": "statement-private-subnet-a"
            },
            "timeouts": null,
            "vpc_id": "vpc-05fe247eb4b2461d5"
          },
          "sensitive_attributes": [],
          "identity_schema_version": 0,
          "identity": {
            "account_id": "810421502375",
            "id": "subnet-0ce91f3fb6e6b5398",
            "region": "ap-southeast-1"
          },
          "private": "eyJlMmJmYjczMC1lY2FhLTExZTYtOGY4OC0zNDM2M2JjN2M0YzAiOnsiY3JlYXRlIjo2MDAwMDAwMDAwMDAsImRlbGV0ZSI6MTIwMDAwMDAwMDAwMH0sInNjaGVtYV92ZXJzaW9uIjoiMSJ9",
          "dependencies": [
            "aws_vpc.statement"
          ]
        }
      ]
    },
    {
      "mode": "managed",
      "type": "aws_subnet",
      "name": "statement_private_b",
      "provider": "provider[\"registry.terraform.io/hashicorp/aws\"]",
      "instances": [
        {
          "schema_version": 1,
          "attributes": {
            "arn": "arn:aws:ec2:ap-southeast-1:810421502375:subnet/subnet-0351eb68302a90505",
            "assign_ipv6_address_on_creation": false,
            "availability_zone": "ap-southeast-1b",
            "availability_zone_id": "apse1-az1",
            "cidr_block": "192.168.3.0/24",
            "customer_owned_ipv4_pool": "",
            "enable_dns64": false,
            "enable_lni_at_device_index": 0,
            "enable_resource_name_dns_a_record_on_launch": false,
            "enable_resource_name_dns_aaaa_record_on_launch": false,
            "id": "subnet-0351eb68302a90505",
            "ipv4_ipam_pool_id": null,
            "ipv4_netmask_length": null,
            "ipv6_cidr_block": "",
            "ipv6_cidr_block_association_id": "",
            "ipv6_ipam_pool_id": null,
            "ipv6_native": false,
            "ipv6_netmask_length": null,
            "map_customer_owned_ip_on_launch": false,
            "map_public_ip_on_launch": false,
            "outpost_arn": "",
            "owner_id": "810421502375",
            "private_dns_hostname_type_on_launch": "ip-name",
            "region": "ap-southeast-1",
            "tags": {
              "Name": "statement-private-subnet-b"
            },
            "tags_all": {
              "Name": "statement-private-subnet-b"
            },
            "timeouts": null,
            "vpc_id": "vpc-05fe247eb4b2461d5"
          },
          "sensitive_attributes": [],
          "identity_schema_version": 0,
          "identity": {
            "account_id": "810421502375",
            "id": "subnet-0351eb68302a90505",
            "region": "ap-southeast-1"
          },
          "private": "eyJlMmJmYjczMC1lY2FhLTExZTYtOGY4OC0zNDM2M2JjN2M0YzAiOnsiY3JlYXRlIjo2MDAwMDAwMDAwMDAsImRlbGV0ZSI6MTIwMDAwMDAwMDAwMH0sInNjaGVtYV92ZXJzaW9uIjoiMSJ9",
          "dependencies": [
            "aws_vpc.statement"
          ]
        }
      ]
    },
    {
      "mode": "managed",
      "type": "aws_subnet",
      "name": "statement_public_a",
      "provider": "provider[\"registry.terraform.io/hashicorp/aws\"]",
      "instances": [
        {
          "schema_version": 1,
          "attributes": {
            "arn": "arn:aws:ec2:ap-southeast-1:810421502375:subnet/subnet-0daac4059d06faeeb",
            "assign_ipv6_address_on_creation": false,
            "availability_zone": "ap-southeast-1a",
            "availability_zone_id": "apse1-az2",
            "cidr_block": "192.168.1.0/24",
            "customer_owned_ipv4_pool": "",
            "enable_dns64": false,
            "enable_lni_at_device_index": 0,
            "enable_resource_name_dns_a_record_on_launch": false,
            "enable_resource_name_dns_aaaa_record_on_launch": false,
            "id": "subnet-0daac4059d06faeeb",
            "ipv4_ipam_pool_id": null,
            "ipv4_netmask_length": null,
            "ipv6_cidr_block": "",
            "ipv6_cidr_block_association_id": "",
            "ipv6_ipam_pool_id": null,
            "ipv6_native": false,
            "ipv6_netmask_length": null,
            "map_customer_owned_ip_on_launch": false,
            "map_public_ip_on_launch": true,
            "outpost_arn": "",
            "owner_id": "810421502375",
            "private_dns_hostname_type_on_launch": "ip-name",
            "region": "ap-southeast-1",
            "tags": {
              "Name": "statement-public-subnet-a"
            },
            "tags_all": {
              "Name": "statement-public-subnet-a"
            },
            "timeouts": null,
            "vpc_id": "vpc-05fe247eb4b2461d5"
          },
          "sensitive_attributes": [],
          "identity_schema_version": 0,
          "identity": {
            "account_id": "810421502375",
            "id": "subnet-0daac4059d06faeeb",
            "region": "ap-southeast-1"
          },
          "private": "eyJlMmJmYjczMC1lY2FhLTExZTYtOGY4OC0zNDM2M2JjN2M0YzAiOnsiY3JlYXRlIjo2MDAwMDAwMDAwMDAsImRlbGV0ZSI6MTIwMDAwMDAwMDAwMH0sInNjaGVtYV92ZXJzaW9uIjoiMSJ9",
          "dependencies": [
            "aws_vpc.statement"
          ]
        }
      ]
    },
    {
      "mode": "managed",
      "type": "aws_vpc",
      "name": "account",
      "provider": "provider[\"registry.terraform.io/hashicorp/aws\"]",
      "instances": [
        {
          "schema_version": 1,
          "attributes": {
            "arn": "arn:aws:ec2:ap-southeast-1:810421502375:vpc/vpc-03f56d905406f2cf2",
            "assign_generated_ipv6_cidr_block": false,
            "cidr_block": "172.16.0.0/16",
            "default_network_acl_id": "acl-0cfb40dd5496992bc",
            "default_route_table_id": "rtb-00f5b4e24cda78932",
            "default_security_group_id": "sg-0d1c153bb5c0b5a7f",
            "dhcp_options_id": "dopt-0b90a22852149bbb6",
            "enable_dns_hostnames": true,
            "enable_dns_support": true,
            "enable_network_address_usage_metrics": false,
            "id": "vpc-03f56d905406f2cf2",
            "instance_tenancy": "default",
            "ipv4_ipam_pool_id": null,
            "ipv4_netmask_length": null,
            "ipv6_association_id": "",
            "ipv6_cidr_block": "",
            "ipv6_cidr_block_network_border_group": "",
            "ipv6_ipam_pool_id": "",
            "ipv6_netmask_length": 0,
            "main_route_table_id": "rtb-00f5b4e24cda78932",
            "owner_id": "810421502375",
            "region": "ap-southeast-1",
            "tags": {
              "Name": "account-vpc"
            },
            "tags_all": {
              "Name": "account-vpc"
            }
          },
          "sensitive_attributes": [],
          "identity_schema_version": 0,
          "identity": {
            "account_id": "810421502375",
            "id": "vpc-03f56d905406f2cf2",
            "region": "ap-southeast-1"
          },
          "private": "eyJzY2hlbWFfdmVyc2lvbiI6IjEifQ=="
        }
      ]
    },
    {
      "mode": "managed",
      "type": "aws_vpc",
      "name": "customer-profile",
      "provider": "provider[\"registry.terraform.io/hashicorp/aws\"]",
      "instances": [
        {
          "schema_version": 1,
          "attributes": {
            "arn": "arn:aws:ec2:ap-southeast-1:810421502375:vpc/vpc-09ebbc054eacbc01e",
            "assign_generated_ipv6_cidr_block": false,
            "cidr_block": "10.0.0.0/16",
            "default_network_acl_id": "acl-0f8b368794d3fd0c4",
            "default_route_table_id": "rtb-0dd5293b4bde170bf",
            "default_security_group_id": "sg-0f986ff6951d46972",
            "dhcp_options_id": "dopt-0b90a22852149bbb6",
            "enable_dns_hostnames": true,
            "enable_dns_support": true,
            "enable_network_address_usage_metrics": false,
            "id": "vpc-09ebbc054eacbc01e",
            "instance_tenancy": "default",
            "ipv4_ipam_pool_id": null,
            "ipv4_netmask_length": null,
            "ipv6_association_id": "",
            "ipv6_cidr_block": "",
            "ipv6_cidr_block_network_border_group": "",
            "ipv6_ipam_pool_id": "",
            "ipv6_netmask_length": 0,
            "main_route_table_id": "rtb-0dd5293b4bde170bf",
            "owner_id": "810421502375",
            "region": "ap-southeast-1",
            "tags": {
              "Name": "customer-profile-vpc"
            },
            "tags_all": {
              "Name": "customer-profile-vpc"
            }
          },
          "sensitive_attributes": [],
          "identity_schema_version": 0,
          "identity": {
            "account_id": "810421502375",
            "id": "vpc-09ebbc054eacbc01e",
            "region": "ap-southeast-1"
          },
          "private": "eyJzY2hlbWFfdmVyc2lvbiI6IjEifQ=="
        }
      ]
    },
    {
      "mode": "managed",
      "type": "aws_vpc",
      "name": "statement",
      "provider": "provider[\"registry.terraform.io/hashicorp/aws\"]",
      "instances": [
        {
          "schema_version": 1,
          "attributes": {
            "arn": "arn:aws:ec2:ap-southeast-1:810421502375:vpc/vpc-05fe247eb4b2461d5",
            "assign_generated_ipv6_cidr_block": false,
            "cidr_block": "192.168.0.0/16",
            "default_network_acl_id": "acl-0f76eb3b910c767ff",
            "default_route_table_id": "rtb-0c332fb59db9f7a38",
            "default_security_group_id": "sg-096b25ba06d71e793",
            "dhcp_options_id": "dopt-0b90a22852149bbb6",
            "enable_dns_hostnames": true,
            "enable_dns_support": true,
            "enable_network_address_usage_metrics": false,
            "id": "vpc-05fe247eb4b2461d5",
            "instance_tenancy": "default",
            "ipv4_ipam_pool_id": null,
            "ipv4_netmask_length": null,
            "ipv6_association_id": "",
            "ipv6_cidr_block": "",
            "ipv6_cidr_block_network_border_group": "",
            "ipv6_ipam_pool_id": "",
            "ipv6_netmask_length": 0,
            "main_route_table_id": "rtb-0c332fb59db9f7a38",
            "owner_id": "810421502375",
            "region": "ap-southeast-1",
            "tags": {
              "Name": "statement-vpc"
            },
            "tags_all": {
              "Name": "statement-vpc"
            }
          },
          "sensitive_attributes": [],
          "identity_schema_version": 0,
          "identity": {
            "account_id": "810421502375",
            "id": "vpc-05fe247eb4b2461d5",
            "region": "ap-southeast-1"
          },
          "private": "eyJzY2hlbWFfdmVyc2lvbiI6IjEifQ=="
        }
      ]
    },
    {
      "mode": "managed",
      "type": "aws_vpc_peering_connection",
      "name": "account_statement",
      "provider": "provider[\"registry.terraform.io/hashicorp/aws\"]",
      "instances": [
        {
          "schema_version": 0,
          "attributes": {
            "accept_status": "active",
            "accepter": [
              {
                "allow_remote_vpc_dns_resolution": false
              }
            ],
            "auto_accept": true,
            "id": "pcx-0b57312689c470f9b",
            "peer_owner_id": "810421502375",
            "peer_region": "ap-southeast-1",
            "peer_vpc_id": "vpc-05fe247eb4b2461d5",
            "region": "ap-southeast-1",
            "requester": [
              {
                "allow_remote_vpc_dns_resolution": false
              }
            ],
            "tags": {
              "Name": "account-statement-peer"
            },
            "tags_all": {
              "Name": "account-statement-peer"
            },
            "timeouts": null,
            "vpc_id": "vpc-03f56d905406f2cf2"
          },
          "sensitive_attributes": [],
          "identity_schema_version": 0,
          "private": "eyJlMmJmYjczMC1lY2FhLTExZTYtOGY4OC0zNDM2M2JjN2M0YzAiOnsiY3JlYXRlIjo2MDAwMDAwMDAwMCwiZGVsZXRlIjo2MDAwMDAwMDAwMCwidXBkYXRlIjo2MDAwMDAwMDAwMH19",
          "dependencies": [
            "aws_vpc.account",
            "aws_vpc.statement"
          ]
        }
      ]
    },
    {
      "mode": "managed",
      "type": "aws_vpc_peering_connection",
      "name": "customer_account",
      "provider": "provider[\"registry.terraform.io/hashicorp/aws\"]",
      "instances": [
        {
          "schema_version": 0,
          "attributes": {
            "accept_status": "active",
            "accepter": [
              {
                "allow_remote_vpc_dns_resolution": false
              }
            ],
            "auto_accept": true,
            "id": "pcx-057680cf767d17fb8",
            "peer_owner_id": "810421502375",
            "peer_region": "ap-southeast-1",
            "peer_vpc_id": "vpc-03f56d905406f2cf2",
            "region": "ap-southeast-1",
            "requester": [
              {
                "allow_remote_vpc_dns_resolution": false
              }
            ],
            "tags": {
              "Name": "customer-account-peer"
            },
            "tags_all": {
              "Name": "customer-account-peer"
            },
            "timeouts": null,
            "vpc_id": "vpc-09ebbc054eacbc01e"
          },
          "sensitive_attributes": [],
          "identity_schema_version": 0,
          "private": "eyJlMmJmYjczMC1lY2FhLTExZTYtOGY4OC0zNDM2M2JjN2M0YzAiOnsiY3JlYXRlIjo2MDAwMDAwMDAwMCwiZGVsZXRlIjo2MDAwMDAwMDAwMCwidXBkYXRlIjo2MDAwMDAwMDAwMH19",
          "dependencies": [
            "aws_vpc.account",
            "aws_vpc.customer-profile"
          ]
        }
      ]
    },
    {
      "mode": "managed",
      "type": "aws_vpc_peering_connection_options",
      "name": "account_statement_dns",
      "provider": "provider[\"registry.terraform.io/hashicorp/aws\"]",
      "instances": [
        {
          "schema_version": 0,
          "attributes": {
            "accepter": [
              {
                "allow_remote_vpc_dns_resolution": true
              }
            ],
            "id": "pcx-0b57312689c470f9b",
            "region": "ap-southeast-1",
            "requester": [
              {
                "allow_remote_vpc_dns_resolution": true
              }
            ],
            "vpc_peering_connection_id": "pcx-0b57312689c470f9b"
          },
          "sensitive_attributes": [],
          "identity_schema_version": 0,
          "private": "bnVsbA==",
          "dependencies": [
            "aws_vpc.account",
            "aws_vpc.statement",
            "aws_vpc_peering_connection.account_statement"
          ]
        }
      ]
    },
    {
      "mode": "managed",
      "type": "aws_vpc_peering_connection_options",
      "name": "customer_account_dns",
      "provider": "provider[\"registry.terraform.io/hashicorp/aws\"]",
      "instances": [
        {
          "schema_version": 0,
          "attributes": {
            "accepter": [
              {
                "allow_remote_vpc_dns_resolution": true
              }
            ],
            "id": "pcx-057680cf767d17fb8",
            "region": "ap-southeast-1",
            "requester": [
              {
                "allow_remote_vpc_dns_resolution": true
              }
            ],
            "vpc_peering_connection_id": "pcx-057680cf767d17fb8"
          },
          "sensitive_attributes": [],
          "identity_schema_version": 0,
          "private": "bnVsbA==",
          "dependencies": [
            "aws_vpc.account",
            "aws_vpc.customer-profile",
            "aws_vpc_peering_connection.customer_account"
          ]
        }
      ]
    },
    {
      "mode": "managed",
      "type": "local_file",
      "name": "private_key",
      "provider": "provider[\"registry.terraform.io/hashicorp/local\"]",
      "instances": [
        {
          "schema_version": 0,
          "attributes": {
            "content": "-----BEGIN RSA PRIVATE KEY-----\nMIIEogIBAAKCAQEA5lnbGwlVmdCnmjBuKQYY6IoG4ACdGvDpo3q21ZItHk08xPPI\neRKzUbfD4HekuOUPgyr3NdIHA6wP9gQJ0EPPhQe8L3612G/PZgZbvb+SjPCAJf5e\nV3xqAnoJ2TjzGIc5nV6Z8VtpBJxiol1SICD+aCWGw4M9404TITYjcDgpIlkT6Jtu\nnN76l+5nhtffo5Ov72E4E1EAHzgk60+S3CwoV9Q3jdpzHZCrbdUyQJlqteDojk6w\nkKYoDoHfdaQPaxcuISf9iTZWiLZrDb97VHomHtYHkVYwar7+cx1VGS+zQgylm+AM\n5DWwy8fZVHzk/kNeJ0wR/g0k/1UzXn/DQy4tDQIDAQABAoIBAAhEit70TZB9Avr/\niICr8ZptE9SX6QulwHkH50aQndJz2r3F8zjXQTzqX9svaCfjvtQKJ3/Ux0AsPZFq\nsTB6spjXf3tj7KJ1VugWS9YqaVfqLOtQLzIsKsDmgPJ9PwpvFhQOKG/XhFQwScEC\noPc6v+7cg/MCA6dkLr8XKpv1RBKxttwrL6DglSxgWOXRYbUO4/9fxPD9WbgOQ/vp\n5wDTUxIzaD+YMiC3WR7J32XWX836j3TEMSNyr/uEVId6QXH1kkE/SfaXd2DL7UTL\nhOs53gA9dbIiZ0j1joVxmHtEZ7pWcHII5msJZkrwWGAqv0vlTymal5UIeGfOUqAl\nHvXoQWECgYEA7pnsAIfNmeZXIfHhrgX6p1GwB4YrC3gF6SS77L5idWwG4MNIINmm\n5Dk2Hr1O8hGM2NqgUYjg8Pkc575Ax2P8okunSIVmjJp4KsXFsquRKKKPX9L44BLm\n5NgkVL+kECoJfSY+F6bS9VlDp/ewTK39Fz8g0NwWUKSnNJ4zgJyZyiECgYEA9yXs\nNSELKzUOxEWC2zyeK366RR6f9fgkRX8kE/UafZ4uGJ7vnt2IOmOqLxsp3FIe2X7F\nzsIjCTBL2YJbC7Yhg++sDcDOWZ1ZCzqH5SWno5sUaLg7XfZLIzWxGUmIQ4pEiQYD\n24IGKXeB9GpO5eUsH660hpS/vXE10yrfOffhfW0CgYBpGZv/T9Kc6/2NkkJaqX+T\nnEPxzIPBdYkE/Y1Z5zLvjjopX1uyPK1q8liIidLwhhKIoyTjRWvwOYsl+YQHUF/E\nDZcONtTJMnGkRaGj5jb2s0R8bS37ZdgXDa5TNmdKR3oOin3nZTCfqkZHAq/B1xIY\n31HRLmEV/LE6WEVPbavAgQKBgFYg8iNFw7WoBOBjdQngIyL3RATIemhmtIU/nJwT\n48p5MIlGAi2z+ECY8Pr/lWQBfly/cEHwp/MQ0K4ZXo9DRoTLJoOYeJEEY76lBCzY\nJYa/iapA4feJ2H+Ju5EbbhBThDTYUsnRk0IqMrCxx5MYfXsBEEqCVhu381EG9Mon\n1341AoGAfBb+uw420jydZFfiKYeih1JCTwx1u2a3p3FMSH4LxEBa2cpPRcIlCNH7\ndAKZjkop3K9Fh4dT8+sc1eoaGaWUKiKodCJYExDFaVOovElIwRFLZRoyLtpdlEnF\n1xm0INjn4ITJjSVYOgOft2PdhSbXcD16cr5sHvE+MAjPM0kIRAI=\n-----END RSA PRIVATE KEY-----\n",
            "content_base64": null,
            "content_base64sha256": "1kOZlypVdYsr4yHh7R6zIrl0dNq4/jp8nqLWwAYb3z0=",
            "content_base64sha512": "5t6Gw42TGZ30a8PyB3kCJ2jZjhk807NRKNriAfEbo1BJdozxDv0ece91Hvz2EEEYO6tyLutVbWMhZXpF6XXgIQ==",
            "content_md5": "8d2cf73b942a27fb861858474ef16e13",
            "content_sha1": "7501ce621d67e6801551bb88d3fb8a237805523e",
            "content_sha256": "d64399972a55758b2be321e1ed1eb322b97474dab8fe3a7c9ea2d6c0061bdf3d",
            "content_sha512": "e6de86c38d93199df46bc3f20779022768d98e193cd3b35128dae201f11ba35049768cf10efd1e71ef751efcf61041183bab722eeb556d6321657a45e975e021",
            "directory_permission": "0777",
            "file_permission": "0400",
            "filename": "fake-service-app.pem",
            "id": "7501ce621d67e6801551bb88d3fb8a237805523e",
            "sensitive_content": null,
            "source": null
          },
          "sensitive_attributes": [
            [
              {
                "type": "get_attr",
                "value": "content"
              }
            ],
            [
              {
                "type": "get_attr",
                "value": "sensitive_content"
              }
            ]
          ],
          "identity_schema_version": 0,
          "dependencies": [
            "tls_private_key.fake_service_app"
          ]
        }
      ]
    },
    {
      "mode": "managed",
      "type": "tls_private_key",
      "name": "fake_service_app",
      "provider": "provider[\"registry.terraform.io/hashicorp/tls\"]",
      "instances": [
        {
          "schema_version": 1,
          "attributes": {
            "algorithm": "RSA",
            "ecdsa_curve": "P224",
            "id": "d6ed5a74b49d208ea2297f39be18f9aa8a378c49",
            "private_key_openssh": "-----BEGIN OPENSSH PRIVATE KEY-----\nb3BlbnNzaC1rZXktdjEAAAAABG5vbmUAAAAEbm9uZQAAAAAAAAABAAABFwAAAAdz\nc2gtcnNhAAAAAwEAAQAAAQEA5lnbGwlVmdCnmjBuKQYY6IoG4ACdGvDpo3q21ZIt\nHk08xPPIeRKzUbfD4HekuOUPgyr3NdIHA6wP9gQJ0EPPhQe8L3612G/PZgZbvb+S\njPCAJf5eV3xqAnoJ2TjzGIc5nV6Z8VtpBJxiol1SICD+aCWGw4M9404TITYjcDgp\nIlkT6JtunN76l+5nhtffo5Ov72E4E1EAHzgk60+S3CwoV9Q3jdpzHZCrbdUyQJlq\nteDojk6wkKYoDoHfdaQPaxcuISf9iTZWiLZrDb97VHomHtYHkVYwar7+cx1VGS+z\nQgylm+AM5DWwy8fZVHzk/kNeJ0wR/g0k/1UzXn/DQy4tDQAAA7jtARDn7QEQ5wAA\nAAdzc2gtcnNhAAABAQDmWdsbCVWZ0KeaMG4pBhjoigbgAJ0a8OmjerbVki0eTTzE\n88h5ErNRt8Pgd6S45Q+DKvc10gcDrA/2BAnQQ8+FB7wvfrXYb89mBlu9v5KM8IAl\n/l5XfGoCegnZOPMYhzmdXpnxW2kEnGKiXVIgIP5oJYbDgz3jThMhNiNwOCkiWRPo\nm26c3vqX7meG19+jk6/vYTgTUQAfOCTrT5LcLChX1DeN2nMdkKtt1TJAmWq14OiO\nTrCQpigOgd91pA9rFy4hJ/2JNlaItmsNv3tUeiYe1geRVjBqvv5zHVUZL7NCDKWb\n4AzkNbDLx9lUfOT+Q14nTBH+DST/VTNef8NDLi0NAAAAAwEAAQAAAQAIRIre9E2Q\nfQL6/4iAq/GabRPUl+kLpcB5B+dGkJ3Sc9q9xfM410E86l/bL2gn477UCid/1MdA\nLD2RarEwerKY1397Y+yidVboFkvWKmlX6izrUC8yLCrA5oDyfT8KbxYUDihv14RU\nMEnBAqD3Or/u3IPzAgOnZC6/Fyqb9UQSsbbcKy+g4JUsYFjl0WG1DuP/X8Tw/Vm4\nDkP76ecA01MSM2g/mDIgt1keyd9l1l/N+o90xDEjcq/7hFSHekFx9ZJBP0n2l3dg\ny+1Ey4TrOd4APXWyImdI9Y6FcZh7RGe6VnByCOZrCWZK8FhgKr9L5U8pmpeVCHhn\nzlKgJR716EFhAAAAgHwW/rsONtI8nWRX4imHoodSQk8Mdbtmt6dxTEh+C8RAWtnK\nT0XCJQjR+3QCmY5KKdyvRYeHU/PrHNXqGhmllCoiqHQiWBMQxWlTqLxJSMERS2Ua\nMi7aXZRJxdcZtCDY5+CEyY0lWDoDn7dj3YUm13A9enK+bB7xPjAIzzNJCEQCAAAA\ngQDumewAh82Z5lch8eGuBfqnUbAHhisLeAXpJLvsvmJ1bAbgw0gg2abkOTYevU7y\nEYzY2qBRiODw+RznvkDHY/yiS6dIhWaMmngqxcWyq5Eooo9f0vjgEubk2CRUv6QQ\nKgl9Jj4XptL1WUOn97BMrf0XPyDQ3BZQpKc0njOAnJnKIQAAAIEA9yXsNSELKzUO\nxEWC2zyeK366RR6f9fgkRX8kE/UafZ4uGJ7vnt2IOmOqLxsp3FIe2X7FzsIjCTBL\n2YJbC7Yhg++sDcDOWZ1ZCzqH5SWno5sUaLg7XfZLIzWxGUmIQ4pEiQYD24IGKXeB\n9GpO5eUsH660hpS/vXE10yrfOffhfW0AAAAAAQID\n-----END OPENSSH PRIVATE KEY-----\n",
            "private_key_pem": "-----BEGIN RSA PRIVATE KEY-----\nMIIEogIBAAKCAQEA5lnbGwlVmdCnmjBuKQYY6IoG4ACdGvDpo3q21ZItHk08xPPI\neRKzUbfD4HekuOUPgyr3NdIHA6wP9gQJ0EPPhQe8L3612G/PZgZbvb+SjPCAJf5e\nV3xqAnoJ2TjzGIc5nV6Z8VtpBJxiol1SICD+aCWGw4M9404TITYjcDgpIlkT6Jtu\nnN76l+5nhtffo5Ov72E4E1EAHzgk60+S3CwoV9Q3jdpzHZCrbdUyQJlqteDojk6w\nkKYoDoHfdaQPaxcuISf9iTZWiLZrDb97VHomHtYHkVYwar7+cx1VGS+zQgylm+AM\n5DWwy8fZVHzk/kNeJ0wR/g0k/1UzXn/DQy4tDQIDAQABAoIBAAhEit70TZB9Avr/\niICr8ZptE9SX6QulwHkH50aQndJz2r3F8zjXQTzqX9svaCfjvtQKJ3/Ux0AsPZFq\nsTB6spjXf3tj7KJ1VugWS9YqaVfqLOtQLzIsKsDmgPJ9PwpvFhQOKG/XhFQwScEC\noPc6v+7cg/MCA6dkLr8XKpv1RBKxttwrL6DglSxgWOXRYbUO4/9fxPD9WbgOQ/vp\n5wDTUxIzaD+YMiC3WR7J32XWX836j3TEMSNyr/uEVId6QXH1kkE/SfaXd2DL7UTL\nhOs53gA9dbIiZ0j1joVxmHtEZ7pWcHII5msJZkrwWGAqv0vlTymal5UIeGfOUqAl\nHvXoQWECgYEA7pnsAIfNmeZXIfHhrgX6p1GwB4YrC3gF6SS77L5idWwG4MNIINmm\n5Dk2Hr1O8hGM2NqgUYjg8Pkc575Ax2P8okunSIVmjJp4KsXFsquRKKKPX9L44BLm\n5NgkVL+kECoJfSY+F6bS9VlDp/ewTK39Fz8g0NwWUKSnNJ4zgJyZyiECgYEA9yXs\nNSELKzUOxEWC2zyeK366RR6f9fgkRX8kE/UafZ4uGJ7vnt2IOmOqLxsp3FIe2X7F\nzsIjCTBL2YJbC7Yhg++sDcDOWZ1ZCzqH5SWno5sUaLg7XfZLIzWxGUmIQ4pEiQYD\n24IGKXeB9GpO5eUsH660hpS/vXE10yrfOffhfW0CgYBpGZv/T9Kc6/2NkkJaqX+T\nnEPxzIPBdYkE/Y1Z5zLvjjopX1uyPK1q8liIidLwhhKIoyTjRWvwOYsl+YQHUF/E\nDZcONtTJMnGkRaGj5jb2s0R8bS37ZdgXDa5TNmdKR3oOin3nZTCfqkZHAq/B1xIY\n31HRLmEV/LE6WEVPbavAgQKBgFYg8iNFw7WoBOBjdQngIyL3RATIemhmtIU/nJwT\n48p5MIlGAi2z+ECY8Pr/lWQBfly/cEHwp/MQ0K4ZXo9DRoTLJoOYeJEEY76lBCzY\nJYa/iapA4feJ2H+Ju5EbbhBThDTYUsnRk0IqMrCxx5MYfXsBEEqCVhu381EG9Mon\n1341AoGAfBb+uw420jydZFfiKYeih1JCTwx1u2a3p3FMSH4LxEBa2cpPRcIlCNH7\ndAKZjkop3K9Fh4dT8+sc1eoaGaWUKiKodCJYExDFaVOovElIwRFLZRoyLtpdlEnF\n1xm0INjn4ITJjSVYOgOft2PdhSbXcD16cr5sHvE+MAjPM0kIRAI=\n-----END RSA PRIVATE KEY-----\n",
            "private_key_pem_pkcs8": "-----BEGIN PRIVATE KEY-----\nMIIEvAIBADANBgkqhkiG9w0BAQEFAASCBKYwggSiAgEAAoIBAQDmWdsbCVWZ0Kea\nMG4pBhjoigbgAJ0a8OmjerbVki0eTTzE88h5ErNRt8Pgd6S45Q+DKvc10gcDrA/2\nBAnQQ8+FB7wvfrXYb89mBlu9v5KM8IAl/l5XfGoCegnZOPMYhzmdXpnxW2kEnGKi\nXVIgIP5oJYbDgz3jThMhNiNwOCkiWRPom26c3vqX7meG19+jk6/vYTgTUQAfOCTr\nT5LcLChX1DeN2nMdkKtt1TJAmWq14OiOTrCQpigOgd91pA9rFy4hJ/2JNlaItmsN\nv3tUeiYe1geRVjBqvv5zHVUZL7NCDKWb4AzkNbDLx9lUfOT+Q14nTBH+DST/VTNe\nf8NDLi0NAgMBAAECggEACESK3vRNkH0C+v+IgKvxmm0T1JfpC6XAeQfnRpCd0nPa\nvcXzONdBPOpf2y9oJ+O+1Aonf9THQCw9kWqxMHqymNd/e2PsonVW6BZL1ippV+os\n61AvMiwqwOaA8n0/Cm8WFA4ob9eEVDBJwQKg9zq/7tyD8wIDp2Quvxcqm/VEErG2\n3CsvoOCVLGBY5dFhtQ7j/1/E8P1ZuA5D++nnANNTEjNoP5gyILdZHsnfZdZfzfqP\ndMQxI3Kv+4RUh3pBcfWSQT9J9pd3YMvtRMuE6zneAD11siJnSPWOhXGYe0RnulZw\ncgjmawlmSvBYYCq/S+VPKZqXlQh4Z85SoCUe9ehBYQKBgQDumewAh82Z5lch8eGu\nBfqnUbAHhisLeAXpJLvsvmJ1bAbgw0gg2abkOTYevU7yEYzY2qBRiODw+RznvkDH\nY/yiS6dIhWaMmngqxcWyq5Eooo9f0vjgEubk2CRUv6QQKgl9Jj4XptL1WUOn97BM\nrf0XPyDQ3BZQpKc0njOAnJnKIQKBgQD3Jew1IQsrNQ7ERYLbPJ4rfrpFHp/1+CRF\nfyQT9Rp9ni4Ynu+e3Yg6Y6ovGyncUh7ZfsXOwiMJMEvZglsLtiGD76wNwM5ZnVkL\nOoflJaejmxRouDtd9ksjNbEZSYhDikSJBgPbggYpd4H0ak7l5SwfrrSGlL+9cTXT\nKt859+F9bQKBgGkZm/9P0pzr/Y2SQlqpf5OcQ/HMg8F1iQT9jVnnMu+OOilfW7I8\nrWryWIiJ0vCGEoijJONFa/A5iyX5hAdQX8QNlw421MkycaRFoaPmNvazRHxtLftl\n2BcNrlM2Z0pHeg6KfedlMJ+qRkcCr8HXEhjfUdEuYRX8sTpYRU9tq8CBAoGAViDy\nI0XDtagE4GN1CeAjIvdEBMh6aGa0hT+cnBPjynkwiUYCLbP4QJjw+v+VZAF+XL9w\nQfCn8xDQrhlej0NGhMsmg5h4kQRjvqUELNglhr+JqkDh94nYf4m7kRtuEFOENNhS\nydGTQioysLHHkxh9ewEQSoJWG7fzUQb0yifXfjUCgYB8Fv67DjbSPJ1kV+Iph6KH\nUkJPDHW7ZrencUxIfgvEQFrZyk9FwiUI0ft0ApmOSincr0WHh1Pz6xzV6hoZpZQq\nIqh0IlgTEMVpU6i8SUjBEUtlGjIu2l2UScXXGbQg2OfghMmNJVg6A5+3Y92FJtdw\nPXpyvmwe8T4wCM8zSQhEAg==\n-----END PRIVATE KEY-----\n",
            "public_key_fingerprint_md5": "5d:30:86:b6:26:fd:08:fa:9d:98:9b:28:7f:64:0f:5c",
            "public_key_fingerprint_sha256": "SHA256:GRNaIlGT7wG5ICeSW0p5ckLWl7dz12gfdGlPAfb96sM",
            "public_key_openssh": "ssh-rsa AAAAB3NzaC1yc2EAAAADAQABAAABAQDmWdsbCVWZ0KeaMG4pBhjoigbgAJ0a8OmjerbVki0eTTzE88h5ErNRt8Pgd6S45Q+DKvc10gcDrA/2BAnQQ8+FB7wvfrXYb89mBlu9v5KM8IAl/l5XfGoCegnZOPMYhzmdXpnxW2kEnGKiXVIgIP5oJYbDgz3jThMhNiNwOCkiWRPom26c3vqX7meG19+jk6/vYTgTUQAfOCTrT5LcLChX1DeN2nMdkKtt1TJAmWq14OiOTrCQpigOgd91pA9rFy4hJ/2JNlaItmsNv3tUeiYe1geRVjBqvv5zHVUZL7NCDKWb4AzkNbDLx9lUfOT+Q14nTBH+DST/VTNef8NDLi0N\n",
            "public_key_pem": "-----BEGIN PUBLIC KEY-----\nMIIBIjANBgkqhkiG9w0BAQEFAAOCAQ8AMIIBCgKCAQEA5lnbGwlVmdCnmjBuKQYY\n6IoG4ACdGvDpo3q21ZItHk08xPPIeRKzUbfD4HekuOUPgyr3NdIHA6wP9gQJ0EPP\nhQe8L3612G/PZgZbvb+SjPCAJf5eV3xqAnoJ2TjzGIc5nV6Z8VtpBJxiol1SICD+\naCWGw4M9404TITYjcDgpIlkT6JtunN76l+5nhtffo5Ov72E4E1EAHzgk60+S3Cwo\nV9Q3jdpzHZCrbdUyQJlqteDojk6wkKYoDoHfdaQPaxcuISf9iTZWiLZrDb97VHom\nHtYHkVYwar7+cx1VGS+zQgylm+AM5DWwy8fZVHzk/kNeJ0wR/g0k/1UzXn/DQy4t\nDQIDAQAB\n-----END PUBLIC KEY-----\n",
            "rsa_bits": 2048
          },
          "sensitive_attributes": [
            [
              {
                "type": "get_attr",
                "value": "private_key_openssh"
              }
            ],
            [
              {
                "type": "get_attr",
                "value": "private_key_pem"
              }
            ],
            [
              {
                "type": "get_attr",
                "value": "private_key_pem_pkcs8"
              }
            ]
          ],
          "identity_schema_version": 0
        }
      ]
    }
  ],
  "check_results": null
}
