{
  "version": 4,
  "terraform_version": "1.15.5",
  "serial": 547,
  "lineage": "aad5c138-8ad5-29a0-5d8c-1785dc8dd7d7",
  "outputs": {
    "account_private_ip": {
      "value": "172.16.2.168",
      "type": "string"
    },
    "customer-profile_public_ip": {
      "value": "18.142.114.44",
      "type": "string"
    },
    "customer-profile_url": {
      "value": "http://18.142.114.44:8080",
      "type": "string"
    },
    "generated_key_path": {
      "value": "fake-service-app.pem",
      "type": "string"
    },
    "statement_private_ip": {
      "value": "192.168.2.153",
      "type": "string"
    },
    "used_key_name": {
      "value": "fake-service-app-ssh-key",
      "type": "string"
    }
  },
  "resources": [
    {
      "mode": "data",
      "type": "aws_ami",
      "name": "ubuntu",
      "provider": "provider[\"registry.terraform.io/hashicorp/aws\"]",
      "instances": [
        {
          "schema_version": 0,
          "attributes": {
            "allow_unsafe_filter": null,
            "architecture": "x86_64",
            "arn": "arn:aws:ec2:ap-southeast-1::image/ami-03acbba64aef9bf5c",
            "block_device_mappings": [
              {
                "device_name": "/dev/sda1",
                "ebs": {
                  "delete_on_termination": "true",
                  "encrypted": "false",
                  "iops": "0",
                  "snapshot_id": "snap-035d3d988f229c09d",
                  "throughput": "0",
                  "volume_initialization_rate": "0",
                  "volume_size": "8",
                  "volume_type": "gp3"
                },
                "no_device": "",
                "virtual_name": ""
              },
              {
                "device_name": "/dev/sdb",
                "ebs": {},
                "no_device": "",
                "virtual_name": "ephemeral0"
              },
              {
                "device_name": "/dev/sdc",
                "ebs": {},
                "no_device": "",
                "virtual_name": "ephemeral1"
              }
            ],
            "boot_mode": "uefi-preferred",
            "creation_date": "2026-06-10T10:55:05.000Z",
            "deprecation_time": "2028-06-10T10:55:05.000Z",
            "description": "Canonical, Ubuntu, 24.04, amd64 noble image",
            "ena_support": true,
            "executable_users": null,
            "filter": [
              {
                "name": "name",
                "values": [
                  "ubuntu/images/hvm-ssd-gp3/ubuntu-noble-24.04-amd64-server-*"
                ]
              },
              {
                "name": "virtualization-type",
                "values": [
                  "hvm"
                ]
              }
            ],
            "hypervisor": "xen",
            "id": "ami-03acbba64aef9bf5c",
            "image_id": "ami-03acbba64aef9bf5c",
            "image_location": "amazon/ubuntu/images/hvm-ssd-gp3/ubuntu-noble-24.04-amd64-server-20260610",
            "image_owner_alias": "amazon",
            "image_type": "machine",
            "imds_support": "v2.0",
            "include_deprecated": false,
            "kernel_id": "",
            "last_launched_time": "",
            "most_recent": true,
            "name": "ubuntu/images/hvm-ssd-gp3/ubuntu-noble-24.04-amd64-server-20260610",
            "name_regex": null,
            "owner_id": "099720109477",
            "owners": [
              "099720109477"
            ],
            "platform": "",
            "platform_details": "Linux/UNIX",
            "product_codes": [],
            "public": true,
            "ramdisk_id": "",
            "region": "ap-southeast-1",
            "root_device_name": "/dev/sda1",
            "root_device_type": "ebs",
            "root_snapshot_id": "snap-035d3d988f229c09d",
            "sriov_net_support": "simple",
            "state": "available",
            "state_reason": {
              "code": "UNSET",
              "message": "UNSET"
            },
            "tags": {},
            "timeouts": null,
            "tpm_support": "",
            "uefi_data": null,
            "usage_operation": "RunInstances",
            "virtualization_type": "hvm"
          },
          "sensitive_attributes": [],
          "identity_schema_version": 0
        }
      ]
    },
    {
      "mode": "managed",
      "type": "aws_eip",
      "name": "account_nat",
      "provider": "provider[\"registry.terraform.io/hashicorp/aws\"]",
      "instances": [
        {
          "schema_version": 0,
          "attributes": {
            "address": null,
            "allocation_id": "eipalloc-0aa3e75ec8304cbca",
            "arn": "arn:aws:ec2:ap-southeast-1:810421502375:elastic-ip/eipalloc-0aa3e75ec8304cbca",
            "associate_with_private_ip": null,
            "association_id": "",
            "carrier_ip": "",
            "customer_owned_ip": "",
            "customer_owned_ipv4_pool": "",
            "domain": "vpc",
            "id": "eipalloc-0aa3e75ec8304cbca",
            "instance": "",
            "ipam_pool_id": "",
            "network_border_group": "ap-southeast-1",
            "network_interface": "",
            "private_dns": "",
            "private_ip": "",
            "ptr_record": "",
            "public_dns": "ec2-18-142-21-122.ap-southeast-1.compute.amazonaws.com",
            "public_ip": "18.142.21.122",
            "public_ipv4_pool": "amazon",
            "region": "ap-southeast-1",
            "tags": null,
            "tags_all": {},
            "timeouts": null
          },
          "sensitive_attributes": [],
          "identity_schema_version": 0,
          "identity": {
            "account_id": "810421502375",
            "id": "eipalloc-0aa3e75ec8304cbca",
            "region": "ap-southeast-1"
          },
          "private": "eyJlMmJmYjczMC1lY2FhLTExZTYtOGY4OC0zNDM2M2JjN2M0YzAiOnsiZGVsZXRlIjoxODAwMDAwMDAwMDAsInJlYWQiOjkwMDAwMDAwMDAwMCwidXBkYXRlIjozMDAwMDAwMDAwMDB9fQ=="
        }
      ]
    },
    {
      "mode": "managed",
      "type": "aws_eip",
      "name": "statement_nat",
      "provider": "provider[\"registry.terraform.io/hashicorp/aws\"]",
      "instances": [
        {
          "schema_version": 0,
          "attributes": {
            "address": null,
            "allocation_id": "eipalloc-08dd12175c3f17889",
            "arn": "arn:aws:ec2:ap-southeast-1:810421502375:elastic-ip/eipalloc-08dd12175c3f17889",
            "associate_with_private_ip": null,
            "association_id": "",
            "carrier_ip": "",
            "customer_owned_ip": "",
            "customer_owned_ipv4_pool": "",
            "domain": "vpc",
            "id": "eipalloc-08dd12175c3f17889",
            "instance": "",
            "ipam_pool_id": "",
            "network_border_group": "ap-southeast-1",
            "network_interface": "",
            "private_dns": "",
            "private_ip": "",
            "ptr_record": "",
            "public_dns": "ec2-56-10-37-183.ap-southeast-1.compute.amazonaws.com",
            "public_ip": "56.10.37.183",
            "public_ipv4_pool": "amazon",
            "region": "ap-southeast-1",
            "tags": null,
            "tags_all": {},
            "timeouts": null
          },
          "sensitive_attributes": [],
          "identity_schema_version": 0,
          "identity": {
            "account_id": "810421502375",
            "id": "eipalloc-08dd12175c3f17889",
            "region": "ap-southeast-1"
          },
          "private": "eyJlMmJmYjczMC1lY2FhLTExZTYtOGY4OC0zNDM2M2JjN2M0YzAiOnsiZGVsZXRlIjoxODAwMDAwMDAwMDAsInJlYWQiOjkwMDAwMDAwMDAwMCwidXBkYXRlIjozMDAwMDAwMDAwMDB9fQ=="
        }
      ]
    },
    {
      "mode": "managed",
      "type": "aws_instance",
      "name": "account_app",
      "provider": "provider[\"registry.terraform.io/hashicorp/aws\"]",
      "instances": [
        {
          "schema_version": 2,
          "attributes": {
            "ami": "ami-03acbba64aef9bf5c",
            "arn": "arn:aws:ec2:ap-southeast-1:810421502375:instance/i-0d0b3165b1459a5d1",
            "associate_public_ip_address": false,
            "availability_zone": "ap-southeast-1a",
            "capacity_reservation_specification": [
              {
                "capacity_reservation_preference": "open",
                "capacity_reservation_target": []
              }
            ],
            "cpu_options": [
              {
                "amd_sev_snp": "",
                "core_count": 1,
                "nested_virtualization": "",
                "threads_per_core": 2
              }
            ],
            "credit_specification": [
              {
                "cpu_credits": "unlimited"
              }
            ],
            "disable_api_stop": false,
            "disable_api_termination": false,
            "ebs_block_device": [],
            "ebs_optimized": false,
            "enable_primary_ipv6": null,
            "enclave_options": [
              {
                "enabled": false
              }
            ],
            "ephemeral_block_device": [],
            "force_destroy": false,
            "get_password_data": false,
            "hibernation": false,
            "host_id": "",
            "host_resource_group_arn": null,
            "iam_instance_profile": "",
            "id": "i-0d0b3165b1459a5d1",
            "instance_initiated_shutdown_behavior": "stop",
            "instance_lifecycle": "",
            "instance_market_options": [],
            "instance_state": "running",
            "instance_type": "t3.micro",
            "ipv6_address_count": 0,
            "ipv6_addresses": [],
            "key_name": "fake-service-app-ssh-key",
            "launch_template": [],
            "maintenance_options": [
              {
                "auto_recovery": "default"
              }
            ],
            "metadata_options": [
              {
                "http_endpoint": "enabled",
                "http_protocol_ipv6": "disabled",
                "http_put_response_hop_limit": 2,
                "http_tokens": "required",
                "instance_metadata_tags": "disabled"
              }
            ],
            "monitoring": false,
            "network_interface": [],
            "outpost_arn": "",
            "password_data": "",
            "placement_group": "",
            "placement_group_id": "",
            "placement_partition_number": 0,
            "primary_network_interface": [
              {
                "delete_on_termination": true,
                "network_interface_id": "eni-02e08fb872b05e919"
              }
            ],
            "primary_network_interface_id": "eni-02e08fb872b05e919",
            "private_dns": "ip-172-16-2-168.ap-southeast-1.compute.internal",
            "private_dns_name_options": [
              {
                "enable_resource_name_dns_a_record": false,
                "enable_resource_name_dns_aaaa_record": false,
                "hostname_type": "ip-name"
              }
            ],
            "private_ip": "172.16.2.168",
            "public_dns": "",
            "public_ip": "",
            "region": "ap-southeast-1",
            "root_block_device": [
              {
                "delete_on_termination": true,
                "device_name": "/dev/sda1",
                "encrypted": false,
                "iops": 3000,
                "kms_key_id": "",
                "tags": {},
                "tags_all": {},
                "throughput": 125,
                "volume_id": "vol-0e53a342d695f58ac",
                "volume_size": 8,
                "volume_type": "gp3"
              }
            ],
            "secondary_network_interface": [],
            "secondary_private_ips": [],
            "security_groups": [],
            "source_dest_check": true,
            "spot_instance_request_id": "",
            "subnet_id": "subnet-0092d7186a3fae13e",
            "tags": {
              "Name": "account-app-instance"
            },
            "tags_all": {
              "Name": "account-app-instance"
            },
            "tenancy": "default",
            "timeouts": null,
            "user_data": "#!/bin/bash\nset -xe\n\napt-get update -y\napt-get install -y unzip curl\n\ncurl -L https://github.com/nicholasjackson/fake-service/releases/download/v0.26.2/fake_service_linux_amd64.zip -o /tmp/account-service.zip\nunzip -o /tmp/account-service.zip -d /tmp/\nmv /tmp/fake-service /usr/local/bin/account-service\nchmod 755 /usr/local/bin/account-service\n\ncat \u003e /etc/systemd/system/account-service.service \u003c\u003c EOF\n[Unit]\nDescription=Account API Service\nAfter=network.target\n\n[Service]\nType=simple\nUser=ubuntu\nGroup=ubuntu\nExecStart=/usr/local/bin/account-service\n\nEnvironment=\"LISTEN_ADDR=0.0.0.0:8080\"\nEnvironment=\"UPSTREAM_URIS=http://192.168.2.153:8080\"\nEnvironment=\"MESSAGE=HelloCloud Bank | Retail-Banking | Account-service\"\nEnvironment=\"NAME=account\"\n\nRestart=always\nRestartSec=5\n\n[Install]\nWantedBy=multi-user.target\nEOF\n\nsystemctl daemon-reload\nsystemctl enable account-service.service\nsystemctl restart account-service.service\n\nsleep 3\nsystemctl status account-service.service --no-pager",
            "user_data_base64": null,
            "user_data_replace_on_change": false,
            "volume_tags": null,
            "vpc_security_group_ids": [
              "sg-011c5771e96b6054e"
            ]
          },
          "sensitive_attributes": [],
          "identity_schema_version": 0,
          "identity": {
            "account_id": "810421502375",
            "id": "i-0d0b3165b1459a5d1",
            "region": "ap-southeast-1"
          },
          "private": "eyJlMmJmYjczMC1lY2FhLTExZTYtOGY4OC0zNDM2M2JjN2M0YzAiOnsiY3JlYXRlIjo2MDAwMDAwMDAwMDAsImRlbGV0ZSI6MTIwMDAwMDAwMDAwMCwicmVhZCI6OTAwMDAwMDAwMDAwLCJ1cGRhdGUiOjYwMDAwMDAwMDAwMH0sInNjaGVtYV92ZXJzaW9uIjoiMiJ9",
          "dependencies": [
            "aws_instance.statement_app",
            "aws_key_pair.fake_service_app",
            "aws_security_group.account",
            "aws_security_group.statement",
            "aws_subnet.account_private",
            "aws_subnet.statement_private",
            "aws_vpc.account",
            "aws_vpc.statement",
            "data.aws_ami.ubuntu",
            "tls_private_key.fake_service_app"
          ]
        }
      ]
    },
    {
      "mode": "managed",
      "type": "aws_instance",
      "name": "customer-profile_app",
      "provider": "provider[\"registry.terraform.io/hashicorp/aws\"]",
      "instances": [
        {
          "schema_version": 2,
          "attributes": {
            "ami": "ami-03acbba64aef9bf5c",
            "arn": "arn:aws:ec2:ap-southeast-1:810421502375:instance/i-01bfa0bcf551e997d",
            "associate_public_ip_address": true,
            "availability_zone": "ap-southeast-1c",
            "capacity_reservation_specification": [
              {
                "capacity_reservation_preference": "open",
                "capacity_reservation_target": []
              }
            ],
            "cpu_options": [
              {
                "amd_sev_snp": "",
                "core_count": 1,
                "nested_virtualization": "",
                "threads_per_core": 2
              }
            ],
            "credit_specification": [
              {
                "cpu_credits": "unlimited"
              }
            ],
            "disable_api_stop": false,
            "disable_api_termination": false,
            "ebs_block_device": [],
            "ebs_optimized": false,
            "enable_primary_ipv6": null,
            "enclave_options": [
              {
                "enabled": false
              }
            ],
            "ephemeral_block_device": [],
            "force_destroy": false,
            "get_password_data": false,
            "hibernation": false,
            "host_id": "",
            "host_resource_group_arn": null,
            "iam_instance_profile": "",
            "id": "i-01bfa0bcf551e997d",
            "instance_initiated_shutdown_behavior": "stop",
            "instance_lifecycle": "",
            "instance_market_options": [],
            "instance_state": "running",
            "instance_type": "t3.micro",
            "ipv6_address_count": 0,
            "ipv6_addresses": [],
            "key_name": "fake-service-app-ssh-key",
            "launch_template": [],
            "maintenance_options": [
              {
                "auto_recovery": "default"
              }
            ],
            "metadata_options": [
              {
                "http_endpoint": "enabled",
                "http_protocol_ipv6": "disabled",
                "http_put_response_hop_limit": 2,
                "http_tokens": "required",
                "instance_metadata_tags": "disabled"
              }
            ],
            "monitoring": false,
            "network_interface": [],
            "outpost_arn": "",
            "password_data": "",
            "placement_group": "",
            "placement_group_id": "",
            "placement_partition_number": 0,
            "primary_network_interface": [
              {
                "delete_on_termination": true,
                "network_interface_id": "eni-0d9f43748a4fa17ad"
              }
            ],
            "primary_network_interface_id": "eni-0d9f43748a4fa17ad",
            "private_dns": "ip-10-0-1-244.ap-southeast-1.compute.internal",
            "private_dns_name_options": [
              {
                "enable_resource_name_dns_a_record": false,
                "enable_resource_name_dns_aaaa_record": false,
                "hostname_type": "ip-name"
              }
            ],
            "private_ip": "10.0.1.244",
            "public_dns": "ec2-18-142-114-44.ap-southeast-1.compute.amazonaws.com",
            "public_ip": "18.142.114.44",
            "region": "ap-southeast-1",
            "root_block_device": [
              {
                "delete_on_termination": true,
                "device_name": "/dev/sda1",
                "encrypted": false,
                "iops": 3000,
                "kms_key_id": "",
                "tags": {},
                "tags_all": {},
                "throughput": 125,
                "volume_id": "vol-075b49c249b71ac60",
                "volume_size": 8,
                "volume_type": "gp3"
              }
            ],
            "secondary_network_interface": [],
            "secondary_private_ips": [],
            "security_groups": [],
            "source_dest_check": true,
            "spot_instance_request_id": "",
            "subnet_id": "subnet-0f33d93f96f9f5a85",
            "tags": {
              "Name": "customer-profile-app-instance"
            },
            "tags_all": {
              "Name": "customer-profile-app-instance"
            },
            "tenancy": "default",
            "timeouts": null,
            "user_data": "#!/bin/bash\nset -xe\n\necho \"Installing dependencies\"\nsudo apt-get update -y\nsudo apt-get install -y unzip curl\n\necho \"Downloading fake-service\"\n\ncurl -L https://github.com/nicholasjackson/fake-service/releases/download/v0.26.2/fake_service_linux_amd64.zip -o /tmp/customer-profile.zip\n\nunzip -o /tmp/customer-profile.zip -d /tmp/\n\n# FIX: correct binary path\nsudo mv /tmp/fake-service /usr/local/bin/customer-profile-service\nsudo chmod 755 /usr/local/bin/customer-profile-service\n\necho \"Creating systemd service\"\n\ncat \u003e /etc/systemd/system/customer-profile-api.service \u003c\u003cEOF\n\n[Unit]\nDescription=Customer Profile API Service\nAfter=network.target\n\n[Service]\nType=simple\nUser=ubuntu\nGroup=ubuntu\nExecStart=/usr/local/bin/customer-profile-service\n\nEnvironment=\"LISTEN_ADDR=0.0.0.0:8080\"\nEnvironment=\"UPSTREAM_URIS=http://172.16.2.168:8080\"\nEnvironment=\"MESSAGE=HelloCloud Bank | Retail-Banking | Customer-profile-service\"\nEnvironment=\"NAME=customer-profile-service\"\n\nRestart=always\nRestartSec=5\n\n[Install]\nWantedBy=multi-user.target\nEOF\n\necho \"Reloading systemd\"\nsudo systemctl daemon-reload\nsudo systemctl enable customer-profile-api.service\nsudo systemctl restart customer-profile-api.service\n\nsleep 3\nsudo systemctl status customer-profile-api.service --no-pager",
            "user_data_base64": null,
            "user_data_replace_on_change": false,
            "volume_tags": null,
            "vpc_security_group_ids": [
              "sg-0ce64c4742f790cdd"
            ]
          },
          "sensitive_attributes": [],
          "identity_schema_version": 0,
          "identity": {
            "account_id": "810421502375",
            "id": "i-01bfa0bcf551e997d",
            "region": "ap-southeast-1"
          },
          "private": "eyJlMmJmYjczMC1lY2FhLTExZTYtOGY4OC0zNDM2M2JjN2M0YzAiOnsiY3JlYXRlIjo2MDAwMDAwMDAwMDAsImRlbGV0ZSI6MTIwMDAwMDAwMDAwMCwicmVhZCI6OTAwMDAwMDAwMDAwLCJ1cGRhdGUiOjYwMDAwMDAwMDAwMH0sInNjaGVtYV92ZXJzaW9uIjoiMiJ9",
          "dependencies": [
            "aws_instance.account_app",
            "aws_instance.statement_app",
            "aws_key_pair.fake_service_app",
            "aws_security_group.account",
            "aws_security_group.customer-profile",
            "aws_security_group.statement",
            "aws_subnet.account_private",
            "aws_subnet.customer_public",
            "aws_subnet.statement_private",
            "aws_vpc.account",
            "aws_vpc.customer-profile",
            "aws_vpc.statement",
            "data.aws_ami.ubuntu",
            "tls_private_key.fake_service_app"
          ]
        }
      ]
    },
    {
      "mode": "managed",
      "type": "aws_instance",
      "name": "statement_app",
      "provider": "provider[\"registry.terraform.io/hashicorp/aws\"]",
      "instances": [
        {
          "schema_version": 2,
          "attributes": {
            "ami": "ami-03acbba64aef9bf5c",
            "arn": "arn:aws:ec2:ap-southeast-1:810421502375:instance/i-01b67b4c5a4b40389",
            "associate_public_ip_address": false,
            "availability_zone": "ap-southeast-1a",
            "capacity_reservation_specification": [
              {
                "capacity_reservation_preference": "open",
                "capacity_reservation_target": []
              }
            ],
            "cpu_options": [
              {
                "amd_sev_snp": "",
                "core_count": 1,
                "nested_virtualization": "",
                "threads_per_core": 2
              }
            ],
            "credit_specification": [
              {
                "cpu_credits": "unlimited"
              }
            ],
            "disable_api_stop": false,
            "disable_api_termination": false,
            "ebs_block_device": [],
            "ebs_optimized": false,
            "enable_primary_ipv6": null,
            "enclave_options": [
              {
                "enabled": false
              }
            ],
            "ephemeral_block_device": [],
            "force_destroy": false,
            "get_password_data": false,
            "hibernation": false,
            "host_id": "",
            "host_resource_group_arn": null,
            "iam_instance_profile": "",
            "id": "i-01b67b4c5a4b40389",
            "instance_initiated_shutdown_behavior": "stop",
            "instance_lifecycle": "",
            "instance_market_options": [],
            "instance_state": "running",
            "instance_type": "t3.micro",
            "ipv6_address_count": 0,
            "ipv6_addresses": [],
            "key_name": "fake-service-app-ssh-key",
            "launch_template": [],
            "maintenance_options": [
              {
                "auto_recovery": "default"
              }
            ],
            "metadata_options": [
              {
                "http_endpoint": "enabled",
                "http_protocol_ipv6": "disabled",
                "http_put_response_hop_limit": 2,
                "http_tokens": "required",
                "instance_metadata_tags": "disabled"
              }
            ],
            "monitoring": false,
            "network_interface": [],
            "outpost_arn": "",
            "password_data": "",
            "placement_group": "",
            "placement_group_id": "",
            "placement_partition_number": 0,
            "primary_network_interface": [
              {
                "delete_on_termination": true,
                "network_interface_id": "eni-0600445c86a4d21aa"
              }
            ],
            "primary_network_interface_id": "eni-0600445c86a4d21aa",
            "private_dns": "ip-192-168-2-153.ap-southeast-1.compute.internal",
            "private_dns_name_options": [
              {
                "enable_resource_name_dns_a_record": false,
                "enable_resource_name_dns_aaaa_record": false,
                "hostname_type": "ip-name"
              }
            ],
            "private_ip": "192.168.2.153",
            "public_dns": "",
            "public_ip": "",
            "region": "ap-southeast-1",
            "root_block_device": [
              {
                "delete_on_termination": true,
                "device_name": "/dev/sda1",
                "encrypted": false,
                "iops": 3000,
                "kms_key_id": "",
                "tags": {},
                "tags_all": {},
                "throughput": 125,
                "volume_id": "vol-01a8fb54c5292110c",
                "volume_size": 8,
                "volume_type": "gp3"
              }
            ],
            "secondary_network_interface": [],
            "secondary_private_ips": [],
            "security_groups": [],
            "source_dest_check": true,
            "spot_instance_request_id": "",
            "subnet_id": "subnet-080a83b03b7611d61",
            "tags": {
              "Name": "statement-app-instance"
            },
            "tags_all": {
              "Name": "statement-app-instance"
            },
            "tenancy": "default",
            "timeouts": null,
            "user_data": "#!/bin/bash\nset -xe\n\n# 1. Use apt-get for Ubuntu\napt-get update -y\napt-get install -y unzip curl\n\n# 2. Use /tmp for downloads and cleanup\ncurl -L https://github.com/nicholasjackson/fake-service/releases/download/v0.26.2/fake_service_linux_amd64.zip -o /tmp/statement-service.zip\nunzip -o /tmp/statement-service.zip -d /tmp/\n\n# 3. Move to a standard binary path\nmv /tmp/fake-service /usr/local/bin/statement-service\nchmod 755 /usr/local/bin/statement-service\n\n# 4. Correct Ubuntu systemd path and remove 'EOF' quotes\ncat \u003e /etc/systemd/system/statement-service.service \u003c\u003c EOF\n[Unit]\nDescription=Statement API Service\nAfter=network.target\n\n[Service]\nType=simple\nUser=ubuntu\nGroup=ubuntu\nExecStart=/usr/local/bin/statement-service\n\nEnvironment=\"LISTEN_ADDR=0.0.0.0:8080\"\nEnvironment=\"MESSAGE=HelloCloud Bank | Retail-Banking | Statement-service\"\nEnvironment=\"NAME=statement-service\"\n\nRestart=always\nRestartSec=5\n\n[Install]\nWantedBy=multi-user.target\nEOF\n\n# 5. Start the service\nsystemctl daemon-reload\nsystemctl enable statement-service.service\nsystemctl restart statement-service.service\n\n# 6. Verify\nsleep 3\nsystemctl status statement-service.service --no-pager",
            "user_data_base64": null,
            "user_data_replace_on_change": false,
            "volume_tags": null,
            "vpc_security_group_ids": [
              "sg-0fdc2fd32fb0238f4"
            ]
          },
          "sensitive_attributes": [],
          "identity_schema_version": 0,
          "identity": {
            "account_id": "810421502375",
            "id": "i-01b67b4c5a4b40389",
            "region": "ap-southeast-1"
          },
          "private": "eyJlMmJmYjczMC1lY2FhLTExZTYtOGY4OC0zNDM2M2JjN2M0YzAiOnsiY3JlYXRlIjo2MDAwMDAwMDAwMDAsImRlbGV0ZSI6MTIwMDAwMDAwMDAwMCwicmVhZCI6OTAwMDAwMDAwMDAwLCJ1cGRhdGUiOjYwMDAwMDAwMDAwMH0sInNjaGVtYV92ZXJzaW9uIjoiMiJ9",
          "dependencies": [
            "aws_key_pair.fake_service_app",
            "aws_security_group.statement",
            "aws_subnet.statement_private",
            "aws_vpc.statement",
            "data.aws_ami.ubuntu",
            "tls_private_key.fake_service_app"
          ]
        }
      ]
    },
    {
      "mode": "managed",
      "type": "aws_internet_gateway",
      "name": "account",
      "provider": "provider[\"registry.terraform.io/hashicorp/aws\"]",
      "instances": [
        {
          "schema_version": 0,
          "attributes": {
            "arn": "arn:aws:ec2:ap-southeast-1:810421502375:internet-gateway/igw-047303626819de180",
            "id": "igw-047303626819de180",
            "owner_id": "810421502375",
            "region": "ap-southeast-1",
            "tags": {
              "Name": "account-igw"
            },
            "tags_all": {
              "Name": "account-igw"
            },
            "timeouts": null,
            "vpc_id": "vpc-0d1c1c3b114a6f8af"
          },
          "sensitive_attributes": [],
          "identity_schema_version": 0,
          "identity": {
            "account_id": "810421502375",
            "id": "igw-047303626819de180",
            "region": "ap-southeast-1"
          },
          "private": "eyJlMmJmYjczMC1lY2FhLTExZTYtOGY4OC0zNDM2M2JjN2M0YzAiOnsiY3JlYXRlIjoxMjAwMDAwMDAwMDAwLCJkZWxldGUiOjEyMDAwMDAwMDAwMDAsInVwZGF0ZSI6MTIwMDAwMDAwMDAwMH19",
          "dependencies": [
            "aws_vpc.account"
          ]
        }
      ]
    },
    {
      "mode": "managed",
      "type": "aws_internet_gateway",
      "name": "customer-profile",
      "provider": "provider[\"registry.terraform.io/hashicorp/aws\"]",
      "instances": [
        {
          "schema_version": 0,
          "attributes": {
            "arn": "arn:aws:ec2:ap-southeast-1:810421502375:internet-gateway/igw-09bbf26882996fd14",
            "id": "igw-09bbf26882996fd14",
            "owner_id": "810421502375",
            "region": "ap-southeast-1",
            "tags": {
              "Name": "customer-profile-igw"
            },
            "tags_all": {
              "Name": "customer-profile-igw"
            },
            "timeouts": null,
            "vpc_id": "vpc-0ed9a1893cf9b873d"
          },
          "sensitive_attributes": [],
          "identity_schema_version": 0,
          "identity": {
            "account_id": "810421502375",
            "id": "igw-09bbf26882996fd14",
            "region": "ap-southeast-1"
          },
          "private": "eyJlMmJmYjczMC1lY2FhLTExZTYtOGY4OC0zNDM2M2JjN2M0YzAiOnsiY3JlYXRlIjoxMjAwMDAwMDAwMDAwLCJkZWxldGUiOjEyMDAwMDAwMDAwMDAsInVwZGF0ZSI6MTIwMDAwMDAwMDAwMH19",
          "dependencies": [
            "aws_vpc.customer-profile"
          ]
        }
      ]
    },
    {
      "mode": "managed",
      "type": "aws_internet_gateway",
      "name": "statement",
      "provider": "provider[\"registry.terraform.io/hashicorp/aws\"]",
      "instances": [
        {
          "schema_version": 0,
          "attributes": {
            "arn": "arn:aws:ec2:ap-southeast-1:810421502375:internet-gateway/igw-06545ee70b6ee416c",
            "id": "igw-06545ee70b6ee416c",
            "owner_id": "810421502375",
            "region": "ap-southeast-1",
            "tags": {
              "Name": "statement-igw"
            },
            "tags_all": {
              "Name": "statement-igw"
            },
            "timeouts": null,
            "vpc_id": "vpc-09f75fe898a1870cb"
          },
          "sensitive_attributes": [],
          "identity_schema_version": 0,
          "identity": {
            "account_id": "810421502375",
            "id": "igw-06545ee70b6ee416c",
            "region": "ap-southeast-1"
          },
          "private": "eyJlMmJmYjczMC1lY2FhLTExZTYtOGY4OC0zNDM2M2JjN2M0YzAiOnsiY3JlYXRlIjoxMjAwMDAwMDAwMDAwLCJkZWxldGUiOjEyMDAwMDAwMDAwMDAsInVwZGF0ZSI6MTIwMDAwMDAwMDAwMH19",
          "dependencies": [
            "aws_vpc.statement"
          ]
        }
      ]
    },
    {
      "mode": "managed",
      "type": "aws_key_pair",
      "name": "fake_service_app",
      "provider": "provider[\"registry.terraform.io/hashicorp/aws\"]",
      "instances": [
        {
          "schema_version": 1,
          "attributes": {
            "arn": "arn:aws:ec2:ap-southeast-1:810421502375:key-pair/fake-service-app-ssh-key",
            "fingerprint": "46:d1:ee:31:0d:98:55:dc:d4:ea:fc:e5:30:0f:fa:f0",
            "id": "fake-service-app-ssh-key",
            "key_name": "fake-service-app-ssh-key",
            "key_name_prefix": "",
            "key_pair_id": "key-05f838c9315cf8e5d",
            "key_type": "rsa",
            "public_key": "ssh-rsa AAAAB3NzaC1yc2EAAAADAQABAAABAQCnOXGsXRgiGDohpyOStzGTgVIzAV2yTZIIlCxw6R8mYYzczl7BqZUm1W1kD8E99a6MF7p3tHGJL1x4KV8QQxgBVsk8VuEhLntXCqiwsaAJn/bEHEAvzQYdv+rFc/CJ4BikxrSe49YK/T9M5jV6sfEgN5VDBTPa1rCpmKroagkV0hBxtuQPKZgrVvmYlilDyOwwnATTP5zQvRdpvL7CeXFxGf2cQX19q5N43nBZXFI6gsBZCwQATHXBZXVg/rbnZ8oxRY1Wa2RReXRnTaOu81vXehbYnG5ChhKIUopjJdxCTzI4FARrWN/2xutwXG5IfHGP8YOa67dlY6UFAzKtj1BZ",
            "region": "ap-southeast-1",
            "tags": null,
            "tags_all": {}
          },
          "sensitive_attributes": [],
          "identity_schema_version": 0,
          "private": "eyJzY2hlbWFfdmVyc2lvbiI6IjEifQ==",
          "dependencies": [
            "tls_private_key.fake_service_app"
          ]
        }
      ]
    },
    {
      "mode": "managed",
      "type": "aws_nat_gateway",
      "name": "account",
      "provider": "provider[\"registry.terraform.io/hashicorp/aws\"]",
      "instances": [
        {
          "schema_version": 0,
          "attributes": {
            "allocation_id": "eipalloc-0aa3e75ec8304cbca",
            "association_id": "eipassoc-0271a652e55829bfd",
            "auto_provision_zones": null,
            "auto_scaling_ips": null,
            "availability_mode": "zonal",
            "availability_zone_address": [],
            "connectivity_type": "public",
            "id": "nat-06b37881c98e776e8",
            "network_interface_id": "eni-0dd2759a34c632b31",
            "private_ip": "172.16.1.33",
            "public_ip": "18.142.21.122",
            "region": "ap-southeast-1",
            "regional_nat_gateway_address": [],
            "regional_nat_gateway_auto_mode": null,
            "route_table_id": null,
            "secondary_allocation_ids": [],
            "secondary_private_ip_address_count": 0,
            "secondary_private_ip_addresses": [],
            "subnet_id": "subnet-0640a4956ea7eb50f",
            "tags": null,
            "tags_all": {},
            "timeouts": null,
            "vpc_id": "vpc-0d1c1c3b114a6f8af"
          },
          "sensitive_attributes": [],
          "identity_schema_version": 0,
          "identity": {
            "account_id": "810421502375",
            "id": "nat-06b37881c98e776e8",
            "region": "ap-southeast-1"
          },
          "private": "eyJlMmJmYjczMC1lY2FhLTExZTYtOGY4OC0zNDM2M2JjN2M0YzAiOnsiY3JlYXRlIjo2MDAwMDAwMDAwMDAsImRlbGV0ZSI6MTgwMDAwMDAwMDAwMCwidXBkYXRlIjo2MDAwMDAwMDAwMDB9fQ==",
          "dependencies": [
            "aws_eip.account_nat",
            "aws_internet_gateway.account",
            "aws_subnet.account_public",
            "aws_vpc.account"
          ]
        }
      ]
    },
    {
      "mode": "managed",
      "type": "aws_nat_gateway",
      "name": "statement",
      "provider": "provider[\"registry.terraform.io/hashicorp/aws\"]",
      "instances": [
        {
          "schema_version": 0,
          "attributes": {
            "allocation_id": "eipalloc-08dd12175c3f17889",
            "association_id": "eipassoc-05cafc7c991fda5cf",
            "auto_provision_zones": null,
            "auto_scaling_ips": null,
            "availability_mode": "zonal",
            "availability_zone_address": [],
            "connectivity_type": "public",
            "id": "nat-02ba6054ec5bce433",
            "network_interface_id": "eni-0d9d1ef11ec21bc4d",
            "private_ip": "192.168.1.123",
            "public_ip": "56.10.37.183",
            "region": "ap-southeast-1",
            "regional_nat_gateway_address": [],
            "regional_nat_gateway_auto_mode": null,
            "route_table_id": null,
            "secondary_allocation_ids": [],
            "secondary_private_ip_address_count": 0,
            "secondary_private_ip_addresses": [],
            "subnet_id": "subnet-0c5418d73abdf5613",
            "tags": null,
            "tags_all": {},
            "timeouts": null,
            "vpc_id": "vpc-09f75fe898a1870cb"
          },
          "sensitive_attributes": [],
          "identity_schema_version": 0,
          "identity": {
            "account_id": "810421502375",
            "id": "nat-02ba6054ec5bce433",
            "region": "ap-southeast-1"
          },
          "private": "eyJlMmJmYjczMC1lY2FhLTExZTYtOGY4OC0zNDM2M2JjN2M0YzAiOnsiY3JlYXRlIjo2MDAwMDAwMDAwMDAsImRlbGV0ZSI6MTgwMDAwMDAwMDAwMCwidXBkYXRlIjo2MDAwMDAwMDAwMDB9fQ==",
          "dependencies": [
            "aws_eip.statement_nat",
            "aws_internet_gateway.statement",
            "aws_subnet.statement_public",
            "aws_vpc.statement"
          ]
        }
      ]
    },
    {
      "mode": "managed",
      "type": "aws_route_table",
      "name": "account_private",
      "provider": "provider[\"registry.terraform.io/hashicorp/aws\"]",
      "instances": [
        {
          "schema_version": 0,
          "attributes": {
            "arn": "arn:aws:ec2:ap-southeast-1:810421502375:route-table/rtb-052fb1431119e7709",
            "id": "rtb-052fb1431119e7709",
            "owner_id": "810421502375",
            "propagating_vgws": [],
            "region": "ap-southeast-1",
            "route": [
              {
                "carrier_gateway_id": "",
                "cidr_block": "0.0.0.0/0",
                "core_network_arn": "",
                "destination_prefix_list_id": "",
                "egress_only_gateway_id": "",
                "gateway_id": "",
                "ipv6_cidr_block": "",
                "local_gateway_id": "",
                "nat_gateway_id": "nat-06b37881c98e776e8",
                "network_interface_id": "",
                "odb_network_arn": "",
                "transit_gateway_id": "",
                "vpc_endpoint_id": "",
                "vpc_peering_connection_id": ""
              },
              {
                "carrier_gateway_id": "",
                "cidr_block": "10.0.0.0/16",
                "core_network_arn": "",
                "destination_prefix_list_id": "",
                "egress_only_gateway_id": "",
                "gateway_id": "",
                "ipv6_cidr_block": "",
                "local_gateway_id": "",
                "nat_gateway_id": "",
                "network_interface_id": "",
                "odb_network_arn": "",
                "transit_gateway_id": "",
                "vpc_endpoint_id": "",
                "vpc_peering_connection_id": "pcx-05a343c66c08e0ea5"
              },
              {
                "carrier_gateway_id": "",
                "cidr_block": "192.168.0.0/16",
                "core_network_arn": "",
                "destination_prefix_list_id": "",
                "egress_only_gateway_id": "",
                "gateway_id": "",
                "ipv6_cidr_block": "",
                "local_gateway_id": "",
                "nat_gateway_id": "",
                "network_interface_id": "",
                "odb_network_arn": "",
                "transit_gateway_id": "",
                "vpc_endpoint_id": "",
                "vpc_peering_connection_id": "pcx-0355b077089315f5c"
              }
            ],
            "tags": null,
            "tags_all": {},
            "timeouts": null,
            "vpc_id": "vpc-0d1c1c3b114a6f8af"
          },
          "sensitive_attributes": [],
          "identity_schema_version": 0,
          "identity": {
            "account_id": "810421502375",
            "id": "rtb-052fb1431119e7709",
            "region": "ap-southeast-1"
          },
          "private": "eyJlMmJmYjczMC1lY2FhLTExZTYtOGY4OC0zNDM2M2JjN2M0YzAiOnsiY3JlYXRlIjozMDAwMDAwMDAwMDAsImRlbGV0ZSI6MzAwMDAwMDAwMDAwLCJ1cGRhdGUiOjEyMDAwMDAwMDAwMH19",
          "dependencies": [
            "aws_eip.account_nat",
            "aws_internet_gateway.account",
            "aws_nat_gateway.account",
            "aws_subnet.account_public",
            "aws_vpc.account",
            "aws_vpc.customer-profile",
            "aws_vpc.statement",
            "aws_vpc_peering_connection.account_statement",
            "aws_vpc_peering_connection.customer_account"
          ]
        }
      ]
    },
    {
      "mode": "managed",
      "type": "aws_route_table",
      "name": "account_public",
      "provider": "provider[\"registry.terraform.io/hashicorp/aws\"]",
      "instances": [
        {
          "schema_version": 0,
          "attributes": {
            "arn": "arn:aws:ec2:ap-southeast-1:810421502375:route-table/rtb-0dcc84000da66f407",
            "id": "rtb-0dcc84000da66f407",
            "owner_id": "810421502375",
            "propagating_vgws": [],
            "region": "ap-southeast-1",
            "route": [
              {
                "carrier_gateway_id": "",
                "cidr_block": "0.0.0.0/0",
                "core_network_arn": "",
                "destination_prefix_list_id": "",
                "egress_only_gateway_id": "",
                "gateway_id": "igw-047303626819de180",
                "ipv6_cidr_block": "",
                "local_gateway_id": "",
                "nat_gateway_id": "",
                "network_interface_id": "",
                "odb_network_arn": "",
                "transit_gateway_id": "",
                "vpc_endpoint_id": "",
                "vpc_peering_connection_id": ""
              },
              {
                "carrier_gateway_id": "",
                "cidr_block": "10.0.0.0/16",
                "core_network_arn": "",
                "destination_prefix_list_id": "",
                "egress_only_gateway_id": "",
                "gateway_id": "",
                "ipv6_cidr_block": "",
                "local_gateway_id": "",
                "nat_gateway_id": "",
                "network_interface_id": "",
                "odb_network_arn": "",
                "transit_gateway_id": "",
                "vpc_endpoint_id": "",
                "vpc_peering_connection_id": "pcx-05a343c66c08e0ea5"
              }
            ],
            "tags": null,
            "tags_all": {},
            "timeouts": null,
            "vpc_id": "vpc-0d1c1c3b114a6f8af"
          },
          "sensitive_attributes": [],
          "identity_schema_version": 0,
          "identity": {
            "account_id": "810421502375",
            "id": "rtb-0dcc84000da66f407",
            "region": "ap-southeast-1"
          },
          "private": "eyJlMmJmYjczMC1lY2FhLTExZTYtOGY4OC0zNDM2M2JjN2M0YzAiOnsiY3JlYXRlIjozMDAwMDAwMDAwMDAsImRlbGV0ZSI6MzAwMDAwMDAwMDAwLCJ1cGRhdGUiOjEyMDAwMDAwMDAwMH19",
          "dependencies": [
            "aws_internet_gateway.account",
            "aws_vpc.account",
            "aws_vpc.customer-profile",
            "aws_vpc_peering_connection.customer_account"
          ]
        }
      ]
    },
    {
      "mode": "managed",
      "type": "aws_route_table",
      "name": "customer_public",
      "provider": "provider[\"registry.terraform.io/hashicorp/aws\"]",
      "instances": [
        {
          "schema_version": 0,
          "attributes": {
            "arn": "arn:aws:ec2:ap-southeast-1:810421502375:route-table/rtb-0c3d20f38993a9c28",
            "id": "rtb-0c3d20f38993a9c28",
            "owner_id": "810421502375",
            "propagating_vgws": [],
            "region": "ap-southeast-1",
            "route": [
              {
                "carrier_gateway_id": "",
                "cidr_block": "0.0.0.0/0",
                "core_network_arn": "",
                "destination_prefix_list_id": "",
                "egress_only_gateway_id": "",
                "gateway_id": "igw-09bbf26882996fd14",
                "ipv6_cidr_block": "",
                "local_gateway_id": "",
                "nat_gateway_id": "",
                "network_interface_id": "",
                "odb_network_arn": "",
                "transit_gateway_id": "",
                "vpc_endpoint_id": "",
                "vpc_peering_connection_id": ""
              },
              {
                "carrier_gateway_id": "",
                "cidr_block": "172.16.0.0/16",
                "core_network_arn": "",
                "destination_prefix_list_id": "",
                "egress_only_gateway_id": "",
                "gateway_id": "",
                "ipv6_cidr_block": "",
                "local_gateway_id": "",
                "nat_gateway_id": "",
                "network_interface_id": "",
                "odb_network_arn": "",
                "transit_gateway_id": "",
                "vpc_endpoint_id": "",
                "vpc_peering_connection_id": "pcx-05a343c66c08e0ea5"
              }
            ],
            "tags": null,
            "tags_all": {},
            "timeouts": null,
            "vpc_id": "vpc-0ed9a1893cf9b873d"
          },
          "sensitive_attributes": [],
          "identity_schema_version": 0,
          "identity": {
            "account_id": "810421502375",
            "id": "rtb-0c3d20f38993a9c28",
            "region": "ap-southeast-1"
          },
          "private": "eyJlMmJmYjczMC1lY2FhLTExZTYtOGY4OC0zNDM2M2JjN2M0YzAiOnsiY3JlYXRlIjozMDAwMDAwMDAwMDAsImRlbGV0ZSI6MzAwMDAwMDAwMDAwLCJ1cGRhdGUiOjEyMDAwMDAwMDAwMH19",
          "dependencies": [
            "aws_internet_gateway.customer-profile",
            "aws_vpc.account",
            "aws_vpc.customer-profile",
            "aws_vpc_peering_connection.customer_account"
          ]
        }
      ]
    },
    {
      "mode": "managed",
      "type": "aws_route_table",
      "name": "statement_private",
      "provider": "provider[\"registry.terraform.io/hashicorp/aws\"]",
      "instances": [
        {
          "schema_version": 0,
          "attributes": {
            "arn": "arn:aws:ec2:ap-southeast-1:810421502375:route-table/rtb-0a4bc7346373579a4",
            "id": "rtb-0a4bc7346373579a4",
            "owner_id": "810421502375",
            "propagating_vgws": [],
            "region": "ap-southeast-1",
            "route": [
              {
                "carrier_gateway_id": "",
                "cidr_block": "0.0.0.0/0",
                "core_network_arn": "",
                "destination_prefix_list_id": "",
                "egress_only_gateway_id": "",
                "gateway_id": "",
                "ipv6_cidr_block": "",
                "local_gateway_id": "",
                "nat_gateway_id": "nat-02ba6054ec5bce433",
                "network_interface_id": "",
                "odb_network_arn": "",
                "transit_gateway_id": "",
                "vpc_endpoint_id": "",
                "vpc_peering_connection_id": ""
              },
              {
                "carrier_gateway_id": "",
                "cidr_block": "172.16.0.0/16",
                "core_network_arn": "",
                "destination_prefix_list_id": "",
                "egress_only_gateway_id": "",
                "gateway_id": "",
                "ipv6_cidr_block": "",
                "local_gateway_id": "",
                "nat_gateway_id": "",
                "network_interface_id": "",
                "odb_network_arn": "",
                "transit_gateway_id": "",
                "vpc_endpoint_id": "",
                "vpc_peering_connection_id": "pcx-0355b077089315f5c"
              }
            ],
            "tags": null,
            "tags_all": {},
            "timeouts": null,
            "vpc_id": "vpc-09f75fe898a1870cb"
          },
          "sensitive_attributes": [],
          "identity_schema_version": 0,
          "identity": {
            "account_id": "810421502375",
            "id": "rtb-0a4bc7346373579a4",
            "region": "ap-southeast-1"
          },
          "private": "eyJlMmJmYjczMC1lY2FhLTExZTYtOGY4OC0zNDM2M2JjN2M0YzAiOnsiY3JlYXRlIjozMDAwMDAwMDAwMDAsImRlbGV0ZSI6MzAwMDAwMDAwMDAwLCJ1cGRhdGUiOjEyMDAwMDAwMDAwMH19",
          "dependencies": [
            "aws_eip.statement_nat",
            "aws_internet_gateway.statement",
            "aws_nat_gateway.statement",
            "aws_subnet.statement_public",
            "aws_vpc.account",
            "aws_vpc.statement",
            "aws_vpc_peering_connection.account_statement"
          ]
        }
      ]
    },
    {
      "mode": "managed",
      "type": "aws_route_table",
      "name": "statement_public",
      "provider": "provider[\"registry.terraform.io/hashicorp/aws\"]",
      "instances": [
        {
          "schema_version": 0,
          "attributes": {
            "arn": "arn:aws:ec2:ap-southeast-1:810421502375:route-table/rtb-0e288607055a78015",
            "id": "rtb-0e288607055a78015",
            "owner_id": "810421502375",
            "propagating_vgws": [],
            "region": "ap-southeast-1",
            "route": [
              {
                "carrier_gateway_id": "",
                "cidr_block": "0.0.0.0/0",
                "core_network_arn": "",
                "destination_prefix_list_id": "",
                "egress_only_gateway_id": "",
                "gateway_id": "igw-06545ee70b6ee416c",
                "ipv6_cidr_block": "",
                "local_gateway_id": "",
                "nat_gateway_id": "",
                "network_interface_id": "",
                "odb_network_arn": "",
                "transit_gateway_id": "",
                "vpc_endpoint_id": "",
                "vpc_peering_connection_id": ""
              }
            ],
            "tags": null,
            "tags_all": {},
            "timeouts": null,
            "vpc_id": "vpc-09f75fe898a1870cb"
          },
          "sensitive_attributes": [],
          "identity_schema_version": 0,
          "identity": {
            "account_id": "810421502375",
            "id": "rtb-0e288607055a78015",
            "region": "ap-southeast-1"
          },
          "private": "eyJlMmJmYjczMC1lY2FhLTExZTYtOGY4OC0zNDM2M2JjN2M0YzAiOnsiY3JlYXRlIjozMDAwMDAwMDAwMDAsImRlbGV0ZSI6MzAwMDAwMDAwMDAwLCJ1cGRhdGUiOjEyMDAwMDAwMDAwMH19",
          "dependencies": [
            "aws_internet_gateway.statement",
            "aws_vpc.statement"
          ]
        }
      ]
    },
    {
      "mode": "managed",
      "type": "aws_route_table_association",
      "name": "account_private",
      "provider": "provider[\"registry.terraform.io/hashicorp/aws\"]",
      "instances": [
        {
          "schema_version": 0,
          "attributes": {
            "gateway_id": "",
            "id": "rtbassoc-09b79963bc79683a8",
            "region": "ap-southeast-1",
            "route_table_id": "rtb-052fb1431119e7709",
            "subnet_id": "subnet-0092d7186a3fae13e",
            "timeouts": null
          },
          "sensitive_attributes": [],
          "identity_schema_version": 0,
          "identity": {
            "account_id": "810421502375",
            "id": "rtbassoc-09b79963bc79683a8",
            "region": "ap-southeast-1"
          },
          "private": "eyJlMmJmYjczMC1lY2FhLTExZTYtOGY4OC0zNDM2M2JjN2M0YzAiOnsiY3JlYXRlIjozMDAwMDAwMDAwMDAsImRlbGV0ZSI6MzAwMDAwMDAwMDAwLCJ1cGRhdGUiOjEyMDAwMDAwMDAwMH19",
          "dependencies": [
            "aws_eip.account_nat",
            "aws_internet_gateway.account",
            "aws_nat_gateway.account",
            "aws_route_table.account_private",
            "aws_subnet.account_private",
            "aws_subnet.account_public",
            "aws_vpc.account",
            "aws_vpc.customer-profile",
            "aws_vpc.statement",
            "aws_vpc_peering_connection.account_statement",
            "aws_vpc_peering_connection.customer_account"
          ]
        }
      ]
    },
    {
      "mode": "managed",
      "type": "aws_route_table_association",
      "name": "account_public",
      "provider": "provider[\"registry.terraform.io/hashicorp/aws\"]",
      "instances": [
        {
          "schema_version": 0,
          "attributes": {
            "gateway_id": "",
            "id": "rtbassoc-08fdc22de4d97973c",
            "region": "ap-southeast-1",
            "route_table_id": "rtb-0dcc84000da66f407",
            "subnet_id": "subnet-0640a4956ea7eb50f",
            "timeouts": null
          },
          "sensitive_attributes": [],
          "identity_schema_version": 0,
          "identity": {
            "account_id": "810421502375",
            "id": "rtbassoc-08fdc22de4d97973c",
            "region": "ap-southeast-1"
          },
          "private": "eyJlMmJmYjczMC1lY2FhLTExZTYtOGY4OC0zNDM2M2JjN2M0YzAiOnsiY3JlYXRlIjozMDAwMDAwMDAwMDAsImRlbGV0ZSI6MzAwMDAwMDAwMDAwLCJ1cGRhdGUiOjEyMDAwMDAwMDAwMH19",
          "dependencies": [
            "aws_internet_gateway.account",
            "aws_route_table.account_public",
            "aws_subnet.account_public",
            "aws_vpc.account",
            "aws_vpc.customer-profile",
            "aws_vpc_peering_connection.customer_account"
          ]
        }
      ]
    },
    {
      "mode": "managed",
      "type": "aws_route_table_association",
      "name": "customer_public",
      "provider": "provider[\"registry.terraform.io/hashicorp/aws\"]",
      "instances": [
        {
          "schema_version": 0,
          "attributes": {
            "gateway_id": "",
            "id": "rtbassoc-0ae261b51130506b5",
            "region": "ap-southeast-1",
            "route_table_id": "rtb-0c3d20f38993a9c28",
            "subnet_id": "subnet-0f33d93f96f9f5a85",
            "timeouts": null
          },
          "sensitive_attributes": [],
          "identity_schema_version": 0,
          "identity": {
            "account_id": "810421502375",
            "id": "rtbassoc-0ae261b51130506b5",
            "region": "ap-southeast-1"
          },
          "private": "eyJlMmJmYjczMC1lY2FhLTExZTYtOGY4OC0zNDM2M2JjN2M0YzAiOnsiY3JlYXRlIjozMDAwMDAwMDAwMDAsImRlbGV0ZSI6MzAwMDAwMDAwMDAwLCJ1cGRhdGUiOjEyMDAwMDAwMDAwMH19",
          "dependencies": [
            "aws_internet_gateway.customer-profile",
            "aws_route_table.customer_public",
            "aws_subnet.customer_public",
            "aws_vpc.account",
            "aws_vpc.customer-profile",
            "aws_vpc_peering_connection.customer_account"
          ]
        }
      ]
    },
    {
      "mode": "managed",
      "type": "aws_route_table_association",
      "name": "statement_private",
      "provider": "provider[\"registry.terraform.io/hashicorp/aws\"]",
      "instances": [
        {
          "schema_version": 0,
          "attributes": {
            "gateway_id": "",
            "id": "rtbassoc-0529f033653f9b367",
            "region": "ap-southeast-1",
            "route_table_id": "rtb-0a4bc7346373579a4",
            "subnet_id": "subnet-080a83b03b7611d61",
            "timeouts": null
          },
          "sensitive_attributes": [],
          "identity_schema_version": 0,
          "identity": {
            "account_id": "810421502375",
            "id": "rtbassoc-0529f033653f9b367",
            "region": "ap-southeast-1"
          },
          "private": "eyJlMmJmYjczMC1lY2FhLTExZTYtOGY4OC0zNDM2M2JjN2M0YzAiOnsiY3JlYXRlIjozMDAwMDAwMDAwMDAsImRlbGV0ZSI6MzAwMDAwMDAwMDAwLCJ1cGRhdGUiOjEyMDAwMDAwMDAwMH19",
          "dependencies": [
            "aws_eip.statement_nat",
            "aws_internet_gateway.statement",
            "aws_nat_gateway.statement",
            "aws_route_table.statement_private",
            "aws_subnet.statement_private",
            "aws_subnet.statement_public",
            "aws_vpc.account",
            "aws_vpc.statement",
            "aws_vpc_peering_connection.account_statement"
          ]
        }
      ]
    },
    {
      "mode": "managed",
      "type": "aws_route_table_association",
      "name": "statement_public",
      "provider": "provider[\"registry.terraform.io/hashicorp/aws\"]",
      "instances": [
        {
          "schema_version": 0,
          "attributes": {
            "gateway_id": "",
            "id": "rtbassoc-0b90bd1184c636b5c",
            "region": "ap-southeast-1",
            "route_table_id": "rtb-0e288607055a78015",
            "subnet_id": "subnet-0c5418d73abdf5613",
            "timeouts": null
          },
          "sensitive_attributes": [],
          "identity_schema_version": 0,
          "identity": {
            "account_id": "810421502375",
            "id": "rtbassoc-0b90bd1184c636b5c",
            "region": "ap-southeast-1"
          },
          "private": "eyJlMmJmYjczMC1lY2FhLTExZTYtOGY4OC0zNDM2M2JjN2M0YzAiOnsiY3JlYXRlIjozMDAwMDAwMDAwMDAsImRlbGV0ZSI6MzAwMDAwMDAwMDAwLCJ1cGRhdGUiOjEyMDAwMDAwMDAwMH19",
          "dependencies": [
            "aws_internet_gateway.statement",
            "aws_route_table.statement_public",
            "aws_subnet.statement_public",
            "aws_vpc.statement"
          ]
        }
      ]
    },
    {
      "mode": "managed",
      "type": "aws_security_group",
      "name": "account",
      "provider": "provider[\"registry.terraform.io/hashicorp/aws\"]",
      "instances": [
        {
          "schema_version": 1,
          "attributes": {
            "arn": "arn:aws:ec2:ap-southeast-1:810421502375:security-group/sg-011c5771e96b6054e",
            "description": "Managed by Terraform",
            "egress": [
              {
                "cidr_blocks": [
                  "0.0.0.0/0"
                ],
                "description": "",
                "from_port": 0,
                "ipv6_cidr_blocks": [],
                "prefix_list_ids": [],
                "protocol": "-1",
                "security_groups": [],
                "self": false,
                "to_port": 0
              }
            ],
            "id": "sg-011c5771e96b6054e",
            "ingress": [
              {
                "cidr_blocks": [
                  "10.0.0.0/16"
                ],
                "description": "",
                "from_port": 22,
                "ipv6_cidr_blocks": [],
                "prefix_list_ids": [],
                "protocol": "tcp",
                "security_groups": [],
                "self": false,
                "to_port": 22
              },
              {
                "cidr_blocks": [
                  "10.0.0.0/16"
                ],
                "description": "",
                "from_port": 8080,
                "ipv6_cidr_blocks": [],
                "prefix_list_ids": [],
                "protocol": "tcp",
                "security_groups": [],
                "self": false,
                "to_port": 8080
              },
              {
                "cidr_blocks": [
                  "192.168.0.0/16"
                ],
                "description": "",
                "from_port": 8080,
                "ipv6_cidr_blocks": [],
                "prefix_list_ids": [],
                "protocol": "tcp",
                "security_groups": [],
                "self": false,
                "to_port": 8080
              }
            ],
            "name": "account-sg",
            "name_prefix": "",
            "owner_id": "810421502375",
            "region": "ap-southeast-1",
            "revoke_rules_on_delete": false,
            "tags": {
              "Name": "account-sg"
            },
            "tags_all": {
              "Name": "account-sg"
            },
            "timeouts": null,
            "vpc_id": "vpc-0d1c1c3b114a6f8af"
          },
          "sensitive_attributes": [],
          "identity_schema_version": 0,
          "identity": {
            "account_id": "810421502375",
            "id": "sg-011c5771e96b6054e",
            "region": "ap-southeast-1"
          },
          "private": "eyJlMmJmYjczMC1lY2FhLTExZTYtOGY4OC0zNDM2M2JjN2M0YzAiOnsiY3JlYXRlIjo2MDAwMDAwMDAwMDAsImRlbGV0ZSI6OTAwMDAwMDAwMDAwfSwic2NoZW1hX3ZlcnNpb24iOiIxIn0=",
          "dependencies": [
            "aws_vpc.account"
          ]
        }
      ]
    },
    {
      "mode": "managed",
      "type": "aws_security_group",
      "name": "customer-profile",
      "provider": "provider[\"registry.terraform.io/hashicorp/aws\"]",
      "instances": [
        {
          "schema_version": 1,
          "attributes": {
            "arn": "arn:aws:ec2:ap-southeast-1:810421502375:security-group/sg-0ce64c4742f790cdd",
            "description": "Managed by Terraform",
            "egress": [
              {
                "cidr_blocks": [
                  "0.0.0.0/0"
                ],
                "description": "",
                "from_port": 0,
                "ipv6_cidr_blocks": [],
                "prefix_list_ids": [],
                "protocol": "-1",
                "security_groups": [],
                "self": false,
                "to_port": 0
              }
            ],
            "id": "sg-0ce64c4742f790cdd",
            "ingress": [
              {
                "cidr_blocks": [
                  "0.0.0.0/0"
                ],
                "description": "",
                "from_port": 22,
                "ipv6_cidr_blocks": [],
                "prefix_list_ids": [],
                "protocol": "tcp",
                "security_groups": [],
                "self": false,
                "to_port": 22
              },
              {
                "cidr_blocks": [
                  "0.0.0.0/0"
                ],
                "description": "",
                "from_port": 8080,
                "ipv6_cidr_blocks": [],
                "prefix_list_ids": [],
                "protocol": "tcp",
                "security_groups": [],
                "self": false,
                "to_port": 8080
              },
              {
                "cidr_blocks": [
                  "172.16.0.0/16"
                ],
                "description": "",
                "from_port": 8080,
                "ipv6_cidr_blocks": [],
                "prefix_list_ids": [],
                "protocol": "tcp",
                "security_groups": [],
                "self": false,
                "to_port": 8080
              }
            ],
            "name": "customer-profile-sg",
            "name_prefix": "",
            "owner_id": "810421502375",
            "region": "ap-southeast-1",
            "revoke_rules_on_delete": false,
            "tags": {
              "Name": "customer-sg"
            },
            "tags_all": {
              "Name": "customer-sg"
            },
            "timeouts": null,
            "vpc_id": "vpc-0ed9a1893cf9b873d"
          },
          "sensitive_attributes": [],
          "identity_schema_version": 0,
          "identity": {
            "account_id": "810421502375",
            "id": "sg-0ce64c4742f790cdd",
            "region": "ap-southeast-1"
          },
          "private": "eyJlMmJmYjczMC1lY2FhLTExZTYtOGY4OC0zNDM2M2JjN2M0YzAiOnsiY3JlYXRlIjo2MDAwMDAwMDAwMDAsImRlbGV0ZSI6OTAwMDAwMDAwMDAwfSwic2NoZW1hX3ZlcnNpb24iOiIxIn0=",
          "dependencies": [
            "aws_vpc.customer-profile"
          ]
        }
      ]
    },
    {
      "mode": "managed",
      "type": "aws_security_group",
      "name": "statement",
      "provider": "provider[\"registry.terraform.io/hashicorp/aws\"]",
      "instances": [
        {
          "schema_version": 1,
          "attributes": {
            "arn": "arn:aws:ec2:ap-southeast-1:810421502375:security-group/sg-0fdc2fd32fb0238f4",
            "description": "Managed by Terraform",
            "egress": [
              {
                "cidr_blocks": [
                  "0.0.0.0/0"
                ],
                "description": "",
                "from_port": 0,
                "ipv6_cidr_blocks": [],
                "prefix_list_ids": [],
                "protocol": "-1",
                "security_groups": [],
                "self": false,
                "to_port": 0
              }
            ],
            "id": "sg-0fdc2fd32fb0238f4",
            "ingress": [
              {
                "cidr_blocks": [
                  "172.16.0.0/16"
                ],
                "description": "",
                "from_port": 22,
                "ipv6_cidr_blocks": [],
                "prefix_list_ids": [],
                "protocol": "tcp",
                "security_groups": [],
                "self": false,
                "to_port": 22
              },
              {
                "cidr_blocks": [
                  "172.16.0.0/16"
                ],
                "description": "",
                "from_port": 8080,
                "ipv6_cidr_blocks": [],
                "prefix_list_ids": [],
                "protocol": "tcp",
                "security_groups": [],
                "self": false,
                "to_port": 8080
              }
            ],
            "name": "statement-sg",
            "name_prefix": "",
            "owner_id": "810421502375",
            "region": "ap-southeast-1",
            "revoke_rules_on_delete": false,
            "tags": {
              "Name": "statement-sg"
            },
            "tags_all": {
              "Name": "statement-sg"
            },
            "timeouts": null,
            "vpc_id": "vpc-09f75fe898a1870cb"
          },
          "sensitive_attributes": [],
          "identity_schema_version": 0,
          "identity": {
            "account_id": "810421502375",
            "id": "sg-0fdc2fd32fb0238f4",
            "region": "ap-southeast-1"
          },
          "private": "eyJlMmJmYjczMC1lY2FhLTExZTYtOGY4OC0zNDM2M2JjN2M0YzAiOnsiY3JlYXRlIjo2MDAwMDAwMDAwMDAsImRlbGV0ZSI6OTAwMDAwMDAwMDAwfSwic2NoZW1hX3ZlcnNpb24iOiIxIn0=",
          "dependencies": [
            "aws_vpc.statement"
          ]
        }
      ]
    },
    {
      "mode": "managed",
      "type": "aws_subnet",
      "name": "account_private",
      "provider": "provider[\"registry.terraform.io/hashicorp/aws\"]",
      "instances": [
        {
          "schema_version": 1,
          "attributes": {
            "arn": "arn:aws:ec2:ap-southeast-1:810421502375:subnet/subnet-0092d7186a3fae13e",
            "assign_ipv6_address_on_creation": false,
            "availability_zone": "ap-southeast-1a",
            "availability_zone_id": "apse1-az2",
            "cidr_block": "172.16.2.0/24",
            "customer_owned_ipv4_pool": "",
            "enable_dns64": false,
            "enable_lni_at_device_index": 0,
            "enable_resource_name_dns_a_record_on_launch": false,
            "enable_resource_name_dns_aaaa_record_on_launch": false,
            "id": "subnet-0092d7186a3fae13e",
            "ipv4_ipam_pool_id": null,
            "ipv4_netmask_length": null,
            "ipv6_cidr_block": "",
            "ipv6_cidr_block_association_id": "",
            "ipv6_ipam_pool_id": null,
            "ipv6_native": false,
            "ipv6_netmask_length": null,
            "map_customer_owned_ip_on_launch": false,
            "map_public_ip_on_launch": false,
            "outpost_arn": "",
            "owner_id": "810421502375",
            "private_dns_hostname_type_on_launch": "ip-name",
            "region": "ap-southeast-1",
            "tags": {
              "Name": "account-private-subnet"
            },
            "tags_all": {
              "Name": "account-private-subnet"
            },
            "timeouts": null,
            "vpc_id": "vpc-0d1c1c3b114a6f8af"
          },
          "sensitive_attributes": [],
          "identity_schema_version": 0,
          "identity": {
            "account_id": "810421502375",
            "id": "subnet-0092d7186a3fae13e",
            "region": "ap-southeast-1"
          },
          "private": "eyJlMmJmYjczMC1lY2FhLTExZTYtOGY4OC0zNDM2M2JjN2M0YzAiOnsiY3JlYXRlIjo2MDAwMDAwMDAwMDAsImRlbGV0ZSI6MTIwMDAwMDAwMDAwMH0sInNjaGVtYV92ZXJzaW9uIjoiMSJ9",
          "dependencies": [
            "aws_vpc.account"
          ]
        }
      ]
    },
    {
      "mode": "managed",
      "type": "aws_subnet",
      "name": "account_public",
      "provider": "provider[\"registry.terraform.io/hashicorp/aws\"]",
      "instances": [
        {
          "schema_version": 1,
          "attributes": {
            "arn": "arn:aws:ec2:ap-southeast-1:810421502375:subnet/subnet-0640a4956ea7eb50f",
            "assign_ipv6_address_on_creation": false,
            "availability_zone": "ap-southeast-1a",
            "availability_zone_id": "apse1-az2",
            "cidr_block": "172.16.1.0/24",
            "customer_owned_ipv4_pool": "",
            "enable_dns64": false,
            "enable_lni_at_device_index": 0,
            "enable_resource_name_dns_a_record_on_launch": false,
            "enable_resource_name_dns_aaaa_record_on_launch": false,
            "id": "subnet-0640a4956ea7eb50f",
            "ipv4_ipam_pool_id": null,
            "ipv4_netmask_length": null,
            "ipv6_cidr_block": "",
            "ipv6_cidr_block_association_id": "",
            "ipv6_ipam_pool_id": null,
            "ipv6_native": false,
            "ipv6_netmask_length": null,
            "map_customer_owned_ip_on_launch": false,
            "map_public_ip_on_launch": true,
            "outpost_arn": "",
            "owner_id": "810421502375",
            "private_dns_hostname_type_on_launch": "ip-name",
            "region": "ap-southeast-1",
            "tags": {
              "Name": "account-public-subnet"
            },
            "tags_all": {
              "Name": "account-public-subnet"
            },
            "timeouts": null,
            "vpc_id": "vpc-0d1c1c3b114a6f8af"
          },
          "sensitive_attributes": [],
          "identity_schema_version": 0,
          "identity": {
            "account_id": "810421502375",
            "id": "subnet-0640a4956ea7eb50f",
            "region": "ap-southeast-1"
          },
          "private": "eyJlMmJmYjczMC1lY2FhLTExZTYtOGY4OC0zNDM2M2JjN2M0YzAiOnsiY3JlYXRlIjo2MDAwMDAwMDAwMDAsImRlbGV0ZSI6MTIwMDAwMDAwMDAwMH0sInNjaGVtYV92ZXJzaW9uIjoiMSJ9",
          "dependencies": [
            "aws_vpc.account"
          ]
        }
      ]
    },
    {
      "mode": "managed",
      "type": "aws_subnet",
      "name": "customer_private",
      "provider": "provider[\"registry.terraform.io/hashicorp/aws\"]",
      "instances": [
        {
          "schema_version": 1,
          "attributes": {
            "arn": "arn:aws:ec2:ap-southeast-1:810421502375:subnet/subnet-0ce48d20761b94bea",
            "assign_ipv6_address_on_creation": false,
            "availability_zone": "ap-southeast-1c",
            "availability_zone_id": "apse1-az3",
            "cidr_block": "10.0.2.0/24",
            "customer_owned_ipv4_pool": "",
            "enable_dns64": false,
            "enable_lni_at_device_index": 0,
            "enable_resource_name_dns_a_record_on_launch": false,
            "enable_resource_name_dns_aaaa_record_on_launch": false,
            "id": "subnet-0ce48d20761b94bea",
            "ipv4_ipam_pool_id": null,
            "ipv4_netmask_length": null,
            "ipv6_cidr_block": "",
            "ipv6_cidr_block_association_id": "",
            "ipv6_ipam_pool_id": null,
            "ipv6_native": false,
            "ipv6_netmask_length": null,
            "map_customer_owned_ip_on_launch": false,
            "map_public_ip_on_launch": false,
            "outpost_arn": "",
            "owner_id": "810421502375",
            "private_dns_hostname_type_on_launch": "ip-name",
            "region": "ap-southeast-1",
            "tags": {
              "Name": "customer-profile-private-subnet"
            },
            "tags_all": {
              "Name": "customer-profile-private-subnet"
            },
            "timeouts": null,
            "vpc_id": "vpc-0ed9a1893cf9b873d"
          },
          "sensitive_attributes": [],
          "identity_schema_version": 0,
          "identity": {
            "account_id": "810421502375",
            "id": "subnet-0ce48d20761b94bea",
            "region": "ap-southeast-1"
          },
          "private": "eyJlMmJmYjczMC1lY2FhLTExZTYtOGY4OC0zNDM2M2JjN2M0YzAiOnsiY3JlYXRlIjo2MDAwMDAwMDAwMDAsImRlbGV0ZSI6MTIwMDAwMDAwMDAwMH0sInNjaGVtYV92ZXJzaW9uIjoiMSJ9",
          "dependencies": [
            "aws_vpc.customer-profile"
          ]
        }
      ]
    },
    {
      "mode": "managed",
      "type": "aws_subnet",
      "name": "customer_public",
      "provider": "provider[\"registry.terraform.io/hashicorp/aws\"]",
      "instances": [
        {
          "schema_version": 1,
          "attributes": {
            "arn": "arn:aws:ec2:ap-southeast-1:810421502375:subnet/subnet-0f33d93f96f9f5a85",
            "assign_ipv6_address_on_creation": false,
            "availability_zone": "ap-southeast-1c",
            "availability_zone_id": "apse1-az3",
            "cidr_block": "10.0.1.0/24",
            "customer_owned_ipv4_pool": "",
            "enable_dns64": false,
            "enable_lni_at_device_index": 0,
            "enable_resource_name_dns_a_record_on_launch": false,
            "enable_resource_name_dns_aaaa_record_on_launch": false,
            "id": "subnet-0f33d93f96f9f5a85",
            "ipv4_ipam_pool_id": null,
            "ipv4_netmask_length": null,
            "ipv6_cidr_block": "",
            "ipv6_cidr_block_association_id": "",
            "ipv6_ipam_pool_id": null,
            "ipv6_native": false,
            "ipv6_netmask_length": null,
            "map_customer_owned_ip_on_launch": false,
            "map_public_ip_on_launch": true,
            "outpost_arn": "",
            "owner_id": "810421502375",
            "private_dns_hostname_type_on_launch": "ip-name",
            "region": "ap-southeast-1",
            "tags": {
              "Name": "customer-profile-public-subnet"
            },
            "tags_all": {
              "Name": "customer-profile-public-subnet"
            },
            "timeouts": null,
            "vpc_id": "vpc-0ed9a1893cf9b873d"
          },
          "sensitive_attributes": [],
          "identity_schema_version": 0,
          "identity": {
            "account_id": "810421502375",
            "id": "subnet-0f33d93f96f9f5a85",
            "region": "ap-southeast-1"
          },
          "private": "eyJlMmJmYjczMC1lY2FhLTExZTYtOGY4OC0zNDM2M2JjN2M0YzAiOnsiY3JlYXRlIjo2MDAwMDAwMDAwMDAsImRlbGV0ZSI6MTIwMDAwMDAwMDAwMH0sInNjaGVtYV92ZXJzaW9uIjoiMSJ9",
          "dependencies": [
            "aws_vpc.customer-profile"
          ]
        }
      ]
    },
    {
      "mode": "managed",
      "type": "aws_subnet",
      "name": "statement_private",
      "provider": "provider[\"registry.terraform.io/hashicorp/aws\"]",
      "instances": [
        {
          "schema_version": 1,
          "attributes": {
            "arn": "arn:aws:ec2:ap-southeast-1:810421502375:subnet/subnet-080a83b03b7611d61",
            "assign_ipv6_address_on_creation": false,
            "availability_zone": "ap-southeast-1a",
            "availability_zone_id": "apse1-az2",
            "cidr_block": "192.168.2.0/24",
            "customer_owned_ipv4_pool": "",
            "enable_dns64": false,
            "enable_lni_at_device_index": 0,
            "enable_resource_name_dns_a_record_on_launch": false,
            "enable_resource_name_dns_aaaa_record_on_launch": false,
            "id": "subnet-080a83b03b7611d61",
            "ipv4_ipam_pool_id": null,
            "ipv4_netmask_length": null,
            "ipv6_cidr_block": "",
            "ipv6_cidr_block_association_id": "",
            "ipv6_ipam_pool_id": null,
            "ipv6_native": false,
            "ipv6_netmask_length": null,
            "map_customer_owned_ip_on_launch": false,
            "map_public_ip_on_launch": false,
            "outpost_arn": "",
            "owner_id": "810421502375",
            "private_dns_hostname_type_on_launch": "ip-name",
            "region": "ap-southeast-1",
            "tags": {
              "Name": "statement-private-subnet"
            },
            "tags_all": {
              "Name": "statement-private-subnet"
            },
            "timeouts": null,
            "vpc_id": "vpc-09f75fe898a1870cb"
          },
          "sensitive_attributes": [],
          "identity_schema_version": 0,
          "identity": {
            "account_id": "810421502375",
            "id": "subnet-080a83b03b7611d61",
            "region": "ap-southeast-1"
          },
          "private": "eyJlMmJmYjczMC1lY2FhLTExZTYtOGY4OC0zNDM2M2JjN2M0YzAiOnsiY3JlYXRlIjo2MDAwMDAwMDAwMDAsImRlbGV0ZSI6MTIwMDAwMDAwMDAwMH0sInNjaGVtYV92ZXJzaW9uIjoiMSJ9",
          "dependencies": [
            "aws_vpc.statement"
          ]
        }
      ]
    },
    {
      "mode": "managed",
      "type": "aws_subnet",
      "name": "statement_public",
      "provider": "provider[\"registry.terraform.io/hashicorp/aws\"]",
      "instances": [
        {
          "schema_version": 1,
          "attributes": {
            "arn": "arn:aws:ec2:ap-southeast-1:810421502375:subnet/subnet-0c5418d73abdf5613",
            "assign_ipv6_address_on_creation": false,
            "availability_zone": "ap-southeast-1a",
            "availability_zone_id": "apse1-az2",
            "cidr_block": "192.168.1.0/24",
            "customer_owned_ipv4_pool": "",
            "enable_dns64": false,
            "enable_lni_at_device_index": 0,
            "enable_resource_name_dns_a_record_on_launch": false,
            "enable_resource_name_dns_aaaa_record_on_launch": false,
            "id": "subnet-0c5418d73abdf5613",
            "ipv4_ipam_pool_id": null,
            "ipv4_netmask_length": null,
            "ipv6_cidr_block": "",
            "ipv6_cidr_block_association_id": "",
            "ipv6_ipam_pool_id": null,
            "ipv6_native": false,
            "ipv6_netmask_length": null,
            "map_customer_owned_ip_on_launch": false,
            "map_public_ip_on_launch": true,
            "outpost_arn": "",
            "owner_id": "810421502375",
            "private_dns_hostname_type_on_launch": "ip-name",
            "region": "ap-southeast-1",
            "tags": {
              "Name": "statement-public-subnet"
            },
            "tags_all": {
              "Name": "statement-public-subnet"
            },
            "timeouts": null,
            "vpc_id": "vpc-09f75fe898a1870cb"
          },
          "sensitive_attributes": [],
          "identity_schema_version": 0,
          "identity": {
            "account_id": "810421502375",
            "id": "subnet-0c5418d73abdf5613",
            "region": "ap-southeast-1"
          },
          "private": "eyJlMmJmYjczMC1lY2FhLTExZTYtOGY4OC0zNDM2M2JjN2M0YzAiOnsiY3JlYXRlIjo2MDAwMDAwMDAwMDAsImRlbGV0ZSI6MTIwMDAwMDAwMDAwMH0sInNjaGVtYV92ZXJzaW9uIjoiMSJ9",
          "dependencies": [
            "aws_vpc.statement"
          ]
        }
      ]
    },
    {
      "mode": "managed",
      "type": "aws_vpc",
      "name": "account",
      "provider": "provider[\"registry.terraform.io/hashicorp/aws\"]",
      "instances": [
        {
          "schema_version": 1,
          "attributes": {
            "arn": "arn:aws:ec2:ap-southeast-1:810421502375:vpc/vpc-0d1c1c3b114a6f8af",
            "assign_generated_ipv6_cidr_block": false,
            "cidr_block": "172.16.0.0/16",
            "default_network_acl_id": "acl-02494ecd721381d7e",
            "default_route_table_id": "rtb-0fb865fd48ab0e753",
            "default_security_group_id": "sg-0875b8fc634661e1c",
            "dhcp_options_id": "dopt-0b90a22852149bbb6",
            "enable_dns_hostnames": true,
            "enable_dns_support": true,
            "enable_network_address_usage_metrics": false,
            "id": "vpc-0d1c1c3b114a6f8af",
            "instance_tenancy": "default",
            "ipv4_ipam_pool_id": null,
            "ipv4_netmask_length": null,
            "ipv6_association_id": "",
            "ipv6_cidr_block": "",
            "ipv6_cidr_block_network_border_group": "",
            "ipv6_ipam_pool_id": "",
            "ipv6_netmask_length": 0,
            "main_route_table_id": "rtb-0fb865fd48ab0e753",
            "owner_id": "810421502375",
            "region": "ap-southeast-1",
            "tags": {
              "Name": "account-vpc"
            },
            "tags_all": {
              "Name": "account-vpc"
            }
          },
          "sensitive_attributes": [],
          "identity_schema_version": 0,
          "identity": {
            "account_id": "810421502375",
            "id": "vpc-0d1c1c3b114a6f8af",
            "region": "ap-southeast-1"
          },
          "private": "eyJzY2hlbWFfdmVyc2lvbiI6IjEifQ=="
        }
      ]
    },
    {
      "mode": "managed",
      "type": "aws_vpc",
      "name": "customer-profile",
      "provider": "provider[\"registry.terraform.io/hashicorp/aws\"]",
      "instances": [
        {
          "schema_version": 1,
          "attributes": {
            "arn": "arn:aws:ec2:ap-southeast-1:810421502375:vpc/vpc-0ed9a1893cf9b873d",
            "assign_generated_ipv6_cidr_block": false,
            "cidr_block": "10.0.0.0/16",
            "default_network_acl_id": "acl-068c6c7aa8c4a5301",
            "default_route_table_id": "rtb-0e13717cb5380303e",
            "default_security_group_id": "sg-0d905bb7c5850937d",
            "dhcp_options_id": "dopt-0b90a22852149bbb6",
            "enable_dns_hostnames": true,
            "enable_dns_support": true,
            "enable_network_address_usage_metrics": false,
            "id": "vpc-0ed9a1893cf9b873d",
            "instance_tenancy": "default",
            "ipv4_ipam_pool_id": null,
            "ipv4_netmask_length": null,
            "ipv6_association_id": "",
            "ipv6_cidr_block": "",
            "ipv6_cidr_block_network_border_group": "",
            "ipv6_ipam_pool_id": "",
            "ipv6_netmask_length": 0,
            "main_route_table_id": "rtb-0e13717cb5380303e",
            "owner_id": "810421502375",
            "region": "ap-southeast-1",
            "tags": {
              "Name": "customer-profile-vpc"
            },
            "tags_all": {
              "Name": "customer-profile-vpc"
            }
          },
          "sensitive_attributes": [],
          "identity_schema_version": 0,
          "identity": {
            "account_id": "810421502375",
            "id": "vpc-0ed9a1893cf9b873d",
            "region": "ap-southeast-1"
          },
          "private": "eyJzY2hlbWFfdmVyc2lvbiI6IjEifQ=="
        }
      ]
    },
    {
      "mode": "managed",
      "type": "aws_vpc",
      "name": "statement",
      "provider": "provider[\"registry.terraform.io/hashicorp/aws\"]",
      "instances": [
        {
          "schema_version": 1,
          "attributes": {
            "arn": "arn:aws:ec2:ap-southeast-1:810421502375:vpc/vpc-09f75fe898a1870cb",
            "assign_generated_ipv6_cidr_block": false,
            "cidr_block": "192.168.0.0/16",
            "default_network_acl_id": "acl-03571f91c21bf5275",
            "default_route_table_id": "rtb-0a6f65b324b8e9666",
            "default_security_group_id": "sg-07a08725ac0da974f",
            "dhcp_options_id": "dopt-0b90a22852149bbb6",
            "enable_dns_hostnames": true,
            "enable_dns_support": true,
            "enable_network_address_usage_metrics": false,
            "id": "vpc-09f75fe898a1870cb",
            "instance_tenancy": "default",
            "ipv4_ipam_pool_id": null,
            "ipv4_netmask_length": null,
            "ipv6_association_id": "",
            "ipv6_cidr_block": "",
            "ipv6_cidr_block_network_border_group": "",
            "ipv6_ipam_pool_id": "",
            "ipv6_netmask_length": 0,
            "main_route_table_id": "rtb-0a6f65b324b8e9666",
            "owner_id": "810421502375",
            "region": "ap-southeast-1",
            "tags": {
              "Name": "statement-vpc"
            },
            "tags_all": {
              "Name": "statement-vpc"
            }
          },
          "sensitive_attributes": [],
          "identity_schema_version": 0,
          "identity": {
            "account_id": "810421502375",
            "id": "vpc-09f75fe898a1870cb",
            "region": "ap-southeast-1"
          },
          "private": "eyJzY2hlbWFfdmVyc2lvbiI6IjEifQ=="
        }
      ]
    },
    {
      "mode": "managed",
      "type": "aws_vpc_peering_connection",
      "name": "account_statement",
      "provider": "provider[\"registry.terraform.io/hashicorp/aws\"]",
      "instances": [
        {
          "schema_version": 0,
          "attributes": {
            "accept_status": "active",
            "accepter": [
              {
                "allow_remote_vpc_dns_resolution": false
              }
            ],
            "auto_accept": true,
            "id": "pcx-0355b077089315f5c",
            "peer_owner_id": "810421502375",
            "peer_region": "ap-southeast-1",
            "peer_vpc_id": "vpc-09f75fe898a1870cb",
            "region": "ap-southeast-1",
            "requester": [
              {
                "allow_remote_vpc_dns_resolution": false
              }
            ],
            "tags": {
              "Name": "account-statement-peer"
            },
            "tags_all": {
              "Name": "account-statement-peer"
            },
            "timeouts": null,
            "vpc_id": "vpc-0d1c1c3b114a6f8af"
          },
          "sensitive_attributes": [],
          "identity_schema_version": 0,
          "private": "eyJlMmJmYjczMC1lY2FhLTExZTYtOGY4OC0zNDM2M2JjN2M0YzAiOnsiY3JlYXRlIjo2MDAwMDAwMDAwMCwiZGVsZXRlIjo2MDAwMDAwMDAwMCwidXBkYXRlIjo2MDAwMDAwMDAwMH19",
          "dependencies": [
            "aws_vpc.account",
            "aws_vpc.statement"
          ]
        }
      ]
    },
    {
      "mode": "managed",
      "type": "aws_vpc_peering_connection",
      "name": "customer_account",
      "provider": "provider[\"registry.terraform.io/hashicorp/aws\"]",
      "instances": [
        {
          "schema_version": 0,
          "attributes": {
            "accept_status": "active",
            "accepter": [
              {
                "allow_remote_vpc_dns_resolution": false
              }
            ],
            "auto_accept": true,
            "id": "pcx-05a343c66c08e0ea5",
            "peer_owner_id": "810421502375",
            "peer_region": "ap-southeast-1",
            "peer_vpc_id": "vpc-0d1c1c3b114a6f8af",
            "region": "ap-southeast-1",
            "requester": [
              {
                "allow_remote_vpc_dns_resolution": false
              }
            ],
            "tags": {
              "Name": "customer-account-peer"
            },
            "tags_all": {
              "Name": "customer-account-peer"
            },
            "timeouts": null,
            "vpc_id": "vpc-0ed9a1893cf9b873d"
          },
          "sensitive_attributes": [],
          "identity_schema_version": 0,
          "private": "eyJlMmJmYjczMC1lY2FhLTExZTYtOGY4OC0zNDM2M2JjN2M0YzAiOnsiY3JlYXRlIjo2MDAwMDAwMDAwMCwiZGVsZXRlIjo2MDAwMDAwMDAwMCwidXBkYXRlIjo2MDAwMDAwMDAwMH19",
          "dependencies": [
            "aws_vpc.account",
            "aws_vpc.customer-profile"
          ]
        }
      ]
    },
    {
      "mode": "managed",
      "type": "aws_vpc_peering_connection_options",
      "name": "account_statement_dns",
      "provider": "provider[\"registry.terraform.io/hashicorp/aws\"]",
      "instances": [
        {
          "schema_version": 0,
          "attributes": {
            "accepter": [
              {
                "allow_remote_vpc_dns_resolution": true
              }
            ],
            "id": "pcx-0355b077089315f5c",
            "region": "ap-southeast-1",
            "requester": [
              {
                "allow_remote_vpc_dns_resolution": true
              }
            ],
            "vpc_peering_connection_id": "pcx-0355b077089315f5c"
          },
          "sensitive_attributes": [],
          "identity_schema_version": 0,
          "private": "bnVsbA==",
          "dependencies": [
            "aws_vpc.account",
            "aws_vpc.statement",
            "aws_vpc_peering_connection.account_statement"
          ]
        }
      ]
    },
    {
      "mode": "managed",
      "type": "aws_vpc_peering_connection_options",
      "name": "customer_account_dns",
      "provider": "provider[\"registry.terraform.io/hashicorp/aws\"]",
      "instances": [
        {
          "schema_version": 0,
          "attributes": {
            "accepter": [
              {
                "allow_remote_vpc_dns_resolution": true
              }
            ],
            "id": "pcx-05a343c66c08e0ea5",
            "region": "ap-southeast-1",
            "requester": [
              {
                "allow_remote_vpc_dns_resolution": true
              }
            ],
            "vpc_peering_connection_id": "pcx-05a343c66c08e0ea5"
          },
          "sensitive_attributes": [],
          "identity_schema_version": 0,
          "private": "bnVsbA==",
          "dependencies": [
            "aws_vpc.account",
            "aws_vpc.customer-profile",
            "aws_vpc_peering_connection.customer_account"
          ]
        }
      ]
    },
    {
      "mode": "managed",
      "type": "local_file",
      "name": "private_key",
      "provider": "provider[\"registry.terraform.io/hashicorp/local\"]",
      "instances": [
        {
          "schema_version": 0,
          "attributes": {
            "content": "-----BEGIN RSA PRIVATE KEY-----\nMIIEowIBAAKCAQEApzlxrF0YIhg6Iacjkrcxk4FSMwFdsk2SCJQscOkfJmGM3M5e\nwamVJtVtZA/BPfWujBe6d7RxiS9ceClfEEMYAVbJPFbhIS57VwqosLGgCZ/2xBxA\nL80GHb/qxXPwieAYpMa0nuPWCv0/TOY1erHxIDeVQwUz2tawqZiq6GoJFdIQcbbk\nDymYK1b5mJYpQ8jsMJwE0z+c0L0Xaby+wnlxcRn9nEF9fauTeN5wWVxSOoLAWQsE\nAEx1wWV1YP6252fKMUWNVmtkUXl0Z02jrvNb13oW2JxuQoYSiFKKYyXcQk8yOBQE\na1jf9sbrcFxuSHxxj/GDmuu3ZWOlBQMyrY9QWQIDAQABAoIBABkhd+TYZL0S+QF/\ntcfhwhCR2cGSjfsyzyR86CTb0/OXq2yvkuv1yVV5s6Pa/kaKen3RPxOoSXu9Y18n\nkILIIn5pBXsM725mJuEQ2AMd3pgzswkL2dWVMTsdUXH1F4wQ4oM43YIXaV5jarTq\nz9StkzgtQkA9MurLYudJ6z1cWhsuJTMTJKOArrgz/Wmy08LFQ5pbefeVGMmn4+vi\nrLv0zCNhL6p1DTm9i9pGxaNs04lyEY5Zvf8+CDw4/3WGup6dEXPWAeS/KfUxG8SP\nf6TYXiOwEfDynGiariBxy3DOB1aXeUeTrKXnAB/xjgq6jf5Bavxp1mFerYjcQ7UP\n+hwHoJUCgYEA3lEFU+Dg1HzRxLifGkmVHvznbZEPmk+3hgzhKYPk8x/mRWuAnk+y\nPArnP0FRL6/tCtulVvil5ENypv589+epuGuUbxmTkr8JnnuLjAWD4DagU1S4z14a\nCLdX5mBgMjV4b4WR7cJaysrTFNpkn9EljGHYqLvl2gaCLXXO1NoJPm8CgYEAwI+R\nkutRudwKbZKURm4GM3dcn7Re8U2rQUJ8YeSUiv82mn2EPVRsPSffpRE4rLyAKT/d\nfgKHhVjMlFsevKaYqh3fVvxUBLdK4Be0XPLqetI0dg6faDl3lgQ9AKHpc8L/x6/B\nD/22DouJAm2CGAD8JjEQmD8+3mV2SQY7e+Y+wbcCgYAzSzxQcxVM0ZPQsMw803dt\nk+qNtCeGchgk/LnCy2S618RYhgpB/J9iDR330Uk7GHs3wx/t5ibYeNtuPk91H2Vg\nYKn5zEvpUtyUTWsQHoGj7NanA2g0qECXfD3ysI/hZcbo7EeUNQCfw5ZaPF11Jltk\nfXrwy5Gn8VJ9zK2xHLF/TwKBgC1fJrvpep5CfKqIySs3LXre+xIeW+iblmiQE+K1\nC1MdA26veINC6yYVyRqJzkLVP5V4mOXiDrCa1cl3Fuz4jCw5UbCbT+i0j43xx+vG\nyP0bnoTauTDDqavNX9pQTEOchMw2W1U7QLR4qFXMG8UwJjmRggl9jYC1g4N9VnLB\nM7RNAoGBALFWuE4ftaOMgodbxh9xF6tYe4EHE16i5ocaAcmk1NfcN2Z+KY0cdszv\nI78pM4tJl/zcYtcl5j5sLeb/dgHCpuPTeb/Jf7zW3oHBYhZj6lqs7z46jgdofZZz\n6NtFVW/AslmkdJCWYrEk2nAUXZVx9/iD7LyriTJRZFc0J8vcmLOP\n-----END RSA PRIVATE KEY-----\n",
            "content_base64": null,
            "content_base64sha256": "9GvGqg3ua2ZTgwOtDZz7N0bcOu9ydKCk4tMV+L4FGlQ=",
            "content_base64sha512": "Dn1BSYZPf3wVQHto2u25snI2MLyXH+t7AjncU4Ym5Rz0WZBPzyr7DM07tpvynN5Nyv1Rj0YgMef+mVlIFalgIg==",
            "content_md5": "b0e49d8973a57206db515ab55a60bb4d",
            "content_sha1": "448f20198ce230ce6fafd912538d89d3f457f6d3",
            "content_sha256": "f46bc6aa0dee6b66538303ad0d9cfb3746dc3aef7274a0a4e2d315f8be051a54",
            "content_sha512": "0e7d4149864f7f7c15407b68daedb9b2723630bc971feb7b0239dc538626e51cf459904fcf2afb0ccd3bb69bf29cde4dcafd518f462031e7fe99594815a96022",
            "directory_permission": "0777",
            "file_permission": "0400",
            "filename": "fake-service-app.pem",
            "id": "448f20198ce230ce6fafd912538d89d3f457f6d3",
            "sensitive_content": null,
            "source": null
          },
          "sensitive_attributes": [
            [
              {
                "type": "get_attr",
                "value": "content"
              }
            ],
            [
              {
                "type": "get_attr",
                "value": "sensitive_content"
              }
            ]
          ],
          "identity_schema_version": 0,
          "dependencies": [
            "tls_private_key.fake_service_app"
          ]
        }
      ]
    },
    {
      "mode": "managed",
      "type": "tls_private_key",
      "name": "fake_service_app",
      "provider": "provider[\"registry.terraform.io/hashicorp/tls\"]",
      "instances": [
        {
          "schema_version": 1,
          "attributes": {
            "algorithm": "RSA",
            "ecdsa_curve": "P224",
            "id": "b3f41943c3682b44f22ada71088d08db7c276432",
            "private_key_openssh": "-----BEGIN OPENSSH PRIVATE KEY-----\nb3BlbnNzaC1rZXktdjEAAAAABG5vbmUAAAAEbm9uZQAAAAAAAAABAAABFwAAAAdz\nc2gtcnNhAAAAAwEAAQAAAQEApzlxrF0YIhg6Iacjkrcxk4FSMwFdsk2SCJQscOkf\nJmGM3M5ewamVJtVtZA/BPfWujBe6d7RxiS9ceClfEEMYAVbJPFbhIS57VwqosLGg\nCZ/2xBxAL80GHb/qxXPwieAYpMa0nuPWCv0/TOY1erHxIDeVQwUz2tawqZiq6GoJ\nFdIQcbbkDymYK1b5mJYpQ8jsMJwE0z+c0L0Xaby+wnlxcRn9nEF9fauTeN5wWVxS\nOoLAWQsEAEx1wWV1YP6252fKMUWNVmtkUXl0Z02jrvNb13oW2JxuQoYSiFKKYyXc\nQk8yOBQEa1jf9sbrcFxuSHxxj/GDmuu3ZWOlBQMyrY9QWQAAA7j1o+L+9aPi/gAA\nAAdzc2gtcnNhAAABAQCnOXGsXRgiGDohpyOStzGTgVIzAV2yTZIIlCxw6R8mYYzc\nzl7BqZUm1W1kD8E99a6MF7p3tHGJL1x4KV8QQxgBVsk8VuEhLntXCqiwsaAJn/bE\nHEAvzQYdv+rFc/CJ4BikxrSe49YK/T9M5jV6sfEgN5VDBTPa1rCpmKroagkV0hBx\ntuQPKZgrVvmYlilDyOwwnATTP5zQvRdpvL7CeXFxGf2cQX19q5N43nBZXFI6gsBZ\nCwQATHXBZXVg/rbnZ8oxRY1Wa2RReXRnTaOu81vXehbYnG5ChhKIUopjJdxCTzI4\nFARrWN/2xutwXG5IfHGP8YOa67dlY6UFAzKtj1BZAAAAAwEAAQAAAQAZIXfk2GS9\nEvkBf7XH4cIQkdnBko37Ms8kfOgk29Pzl6tsr5Lr9clVebOj2v5Ginp90T8TqEl7\nvWNfJ5CCyCJ+aQV7DO9uZibhENgDHd6YM7MJC9nVlTE7HVFx9ReMEOKDON2CF2le\nY2q06s/UrZM4LUJAPTLqy2LnSes9XFobLiUzEySjgK64M/1pstPCxUOaW3n3lRjJ\np+Pr4qy79MwjYS+qdQ05vYvaRsWjbNOJchGOWb3/Pgg8OP91hrqenRFz1gHkvyn1\nMRvEj3+k2F4jsBHw8pxomq4gcctwzgdWl3lHk6yl5wAf8Y4Kuo3+QWr8adZhXq2I\n3EO1D/ocB6CVAAAAgQCxVrhOH7WjjIKHW8YfcRerWHuBBxNeouaHGgHJpNTX3Ddm\nfimNHHbM7yO/KTOLSZf83GLXJeY+bC3m/3YBwqbj03m/yX+81t6BwWIWY+parO8+\nOo4HaH2Wc+jbRVVvwLJZpHSQlmKxJNpwFF2Vcff4g+y8q4kyUWRXNCfL3JizjwAA\nAIEA3lEFU+Dg1HzRxLifGkmVHvznbZEPmk+3hgzhKYPk8x/mRWuAnk+yPArnP0FR\nL6/tCtulVvil5ENypv589+epuGuUbxmTkr8JnnuLjAWD4DagU1S4z14aCLdX5mBg\nMjV4b4WR7cJaysrTFNpkn9EljGHYqLvl2gaCLXXO1NoJPm8AAACBAMCPkZLrUbnc\nCm2SlEZuBjN3XJ+0XvFNq0FCfGHklIr/Npp9hD1UbD0n36UROKy8gCk/3X4Ch4VY\nzJRbHrymmKod31b8VAS3SuAXtFzy6nrSNHYOn2g5d5YEPQCh6XPC/8evwQ/9tg6L\niQJtghgA/CYxEJg/Pt5ldkkGO3vmPsG3AAAAAAEC\n-----END OPENSSH PRIVATE KEY-----\n",
            "private_key_pem": "-----BEGIN RSA PRIVATE KEY-----\nMIIEowIBAAKCAQEApzlxrF0YIhg6Iacjkrcxk4FSMwFdsk2SCJQscOkfJmGM3M5e\nwamVJtVtZA/BPfWujBe6d7RxiS9ceClfEEMYAVbJPFbhIS57VwqosLGgCZ/2xBxA\nL80GHb/qxXPwieAYpMa0nuPWCv0/TOY1erHxIDeVQwUz2tawqZiq6GoJFdIQcbbk\nDymYK1b5mJYpQ8jsMJwE0z+c0L0Xaby+wnlxcRn9nEF9fauTeN5wWVxSOoLAWQsE\nAEx1wWV1YP6252fKMUWNVmtkUXl0Z02jrvNb13oW2JxuQoYSiFKKYyXcQk8yOBQE\na1jf9sbrcFxuSHxxj/GDmuu3ZWOlBQMyrY9QWQIDAQABAoIBABkhd+TYZL0S+QF/\ntcfhwhCR2cGSjfsyzyR86CTb0/OXq2yvkuv1yVV5s6Pa/kaKen3RPxOoSXu9Y18n\nkILIIn5pBXsM725mJuEQ2AMd3pgzswkL2dWVMTsdUXH1F4wQ4oM43YIXaV5jarTq\nz9StkzgtQkA9MurLYudJ6z1cWhsuJTMTJKOArrgz/Wmy08LFQ5pbefeVGMmn4+vi\nrLv0zCNhL6p1DTm9i9pGxaNs04lyEY5Zvf8+CDw4/3WGup6dEXPWAeS/KfUxG8SP\nf6TYXiOwEfDynGiariBxy3DOB1aXeUeTrKXnAB/xjgq6jf5Bavxp1mFerYjcQ7UP\n+hwHoJUCgYEA3lEFU+Dg1HzRxLifGkmVHvznbZEPmk+3hgzhKYPk8x/mRWuAnk+y\nPArnP0FRL6/tCtulVvil5ENypv589+epuGuUbxmTkr8JnnuLjAWD4DagU1S4z14a\nCLdX5mBgMjV4b4WR7cJaysrTFNpkn9EljGHYqLvl2gaCLXXO1NoJPm8CgYEAwI+R\nkutRudwKbZKURm4GM3dcn7Re8U2rQUJ8YeSUiv82mn2EPVRsPSffpRE4rLyAKT/d\nfgKHhVjMlFsevKaYqh3fVvxUBLdK4Be0XPLqetI0dg6faDl3lgQ9AKHpc8L/x6/B\nD/22DouJAm2CGAD8JjEQmD8+3mV2SQY7e+Y+wbcCgYAzSzxQcxVM0ZPQsMw803dt\nk+qNtCeGchgk/LnCy2S618RYhgpB/J9iDR330Uk7GHs3wx/t5ibYeNtuPk91H2Vg\nYKn5zEvpUtyUTWsQHoGj7NanA2g0qECXfD3ysI/hZcbo7EeUNQCfw5ZaPF11Jltk\nfXrwy5Gn8VJ9zK2xHLF/TwKBgC1fJrvpep5CfKqIySs3LXre+xIeW+iblmiQE+K1\nC1MdA26veINC6yYVyRqJzkLVP5V4mOXiDrCa1cl3Fuz4jCw5UbCbT+i0j43xx+vG\nyP0bnoTauTDDqavNX9pQTEOchMw2W1U7QLR4qFXMG8UwJjmRggl9jYC1g4N9VnLB\nM7RNAoGBALFWuE4ftaOMgodbxh9xF6tYe4EHE16i5ocaAcmk1NfcN2Z+KY0cdszv\nI78pM4tJl/zcYtcl5j5sLeb/dgHCpuPTeb/Jf7zW3oHBYhZj6lqs7z46jgdofZZz\n6NtFVW/AslmkdJCWYrEk2nAUXZVx9/iD7LyriTJRZFc0J8vcmLOP\n-----END RSA PRIVATE KEY-----\n",
            "private_key_pem_pkcs8": "-----BEGIN PRIVATE KEY-----\nMIIEvQIBADANBgkqhkiG9w0BAQEFAASCBKcwggSjAgEAAoIBAQCnOXGsXRgiGDoh\npyOStzGTgVIzAV2yTZIIlCxw6R8mYYzczl7BqZUm1W1kD8E99a6MF7p3tHGJL1x4\nKV8QQxgBVsk8VuEhLntXCqiwsaAJn/bEHEAvzQYdv+rFc/CJ4BikxrSe49YK/T9M\n5jV6sfEgN5VDBTPa1rCpmKroagkV0hBxtuQPKZgrVvmYlilDyOwwnATTP5zQvRdp\nvL7CeXFxGf2cQX19q5N43nBZXFI6gsBZCwQATHXBZXVg/rbnZ8oxRY1Wa2RReXRn\nTaOu81vXehbYnG5ChhKIUopjJdxCTzI4FARrWN/2xutwXG5IfHGP8YOa67dlY6UF\nAzKtj1BZAgMBAAECggEAGSF35NhkvRL5AX+1x+HCEJHZwZKN+zLPJHzoJNvT85er\nbK+S6/XJVXmzo9r+Rop6fdE/E6hJe71jXyeQgsgifmkFewzvbmYm4RDYAx3emDOz\nCQvZ1ZUxOx1RcfUXjBDigzjdghdpXmNqtOrP1K2TOC1CQD0y6sti50nrPVxaGy4l\nMxMko4CuuDP9abLTwsVDmlt595UYyafj6+Ksu/TMI2EvqnUNOb2L2kbFo2zTiXIR\njlm9/z4IPDj/dYa6np0Rc9YB5L8p9TEbxI9/pNheI7AR8PKcaJquIHHLcM4HVpd5\nR5OspecAH/GOCrqN/kFq/GnWYV6tiNxDtQ/6HAeglQKBgQDeUQVT4ODUfNHEuJ8a\nSZUe/OdtkQ+aT7eGDOEpg+TzH+ZFa4CeT7I8Cuc/QVEvr+0K26VW+KXkQ3Km/nz3\n56m4a5RvGZOSvwmee4uMBYPgNqBTVLjPXhoIt1fmYGAyNXhvhZHtwlrKytMU2mSf\n0SWMYdiou+XaBoItdc7U2gk+bwKBgQDAj5GS61G53AptkpRGbgYzd1yftF7xTatB\nQnxh5JSK/zaafYQ9VGw9J9+lETisvIApP91+AoeFWMyUWx68ppiqHd9W/FQEt0rg\nF7Rc8up60jR2Dp9oOXeWBD0Aoelzwv/Hr8EP/bYOi4kCbYIYAPwmMRCYPz7eZXZJ\nBjt75j7BtwKBgDNLPFBzFUzRk9CwzDzTd22T6o20J4ZyGCT8ucLLZLrXxFiGCkH8\nn2INHffRSTsYezfDH+3mJth4224+T3UfZWBgqfnMS+lS3JRNaxAegaPs1qcDaDSo\nQJd8PfKwj+FlxujsR5Q1AJ/Dllo8XXUmW2R9evDLkafxUn3MrbEcsX9PAoGALV8m\nu+l6nkJ8qojJKzctet77Eh5b6JuWaJAT4rULUx0Dbq94g0LrJhXJGonOQtU/lXiY\n5eIOsJrVyXcW7PiMLDlRsJtP6LSPjfHH68bI/RuehNq5MMOpq81f2lBMQ5yEzDZb\nVTtAtHioVcwbxTAmOZGCCX2NgLWDg31WcsEztE0CgYEAsVa4Th+1o4yCh1vGH3EX\nq1h7gQcTXqLmhxoByaTU19w3Zn4pjRx2zO8jvykzi0mX/Nxi1yXmPmwt5v92AcKm\n49N5v8l/vNbegcFiFmPqWqzvPjqOB2h9lnPo20VVb8CyWaR0kJZisSTacBRdlXH3\n+IPsvKuJMlFkVzQny9yYs48=\n-----END PRIVATE KEY-----\n",
            "public_key_fingerprint_md5": "92:5c:16:23:90:c0:6a:2a:a6:42:76:e9:44:c8:4a:25",
            "public_key_fingerprint_sha256": "SHA256:9X8hY2fhDEDrZ+cX9UuEd8e7GtRVW/oZMhxEdz76+Fg",
            "public_key_openssh": "ssh-rsa AAAAB3NzaC1yc2EAAAADAQABAAABAQCnOXGsXRgiGDohpyOStzGTgVIzAV2yTZIIlCxw6R8mYYzczl7BqZUm1W1kD8E99a6MF7p3tHGJL1x4KV8QQxgBVsk8VuEhLntXCqiwsaAJn/bEHEAvzQYdv+rFc/CJ4BikxrSe49YK/T9M5jV6sfEgN5VDBTPa1rCpmKroagkV0hBxtuQPKZgrVvmYlilDyOwwnATTP5zQvRdpvL7CeXFxGf2cQX19q5N43nBZXFI6gsBZCwQATHXBZXVg/rbnZ8oxRY1Wa2RReXRnTaOu81vXehbYnG5ChhKIUopjJdxCTzI4FARrWN/2xutwXG5IfHGP8YOa67dlY6UFAzKtj1BZ\n",
            "public_key_pem": "-----BEGIN PUBLIC KEY-----\nMIIBIjANBgkqhkiG9w0BAQEFAAOCAQ8AMIIBCgKCAQEApzlxrF0YIhg6Iacjkrcx\nk4FSMwFdsk2SCJQscOkfJmGM3M5ewamVJtVtZA/BPfWujBe6d7RxiS9ceClfEEMY\nAVbJPFbhIS57VwqosLGgCZ/2xBxAL80GHb/qxXPwieAYpMa0nuPWCv0/TOY1erHx\nIDeVQwUz2tawqZiq6GoJFdIQcbbkDymYK1b5mJYpQ8jsMJwE0z+c0L0Xaby+wnlx\ncRn9nEF9fauTeN5wWVxSOoLAWQsEAEx1wWV1YP6252fKMUWNVmtkUXl0Z02jrvNb\n13oW2JxuQoYSiFKKYyXcQk8yOBQEa1jf9sbrcFxuSHxxj/GDmuu3ZWOlBQMyrY9Q\nWQIDAQAB\n-----END PUBLIC KEY-----\n",
            "rsa_bits": 2048
          },
          "sensitive_attributes": [
            [
              {
                "type": "get_attr",
                "value": "private_key_openssh"
              }
            ],
            [
              {
                "type": "get_attr",
                "value": "private_key_pem"
              }
            ],
            [
              {
                "type": "get_attr",
                "value": "private_key_pem_pkcs8"
              }
            ]
          ],
          "identity_schema_version": 0
        }
      ]
    }
  ],
  "check_results": null
}
